{
  "version": 4,
  "terraform_version": "1.1.4",
  "serial": 68,
  "lineage": "cbd6c063-ceb9-2475-7ddd-fec965e21391",
  "outputs": {},
  "resources": [
    {
      "mode": "data",
      "type": "azurerm_ssh_public_key",
      "name": "ssh_vm",
      "provider": "provider[\"registry.terraform.io/hashicorp/azurerm\"]",
      "instances": [
        {
          "schema_version": 0,
          "attributes": {
            "id": "/subscriptions/353e8b06-f9df-482d-9834-0f7a6d733e46/resourceGroups/ccscan-test/providers/Microsoft.Compute/sshPublicKeys/ssh-vm",
            "name": "ssh-vm",
            "public_key": "ssh-rsa AAAAB3NzaC1yc2EAAAADAQABAAABgQDVLunhzi8vb3+wpO8h0TST1KbZqppImGjXPXgtzEjOj6FgF9qDaIbMjfmmx3GnLNmPkRylOi1TiCWn5UYlZF6OpJL9wfweYnELX9hGnVMCHQyIMXktANOpgItjq0/cYdAkupQUHukmxZ/SlGTnTStY5MHuFeD1NegTVt8UmmVZ4DF+q1UlMjXiaT5H1ABkpqB81QMdtWMesQmU5xe9zGD2KzEtlAyJtY1lZDviBKeQYIAE7sBC/l2DF3n9AN0Pa7ONgBspgmmHCUq+42nMUU9Wb/8FoN9whIR9qBjNH5Wq77NZH5+uZ7BKMLqFHRhhYVdGZPRSHXWyYf9r1X6A9aXr+YE4DtvTIIFuyXQehP0p4fFasclWNOYwbNJfPCv9oLFUOhxr5dD6hBYcZWTQT2FFVvfgwwY8NKdBX4AfzPgfgI9BY6swIPpBEx7QhU7qdm+kntjPmRKiNk2lzY2bWF/oCPw77wF1MX5C76/PWw6bZMPleGfRlHB6O8mMmhu+oz0= generated-by-azure",
            "resource_group_name": "ccscan-test",
            "tags": {},
            "timeouts": null
          },
          "sensitive_attributes": []
        }
      ]
    },
    {
      "mode": "managed",
      "type": "azurerm_linux_virtual_machine",
      "name": "vm",
      "provider": "provider[\"registry.terraform.io/hashicorp/azurerm\"]",
      "instances": [
        {
          "schema_version": 0,
          "attributes": {
            "additional_capabilities": [],
            "admin_password": null,
            "admin_ssh_key": [
              {
                "public_key": "ssh-rsa AAAAB3NzaC1yc2EAAAADAQABAAABgQDVLunhzi8vb3+wpO8h0TST1KbZqppImGjXPXgtzEjOj6FgF9qDaIbMjfmmx3GnLNmPkRylOi1TiCWn5UYlZF6OpJL9wfweYnELX9hGnVMCHQyIMXktANOpgItjq0/cYdAkupQUHukmxZ/SlGTnTStY5MHuFeD1NegTVt8UmmVZ4DF+q1UlMjXiaT5H1ABkpqB81QMdtWMesQmU5xe9zGD2KzEtlAyJtY1lZDviBKeQYIAE7sBC/l2DF3n9AN0Pa7ONgBspgmmHCUq+42nMUU9Wb/8FoN9whIR9qBjNH5Wq77NZH5+uZ7BKMLqFHRhhYVdGZPRSHXWyYf9r1X6A9aXr+YE4DtvTIIFuyXQehP0p4fFasclWNOYwbNJfPCv9oLFUOhxr5dD6hBYcZWTQT2FFVvfgwwY8NKdBX4AfzPgfgI9BY6swIPpBEx7QhU7qdm+kntjPmRKiNk2lzY2bWF/oCPw77wF1MX5C76/PWw6bZMPleGfRlHB6O8mMmhu+oz0= generated-by-azure",
                "username": "concNodeVMuser"
              }
            ],
            "admin_username": "concNodeVMuser",
            "allow_extension_operations": true,
            "availability_set_id": "",
            "boot_diagnostics": [],
            "computer_name": "vm-concNodeVM",
            "custom_data": "IyEvYmluL2Jhc2gNCg0KZWNobyBTdGFydGluZyBlbnRyeXBvaW50IHNjcmlwdC4uLg0KDQojIyBob3VzZSBrZWVwaW5nIGFuZCBpbml0aWFsIGluc3RhbGxzIGFuZCBwYWNrYWdlcw0Kc3VkbyBhcHQtZ2V0IHVwZGF0ZQ0Kc3VkbyBta2RpciAvaG9tZS9zZXR1cA0KY2QgL2hvbWUvc2V0dXANCg0KIyMgTW91bnQgZGF0YSBkcml2ZQ0KIyMgVE9ETyAtIHBhcnRpdGlvbiBkcml2ZSAoaWYgbm90IHBhcnRpdGlvbmVkKSANCiMjICAgICAgLSByZWFkIHBhcnRpdGlvbiBkZXZpY2UgbmFtZSAobm90IGhhcmQgY29kZSkNCiMjICAgICAgICAoaHR0cHM6Ly9kb2NzLm1pY3Jvc29mdC5jb20vZW4tdXMvYXp1cmUvdmlydHVhbC1tYWNoaW5lcy9saW51eC9hdHRhY2gtZGlzay1wb3J0YWwpDQpzdWRvIG1rZGlyIC9kYXRhDQpzdWRvIG1vdW50IC9kZXYvc2RjMSAvZGF0YQ0KDQojIyBTZXQgdXAgZG9ja2VyDQpjdXJsIC1mc1NMIGh0dHBzOi8vZ2V0LmRvY2tlci5jb20gLW8gZ2V0LWRvY2tlci5zaA0Kc3VkbyBzaCBnZXQtZG9ja2VyLnNoDQpzdWRvIGdyb3VwYWRkIGRvY2tlcg0Kc3VkbyB1c2VybW9kIC1hRyBkb2NrZXIgY29uY05vZGVWTXVzZXINCnN1ZG8gc3lzdGVtY3RsIGRhZW1vbi1yZWxvYWQNCnN1ZG8gc3lzdGVtY3RsIGVuYWJsZSBkb2NrZXIuc2VydmljZQ0Kc3VkbyBzeXN0ZW1jdGwgc3RhcnQgZG9ja2VyLnNlcnZpY2UNCnN1ZG8gY2htb2QgNjY2IC92YXIvcnVuL2RvY2tlci5zb2NrDQoNCiMjIHNldCB1cCBBenVyZSBjbG91ZCBjcmVkZW50aWFscyAoY29ubmVjdGlvbiB0byBjb250YWluZXIgcmVnaXN0cnkpOg0Kc3VkbyBhcHQgaW5zdGFsbCBhenVyZS1jbGkgLXkNCmVjaG8gTG9naW4gdG8gYXp1cmUgY29udGFpbmVyIHJlZ2lzdHJ5IGZvciByb290DQpheiBhY3IgbG9naW4gLS1uYW1lIGNjc2NhbiAtLXVzZXJuYW1lIGNjc2NhbiAtLXBhc3N3b3JkICJHK25lNG89T2ZMT25sNTRWa2JlRllPMFUrQUIyeFFSYyINCmVjaG8gTG9naW4gdG8gYXp1cmUgY29udGFpbmVyIHJlZ2lzdHJ5IGZvciBjb25jTm9kZVZNdXNlciANCnN1ZG8gLXUgY29uY05vZGVWTXVzZXIgYXogYWNyIGxvZ2luIC0tbmFtZSBjY3NjYW4gLS11c2VybmFtZSBjY3NjYW4gLS1wYXNzd29yZCAiRytuZTRvPU9mTE9ubDU0VmtiZUZZTzBVK0FCMnhRUmMiDQoNCiMgc2V0IHVwIGRpc2NyZXRlIGRvY2tlciBuZXR3b3JrcyBmb3IgbWFpbiBhbmQgdGVzdG5ldA0KZG9ja2VyIG5ldHdvcmsgY3JlYXRlIC1kIGJyaWRnZSBtYWlubmV0RG9ja2VyDQpkb2NrZXIgbmV0d29yayBjcmVhdGUgLWQgYnJpZGdlIHRlc3RuZXREb2NrZXINCg0KIyBTZXQgdXAgQ29uY29yZGl1bSBub2RlIGNvbnRhaW5lcnMNCmRvY2tlciBydW4gLXRkIFwNCiAtcCAxMDAwMDoxMDAwMCBcDQogLXAgODg4ODo4ODg4IFwNCiAtLW5ldHdvcms9bWFpbm5ldERvY2tlciAgXA0KIC0tbmFtZSBjY25vZGUtbWFpbm5ldCAgXA0KIC0taG9zdG5hbWUgY2Nub2RlIFwNCiAtZSBDT05DT1JESVVNX05PREVfQ09MTEVDVE9SX05PREVfTkFNRT1GVEIuTm9kZS50ZXN0IFwNCiAtZSBDT05DT1JESVVNX05PREVfUlBDX1NFUlZFUl9UT0tFTj1GVEJncnBjMjAyMSAgXA0KIC1lIENPTkNPUkRJVU1fTk9ERV9DT0xMRUNUT1JfR1JQQ19BVVRIRU5USUNBVElPTl9UT0tFTj1GVEJncnBjMjAyMSAgXA0KIC1lIENPTkNPUkRJVU1fTk9ERV9MSVNURU5fUE9SVD04ODg4IFwNCiBjY3NjYW4uYXp1cmVjci5pby9jY25vZGUubWFpbm5ldDozOjA6MS0wDQoNCiMgLXYgL2RhdGEvY29uY29yZGl1bS5tYWlubmV0Oi92YXIvbGliL2NvbmNvcmRpdW0vZGF0YSBcDQoNCmRvY2tlciBydW4gLXRkICBcDQogLXAgMTAxMTE6MTAwMDAgXA0KIC1wIDE4ODg4OjE4ODg4IFwNCiAtLW5ldHdvcms9dGVzdG5ldERvY2tlciBcDQogLS1uYW1lIGNjbm9kZS10ZXN0bmV0IFwNCiAtLWhvc3RuYW1lIGNjbm9kZSBcDQogLWUgQ09OQ09SRElVTV9OT0RFX0NPTExFQ1RPUl9OT0RFX05BTUU9RlRCLk5vZGUudGVzdCBcDQogLWUgQ09OQ09SRElVTV9OT0RFX1JQQ19TRVJWRVJfVE9LRU49RlRCZ3JwYzIwMjEgXA0KIC1lIENPTkNPUkRJVU1fTk9ERV9DT0xMRUNUT1JfR1JQQ19BVVRIRU5USUNBVElPTl9UT0tFTj1GVEJncnBjMjAyMSBcDQogLWUgQ09OQ09SRElVTV9OT0RFX0xJU1RFTl9QT1JUPTE4ODg4IFwNCiBjY3NjYW4uYXp1cmVjci5pby9jY25vZGUudGVzdG5ldDozOjA6MS0wDQoNCiMtdiAvZGF0YS9jb25jb3JkaXVtLnRlc3RuZXQ6L3Zhci9saWIvY29uY29yZGl1bS9kYXRhIFwNCg0KIyBTZXQgdXAgcG9zdGdyZXMgY29udGFpbmVycw0KZG9ja2VyIHJ1biAtdGQgXA0KIC0tbmV0d29yaz1tYWlubmV0RG9ja2VyIFwNCiAtLW5hbWUgcG9zdGdyZXMtbWFpbm5ldCBcDQogLS1ob3N0bmFtZSBwb3N0Z3JlcyBcDQogLWUgUE9TVEdSRVNfUEFTU1dPUkQ9cGFzc3dvcmRGVEIyMDIxIFwNCiAtZSBQT1NUR1JFU19VU0VSPXBvc3RncmVzIFwNCiAtZSBQT1NUR1JFU19EQj1Db25jb3JkaXVtU2NhbiBcDQogcG9zdGdyZXMNCg0KZG9ja2VyIHJ1biAtdGQgXA0KIC0tbmV0d29yaz10ZXN0bmV0RG9ja2VyIFwNCiAtLW5hbWUgcG9zdGdyZXMtdGVzdG5ldCBcDQogLS1ob3N0bmFtZSBwb3N0Z3JlcyBcDQogLWUgUE9TVEdSRVNfUEFTU1dPUkQ9cGFzc3dvcmRGVEIyMDIxIFwNCiAtZSBQT1NUR1JFU19VU0VSPXBvc3RncmVzIFwNCiAtZSBQT1NUR1JFU19EQj1Db25jb3JkaXVtU2NhbiBcDQogcG9zdGdyZXMNCg0KIyBTZXQgdXAgYmFja2VuZCBjb250YWluZXJzDQpkb2NrZXIgcnVuIC10ZCBcDQogLXAgNTAwMDo1MDAwIFwNCiAtLW5ldHdvcms9bWFpbm5ldERvY2tlciBcDQogLS1yZXN0YXJ0PW9uLWZhaWx1cmU6MyBcDQogLS1uYW1lIGJhY2tlbmQtbWFpbm5ldCBcDQogLXYgL2RhdGEvYmFja2VuZC1sb2dzLm1haW5uZXQ6L2FwcC9sb2dzIFwNCiBjY3NjYW4uYXp1cmVjci5pby9iYWNrZW5kLnRlc3Q6bGF0ZXN0IA0KDQpkb2NrZXIgcnVuIC10ZCBcDQotcCA1MDAxOjUwMDAgXA0KLS1uZXR3b3JrPXRlc3RuZXREb2NrZXIgXA0KLS1yZXN0YXJ0PW9uLWZhaWx1cmU6MyBcDQotLW5hbWUgYmFja2VuZC10ZXN0bmV0IFwNCi12IC9kYXRhL2JhY2tlbmQtbG9ncy50ZXN0bmV0Oi9hcHAvbG9ncyBcDQpjY3NjYW4uYXp1cmVjci5pby9iYWNrZW5kLnRlc3Q6bGF0ZXN0IA0KDQojIFNldCB1cCB3YXRjaHRvd2VyIGNvbnRhaW5lciANCmRvY2tlciBydW4gLWQgXA0KICAtLW5hbWUgd2F0Y2h0b3dlciBcDQogIC12IC92YXIvcnVuL2RvY2tlci5zb2NrOi92YXIvcnVuL2RvY2tlci5zb2NrIFwNCiAgLXYgL2hvbWUvY29uY05vZGVWTXVzZXIvLmRvY2tlci9jb25maWcuanNvbjovY29uZmlnLmpzb24gXA0KICAtZSBXQVRDSFRPV0VSX0lOQ0xVREVfU1RPUFBFRD10cnVlIFwNCiAgLWUgV0FUQ0hUT1dFUl9SRVZJVkVfU1RPUFBFRD10cnVlIFwNCiAgLWUgV0FUQ0hUT1dFUl9QT0xMX0lOVEVSVkFMPTYwIFwNCiAgLWUgV0FUQ0hUT1dFUl9OT1RJRklDQVRJT05TPXNsYWNrIFwNCiAgLWUgV0FUQ0hUT1dFUl9OT1RJRklDQVRJT05fU0xBQ0tfSE9PS19VUkw9Imh0dHBzOi8vaG9va3Muc2xhY2suY29tL3NlcnZpY2VzL1QwMVI4NDk2WFU1L0IwMlFYSEUzRUYzL2QwUjRYMTZoZVlLMXAwMmpoNGY3bFZjbiIgXA0KICAtZSBXQVRDSFRPV0VSX05PVElGSUNBVElPTl9TTEFDS19JREVOVElGSUVSPXdhdGNodG93ZXItc2VydmVyLUZUQi5Ob2RlLnRlc3QudGVzdG5ldCBcDQogIC1lIFdBVENIVE9XRVJfTk9USUZJQ0FUSU9OX1NMQUNLX0NIQU5ORUw9I2Njc2Nhbi1zZXJ2aWNlYm90cyBcDQogIGNvbnRhaW5ycnIvd2F0Y2h0b3dlciBcDQogIGJhY2tlbmQtdGVzdG5ldCBiYWNrZW5kLW1haW5uZXQNCg0KZWNobyBFbnRyeXBvaW50IHNjcmlwdCBmaW5pc2hlZC4uLg==",
            "dedicated_host_id": "",
            "disable_password_authentication": true,
            "encryption_at_host_enabled": false,
            "eviction_policy": "",
            "extensions_time_budget": "PT1H30M",
            "id": "/subscriptions/353e8b06-f9df-482d-9834-0f7a6d733e46/resourceGroups/ccscan-test/providers/Microsoft.Compute/virtualMachines/vm-concNodeVM",
            "identity": [],
            "license_type": "",
            "location": "northeurope",
            "max_bid_price": -1,
            "name": "vm-concNodeVM",
            "network_interface_ids": [
              "/subscriptions/353e8b06-f9df-482d-9834-0f7a6d733e46/resourceGroups/ccscan-test/providers/Microsoft.Network/networkInterfaces/nic-concNodeVM"
            ],
            "os_disk": [
              {
                "caching": "ReadWrite",
                "diff_disk_settings": [],
                "disk_encryption_set_id": "",
                "disk_size_gb": 30,
                "name": "disk-concNodeVM",
                "storage_account_type": "Premium_LRS",
                "write_accelerator_enabled": false
              }
            ],
            "patch_mode": "ImageDefault",
            "plan": [],
            "platform_fault_domain": -1,
            "priority": "Regular",
            "private_ip_address": "10.0.1.4",
            "private_ip_addresses": [
              "10.0.1.4"
            ],
            "provision_vm_agent": true,
            "proximity_placement_group_id": "",
            "public_ip_address": "20.123.13.4",
            "public_ip_addresses": [
              "20.123.13.4"
            ],
            "resource_group_name": "ccscan-test",
            "secret": [],
            "secure_boot_enabled": false,
            "size": "Standard_B4ms",
            "source_image_id": "",
            "source_image_reference": [
              {
                "offer": "0001-com-ubuntu-server-focal-daily",
                "publisher": "Canonical",
                "sku": "20_04-daily-lts-gen2",
                "version": "latest"
              }
            ],
            "tags": {
              "environment": "test"
            },
            "timeouts": null,
            "user_data": "",
            "virtual_machine_id": "aa653a2a-879b-4f8e-95dd-99870ed130af",
            "virtual_machine_scale_set_id": "",
            "vtpm_enabled": false,
            "zone": ""
          },
          "sensitive_attributes": [],
          "private": "eyJlMmJmYjczMC1lY2FhLTExZTYtOGY4OC0zNDM2M2JjN2M0YzAiOnsiY3JlYXRlIjoyNzAwMDAwMDAwMDAwLCJkZWxldGUiOjI3MDAwMDAwMDAwMDAsInJlYWQiOjMwMDAwMDAwMDAwMCwidXBkYXRlIjoyNzAwMDAwMDAwMDAwfX0=",
          "dependencies": [
            "azurerm_network_interface.vm",
            "azurerm_resource_group.this",
            "data.azurerm_ssh_public_key.ssh_vm"
          ]
        }
      ]
    },
    {
      "mode": "managed",
      "type": "azurerm_managed_disk",
      "name": "vm_data",
      "provider": "provider[\"registry.terraform.io/hashicorp/azurerm\"]",
      "instances": [
        {
          "schema_version": 0,
          "attributes": {
            "create_option": "Empty",
            "disk_access_id": "",
            "disk_encryption_set_id": "",
            "disk_iops_read_only": 0,
            "disk_iops_read_write": 500,
            "disk_mbps_read_only": 0,
            "disk_mbps_read_write": 60,
            "disk_size_gb": 128,
            "encryption_settings": [],
            "gallery_image_reference_id": "",
            "hyper_v_generation": "",
            "id": "/subscriptions/353e8b06-f9df-482d-9834-0f7a6d733e46/resourceGroups/ccscan-test/providers/Microsoft.Compute/disks/storage_disk_concNodeVM",
            "image_reference_id": "",
            "location": "northeurope",
            "logical_sector_size": null,
            "max_shares": 0,
            "name": "storage_disk_concNodeVM",
            "network_access_policy": null,
            "on_demand_bursting_enabled": false,
            "os_type": "",
            "public_network_access_enabled": true,
            "resource_group_name": "ccscan-test",
            "source_resource_id": "",
            "source_uri": "",
            "storage_account_id": "",
            "storage_account_type": "StandardSSD_LRS",
            "tags": {
              "environment": "test"
            },
            "tier": "",
            "timeouts": {
              "create": null,
              "delete": null,
              "read": null,
              "update": null
            },
            "trusted_launch_enabled": false,
            "zones": []
          },
          "sensitive_attributes": [],
          "private": "eyJlMmJmYjczMC1lY2FhLTExZTYtOGY4OC0zNDM2M2JjN2M0YzAiOnsiY3JlYXRlIjoxODAwMDAwMDAwMDAwLCJkZWxldGUiOjE4MDAwMDAwMDAwMDAsInJlYWQiOjMwMDAwMDAwMDAwMCwidXBkYXRlIjoxODAwMDAwMDAwMDAwfX0=",
          "dependencies": [
            "azurerm_resource_group.this"
          ]
        }
      ]
    },
    {
      "mode": "managed",
      "type": "azurerm_network_interface",
      "name": "vm",
      "provider": "provider[\"registry.terraform.io/hashicorp/azurerm\"]",
      "instances": [
        {
          "schema_version": 0,
          "attributes": {
            "applied_dns_servers": [],
            "dns_servers": [],
            "enable_accelerated_networking": false,
            "enable_ip_forwarding": false,
            "id": "/subscriptions/353e8b06-f9df-482d-9834-0f7a6d733e46/resourceGroups/ccscan-test/providers/Microsoft.Network/networkInterfaces/nic-concNodeVM",
            "internal_dns_name_label": "",
            "internal_domain_name_suffix": "hlnpkbteguju3hn1qnnfwxiysf.fx.internal.cloudapp.net",
            "ip_configuration": [
              {
                "gateway_load_balancer_frontend_ip_configuration_id": "",
                "name": "ipc-concNodeVM",
                "primary": true,
                "private_ip_address": "10.0.1.4",
                "private_ip_address_allocation": "Dynamic",
                "private_ip_address_version": "IPv4",
                "public_ip_address_id": "/subscriptions/353e8b06-f9df-482d-9834-0f7a6d733e46/resourceGroups/ccscan-test/providers/Microsoft.Network/publicIPAddresses/pip-concNodeVM",
                "subnet_id": "/subscriptions/353e8b06-f9df-482d-9834-0f7a6d733e46/resourceGroups/ccscan-test/providers/Microsoft.Network/virtualNetworks/vnet-concNodeVM/subnets/snet-concNodeVM"
              }
            ],
            "location": "northeurope",
            "mac_address": "00-0D-3A-B6-13-A6",
            "name": "nic-concNodeVM",
            "private_ip_address": "10.0.1.4",
            "private_ip_addresses": [
              "10.0.1.4"
            ],
            "resource_group_name": "ccscan-test",
            "tags": {},
            "timeouts": {
              "create": null,
              "delete": null,
              "read": null,
              "update": null
            },
            "virtual_machine_id": "/subscriptions/353e8b06-f9df-482d-9834-0f7a6d733e46/resourceGroups/ccscan-test/providers/Microsoft.Compute/virtualMachines/vm-concNodeVM"
          },
          "sensitive_attributes": [],
          "private": "eyJlMmJmYjczMC1lY2FhLTExZTYtOGY4OC0zNDM2M2JjN2M0YzAiOnsiY3JlYXRlIjoxODAwMDAwMDAwMDAwLCJkZWxldGUiOjE4MDAwMDAwMDAwMDAsInJlYWQiOjMwMDAwMDAwMDAwMCwidXBkYXRlIjoxODAwMDAwMDAwMDAwfSwic2NoZW1hX3ZlcnNpb24iOiIwIn0=",
          "dependencies": [
            "azurerm_public_ip.vm",
            "azurerm_resource_group.this",
            "azurerm_subnet.this",
            "azurerm_virtual_network.this"
          ]
        }
      ]
    },
    {
      "mode": "managed",
      "type": "azurerm_network_interface_security_group_association",
      "name": "vm_nic",
      "provider": "provider[\"registry.terraform.io/hashicorp/azurerm\"]",
      "instances": [
        {
          "schema_version": 0,
          "attributes": {
            "id": "/subscriptions/353e8b06-f9df-482d-9834-0f7a6d733e46/resourceGroups/ccscan-test/providers/Microsoft.Network/networkInterfaces/nic-concNodeVM|/subscriptions/353e8b06-f9df-482d-9834-0f7a6d733e46/resourceGroups/ccscan-test/providers/Microsoft.Network/networkSecurityGroups/nsg-concNodeVM",
            "network_interface_id": "/subscriptions/353e8b06-f9df-482d-9834-0f7a6d733e46/resourceGroups/ccscan-test/providers/Microsoft.Network/networkInterfaces/nic-concNodeVM",
            "network_security_group_id": "/subscriptions/353e8b06-f9df-482d-9834-0f7a6d733e46/resourceGroups/ccscan-test/providers/Microsoft.Network/networkSecurityGroups/nsg-concNodeVM",
            "timeouts": {
              "create": null,
              "delete": null,
              "read": null,
              "update": null
            }
          },
          "sensitive_attributes": [],
          "private": "eyJlMmJmYjczMC1lY2FhLTExZTYtOGY4OC0zNDM2M2JjN2M0YzAiOnsiY3JlYXRlIjoxODAwMDAwMDAwMDAwLCJkZWxldGUiOjE4MDAwMDAwMDAwMDAsInJlYWQiOjMwMDAwMDAwMDAwMCwidXBkYXRlIjoxODAwMDAwMDAwMDAwfSwic2NoZW1hX3ZlcnNpb24iOiIwIn0=",
          "dependencies": [
            "azurerm_network_interface.vm",
            "azurerm_network_security_group.this",
            "azurerm_public_ip.vm",
            "azurerm_resource_group.this",
            "azurerm_subnet.this",
            "azurerm_virtual_network.this"
          ]
        }
      ]
    },
    {
      "mode": "managed",
      "type": "azurerm_network_security_group",
      "name": "this",
      "provider": "provider[\"registry.terraform.io/hashicorp/azurerm\"]",
      "instances": [
        {
          "schema_version": 0,
          "attributes": {
            "id": "/subscriptions/353e8b06-f9df-482d-9834-0f7a6d733e46/resourceGroups/ccscan-test/providers/Microsoft.Network/networkSecurityGroups/nsg-concNodeVM",
            "location": "northeurope",
            "name": "nsg-concNodeVM",
            "resource_group_name": "ccscan-test",
            "security_rule": [
              {
                "access": "Allow",
                "description": "",
                "destination_address_prefix": "*",
                "destination_address_prefixes": [],
                "destination_application_security_group_ids": [],
                "destination_port_range": "10000",
                "destination_port_ranges": [],
                "direction": "Inbound",
                "name": "Conc_GRPC",
                "priority": 1004,
                "protocol": "Tcp",
                "source_address_prefix": "*",
                "source_address_prefixes": [],
                "source_application_security_group_ids": [],
                "source_port_range": "*",
                "source_port_ranges": []
              },
              {
                "access": "Allow",
                "description": "",
                "destination_address_prefix": "*",
                "destination_address_prefixes": [],
                "destination_application_security_group_ids": [],
                "destination_port_range": "10111",
                "destination_port_ranges": [],
                "direction": "Inbound",
                "name": "Conc_GRPC_test",
                "priority": 1005,
                "protocol": "Tcp",
                "source_address_prefix": "*",
                "source_address_prefixes": [],
                "source_application_security_group_ids": [],
                "source_port_range": "*",
                "source_port_ranges": []
              },
              {
                "access": "Allow",
                "description": "",
                "destination_address_prefix": "*",
                "destination_address_prefixes": [],
                "destination_application_security_group_ids": [],
                "destination_port_range": "18888",
                "destination_port_ranges": [],
                "direction": "Inbound",
                "name": "Conc_P2PTestnet",
                "priority": 1003,
                "protocol": "Tcp",
                "source_address_prefix": "*",
                "source_address_prefixes": [],
                "source_application_security_group_ids": [],
                "source_port_range": "*",
                "source_port_ranges": []
              },
              {
                "access": "Allow",
                "description": "",
                "destination_address_prefix": "*",
                "destination_address_prefixes": [],
                "destination_application_security_group_ids": [],
                "destination_port_range": "22",
                "destination_port_ranges": [],
                "direction": "Inbound",
                "name": "SSH",
                "priority": 1001,
                "protocol": "Tcp",
                "source_address_prefix": "*",
                "source_address_prefixes": [],
                "source_application_security_group_ids": [],
                "source_port_range": "*",
                "source_port_ranges": []
              },
              {
                "access": "Allow",
                "description": "",
                "destination_address_prefix": "*",
                "destination_address_prefixes": [],
                "destination_application_security_group_ids": [],
                "destination_port_range": "5000",
                "destination_port_ranges": [],
                "direction": "Inbound",
                "name": "http-server",
                "priority": 1007,
                "protocol": "Tcp",
                "source_address_prefix": "*",
                "source_address_prefixes": [],
                "source_application_security_group_ids": [],
                "source_port_range": "*",
                "source_port_ranges": []
              },
              {
                "access": "Allow",
                "description": "",
                "destination_address_prefix": "*",
                "destination_address_prefixes": [],
                "destination_application_security_group_ids": [],
                "destination_port_range": "5001",
                "destination_port_ranges": [],
                "direction": "Inbound",
                "name": "http-server_testnet",
                "priority": 1008,
                "protocol": "Tcp",
                "source_address_prefix": "*",
                "source_address_prefixes": [],
                "source_application_security_group_ids": [],
                "source_port_range": "*",
                "source_port_ranges": []
              },
              {
                "access": "Allow",
                "description": "",
                "destination_address_prefix": "*",
                "destination_address_prefixes": [],
                "destination_application_security_group_ids": [],
                "destination_port_range": "5432",
                "destination_port_ranges": [],
                "direction": "Inbound",
                "name": "POSTGRES",
                "priority": 1006,
                "protocol": "Tcp",
                "source_address_prefix": "*",
                "source_address_prefixes": [],
                "source_application_security_group_ids": [],
                "source_port_range": "*",
                "source_port_ranges": []
              },
              {
                "access": "Allow",
                "description": "",
                "destination_address_prefix": "*",
                "destination_address_prefixes": [],
                "destination_application_security_group_ids": [],
                "destination_port_range": "8888",
                "destination_port_ranges": [],
                "direction": "Inbound",
                "name": "Conc_P2P",
                "priority": 1002,
                "protocol": "Tcp",
                "source_address_prefix": "*",
                "source_address_prefixes": [],
                "source_application_security_group_ids": [],
                "source_port_range": "*",
                "source_port_ranges": []
              }
            ],
            "tags": {},
            "timeouts": {
              "create": null,
              "delete": null,
              "read": null,
              "update": null
            }
          },
          "sensitive_attributes": [],
          "private": "eyJlMmJmYjczMC1lY2FhLTExZTYtOGY4OC0zNDM2M2JjN2M0YzAiOnsiY3JlYXRlIjoxODAwMDAwMDAwMDAwLCJkZWxldGUiOjE4MDAwMDAwMDAwMDAsInJlYWQiOjMwMDAwMDAwMDAwMCwidXBkYXRlIjoxODAwMDAwMDAwMDAwfSwic2NoZW1hX3ZlcnNpb24iOiIwIn0=",
          "dependencies": [
            "azurerm_resource_group.this"
          ]
        }
      ]
    },
    {
      "mode": "managed",
      "type": "azurerm_public_ip",
      "name": "vm",
      "provider": "provider[\"registry.terraform.io/hashicorp/azurerm\"]",
      "instances": [
        {
          "schema_version": 0,
          "attributes": {
            "allocation_method": "Static",
            "availability_zone": "No-Zone",
            "domain_name_label": "ftbccscantestnode",
            "fqdn": "ftbccscantestnode.northeurope.cloudapp.azure.com",
            "id": "/subscriptions/353e8b06-f9df-482d-9834-0f7a6d733e46/resourceGroups/ccscan-test/providers/Microsoft.Network/publicIPAddresses/pip-concNodeVM",
            "idle_timeout_in_minutes": 4,
            "ip_address": "20.123.13.4",
            "ip_tags": {},
            "ip_version": "IPv4",
            "location": "northeurope",
            "name": "pip-concNodeVM",
            "public_ip_prefix_id": null,
            "resource_group_name": "ccscan-test",
            "reverse_fqdn": "",
            "sku": "Basic",
            "sku_tier": "Regional",
            "tags": {},
            "timeouts": {
              "create": null,
              "delete": null,
              "read": null,
              "update": null
            },
            "zones": []
          },
          "sensitive_attributes": [],
          "private": "eyJlMmJmYjczMC1lY2FhLTExZTYtOGY4OC0zNDM2M2JjN2M0YzAiOnsiY3JlYXRlIjoxODAwMDAwMDAwMDAwLCJkZWxldGUiOjE4MDAwMDAwMDAwMDAsInJlYWQiOjMwMDAwMDAwMDAwMCwidXBkYXRlIjoxODAwMDAwMDAwMDAwfSwic2NoZW1hX3ZlcnNpb24iOiIwIn0=",
          "dependencies": [
            "azurerm_resource_group.this"
          ]
        }
      ]
    },
    {
      "mode": "managed",
      "type": "azurerm_resource_group",
      "name": "this",
      "provider": "provider[\"registry.terraform.io/hashicorp/azurerm\"]",
      "instances": [
        {
          "schema_version": 0,
          "attributes": {
            "id": "/subscriptions/353e8b06-f9df-482d-9834-0f7a6d733e46/resourceGroups/ccscan-test",
            "location": "northeurope",
            "name": "ccscan-test",
            "tags": {},
            "timeouts": {
              "create": null,
              "delete": null,
              "read": null,
              "update": null
            }
          },
          "sensitive_attributes": [],
          "private": "eyJlMmJmYjczMC1lY2FhLTExZTYtOGY4OC0zNDM2M2JjN2M0YzAiOnsiY3JlYXRlIjo1NDAwMDAwMDAwMDAwLCJkZWxldGUiOjU0MDAwMDAwMDAwMDAsInJlYWQiOjMwMDAwMDAwMDAwMCwidXBkYXRlIjo1NDAwMDAwMDAwMDAwfSwic2NoZW1hX3ZlcnNpb24iOiIwIn0="
        }
      ]
    },
    {
      "mode": "managed",
      "type": "azurerm_subnet",
      "name": "this",
      "provider": "provider[\"registry.terraform.io/hashicorp/azurerm\"]",
      "instances": [
        {
          "schema_version": 0,
          "attributes": {
            "address_prefix": "10.0.1.0/24",
            "address_prefixes": [
              "10.0.1.0/24"
            ],
            "delegation": [],
            "enforce_private_link_endpoint_network_policies": false,
            "enforce_private_link_service_network_policies": false,
            "id": "/subscriptions/353e8b06-f9df-482d-9834-0f7a6d733e46/resourceGroups/ccscan-test/providers/Microsoft.Network/virtualNetworks/vnet-concNodeVM/subnets/snet-concNodeVM",
            "name": "snet-concNodeVM",
            "resource_group_name": "ccscan-test",
            "service_endpoint_policy_ids": [],
            "service_endpoints": [],
            "timeouts": {
              "create": null,
              "delete": null,
              "read": null,
              "update": null
            },
            "virtual_network_name": "vnet-concNodeVM"
          },
          "sensitive_attributes": [],
          "private": "eyJlMmJmYjczMC1lY2FhLTExZTYtOGY4OC0zNDM2M2JjN2M0YzAiOnsiY3JlYXRlIjoxODAwMDAwMDAwMDAwLCJkZWxldGUiOjE4MDAwMDAwMDAwMDAsInJlYWQiOjMwMDAwMDAwMDAwMCwidXBkYXRlIjoxODAwMDAwMDAwMDAwfSwic2NoZW1hX3ZlcnNpb24iOiIwIn0=",
          "dependencies": [
            "azurerm_resource_group.this",
            "azurerm_virtual_network.this"
          ]
        }
      ]
    },
    {
      "mode": "managed",
      "type": "azurerm_virtual_machine_data_disk_attachment",
      "name": "vm_data",
      "provider": "provider[\"registry.terraform.io/hashicorp/azurerm\"]",
      "instances": [
        {
          "schema_version": 0,
          "attributes": {
            "caching": "ReadWrite",
            "create_option": "Attach",
            "id": "/subscriptions/353e8b06-f9df-482d-9834-0f7a6d733e46/resourceGroups/ccscan-test/providers/Microsoft.Compute/virtualMachines/vm-concNodeVM/dataDisks/storage_disk_concNodeVM",
            "lun": 1,
            "managed_disk_id": "/subscriptions/353e8b06-f9df-482d-9834-0f7a6d733e46/resourceGroups/ccscan-test/providers/Microsoft.Compute/disks/storage_disk_concNodeVM",
            "timeouts": null,
            "virtual_machine_id": "/subscriptions/353e8b06-f9df-482d-9834-0f7a6d733e46/resourceGroups/ccscan-test/providers/Microsoft.Compute/virtualMachines/vm-concNodeVM",
            "write_accelerator_enabled": false
          },
          "sensitive_attributes": [],
          "private": "eyJlMmJmYjczMC1lY2FhLTExZTYtOGY4OC0zNDM2M2JjN2M0YzAiOnsiY3JlYXRlIjoxODAwMDAwMDAwMDAwLCJkZWxldGUiOjE4MDAwMDAwMDAwMDAsInJlYWQiOjMwMDAwMDAwMDAwMCwidXBkYXRlIjoxODAwMDAwMDAwMDAwfX0=",
          "dependencies": [
            "azurerm_linux_virtual_machine.vm",
            "azurerm_managed_disk.vm_data",
            "azurerm_network_interface.vm",
            "azurerm_resource_group.this",
            "data.azurerm_ssh_public_key.ssh_vm"
          ]
        }
      ]
    },
    {
      "mode": "managed",
      "type": "azurerm_virtual_network",
      "name": "this",
      "provider": "provider[\"registry.terraform.io/hashicorp/azurerm\"]",
      "instances": [
        {
          "schema_version": 0,
          "attributes": {
            "address_space": [
              "10.0.0.0/16"
            ],
            "bgp_community": "",
            "ddos_protection_plan": [],
            "dns_servers": [],
            "flow_timeout_in_minutes": 0,
            "guid": "06f5da3a-3564-4e13-9dbb-835a5b5d1895",
            "id": "/subscriptions/353e8b06-f9df-482d-9834-0f7a6d733e46/resourceGroups/ccscan-test/providers/Microsoft.Network/virtualNetworks/vnet-concNodeVM",
            "location": "northeurope",
            "name": "vnet-concNodeVM",
            "resource_group_name": "ccscan-test",
            "subnet": [
              {
                "address_prefix": "10.0.1.0/24",
                "id": "/subscriptions/353e8b06-f9df-482d-9834-0f7a6d733e46/resourceGroups/ccscan-test/providers/Microsoft.Network/virtualNetworks/vnet-concNodeVM/subnets/snet-concNodeVM",
                "name": "snet-concNodeVM",
                "security_group": ""
              }
            ],
            "tags": {},
            "timeouts": {
              "create": null,
              "delete": null,
              "read": null,
              "update": null
            },
            "vm_protection_enabled": false
          },
          "sensitive_attributes": [],
          "private": "eyJlMmJmYjczMC1lY2FhLTExZTYtOGY4OC0zNDM2M2JjN2M0YzAiOnsiY3JlYXRlIjoxODAwMDAwMDAwMDAwLCJkZWxldGUiOjE4MDAwMDAwMDAwMDAsInJlYWQiOjMwMDAwMDAwMDAwMCwidXBkYXRlIjoxODAwMDAwMDAwMDAwfSwic2NoZW1hX3ZlcnNpb24iOiIwIn0=",
          "dependencies": [
            "azurerm_resource_group.this"
          ]
        }
      ]
    }
  ]
}
