
Microsoft Visual Studio Solution File, Format Version 12.00
Project("{FAE04EC0-301F-11D3-BF4B-00C04F79EFBC}") = "Tests", "Tests\Tests.csproj", "{3F0FC895-5117-40A7-A7D9-272DAFD60D77}"
EndProject
Project("{FAE04EC0-301F-11D3-BF4B-00C04F79EFBC}") = "Application", "Application\Application.csproj", "{56BD58AB-B8E7-40C1-AE66-E1649FD1A61B}"
EndProject
Project("{FAE04EC0-301F-11D3-BF4B-00C04F79EFBC}") = "DatabaseScripts", "DatabaseScripts\DatabaseScripts.csproj", "{F9322D66-8D55-466D-B7DF-04FBF2BD9341}"
EndProject
Project("{FAE04EC0-301F-11D3-BF4B-00C04F79EFBC}") = "Concordium", "Concordium\Concordium.csproj", "{3F75F124-A362-426D-A941-FC65E604FEBF}"
EndProject
Global
	GlobalSection(SolutionConfigurationPlatforms) = preSolution
		Debug|Any CPU = Debug|Any CPU
		Release|Any CPU = Release|Any CPU
	EndGlobalSection
	GlobalSection(ProjectConfigurationPlatforms) = postSolution
		{3F0FC895-5117-40A7-A7D9-272DAFD60D77}.Debug|Any CPU.ActiveCfg = Debug|Any CPU
		{3F0FC895-5117-40A7-A7D9-272DAFD60D77}.Debug|Any CPU.Build.0 = Debug|Any CPU
		{3F0FC895-5117-40A7-A7D9-272DAFD60D77}.Release|Any CPU.ActiveCfg = Release|Any CPU
		{3F0FC895-5117-40A7-A7D9-272DAFD60D77}.Release|Any CPU.Build.0 = Release|Any CPU
		{56BD58AB-B8E7-40C1-AE66-E1649FD1A61B}.Debug|Any CPU.ActiveCfg = Debug|Any CPU
		{56BD58AB-B8E7-40C1-AE66-E1649FD1A61B}.Debug|Any CPU.Build.0 = Debug|Any CPU
		{56BD58AB-B8E7-40C1-AE66-E1649FD1A61B}.Release|Any CPU.ActiveCfg = Release|Any CPU
		{56BD58AB-B8E7-40C1-AE66-E1649FD1A61B}.Release|Any CPU.Build.0 = Release|Any CPU
		{F9322D66-8D55-466D-B7DF-04FBF2BD9341}.Debug|Any CPU.ActiveCfg = Debug|Any CPU
		{F9322D66-8D55-466D-B7DF-04FBF2BD9341}.Debug|Any CPU.Build.0 = Debug|Any CPU
		{F9322D66-8D55-466D-B7DF-04FBF2BD9341}.Release|Any CPU.ActiveCfg = Release|Any CPU
		{F9322D66-8D55-466D-B7DF-04FBF2BD9341}.Release|Any CPU.Build.0 = Release|Any CPU
		{3F75F124-A362-426D-A941-FC65E604FEBF}.Debug|Any CPU.ActiveCfg = Debug|Any CPU
		{3F75F124-A362-426D-A941-FC65E604FEBF}.Debug|Any CPU.Build.0 = Debug|Any CPU
		{3F75F124-A362-426D-A941-FC65E604FEBF}.Release|Any CPU.ActiveCfg = Release|Any CPU
		{3F75F124-A362-426D-A941-FC65E604FEBF}.Release|Any CPU.Build.0 = Release|Any CPU
	EndGlobalSection
EndGlobal
