{
  "version": 4,
  "terraform_version": "1.1.4",
  "serial": 319,
  "lineage": "cbd6c063-ceb9-2475-7ddd-fec965e21391",
  "outputs": {},
  "resources": [
    {
      "mode": "data",
      "type": "azurerm_key_vault",
      "name": "ccscan",
      "provider": "provider[\"registry.terraform.io/hashicorp/azurerm\"]",
      "instances": [
        {
          "schema_version": 0,
          "attributes": {
            "access_policy": [
              {
                "application_id": "",
                "certificate_permissions": [
                  "Get",
                  "List",
                  "Update",
                  "Create",
                  "Import",
                  "Delete",
                  "Recover",
                  "Backup",
                  "Restore",
                  "ManageContacts",
                  "ManageIssuers",
                  "GetIssuers",
                  "ListIssuers",
                  "SetIssuers",
                  "DeleteIssuers"
                ],
                "key_permissions": [
                  "Get",
                  "List",
                  "Update",
                  "Create",
                  "Import",
                  "Delete",
                  "Recover",
                  "Backup",
                  "Restore"
                ],
                "object_id": "961b3ab5-550f-467d-bcee-05bc1f281e91",
                "secret_permissions": [
                  "Get",
                  "List",
                  "Set",
                  "Delete",
                  "Recover",
                  "Backup",
                  "Restore"
                ],
                "storage_permissions": [],
                "tenant_id": "d8887c7c-49ad-4af9-86e5-46450b21bcb7"
              }
            ],
            "enable_rbac_authorization": false,
            "enabled_for_deployment": false,
            "enabled_for_disk_encryption": false,
            "enabled_for_template_deployment": false,
            "id": "/subscriptions/353e8b06-f9df-482d-9834-0f7a6d733e46/resourceGroups/ccscan-key-vault/providers/Microsoft.KeyVault/vaults/ccscan",
            "location": "northeurope",
            "name": "ccscan",
            "network_acls": [],
            "purge_protection_enabled": false,
            "resource_group_name": "ccscan-key-vault",
            "sku_name": "Standard",
            "soft_delete_enabled": true,
            "tags": {},
            "tenant_id": "d8887c7c-49ad-4af9-86e5-46450b21bcb7",
            "timeouts": null,
            "vault_uri": "https://ccscan.vault.azure.net/"
          },
          "sensitive_attributes": []
        }
      ]
    },
    {
      "mode": "data",
      "type": "azurerm_key_vault_secret",
      "name": "ssl-cert-data",
      "provider": "provider[\"registry.terraform.io/hashicorp/azurerm\"]",
      "instances": [
        {
          "schema_version": 0,
          "attributes": {
            "content_type": "",
            "id": "https://ccscan.vault.azure.net/secrets/test-ssl-cert-data/9b2c39f059a84cf193653e2ca64ee69b",
            "key_vault_id": "/subscriptions/353e8b06-f9df-482d-9834-0f7a6d733e46/resourceGroups/ccscan-key-vault/providers/Microsoft.KeyVault/vaults/ccscan",
            "name": "test-ssl-cert-data",
            "tags": {
              "file-encoding": "base64"
            },
            "timeouts": null,
            "value": "MIACAQMwgAYJKoZIhvcNAQcBoIAkgASCA+gwgDCABgkqhkiG9w0BBwGggCSABIID6DCCBXEwggVt\nBgsqhkiG9w0BDAoBAqCCBPowggT2MCgGCiqGSIb3DQEMAQMwGgQUYCrONWzzQnMTzHPd+/zeKREt\nJfMCAgQABIIEyIcv4wJNuImnX+IE1c8M/zQn/zUMHvv3mD6VoKIzmXkBxjeDbyB4PXaRc7GnbMWZ\nthd9oXeJxytfDxVP7vuojkJtsqWPXo5GYkde+FqcvI6GDFsULFgO6i/Ii3crBMP0F+7pCkwFyCYT\nI38iBWImAC1qgpYGQz9U0uPE2HhUCkDEgy/rKW4iV1BS2J33XbCpk0OpkJr6gdkDsNl3cpU1hyQP\n45i6d2a/CplBfqsYJ6oitjzp24SLKsdUY5k9Y+AEgJ28BAFKrB+1Nw0Ez27W/1kstxGhYXo9NCfu\nS0Owb7TFccm+grVuczMb3uspA1ViSvcEV7JPtjLCWeyzSqQyVmkSYJqJnwMUeHSdAu/wQA+Yv+tk\nyTuX3Est7+sbL2twdFgRSVFmjJ5rA/YWm+T+UXlOs+kDtw0Sy+Dz3Mim7uMywvcMBQe0U8eDXJZ7\n2SYUUutYejpt7PYHSW+nB1Q1dha8bPxOkbkKq0iWAXRRXi8NsSUAqPEWoPZaEYHg2Sqqy3LYAmqo\ncEOI/oKMXd5VxhTWnnOtYXO0o8/dbaT2ZwyJ85rlDLMbIkDBgiBDy4EUFQTiyimmsjeSNCuHCSb8\nRrcmaXkNhItonStt396o9A99huk3A28isK6PIhLx1Bef9fjrslhMOhKhK2BgVkvc8aWOJyey3FdK\nXxvHBKg0m/3PGpAwuUUKQ9Z2mJx/roEfXyasT83BUjPt0zctLhAsuD5iVOvj8cHigYly5PrKgjWs\nAz2Sos9tEzQp1eWp2c+DotVCVCR7k4XUDQhJmETCxklaLyh/QVcvKIyZxo5lXPQH13J3xW19QgYZ\n2nuSlTnKQniUUzoQGrXrIo0KR53OLsJxCZjtEnf6ZHi5czOselEQM5tHt60VGqWGeK5u++MYEFe8\ni09H92WQ3sSQh2gIsGxILALsQixJn7BSkQTJPT4Z0NKozbQPEAm2a+TLNnVavpa5/JfBCvShqcsw\nKt53+AJALE+WYba2silvbA+WU6i4EGv+zTJj4rl2AS6aPCIt7WMldDumbCJS9jB8ykoMfKrHhZDV\ngLtZEzQoWUPSyEjLdwt0ljvGDn0uMGQzsTmNGd/B1vuP25xn9PtLjCq7JBCcHXfwGBSuaIRRlrL6\n0ekZ9CKlPW3NFgHBVO2xK78RYxDjRFRAnkB0CVD6JgLJyDGnmSiNGlZ2K1CfNJ78QM8J0Wv9/a4g\nBIID6ArUut8dfjnjnOmYCHn5Y7XV40WPjPeFBIIBjSrE7eyBtP6EL7MNkKKGjlwWcMqwdc9WLf/u\nhGdKmCZ1LdwHOlOQtro9dBhtE9vbsqRXMjIx2oBFukuhA7kPevMY2wqZnK/sIC5s/IocuQt60a1b\nskroCi38+WEVLblN3nwUwmursVmKbBsRGM5SgOvlr8wANLrdj/vEMKfOZJ0zU9kzkJ/Zeav7gyEt\nlwPCwGFDQvCPjKXycSvxdQP0k77IbagxQ/bPG0dSto3UGH+hwmPe85l3osd69GxwpHWljepad3J/\nAq7jxU3YNV5N8dVjQvcq5QLkXntU2F7Kl0k+sZmwmXOCuF1ge5S4vuckmVetY/8jpe2teOIqX5Av\nsvBVwBcCaLua7AOLEETow9JCHgR4kmpqd6aNFyp1c+cWN2ag3poAvrei9tFuMWAwIwYJKoZIhvcN\nAQkVMRYEFLQpH1ZBxX1CUM4bBq0TA2FgDm+/MDkGCSqGSIb3DQEJFDEsHioAKgAuAHQAZQBzAHQA\nLQBhAHAAaQAuAGMAYwBkAHMAYwBhAG4ALgBpAG8AAAAAAAAwgAYJKoZIhvcNAQcGoIAwgAIBADCA\nBgkqhkiG9w0BBwEwKAYKKoZIhvcNAQwBBjAaBBTOS5LyjZ9IUdtvIY4w7zL5lqIi2wICBACggASC\nA+gMWF+WuGVbTZMgj2P0zcr2t+50p83P0AHekZYgkax8tU6K88PYXJpmFk6yOzb6avcbX31YpmTR\nWBUhhlBtjn20F8P77HvjE9l9XGE5AKT1x4m9I/mD7l9rXciEbxcVkTS4210du80whm+b+6g8CfyQ\nRbR0vz6L8Qb6qwYDluU1ndR+IYD1PLmz8cw/1LS6gA5RUuDECoUIfIxKGhnQXcZTW+xa32OVoI7v\n7A8fqDzK5XoVMG6L80d9cFr9FVxKnx1Y/tPcjjvnH4SJjfk+BYk+EXPuEm9T/rVTstLtx6LjjSxr\n0wXsPJzEcr+iHv6/irmAMp2zOGSc9TKnhBPG06vJVDkl1jkaPmp7AK4qCU3SyYIlUT6/Jr+Mjmyt\n6pR0FmEJZXd2Xl1ccD5PIEjvGZ5zPS26UGqFlwY5oD73g40hWwsWT8I7Yd0wxA/2hyoedonmVmhM\n65q9S/gUb8wr6Sm5lvWV8JQIaN8aYnbu08yEYTLqHt/HoiseXbAVd2OwSzPYltIxej3MfYUkYswW\n9l9amn4MnOJMRY/ZgIvjgDI/DJ9aK1LQNELB1OFj20C2bugKTlaRAaKhwu3EbTrH2g2XlLSvPU7K\nPgS4dRJAB9+WlrPK+MZpTnSYn78O0IWkzPln7lacg6+6Ry4EggPotlozJRtebHq2OSSM6dsh1wo5\n1OEc9Rv1Sa8KUGzja4N4pNotFrEVZV2OzOEvnC5Vf8bwTn4swzBKz6wHh8TUe9Vq0tab2Aofj5hi\nWf3DWl8VkuLyTromciFmVPSH4uAwTHeQQBzumHnbuyzErO0IV93WM/S/QsQUPSyZ2btdZZkrsqeX\nRnQGIRqqW/W9rZyXBChBZ5jK34YDMnDr9sg3lbhpsKVPIzFWxKF88lAQc1a+kw4wVgiMFRAh0kG6\ndnuNyolifzt/4ga7jfs02Dd4x0XYi0HJ4NVsaalMwUrnDJ2E2mFi1v243bsnzMlxXFnixNeL8tMK\nNKl519RQlSEwzpObw9JTYXc6P7pnUK0zBqN0zT9B4r4uS8ayE611nYiLZCljfeQ1nG97O1Un9Xk2\nAKIdPXPBAISVD61oGv9RZ65PPEUYHyLE8OBoAB8unHvv9UKHV7bYb8p3qWJwMZ5/gtjruZBWfU+W\nz6GhjH2PBWAOSx7PRxJ/tHNapuKwLAaCI+6Af7P19YlXTKIRUp/wsDELk1Fvvl+dOzjgu6djr0LI\nPOdKJ0O1UJNTB1C88XGo4MsaiMFQD4SJKI0rlXjH4RwRI4RihNOoarzYN0uTAm/1RCSLRW3x+0ks\nsGv6pYY1akmsMC/gC+avT5yEO2Im+rBWfMGJYDChYLwu3RG9ZwSCAfh/Yh/dg1TE81CVzHAhhxgS\nT1aIfwQVKjPEHIIMrNFB0iZd13KXy8XYgxSgj4MVyvWlim5Qq4WdOggKqbeWpmhjG0JF+upVFPwf\ncKB+fJARLleQThgHEr1b9lYv4t4aAa9wp12AZMMt+IVA8vMdKID/VmP8Lv7OgI7TdwO+ZaK9FkUn\nfFmpo1ttS+gMOUjqFHSD+E6teBMFW75BsRZbi8FI/Kd2MsOGylsi1yidlFnOnGak6SdnSfiwGtGR\noeBoFv5gW9X6sOU5P0Z2S4wW4j+9BYKj7u9hSfRFfcsP+ztj1uahVilaSSPLQXe2q2dYWb6IG6/N\nU66CHJ95QoJcclAkBudQAI1u17dfN5s9uLCOY9sjYvJQx3W9sS51vKG9hykburTUjz9mcHHOS4iS\n3EpliDSrR9whHAzEK7TVemg9bwZFKlmx5ofixAjElT5q4kmUMAz30jYDlfifWpoL64smwDSCzzEH\nRnFZ0Zj0YHYt4EljylG80osJiM841CBarRNCr3Nof8lwdGRWbPDtXEKQ8WynPnkzoijfaHyZbimb\nvfR1A476cy9MSOMrvSkXsclCCH/FlXTePsvX+3TmSHIznUqrBvH2Ddgwq2N2p9Dd4brkq9VZudzQ\nIoPxSN7tlDXf1h6F8wQfiP1fbntWawGpiqpnQcgLiWtbjwAAAAAAAAAAAAAAAAAAAAAAADA9MCEw\nCQYFKw4DAhoFAAQUaL3o+Xo1F6Wo6Cpi7S2xOubEoqMEFNsRmf0GqghS59HK2VwQqUygafsYAgIE\nAAAA\n",
            "version": "9b2c39f059a84cf193653e2ca64ee69b",
            "versionless_id": "https://ccscan.vault.azure.net/secrets/test-ssl-cert-data"
          },
          "sensitive_attributes": []
        }
      ]
    },
    {
      "mode": "data",
      "type": "azurerm_key_vault_secret",
      "name": "ssl-cert-password",
      "provider": "provider[\"registry.terraform.io/hashicorp/azurerm\"]",
      "instances": [
        {
          "schema_version": 0,
          "attributes": {
            "content_type": "",
            "id": "https://ccscan.vault.azure.net/secrets/test-ssl-cert-password/27187cafc9ff45b7bd881bda70214a74",
            "key_vault_id": "/subscriptions/353e8b06-f9df-482d-9834-0f7a6d733e46/resourceGroups/ccscan-key-vault/providers/Microsoft.KeyVault/vaults/ccscan",
            "name": "test-ssl-cert-password",
            "tags": {
              "file-encoding": "utf-8"
            },
            "timeouts": null,
            "value": "poshacme",
            "version": "27187cafc9ff45b7bd881bda70214a74",
            "versionless_id": "https://ccscan.vault.azure.net/secrets/test-ssl-cert-password"
          },
          "sensitive_attributes": []
        }
      ]
    },
    {
      "mode": "data",
      "type": "azurerm_ssh_public_key",
      "name": "ssh_vm",
      "provider": "provider[\"registry.terraform.io/hashicorp/azurerm\"]",
      "instances": [
        {
          "schema_version": 0,
          "attributes": {
            "id": "/subscriptions/353e8b06-f9df-482d-9834-0f7a6d733e46/resourceGroups/ccscan-ssh-keys/providers/Microsoft.Compute/sshPublicKeys/ssh-vm-test",
            "name": "ssh-vm-test",
            "public_key": "ssh-rsa AAAAB3NzaC1yc2EAAAADAQABAAABgQDJBja4UD/c/PSyueLBTQ0pq2bwmq/4jKE7b0Dx0qlzbLJD1mr1IGNXZsNv84h7rr76KOEingq50QkCk4KPIx05/D5OthmJSNuMB20PAIB0ILUwCR79B8d/U5fA6vp7zAJj3SUFNSx6zyz/dVuRp28AKbwZLVHwIc9zjlet5Le0dgah9zlqNBLKIrg6LYECAIizpWxgKxJe68e0+P9n2TnPjmPlXIPizjYPpNM7CcmhDbZdLiExkJUJ+NVuw0A49dCzCiLhHrRcWl4kr3r0NBubBHqJNPTg9NX//rycwIkBlTKMOPwgoG9oC2iAXb6iGVpoNPEDHvsCfvdHEdZU+AwjHJ7l2MEF2iQ9ktFQ/DeQ2kT3BqGmTIcUn9jIWE/ab174vRnETrnAdYfZ72/gYRdIIo9UqQWZwIBysgPabkOLDNfhMsx0WvC9EQRQ/X75U88EoW/A6MZIW43F4zaPrJKreIa9FiGcTABQ18KvMWcNvUaYm22GxmEyQN9GSVH0tRU= generated-by-azure",
            "resource_group_name": "ccscan-ssh-keys",
            "tags": {
              "environment": "test"
            },
            "timeouts": null
          },
          "sensitive_attributes": []
        }
      ]
    },
    {
      "mode": "managed",
      "type": "azurerm_application_gateway",
      "name": "this",
      "provider": "provider[\"registry.terraform.io/hashicorp/azurerm\"]",
      "instances": [
        {
          "schema_version": 0,
          "attributes": {
            "authentication_certificate": [],
            "autoscale_configuration": [],
            "backend_address_pool": [
              {
                "fqdns": [],
                "id": "/subscriptions/353e8b06-f9df-482d-9834-0f7a6d733e46/resourceGroups/ccscan-env-test/providers/Microsoft.Network/applicationGateways/app-gateway/backendAddressPools/app-gateway-backends",
                "ip_addresses": [],
                "name": "app-gateway-backends"
              }
            ],
            "backend_http_settings": [
              {
                "affinity_cookie_name": "",
                "authentication_certificate": [],
                "connection_draining": [],
                "cookie_based_affinity": "Disabled",
                "host_name": "",
                "id": "/subscriptions/353e8b06-f9df-482d-9834-0f7a6d733e46/resourceGroups/ccscan-env-test/providers/Microsoft.Network/applicationGateways/app-gateway/backendHttpSettingsCollection/mainnet-http-settings",
                "name": "mainnet-http-settings",
                "path": "",
                "pick_host_name_from_backend_address": true,
                "port": 5000,
                "probe_id": "/subscriptions/353e8b06-f9df-482d-9834-0f7a6d733e46/resourceGroups/ccscan-env-test/providers/Microsoft.Network/applicationGateways/app-gateway/probes/health-probe",
                "probe_name": "health-probe",
                "protocol": "Http",
                "request_timeout": 20,
                "trusted_root_certificate_names": []
              },
              {
                "affinity_cookie_name": "",
                "authentication_certificate": [],
                "connection_draining": [],
                "cookie_based_affinity": "Disabled",
                "host_name": "",
                "id": "/subscriptions/353e8b06-f9df-482d-9834-0f7a6d733e46/resourceGroups/ccscan-env-test/providers/Microsoft.Network/applicationGateways/app-gateway/backendHttpSettingsCollection/testnet-http-settings",
                "name": "testnet-http-settings",
                "path": "",
                "pick_host_name_from_backend_address": true,
                "port": 5001,
                "probe_id": "/subscriptions/353e8b06-f9df-482d-9834-0f7a6d733e46/resourceGroups/ccscan-env-test/providers/Microsoft.Network/applicationGateways/app-gateway/probes/health-probe",
                "probe_name": "health-probe",
                "protocol": "Http",
                "request_timeout": 20,
                "trusted_root_certificate_names": []
              }
            ],
            "custom_error_configuration": [],
            "enable_http2": false,
            "fips_enabled": false,
            "firewall_policy_id": null,
            "force_firewall_policy_association": false,
            "frontend_ip_configuration": [
              {
                "id": "/subscriptions/353e8b06-f9df-482d-9834-0f7a6d733e46/resourceGroups/ccscan-env-test/providers/Microsoft.Network/applicationGateways/app-gateway/frontendIPConfigurations/app-gateway-feip",
                "name": "app-gateway-feip",
                "private_ip_address": "",
                "private_ip_address_allocation": "Dynamic",
                "private_link_configuration_id": "",
                "private_link_configuration_name": "",
                "public_ip_address_id": "/subscriptions/353e8b06-f9df-482d-9834-0f7a6d733e46/resourceGroups/ccscan-env-test/providers/Microsoft.Network/publicIPAddresses/app-gateway-pip",
                "subnet_id": ""
              }
            ],
            "frontend_port": [
              {
                "id": "/subscriptions/353e8b06-f9df-482d-9834-0f7a6d733e46/resourceGroups/ccscan-env-test/providers/Microsoft.Network/applicationGateways/app-gateway/frontendPorts/app-gateway-feport",
                "name": "app-gateway-feport",
                "port": 443
              }
            ],
            "gateway_ip_configuration": [
              {
                "id": "/subscriptions/353e8b06-f9df-482d-9834-0f7a6d733e46/resourceGroups/ccscan-env-test/providers/Microsoft.Network/applicationGateways/app-gateway/gatewayIPConfigurations/gateway-ip-configuration",
                "name": "gateway-ip-configuration",
                "subnet_id": "/subscriptions/353e8b06-f9df-482d-9834-0f7a6d733e46/resourceGroups/ccscan-env-test/providers/Microsoft.Network/virtualNetworks/vnet/subnets/snet-frontend"
              }
            ],
            "http_listener": [
              {
                "custom_error_configuration": [],
                "firewall_policy_id": "",
                "frontend_ip_configuration_id": "/subscriptions/353e8b06-f9df-482d-9834-0f7a6d733e46/resourceGroups/ccscan-env-test/providers/Microsoft.Network/applicationGateways/app-gateway/frontendIPConfigurations/app-gateway-feip",
                "frontend_ip_configuration_name": "app-gateway-feip",
                "frontend_port_id": "/subscriptions/353e8b06-f9df-482d-9834-0f7a6d733e46/resourceGroups/ccscan-env-test/providers/Microsoft.Network/applicationGateways/app-gateway/frontendPorts/app-gateway-feport",
                "frontend_port_name": "app-gateway-feport",
                "host_name": "mainnet.test-api.ccdscan.io",
                "host_names": [],
                "id": "/subscriptions/353e8b06-f9df-482d-9834-0f7a6d733e46/resourceGroups/ccscan-env-test/providers/Microsoft.Network/applicationGateways/app-gateway/httpListeners/mainnet-listener",
                "name": "mainnet-listener",
                "protocol": "Https",
                "require_sni": false,
                "ssl_certificate_id": "/subscriptions/353e8b06-f9df-482d-9834-0f7a6d733e46/resourceGroups/ccscan-env-test/providers/Microsoft.Network/applicationGateways/app-gateway/sslCertificates/ssl",
                "ssl_certificate_name": "ssl",
                "ssl_profile_id": "",
                "ssl_profile_name": ""
              },
              {
                "custom_error_configuration": [],
                "firewall_policy_id": "",
                "frontend_ip_configuration_id": "/subscriptions/353e8b06-f9df-482d-9834-0f7a6d733e46/resourceGroups/ccscan-env-test/providers/Microsoft.Network/applicationGateways/app-gateway/frontendIPConfigurations/app-gateway-feip",
                "frontend_ip_configuration_name": "app-gateway-feip",
                "frontend_port_id": "/subscriptions/353e8b06-f9df-482d-9834-0f7a6d733e46/resourceGroups/ccscan-env-test/providers/Microsoft.Network/applicationGateways/app-gateway/frontendPorts/app-gateway-feport",
                "frontend_port_name": "app-gateway-feport",
                "host_name": "testnet.test-api.ccdscan.io",
                "host_names": [],
                "id": "/subscriptions/353e8b06-f9df-482d-9834-0f7a6d733e46/resourceGroups/ccscan-env-test/providers/Microsoft.Network/applicationGateways/app-gateway/httpListeners/testnet-listener",
                "name": "testnet-listener",
                "protocol": "Https",
                "require_sni": false,
                "ssl_certificate_id": "/subscriptions/353e8b06-f9df-482d-9834-0f7a6d733e46/resourceGroups/ccscan-env-test/providers/Microsoft.Network/applicationGateways/app-gateway/sslCertificates/ssl",
                "ssl_certificate_name": "ssl",
                "ssl_profile_id": "",
                "ssl_profile_name": ""
              }
            ],
            "id": "/subscriptions/353e8b06-f9df-482d-9834-0f7a6d733e46/resourceGroups/ccscan-env-test/providers/Microsoft.Network/applicationGateways/app-gateway",
            "identity": [],
            "location": "northeurope",
            "name": "app-gateway",
            "private_endpoint_connection": [],
            "private_link_configuration": [],
            "probe": [
              {
                "host": "",
                "id": "/subscriptions/353e8b06-f9df-482d-9834-0f7a6d733e46/resourceGroups/ccscan-env-test/providers/Microsoft.Network/applicationGateways/app-gateway/probes/health-probe",
                "interval": 30,
                "match": [
                  {
                    "body": "",
                    "status_code": [
                      "200-399"
                    ]
                  }
                ],
                "minimum_servers": 0,
                "name": "health-probe",
                "path": "/api/health",
                "pick_host_name_from_backend_http_settings": true,
                "port": 0,
                "protocol": "Http",
                "timeout": 30,
                "unhealthy_threshold": 3
              }
            ],
            "redirect_configuration": [],
            "request_routing_rule": [
              {
                "backend_address_pool_id": "/subscriptions/353e8b06-f9df-482d-9834-0f7a6d733e46/resourceGroups/ccscan-env-test/providers/Microsoft.Network/applicationGateways/app-gateway/backendAddressPools/app-gateway-backends",
                "backend_address_pool_name": "app-gateway-backends",
                "backend_http_settings_id": "/subscriptions/353e8b06-f9df-482d-9834-0f7a6d733e46/resourceGroups/ccscan-env-test/providers/Microsoft.Network/applicationGateways/app-gateway/backendHttpSettingsCollection/mainnet-http-settings",
                "backend_http_settings_name": "mainnet-http-settings",
                "http_listener_id": "/subscriptions/353e8b06-f9df-482d-9834-0f7a6d733e46/resourceGroups/ccscan-env-test/providers/Microsoft.Network/applicationGateways/app-gateway/httpListeners/mainnet-listener",
                "http_listener_name": "mainnet-listener",
                "id": "/subscriptions/353e8b06-f9df-482d-9834-0f7a6d733e46/resourceGroups/ccscan-env-test/providers/Microsoft.Network/applicationGateways/app-gateway/requestRoutingRules/mainnet-redirect",
                "name": "mainnet-redirect",
                "priority": 0,
                "redirect_configuration_id": "",
                "redirect_configuration_name": "",
                "rewrite_rule_set_id": "",
                "rewrite_rule_set_name": "",
                "rule_type": "Basic",
                "url_path_map_id": "",
                "url_path_map_name": ""
              },
              {
                "backend_address_pool_id": "/subscriptions/353e8b06-f9df-482d-9834-0f7a6d733e46/resourceGroups/ccscan-env-test/providers/Microsoft.Network/applicationGateways/app-gateway/backendAddressPools/app-gateway-backends",
                "backend_address_pool_name": "app-gateway-backends",
                "backend_http_settings_id": "/subscriptions/353e8b06-f9df-482d-9834-0f7a6d733e46/resourceGroups/ccscan-env-test/providers/Microsoft.Network/applicationGateways/app-gateway/backendHttpSettingsCollection/testnet-http-settings",
                "backend_http_settings_name": "testnet-http-settings",
                "http_listener_id": "/subscriptions/353e8b06-f9df-482d-9834-0f7a6d733e46/resourceGroups/ccscan-env-test/providers/Microsoft.Network/applicationGateways/app-gateway/httpListeners/testnet-listener",
                "http_listener_name": "testnet-listener",
                "id": "/subscriptions/353e8b06-f9df-482d-9834-0f7a6d733e46/resourceGroups/ccscan-env-test/providers/Microsoft.Network/applicationGateways/app-gateway/requestRoutingRules/testnet-redirect",
                "name": "testnet-redirect",
                "priority": 0,
                "redirect_configuration_id": "",
                "redirect_configuration_name": "",
                "rewrite_rule_set_id": "",
                "rewrite_rule_set_name": "",
                "rule_type": "Basic",
                "url_path_map_id": "",
                "url_path_map_name": ""
              }
            ],
            "resource_group_name": "ccscan-env-test",
            "rewrite_rule_set": [],
            "sku": [
              {
                "capacity": 1,
                "name": "Standard_Small",
                "tier": "Standard"
              }
            ],
            "ssl_certificate": [
              {
                "data": "MIACAQMwgAYJKoZIhvcNAQcBoIAkgASCA+gwgDCABgkqhkiG9w0BBwGggCSABIID6DCCBXEwggVt\nBgsqhkiG9w0BDAoBAqCCBPowggT2MCgGCiqGSIb3DQEMAQMwGgQUYCrONWzzQnMTzHPd+/zeKREt\nJfMCAgQABIIEyIcv4wJNuImnX+IE1c8M/zQn/zUMHvv3mD6VoKIzmXkBxjeDbyB4PXaRc7GnbMWZ\nthd9oXeJxytfDxVP7vuojkJtsqWPXo5GYkde+FqcvI6GDFsULFgO6i/Ii3crBMP0F+7pCkwFyCYT\nI38iBWImAC1qgpYGQz9U0uPE2HhUCkDEgy/rKW4iV1BS2J33XbCpk0OpkJr6gdkDsNl3cpU1hyQP\n45i6d2a/CplBfqsYJ6oitjzp24SLKsdUY5k9Y+AEgJ28BAFKrB+1Nw0Ez27W/1kstxGhYXo9NCfu\nS0Owb7TFccm+grVuczMb3uspA1ViSvcEV7JPtjLCWeyzSqQyVmkSYJqJnwMUeHSdAu/wQA+Yv+tk\nyTuX3Est7+sbL2twdFgRSVFmjJ5rA/YWm+T+UXlOs+kDtw0Sy+Dz3Mim7uMywvcMBQe0U8eDXJZ7\n2SYUUutYejpt7PYHSW+nB1Q1dha8bPxOkbkKq0iWAXRRXi8NsSUAqPEWoPZaEYHg2Sqqy3LYAmqo\ncEOI/oKMXd5VxhTWnnOtYXO0o8/dbaT2ZwyJ85rlDLMbIkDBgiBDy4EUFQTiyimmsjeSNCuHCSb8\nRrcmaXkNhItonStt396o9A99huk3A28isK6PIhLx1Bef9fjrslhMOhKhK2BgVkvc8aWOJyey3FdK\nXxvHBKg0m/3PGpAwuUUKQ9Z2mJx/roEfXyasT83BUjPt0zctLhAsuD5iVOvj8cHigYly5PrKgjWs\nAz2Sos9tEzQp1eWp2c+DotVCVCR7k4XUDQhJmETCxklaLyh/QVcvKIyZxo5lXPQH13J3xW19QgYZ\n2nuSlTnKQniUUzoQGrXrIo0KR53OLsJxCZjtEnf6ZHi5czOselEQM5tHt60VGqWGeK5u++MYEFe8\ni09H92WQ3sSQh2gIsGxILALsQixJn7BSkQTJPT4Z0NKozbQPEAm2a+TLNnVavpa5/JfBCvShqcsw\nKt53+AJALE+WYba2silvbA+WU6i4EGv+zTJj4rl2AS6aPCIt7WMldDumbCJS9jB8ykoMfKrHhZDV\ngLtZEzQoWUPSyEjLdwt0ljvGDn0uMGQzsTmNGd/B1vuP25xn9PtLjCq7JBCcHXfwGBSuaIRRlrL6\n0ekZ9CKlPW3NFgHBVO2xK78RYxDjRFRAnkB0CVD6JgLJyDGnmSiNGlZ2K1CfNJ78QM8J0Wv9/a4g\nBIID6ArUut8dfjnjnOmYCHn5Y7XV40WPjPeFBIIBjSrE7eyBtP6EL7MNkKKGjlwWcMqwdc9WLf/u\nhGdKmCZ1LdwHOlOQtro9dBhtE9vbsqRXMjIx2oBFukuhA7kPevMY2wqZnK/sIC5s/IocuQt60a1b\nskroCi38+WEVLblN3nwUwmursVmKbBsRGM5SgOvlr8wANLrdj/vEMKfOZJ0zU9kzkJ/Zeav7gyEt\nlwPCwGFDQvCPjKXycSvxdQP0k77IbagxQ/bPG0dSto3UGH+hwmPe85l3osd69GxwpHWljepad3J/\nAq7jxU3YNV5N8dVjQvcq5QLkXntU2F7Kl0k+sZmwmXOCuF1ge5S4vuckmVetY/8jpe2teOIqX5Av\nsvBVwBcCaLua7AOLEETow9JCHgR4kmpqd6aNFyp1c+cWN2ag3poAvrei9tFuMWAwIwYJKoZIhvcN\nAQkVMRYEFLQpH1ZBxX1CUM4bBq0TA2FgDm+/MDkGCSqGSIb3DQEJFDEsHioAKgAuAHQAZQBzAHQA\nLQBhAHAAaQAuAGMAYwBkAHMAYwBhAG4ALgBpAG8AAAAAAAAwgAYJKoZIhvcNAQcGoIAwgAIBADCA\nBgkqhkiG9w0BBwEwKAYKKoZIhvcNAQwBBjAaBBTOS5LyjZ9IUdtvIY4w7zL5lqIi2wICBACggASC\nA+gMWF+WuGVbTZMgj2P0zcr2t+50p83P0AHekZYgkax8tU6K88PYXJpmFk6yOzb6avcbX31YpmTR\nWBUhhlBtjn20F8P77HvjE9l9XGE5AKT1x4m9I/mD7l9rXciEbxcVkTS4210du80whm+b+6g8CfyQ\nRbR0vz6L8Qb6qwYDluU1ndR+IYD1PLmz8cw/1LS6gA5RUuDECoUIfIxKGhnQXcZTW+xa32OVoI7v\n7A8fqDzK5XoVMG6L80d9cFr9FVxKnx1Y/tPcjjvnH4SJjfk+BYk+EXPuEm9T/rVTstLtx6LjjSxr\n0wXsPJzEcr+iHv6/irmAMp2zOGSc9TKnhBPG06vJVDkl1jkaPmp7AK4qCU3SyYIlUT6/Jr+Mjmyt\n6pR0FmEJZXd2Xl1ccD5PIEjvGZ5zPS26UGqFlwY5oD73g40hWwsWT8I7Yd0wxA/2hyoedonmVmhM\n65q9S/gUb8wr6Sm5lvWV8JQIaN8aYnbu08yEYTLqHt/HoiseXbAVd2OwSzPYltIxej3MfYUkYswW\n9l9amn4MnOJMRY/ZgIvjgDI/DJ9aK1LQNELB1OFj20C2bugKTlaRAaKhwu3EbTrH2g2XlLSvPU7K\nPgS4dRJAB9+WlrPK+MZpTnSYn78O0IWkzPln7lacg6+6Ry4EggPotlozJRtebHq2OSSM6dsh1wo5\n1OEc9Rv1Sa8KUGzja4N4pNotFrEVZV2OzOEvnC5Vf8bwTn4swzBKz6wHh8TUe9Vq0tab2Aofj5hi\nWf3DWl8VkuLyTromciFmVPSH4uAwTHeQQBzumHnbuyzErO0IV93WM/S/QsQUPSyZ2btdZZkrsqeX\nRnQGIRqqW/W9rZyXBChBZ5jK34YDMnDr9sg3lbhpsKVPIzFWxKF88lAQc1a+kw4wVgiMFRAh0kG6\ndnuNyolifzt/4ga7jfs02Dd4x0XYi0HJ4NVsaalMwUrnDJ2E2mFi1v243bsnzMlxXFnixNeL8tMK\nNKl519RQlSEwzpObw9JTYXc6P7pnUK0zBqN0zT9B4r4uS8ayE611nYiLZCljfeQ1nG97O1Un9Xk2\nAKIdPXPBAISVD61oGv9RZ65PPEUYHyLE8OBoAB8unHvv9UKHV7bYb8p3qWJwMZ5/gtjruZBWfU+W\nz6GhjH2PBWAOSx7PRxJ/tHNapuKwLAaCI+6Af7P19YlXTKIRUp/wsDELk1Fvvl+dOzjgu6djr0LI\nPOdKJ0O1UJNTB1C88XGo4MsaiMFQD4SJKI0rlXjH4RwRI4RihNOoarzYN0uTAm/1RCSLRW3x+0ks\nsGv6pYY1akmsMC/gC+avT5yEO2Im+rBWfMGJYDChYLwu3RG9ZwSCAfh/Yh/dg1TE81CVzHAhhxgS\nT1aIfwQVKjPEHIIMrNFB0iZd13KXy8XYgxSgj4MVyvWlim5Qq4WdOggKqbeWpmhjG0JF+upVFPwf\ncKB+fJARLleQThgHEr1b9lYv4t4aAa9wp12AZMMt+IVA8vMdKID/VmP8Lv7OgI7TdwO+ZaK9FkUn\nfFmpo1ttS+gMOUjqFHSD+E6teBMFW75BsRZbi8FI/Kd2MsOGylsi1yidlFnOnGak6SdnSfiwGtGR\noeBoFv5gW9X6sOU5P0Z2S4wW4j+9BYKj7u9hSfRFfcsP+ztj1uahVilaSSPLQXe2q2dYWb6IG6/N\nU66CHJ95QoJcclAkBudQAI1u17dfN5s9uLCOY9sjYvJQx3W9sS51vKG9hykburTUjz9mcHHOS4iS\n3EpliDSrR9whHAzEK7TVemg9bwZFKlmx5ofixAjElT5q4kmUMAz30jYDlfifWpoL64smwDSCzzEH\nRnFZ0Zj0YHYt4EljylG80osJiM841CBarRNCr3Nof8lwdGRWbPDtXEKQ8WynPnkzoijfaHyZbimb\nvfR1A476cy9MSOMrvSkXsclCCH/FlXTePsvX+3TmSHIznUqrBvH2Ddgwq2N2p9Dd4brkq9VZudzQ\nIoPxSN7tlDXf1h6F8wQfiP1fbntWawGpiqpnQcgLiWtbjwAAAAAAAAAAAAAAAAAAAAAAADA9MCEw\nCQYFKw4DAhoFAAQUaL3o+Xo1F6Wo6Cpi7S2xOubEoqMEFNsRmf0GqghS59HK2VwQqUygafsYAgIE\nAAAA\n",
                "id": "/subscriptions/353e8b06-f9df-482d-9834-0f7a6d733e46/resourceGroups/ccscan-env-test/providers/Microsoft.Network/applicationGateways/app-gateway/sslCertificates/ssl",
                "key_vault_secret_id": "",
                "name": "ssl",
                "password": "poshacme",
                "public_cert_data": "MIIFdQYJKoZIhvcNAQcCoIIFZjCCBWICAQExADALBgkqhkiG9w0BBwGgggVKMIIFRjCCBC6gAwIBAgISBMPmlMZppKhwN56audviu8DaMA0GCSqGSIb3DQEBCwUAMDIxCzAJBgNVBAYTAlVTMRYwFAYDVQQKEw1MZXQncyBFbmNyeXB0MQswCQYDVQQDEwJSMzAeFw0yMjAyMDExMzMxMTJaFw0yMjA1MDIxMzMxMTFaMCAxHjAcBgNVBAMMFSoudGVzdC1hcGkuY2Nkc2Nhbi5pbzCCASIwDQYJKoZIhvcNAQEBBQADggEPADCCAQoCggEBAM2VPxSSNMs8tIPvZW2rjSvoz68D6oJpM1uiZ2DsbnhqVQYp5aV+PocpPe4nJV6mlD230hoWEOY+N00fr+myHiHSXhY+XK24JRhxO8pD+IVEg6BScCQXGLplhcoVHdC9Bx/i/zDZlH+V84PMfeoJx1fMLxyfLlBy/p9EbS4sD53vyc/Hm8YMFV67XAMmPT7pcnBBy51w3vjJW5TRd+rLJuwp2o5y+h959yp9H7FMOiEDUUCtqSLcJUK4jzx4ytLhtxkiAhdbBw9is4YHbHZCKmAgLb7nOU9AONhoT95RrOa/1qLtq4iPQcpxYmA10JCzQzQCdI5DKFVNRaLpLksZg5ECAwEAAaOCAmYwggJiMA4GA1UdDwEB/wQEAwIFoDAdBgNVHSUEFjAUBggrBgEFBQcDAQYIKwYBBQUHAwIwDAYDVR0TAQH/BAIwADAdBgNVHQ4EFgQUtCkfVkHFfUJQzhsGrRMDYWAOb78wHwYDVR0jBBgwFoAUFC6zF7dYVsuuUAlA5h+vnYsUwsYwVQYIKwYBBQUHAQEESTBHMCEGCCsGAQUFBzABhhVodHRwOi8vcjMuby5sZW5jci5vcmcwIgYIKwYBBQUHMAKGFmh0dHA6Ly9yMy5pLmxlbmNyLm9yZy8wNQYDVR0RBC4wLIIVKi50ZXN0LWFwaS5jY2RzY2FuLmlvghN0ZXN0LWFwaS5jY2RzY2FuLmlvMEwGA1UdIARFMEMwCAYGZ4EMAQIBMDcGCysGAQQBgt8TAQEBMCgwJgYIKwYBBQUHAgEWGmh0dHA6Ly9jcHMubGV0c2VuY3J5cHQub3JnMIIBBQYKKwYBBAHWeQIEAgSB9gSB8wDxAHcAQcjKsd8iRkoQxqE6CUKHXk4xixsD6+tLx2jwkGKWBvYAAAF+tbJeqAAABAMASDBGAiEA+uR4h1oCM3TSZY5q0RtRhTL+o3i4WxjtJbpiFFx5MMgCIQC8XQ4SGjPMje+3jQd2IXsJwTazuuMNTXxAYihyrG1jvgB2AEalVet1+pEgMLWiiWn0830RLEF0vv1JuIWr8vxw/m1HAAABfrWyXu4AAAQDAEcwRQIgB1BtnUR8E8+OVMpjGBrZLD0XSo6ysyNEpD+MF/2DFmcCIQCPtnpViNO+o0YMFSFlMqpT/64MkVi5ej/Qwja1RwkeRDANBgkqhkiG9w0BAQsFAAOCAQEAuAgg1bwolcSd1jXIlZqwFsPFz3E6JB/tBEK5D5E8zx8DhXVSGqmke0+rxCJ+qJXfT5KxCvID+jhzrdHK93GFe09TENYA3X0sdVdvG+oY5bYesvP71pFrU4tCS/hdhtX0eu+biaA0RGpAoqu+AZDNlKbAcYg/o5ZYAvdmKOnwQwEvDpCNGsDZSKUSAAuw8hLrE1wtRTCMd/LTNTJtsxysN85Lhl3p6DxY3U86b1uE/oV1ksXFwOzP3cQWydwFlatJHlsptaPnd5enwtH5TmjLtoVK6erV11rivbeXF8XFKNv1TyKRcI1hGHY9FHUibO/hmNmtmOVQG4YzItt9OIZkcTEA"
              }
            ],
            "ssl_policy": [
              {
                "cipher_suites": [],
                "disabled_protocols": [],
                "min_protocol_version": "",
                "policy_name": "AppGwSslPolicy20150501",
                "policy_type": "Predefined"
              }
            ],
            "ssl_profile": [],
            "tags": {},
            "timeouts": null,
            "trusted_client_certificate": [],
            "trusted_root_certificate": [],
            "url_path_map": [],
            "waf_configuration": [],
            "zones": []
          },
          "sensitive_attributes": [
            [
              {
                "type": "get_attr",
                "value": "ssl_certificate"
              },
              {
                "type": "index",
                "value": {
                  "value": 0,
                  "type": "number"
                }
              },
              {
                "type": "get_attr",
                "value": "password"
              }
            ],
            [
              {
                "type": "get_attr",
                "value": "ssl_certificate"
              },
              {
                "type": "index",
                "value": {
                  "value": 0,
                  "type": "number"
                }
              },
              {
                "type": "get_attr",
                "value": "data"
              }
            ]
          ],
          "private": "eyJlMmJmYjczMC1lY2FhLTExZTYtOGY4OC0zNDM2M2JjN2M0YzAiOnsiY3JlYXRlIjo1NDAwMDAwMDAwMDAwLCJkZWxldGUiOjU0MDAwMDAwMDAwMDAsInJlYWQiOjMwMDAwMDAwMDAwMCwidXBkYXRlIjo1NDAwMDAwMDAwMDAwfX0=",
          "dependencies": [
            "azurerm_public_ip.app-gw",
            "azurerm_resource_group.this",
            "azurerm_subnet.frontend",
            "data.azurerm_key_vault_secret.ssl-cert-data",
            "data.azurerm_key_vault_secret.ssl-cert-password"
          ]
        }
      ]
    },
    {
      "mode": "managed",
      "type": "azurerm_linux_virtual_machine",
      "name": "vm",
      "provider": "provider[\"registry.terraform.io/hashicorp/azurerm\"]",
      "instances": [
        {
          "schema_version": 0,
          "attributes": {
            "additional_capabilities": [],
            "admin_password": null,
            "admin_ssh_key": [
              {
                "public_key": "ssh-rsa AAAAB3NzaC1yc2EAAAADAQABAAABgQDJBja4UD/c/PSyueLBTQ0pq2bwmq/4jKE7b0Dx0qlzbLJD1mr1IGNXZsNv84h7rr76KOEingq50QkCk4KPIx05/D5OthmJSNuMB20PAIB0ILUwCR79B8d/U5fA6vp7zAJj3SUFNSx6zyz/dVuRp28AKbwZLVHwIc9zjlet5Le0dgah9zlqNBLKIrg6LYECAIizpWxgKxJe68e0+P9n2TnPjmPlXIPizjYPpNM7CcmhDbZdLiExkJUJ+NVuw0A49dCzCiLhHrRcWl4kr3r0NBubBHqJNPTg9NX//rycwIkBlTKMOPwgoG9oC2iAXb6iGVpoNPEDHvsCfvdHEdZU+AwjHJ7l2MEF2iQ9ktFQ/DeQ2kT3BqGmTIcUn9jIWE/ab174vRnETrnAdYfZ72/gYRdIIo9UqQWZwIBysgPabkOLDNfhMsx0WvC9EQRQ/X75U88EoW/A6MZIW43F4zaPrJKreIa9FiGcTABQ18KvMWcNvUaYm22GxmEyQN9GSVH0tRU= generated-by-azure",
                "username": "concNodeVMuser"
              }
            ],
            "admin_username": "concNodeVMuser",
            "allow_extension_operations": true,
            "availability_set_id": "",
            "boot_diagnostics": [],
            "computer_name": "vm-concNodeVM",
            "custom_data": "IyEvYmluL2Jhc2gNCg0KZWNobyBTdGFydGluZyBlbnRyeXBvaW50IHNjcmlwdC4uLg0KDQojIyBob3VzZSBrZWVwaW5nIGFuZCBpbml0aWFsIGluc3RhbGxzIGFuZCBwYWNrYWdlcw0Kc3VkbyBhcHQtZ2V0IHVwZGF0ZQ0Kc3VkbyBta2RpciAvaG9tZS9zZXR1cA0KY2QgL2hvbWUvc2V0dXANCg0KIyMgTW91bnQgZGF0YSBkcml2ZQ0KIyMgVE9ETzogUGFydGl0aW9uIGRldmljZSBuYW1lIGlzIGhhcmQtY29kZWQsIG1heWJlIGl0IHNob3VsZCBiZSByZWFkIGR5bmFtaWNhbGx5Pw0KIyMgICAgICAgKGh0dHBzOi8vZG9jcy5taWNyb3NvZnQuY29tL2VuLXVzL2F6dXJlL3ZpcnR1YWwtbWFjaGluZXMvbGludXgvYXR0YWNoLWRpc2stcG9ydGFsKQ0Kc3VkbyBta2RpciAvZGF0YQ0Kc3VkbyBtb3VudCAvZGV2L3NkYzEgL2RhdGENCg0KIyMgU2V0IHVwIGRvY2tlcg0KY3VybCAtZnNTTCBodHRwczovL2dldC5kb2NrZXIuY29tIC1vIGdldC1kb2NrZXIuc2gNCnN1ZG8gc2ggZ2V0LWRvY2tlci5zaA0Kc3VkbyBncm91cGFkZCBkb2NrZXINCnN1ZG8gdXNlcm1vZCAtYUcgZG9ja2VyIGNvbmNOb2RlVk11c2VyDQpzdWRvIHN5c3RlbWN0bCBkYWVtb24tcmVsb2FkDQpzdWRvIHN5c3RlbWN0bCBlbmFibGUgZG9ja2VyLnNlcnZpY2UNCnN1ZG8gc3lzdGVtY3RsIHN0YXJ0IGRvY2tlci5zZXJ2aWNlDQpzdWRvIGNobW9kIDY2NiAvdmFyL3J1bi9kb2NrZXIuc29jaw0KDQojIyBzZXQgdXAgQXp1cmUgY2xvdWQgY3JlZGVudGlhbHMgKGNvbm5lY3Rpb24gdG8gY29udGFpbmVyIHJlZ2lzdHJ5KToNCnN1ZG8gYXB0IGluc3RhbGwgYXp1cmUtY2xpIC15DQplY2hvIExvZ2luIHRvIGF6dXJlIGNvbnRhaW5lciByZWdpc3RyeSBmb3Igcm9vdA0KYXogYWNyIGxvZ2luIC0tbmFtZSBjY3NjYW4gLS11c2VybmFtZSBjY3NjYW4gLS1wYXNzd29yZCAiRytuZTRvPU9mTE9ubDU0VmtiZUZZTzBVK0FCMnhRUmMiDQplY2hvIExvZ2luIHRvIGF6dXJlIGNvbnRhaW5lciByZWdpc3RyeSBmb3IgY29uY05vZGVWTXVzZXIgDQpzdWRvIC11IGNvbmNOb2RlVk11c2VyIGF6IGFjciBsb2dpbiAtLW5hbWUgY2NzY2FuIC0tdXNlcm5hbWUgY2NzY2FuIC0tcGFzc3dvcmQgIkcrbmU0bz1PZkxPbmw1NFZrYmVGWU8wVStBQjJ4UVJjIg0KDQoNCiMgc2V0IHVwIGRpc2NyZXRlIGRvY2tlciBuZXR3b3JrcyBmb3IgbWFpbiBhbmQgdGVzdG5ldA0KZG9ja2VyIG5ldHdvcmsgY3JlYXRlIC1kIGJyaWRnZSBtYWlubmV0RG9ja2VyDQpkb2NrZXIgbmV0d29yayBjcmVhdGUgLWQgYnJpZGdlIHRlc3RuZXREb2NrZXINCg0KDQojIFNldCB1cCBDb25jb3JkaXVtIG5vZGUgY29udGFpbmVycw0KZG9ja2VyIHJ1biAtdGQgXA0KIC1wIDEwMDAwOjEwMDAwIFwNCiAtcCA4ODg4Ojg4ODggXA0KIC0tbmV0d29yaz1tYWlubmV0RG9ja2VyICBcDQogLS1uYW1lIGNjbm9kZS1tYWlubmV0ICBcDQogLS1ob3N0bmFtZSBjY25vZGUgXA0KIC1lIENPTkNPUkRJVU1fTk9ERV9DT0xMRUNUT1JfTk9ERV9OQU1FPUZUQi10ZXN0IFwNCiAtZSBDT05DT1JESVVNX05PREVfUlBDX1NFUlZFUl9UT0tFTj1GVEJncnBjMjAyMSAgXA0KIC1lIENPTkNPUkRJVU1fTk9ERV9DT0xMRUNUT1JfR1JQQ19BVVRIRU5USUNBVElPTl9UT0tFTj1GVEJncnBjMjAyMSAgXA0KIC1lIENPTkNPUkRJVU1fTk9ERV9MSVNURU5fUE9SVD04ODg4IFwNCiAtdiAvZGF0YS9jb25jb3JkaXVtLm1haW5uZXQ6L3Zhci9saWIvY29uY29yZGl1bS9kYXRhIFwNCiBjY3NjYW4uYXp1cmVjci5pby9jY25vZGUtbWFpbm5ldDozLjAuMS0wDQoNCmRvY2tlciBydW4gLXRkICBcDQogLXAgMTAxMTE6MTAwMDAgXA0KIC1wIDE4ODg4OjE4ODg4IFwNCiAtLW5ldHdvcms9dGVzdG5ldERvY2tlciBcDQogLS1uYW1lIGNjbm9kZS10ZXN0bmV0IFwNCiAtLWhvc3RuYW1lIGNjbm9kZSBcDQogLWUgQ09OQ09SRElVTV9OT0RFX0NPTExFQ1RPUl9OT0RFX05BTUU9RlRCLXRlc3QgXA0KIC1lIENPTkNPUkRJVU1fTk9ERV9SUENfU0VSVkVSX1RPS0VOPUZUQmdycGMyMDIxIFwNCiAtZSBDT05DT1JESVVNX05PREVfQ09MTEVDVE9SX0dSUENfQVVUSEVOVElDQVRJT05fVE9LRU49RlRCZ3JwYzIwMjEgXA0KIC1lIENPTkNPUkRJVU1fTk9ERV9MSVNURU5fUE9SVD0xODg4OCBcDQogLXYgL2RhdGEvY29uY29yZGl1bS50ZXN0bmV0Oi92YXIvbGliL2NvbmNvcmRpdW0vZGF0YSBcDQogY2NzY2FuLmF6dXJlY3IuaW8vY2Nub2RlLXRlc3RuZXQ6My4wLjEtMA0KDQoNCiMgU2V0IHVwIGJhY2tlbmQgY29udGFpbmVycw0KZG9ja2VyIHJ1biAtdGQgXA0KICAtcCA1MDAwOjUwMDAgXA0KICAtLW5ldHdvcms9bWFpbm5ldERvY2tlciBcDQogIC0tcmVzdGFydD1vbi1mYWlsdXJlOjMgXA0KICAtLW5hbWUgYmFja2VuZC1tYWlubmV0IFwNCiAgLWUgUG9zdGdyZXNEYXRhYmFzZTpDb25uZWN0aW9uU3RyaW5nPSJIb3N0PXBnLXNzLnBvc3RncmVzLmRhdGFiYXNlLmF6dXJlLmNvbTtQb3J0PTU0MzI7RGF0YWJhc2U9Y2NzY2FuLW1haW5uZXQ7VXNlciBJRD1wb3N0Z3Jlc0BwZy1zcztwYXNzd29yZD1wYXNzd29yZEZUQjIwMjE7U1NMIE1vZGU9UmVxdWlyZTtUcnVzdCBTZXJ2ZXIgQ2VydGlmaWNhdGU9dHJ1ZSIgXA0KICAtdiAvZGF0YS9iYWNrZW5kLWxvZ3MubWFpbm5ldDovYXBwL2xvZ3MgXA0KICBjY3NjYW4uYXp1cmVjci5pby9iYWNrZW5kLnRlc3Q6bGF0ZXN0IA0KDQpkb2NrZXIgcnVuIC10ZCBcDQogIC1wIDUwMDE6NTAwMCBcDQogIC0tbmV0d29yaz10ZXN0bmV0RG9ja2VyIFwNCiAgLS1yZXN0YXJ0PW9uLWZhaWx1cmU6MyBcDQogIC0tbmFtZSBiYWNrZW5kLXRlc3RuZXQgXA0KICAtZSBQb3N0Z3Jlc0RhdGFiYXNlOkNvbm5lY3Rpb25TdHJpbmc9Ikhvc3Q9cGctc3MucG9zdGdyZXMuZGF0YWJhc2UuYXp1cmUuY29tO1BvcnQ9NTQzMjtEYXRhYmFzZT1jY3NjYW4tdGVzdG5ldDtVc2VyIElEPXBvc3RncmVzQHBnLXNzO3Bhc3N3b3JkPXBhc3N3b3JkRlRCMjAyMTtTU0wgTW9kZT1SZXF1aXJlO1RydXN0IFNlcnZlciBDZXJ0aWZpY2F0ZT10cnVlIiBcDQogIC12IC9kYXRhL2JhY2tlbmQtbG9ncy50ZXN0bmV0Oi9hcHAvbG9ncyBcDQogIGNjc2Nhbi5henVyZWNyLmlvL2JhY2tlbmQudGVzdDpsYXRlc3QgDQoNCg0KIyBTZXQgdXAgd2F0Y2h0b3dlciBjb250YWluZXIgDQpkb2NrZXIgcnVuIC1kIFwNCiAgLS1uYW1lIHdhdGNodG93ZXIgXA0KICAtdiAvdmFyL3J1bi9kb2NrZXIuc29jazovdmFyL3J1bi9kb2NrZXIuc29jayBcDQogIC12IC9ob21lL2NvbmNOb2RlVk11c2VyLy5kb2NrZXIvY29uZmlnLmpzb246L2NvbmZpZy5qc29uIFwNCiAgLWUgV0FUQ0hUT1dFUl9JTkNMVURFX1NUT1BQRUQ9dHJ1ZSBcDQogIC1lIFdBVENIVE9XRVJfUkVWSVZFX1NUT1BQRUQ9dHJ1ZSBcDQogIC1lIFdBVENIVE9XRVJfUE9MTF9JTlRFUlZBTD02MCBcDQogIC1lIFdBVENIVE9XRVJfTk9USUZJQ0FUSU9OUz1zbGFjayBcDQogIC1lIFdBVENIVE9XRVJfTk9USUZJQ0FUSU9OX1NMQUNLX0hPT0tfVVJMPSJodHRwczovL2hvb2tzLnNsYWNrLmNvbS9zZXJ2aWNlcy9UMDFSODQ5NlhVNS9CMDJRWEhFM0VGMy9kMFI0WDE2aGVZSzFwMDJqaDRmN2xWY24iIFwNCiAgLWUgV0FUQ0hUT1dFUl9OT1RJRklDQVRJT05fU0xBQ0tfSURFTlRJRklFUj13YXRjaHRvd2VyLXRlc3QgXA0KICAtZSBXQVRDSFRPV0VSX05PVElGSUNBVElPTl9TTEFDS19DSEFOTkVMPSNjY3NjYW4tc2VydmljZWJvdHMgXA0KICBjb250YWlucnJyL3dhdGNodG93ZXIgXA0KICBiYWNrZW5kLXRlc3RuZXQgYmFja2VuZC1tYWlubmV0DQoNCmVjaG8gRW50cnlwb2ludCBzY3JpcHQgZmluaXNoZWQuLi4=",
            "dedicated_host_id": "",
            "disable_password_authentication": true,
            "encryption_at_host_enabled": false,
            "eviction_policy": "",
            "extensions_time_budget": "PT1H30M",
            "id": "/subscriptions/353e8b06-f9df-482d-9834-0f7a6d733e46/resourceGroups/ccscan-env-test/providers/Microsoft.Compute/virtualMachines/vm",
            "identity": [],
            "license_type": "",
            "location": "northeurope",
            "max_bid_price": -1,
            "name": "vm",
            "network_interface_ids": [
              "/subscriptions/353e8b06-f9df-482d-9834-0f7a6d733e46/resourceGroups/ccscan-env-test/providers/Microsoft.Network/networkInterfaces/vm-nic"
            ],
            "os_disk": [
              {
                "caching": "ReadWrite",
                "diff_disk_settings": [],
                "disk_encryption_set_id": "",
                "disk_size_gb": 30,
                "name": "vm_disk_os",
                "storage_account_type": "Premium_LRS",
                "write_accelerator_enabled": false
              }
            ],
            "patch_mode": "ImageDefault",
            "plan": [],
            "platform_fault_domain": -1,
            "priority": "Regular",
            "private_ip_address": "10.0.1.4",
            "private_ip_addresses": [
              "10.0.1.4"
            ],
            "provision_vm_agent": true,
            "proximity_placement_group_id": "",
            "public_ip_address": "65.52.230.246",
            "public_ip_addresses": [
              "65.52.230.246"
            ],
            "resource_group_name": "ccscan-env-test",
            "secret": [],
            "secure_boot_enabled": false,
            "size": "Standard_B4ms",
            "source_image_id": "",
            "source_image_reference": [
              {
                "offer": "0001-com-ubuntu-server-focal-daily",
                "publisher": "Canonical",
                "sku": "20_04-daily-lts-gen2",
                "version": "latest"
              }
            ],
            "tags": {
              "environment": "test"
            },
            "timeouts": null,
            "user_data": "",
            "virtual_machine_id": "f93065f6-14ba-4179-8a43-fdcbb2654934",
            "virtual_machine_scale_set_id": "",
            "vtpm_enabled": false,
            "zone": ""
          },
          "sensitive_attributes": [],
          "private": "eyJlMmJmYjczMC1lY2FhLTExZTYtOGY4OC0zNDM2M2JjN2M0YzAiOnsiY3JlYXRlIjoyNzAwMDAwMDAwMDAwLCJkZWxldGUiOjI3MDAwMDAwMDAwMDAsInJlYWQiOjMwMDAwMDAwMDAwMCwidXBkYXRlIjoyNzAwMDAwMDAwMDAwfX0=",
          "dependencies": [
            "azurerm_network_interface.vm",
            "azurerm_public_ip.vm",
            "azurerm_resource_group.this",
            "azurerm_subnet.backend",
            "azurerm_virtual_network.this",
            "data.azurerm_ssh_public_key.ssh_vm"
          ]
        }
      ]
    },
    {
      "mode": "managed",
      "type": "azurerm_managed_disk",
      "name": "vm_data",
      "provider": "provider[\"registry.terraform.io/hashicorp/azurerm\"]",
      "instances": [
        {
          "schema_version": 0,
          "attributes": {
            "create_option": "Empty",
            "disk_access_id": "",
            "disk_encryption_set_id": "",
            "disk_iops_read_only": 0,
            "disk_iops_read_write": 500,
            "disk_mbps_read_only": 0,
            "disk_mbps_read_write": 60,
            "disk_size_gb": 128,
            "encryption_settings": [],
            "gallery_image_reference_id": "",
            "hyper_v_generation": "",
            "id": "/subscriptions/353e8b06-f9df-482d-9834-0f7a6d733e46/resourceGroups/ccscan-env-test/providers/Microsoft.Compute/disks/vm_disk_data_f93065f6-14ba-4179-8a43-fdcbb2654934",
            "image_reference_id": "",
            "location": "northeurope",
            "logical_sector_size": null,
            "max_shares": 0,
            "name": "vm_disk_data_f93065f6-14ba-4179-8a43-fdcbb2654934",
            "network_access_policy": null,
            "on_demand_bursting_enabled": false,
            "os_type": "",
            "public_network_access_enabled": true,
            "resource_group_name": "ccscan-env-test",
            "source_resource_id": "",
            "source_uri": "",
            "storage_account_id": "",
            "storage_account_type": "StandardSSD_LRS",
            "tags": {
              "environment": "test"
            },
            "tier": "",
            "timeouts": null,
            "trusted_launch_enabled": false,
            "zones": []
          },
          "sensitive_attributes": [],
          "private": "eyJlMmJmYjczMC1lY2FhLTExZTYtOGY4OC0zNDM2M2JjN2M0YzAiOnsiY3JlYXRlIjoxODAwMDAwMDAwMDAwLCJkZWxldGUiOjE4MDAwMDAwMDAwMDAsInJlYWQiOjMwMDAwMDAwMDAwMCwidXBkYXRlIjoxODAwMDAwMDAwMDAwfX0=",
          "dependencies": [
            "azurerm_linux_virtual_machine.vm",
            "azurerm_network_interface.vm",
            "azurerm_public_ip.vm",
            "azurerm_resource_group.this",
            "azurerm_subnet.backend",
            "azurerm_virtual_network.this",
            "data.azurerm_ssh_public_key.ssh_vm"
          ]
        }
      ]
    },
    {
      "mode": "managed",
      "type": "azurerm_network_interface",
      "name": "vm",
      "provider": "provider[\"registry.terraform.io/hashicorp/azurerm\"]",
      "instances": [
        {
          "schema_version": 0,
          "attributes": {
            "applied_dns_servers": [],
            "dns_servers": [],
            "enable_accelerated_networking": false,
            "enable_ip_forwarding": false,
            "id": "/subscriptions/353e8b06-f9df-482d-9834-0f7a6d733e46/resourceGroups/ccscan-env-test/providers/Microsoft.Network/networkInterfaces/vm-nic",
            "internal_dns_name_label": "",
            "internal_domain_name_suffix": "fuimort4xbwe3icn5icg0trjzg.fx.internal.cloudapp.net",
            "ip_configuration": [
              {
                "gateway_load_balancer_frontend_ip_configuration_id": "",
                "name": "ipc-vm",
                "primary": true,
                "private_ip_address": "10.0.1.4",
                "private_ip_address_allocation": "Dynamic",
                "private_ip_address_version": "IPv4",
                "public_ip_address_id": "/subscriptions/353e8b06-f9df-482d-9834-0f7a6d733e46/resourceGroups/ccscan-env-test/providers/Microsoft.Network/publicIPAddresses/vm-nic-pip",
                "subnet_id": "/subscriptions/353e8b06-f9df-482d-9834-0f7a6d733e46/resourceGroups/ccscan-env-test/providers/Microsoft.Network/virtualNetworks/vnet/subnets/snet-backend"
              }
            ],
            "location": "northeurope",
            "mac_address": "00-22-48-9B-91-C3",
            "name": "vm-nic",
            "private_ip_address": "10.0.1.4",
            "private_ip_addresses": [
              "10.0.1.4"
            ],
            "resource_group_name": "ccscan-env-test",
            "tags": {
              "environment": "test"
            },
            "timeouts": null,
            "virtual_machine_id": "/subscriptions/353e8b06-f9df-482d-9834-0f7a6d733e46/resourceGroups/ccscan-env-test/providers/Microsoft.Compute/virtualMachines/vm"
          },
          "sensitive_attributes": [],
          "private": "eyJlMmJmYjczMC1lY2FhLTExZTYtOGY4OC0zNDM2M2JjN2M0YzAiOnsiY3JlYXRlIjoxODAwMDAwMDAwMDAwLCJkZWxldGUiOjE4MDAwMDAwMDAwMDAsInJlYWQiOjMwMDAwMDAwMDAwMCwidXBkYXRlIjoxODAwMDAwMDAwMDAwfX0=",
          "dependencies": [
            "azurerm_public_ip.vm",
            "azurerm_resource_group.this",
            "azurerm_subnet.backend",
            "azurerm_virtual_network.this"
          ]
        }
      ]
    },
    {
      "mode": "managed",
      "type": "azurerm_network_interface_application_gateway_backend_address_pool_association",
      "name": "vm",
      "provider": "provider[\"registry.terraform.io/hashicorp/azurerm\"]",
      "instances": [
        {
          "schema_version": 0,
          "attributes": {
            "backend_address_pool_id": "/subscriptions/353e8b06-f9df-482d-9834-0f7a6d733e46/resourceGroups/ccscan-env-test/providers/Microsoft.Network/applicationGateways/app-gateway/backendAddressPools/app-gateway-backends",
            "id": "/subscriptions/353e8b06-f9df-482d-9834-0f7a6d733e46/resourceGroups/ccscan-env-test/providers/Microsoft.Network/networkInterfaces/vm-nic/ipConfigurations/ipc-vm|/subscriptions/353e8b06-f9df-482d-9834-0f7a6d733e46/resourceGroups/ccscan-env-test/providers/Microsoft.Network/applicationGateways/app-gateway/backendAddressPools/app-gateway-backends",
            "ip_configuration_name": "ipc-vm",
            "network_interface_id": "/subscriptions/353e8b06-f9df-482d-9834-0f7a6d733e46/resourceGroups/ccscan-env-test/providers/Microsoft.Network/networkInterfaces/vm-nic",
            "timeouts": null
          },
          "sensitive_attributes": [],
          "private": "eyJlMmJmYjczMC1lY2FhLTExZTYtOGY4OC0zNDM2M2JjN2M0YzAiOnsiY3JlYXRlIjoxODAwMDAwMDAwMDAwLCJkZWxldGUiOjE4MDAwMDAwMDAwMDAsInJlYWQiOjMwMDAwMDAwMDAwMCwidXBkYXRlIjoxODAwMDAwMDAwMDAwfX0=",
          "dependencies": [
            "azurerm_application_gateway.this",
            "azurerm_network_interface.vm",
            "azurerm_public_ip.app-gw",
            "azurerm_public_ip.vm",
            "azurerm_resource_group.this",
            "azurerm_subnet.backend",
            "azurerm_subnet.frontend",
            "azurerm_virtual_network.this",
            "data.azurerm_key_vault.ccscan",
            "data.azurerm_key_vault_secret.ssl-cert-data",
            "data.azurerm_key_vault_secret.ssl-cert-password"
          ]
        }
      ]
    },
    {
      "mode": "managed",
      "type": "azurerm_network_interface_security_group_association",
      "name": "vm_nic",
      "provider": "provider[\"registry.terraform.io/hashicorp/azurerm\"]",
      "instances": [
        {
          "schema_version": 0,
          "attributes": {
            "id": "/subscriptions/353e8b06-f9df-482d-9834-0f7a6d733e46/resourceGroups/ccscan-env-test/providers/Microsoft.Network/networkInterfaces/vm-nic|/subscriptions/353e8b06-f9df-482d-9834-0f7a6d733e46/resourceGroups/ccscan-env-test/providers/Microsoft.Network/networkSecurityGroups/vm-nic-nsg",
            "network_interface_id": "/subscriptions/353e8b06-f9df-482d-9834-0f7a6d733e46/resourceGroups/ccscan-env-test/providers/Microsoft.Network/networkInterfaces/vm-nic",
            "network_security_group_id": "/subscriptions/353e8b06-f9df-482d-9834-0f7a6d733e46/resourceGroups/ccscan-env-test/providers/Microsoft.Network/networkSecurityGroups/vm-nic-nsg",
            "timeouts": null
          },
          "sensitive_attributes": [],
          "private": "eyJlMmJmYjczMC1lY2FhLTExZTYtOGY4OC0zNDM2M2JjN2M0YzAiOnsiY3JlYXRlIjoxODAwMDAwMDAwMDAwLCJkZWxldGUiOjE4MDAwMDAwMDAwMDAsInJlYWQiOjMwMDAwMDAwMDAwMCwidXBkYXRlIjoxODAwMDAwMDAwMDAwfX0=",
          "dependencies": [
            "azurerm_network_interface.vm",
            "azurerm_network_security_group.this",
            "azurerm_public_ip.vm",
            "azurerm_resource_group.this",
            "azurerm_subnet.backend",
            "azurerm_virtual_network.this"
          ]
        }
      ]
    },
    {
      "mode": "managed",
      "type": "azurerm_network_security_group",
      "name": "this",
      "provider": "provider[\"registry.terraform.io/hashicorp/azurerm\"]",
      "instances": [
        {
          "schema_version": 0,
          "attributes": {
            "id": "/subscriptions/353e8b06-f9df-482d-9834-0f7a6d733e46/resourceGroups/ccscan-env-test/providers/Microsoft.Network/networkSecurityGroups/vm-nic-nsg",
            "location": "northeurope",
            "name": "vm-nic-nsg",
            "resource_group_name": "ccscan-env-test",
            "security_rule": [
              {
                "access": "Allow",
                "description": "",
                "destination_address_prefix": "*",
                "destination_address_prefixes": [],
                "destination_application_security_group_ids": [],
                "destination_port_range": "10000",
                "destination_port_ranges": [],
                "direction": "Inbound",
                "name": "Conc_GRPC",
                "priority": 1004,
                "protocol": "Tcp",
                "source_address_prefix": "*",
                "source_address_prefixes": [],
                "source_application_security_group_ids": [],
                "source_port_range": "*",
                "source_port_ranges": []
              },
              {
                "access": "Allow",
                "description": "",
                "destination_address_prefix": "*",
                "destination_address_prefixes": [],
                "destination_application_security_group_ids": [],
                "destination_port_range": "10111",
                "destination_port_ranges": [],
                "direction": "Inbound",
                "name": "Conc_GRPC_test",
                "priority": 1005,
                "protocol": "Tcp",
                "source_address_prefix": "*",
                "source_address_prefixes": [],
                "source_application_security_group_ids": [],
                "source_port_range": "*",
                "source_port_ranges": []
              },
              {
                "access": "Allow",
                "description": "",
                "destination_address_prefix": "*",
                "destination_address_prefixes": [],
                "destination_application_security_group_ids": [],
                "destination_port_range": "18888",
                "destination_port_ranges": [],
                "direction": "Inbound",
                "name": "Conc_P2PTestnet",
                "priority": 1003,
                "protocol": "Tcp",
                "source_address_prefix": "*",
                "source_address_prefixes": [],
                "source_application_security_group_ids": [],
                "source_port_range": "*",
                "source_port_ranges": []
              },
              {
                "access": "Allow",
                "description": "",
                "destination_address_prefix": "*",
                "destination_address_prefixes": [],
                "destination_application_security_group_ids": [],
                "destination_port_range": "22",
                "destination_port_ranges": [],
                "direction": "Inbound",
                "name": "SSH",
                "priority": 1001,
                "protocol": "Tcp",
                "source_address_prefix": "*",
                "source_address_prefixes": [],
                "source_application_security_group_ids": [],
                "source_port_range": "*",
                "source_port_ranges": []
              },
              {
                "access": "Allow",
                "description": "",
                "destination_address_prefix": "*",
                "destination_address_prefixes": [],
                "destination_application_security_group_ids": [],
                "destination_port_range": "5000",
                "destination_port_ranges": [],
                "direction": "Inbound",
                "name": "http-server",
                "priority": 1007,
                "protocol": "Tcp",
                "source_address_prefix": "*",
                "source_address_prefixes": [],
                "source_application_security_group_ids": [],
                "source_port_range": "*",
                "source_port_ranges": []
              },
              {
                "access": "Allow",
                "description": "",
                "destination_address_prefix": "*",
                "destination_address_prefixes": [],
                "destination_application_security_group_ids": [],
                "destination_port_range": "5001",
                "destination_port_ranges": [],
                "direction": "Inbound",
                "name": "http-server_testnet",
                "priority": 1008,
                "protocol": "Tcp",
                "source_address_prefix": "*",
                "source_address_prefixes": [],
                "source_application_security_group_ids": [],
                "source_port_range": "*",
                "source_port_ranges": []
              },
              {
                "access": "Allow",
                "description": "",
                "destination_address_prefix": "*",
                "destination_address_prefixes": [],
                "destination_application_security_group_ids": [],
                "destination_port_range": "5432",
                "destination_port_ranges": [],
                "direction": "Inbound",
                "name": "POSTGRES",
                "priority": 1006,
                "protocol": "Tcp",
                "source_address_prefix": "*",
                "source_address_prefixes": [],
                "source_application_security_group_ids": [],
                "source_port_range": "*",
                "source_port_ranges": []
              },
              {
                "access": "Allow",
                "description": "",
                "destination_address_prefix": "*",
                "destination_address_prefixes": [],
                "destination_application_security_group_ids": [],
                "destination_port_range": "8888",
                "destination_port_ranges": [],
                "direction": "Inbound",
                "name": "Conc_P2P",
                "priority": 1002,
                "protocol": "Tcp",
                "source_address_prefix": "*",
                "source_address_prefixes": [],
                "source_application_security_group_ids": [],
                "source_port_range": "*",
                "source_port_ranges": []
              }
            ],
            "tags": {
              "environment": "test"
            },
            "timeouts": null
          },
          "sensitive_attributes": [],
          "private": "eyJlMmJmYjczMC1lY2FhLTExZTYtOGY4OC0zNDM2M2JjN2M0YzAiOnsiY3JlYXRlIjoxODAwMDAwMDAwMDAwLCJkZWxldGUiOjE4MDAwMDAwMDAwMDAsInJlYWQiOjMwMDAwMDAwMDAwMCwidXBkYXRlIjoxODAwMDAwMDAwMDAwfX0=",
          "dependencies": [
            "azurerm_resource_group.this"
          ]
        }
      ]
    },
    {
      "mode": "managed",
      "type": "azurerm_postgresql_firewall_rule",
      "name": "vm",
      "provider": "provider[\"registry.terraform.io/hashicorp/azurerm\"]",
      "instances": [
        {
          "schema_version": 0,
          "attributes": {
            "end_ip_address": "65.52.230.246",
            "id": "/subscriptions/353e8b06-f9df-482d-9834-0f7a6d733e46/resourceGroups/ccscan-env-test/providers/Microsoft.DBforPostgreSQL/servers/pg-ss/firewallRules/vm",
            "name": "vm",
            "resource_group_name": "ccscan-env-test",
            "server_name": "pg-ss",
            "start_ip_address": "65.52.230.246",
            "timeouts": null
          },
          "sensitive_attributes": [],
          "private": "eyJlMmJmYjczMC1lY2FhLTExZTYtOGY4OC0zNDM2M2JjN2M0YzAiOnsiY3JlYXRlIjoxODAwMDAwMDAwMDAwLCJkZWxldGUiOjE4MDAwMDAwMDAwMDAsInJlYWQiOjMwMDAwMDAwMDAwMCwidXBkYXRlIjoxODAwMDAwMDAwMDAwfX0=",
          "dependencies": [
            "azurerm_postgresql_server.this",
            "azurerm_public_ip.vm",
            "azurerm_resource_group.this"
          ]
        }
      ]
    },
    {
      "mode": "managed",
      "type": "azurerm_postgresql_server",
      "name": "this",
      "provider": "provider[\"registry.terraform.io/hashicorp/azurerm\"]",
      "instances": [
        {
          "schema_version": 0,
          "attributes": {
            "administrator_login": "postgres",
            "administrator_login_password": "passwordFTB2021",
            "auto_grow_enabled": true,
            "backup_retention_days": 7,
            "create_mode": "Default",
            "creation_source_server_id": null,
            "fqdn": "pg-ss.postgres.database.azure.com",
            "geo_redundant_backup_enabled": false,
            "id": "/subscriptions/353e8b06-f9df-482d-9834-0f7a6d733e46/resourceGroups/ccscan-env-test/providers/Microsoft.DBforPostgreSQL/servers/pg-ss",
            "identity": [],
            "infrastructure_encryption_enabled": false,
            "location": "northeurope",
            "name": "pg-ss",
            "public_network_access_enabled": true,
            "resource_group_name": "ccscan-env-test",
            "restore_point_in_time": null,
            "sku_name": "B_Gen5_1",
            "ssl_enforcement": "Enabled",
            "ssl_enforcement_enabled": true,
            "ssl_minimal_tls_version_enforced": "TLS1_2",
            "storage_mb": 131072,
            "storage_profile": [
              {
                "auto_grow": "Enabled",
                "backup_retention_days": 7,
                "geo_redundant_backup": "Disabled",
                "storage_mb": 131072
              }
            ],
            "tags": {
              "environment": "test"
            },
            "threat_detection_policy": [],
            "timeouts": null,
            "version": "11"
          },
          "sensitive_attributes": [],
          "private": "eyJlMmJmYjczMC1lY2FhLTExZTYtOGY4OC0zNDM2M2JjN2M0YzAiOnsiY3JlYXRlIjozNjAwMDAwMDAwMDAwLCJkZWxldGUiOjM2MDAwMDAwMDAwMDAsInJlYWQiOjMwMDAwMDAwMDAwMCwidXBkYXRlIjozNjAwMDAwMDAwMDAwfX0=",
          "dependencies": [
            "azurerm_resource_group.this"
          ]
        }
      ]
    },
    {
      "mode": "managed",
      "type": "azurerm_public_ip",
      "name": "app-gw",
      "provider": "provider[\"registry.terraform.io/hashicorp/azurerm\"]",
      "instances": [
        {
          "schema_version": 0,
          "attributes": {
            "allocation_method": "Dynamic",
            "availability_zone": "No-Zone",
            "domain_name_label": "test-ccdscan-api",
            "fqdn": "test-ccdscan-api.northeurope.cloudapp.azure.com",
            "id": "/subscriptions/353e8b06-f9df-482d-9834-0f7a6d733e46/resourceGroups/ccscan-env-test/providers/Microsoft.Network/publicIPAddresses/app-gateway-pip",
            "idle_timeout_in_minutes": 4,
            "ip_address": "168.63.36.161",
            "ip_tags": {},
            "ip_version": "IPv4",
            "location": "northeurope",
            "name": "app-gateway-pip",
            "public_ip_prefix_id": null,
            "resource_group_name": "ccscan-env-test",
            "reverse_fqdn": "",
            "sku": "Basic",
            "sku_tier": "Regional",
            "tags": {
              "environment": "test"
            },
            "timeouts": null,
            "zones": []
          },
          "sensitive_attributes": [],
          "private": "eyJlMmJmYjczMC1lY2FhLTExZTYtOGY4OC0zNDM2M2JjN2M0YzAiOnsiY3JlYXRlIjoxODAwMDAwMDAwMDAwLCJkZWxldGUiOjE4MDAwMDAwMDAwMDAsInJlYWQiOjMwMDAwMDAwMDAwMCwidXBkYXRlIjoxODAwMDAwMDAwMDAwfX0=",
          "dependencies": [
            "azurerm_resource_group.this"
          ]
        }
      ]
    },
    {
      "mode": "managed",
      "type": "azurerm_public_ip",
      "name": "vm",
      "provider": "provider[\"registry.terraform.io/hashicorp/azurerm\"]",
      "instances": [
        {
          "schema_version": 0,
          "attributes": {
            "allocation_method": "Static",
            "availability_zone": "No-Zone",
            "domain_name_label": "test-ccdscan-vm",
            "fqdn": "test-ccdscan-vm.northeurope.cloudapp.azure.com",
            "id": "/subscriptions/353e8b06-f9df-482d-9834-0f7a6d733e46/resourceGroups/ccscan-env-test/providers/Microsoft.Network/publicIPAddresses/vm-nic-pip",
            "idle_timeout_in_minutes": 4,
            "ip_address": "65.52.230.246",
            "ip_tags": {},
            "ip_version": "IPv4",
            "location": "northeurope",
            "name": "vm-nic-pip",
            "public_ip_prefix_id": null,
            "resource_group_name": "ccscan-env-test",
            "reverse_fqdn": "",
            "sku": "Basic",
            "sku_tier": "Regional",
            "tags": {
              "environment": "test"
            },
            "timeouts": null,
            "zones": []
          },
          "sensitive_attributes": [],
          "private": "eyJlMmJmYjczMC1lY2FhLTExZTYtOGY4OC0zNDM2M2JjN2M0YzAiOnsiY3JlYXRlIjoxODAwMDAwMDAwMDAwLCJkZWxldGUiOjE4MDAwMDAwMDAwMDAsInJlYWQiOjMwMDAwMDAwMDAwMCwidXBkYXRlIjoxODAwMDAwMDAwMDAwfX0=",
          "dependencies": [
            "azurerm_resource_group.this"
          ]
        }
      ]
    },
    {
      "mode": "managed",
      "type": "azurerm_resource_group",
      "name": "this",
      "provider": "provider[\"registry.terraform.io/hashicorp/azurerm\"]",
      "instances": [
        {
          "schema_version": 0,
          "attributes": {
            "id": "/subscriptions/353e8b06-f9df-482d-9834-0f7a6d733e46/resourceGroups/ccscan-env-test",
            "location": "northeurope",
            "name": "ccscan-env-test",
            "tags": {
              "environment": "test"
            },
            "timeouts": null
          },
          "sensitive_attributes": [],
          "private": "eyJlMmJmYjczMC1lY2FhLTExZTYtOGY4OC0zNDM2M2JjN2M0YzAiOnsiY3JlYXRlIjo1NDAwMDAwMDAwMDAwLCJkZWxldGUiOjU0MDAwMDAwMDAwMDAsInJlYWQiOjMwMDAwMDAwMDAwMCwidXBkYXRlIjo1NDAwMDAwMDAwMDAwfX0="
        }
      ]
    },
    {
      "mode": "managed",
      "type": "azurerm_subnet",
      "name": "backend",
      "provider": "provider[\"registry.terraform.io/hashicorp/azurerm\"]",
      "instances": [
        {
          "schema_version": 0,
          "attributes": {
            "address_prefix": "10.0.1.0/24",
            "address_prefixes": [
              "10.0.1.0/24"
            ],
            "delegation": [],
            "enforce_private_link_endpoint_network_policies": false,
            "enforce_private_link_service_network_policies": false,
            "id": "/subscriptions/353e8b06-f9df-482d-9834-0f7a6d733e46/resourceGroups/ccscan-env-test/providers/Microsoft.Network/virtualNetworks/vnet/subnets/snet-backend",
            "name": "snet-backend",
            "resource_group_name": "ccscan-env-test",
            "service_endpoint_policy_ids": [],
            "service_endpoints": [],
            "timeouts": null,
            "virtual_network_name": "vnet"
          },
          "sensitive_attributes": [],
          "private": "eyJlMmJmYjczMC1lY2FhLTExZTYtOGY4OC0zNDM2M2JjN2M0YzAiOnsiY3JlYXRlIjoxODAwMDAwMDAwMDAwLCJkZWxldGUiOjE4MDAwMDAwMDAwMDAsInJlYWQiOjMwMDAwMDAwMDAwMCwidXBkYXRlIjoxODAwMDAwMDAwMDAwfX0=",
          "dependencies": [
            "azurerm_resource_group.this",
            "azurerm_virtual_network.this"
          ]
        }
      ]
    },
    {
      "mode": "managed",
      "type": "azurerm_subnet",
      "name": "frontend",
      "provider": "provider[\"registry.terraform.io/hashicorp/azurerm\"]",
      "instances": [
        {
          "schema_version": 0,
          "attributes": {
            "address_prefix": "10.0.0.0/24",
            "address_prefixes": [
              "10.0.0.0/24"
            ],
            "delegation": [],
            "enforce_private_link_endpoint_network_policies": false,
            "enforce_private_link_service_network_policies": false,
            "id": "/subscriptions/353e8b06-f9df-482d-9834-0f7a6d733e46/resourceGroups/ccscan-env-test/providers/Microsoft.Network/virtualNetworks/vnet/subnets/snet-frontend",
            "name": "snet-frontend",
            "resource_group_name": "ccscan-env-test",
            "service_endpoint_policy_ids": [],
            "service_endpoints": [],
            "timeouts": null,
            "virtual_network_name": "vnet"
          },
          "sensitive_attributes": [],
          "private": "eyJlMmJmYjczMC1lY2FhLTExZTYtOGY4OC0zNDM2M2JjN2M0YzAiOnsiY3JlYXRlIjoxODAwMDAwMDAwMDAwLCJkZWxldGUiOjE4MDAwMDAwMDAwMDAsInJlYWQiOjMwMDAwMDAwMDAwMCwidXBkYXRlIjoxODAwMDAwMDAwMDAwfX0=",
          "dependencies": [
            "azurerm_resource_group.this",
            "azurerm_virtual_network.this"
          ]
        }
      ]
    },
    {
      "mode": "managed",
      "type": "azurerm_virtual_machine_data_disk_attachment",
      "name": "vm_data",
      "provider": "provider[\"registry.terraform.io/hashicorp/azurerm\"]",
      "instances": [
        {
          "schema_version": 0,
          "attributes": {
            "caching": "ReadWrite",
            "create_option": "Attach",
            "id": "/subscriptions/353e8b06-f9df-482d-9834-0f7a6d733e46/resourceGroups/ccscan-env-test/providers/Microsoft.Compute/virtualMachines/vm/dataDisks/vm_disk_data_f93065f6-14ba-4179-8a43-fdcbb2654934",
            "lun": 1,
            "managed_disk_id": "/subscriptions/353e8b06-f9df-482d-9834-0f7a6d733e46/resourceGroups/ccscan-env-test/providers/Microsoft.Compute/disks/vm_disk_data_f93065f6-14ba-4179-8a43-fdcbb2654934",
            "timeouts": null,
            "virtual_machine_id": "/subscriptions/353e8b06-f9df-482d-9834-0f7a6d733e46/resourceGroups/ccscan-env-test/providers/Microsoft.Compute/virtualMachines/vm",
            "write_accelerator_enabled": false
          },
          "sensitive_attributes": [],
          "private": "eyJlMmJmYjczMC1lY2FhLTExZTYtOGY4OC0zNDM2M2JjN2M0YzAiOnsiY3JlYXRlIjoxODAwMDAwMDAwMDAwLCJkZWxldGUiOjE4MDAwMDAwMDAwMDAsInJlYWQiOjMwMDAwMDAwMDAwMCwidXBkYXRlIjoxODAwMDAwMDAwMDAwfX0=",
          "dependencies": [
            "azurerm_linux_virtual_machine.vm",
            "azurerm_managed_disk.vm_data",
            "azurerm_network_interface.vm",
            "azurerm_public_ip.vm",
            "azurerm_resource_group.this",
            "azurerm_subnet.backend",
            "azurerm_virtual_network.this",
            "data.azurerm_ssh_public_key.ssh_vm"
          ]
        }
      ]
    },
    {
      "mode": "managed",
      "type": "azurerm_virtual_network",
      "name": "this",
      "provider": "provider[\"registry.terraform.io/hashicorp/azurerm\"]",
      "instances": [
        {
          "schema_version": 0,
          "attributes": {
            "address_space": [
              "10.0.0.0/16"
            ],
            "bgp_community": "",
            "ddos_protection_plan": [],
            "dns_servers": [],
            "flow_timeout_in_minutes": 0,
            "guid": "46c7102d-b87e-4e6c-a04d-fa046d4e29ce",
            "id": "/subscriptions/353e8b06-f9df-482d-9834-0f7a6d733e46/resourceGroups/ccscan-env-test/providers/Microsoft.Network/virtualNetworks/vnet",
            "location": "northeurope",
            "name": "vnet",
            "resource_group_name": "ccscan-env-test",
            "subnet": [
              {
                "address_prefix": "10.0.0.0/24",
                "id": "/subscriptions/353e8b06-f9df-482d-9834-0f7a6d733e46/resourceGroups/ccscan-env-test/providers/Microsoft.Network/virtualNetworks/vnet/subnets/snet-frontend",
                "name": "snet-frontend",
                "security_group": ""
              },
              {
                "address_prefix": "10.0.1.0/24",
                "id": "/subscriptions/353e8b06-f9df-482d-9834-0f7a6d733e46/resourceGroups/ccscan-env-test/providers/Microsoft.Network/virtualNetworks/vnet/subnets/snet-backend",
                "name": "snet-backend",
                "security_group": ""
              }
            ],
            "tags": {
              "environment": "test"
            },
            "timeouts": null,
            "vm_protection_enabled": false
          },
          "sensitive_attributes": [],
          "private": "eyJlMmJmYjczMC1lY2FhLTExZTYtOGY4OC0zNDM2M2JjN2M0YzAiOnsiY3JlYXRlIjoxODAwMDAwMDAwMDAwLCJkZWxldGUiOjE4MDAwMDAwMDAwMDAsInJlYWQiOjMwMDAwMDAwMDAwMCwidXBkYXRlIjoxODAwMDAwMDAwMDAwfX0=",
          "dependencies": [
            "azurerm_resource_group.this"
          ]
        }
      ]
    }
  ]
}
