{
  "version": 4,
  "terraform_version": "1.1.4",
  "serial": 688,
  "lineage": "cbd6c063-ceb9-2475-7ddd-fec965e21391",
  "outputs": {},
  "resources": [
    {
      "mode": "data",
      "type": "azurerm_container_registry",
      "name": "ccscan",
      "provider": "provider[\"registry.terraform.io/hashicorp/azurerm\"]",
      "instances": [
        {
          "schema_version": 0,
          "attributes": {
            "admin_enabled": true,
            "admin_password": "G+ne4o=OfLOnl54VkbeFYO0U+AB2xQRc",
            "admin_username": "ccscan",
            "id": "/subscriptions/353e8b06-f9df-482d-9834-0f7a6d733e46/resourceGroups/ccscan-docker-registry/providers/Microsoft.ContainerRegistry/registries/ccscan",
            "location": "northeurope",
            "login_server": "ccscan.azurecr.io",
            "name": "ccscan",
            "resource_group_name": "ccscan-docker-registry",
            "sku": "Basic",
            "storage_account_id": "",
            "tags": {},
            "timeouts": null
          },
          "sensitive_attributes": []
        }
      ]
    },
    {
      "mode": "data",
      "type": "azurerm_key_vault",
      "name": "ccscan",
      "provider": "provider[\"registry.terraform.io/hashicorp/azurerm\"]",
      "instances": [
        {
          "schema_version": 0,
          "attributes": {
            "access_policy": [
              {
                "application_id": "",
                "certificate_permissions": [
                  "Get",
                  "List",
                  "Update",
                  "Create",
                  "Import",
                  "Delete",
                  "Recover",
                  "Backup",
                  "Restore",
                  "ManageContacts",
                  "ManageIssuers",
                  "GetIssuers",
                  "ListIssuers",
                  "SetIssuers",
                  "DeleteIssuers"
                ],
                "key_permissions": [
                  "Get",
                  "List",
                  "Update",
                  "Create",
                  "Import",
                  "Delete",
                  "Recover",
                  "Backup",
                  "Restore"
                ],
                "object_id": "961b3ab5-550f-467d-bcee-05bc1f281e91",
                "secret_permissions": [
                  "Get",
                  "List",
                  "Set",
                  "Delete",
                  "Recover",
                  "Backup",
                  "Restore"
                ],
                "storage_permissions": [],
                "tenant_id": "d8887c7c-49ad-4af9-86e5-46450b21bcb7"
              }
            ],
            "enable_rbac_authorization": true,
            "enabled_for_deployment": false,
            "enabled_for_disk_encryption": false,
            "enabled_for_template_deployment": false,
            "id": "/subscriptions/353e8b06-f9df-482d-9834-0f7a6d733e46/resourceGroups/ccscan-key-vault/providers/Microsoft.KeyVault/vaults/ccscan",
            "location": "northeurope",
            "name": "ccscan",
            "network_acls": [],
            "purge_protection_enabled": false,
            "resource_group_name": "ccscan-key-vault",
            "sku_name": "Standard",
            "soft_delete_enabled": true,
            "tags": {},
            "tenant_id": "d8887c7c-49ad-4af9-86e5-46450b21bcb7",
            "timeouts": null,
            "vault_uri": "https://ccscan.vault.azure.net/"
          },
          "sensitive_attributes": []
        }
      ]
    },
    {
      "mode": "data",
      "type": "azurerm_key_vault_secret",
      "name": "ccnode-auth-token",
      "provider": "provider[\"registry.terraform.io/hashicorp/azurerm\"]",
      "instances": [
        {
          "schema_version": 0,
          "attributes": {
            "content_type": "",
            "id": "https://ccscan.vault.azure.net/secrets/test-ccnode-auth-token/f16c8177dee54af58513b40bf0718cf5",
            "key_vault_id": "/subscriptions/353e8b06-f9df-482d-9834-0f7a6d733e46/resourceGroups/ccscan-key-vault/providers/Microsoft.KeyVault/vaults/ccscan",
            "name": "test-ccnode-auth-token",
            "tags": {},
            "timeouts": null,
            "value": "VsMTpCinQiRyGX8p",
            "version": "f16c8177dee54af58513b40bf0718cf5",
            "versionless_id": "https://ccscan.vault.azure.net/secrets/test-ccnode-auth-token"
          },
          "sensitive_attributes": []
        }
      ]
    },
    {
      "mode": "data",
      "type": "azurerm_key_vault_secret",
      "name": "godaddy-dns-api-key",
      "provider": "provider[\"registry.terraform.io/hashicorp/azurerm\"]",
      "instances": [
        {
          "schema_version": 0,
          "attributes": {
            "content_type": "",
            "id": "https://ccscan.vault.azure.net/secrets/godaddy-dns-api-key/95813f8789774aaba62baff1e54e0ecb",
            "key_vault_id": "/subscriptions/353e8b06-f9df-482d-9834-0f7a6d733e46/resourceGroups/ccscan-key-vault/providers/Microsoft.KeyVault/vaults/ccscan",
            "name": "godaddy-dns-api-key",
            "tags": {},
            "timeouts": null,
            "value": "dLYskneC4EUy_XdMQRuqVSwSof4HkZ1XceR",
            "version": "95813f8789774aaba62baff1e54e0ecb",
            "versionless_id": "https://ccscan.vault.azure.net/secrets/godaddy-dns-api-key"
          },
          "sensitive_attributes": []
        }
      ]
    },
    {
      "mode": "data",
      "type": "azurerm_key_vault_secret",
      "name": "godaddy-dns-api-key-secret",
      "provider": "provider[\"registry.terraform.io/hashicorp/azurerm\"]",
      "instances": [
        {
          "schema_version": 0,
          "attributes": {
            "content_type": "",
            "id": "https://ccscan.vault.azure.net/secrets/godaddy-dns-api-key-secret/27deaa19d1b24790ab3af55c987c39eb",
            "key_vault_id": "/subscriptions/353e8b06-f9df-482d-9834-0f7a6d733e46/resourceGroups/ccscan-key-vault/providers/Microsoft.KeyVault/vaults/ccscan",
            "name": "godaddy-dns-api-key-secret",
            "tags": {},
            "timeouts": null,
            "value": "QLT1cWagkwpEKejdbMwZ37",
            "version": "27deaa19d1b24790ab3af55c987c39eb",
            "versionless_id": "https://ccscan.vault.azure.net/secrets/godaddy-dns-api-key-secret"
          },
          "sensitive_attributes": []
        }
      ]
    },
    {
      "mode": "data",
      "type": "azurerm_key_vault_secret",
      "name": "postgres-password",
      "provider": "provider[\"registry.terraform.io/hashicorp/azurerm\"]",
      "instances": [
        {
          "schema_version": 0,
          "attributes": {
            "content_type": "",
            "id": "https://ccscan.vault.azure.net/secrets/test-postgres-password/f738f31a08fc41a981a1cc1e27e2084c",
            "key_vault_id": "/subscriptions/353e8b06-f9df-482d-9834-0f7a6d733e46/resourceGroups/ccscan-key-vault/providers/Microsoft.KeyVault/vaults/ccscan",
            "name": "test-postgres-password",
            "tags": {},
            "timeouts": null,
            "value": "Fossil-distant-7238",
            "version": "f738f31a08fc41a981a1cc1e27e2084c",
            "versionless_id": "https://ccscan.vault.azure.net/secrets/test-postgres-password"
          },
          "sensitive_attributes": []
        }
      ]
    },
    {
      "mode": "data",
      "type": "azurerm_key_vault_secret",
      "name": "ssl-cert-data",
      "provider": "provider[\"registry.terraform.io/hashicorp/azurerm\"]",
      "instances": [
        {
          "schema_version": 0,
          "attributes": {
            "content_type": "Base64 encoded PFX",
            "id": "https://ccscan.vault.azure.net/secrets/test-sslcert-pfx/aca08e1c48554438a6d75a9cc85efbfa",
            "key_vault_id": "/subscriptions/353e8b06-f9df-482d-9834-0f7a6d733e46/resourceGroups/ccscan-key-vault/providers/Microsoft.KeyVault/vaults/ccscan",
            "name": "test-sslcert-pfx",
            "tags": {},
            "timeouts": null,
            "value": "MIACAQMwgAYJKoZIhvcNAQcBoIAkgASCA+gwgDCABgkqhkiG9w0BBwGggCSABIID6DCCBW0wggVpBgsqhkiG9w0BDAoBAqCCBPowggT2MCgGCiqGSIb3DQEMAQMwGgQUmmqv07KNWokLmRfrUFdM3XGe8k0CAgQABIIEyG8srLfwFRpRPALZlHpyE25HEiZH4VPtnUCnyLUQzMgzWQPrKLntN4bA3tzBtVuMXq0ImhaG2+mnrnny5o6kNUFDmImrPm75PwW6vIAMzR1DEMX9Ek/Mt47w7JJGHCc6Ej2k26k+/viZyVXcJrA6sLXzxJjw+mnU1cpATo3cwyURR3WhFPXmZD3u44yILRDqXkLb8nnnb5Y8oibOmRY6bMn8zjJpeVG/SDB+zx+WofisPVfKh/RaR7GwMCpugERdvBzMj+HHXywf5ISgU6o8sRQ9THA2uVLroI7Z7ZituXqP+87mpJtlLPkCJccxPh3gYGoN/uo36c/GNzr6ctj5gM9ZvNOfJ8yL8AM+sYDPz5C9ZOT/6Ce3iyVKKUWYTBFwCPYHQSMWjsCHUodEmpogJqNuiCn2GXULAcI4ABtiJDWs04s9Xdag4IHJuwvqpBOaicJ4TgFNpHuUh/hKQbGxJ5+62JlrK+r95gpyRNEy0NpxAoAuXCy1VUSKXr85LRcHo5Lz1z5BkI50xltpH4lMNFYiAHbfhptqjhQxB7HZTIVW1Ukh3lp+nu4/VnoxTT4R6tuIttAvVoF1D6CdnNfewO1F0Fg5geSFLS+ks7OHovqCJoM9bObbn3FASJfLC5egyXFyvuDNVN/+tP/QMGfsWrUH86Z3iHIaQs8M/ZSUOn2v13B+5V9i8iUq8uaSB0UbMcAzSPsr6/SADqZgNbhqGIgKo7ojeoKg0I0+RXTCMf7iERE0Q5Rdjbam+73FrAB9aZ0JNwt9VY71yEMyUnaH3XXlX+R9bmz1giH2t9ib1nfz591yl1eNBT1n2uyddFt049MUwimkJ0r/6jlSXHKbt3roiIpF7X5klfFIGAfqy4tInGoLl6HDXJpwgJqTmQ8Ou81W2sRjFHR08CDBGD52LEqADUiHcq2W0k8Sd4CLQPI/6eafwWtlyegbxg/irIOXkxFct/pFRMJ8iJlv8cVnhlvvM6bTPWMzlt7aaRIIw9IL6iMFARicvTdUGohSqn7DjTUfF9Dc7DEUDZMU81esJeqlswo/z4YgO8aqid/yB/AbJMtvCKQrBRE235nwAPi23D1bMHpNuv8wS5ksvIJI3F3sS74CZpPA3pF8sLYTEz08OPnZBCz9be4llZNqFYurUD7MnQZBAvudAR5qIVCXArqdk2FWt4HLoXHoPv7jJ126IQUc/+u3BIID6DGcy7swFXNTCgQve3eryvM+juAaD1pqBIIBiVXmQ6im5000so2iUxFs4+LnW6lSZ3MmAtaadaoeOJKgZzw4090FEKOJyQeawgDTkCnEB+E0bRuzIxftejzVG/Slb4Ryd0lUPH6biaSupeSY/YdcQpivO7Qibn/aQ0AuopXuJPhDlD4ajm0kv+bH4FS2ZGh8frLyJtQW+tKCA5W86qXTJAtofb4jDmVfEMKFrMsr8DhwWZDJ7i0BWyQHBmXQmesIhrxP+mgFTz/CedsauPnkTsuFFdHGTr4qJrCDW9Qd6uEOVZSwHErlMtL2lPbaQQXH33O3Xg5lB8cETQL/SqT8tj4T6UdMW+9vY0pRILj0jCMKUBTms8xIF20KfW9bxq+Si+zE/qYL1t/a8leKF6pw8Wu47F5g10YPBImkjYw9GGmR6ZzTqic8MVwwIwYJKoZIhvcNAQkVMRYEFDlKmx41u8a+1dUX4rJpw0KkCq4yMDUGCSqGSIb3DQEJFDEoHiYAdABlAHMAdAAtAGEAcABpAC4AYwBjAGQAcwBjAGEAbgAuAGkAbwAAAAAAADCABgkqhkiG9w0BBwaggDCAAgEAMIAGCSqGSIb3DQEHATAoBgoqhkiG9w0BDAEGMBoEFGOqvXDhwkdbBMAlDCOTFy41G0uLAgIEAKCABIID6Ny6wZygpOzsZQUvTMdzxF2R+K4aKnuqLrvajAyzLJyTH7WnCMdcqAPgkUmVeAIk50086DXbBFOIRxSViA3h6PNZLtc+F6pvgyTIE5sK855Z3oiJh8Wi3t+moATV2O8AwMDuh0ajzmVEijzxrJhq8nEkLBmFDBG2QeMYUEvmrZ6GUM6EwofFfsOfOfE4Nuv358hWw0Ox9/y0pbPbq0FcR/FS3XrXEjD/FQsIDGialzlVw9z2vAqKfT+0RmJ6FekCKK8AqRV7Fkb/EdGNdLYvwRaTUZhKRDsmkugL/UGuLoW1h/zzrci/pa2xuEXoQ9kzCedD8duvqMuXl6fwcMx1toLQ0Pf6+ccB3dXUYHeKmYv4SG2wZOiSZZfXzstMbc0/Vgn32ILozIwhh3JGa9yV1u3kuyILb0tqBxXG+yq8blK9RrwsYnhFjFG2HMaJ8KBrvVypwayUkKbm4yr70VYr3DWtTCI+8qFaNMY9BAMLbsv7938xNI2BcuObMYht/NNpHcIXCzvJCY28OOP+agkYeKGOFMAO1Xbm6EcsMI9rfdxlFY/plZrTk5WV1rLGNBQfT2AdmSjMGEAaTT0LgLQTFYfB7hTdqkaCQV5VP8iHIv26HihVIM9QyBmmTPq8fN+HBDINf5X3eRzp8JoUGjoEggPosvsH2ap0JwXjFOzPT2+1P2/LL4hSnpUIO6S6RMH3LV3wnOzX5+gE6vPG/R+xaqajOXm/86TCRre2DxKdoiLcSFeMFCqBtoeyMBhcQ6lTjphtj51j0L4O0hp/1Iaa0JIiOqum9FT5zaXLyuegGdnwfA/kF9X2QN5QX1su0MWhN857YoBfo1BBZ0eK5k7U2Qu3kYzMR31Ko2+tcLjoAovYyzAo2IiqFDwTg90QlsjsGrb+fiahFMsIrbvqXQJ1Oz41E0vuwDS04P3RprHac7gkztrxpwbaOj91aLb6J1tPDIrNsum7tgaWnFMAaOu+Lhcqxu3EhKgAc6yBW9FZRjQrUmCZ5qe7qRSA++d7K/aYoMB3qzsb7/belE1RqMyA+P1216kXLtl/jJczq6WX2rHIZruEvcbox1CSRe0ZV6Qg209fMNTOUK0MjcTJ8Zu0c0oKNc/XJGSoCcTZpXhx6zv3y4ZUPogyDXoQKho+sVMqyNP2W8xotx+9eoEXD6DeWL3OCJfcorOZCdw+W2qtupVbLe2JpgX/wmgjHRWtMAutMJRfd0tAIqBgFrsw/UsNa20m0LbneznSuo23na8yj6wUGvEl6T3/tldqWSgGq/8oQcmdqzMv/xq5+h4jYVWFgNQaWeCIvEhG89FW3wfDegLY/UUayjrK7V5Ilh7qBIIB8N3sxRYsU9/8Htc86dQ9OPuykQPr3sWG85yXgcWrKQGiCtElFq4vkhQaFVGxKMaj11mKAKjpQs9ZXfRvTm4v/sreJPflY6cZAgwGHWP+hahn+oo0F89NCu8t97Tmrh3e1rT5otiyIREbfbKIFVI1q+ijDFxN/Zz5QZPaoB9K+adlluebWc1nGRuN7PVFQ2XHqzevIYRmnEUw4pcniUAMxzzL7tW6D6UxWThUU/Xr8ybZ2vziISxn8C0B0kueKaBwhJsX9rvsxikWu0z2sXZrnk68zXugATJ0709c1P4BgH47qbdRl3o0Yzp2/jZVqrdCAhpAq6nOAT6zGQhVhJPqvxytFwoEQJvhnnYd312PSD/mn1s6DUKp9ULoZ7nXK0+9f82mTyYFm+gDqmPgIp7YONmrzGRLYNS93758KwxnHLFqwuEGkLpGhmmmhRVpJQ+ZmwamtshCLRXn1MBJx+Mb67/6OH88dm3AEjtuvXtqzvcy/PpaqUNZSWBXPl+sCEBJmcl46GS6eWVKyjVrpqXW6pgoBqnvxonYO8HyQwEq9Eog9Su42ODLZJWMhF+V++ntq1ho7UlubZ+7md5z90RaVV79tL4I9FYp7Rym+zhdO9/EVtMx6N/OcvRf6z5/yAUa5wdbyrCR+K7MYAQTiC8w7q9frQAAAAAAAAAAAAAAAAAAAAAAADA9MCEwCQYFKw4DAhoFAAQU9fGUqF1jjQfV4Gr8uVBZLwtKXKYEFEflrtDgOHxf5jZO+wC6kcsAnF8dAgIEAAAA",
            "version": "aca08e1c48554438a6d75a9cc85efbfa",
            "versionless_id": "https://ccscan.vault.azure.net/secrets/test-sslcert-pfx"
          },
          "sensitive_attributes": []
        }
      ]
    },
    {
      "mode": "data",
      "type": "azurerm_key_vault_secret",
      "name": "ssl-cert-password",
      "provider": "provider[\"registry.terraform.io/hashicorp/azurerm\"]",
      "instances": [
        {
          "schema_version": 0,
          "attributes": {
            "content_type": "",
            "id": "https://ccscan.vault.azure.net/secrets/test-sslcert-pfx-password/be2a60daea444e1a94a0fe1e8b29f697",
            "key_vault_id": "/subscriptions/353e8b06-f9df-482d-9834-0f7a6d733e46/resourceGroups/ccscan-key-vault/providers/Microsoft.KeyVault/vaults/ccscan",
            "name": "test-sslcert-pfx-password",
            "tags": {
              "file-encoding": "utf-8"
            },
            "timeouts": null,
            "value": "bullet-walk-ogre",
            "version": "be2a60daea444e1a94a0fe1e8b29f697",
            "versionless_id": "https://ccscan.vault.azure.net/secrets/test-sslcert-pfx-password"
          },
          "sensitive_attributes": []
        }
      ]
    },
    {
      "mode": "data",
      "type": "azurerm_ssh_public_key",
      "name": "ssh_vm",
      "provider": "provider[\"registry.terraform.io/hashicorp/azurerm\"]",
      "instances": [
        {
          "schema_version": 0,
          "attributes": {
            "id": "/subscriptions/353e8b06-f9df-482d-9834-0f7a6d733e46/resourceGroups/ccscan-ssh-keys/providers/Microsoft.Compute/sshPublicKeys/ssh-vm-test",
            "name": "ssh-vm-test",
            "public_key": "ssh-rsa AAAAB3NzaC1yc2EAAAADAQABAAABgQDJBja4UD/c/PSyueLBTQ0pq2bwmq/4jKE7b0Dx0qlzbLJD1mr1IGNXZsNv84h7rr76KOEingq50QkCk4KPIx05/D5OthmJSNuMB20PAIB0ILUwCR79B8d/U5fA6vp7zAJj3SUFNSx6zyz/dVuRp28AKbwZLVHwIc9zjlet5Le0dgah9zlqNBLKIrg6LYECAIizpWxgKxJe68e0+P9n2TnPjmPlXIPizjYPpNM7CcmhDbZdLiExkJUJ+NVuw0A49dCzCiLhHrRcWl4kr3r0NBubBHqJNPTg9NX//rycwIkBlTKMOPwgoG9oC2iAXb6iGVpoNPEDHvsCfvdHEdZU+AwjHJ7l2MEF2iQ9ktFQ/DeQ2kT3BqGmTIcUn9jIWE/ab174vRnETrnAdYfZ72/gYRdIIo9UqQWZwIBysgPabkOLDNfhMsx0WvC9EQRQ/X75U88EoW/A6MZIW43F4zaPrJKreIa9FiGcTABQ18KvMWcNvUaYm22GxmEyQN9GSVH0tRU= generated-by-azure",
            "resource_group_name": "ccscan-ssh-keys",
            "tags": {
              "environment": "test"
            },
            "timeouts": null
          },
          "sensitive_attributes": []
        }
      ]
    },
    {
      "mode": "managed",
      "type": "azurerm_application_gateway",
      "name": "this",
      "provider": "provider[\"registry.terraform.io/hashicorp/azurerm\"]",
      "instances": [
        {
          "schema_version": 0,
          "attributes": {
            "authentication_certificate": [],
            "autoscale_configuration": [],
            "backend_address_pool": [
              {
                "fqdns": [],
                "id": "/subscriptions/353e8b06-f9df-482d-9834-0f7a6d733e46/resourceGroups/ccscan-env-test/providers/Microsoft.Network/applicationGateways/app-gateway/backendAddressPools/app-gateway-backends",
                "ip_addresses": [],
                "name": "app-gateway-backends"
              }
            ],
            "backend_http_settings": [
              {
                "affinity_cookie_name": "",
                "authentication_certificate": [],
                "connection_draining": [],
                "cookie_based_affinity": "Disabled",
                "host_name": "",
                "id": "/subscriptions/353e8b06-f9df-482d-9834-0f7a6d733e46/resourceGroups/ccscan-env-test/providers/Microsoft.Network/applicationGateways/app-gateway/backendHttpSettingsCollection/mainnet-http-settings",
                "name": "mainnet-http-settings",
                "path": "",
                "pick_host_name_from_backend_address": true,
                "port": 5000,
                "probe_id": "/subscriptions/353e8b06-f9df-482d-9834-0f7a6d733e46/resourceGroups/ccscan-env-test/providers/Microsoft.Network/applicationGateways/app-gateway/probes/health-probe",
                "probe_name": "health-probe",
                "protocol": "Http",
                "request_timeout": 20,
                "trusted_root_certificate_names": []
              },
              {
                "affinity_cookie_name": "",
                "authentication_certificate": [],
                "connection_draining": [],
                "cookie_based_affinity": "Disabled",
                "host_name": "",
                "id": "/subscriptions/353e8b06-f9df-482d-9834-0f7a6d733e46/resourceGroups/ccscan-env-test/providers/Microsoft.Network/applicationGateways/app-gateway/backendHttpSettingsCollection/testnet-http-settings",
                "name": "testnet-http-settings",
                "path": "",
                "pick_host_name_from_backend_address": true,
                "port": 5001,
                "probe_id": "/subscriptions/353e8b06-f9df-482d-9834-0f7a6d733e46/resourceGroups/ccscan-env-test/providers/Microsoft.Network/applicationGateways/app-gateway/probes/health-probe",
                "probe_name": "health-probe",
                "protocol": "Http",
                "request_timeout": 20,
                "trusted_root_certificate_names": []
              }
            ],
            "custom_error_configuration": [],
            "enable_http2": false,
            "fips_enabled": false,
            "firewall_policy_id": null,
            "force_firewall_policy_association": false,
            "frontend_ip_configuration": [
              {
                "id": "/subscriptions/353e8b06-f9df-482d-9834-0f7a6d733e46/resourceGroups/ccscan-env-test/providers/Microsoft.Network/applicationGateways/app-gateway/frontendIPConfigurations/app-gateway-feip",
                "name": "app-gateway-feip",
                "private_ip_address": "",
                "private_ip_address_allocation": "Dynamic",
                "private_link_configuration_id": "",
                "private_link_configuration_name": "",
                "public_ip_address_id": "/subscriptions/353e8b06-f9df-482d-9834-0f7a6d733e46/resourceGroups/ccscan-env-test/providers/Microsoft.Network/publicIPAddresses/app-gateway-pip",
                "subnet_id": ""
              }
            ],
            "frontend_port": [
              {
                "id": "/subscriptions/353e8b06-f9df-482d-9834-0f7a6d733e46/resourceGroups/ccscan-env-test/providers/Microsoft.Network/applicationGateways/app-gateway/frontendPorts/app-gateway-feport",
                "name": "app-gateway-feport",
                "port": 443
              }
            ],
            "gateway_ip_configuration": [
              {
                "id": "/subscriptions/353e8b06-f9df-482d-9834-0f7a6d733e46/resourceGroups/ccscan-env-test/providers/Microsoft.Network/applicationGateways/app-gateway/gatewayIPConfigurations/gateway-ip-configuration",
                "name": "gateway-ip-configuration",
                "subnet_id": "/subscriptions/353e8b06-f9df-482d-9834-0f7a6d733e46/resourceGroups/ccscan-env-test/providers/Microsoft.Network/virtualNetworks/vnet/subnets/snet-frontend"
              }
            ],
            "http_listener": [
              {
                "custom_error_configuration": [],
                "firewall_policy_id": "",
                "frontend_ip_configuration_id": "/subscriptions/353e8b06-f9df-482d-9834-0f7a6d733e46/resourceGroups/ccscan-env-test/providers/Microsoft.Network/applicationGateways/app-gateway/frontendIPConfigurations/app-gateway-feip",
                "frontend_ip_configuration_name": "app-gateway-feip",
                "frontend_port_id": "/subscriptions/353e8b06-f9df-482d-9834-0f7a6d733e46/resourceGroups/ccscan-env-test/providers/Microsoft.Network/applicationGateways/app-gateway/frontendPorts/app-gateway-feport",
                "frontend_port_name": "app-gateway-feport",
                "host_name": "mainnet.test-api.ccdscan.io",
                "host_names": [],
                "id": "/subscriptions/353e8b06-f9df-482d-9834-0f7a6d733e46/resourceGroups/ccscan-env-test/providers/Microsoft.Network/applicationGateways/app-gateway/httpListeners/mainnet-listener",
                "name": "mainnet-listener",
                "protocol": "Https",
                "require_sni": false,
                "ssl_certificate_id": "/subscriptions/353e8b06-f9df-482d-9834-0f7a6d733e46/resourceGroups/ccscan-env-test/providers/Microsoft.Network/applicationGateways/app-gateway/sslCertificates/ssl",
                "ssl_certificate_name": "ssl",
                "ssl_profile_id": "",
                "ssl_profile_name": ""
              },
              {
                "custom_error_configuration": [],
                "firewall_policy_id": "",
                "frontend_ip_configuration_id": "/subscriptions/353e8b06-f9df-482d-9834-0f7a6d733e46/resourceGroups/ccscan-env-test/providers/Microsoft.Network/applicationGateways/app-gateway/frontendIPConfigurations/app-gateway-feip",
                "frontend_ip_configuration_name": "app-gateway-feip",
                "frontend_port_id": "/subscriptions/353e8b06-f9df-482d-9834-0f7a6d733e46/resourceGroups/ccscan-env-test/providers/Microsoft.Network/applicationGateways/app-gateway/frontendPorts/app-gateway-feport",
                "frontend_port_name": "app-gateway-feport",
                "host_name": "testnet.test-api.ccdscan.io",
                "host_names": [],
                "id": "/subscriptions/353e8b06-f9df-482d-9834-0f7a6d733e46/resourceGroups/ccscan-env-test/providers/Microsoft.Network/applicationGateways/app-gateway/httpListeners/testnet-listener",
                "name": "testnet-listener",
                "protocol": "Https",
                "require_sni": false,
                "ssl_certificate_id": "/subscriptions/353e8b06-f9df-482d-9834-0f7a6d733e46/resourceGroups/ccscan-env-test/providers/Microsoft.Network/applicationGateways/app-gateway/sslCertificates/ssl",
                "ssl_certificate_name": "ssl",
                "ssl_profile_id": "",
                "ssl_profile_name": ""
              }
            ],
            "id": "/subscriptions/353e8b06-f9df-482d-9834-0f7a6d733e46/resourceGroups/ccscan-env-test/providers/Microsoft.Network/applicationGateways/app-gateway",
            "identity": [],
            "location": "northeurope",
            "name": "app-gateway",
            "private_endpoint_connection": [],
            "private_link_configuration": [],
            "probe": [
              {
                "host": "",
                "id": "/subscriptions/353e8b06-f9df-482d-9834-0f7a6d733e46/resourceGroups/ccscan-env-test/providers/Microsoft.Network/applicationGateways/app-gateway/probes/health-probe",
                "interval": 30,
                "match": [
                  {
                    "body": "",
                    "status_code": []
                  }
                ],
                "minimum_servers": 0,
                "name": "health-probe",
                "path": "/api/health",
                "pick_host_name_from_backend_http_settings": true,
                "port": 0,
                "protocol": "Http",
                "timeout": 30,
                "unhealthy_threshold": 3
              }
            ],
            "redirect_configuration": [],
            "request_routing_rule": [
              {
                "backend_address_pool_id": "/subscriptions/353e8b06-f9df-482d-9834-0f7a6d733e46/resourceGroups/ccscan-env-test/providers/Microsoft.Network/applicationGateways/app-gateway/backendAddressPools/app-gateway-backends",
                "backend_address_pool_name": "app-gateway-backends",
                "backend_http_settings_id": "/subscriptions/353e8b06-f9df-482d-9834-0f7a6d733e46/resourceGroups/ccscan-env-test/providers/Microsoft.Network/applicationGateways/app-gateway/backendHttpSettingsCollection/mainnet-http-settings",
                "backend_http_settings_name": "mainnet-http-settings",
                "http_listener_id": "/subscriptions/353e8b06-f9df-482d-9834-0f7a6d733e46/resourceGroups/ccscan-env-test/providers/Microsoft.Network/applicationGateways/app-gateway/httpListeners/mainnet-listener",
                "http_listener_name": "mainnet-listener",
                "id": "/subscriptions/353e8b06-f9df-482d-9834-0f7a6d733e46/resourceGroups/ccscan-env-test/providers/Microsoft.Network/applicationGateways/app-gateway/requestRoutingRules/mainnet-redirect",
                "name": "mainnet-redirect",
                "priority": 0,
                "redirect_configuration_id": "",
                "redirect_configuration_name": "",
                "rewrite_rule_set_id": "",
                "rewrite_rule_set_name": "",
                "rule_type": "Basic",
                "url_path_map_id": "",
                "url_path_map_name": ""
              },
              {
                "backend_address_pool_id": "/subscriptions/353e8b06-f9df-482d-9834-0f7a6d733e46/resourceGroups/ccscan-env-test/providers/Microsoft.Network/applicationGateways/app-gateway/backendAddressPools/app-gateway-backends",
                "backend_address_pool_name": "app-gateway-backends",
                "backend_http_settings_id": "/subscriptions/353e8b06-f9df-482d-9834-0f7a6d733e46/resourceGroups/ccscan-env-test/providers/Microsoft.Network/applicationGateways/app-gateway/backendHttpSettingsCollection/testnet-http-settings",
                "backend_http_settings_name": "testnet-http-settings",
                "http_listener_id": "/subscriptions/353e8b06-f9df-482d-9834-0f7a6d733e46/resourceGroups/ccscan-env-test/providers/Microsoft.Network/applicationGateways/app-gateway/httpListeners/testnet-listener",
                "http_listener_name": "testnet-listener",
                "id": "/subscriptions/353e8b06-f9df-482d-9834-0f7a6d733e46/resourceGroups/ccscan-env-test/providers/Microsoft.Network/applicationGateways/app-gateway/requestRoutingRules/testnet-redirect",
                "name": "testnet-redirect",
                "priority": 0,
                "redirect_configuration_id": "",
                "redirect_configuration_name": "",
                "rewrite_rule_set_id": "",
                "rewrite_rule_set_name": "",
                "rule_type": "Basic",
                "url_path_map_id": "",
                "url_path_map_name": ""
              }
            ],
            "resource_group_name": "ccscan-env-test",
            "rewrite_rule_set": [],
            "sku": [
              {
                "capacity": 1,
                "name": "Standard_Small",
                "tier": "Standard"
              }
            ],
            "ssl_certificate": [
              {
                "data": "MIACAQMwgAYJKoZIhvcNAQcBoIAkgASCA+gwgDCABgkqhkiG9w0BBwGggCSABIID6DCCBW0wggVpBgsqhkiG9w0BDAoBAqCCBPowggT2MCgGCiqGSIb3DQEMAQMwGgQUSemL16jeVCefbZvN13NELb5/QnUCAgQABIIEyETdhSn6TWyXQytm7EvIu4cW0JPfx+bkFn5Du1122Smea5cU/g+WpH7r9dyGoeCEt6bFkAxoyJQ40LPTEDCYqau3VOynDOEivDbrEoyYsUJtZQtMp/GtpKqq8VzVLiSowKU2xp+Xq+A8mBmnoQtTbROVJWnQ9wG6jJFZ1AsROJJ9B7bQ5qIbEqcmqpTyhiUC4ILUptGozU9S9MUnDT4S0zlZONq3itLBIQsst6Ko2B0Xr/cG6Ad0FNnsAbch2olk01QKekXAZOzRNNrK+18VwmyMyL6Toxgl3kUBch2vBqJw833LuwxZuCjV702pfjfAykRzpKhTqrEckGrghE3zwIKNI/g8MEHvjQx4fLf/bwTiI5ZM4PF8wbZzRh/Tl06MppQeCUQ5vw3FHbdEfGdN8m535kLUiM53VRYhQ7kyW1kqhyygjksKaR5qWGhJ89X0Ne2mbadCfBYJ9ATQaKdw7xj0xR2E8QthHR7Xg0DoeehvCRDNwhBXsL6dO0EkOjcjnm/onQRVWHsFfsbTRf+tCa5pUlrkS4JYk2MDDOBVz2diUNhQkCbSpcgvad0AAJDBMZ9Cp5qpoI6+6SoY5qk+2FFa4BsTZ/++nUlphXU72Rx49mcqHos9A5LG3YUazw7C5Jgnc1LNqsZmK12Vy8Roef0NEI1tzn4ci9D5iXTSTmgN7MVNNYOwAU/zO4L8n5GqqRQaOyk2AaW17txwG1tuUOu1RAsw7jY2cnXJcbmGLSe6pre7muZ2VnUffYr913epvQHs9HnhQdSna5pfl9P9l0hVCpKHy1EDVPV2UoIDrf9fi7Gu8iW/IKPRHeq3mk4epGZXw81nZsgML67cQyTuaAoYdwRUumiXp1MN3Hbi68DHXo/21kR6Uop2PATSFACNcuyFqZ9q3d4wrLaG9fF/ysQSmqP55WvQlBXXIRJb5bGfPSw/8sGHRq2fLXsIfSCfmv4ky12HuX0KjfJb/spUUTIxDfpxgvw5pBb3HKvkO096byxQSVUZNck4/WWoZ6Qkoa2gVXOIczH8d/OwbNzvmJUeQt2YT7IaLF9NE1fUYC08JhjzHWsEmhIJO5krmyqqDDYaE0H5gjhAI4AnSFmJx4k6AFFwby2XcC7ME/5OsITh1N1RNdIwwlLMQFlO6050yx493l5imQHhhaDwl1Pg9+g0kHPLnZFxjFf5Z9ASmDofIkPORFe/BIID6CHdCu5bh3ys6Nvk/VhV47Hx//jPvv/qBIIBiViJssCr6DJh9wJeEDKAs7OruX9MS/9XGJYQPp/DBupANfYS6xnpNkcfOv0nfpiJbkJ5xRM6TuK8J/xB9S+tgLkB8EkBCgMzLe1mBFJzkkWe8h37WEYQ+fwI3mmGWE46V2RHLn717ljr2eheqT9wYX2gbI21dtWL36VDZjnnAz27sErzz5mzyTjeiZyemfbCObCW6DbeR2ZYqLXMX9XAnQPfJxXWlsI0ds4H4XYAjfrICHvF7BawPq7ZSdSKmY3ivdWgyn0HiT0L1OFkEwaERcLzBG7PgCsYdHqkGYPWW6f0lv0amWTGaV12UgzxnX7J1og0t2m61INs2Oi0L4sDF2w68xrhJ7IIjWuMFUw+xr6nMM2tV20urJchkTFVdcSGrAhPZL/gPUByZY4WMVwwIwYJKoZIhvcNAQkVMRYEFFoD+ungZ2qmAwgPs1TraSvdsYFQMDUGCSqGSIb3DQEJFDEoHiYAdABlAHMAdAAtAGEAcABpAC4AYwBjAGQAcwBjAGEAbgAuAGkAbwAAAAAAADCABgkqhkiG9w0BBwaggDCAAgEAMIAGCSqGSIb3DQEHATAoBgoqhkiG9w0BDAEGMBoEFKPslYa1PJq5gdeXUpMzdzUqHjciAgIEAKCABIID6DeybLIV+ro3uvDTa9Qzj+KwVA7Ztn+O0biaM0brDlVYPFsam/I7dLj0bTV1eAXllLDjQVZxoP1g73gIM2XNN/5uC/iFVe1+2G8ZIOBPWhtXFIEiavfpJnpzUomDo8p128STG5RU4BoRieC3RrztHIppa4Mnh6zKJ+3fo3kTCerUPZxrW9sQo3V8v1T1DjZk2S+E3wO+zSVYJy/APV9cqobHA/PKuijSmOkmB6HPzWj2YjLQTaZva4/gv3GElS2cp9Lpn4qdjYgBNNW8hML9Mj6+qlcEVmC0i59ZOZXbP0Sci1F3wwCVTcV1OWuJUJnf8P3b/KVk9B0AyrAvjDzfe0VaB3b0wGC/usGrGSROjDOsVYCIqzCAxlkMKdjivx8awI43X5MsZbDAeK7vMaVoo1uRaY19MdHOgw69gIUGYxtUbmk3oF5Srj0sjfC/r1gxJt1+zDUejE/ch4GrBFYFPfWR6+X9X6Q5EXPsFwTykLQ/MlWzM2qsgeZjDFAGVy8ekMWqV/SlRVVz8DisgLnymHhm3CZrc4lvRQip5zncjEfG+H26prTd9Tf3U5SCKY3dI5bzrXVZKELXlJe7/mM0Uvyf3mZNTp285a6vTRmmvXTX4bRCqM31RbepINoXRgFosnQ3PV6EKBPxemIKYwgEggPo+PUASdeiaG06u9g+PdeZnc5tzcOsxb9lxaaX94Ly5UZVoY1t5GDdRDad13H9YCSbAPRP5qkY5pWzRmjJYNIiRQQk+FOlppVZ7f5YscuKZhbCl28PnLDyMO7RBeTdANxZE0MrhogN1zM0hYFpATiaCUTDTSbV76yrtNk5UCNIC7gefOax8V7MAmQoOjB0AdXbsELRsXB+hHdGZPplTWAYOAOOc+WOroMcDPUZx8Pw/CVVESJoANLXXRG7mXPV/T6dJXNhdAonyOvwzdwxxzra6gFos/C8/Y2O6OtQInsF3bxE0cK2IwsEMS8fnnkO26vWbpJxaf+xTDERdi8npBsq/BhPzaGhWbRHkBbSl2iLYTodymUa3/ygfyf6aEX68Flf+LYxDj9gk2LISYVmJOu9/suBReHZ+ui/u/3EAvyVPLXQNZ/enzUncRc99JRgYBKRruo58ss9JbbCqEd8g5+jsmA70aWmowq1PNlRiKIbW0IFzLG2ysuJwrAZp1T4hYy+KnJaaNYpnMIoprbt+jXo/LF1lES/9q6kvxtt9CVMP2MVrDif3z0XI2QauP0PAwMVg1FU2dyOTM42m1//Fk/HdapD4eMVip0gs07PpeO+2KXiTM/UdUhn/NFsxNmAycy/NVz51UK8DE6BWF8vLLFh8NKaBZI5v22LYUbeBIICIPGJMgKb0yPemX8FDEYLGSRnFVI0v1GASiAsW7w2UVQpdZEN2BP0GQsHwAwRCFnfQYCFEmHCmb2oLCnLUy7pZmzGocHZmWNBi49ViMhaZPG6uWJr3HLlHb1Ql8UTip5eSpzMeQpw0QQh/MdH8muKs4D+uTsNo9wXKUARpts917mJkh9YawkFvBj0TuCQDZmb0wVUV5ayayUyaYMbmlGxROwOqnUWCgPv4swPzd+ISujyNWeD5U6cXHdUvImzCDNQlUYWMriBFoi2xC3J1nj7YA02uVC1FCwijG/Rc5qDFJRMjxgQlk7JFIYAQBZdzjCQrhGKFFVUQDY7zEi5CbOI132WABCOf27EIuTXhjf2g/C9ZueM/q2/9gRfqlfcM3wFZJ9KUr1ykLA/QwnBMtK75ycNcA/+iQLIuTkLlZwMjrVF0ZkUcIiZlFl7oh5k3ugY4QsLOE3rhBPNBz58OJtsyvJJKc/495fAnWB/4MrLVmMnKh/Fbj8pBQ9RxMw7S1CjOSacn31mwzxctOUUg9qeNpnE5YB1i9MhP+k8nSRaSGtOtNYTPwFjkIRUhzGXblz7UnP71iFbIxccA1kwM827sVMVAJoDTZcapuh+Jrhj/d+7svD3cN9p/ZXf6t6nn5FJ+ZiJL8bZZCso4ARDVBT0QlUtXL8ziBx9eST9NUMCl5Vsv3aolHt1p36ZNQd8M/QyQuVOzADrFK/awHEN91oRA9ZHagAAAAAAAAAAAAAAAAAAAAAAADA9MCEwCQYFKw4DAhoFAAQU/H5DVY9Zk0fX2F3prNtgA79ocZIEFF0PFOq2fTVG3Gjy5ec5TAvHF1nAAgIEAAAA",
                "id": "/subscriptions/353e8b06-f9df-482d-9834-0f7a6d733e46/resourceGroups/ccscan-env-test/providers/Microsoft.Network/applicationGateways/app-gateway/sslCertificates/ssl",
                "key_vault_secret_id": "",
                "name": "ssl",
                "password": "bullet-walk-ogre",
                "public_cert_data": "MIIFogYJKoZIhvcNAQcCoIIFkzCCBY8CAQExADALBgkqhkiG9w0BBwGgggV3MIIFczCCBFugAwIBAgITAPrbA+nUr2ALFoV4u4ft8C3xlTANBgkqhkiG9w0BAQsFADBZMQswCQYDVQQGEwJVUzEgMB4GA1UEChMXKFNUQUdJTkcpIExldCdzIEVuY3J5cHQxKDAmBgNVBAMTHyhTVEFHSU5HKSBBcnRpZmljaWFsIEFwcmljb3QgUjMwHhcNMjIwMjA0MTgyNDQwWhcNMjIwNTA1MTgyNDM5WjAeMRwwGgYDVQQDExN0ZXN0LWFwaS5jY2RzY2FuLmlvMIIBIjANBgkqhkiG9w0BAQEFAAOCAQ8AMIIBCgKCAQEAj45vtyHBrMQT0MAlRnXS4GTz537Mu/0NT0ZJhOQ3AqrCIB49gbtHi8M2U6H2fEbf6w2MR+LbKo7dYlUxXTp60uzcdpW0BNu1Qi7e4fSxaWgiFc9BqnUNi3xIcp6ooRxtyMRWatfiVPIp6xZFlCYGm82mLrVThfSzlhraTzJ/A7BrAzbAn4pYXybL9macE3UwAR67Zq0qSurb9dGw1DHg0YsXLbKcP7AAE7J/qvH2jpZfRxrcN3asrqTmLKLa5JmswJD0UZ8i4TAs+B1t6C7lRHaHs4BA7TOtC+NwyF+xIDBwHIVcRnwUO3OzjRQfzVs1lrTlppvJvevuT68YH9/+YwIDAQABo4ICbTCCAmkwDgYDVR0PAQH/BAQDAgWgMB0GA1UdJQQWMBQGCCsGAQUFBwMBBggrBgEFBQcDAjAMBgNVHRMBAf8EAjAAMB0GA1UdDgQWBBRaA/rp4GdqpgMID7NU62kr3bGBUDAfBgNVHSMEGDAWgBTecnpI3zHDplDfn4Uj31c3S10uZTBdBggrBgEFBQcBAQRRME8wJQYIKwYBBQUHMAGGGWh0dHA6Ly9zdGctcjMuby5sZW5jci5vcmcwJgYIKwYBBQUHMAKGGmh0dHA6Ly9zdGctcjMuaS5sZW5jci5vcmcvMDUGA1UdEQQuMCyCFSoudGVzdC1hcGkuY2Nkc2Nhbi5pb4ITdGVzdC1hcGkuY2Nkc2Nhbi5pbzBMBgNVHSAERTBDMAgGBmeBDAECATA3BgsrBgEEAYLfEwEBATAoMCYGCCsGAQUFBwIBFhpodHRwOi8vY3BzLmxldHNlbmNyeXB0Lm9yZzCCAQQGCisGAQQB1nkCBAIEgfUEgfIA8AB2ACh2GhiQJ/vvPNDWGgGNdrBQVynHp0EbzL32BPRdQmFTAAABfsYyH2wAAAQDAEcwRQIhAP389oUYjdofHzIc+UtTvYItC5wfKE+PqeQPTAfucw0sAiAPO3kEqxWbTA6mwmsPSvtKwmMg1w3croUKi5E/Z8lJywB2ABboacHRlerXw/iXGuPwdgH3jOG2nTGoUhi2g38xqBUIAAABfsYyH4IAAAQDAEcwRQIgbMf5OLXrNbI+sqMdGQR5qaMddWKb3qgHLEjzXByh/tsCIQCeEh/T/gmmLN+bKVXauWpEh7bAsIt5ZjzzjyIKPtGNADANBgkqhkiG9w0BAQsFAAOCAQEAm4ebiHAHl8RD+AAqJE3/lpmLhRqxmfGlavcPTxG0ePrvvB+IttNkFBSC/fKWlCBJSHb/lk6eTe8hVSRxwvjAFkukw4D3oM/xZFrvwGYZoscbduCCV02laYrHNEZhqGGyfMVcgewdaOBeuXD9rKFL1+KFGYzjPj4LcUJXZDfQdWKUOSypvvvMvYjBxkdgoGSg2afWZwa+6UjxbMXr+u1HgcvOjP+iu+95a23kHodTp+qFOlkBGnxWG2c7cJYeEQPM8jT+qRtSAMS2yWme8+eZTvDVA71gOV54wiCCYHRYr6JrxeXZzrsYuabdF1MlrUonGh2DThP1/7dQp7QPszBiYzEA"
              }
            ],
            "ssl_policy": [
              {
                "cipher_suites": [],
                "disabled_protocols": [],
                "min_protocol_version": "",
                "policy_name": "AppGwSslPolicy20150501",
                "policy_type": "Predefined"
              }
            ],
            "ssl_profile": [],
            "tags": {},
            "timeouts": null,
            "trusted_client_certificate": [],
            "trusted_root_certificate": [],
            "url_path_map": [],
            "waf_configuration": [],
            "zones": []
          },
          "sensitive_attributes": [
            [
              {
                "type": "get_attr",
                "value": "ssl_certificate"
              },
              {
                "type": "index",
                "value": {
                  "value": 0,
                  "type": "number"
                }
              },
              {
                "type": "get_attr",
                "value": "password"
              }
            ],
            [
              {
                "type": "get_attr",
                "value": "ssl_certificate"
              },
              {
                "type": "index",
                "value": {
                  "value": 0,
                  "type": "number"
                }
              },
              {
                "type": "get_attr",
                "value": "data"
              }
            ]
          ],
          "private": "eyJlMmJmYjczMC1lY2FhLTExZTYtOGY4OC0zNDM2M2JjN2M0YzAiOnsiY3JlYXRlIjo1NDAwMDAwMDAwMDAwLCJkZWxldGUiOjU0MDAwMDAwMDAwMDAsInJlYWQiOjMwMDAwMDAwMDAwMCwidXBkYXRlIjo1NDAwMDAwMDAwMDAwfX0=",
          "dependencies": [
            "azurerm_public_ip.app-gw",
            "azurerm_resource_group.this",
            "azurerm_subnet.frontend",
            "azurerm_virtual_network.this",
            "data.azurerm_key_vault.ccscan",
            "data.azurerm_key_vault_secret.ssl-cert-data",
            "data.azurerm_key_vault_secret.ssl-cert-password"
          ]
        }
      ]
    },
    {
      "mode": "managed",
      "type": "azurerm_automation_account",
      "name": "this",
      "provider": "provider[\"registry.terraform.io/hashicorp/azurerm\"]",
      "instances": [
        {
          "schema_version": 0,
          "attributes": {
            "dsc_primary_access_key": "Pu7DyVKUfGkIMLO26U5wJDTEOw0PKZJ6/1Rdjm7tK5VLu3EQPf7F1P6CjlefDAFLLZYTNPqZA39L6IlpXakUVQ==",
            "dsc_secondary_access_key": "fixi5Bp4NtOG8TNYuITZ2c7KWgdS2HjgNXum+qLLAXxMyw1cKEtViiftv30+BCwkdwlIoEfgpvlEnLv1mA5uvg==",
            "dsc_server_endpoint": "https://3b2433c6-06c9-4c06-bd50-f07706adc35f.agentsvc.ne.azure-automation.net/accounts/3b2433c6-06c9-4c06-bd50-f07706adc35f",
            "id": "/subscriptions/353e8b06-f9df-482d-9834-0f7a6d733e46/resourceGroups/ccscan-env-test/providers/Microsoft.Automation/automationAccounts/automation-account-test",
            "identity": [
              {
                "identity_ids": [],
                "principal_id": "c37ae625-b376-47f3-804f-4ba2ca760338",
                "tenant_id": "d8887c7c-49ad-4af9-86e5-46450b21bcb7",
                "type": "SystemAssigned"
              }
            ],
            "location": "northeurope",
            "name": "automation-account-test",
            "public_network_access_enabled": true,
            "resource_group_name": "ccscan-env-test",
            "sku_name": "Basic",
            "tags": {
              "environment": "test"
            },
            "timeouts": null
          },
          "sensitive_attributes": [],
          "private": "eyJlMmJmYjczMC1lY2FhLTExZTYtOGY4OC0zNDM2M2JjN2M0YzAiOnsiY3JlYXRlIjoxODAwMDAwMDAwMDAwLCJkZWxldGUiOjE4MDAwMDAwMDAwMDAsInJlYWQiOjMwMDAwMDAwMDAwMCwidXBkYXRlIjoxODAwMDAwMDAwMDAwfX0=",
          "dependencies": [
            "azurerm_resource_group.this"
          ]
        }
      ]
    },
    {
      "mode": "managed",
      "type": "azurerm_automation_job_schedule",
      "name": "this",
      "provider": "provider[\"registry.terraform.io/hashicorp/azurerm\"]",
      "instances": [
        {
          "schema_version": 0,
          "attributes": {
            "automation_account_name": "automation-account-test",
            "id": "/subscriptions/353e8b06-f9df-482d-9834-0f7a6d733e46/resourceGroups/ccscan-env-test/providers/Microsoft.Automation/automationAccounts/automation-account-test/jobSchedules/442d1eba-b2f7-4854-9340-9cbe23afd693",
            "job_schedule_id": "442d1eba-b2f7-4854-9340-9cbe23afd693",
            "parameters": {
              "applicationgatewayname": "app-gateway",
              "applicationgatewaysslname": "ssl",
              "contactemail": "martin@fintech.builders",
              "domainname": "test-api.ccdscan.io",
              "environmentname": "test",
              "resourcegroupname": "ccscan-env-test",
              "storageaccountkey": "iCfsatbA1lau7VnX82CkNG0qYfrQJB4N0Kv1PUkHz7Cc7UciZl5W5BG+Shi0FBIu/ktPFSpCe3T5qBbpBnbH+g==",
              "storageaccountname": "storageccscantest",
              "storagecontainer": "sslrenewal"
            },
            "resource_group_name": "ccscan-env-test",
            "run_on": null,
            "runbook_name": "automation-renew-sslcert",
            "schedule_name": "sslrenewal-automation-schedule",
            "timeouts": null
          },
          "sensitive_attributes": [
            [
              {
                "type": "get_attr",
                "value": "parameters"
              },
              {
                "type": "index",
                "value": {
                  "value": "storageaccountkey",
                  "type": "string"
                }
              }
            ]
          ],
          "private": "eyJlMmJmYjczMC1lY2FhLTExZTYtOGY4OC0zNDM2M2JjN2M0YzAiOnsiY3JlYXRlIjoxODAwMDAwMDAwMDAwLCJkZWxldGUiOjE4MDAwMDAwMDAwMDAsInJlYWQiOjMwMDAwMDAwMDAwMCwidXBkYXRlIjoxODAwMDAwMDAwMDAwfX0=",
          "dependencies": [
            "azurerm_application_gateway.this",
            "azurerm_automation_account.this",
            "azurerm_automation_runbook.renew-sslcert",
            "azurerm_automation_schedule.sslrenewal",
            "azurerm_public_ip.app-gw",
            "azurerm_resource_group.this",
            "azurerm_storage_account.this",
            "azurerm_storage_container.sslrenewal",
            "azurerm_subnet.frontend",
            "azurerm_virtual_network.this",
            "data.azurerm_key_vault.ccscan",
            "data.azurerm_key_vault_secret.ssl-cert-data",
            "data.azurerm_key_vault_secret.ssl-cert-password"
          ]
        }
      ]
    },
    {
      "mode": "managed",
      "type": "azurerm_automation_module",
      "name": "posh-acme",
      "provider": "provider[\"registry.terraform.io/hashicorp/azurerm\"]",
      "instances": [
        {
          "schema_version": 0,
          "attributes": {
            "automation_account_name": "automation-account-test",
            "id": "/subscriptions/353e8b06-f9df-482d-9834-0f7a6d733e46/resourceGroups/ccscan-env-test/providers/Microsoft.Automation/automationAccounts/automation-account-test/modules/posh-acme",
            "module_link": [
              {
                "hash": [],
                "uri": "https://www.powershellgallery.com/api/v2/package/Posh-ACME/4.12.0"
              }
            ],
            "name": "posh-acme",
            "resource_group_name": "ccscan-env-test",
            "timeouts": null
          },
          "sensitive_attributes": [],
          "private": "eyJlMmJmYjczMC1lY2FhLTExZTYtOGY4OC0zNDM2M2JjN2M0YzAiOnsiY3JlYXRlIjoxODAwMDAwMDAwMDAwLCJkZWxldGUiOjE4MDAwMDAwMDAwMDAsInJlYWQiOjMwMDAwMDAwMDAwMCwidXBkYXRlIjoxODAwMDAwMDAwMDAwfX0=",
          "dependencies": [
            "azurerm_automation_account.this",
            "azurerm_resource_group.this"
          ]
        }
      ]
    },
    {
      "mode": "managed",
      "type": "azurerm_automation_runbook",
      "name": "renew-sslcert",
      "provider": "provider[\"registry.terraform.io/hashicorp/azurerm\"]",
      "instances": [
        {
          "schema_version": 0,
          "attributes": {
            "automation_account_name": "automation-account-test",
            "content": "param(\r\n    [Parameter(Mandatory=$true, HelpMessage=\"The e-mail address to send with the request for the certificate.\")][String] $contactEmail,\r\n\t[Parameter(Mandatory=$true, HelpMessage=\"The domain name to generate the SSL cert for. Enter the exact domain name, as the wild-card will be added automatically.\")][String] $domainName,\r\n    [Parameter(Mandatory=$true, HelpMessage=\"The name of the environment (dev, test, prod, etc...). Used as prefix for the names of the secrets stored in Azure Key Vault.\")][String] $environmentName,\r\n    [Parameter(Mandatory=$true, HelpMessage=\"The name of the resource group where all used/modified resources reside.\")][String] $resourceGroupName,\r\n    [Parameter(Mandatory=$true, HelpMessage=\"The name of the application gateway within the given resource group.\")][String] $applicationGatewayName,\r\n    [Parameter(Mandatory=$true, HelpMessage=\"The name of the SSL certificate to update with the given application gateway.\")][String] $applicationGatewaySslName,\r\n    [Parameter(Mandatory=$true, HelpMessage=\"The name of the storage account (where state of automation goes)\")][String] $storageAccountName,\r\n    [Parameter(Mandatory=$true, HelpMessage=\"The storage account access key to use when accessing the storage account.\")][String] $storageAccountKey,\r\n    [Parameter(Mandatory=$true, HelpMessage=\"The name of the container within the storage account where blobs are read/written.\")][String] $storageContainer)\r\n\r\n$ErrorActionPreference = \"Stop\"\r\n\r\nWrite-Output \"Connecting Azure Identity\"\r\nConnect-AzAccount -Identity | Out-Null\r\n\r\nWrite-Output \"Creating storage context\"\r\n$storageContext = New-AzStorageContext -StorageAccountName $storageAccountName -StorageAccountKey $storageAccountKey \r\n\r\n$acmeWorkdir = \".\\posh-acme\"\r\n$blobFileName = \"posh-acme.zip\"\r\n$keyVaultName = \"ccscan\"\r\n\r\ntry {\r\n    Write-Output \"About to retreive ACME context blob from storage\"\r\n    Get-AzStorageBlobContent -container $storageContainer -Blob $blobFileName -Destination . -Context $storageContext -Force | Out-Null\r\n\t$acmeContextExists = $true\r\n    \r\n    Expand-Archive \".\\${blobFileName}\" -DestinationPath .\r\n    Remove-Item -Force \".\\${blobFileName}\" | Out-Null\r\n\r\n    Write-Output \"Blob retreived\"\r\n}\r\ncatch [Microsoft.WindowsAzure.Commands.Storage.Common.ResourceNotFoundException]\r\n{\r\n    Write-Output \"ACME context blob did not exist in storage, creating new context...\"\r\n    $acmeContextExists = $false\r\n    New-Item -Path $acmeWorkdir -ItemType Directory -Force | Out-Null\r\n}\r\n\r\n$env:POSHACME_HOME = $acmeWorkdir\r\nImport-Module Posh-ACME \r\nSet-PAServer LE_PROD\r\n\r\nWrite-Output \"Getting PFX password from key vault\"\r\n$pfxPassSecure = Get-AzKeyVaultSecret -VaultName $keyVaultName -name \"${environmentName}-sslcert-pfx-password\" \r\n\r\nif ($acmeContextExists)\r\n{\r\n    Write-Output \"Submitting renewal request...\"\r\n    Set-PAOrder $domainName -PfxPassSecure $pfxPassSecure.SecretValue\r\n\t$acmeResponse = Submit-Renewal $domainName -Verbose\r\n    Write-Output \"Renewal completed!\"\r\n}\r\nelse\r\n{\r\n\tWrite-Output \"Configuring PA-account\"\r\n\t# Note regards -UseAltPluginEncryption: \r\n\t#   Needed since we will probably run on a new computer on every run\r\n\t#   (https://poshac.me/docs/v4/FAQ/#key-not-valid-for-use-in-specified-state)\r\n\tNew-PAAccount -UseAltPluginEncryption -Contact $contactEmail -AcceptTOS | Out-Null\r\n\r\n    Write-Output \"Creating new certificate...\"\r\n\t$goDaddyApiKey = Get-AzKeyVaultSecret -VaultName $keyVaultName -name \"godaddy-dns-api-key\" -AsPlainText\r\n\t$goDaddySecretSecure = Get-AzKeyVaultSecret -VaultName $keyVaultName -name \"godaddy-dns-api-key-secret\" \r\n\t$plugInArgs = @{\r\n\t\tGDKey = $goDaddyApiKey\r\n\t\tGDSecretSecure =$goDaddySecretSecure.SecretValue\r\n\t}\r\n\r\n    $acmeResponse = New-PACertificate $domainName, \"*.${domainName}\" -AcceptTOS -Contact $contactEmail -Plugin GoDaddy -PluginArgs $plugInArgs -PfxPassSecure $pfxPassSecure.SecretValue -Verbose \r\n    Write-Output \"Certificate created!\"\r\n}\r\n\r\nif ($acmeResponse -ne $NULL) {\r\n\tWrite-Output \"Updating Azure Key Vault...\"\r\n\t$pfxBase64 = [convert]::ToBase64String((Get-Content -path $acmeResponse.PfxFile -Encoding byte))\r\n\t$pfxBase64Secure = ConvertTo-SecureString -String $pfxBase64 -AsPlainText -Force\r\n\tSet-AzKeyVaultSecret -VaultName $keyVaultName -Name \"${environmentName}-sslcert-pfx\" -SecretValue $pfxBase64Secure -Expires $acmeResponse.NotAfter.ToUniversalTime() -NotBefore $acmeResponse.NotBefore.ToUniversalTime() -ContentType \"Base64 encoded PFX\" | Out-Null\r\n\r\n\tWrite-Output \"Updating application gateway...\"\r\n\t$appGW = Get-AzApplicationGateway -Name $applicationGatewayName -ResourceGroupName $resourceGroupName\r\n\t$cert = Set-AzApplicationGatewaySslCertificate -ApplicationGateway $AppGW -Name $applicationGatewaySslName -CertificateFile $acmeResponse.PfxFile -Password $pfxPassSecure.SecretValue\r\n\r\n\tWrite-Output \"Compressing ACME context and sending to blob storage...\"\r\n\t$zipPath = \".\\${blobFileName}\"\r\n\tCompress-Archive -Path $acmeWorkdir -DestinationPath $zipPath -CompressionLevel Fastest -Force\r\n\tSet-AzStorageBlobContent -File $zipPath -Container  $storageContainer -Blob $blobFileName -BlobType Block -Context $storageContext -Force | Out-Null\r\n\tRemove-Item -Force $zipPath\r\n}\r\nelse {\r\n\tWrite-Output \"There was no response from the Posh-ACME operation, so will not update anything!\"\r\n}\r\n\r\nWrite-Output \"Done\"\r\n",
            "description": "Renews the SSL certificate",
            "id": "/subscriptions/353e8b06-f9df-482d-9834-0f7a6d733e46/resourceGroups/ccscan-env-test/providers/Microsoft.Automation/automationAccounts/automation-account-test/runbooks/automation-renew-sslcert",
            "job_schedule": [
              {
                "job_schedule_id": "442d1eba-b2f7-4854-9340-9cbe23afd693",
                "parameters": {},
                "run_on": "",
                "schedule_name": "sslrenewal-automation-schedule"
              }
            ],
            "location": "northeurope",
            "log_progress": false,
            "log_verbose": false,
            "name": "automation-renew-sslcert",
            "publish_content_link": [],
            "resource_group_name": "ccscan-env-test",
            "runbook_type": "PowerShell",
            "tags": {
              "environment": "test"
            },
            "timeouts": null
          },
          "sensitive_attributes": [],
          "private": "eyJlMmJmYjczMC1lY2FhLTExZTYtOGY4OC0zNDM2M2JjN2M0YzAiOnsiY3JlYXRlIjoxODAwMDAwMDAwMDAwLCJkZWxldGUiOjE4MDAwMDAwMDAwMDAsInJlYWQiOjMwMDAwMDAwMDAwMCwidXBkYXRlIjoxODAwMDAwMDAwMDAwfX0=",
          "dependencies": [
            "azurerm_automation_account.this",
            "azurerm_resource_group.this"
          ]
        }
      ]
    },
    {
      "mode": "managed",
      "type": "azurerm_automation_schedule",
      "name": "sslrenewal",
      "provider": "provider[\"registry.terraform.io/hashicorp/azurerm\"]",
      "instances": [
        {
          "schema_version": 0,
          "attributes": {
            "automation_account_name": "automation-account-test",
            "description": "Schedule for running the SSL renewal runbook once every week.",
            "expiry_time": "9999-12-31T23:59:00Z",
            "frequency": "Week",
            "id": "/subscriptions/353e8b06-f9df-482d-9834-0f7a6d733e46/resourceGroups/ccscan-env-test/providers/Microsoft.Automation/automationAccounts/automation-account-test/schedules/sslrenewal-automation-schedule",
            "interval": 1,
            "month_days": [],
            "monthly_occurrence": [],
            "name": "sslrenewal-automation-schedule",
            "resource_group_name": "ccscan-env-test",
            "start_time": "2022-02-06T14:06:00Z",
            "timeouts": null,
            "timezone": "Etc/UTC",
            "week_days": [
              "Monday"
            ]
          },
          "sensitive_attributes": [],
          "private": "eyJlMmJmYjczMC1lY2FhLTExZTYtOGY4OC0zNDM2M2JjN2M0YzAiOnsiY3JlYXRlIjoxODAwMDAwMDAwMDAwLCJkZWxldGUiOjE4MDAwMDAwMDAwMDAsInJlYWQiOjMwMDAwMDAwMDAwMCwidXBkYXRlIjoxODAwMDAwMDAwMDAwfX0=",
          "dependencies": [
            "azurerm_automation_account.this",
            "azurerm_resource_group.this"
          ]
        }
      ]
    },
    {
      "mode": "managed",
      "type": "azurerm_linux_virtual_machine",
      "name": "vm",
      "provider": "provider[\"registry.terraform.io/hashicorp/azurerm\"]",
      "instances": [
        {
          "schema_version": 0,
          "attributes": {
            "additional_capabilities": [],
            "admin_password": null,
            "admin_ssh_key": [
              {
                "public_key": "ssh-rsa AAAAB3NzaC1yc2EAAAADAQABAAABgQDJBja4UD/c/PSyueLBTQ0pq2bwmq/4jKE7b0Dx0qlzbLJD1mr1IGNXZsNv84h7rr76KOEingq50QkCk4KPIx05/D5OthmJSNuMB20PAIB0ILUwCR79B8d/U5fA6vp7zAJj3SUFNSx6zyz/dVuRp28AKbwZLVHwIc9zjlet5Le0dgah9zlqNBLKIrg6LYECAIizpWxgKxJe68e0+P9n2TnPjmPlXIPizjYPpNM7CcmhDbZdLiExkJUJ+NVuw0A49dCzCiLhHrRcWl4kr3r0NBubBHqJNPTg9NX//rycwIkBlTKMOPwgoG9oC2iAXb6iGVpoNPEDHvsCfvdHEdZU+AwjHJ7l2MEF2iQ9ktFQ/DeQ2kT3BqGmTIcUn9jIWE/ab174vRnETrnAdYfZ72/gYRdIIo9UqQWZwIBysgPabkOLDNfhMsx0WvC9EQRQ/X75U88EoW/A6MZIW43F4zaPrJKreIa9FiGcTABQ18KvMWcNvUaYm22GxmEyQN9GSVH0tRU= generated-by-azure",
                "username": "concNodeVMuser"
              }
            ],
            "admin_username": "concNodeVMuser",
            "allow_extension_operations": true,
            "availability_set_id": "",
            "boot_diagnostics": [],
            "computer_name": "vm-concNodeVM",
            "custom_data": "IyEvYmluL2Jhc2gNCg0KZWNobyBTdGFydGluZyBlbnRyeXBvaW50IHNjcmlwdC4uLg0KDQpzZXQgLWUNCnRyYXAgJ2xhc3RfY29tbWFuZD0kY3VycmVudF9jb21tYW5kOyBjdXJyZW50X2NvbW1hbmQ9JEJBU0hfQ09NTUFORCcgREVCVUcNCnRyYXAgJ2VjaG8gIlwiJHtsYXN0X2NvbW1hbmR9XCIgY29tbWFuZCBmaWxlZCB3aXRoIGV4aXQgY29kZSAkPy4iJyBFWElUDQoNCiMjIGhvdXNlIGtlZXBpbmcgYW5kIGluaXRpYWwgaW5zdGFsbHMgYW5kIHBhY2thZ2VzDQpzdWRvIGFwdC1nZXQgdXBkYXRlDQpzdWRvIG1rZGlyIC9ob21lL3NldHVwDQpjZCAvaG9tZS9zZXR1cA0KDQojIyBNb3VudCBkYXRhIGRyaXZlDQojIyBUT0RPOiBQYXJ0aXRpb24gZGV2aWNlIG5hbWUgaXMgaGFyZC1jb2RlZCwgbWF5YmUgaXQgc2hvdWxkIGJlIHJlYWQgZHluYW1pY2FsbHk/DQojIyAgICAgICBTaG91bGQgcHJvYmFibHkgY2hlY2sgaWYgZHJpdmUgaXMgYWxyZWFkeSBwYXJ0aXRpb25lZC9mb3JtYXR0ZWQgYmVmb3JlIA0KIyMgICAgICAgKGh0dHBzOi8vZG9jcy5taWNyb3NvZnQuY29tL2VuLXVzL2F6dXJlL3ZpcnR1YWwtbWFjaGluZXMvbGludXgvYXR0YWNoLWRpc2stcG9ydGFsKQ0KdW50aWwgWyAtZSAvZGV2L2Rpc2svYXp1cmUvc2NzaTEvbHVuMSBdOyBkbyBlY2hvIHdhaXRpbmcgb24gZGF0YSBkaXNrIHRvIGJlIGF0dGFjaGVkLi4uOyBzbGVlcCAxOyBkb25lDQoNCnBhcnRlZCAvZGV2L3NkYyAtLXNjcmlwdCBta2xhYmVsIGdwdCBta3BhcnQgcHJpbWFyeSBleHQ0IDAlIDEwMCUNCm1rZnMgLXQgZXh0NCAvZGV2L3NkYzENCnBhcnRwcm9iZSAvZGV2L3NkYzENCg0KZWNobyANCmVjaG8gIiM9PT09PT09PT0gRkRJU0sgYWZ0ZXIgcGFydGl0aW9uaW5nID09PT09PShzdGFydCkjIg0KZmRpc2sgLWwNCmVjaG8gIiM9PT09PT09PT0gRkRJU0sgYWZ0ZXIgcGFydGl0aW9uaW5nID09PT09PT09KGVuZCkjIg0KZWNobyANCg0Kc3VkbyBta2RpciAvZGF0YQ0Kc3VkbyBtb3VudCAvZGV2L3NkYzEgL2RhdGENCg0KDQojIyBTZXQgdXAgZG9ja2VyDQpjdXJsIC1mc1NMIGh0dHBzOi8vZ2V0LmRvY2tlci5jb20gLW8gZ2V0LWRvY2tlci5zaA0Kc3VkbyBzaCBnZXQtZG9ja2VyLnNoDQpzdWRvIHVzZXJtb2QgLWFHIGRvY2tlciBjb25jTm9kZVZNdXNlcg0Kc3VkbyBzeXN0ZW1jdGwgZGFlbW9uLXJlbG9hZA0Kc3VkbyBzeXN0ZW1jdGwgZW5hYmxlIGRvY2tlci5zZXJ2aWNlDQpzdWRvIHN5c3RlbWN0bCBzdGFydCBkb2NrZXIuc2VydmljZQ0Kc3VkbyBjaG1vZCA2NjYgL3Zhci9ydW4vZG9ja2VyLnNvY2sNCg0KDQojIyBzZXQgdXAgQXp1cmUgY2xvdWQgY3JlZGVudGlhbHMgKGNvbm5lY3Rpb24gdG8gY29udGFpbmVyIHJlZ2lzdHJ5KToNCnN1ZG8gYXB0IGluc3RhbGwgYXp1cmUtY2xpIC15DQplY2hvIExvZ2luIHRvIGF6dXJlIGNvbnRhaW5lciByZWdpc3RyeSBmb3Igcm9vdA0KYXogYWNyIGxvZ2luIC0tbmFtZSBjY3NjYW4gLS11c2VybmFtZSAiY2NzY2FuIiAtLXBhc3N3b3JkICJHK25lNG89T2ZMT25sNTRWa2JlRllPMFUrQUIyeFFSYyINCmVjaG8gTG9naW4gdG8gYXp1cmUgY29udGFpbmVyIHJlZ2lzdHJ5IGZvciBjb25jTm9kZVZNdXNlciANCnN1ZG8gLXUgY29uY05vZGVWTXVzZXIgYXogYWNyIGxvZ2luIC0tbmFtZSBjY3NjYW4gLS11c2VybmFtZSAiY2NzY2FuIiAtLXBhc3N3b3JkICJHK25lNG89T2ZMT25sNTRWa2JlRllPMFUrQUIyeFFSYyINCg0KDQojIHNldCB1cCBkaXNjcmV0ZSBkb2NrZXIgbmV0d29ya3MgZm9yIG1haW4gYW5kIHRlc3RuZXQNCmRvY2tlciBuZXR3b3JrIGNyZWF0ZSAtZCBicmlkZ2UgbWFpbm5ldERvY2tlcg0KZG9ja2VyIG5ldHdvcmsgY3JlYXRlIC1kIGJyaWRnZSB0ZXN0bmV0RG9ja2VyDQoNCg0KIyBTZXQgdXAgQ29uY29yZGl1bSBub2RlIGNvbnRhaW5lcnMNCmRvY2tlciBydW4gLXRkIFwNCiAtcCAxMDAwMDoxMDAwMCBcDQogLXAgODg4ODo4ODg4IFwNCiAtLW5ldHdvcms9bWFpbm5ldERvY2tlciAgXA0KIC0tbmFtZSBjY25vZGUtbWFpbm5ldCAgXA0KIC0taG9zdG5hbWUgY2Nub2RlIFwNCiAtLWxvZy1kcml2ZXIgbG9jYWwgXA0KIC1lIENPTkNPUkRJVU1fTk9ERV9DT0xMRUNUT1JfTk9ERV9OQU1FPUZUQi10ZXN0IFwNCiAtZSBDT05DT1JESVVNX05PREVfUlBDX1NFUlZFUl9UT0tFTj1Wc01UcENpblFpUnlHWDhwICBcDQogLWUgQ09OQ09SRElVTV9OT0RFX0NPTExFQ1RPUl9HUlBDX0FVVEhFTlRJQ0FUSU9OX1RPS0VOPVZzTVRwQ2luUWlSeUdYOHAgIFwNCiAtZSBDT05DT1JESVVNX05PREVfTElTVEVOX1BPUlQ9ODg4OCBcDQogLXYgL2RhdGEvY29uY29yZGl1bS5tYWlubmV0Oi92YXIvbGliL2NvbmNvcmRpdW0vZGF0YSBcDQogY2NzY2FuLmF6dXJlY3IuaW8vY2Nub2RlLW1haW5uZXQ6My4wLjEtMA0KDQpkb2NrZXIgcnVuIC10ZCAgXA0KIC1wIDEwMTExOjEwMDAwIFwNCiAtcCAxODg4ODoxODg4OCBcDQogLS1uZXR3b3JrPXRlc3RuZXREb2NrZXIgXA0KIC0tbmFtZSBjY25vZGUtdGVzdG5ldCBcDQogLS1ob3N0bmFtZSBjY25vZGUgXA0KIC0tbG9nLWRyaXZlciBsb2NhbCBcDQogLWUgQ09OQ09SRElVTV9OT0RFX0NPTExFQ1RPUl9OT0RFX05BTUU9RlRCLXRlc3QgXA0KIC1lIENPTkNPUkRJVU1fTk9ERV9SUENfU0VSVkVSX1RPS0VOPVZzTVRwQ2luUWlSeUdYOHAgXA0KIC1lIENPTkNPUkRJVU1fTk9ERV9DT0xMRUNUT1JfR1JQQ19BVVRIRU5USUNBVElPTl9UT0tFTj1Wc01UcENpblFpUnlHWDhwIFwNCiAtZSBDT05DT1JESVVNX05PREVfTElTVEVOX1BPUlQ9MTg4ODggXA0KIC12IC9kYXRhL2NvbmNvcmRpdW0udGVzdG5ldDovdmFyL2xpYi9jb25jb3JkaXVtL2RhdGEgXA0KIGNjc2Nhbi5henVyZWNyLmlvL2Njbm9kZS10ZXN0bmV0OjMuMC4xLTANCg0KDQojIFNldCB1cCBiYWNrZW5kIGNvbnRhaW5lcnMNCmRvY2tlciBydW4gLXRkIFwNCiAgLXAgNTAwMDo1MDAwIFwNCiAgLS1uZXR3b3JrPW1haW5uZXREb2NrZXIgXA0KICAtLXJlc3RhcnQ9b24tZmFpbHVyZTozIFwNCiAgLS1uYW1lIGJhY2tlbmQtbWFpbm5ldCBcDQogIC0tbG9nLWRyaXZlciBub25lIFwNCiAgLWUgUG9zdGdyZXNEYXRhYmFzZTpDb25uZWN0aW9uU3RyaW5nPSJIb3N0PXBvc3RncmVzLXNzLWNjZHNjYW4tdGVzdC5wb3N0Z3Jlcy5kYXRhYmFzZS5henVyZS5jb207UG9ydD01NDMyO0RhdGFiYXNlPWNjc2Nhbi1tYWlubmV0O1VzZXIgSUQ9cG9zdGdyZXNAcG9zdGdyZXMtc3MtY2Nkc2Nhbi10ZXN0O3Bhc3N3b3JkPUZvc3NpbC1kaXN0YW50LTcyMzg7U1NMIE1vZGU9UmVxdWlyZTtUcnVzdCBTZXJ2ZXIgQ2VydGlmaWNhdGU9dHJ1ZSIgXA0KICAtZSBDb25jb3JkaXVtTm9kZUdycGM6QXV0aGVudGljYXRpb25Ub2tlbj0iVnNNVHBDaW5RaVJ5R1g4cCIgXA0KICAtdiAvZGF0YS9iYWNrZW5kLWxvZ3MubWFpbm5ldDovYXBwL2xvZ3MgXA0KICBjY3NjYW4uYXp1cmVjci5pby9iYWNrZW5kLnRlc3Q6bGF0ZXN0IA0KDQpkb2NrZXIgcnVuIC10ZCBcDQogIC1wIDUwMDE6NTAwMCBcDQogIC0tbmV0d29yaz10ZXN0bmV0RG9ja2VyIFwNCiAgLS1yZXN0YXJ0PW9uLWZhaWx1cmU6MyBcDQogIC0tbmFtZSBiYWNrZW5kLXRlc3RuZXQgXA0KICAtLWxvZy1kcml2ZXIgbm9uZSBcDQogIC1lIFBvc3RncmVzRGF0YWJhc2U6Q29ubmVjdGlvblN0cmluZz0iSG9zdD1wb3N0Z3Jlcy1zcy1jY2RzY2FuLXRlc3QucG9zdGdyZXMuZGF0YWJhc2UuYXp1cmUuY29tO1BvcnQ9NTQzMjtEYXRhYmFzZT1jY3NjYW4tdGVzdG5ldDtVc2VyIElEPXBvc3RncmVzQHBvc3RncmVzLXNzLWNjZHNjYW4tdGVzdDtwYXNzd29yZD1Gb3NzaWwtZGlzdGFudC03MjM4O1NTTCBNb2RlPVJlcXVpcmU7VHJ1c3QgU2VydmVyIENlcnRpZmljYXRlPXRydWUiIFwNCiAgLWUgQ29uY29yZGl1bU5vZGVHcnBjOkF1dGhlbnRpY2F0aW9uVG9rZW49IlZzTVRwQ2luUWlSeUdYOHAiIFwNCiAgLXYgL2RhdGEvYmFja2VuZC1sb2dzLnRlc3RuZXQ6L2FwcC9sb2dzIFwNCiAgY2NzY2FuLmF6dXJlY3IuaW8vYmFja2VuZC50ZXN0OmxhdGVzdCANCg0KDQojIFNldCB1cCB3YXRjaHRvd2VyIGNvbnRhaW5lciANCmRvY2tlciBydW4gLWQgXA0KICAtLW5hbWUgd2F0Y2h0b3dlciBcDQogIC0tbG9nLWRyaXZlciBsb2NhbCBcDQogIC12IC92YXIvcnVuL2RvY2tlci5zb2NrOi92YXIvcnVuL2RvY2tlci5zb2NrIFwNCiAgLXYgL2hvbWUvY29uY05vZGVWTXVzZXIvLmRvY2tlci9jb25maWcuanNvbjovY29uZmlnLmpzb24gXA0KICAtZSBXQVRDSFRPV0VSX0lOQ0xVREVfU1RPUFBFRD10cnVlIFwNCiAgLWUgV0FUQ0hUT1dFUl9SRVZJVkVfU1RPUFBFRD10cnVlIFwNCiAgLWUgV0FUQ0hUT1dFUl9QT0xMX0lOVEVSVkFMPTYwIFwNCiAgLWUgV0FUQ0hUT1dFUl9OT1RJRklDQVRJT05TPXNsYWNrIFwNCiAgLWUgV0FUQ0hUT1dFUl9OT1RJRklDQVRJT05fU0xBQ0tfSE9PS19VUkw9Imh0dHBzOi8vaG9va3Muc2xhY2suY29tL3NlcnZpY2VzL1QwMVI4NDk2WFU1L0IwMlFYSEUzRUYzL2QwUjRYMTZoZVlLMXAwMmpoNGY3bFZjbiIgXA0KICAtZSBXQVRDSFRPV0VSX05PVElGSUNBVElPTl9TTEFDS19JREVOVElGSUVSPXdhdGNodG93ZXItdGVzdCBcDQogIC1lIFdBVENIVE9XRVJfTk9USUZJQ0FUSU9OX1NMQUNLX0NIQU5ORUw9I2Njc2Nhbi1zZXJ2aWNlYm90cyBcDQogIGNvbnRhaW5ycnIvd2F0Y2h0b3dlciBcDQogIGJhY2tlbmQtdGVzdG5ldCBiYWNrZW5kLW1haW5uZXQNCg0KZWNobyBFbnRyeXBvaW50IHNjcmlwdCBmaW5pc2hlZC4uLg==",
            "dedicated_host_group_id": "",
            "dedicated_host_id": "",
            "disable_password_authentication": true,
            "encryption_at_host_enabled": false,
            "eviction_policy": "",
            "extensions_time_budget": "PT1H30M",
            "id": "/subscriptions/353e8b06-f9df-482d-9834-0f7a6d733e46/resourceGroups/ccscan-env-test/providers/Microsoft.Compute/virtualMachines/vm",
            "identity": [],
            "license_type": "",
            "location": "northeurope",
            "max_bid_price": -1,
            "name": "vm",
            "network_interface_ids": [
              "/subscriptions/353e8b06-f9df-482d-9834-0f7a6d733e46/resourceGroups/ccscan-env-test/providers/Microsoft.Network/networkInterfaces/vm-nic"
            ],
            "os_disk": [
              {
                "caching": "ReadWrite",
                "diff_disk_settings": [],
                "disk_encryption_set_id": "",
                "disk_size_gb": 30,
                "name": "vm_disk_os",
                "storage_account_type": "Premium_LRS",
                "write_accelerator_enabled": false
              }
            ],
            "patch_mode": "ImageDefault",
            "plan": [],
            "platform_fault_domain": -1,
            "priority": "Regular",
            "private_ip_address": "10.0.1.4",
            "private_ip_addresses": [
              "10.0.1.4"
            ],
            "provision_vm_agent": true,
            "proximity_placement_group_id": "",
            "public_ip_address": "23.100.62.133",
            "public_ip_addresses": [
              "23.100.62.133"
            ],
            "resource_group_name": "ccscan-env-test",
            "secret": [],
            "secure_boot_enabled": false,
            "size": "Standard_B4ms",
            "source_image_id": "",
            "source_image_reference": [
              {
                "offer": "0001-com-ubuntu-server-focal-daily",
                "publisher": "Canonical",
                "sku": "20_04-daily-lts-gen2",
                "version": "latest"
              }
            ],
            "tags": {
              "environment": "test"
            },
            "timeouts": null,
            "user_data": "",
            "virtual_machine_id": "bba84a2b-a653-4a31-bdc1-babacfb8105d",
            "virtual_machine_scale_set_id": "",
            "vtpm_enabled": false,
            "zone": ""
          },
          "sensitive_attributes": [
            [
              {
                "type": "get_attr",
                "value": "custom_data"
              }
            ]
          ],
          "private": "eyJlMmJmYjczMC1lY2FhLTExZTYtOGY4OC0zNDM2M2JjN2M0YzAiOnsiY3JlYXRlIjoyNzAwMDAwMDAwMDAwLCJkZWxldGUiOjI3MDAwMDAwMDAwMDAsInJlYWQiOjMwMDAwMDAwMDAwMCwidXBkYXRlIjoyNzAwMDAwMDAwMDAwfX0=",
          "dependencies": [
            "azurerm_network_interface.vm",
            "azurerm_public_ip.vm",
            "azurerm_resource_group.this",
            "azurerm_subnet.backend",
            "azurerm_virtual_network.this",
            "data.azurerm_container_registry.ccscan",
            "data.azurerm_key_vault.ccscan",
            "data.azurerm_key_vault_secret.ccnode-auth-token",
            "data.azurerm_key_vault_secret.postgres-password",
            "data.azurerm_ssh_public_key.ssh_vm"
          ]
        }
      ]
    },
    {
      "mode": "managed",
      "type": "azurerm_managed_disk",
      "name": "vm_data",
      "provider": "provider[\"registry.terraform.io/hashicorp/azurerm\"]",
      "instances": [
        {
          "schema_version": 0,
          "attributes": {
            "create_option": "Empty",
            "disk_access_id": "",
            "disk_encryption_set_id": "",
            "disk_iops_read_only": 0,
            "disk_iops_read_write": 500,
            "disk_mbps_read_only": 0,
            "disk_mbps_read_write": 60,
            "disk_size_gb": 128,
            "encryption_settings": [],
            "gallery_image_reference_id": "",
            "hyper_v_generation": "",
            "id": "/subscriptions/353e8b06-f9df-482d-9834-0f7a6d733e46/resourceGroups/ccscan-env-test/providers/Microsoft.Compute/disks/vm_disk_data_bba84a2b-a653-4a31-bdc1-babacfb8105d",
            "image_reference_id": "",
            "location": "northeurope",
            "logical_sector_size": null,
            "max_shares": 0,
            "name": "vm_disk_data_bba84a2b-a653-4a31-bdc1-babacfb8105d",
            "network_access_policy": null,
            "on_demand_bursting_enabled": false,
            "os_type": "",
            "public_network_access_enabled": true,
            "resource_group_name": "ccscan-env-test",
            "source_resource_id": "",
            "source_uri": "",
            "storage_account_id": "",
            "storage_account_type": "StandardSSD_LRS",
            "tags": {
              "environment": "test"
            },
            "tier": "",
            "timeouts": null,
            "trusted_launch_enabled": false,
            "zones": []
          },
          "sensitive_attributes": [],
          "private": "eyJlMmJmYjczMC1lY2FhLTExZTYtOGY4OC0zNDM2M2JjN2M0YzAiOnsiY3JlYXRlIjoxODAwMDAwMDAwMDAwLCJkZWxldGUiOjE4MDAwMDAwMDAwMDAsInJlYWQiOjMwMDAwMDAwMDAwMCwidXBkYXRlIjoxODAwMDAwMDAwMDAwfX0=",
          "dependencies": [
            "azurerm_linux_virtual_machine.vm",
            "azurerm_network_interface.vm",
            "azurerm_public_ip.vm",
            "azurerm_resource_group.this",
            "azurerm_subnet.backend",
            "azurerm_virtual_network.this",
            "data.azurerm_container_registry.ccscan",
            "data.azurerm_key_vault.ccscan",
            "data.azurerm_key_vault_secret.ccnode-auth-token",
            "data.azurerm_key_vault_secret.postgres-password",
            "data.azurerm_ssh_public_key.ssh_vm"
          ]
        }
      ]
    },
    {
      "mode": "managed",
      "type": "azurerm_network_interface",
      "name": "vm",
      "provider": "provider[\"registry.terraform.io/hashicorp/azurerm\"]",
      "instances": [
        {
          "schema_version": 0,
          "attributes": {
            "applied_dns_servers": [],
            "dns_servers": [],
            "enable_accelerated_networking": false,
            "enable_ip_forwarding": false,
            "id": "/subscriptions/353e8b06-f9df-482d-9834-0f7a6d733e46/resourceGroups/ccscan-env-test/providers/Microsoft.Network/networkInterfaces/vm-nic",
            "internal_dns_name_label": "",
            "internal_domain_name_suffix": "xopwlaitzuie5br1ogrng31fvc.fx.internal.cloudapp.net",
            "ip_configuration": [
              {
                "gateway_load_balancer_frontend_ip_configuration_id": "",
                "name": "ipc-vm",
                "primary": true,
                "private_ip_address": "10.0.1.4",
                "private_ip_address_allocation": "Dynamic",
                "private_ip_address_version": "IPv4",
                "public_ip_address_id": "/subscriptions/353e8b06-f9df-482d-9834-0f7a6d733e46/resourceGroups/ccscan-env-test/providers/Microsoft.Network/publicIPAddresses/vm-nic-pip",
                "subnet_id": "/subscriptions/353e8b06-f9df-482d-9834-0f7a6d733e46/resourceGroups/ccscan-env-test/providers/Microsoft.Network/virtualNetworks/vnet/subnets/snet-backend"
              }
            ],
            "location": "northeurope",
            "mac_address": "00-0D-3A-B2-A3-8E",
            "name": "vm-nic",
            "private_ip_address": "10.0.1.4",
            "private_ip_addresses": [
              "10.0.1.4"
            ],
            "resource_group_name": "ccscan-env-test",
            "tags": {
              "environment": "test"
            },
            "timeouts": null,
            "virtual_machine_id": "/subscriptions/353e8b06-f9df-482d-9834-0f7a6d733e46/resourceGroups/ccscan-env-test/providers/Microsoft.Compute/virtualMachines/vm"
          },
          "sensitive_attributes": [],
          "private": "eyJlMmJmYjczMC1lY2FhLTExZTYtOGY4OC0zNDM2M2JjN2M0YzAiOnsiY3JlYXRlIjoxODAwMDAwMDAwMDAwLCJkZWxldGUiOjE4MDAwMDAwMDAwMDAsInJlYWQiOjMwMDAwMDAwMDAwMCwidXBkYXRlIjoxODAwMDAwMDAwMDAwfX0=",
          "dependencies": [
            "azurerm_public_ip.vm",
            "azurerm_resource_group.this",
            "azurerm_subnet.backend",
            "azurerm_virtual_network.this"
          ]
        }
      ]
    },
    {
      "mode": "managed",
      "type": "azurerm_network_interface_application_gateway_backend_address_pool_association",
      "name": "vm",
      "provider": "provider[\"registry.terraform.io/hashicorp/azurerm\"]",
      "instances": [
        {
          "schema_version": 0,
          "attributes": {
            "backend_address_pool_id": "/subscriptions/353e8b06-f9df-482d-9834-0f7a6d733e46/resourceGroups/ccscan-env-test/providers/Microsoft.Network/applicationGateways/app-gateway/backendAddressPools/app-gateway-backends",
            "id": "/subscriptions/353e8b06-f9df-482d-9834-0f7a6d733e46/resourceGroups/ccscan-env-test/providers/Microsoft.Network/networkInterfaces/vm-nic/ipConfigurations/ipc-vm|/subscriptions/353e8b06-f9df-482d-9834-0f7a6d733e46/resourceGroups/ccscan-env-test/providers/Microsoft.Network/applicationGateways/app-gateway/backendAddressPools/app-gateway-backends",
            "ip_configuration_name": "ipc-vm",
            "network_interface_id": "/subscriptions/353e8b06-f9df-482d-9834-0f7a6d733e46/resourceGroups/ccscan-env-test/providers/Microsoft.Network/networkInterfaces/vm-nic",
            "timeouts": null
          },
          "sensitive_attributes": [],
          "private": "eyJlMmJmYjczMC1lY2FhLTExZTYtOGY4OC0zNDM2M2JjN2M0YzAiOnsiY3JlYXRlIjoxODAwMDAwMDAwMDAwLCJkZWxldGUiOjE4MDAwMDAwMDAwMDAsInJlYWQiOjMwMDAwMDAwMDAwMCwidXBkYXRlIjoxODAwMDAwMDAwMDAwfX0=",
          "dependencies": [
            "azurerm_application_gateway.this",
            "azurerm_network_interface.vm",
            "azurerm_public_ip.app-gw",
            "azurerm_public_ip.vm",
            "azurerm_resource_group.this",
            "azurerm_subnet.backend",
            "azurerm_subnet.frontend",
            "azurerm_virtual_network.this",
            "data.azurerm_key_vault.ccscan",
            "data.azurerm_key_vault_secret.ssl-cert-data",
            "data.azurerm_key_vault_secret.ssl-cert-password"
          ]
        }
      ]
    },
    {
      "mode": "managed",
      "type": "azurerm_network_interface_security_group_association",
      "name": "vm_nic",
      "provider": "provider[\"registry.terraform.io/hashicorp/azurerm\"]",
      "instances": [
        {
          "schema_version": 0,
          "attributes": {
            "id": "/subscriptions/353e8b06-f9df-482d-9834-0f7a6d733e46/resourceGroups/ccscan-env-test/providers/Microsoft.Network/networkInterfaces/vm-nic|/subscriptions/353e8b06-f9df-482d-9834-0f7a6d733e46/resourceGroups/ccscan-env-test/providers/Microsoft.Network/networkSecurityGroups/vm-nic-nsg",
            "network_interface_id": "/subscriptions/353e8b06-f9df-482d-9834-0f7a6d733e46/resourceGroups/ccscan-env-test/providers/Microsoft.Network/networkInterfaces/vm-nic",
            "network_security_group_id": "/subscriptions/353e8b06-f9df-482d-9834-0f7a6d733e46/resourceGroups/ccscan-env-test/providers/Microsoft.Network/networkSecurityGroups/vm-nic-nsg",
            "timeouts": null
          },
          "sensitive_attributes": [],
          "private": "eyJlMmJmYjczMC1lY2FhLTExZTYtOGY4OC0zNDM2M2JjN2M0YzAiOnsiY3JlYXRlIjoxODAwMDAwMDAwMDAwLCJkZWxldGUiOjE4MDAwMDAwMDAwMDAsInJlYWQiOjMwMDAwMDAwMDAwMCwidXBkYXRlIjoxODAwMDAwMDAwMDAwfX0=",
          "dependencies": [
            "azurerm_network_interface.vm",
            "azurerm_network_security_group.this",
            "azurerm_public_ip.vm",
            "azurerm_resource_group.this",
            "azurerm_subnet.backend",
            "azurerm_virtual_network.this"
          ]
        }
      ]
    },
    {
      "mode": "managed",
      "type": "azurerm_network_security_group",
      "name": "this",
      "provider": "provider[\"registry.terraform.io/hashicorp/azurerm\"]",
      "instances": [
        {
          "schema_version": 0,
          "attributes": {
            "id": "/subscriptions/353e8b06-f9df-482d-9834-0f7a6d733e46/resourceGroups/ccscan-env-test/providers/Microsoft.Network/networkSecurityGroups/vm-nic-nsg",
            "location": "northeurope",
            "name": "vm-nic-nsg",
            "resource_group_name": "ccscan-env-test",
            "security_rule": [
              {
                "access": "Allow",
                "description": "",
                "destination_address_prefix": "*",
                "destination_address_prefixes": [],
                "destination_application_security_group_ids": [],
                "destination_port_range": "10000",
                "destination_port_ranges": [],
                "direction": "Inbound",
                "name": "ccnode_mainnet_grpc",
                "priority": 1004,
                "protocol": "Tcp",
                "source_address_prefix": "*",
                "source_address_prefixes": [],
                "source_application_security_group_ids": [],
                "source_port_range": "*",
                "source_port_ranges": []
              },
              {
                "access": "Allow",
                "description": "",
                "destination_address_prefix": "*",
                "destination_address_prefixes": [],
                "destination_application_security_group_ids": [],
                "destination_port_range": "10111",
                "destination_port_ranges": [],
                "direction": "Inbound",
                "name": "ccnode_testnet_grpc",
                "priority": 1005,
                "protocol": "Tcp",
                "source_address_prefix": "*",
                "source_address_prefixes": [],
                "source_application_security_group_ids": [],
                "source_port_range": "*",
                "source_port_ranges": []
              },
              {
                "access": "Allow",
                "description": "",
                "destination_address_prefix": "*",
                "destination_address_prefixes": [],
                "destination_application_security_group_ids": [],
                "destination_port_range": "18888",
                "destination_port_ranges": [],
                "direction": "Inbound",
                "name": "ccnode_testnet_p2p",
                "priority": 1003,
                "protocol": "Tcp",
                "source_address_prefix": "*",
                "source_address_prefixes": [],
                "source_application_security_group_ids": [],
                "source_port_range": "*",
                "source_port_ranges": []
              },
              {
                "access": "Allow",
                "description": "",
                "destination_address_prefix": "*",
                "destination_address_prefixes": [],
                "destination_application_security_group_ids": [],
                "destination_port_range": "22",
                "destination_port_ranges": [],
                "direction": "Inbound",
                "name": "SSH",
                "priority": 1001,
                "protocol": "Tcp",
                "source_address_prefix": "*",
                "source_address_prefixes": [],
                "source_application_security_group_ids": [],
                "source_port_range": "*",
                "source_port_ranges": []
              },
              {
                "access": "Allow",
                "description": "",
                "destination_address_prefix": "*",
                "destination_address_prefixes": [],
                "destination_application_security_group_ids": [],
                "destination_port_range": "5000",
                "destination_port_ranges": [],
                "direction": "Inbound",
                "name": "http-mainnet",
                "priority": 1007,
                "protocol": "Tcp",
                "source_address_prefix": "*",
                "source_address_prefixes": [],
                "source_application_security_group_ids": [],
                "source_port_range": "*",
                "source_port_ranges": []
              },
              {
                "access": "Allow",
                "description": "",
                "destination_address_prefix": "*",
                "destination_address_prefixes": [],
                "destination_application_security_group_ids": [],
                "destination_port_range": "5001",
                "destination_port_ranges": [],
                "direction": "Inbound",
                "name": "http-testnet",
                "priority": 1008,
                "protocol": "Tcp",
                "source_address_prefix": "*",
                "source_address_prefixes": [],
                "source_application_security_group_ids": [],
                "source_port_range": "*",
                "source_port_ranges": []
              },
              {
                "access": "Allow",
                "description": "",
                "destination_address_prefix": "*",
                "destination_address_prefixes": [],
                "destination_application_security_group_ids": [],
                "destination_port_range": "8888",
                "destination_port_ranges": [],
                "direction": "Inbound",
                "name": "ccnode_mainnet_p2p",
                "priority": 1002,
                "protocol": "Tcp",
                "source_address_prefix": "*",
                "source_address_prefixes": [],
                "source_application_security_group_ids": [],
                "source_port_range": "*",
                "source_port_ranges": []
              }
            ],
            "tags": {
              "environment": "test"
            },
            "timeouts": null
          },
          "sensitive_attributes": [],
          "private": "eyJlMmJmYjczMC1lY2FhLTExZTYtOGY4OC0zNDM2M2JjN2M0YzAiOnsiY3JlYXRlIjoxODAwMDAwMDAwMDAwLCJkZWxldGUiOjE4MDAwMDAwMDAwMDAsInJlYWQiOjMwMDAwMDAwMDAwMCwidXBkYXRlIjoxODAwMDAwMDAwMDAwfX0=",
          "dependencies": [
            "azurerm_resource_group.this"
          ]
        }
      ]
    },
    {
      "mode": "managed",
      "type": "azurerm_postgresql_configuration",
      "name": "timescaledb",
      "provider": "provider[\"registry.terraform.io/hashicorp/azurerm\"]",
      "instances": [
        {
          "schema_version": 0,
          "attributes": {
            "id": "/subscriptions/353e8b06-f9df-482d-9834-0f7a6d733e46/resourceGroups/ccscan-env-test/providers/Microsoft.DBforPostgreSQL/servers/postgres-ss-ccdscan-test/configurations/shared_preload_libraries",
            "name": "shared_preload_libraries",
            "resource_group_name": "ccscan-env-test",
            "server_name": "postgres-ss-ccdscan-test",
            "timeouts": null,
            "value": "timescaledb"
          },
          "sensitive_attributes": [],
          "private": "eyJlMmJmYjczMC1lY2FhLTExZTYtOGY4OC0zNDM2M2JjN2M0YzAiOnsiY3JlYXRlIjoxODAwMDAwMDAwMDAwLCJkZWxldGUiOjE4MDAwMDAwMDAwMDAsInJlYWQiOjMwMDAwMDAwMDAwMCwidXBkYXRlIjoxODAwMDAwMDAwMDAwfX0=",
          "dependencies": [
            "azurerm_postgresql_server.this",
            "azurerm_resource_group.this",
            "data.azurerm_key_vault.ccscan",
            "data.azurerm_key_vault_secret.postgres-password"
          ]
        }
      ]
    },
    {
      "mode": "managed",
      "type": "azurerm_postgresql_firewall_rule",
      "name": "vm",
      "provider": "provider[\"registry.terraform.io/hashicorp/azurerm\"]",
      "instances": [
        {
          "schema_version": 0,
          "attributes": {
            "end_ip_address": "23.100.62.133",
            "id": "/subscriptions/353e8b06-f9df-482d-9834-0f7a6d733e46/resourceGroups/ccscan-env-test/providers/Microsoft.DBforPostgreSQL/servers/postgres-ss-ccdscan-test/firewallRules/vm",
            "name": "vm",
            "resource_group_name": "ccscan-env-test",
            "server_name": "postgres-ss-ccdscan-test",
            "start_ip_address": "23.100.62.133",
            "timeouts": null
          },
          "sensitive_attributes": [],
          "private": "eyJlMmJmYjczMC1lY2FhLTExZTYtOGY4OC0zNDM2M2JjN2M0YzAiOnsiY3JlYXRlIjoxODAwMDAwMDAwMDAwLCJkZWxldGUiOjE4MDAwMDAwMDAwMDAsInJlYWQiOjMwMDAwMDAwMDAwMCwidXBkYXRlIjoxODAwMDAwMDAwMDAwfX0=",
          "dependencies": [
            "azurerm_postgresql_server.this",
            "azurerm_public_ip.vm",
            "azurerm_resource_group.this",
            "data.azurerm_key_vault.ccscan",
            "data.azurerm_key_vault_secret.postgres-password"
          ]
        }
      ]
    },
    {
      "mode": "managed",
      "type": "azurerm_postgresql_server",
      "name": "this",
      "provider": "provider[\"registry.terraform.io/hashicorp/azurerm\"]",
      "instances": [
        {
          "schema_version": 0,
          "attributes": {
            "administrator_login": "postgres",
            "administrator_login_password": "Fossil-distant-7238",
            "auto_grow_enabled": true,
            "backup_retention_days": 7,
            "create_mode": "Default",
            "creation_source_server_id": null,
            "fqdn": "postgres-ss-ccdscan-test.postgres.database.azure.com",
            "geo_redundant_backup_enabled": false,
            "id": "/subscriptions/353e8b06-f9df-482d-9834-0f7a6d733e46/resourceGroups/ccscan-env-test/providers/Microsoft.DBforPostgreSQL/servers/postgres-ss-ccdscan-test",
            "identity": [],
            "infrastructure_encryption_enabled": false,
            "location": "northeurope",
            "name": "postgres-ss-ccdscan-test",
            "public_network_access_enabled": true,
            "resource_group_name": "ccscan-env-test",
            "restore_point_in_time": null,
            "sku_name": "B_Gen5_2",
            "ssl_enforcement": "Enabled",
            "ssl_enforcement_enabled": true,
            "ssl_minimal_tls_version_enforced": "TLS1_2",
            "storage_mb": 131072,
            "storage_profile": [
              {
                "auto_grow": "Enabled",
                "backup_retention_days": 7,
                "geo_redundant_backup": "Disabled",
                "storage_mb": 131072
              }
            ],
            "tags": {
              "environment": "test"
            },
            "threat_detection_policy": [],
            "timeouts": null,
            "version": "11"
          },
          "sensitive_attributes": [
            [
              {
                "type": "get_attr",
                "value": "administrator_login_password"
              }
            ]
          ],
          "private": "eyJlMmJmYjczMC1lY2FhLTExZTYtOGY4OC0zNDM2M2JjN2M0YzAiOnsiY3JlYXRlIjozNjAwMDAwMDAwMDAwLCJkZWxldGUiOjM2MDAwMDAwMDAwMDAsInJlYWQiOjMwMDAwMDAwMDAwMCwidXBkYXRlIjozNjAwMDAwMDAwMDAwfX0=",
          "dependencies": [
            "azurerm_resource_group.this",
            "data.azurerm_key_vault_secret.postgres-password"
          ]
        }
      ]
    },
    {
      "mode": "managed",
      "type": "azurerm_public_ip",
      "name": "app-gw",
      "provider": "provider[\"registry.terraform.io/hashicorp/azurerm\"]",
      "instances": [
        {
          "schema_version": 0,
          "attributes": {
            "allocation_method": "Dynamic",
            "availability_zone": "No-Zone",
            "domain_name_label": "test-ccdscan-api",
            "fqdn": "test-ccdscan-api.northeurope.cloudapp.azure.com",
            "id": "/subscriptions/353e8b06-f9df-482d-9834-0f7a6d733e46/resourceGroups/ccscan-env-test/providers/Microsoft.Network/publicIPAddresses/app-gateway-pip",
            "idle_timeout_in_minutes": 4,
            "ip_address": "23.102.57.64",
            "ip_tags": {},
            "ip_version": "IPv4",
            "location": "northeurope",
            "name": "app-gateway-pip",
            "public_ip_prefix_id": null,
            "resource_group_name": "ccscan-env-test",
            "reverse_fqdn": "",
            "sku": "Basic",
            "sku_tier": "Regional",
            "tags": {
              "environment": "test"
            },
            "timeouts": null,
            "zones": []
          },
          "sensitive_attributes": [],
          "private": "eyJlMmJmYjczMC1lY2FhLTExZTYtOGY4OC0zNDM2M2JjN2M0YzAiOnsiY3JlYXRlIjoxODAwMDAwMDAwMDAwLCJkZWxldGUiOjE4MDAwMDAwMDAwMDAsInJlYWQiOjMwMDAwMDAwMDAwMCwidXBkYXRlIjoxODAwMDAwMDAwMDAwfX0=",
          "dependencies": [
            "azurerm_resource_group.this"
          ]
        }
      ]
    },
    {
      "mode": "managed",
      "type": "azurerm_public_ip",
      "name": "vm",
      "provider": "provider[\"registry.terraform.io/hashicorp/azurerm\"]",
      "instances": [
        {
          "schema_version": 0,
          "attributes": {
            "allocation_method": "Static",
            "availability_zone": "No-Zone",
            "domain_name_label": "test-ccdscan-vm",
            "fqdn": "test-ccdscan-vm.northeurope.cloudapp.azure.com",
            "id": "/subscriptions/353e8b06-f9df-482d-9834-0f7a6d733e46/resourceGroups/ccscan-env-test/providers/Microsoft.Network/publicIPAddresses/vm-nic-pip",
            "idle_timeout_in_minutes": 4,
            "ip_address": "23.100.62.133",
            "ip_tags": {},
            "ip_version": "IPv4",
            "location": "northeurope",
            "name": "vm-nic-pip",
            "public_ip_prefix_id": null,
            "resource_group_name": "ccscan-env-test",
            "reverse_fqdn": "",
            "sku": "Basic",
            "sku_tier": "Regional",
            "tags": {
              "environment": "test"
            },
            "timeouts": null,
            "zones": []
          },
          "sensitive_attributes": [],
          "private": "eyJlMmJmYjczMC1lY2FhLTExZTYtOGY4OC0zNDM2M2JjN2M0YzAiOnsiY3JlYXRlIjoxODAwMDAwMDAwMDAwLCJkZWxldGUiOjE4MDAwMDAwMDAwMDAsInJlYWQiOjMwMDAwMDAwMDAwMCwidXBkYXRlIjoxODAwMDAwMDAwMDAwfX0=",
          "dependencies": [
            "azurerm_resource_group.this"
          ]
        }
      ]
    },
    {
      "mode": "managed",
      "type": "azurerm_resource_group",
      "name": "this",
      "provider": "provider[\"registry.terraform.io/hashicorp/azurerm\"]",
      "instances": [
        {
          "schema_version": 0,
          "attributes": {
            "id": "/subscriptions/353e8b06-f9df-482d-9834-0f7a6d733e46/resourceGroups/ccscan-env-test",
            "location": "northeurope",
            "name": "ccscan-env-test",
            "tags": {
              "environment": "test"
            },
            "timeouts": null
          },
          "sensitive_attributes": [],
          "private": "eyJlMmJmYjczMC1lY2FhLTExZTYtOGY4OC0zNDM2M2JjN2M0YzAiOnsiY3JlYXRlIjo1NDAwMDAwMDAwMDAwLCJkZWxldGUiOjU0MDAwMDAwMDAwMDAsInJlYWQiOjMwMDAwMDAwMDAwMCwidXBkYXRlIjo1NDAwMDAwMDAwMDAwfX0="
        }
      ]
    },
    {
      "mode": "managed",
      "type": "azurerm_role_assignment",
      "name": "automation-account-app-gateway",
      "provider": "provider[\"registry.terraform.io/hashicorp/azurerm\"]",
      "instances": [
        {
          "schema_version": 0,
          "attributes": {
            "condition": "",
            "condition_version": "",
            "delegated_managed_identity_resource_id": "",
            "description": "",
            "id": "/subscriptions/353e8b06-f9df-482d-9834-0f7a6d733e46/resourceGroups/ccscan-env-test/providers/Microsoft.Network/applicationGateways/app-gateway/providers/Microsoft.Authorization/roleAssignments/98c73521-5d14-6c11-9bc2-988598c7ee4b",
            "name": "98c73521-5d14-6c11-9bc2-988598c7ee4b",
            "principal_id": "c37ae625-b376-47f3-804f-4ba2ca760338",
            "principal_type": "ServicePrincipal",
            "role_definition_id": "/subscriptions/353e8b06-f9df-482d-9834-0f7a6d733e46/providers/Microsoft.Authorization/roleDefinitions/c7393b34-138c-406f-901b-d8cf2b17e6ae",
            "role_definition_name": "Managed Application Operator Role",
            "scope": "/subscriptions/353e8b06-f9df-482d-9834-0f7a6d733e46/resourceGroups/ccscan-env-test/providers/Microsoft.Network/applicationGateways/app-gateway",
            "skip_service_principal_aad_check": null,
            "timeouts": null
          },
          "sensitive_attributes": [],
          "private": "eyJlMmJmYjczMC1lY2FhLTExZTYtOGY4OC0zNDM2M2JjN2M0YzAiOnsiY3JlYXRlIjoxODAwMDAwMDAwMDAwLCJkZWxldGUiOjE4MDAwMDAwMDAwMDAsInJlYWQiOjMwMDAwMDAwMDAwMCwidXBkYXRlIjoxODAwMDAwMDAwMDAwfX0=",
          "dependencies": [
            "azurerm_application_gateway.this",
            "azurerm_automation_account.this",
            "azurerm_public_ip.app-gw",
            "azurerm_resource_group.this",
            "azurerm_subnet.frontend",
            "azurerm_virtual_network.this",
            "data.azurerm_key_vault.ccscan",
            "data.azurerm_key_vault_secret.ssl-cert-data",
            "data.azurerm_key_vault_secret.ssl-cert-password"
          ]
        }
      ]
    },
    {
      "mode": "managed",
      "type": "azurerm_role_assignment",
      "name": "automation-account-key-vault-godaddy-dns-api-key-secret",
      "provider": "provider[\"registry.terraform.io/hashicorp/azurerm\"]",
      "instances": [
        {
          "schema_version": 0,
          "attributes": {
            "condition": "",
            "condition_version": "",
            "delegated_managed_identity_resource_id": "",
            "description": "",
            "id": "/subscriptions/353e8b06-f9df-482d-9834-0f7a6d733e46/resourceGroups/ccscan-key-vault/providers/Microsoft.KeyVault/vaults/ccscan/secrets/godaddy-dns-api-key-secret/providers/Microsoft.Authorization/roleAssignments/f6c57c25-4d16-e77b-658e-f2be98e1a00d",
            "name": "f6c57c25-4d16-e77b-658e-f2be98e1a00d",
            "principal_id": "c37ae625-b376-47f3-804f-4ba2ca760338",
            "principal_type": "ServicePrincipal",
            "role_definition_id": "/subscriptions/353e8b06-f9df-482d-9834-0f7a6d733e46/providers/Microsoft.Authorization/roleDefinitions/4633458b-17de-408a-b874-0445c86b69e6",
            "role_definition_name": "Key Vault Secrets User",
            "scope": "/subscriptions/353e8b06-f9df-482d-9834-0f7a6d733e46/resourceGroups/ccscan-key-vault/providers/Microsoft.KeyVault/vaults/ccscan/secrets/godaddy-dns-api-key-secret",
            "skip_service_principal_aad_check": null,
            "timeouts": null
          },
          "sensitive_attributes": [],
          "private": "eyJlMmJmYjczMC1lY2FhLTExZTYtOGY4OC0zNDM2M2JjN2M0YzAiOnsiY3JlYXRlIjoxODAwMDAwMDAwMDAwLCJkZWxldGUiOjE4MDAwMDAwMDAwMDAsInJlYWQiOjMwMDAwMDAwMDAwMCwidXBkYXRlIjoxODAwMDAwMDAwMDAwfX0=",
          "dependencies": [
            "azurerm_automation_account.this",
            "azurerm_resource_group.this",
            "data.azurerm_key_vault.ccscan",
            "data.azurerm_key_vault_secret.godaddy-dns-api-key-secret"
          ]
        }
      ]
    },
    {
      "mode": "managed",
      "type": "azurerm_role_assignment",
      "name": "automation-account-key-vault-sslcert-pfx",
      "provider": "provider[\"registry.terraform.io/hashicorp/azurerm\"]",
      "instances": [
        {
          "schema_version": 0,
          "attributes": {
            "condition": "",
            "condition_version": "",
            "delegated_managed_identity_resource_id": "",
            "description": "",
            "id": "/subscriptions/353e8b06-f9df-482d-9834-0f7a6d733e46/resourceGroups/ccscan-key-vault/providers/Microsoft.KeyVault/vaults/ccscan/secrets/test-sslcert-pfx/providers/Microsoft.Authorization/roleAssignments/a39ff489-62aa-3ce0-33e1-ca3a8324709e",
            "name": "a39ff489-62aa-3ce0-33e1-ca3a8324709e",
            "principal_id": "c37ae625-b376-47f3-804f-4ba2ca760338",
            "principal_type": "ServicePrincipal",
            "role_definition_id": "/subscriptions/353e8b06-f9df-482d-9834-0f7a6d733e46/providers/Microsoft.Authorization/roleDefinitions/b86a8fe4-44ce-4948-aee5-eccb2c155cd7",
            "role_definition_name": "Key Vault Secrets Officer",
            "scope": "/subscriptions/353e8b06-f9df-482d-9834-0f7a6d733e46/resourceGroups/ccscan-key-vault/providers/Microsoft.KeyVault/vaults/ccscan/secrets/test-sslcert-pfx",
            "skip_service_principal_aad_check": null,
            "timeouts": null
          },
          "sensitive_attributes": [],
          "private": "eyJlMmJmYjczMC1lY2FhLTExZTYtOGY4OC0zNDM2M2JjN2M0YzAiOnsiY3JlYXRlIjoxODAwMDAwMDAwMDAwLCJkZWxldGUiOjE4MDAwMDAwMDAwMDAsInJlYWQiOjMwMDAwMDAwMDAwMCwidXBkYXRlIjoxODAwMDAwMDAwMDAwfX0=",
          "dependencies": [
            "azurerm_automation_account.this",
            "azurerm_resource_group.this",
            "data.azurerm_key_vault.ccscan",
            "data.azurerm_key_vault_secret.ssl-cert-data"
          ]
        }
      ]
    },
    {
      "mode": "managed",
      "type": "azurerm_role_assignment",
      "name": "automation-account-key-vault-sslcert-pfx-password",
      "provider": "provider[\"registry.terraform.io/hashicorp/azurerm\"]",
      "instances": [
        {
          "schema_version": 0,
          "attributes": {
            "condition": "",
            "condition_version": "",
            "delegated_managed_identity_resource_id": "",
            "description": "",
            "id": "/subscriptions/353e8b06-f9df-482d-9834-0f7a6d733e46/resourceGroups/ccscan-key-vault/providers/Microsoft.KeyVault/vaults/ccscan/secrets/test-sslcert-pfx-password/providers/Microsoft.Authorization/roleAssignments/ee9c2d91-a4c5-ff10-a77c-f216702f4328",
            "name": "ee9c2d91-a4c5-ff10-a77c-f216702f4328",
            "principal_id": "c37ae625-b376-47f3-804f-4ba2ca760338",
            "principal_type": "ServicePrincipal",
            "role_definition_id": "/subscriptions/353e8b06-f9df-482d-9834-0f7a6d733e46/providers/Microsoft.Authorization/roleDefinitions/4633458b-17de-408a-b874-0445c86b69e6",
            "role_definition_name": "Key Vault Secrets User",
            "scope": "/subscriptions/353e8b06-f9df-482d-9834-0f7a6d733e46/resourceGroups/ccscan-key-vault/providers/Microsoft.KeyVault/vaults/ccscan/secrets/test-sslcert-pfx-password",
            "skip_service_principal_aad_check": null,
            "timeouts": null
          },
          "sensitive_attributes": [],
          "private": "eyJlMmJmYjczMC1lY2FhLTExZTYtOGY4OC0zNDM2M2JjN2M0YzAiOnsiY3JlYXRlIjoxODAwMDAwMDAwMDAwLCJkZWxldGUiOjE4MDAwMDAwMDAwMDAsInJlYWQiOjMwMDAwMDAwMDAwMCwidXBkYXRlIjoxODAwMDAwMDAwMDAwfX0=",
          "dependencies": [
            "azurerm_automation_account.this",
            "azurerm_resource_group.this",
            "data.azurerm_key_vault.ccscan",
            "data.azurerm_key_vault_secret.ssl-cert-password"
          ]
        }
      ]
    },
    {
      "mode": "managed",
      "type": "azurerm_role_assignment",
      "name": "automation_account_key_vault_godaddy_dns_api_key",
      "provider": "provider[\"registry.terraform.io/hashicorp/azurerm\"]",
      "instances": [
        {
          "schema_version": 0,
          "attributes": {
            "condition": "",
            "condition_version": "",
            "delegated_managed_identity_resource_id": "",
            "description": "",
            "id": "/subscriptions/353e8b06-f9df-482d-9834-0f7a6d733e46/resourceGroups/ccscan-key-vault/providers/Microsoft.KeyVault/vaults/ccscan/secrets/godaddy-dns-api-key/providers/Microsoft.Authorization/roleAssignments/d6a4804c-2362-6332-7f38-739676557051",
            "name": "d6a4804c-2362-6332-7f38-739676557051",
            "principal_id": "c37ae625-b376-47f3-804f-4ba2ca760338",
            "principal_type": "ServicePrincipal",
            "role_definition_id": "/subscriptions/353e8b06-f9df-482d-9834-0f7a6d733e46/providers/Microsoft.Authorization/roleDefinitions/4633458b-17de-408a-b874-0445c86b69e6",
            "role_definition_name": "Key Vault Secrets User",
            "scope": "/subscriptions/353e8b06-f9df-482d-9834-0f7a6d733e46/resourceGroups/ccscan-key-vault/providers/Microsoft.KeyVault/vaults/ccscan/secrets/godaddy-dns-api-key",
            "skip_service_principal_aad_check": null,
            "timeouts": null
          },
          "sensitive_attributes": [],
          "private": "eyJlMmJmYjczMC1lY2FhLTExZTYtOGY4OC0zNDM2M2JjN2M0YzAiOnsiY3JlYXRlIjoxODAwMDAwMDAwMDAwLCJkZWxldGUiOjE4MDAwMDAwMDAwMDAsInJlYWQiOjMwMDAwMDAwMDAwMCwidXBkYXRlIjoxODAwMDAwMDAwMDAwfX0=",
          "dependencies": [
            "azurerm_automation_account.this",
            "azurerm_resource_group.this",
            "data.azurerm_key_vault.ccscan",
            "data.azurerm_key_vault_secret.godaddy-dns-api-key"
          ]
        }
      ]
    },
    {
      "mode": "managed",
      "type": "azurerm_storage_account",
      "name": "this",
      "provider": "provider[\"registry.terraform.io/hashicorp/azurerm\"]",
      "instances": [
        {
          "schema_version": 2,
          "attributes": {
            "access_tier": "Hot",
            "account_kind": "StorageV2",
            "account_replication_type": "LRS",
            "account_tier": "Standard",
            "allow_blob_public_access": false,
            "azure_files_authentication": [],
            "blob_properties": [
              {
                "change_feed_enabled": false,
                "container_delete_retention_policy": [],
                "cors_rule": [],
                "default_service_version": "",
                "delete_retention_policy": [],
                "last_access_time_enabled": false,
                "versioning_enabled": false
              }
            ],
            "custom_domain": [],
            "customer_managed_key": [],
            "enable_https_traffic_only": true,
            "id": "/subscriptions/353e8b06-f9df-482d-9834-0f7a6d733e46/resourceGroups/ccscan-env-test/providers/Microsoft.Storage/storageAccounts/storageccscantest",
            "identity": [],
            "infrastructure_encryption_enabled": false,
            "is_hns_enabled": false,
            "large_file_share_enabled": null,
            "location": "northeurope",
            "min_tls_version": "TLS1_0",
            "name": "storageccscantest",
            "network_rules": [
              {
                "bypass": [
                  "AzureServices"
                ],
                "default_action": "Allow",
                "ip_rules": [],
                "private_link_access": [],
                "virtual_network_subnet_ids": []
              }
            ],
            "nfsv3_enabled": false,
            "primary_access_key": "iCfsatbA1lau7VnX82CkNG0qYfrQJB4N0Kv1PUkHz7Cc7UciZl5W5BG+Shi0FBIu/ktPFSpCe3T5qBbpBnbH+g==",
            "primary_blob_connection_string": "DefaultEndpointsProtocol=https;BlobEndpoint=https://storageccscantest.blob.core.windows.net/;AccountName=storageccscantest;AccountKey=iCfsatbA1lau7VnX82CkNG0qYfrQJB4N0Kv1PUkHz7Cc7UciZl5W5BG+Shi0FBIu/ktPFSpCe3T5qBbpBnbH+g==",
            "primary_blob_endpoint": "https://storageccscantest.blob.core.windows.net/",
            "primary_blob_host": "storageccscantest.blob.core.windows.net",
            "primary_connection_string": "DefaultEndpointsProtocol=https;AccountName=storageccscantest;AccountKey=iCfsatbA1lau7VnX82CkNG0qYfrQJB4N0Kv1PUkHz7Cc7UciZl5W5BG+Shi0FBIu/ktPFSpCe3T5qBbpBnbH+g==;EndpointSuffix=core.windows.net",
            "primary_dfs_endpoint": "https://storageccscantest.dfs.core.windows.net/",
            "primary_dfs_host": "storageccscantest.dfs.core.windows.net",
            "primary_file_endpoint": "https://storageccscantest.file.core.windows.net/",
            "primary_file_host": "storageccscantest.file.core.windows.net",
            "primary_location": "northeurope",
            "primary_queue_endpoint": "https://storageccscantest.queue.core.windows.net/",
            "primary_queue_host": "storageccscantest.queue.core.windows.net",
            "primary_table_endpoint": "https://storageccscantest.table.core.windows.net/",
            "primary_table_host": "storageccscantest.table.core.windows.net",
            "primary_web_endpoint": "https://storageccscantest.z16.web.core.windows.net/",
            "primary_web_host": "storageccscantest.z16.web.core.windows.net",
            "queue_encryption_key_type": "Service",
            "queue_properties": [
              {
                "cors_rule": [],
                "hour_metrics": [
                  {
                    "enabled": true,
                    "include_apis": true,
                    "retention_policy_days": 7,
                    "version": "1.0"
                  }
                ],
                "logging": [
                  {
                    "delete": false,
                    "read": false,
                    "retention_policy_days": 0,
                    "version": "1.0",
                    "write": false
                  }
                ],
                "minute_metrics": [
                  {
                    "enabled": false,
                    "include_apis": false,
                    "retention_policy_days": 0,
                    "version": "1.0"
                  }
                ]
              }
            ],
            "resource_group_name": "ccscan-env-test",
            "routing": [],
            "secondary_access_key": "kZAo52erYnQrp8NZIoHTGd7SzAeXz+u6FtvwNplLpIz1A3oxMxiLAtz+PTyAWlpIY2Oic+eTmVK3uUeMfbXnqQ==",
            "secondary_blob_connection_string": "",
            "secondary_blob_endpoint": null,
            "secondary_blob_host": null,
            "secondary_connection_string": "DefaultEndpointsProtocol=https;AccountName=storageccscantest;AccountKey=kZAo52erYnQrp8NZIoHTGd7SzAeXz+u6FtvwNplLpIz1A3oxMxiLAtz+PTyAWlpIY2Oic+eTmVK3uUeMfbXnqQ==;EndpointSuffix=core.windows.net",
            "secondary_dfs_endpoint": null,
            "secondary_dfs_host": null,
            "secondary_file_endpoint": null,
            "secondary_file_host": null,
            "secondary_location": "",
            "secondary_queue_endpoint": null,
            "secondary_queue_host": null,
            "secondary_table_endpoint": null,
            "secondary_table_host": null,
            "secondary_web_endpoint": null,
            "secondary_web_host": null,
            "share_properties": [
              {
                "cors_rule": [],
                "retention_policy": [
                  {
                    "days": 7
                  }
                ],
                "smb": []
              }
            ],
            "shared_access_key_enabled": true,
            "static_website": [],
            "table_encryption_key_type": "Service",
            "tags": {
              "environment": "test"
            },
            "timeouts": null
          },
          "sensitive_attributes": [],
          "private": "eyJlMmJmYjczMC1lY2FhLTExZTYtOGY4OC0zNDM2M2JjN2M0YzAiOnsiY3JlYXRlIjozNjAwMDAwMDAwMDAwLCJkZWxldGUiOjM2MDAwMDAwMDAwMDAsInJlYWQiOjMwMDAwMDAwMDAwMCwidXBkYXRlIjozNjAwMDAwMDAwMDAwfSwic2NoZW1hX3ZlcnNpb24iOiIyIn0=",
          "dependencies": [
            "azurerm_resource_group.this"
          ]
        }
      ]
    },
    {
      "mode": "managed",
      "type": "azurerm_storage_container",
      "name": "sslrenewal",
      "provider": "provider[\"registry.terraform.io/hashicorp/azurerm\"]",
      "instances": [
        {
          "schema_version": 1,
          "attributes": {
            "container_access_type": "private",
            "has_immutability_policy": false,
            "has_legal_hold": false,
            "id": "https://storageccscantest.blob.core.windows.net/sslrenewal",
            "metadata": {},
            "name": "sslrenewal",
            "resource_manager_id": "/subscriptions/353e8b06-f9df-482d-9834-0f7a6d733e46/resourceGroups/ccscan-env-test/providers/Microsoft.Storage/storageAccounts/storageccscantest/blobServices/default/containers/sslrenewal",
            "storage_account_name": "storageccscantest",
            "timeouts": null
          },
          "sensitive_attributes": [],
          "private": "eyJlMmJmYjczMC1lY2FhLTExZTYtOGY4OC0zNDM2M2JjN2M0YzAiOnsiY3JlYXRlIjoxODAwMDAwMDAwMDAwLCJkZWxldGUiOjE4MDAwMDAwMDAwMDAsInJlYWQiOjMwMDAwMDAwMDAwMCwidXBkYXRlIjoxODAwMDAwMDAwMDAwfSwic2NoZW1hX3ZlcnNpb24iOiIxIn0=",
          "dependencies": [
            "azurerm_resource_group.this",
            "azurerm_storage_account.this"
          ]
        }
      ]
    },
    {
      "mode": "managed",
      "type": "azurerm_subnet",
      "name": "backend",
      "provider": "provider[\"registry.terraform.io/hashicorp/azurerm\"]",
      "instances": [
        {
          "schema_version": 0,
          "attributes": {
            "address_prefix": "10.0.1.0/24",
            "address_prefixes": [
              "10.0.1.0/24"
            ],
            "delegation": [],
            "enforce_private_link_endpoint_network_policies": false,
            "enforce_private_link_service_network_policies": false,
            "id": "/subscriptions/353e8b06-f9df-482d-9834-0f7a6d733e46/resourceGroups/ccscan-env-test/providers/Microsoft.Network/virtualNetworks/vnet/subnets/snet-backend",
            "name": "snet-backend",
            "resource_group_name": "ccscan-env-test",
            "service_endpoint_policy_ids": [],
            "service_endpoints": [],
            "timeouts": null,
            "virtual_network_name": "vnet"
          },
          "sensitive_attributes": [],
          "private": "eyJlMmJmYjczMC1lY2FhLTExZTYtOGY4OC0zNDM2M2JjN2M0YzAiOnsiY3JlYXRlIjoxODAwMDAwMDAwMDAwLCJkZWxldGUiOjE4MDAwMDAwMDAwMDAsInJlYWQiOjMwMDAwMDAwMDAwMCwidXBkYXRlIjoxODAwMDAwMDAwMDAwfX0=",
          "dependencies": [
            "azurerm_resource_group.this",
            "azurerm_virtual_network.this"
          ]
        }
      ]
    },
    {
      "mode": "managed",
      "type": "azurerm_subnet",
      "name": "frontend",
      "provider": "provider[\"registry.terraform.io/hashicorp/azurerm\"]",
      "instances": [
        {
          "schema_version": 0,
          "attributes": {
            "address_prefix": "10.0.0.0/24",
            "address_prefixes": [
              "10.0.0.0/24"
            ],
            "delegation": [],
            "enforce_private_link_endpoint_network_policies": false,
            "enforce_private_link_service_network_policies": false,
            "id": "/subscriptions/353e8b06-f9df-482d-9834-0f7a6d733e46/resourceGroups/ccscan-env-test/providers/Microsoft.Network/virtualNetworks/vnet/subnets/snet-frontend",
            "name": "snet-frontend",
            "resource_group_name": "ccscan-env-test",
            "service_endpoint_policy_ids": [],
            "service_endpoints": [],
            "timeouts": null,
            "virtual_network_name": "vnet"
          },
          "sensitive_attributes": [],
          "private": "eyJlMmJmYjczMC1lY2FhLTExZTYtOGY4OC0zNDM2M2JjN2M0YzAiOnsiY3JlYXRlIjoxODAwMDAwMDAwMDAwLCJkZWxldGUiOjE4MDAwMDAwMDAwMDAsInJlYWQiOjMwMDAwMDAwMDAwMCwidXBkYXRlIjoxODAwMDAwMDAwMDAwfX0=",
          "dependencies": [
            "azurerm_resource_group.this",
            "azurerm_virtual_network.this"
          ]
        }
      ]
    },
    {
      "mode": "managed",
      "type": "azurerm_virtual_machine_data_disk_attachment",
      "name": "vm_data",
      "provider": "provider[\"registry.terraform.io/hashicorp/azurerm\"]",
      "instances": [
        {
          "schema_version": 0,
          "attributes": {
            "caching": "ReadWrite",
            "create_option": "Attach",
            "id": "/subscriptions/353e8b06-f9df-482d-9834-0f7a6d733e46/resourceGroups/ccscan-env-test/providers/Microsoft.Compute/virtualMachines/vm/dataDisks/vm_disk_data_bba84a2b-a653-4a31-bdc1-babacfb8105d",
            "lun": 1,
            "managed_disk_id": "/subscriptions/353e8b06-f9df-482d-9834-0f7a6d733e46/resourceGroups/ccscan-env-test/providers/Microsoft.Compute/disks/vm_disk_data_bba84a2b-a653-4a31-bdc1-babacfb8105d",
            "timeouts": null,
            "virtual_machine_id": "/subscriptions/353e8b06-f9df-482d-9834-0f7a6d733e46/resourceGroups/ccscan-env-test/providers/Microsoft.Compute/virtualMachines/vm",
            "write_accelerator_enabled": false
          },
          "sensitive_attributes": [],
          "private": "eyJlMmJmYjczMC1lY2FhLTExZTYtOGY4OC0zNDM2M2JjN2M0YzAiOnsiY3JlYXRlIjoxODAwMDAwMDAwMDAwLCJkZWxldGUiOjE4MDAwMDAwMDAwMDAsInJlYWQiOjMwMDAwMDAwMDAwMCwidXBkYXRlIjoxODAwMDAwMDAwMDAwfX0=",
          "dependencies": [
            "azurerm_linux_virtual_machine.vm",
            "azurerm_managed_disk.vm_data",
            "azurerm_network_interface.vm",
            "azurerm_public_ip.vm",
            "azurerm_resource_group.this",
            "azurerm_subnet.backend",
            "azurerm_virtual_network.this",
            "data.azurerm_container_registry.ccscan",
            "data.azurerm_key_vault.ccscan",
            "data.azurerm_key_vault_secret.ccnode-auth-token",
            "data.azurerm_key_vault_secret.postgres-password",
            "data.azurerm_ssh_public_key.ssh_vm"
          ]
        }
      ]
    },
    {
      "mode": "managed",
      "type": "azurerm_virtual_network",
      "name": "this",
      "provider": "provider[\"registry.terraform.io/hashicorp/azurerm\"]",
      "instances": [
        {
          "schema_version": 0,
          "attributes": {
            "address_space": [
              "10.0.0.0/16"
            ],
            "bgp_community": "",
            "ddos_protection_plan": [],
            "dns_servers": [],
            "flow_timeout_in_minutes": 0,
            "guid": "81659fbb-cd13-4f10-863b-71a2d37765aa",
            "id": "/subscriptions/353e8b06-f9df-482d-9834-0f7a6d733e46/resourceGroups/ccscan-env-test/providers/Microsoft.Network/virtualNetworks/vnet",
            "location": "northeurope",
            "name": "vnet",
            "resource_group_name": "ccscan-env-test",
            "subnet": [
              {
                "address_prefix": "10.0.0.0/24",
                "id": "/subscriptions/353e8b06-f9df-482d-9834-0f7a6d733e46/resourceGroups/ccscan-env-test/providers/Microsoft.Network/virtualNetworks/vnet/subnets/snet-frontend",
                "name": "snet-frontend",
                "security_group": ""
              },
              {
                "address_prefix": "10.0.1.0/24",
                "id": "/subscriptions/353e8b06-f9df-482d-9834-0f7a6d733e46/resourceGroups/ccscan-env-test/providers/Microsoft.Network/virtualNetworks/vnet/subnets/snet-backend",
                "name": "snet-backend",
                "security_group": ""
              }
            ],
            "tags": {
              "environment": "test"
            },
            "timeouts": null,
            "vm_protection_enabled": false
          },
          "sensitive_attributes": [],
          "private": "eyJlMmJmYjczMC1lY2FhLTExZTYtOGY4OC0zNDM2M2JjN2M0YzAiOnsiY3JlYXRlIjoxODAwMDAwMDAwMDAwLCJkZWxldGUiOjE4MDAwMDAwMDAwMDAsInJlYWQiOjMwMDAwMDAwMDAwMCwidXBkYXRlIjoxODAwMDAwMDAwMDAwfX0=",
          "dependencies": [
            "azurerm_resource_group.this"
          ]
        }
      ]
    }
  ]
}
