{
  "version": 4,
  "terraform_version": "1.1.4",
  "serial": 604,
  "lineage": "cbd6c063-ceb9-2475-7ddd-fec965e21391",
  "outputs": {},
  "resources": [
    {
      "mode": "data",
      "type": "azurerm_container_registry",
      "name": "ccscan",
      "provider": "provider[\"registry.terraform.io/hashicorp/azurerm\"]",
      "instances": [
        {
          "schema_version": 0,
          "attributes": {
            "admin_enabled": true,
            "admin_password": "G+ne4o=OfLOnl54VkbeFYO0U+AB2xQRc",
            "admin_username": "ccscan",
            "id": "/subscriptions/353e8b06-f9df-482d-9834-0f7a6d733e46/resourceGroups/ccscan-docker-registry/providers/Microsoft.ContainerRegistry/registries/ccscan",
            "location": "northeurope",
            "login_server": "ccscan.azurecr.io",
            "name": "ccscan",
            "resource_group_name": "ccscan-docker-registry",
            "sku": "Basic",
            "storage_account_id": "",
            "tags": {},
            "timeouts": null
          },
          "sensitive_attributes": []
        }
      ]
    },
    {
      "mode": "data",
      "type": "azurerm_key_vault",
      "name": "ccscan",
      "provider": "provider[\"registry.terraform.io/hashicorp/azurerm\"]",
      "instances": [
        {
          "schema_version": 0,
          "attributes": {
            "access_policy": [
              {
                "application_id": "",
                "certificate_permissions": [
                  "Get",
                  "List",
                  "Update",
                  "Create",
                  "Import",
                  "Delete",
                  "Recover",
                  "Backup",
                  "Restore",
                  "ManageContacts",
                  "ManageIssuers",
                  "GetIssuers",
                  "ListIssuers",
                  "SetIssuers",
                  "DeleteIssuers"
                ],
                "key_permissions": [
                  "Get",
                  "List",
                  "Update",
                  "Create",
                  "Import",
                  "Delete",
                  "Recover",
                  "Backup",
                  "Restore"
                ],
                "object_id": "961b3ab5-550f-467d-bcee-05bc1f281e91",
                "secret_permissions": [
                  "Get",
                  "List",
                  "Set",
                  "Delete",
                  "Recover",
                  "Backup",
                  "Restore"
                ],
                "storage_permissions": [],
                "tenant_id": "d8887c7c-49ad-4af9-86e5-46450b21bcb7"
              }
            ],
            "enable_rbac_authorization": true,
            "enabled_for_deployment": false,
            "enabled_for_disk_encryption": false,
            "enabled_for_template_deployment": false,
            "id": "/subscriptions/353e8b06-f9df-482d-9834-0f7a6d733e46/resourceGroups/ccscan-key-vault/providers/Microsoft.KeyVault/vaults/ccscan",
            "location": "northeurope",
            "name": "ccscan",
            "network_acls": [],
            "purge_protection_enabled": false,
            "resource_group_name": "ccscan-key-vault",
            "sku_name": "Standard",
            "soft_delete_enabled": true,
            "tags": {},
            "tenant_id": "d8887c7c-49ad-4af9-86e5-46450b21bcb7",
            "timeouts": null,
            "vault_uri": "https://ccscan.vault.azure.net/"
          },
          "sensitive_attributes": []
        }
      ]
    },
    {
      "mode": "data",
      "type": "azurerm_key_vault_secret",
      "name": "ccnode-auth-token",
      "provider": "provider[\"registry.terraform.io/hashicorp/azurerm\"]",
      "instances": [
        {
          "schema_version": 0,
          "attributes": {
            "content_type": "",
            "id": "https://ccscan.vault.azure.net/secrets/test-ccnode-auth-token/f16c8177dee54af58513b40bf0718cf5",
            "key_vault_id": "/subscriptions/353e8b06-f9df-482d-9834-0f7a6d733e46/resourceGroups/ccscan-key-vault/providers/Microsoft.KeyVault/vaults/ccscan",
            "name": "test-ccnode-auth-token",
            "tags": {},
            "timeouts": null,
            "value": "VsMTpCinQiRyGX8p",
            "version": "f16c8177dee54af58513b40bf0718cf5",
            "versionless_id": "https://ccscan.vault.azure.net/secrets/test-ccnode-auth-token"
          },
          "sensitive_attributes": []
        }
      ]
    },
    {
      "mode": "data",
      "type": "azurerm_key_vault_secret",
      "name": "godaddy-dns-api-key",
      "provider": "provider[\"registry.terraform.io/hashicorp/azurerm\"]",
      "instances": [
        {
          "schema_version": 0,
          "attributes": {
            "content_type": "",
            "id": "https://ccscan.vault.azure.net/secrets/godaddy-dns-api-key/95813f8789774aaba62baff1e54e0ecb",
            "key_vault_id": "/subscriptions/353e8b06-f9df-482d-9834-0f7a6d733e46/resourceGroups/ccscan-key-vault/providers/Microsoft.KeyVault/vaults/ccscan",
            "name": "godaddy-dns-api-key",
            "tags": {},
            "timeouts": null,
            "value": "dLYskneC4EUy_XdMQRuqVSwSof4HkZ1XceR",
            "version": "95813f8789774aaba62baff1e54e0ecb",
            "versionless_id": "https://ccscan.vault.azure.net/secrets/godaddy-dns-api-key"
          },
          "sensitive_attributes": []
        }
      ]
    },
    {
      "mode": "data",
      "type": "azurerm_key_vault_secret",
      "name": "godaddy-dns-api-key-secret",
      "provider": "provider[\"registry.terraform.io/hashicorp/azurerm\"]",
      "instances": [
        {
          "schema_version": 0,
          "attributes": {
            "content_type": "",
            "id": "https://ccscan.vault.azure.net/secrets/godaddy-dns-api-key-secret/27deaa19d1b24790ab3af55c987c39eb",
            "key_vault_id": "/subscriptions/353e8b06-f9df-482d-9834-0f7a6d733e46/resourceGroups/ccscan-key-vault/providers/Microsoft.KeyVault/vaults/ccscan",
            "name": "godaddy-dns-api-key-secret",
            "tags": {},
            "timeouts": null,
            "value": "QLT1cWagkwpEKejdbMwZ37",
            "version": "27deaa19d1b24790ab3af55c987c39eb",
            "versionless_id": "https://ccscan.vault.azure.net/secrets/godaddy-dns-api-key-secret"
          },
          "sensitive_attributes": []
        }
      ]
    },
    {
      "mode": "data",
      "type": "azurerm_key_vault_secret",
      "name": "postgres-password",
      "provider": "provider[\"registry.terraform.io/hashicorp/azurerm\"]",
      "instances": [
        {
          "schema_version": 0,
          "attributes": {
            "content_type": "",
            "id": "https://ccscan.vault.azure.net/secrets/test-postgres-password/f738f31a08fc41a981a1cc1e27e2084c",
            "key_vault_id": "/subscriptions/353e8b06-f9df-482d-9834-0f7a6d733e46/resourceGroups/ccscan-key-vault/providers/Microsoft.KeyVault/vaults/ccscan",
            "name": "test-postgres-password",
            "tags": {},
            "timeouts": null,
            "value": "Fossil-distant-7238",
            "version": "f738f31a08fc41a981a1cc1e27e2084c",
            "versionless_id": "https://ccscan.vault.azure.net/secrets/test-postgres-password"
          },
          "sensitive_attributes": []
        }
      ]
    },
    {
      "mode": "data",
      "type": "azurerm_key_vault_secret",
      "name": "ssl-cert-data",
      "provider": "provider[\"registry.terraform.io/hashicorp/azurerm\"]",
      "instances": [
        {
          "schema_version": 0,
          "attributes": {
            "content_type": "Base64 encoded PFX",
            "id": "https://ccscan.vault.azure.net/secrets/test-sslcert-pfx/7218401d10324248a36170a37f31137c",
            "key_vault_id": "/subscriptions/353e8b06-f9df-482d-9834-0f7a6d733e46/resourceGroups/ccscan-key-vault/providers/Microsoft.KeyVault/vaults/ccscan",
            "name": "test-sslcert-pfx",
            "tags": {},
            "timeouts": null,
            "value": "MIACAQMwgAYJKoZIhvcNAQcBoIAkgASCA+gwgDCABgkqhkiG9w0BBwGggCSABIID6DCCBXEwggVtBgsqhkiG9w0BDAoBAqCCBPowggT2MCgGCiqGSIb3DQEMAQMwGgQU5O+JRX5wxpf2qaLlzZSiqEw4eAoCAgQABIIEyPiSxOBsbA0im8Ft5mqXurpfGm+2eJlcg79ktfOE7uerRGJhe6gjW4BB+9Ep/j7DofSKv+T1P/6Eh/6SaV4w/TOhqYuAuogQ7W6nNINWY7pVDRywdDX+U4aJWrlGsAy0ZMO4xrDkLJVlXpYJGsitN2MESsNS32XtB9QkMKS9lvCnUoWVobfaPp/y49VRL4CsntgfkeLr5rPqKcZHbET1yaVSB3IdKjofqXJreuIWfTNdApLRM6wCUFD6gcx/xcO/eGlWDQaarNbM39LOEtr1nhOl1Yy07+k1BSf5aKl9TcGSuHMqKQ3pQagYrscR/0Dzd3EO9NLd/jf7yRaht4sgm3EHg3pBQXgeXrWg79ohs3cO+WNlsMsUTAjkoCzplCQaFzrZ4xik2bWzKm+/axCl9uBYHTUs8gecIAP+sUyB8Law9VBRRetgx1hNfLe1kJhfBDi0Rm2qMZzCzocrYHbZw2oXXTMM2w+uZSMzTa37q2HtAOk97diDWq3cY1VdYmM95oPHDurlbndFYwYROdqAP6UEbK1biMtqw7E8qPwOgJTly2nzO5hWfqttS8MXUu+w7Vj7UmEqGxucilRXa+tBiQxWba/0EPBOThEwM/xR/VX8eum/68+RAPm4I57DT5Lh6m0l5WyFM4c4iz+MW3EjY4CsIak0UCr5fYOih5Jx4AYt7SJn98+X/Rzb/FXhLRR3fgAv/niU059Eu9ObvDRILHdwTlchAGI+IDckZ/EBrD240+hOjVycx5iPJ/7F1WWDg1theWrURbgDNst6NyklyMvepDrxH1Z8Uji423sObVVVzQKPhlwDo2l9mtemrNAZR9wnjQrOjg4P++vi03VRLefrysOrb1GV6Wl9GQjnBIpVuOPPA8Ff3UvbGHMwI51umr49oGQ3xRHHe7vqgPMSm3yhZz3zKyjYeimAMLjLUiFHK76zLKuRXHSFhcBHs55fl3xfERMJPyF+WfRPF/ceNZ565HvtgJrBCyVLWNqLR1NOPS+wfqTVaffwdAHsse3Jd1K1gs/t0sXcY/GdwbBblpC+PUOCvCCcH1uk5qP4MZdzL26gOc6NQDBRNQFEN8Jynrj2nZP5ywRtI0N6PiCXE2LbRwKzjVPaafEjVb+dkdxnfcyYZfg9YWylbuluIjHfN8/MG7WRoaAgMDmSxtSRN2tN5q+XAngB1tFwj0TIVe09ln9vt1R/BIID6FTUUtUxA9R8my47mthKgdsKUC6NxFQpBIIBjaUBWHtVzzf8dOcry7cUgHr+mZ0bLjlIBGLmuegY0HrYHft8x7WGUpiWolxLS94wzf22aORQklJkSu2P7DVySu3ffbp0VDBkOGXhMZw237u4goOqn6dOshRMzWEljsiwDW6iQri6z3jL4pRlBET36HWO/XwteDaf/qqhdxU+Cl606ES/79k5NZBBTnaL47YOSo5jIF3xbRDsLkV0ytfJQHKZX54Q33iCdO/GPbrJQGUdug4SFyGZflqRN9WcKiL/gW/DaeM2G8yYZw1XB8YkgzUR7NCuh6EA7geTns50c0s98FFyeqLsZxXXklfiTvNz8oLxp5cbc+/BY7IRktg25fZGcRxkb8QgH50W9ZoaSaDPkxnrQYW2zyVY6EaD9VGsLdjdYVX2moOws9ShMWAwIwYJKoZIhvcNAQkVMRYEFLzKrOHSDN0XruebZxLT7sj8tUuFMDkGCSqGSIb3DQEJFDEsHioAKgAuAHQAZQBzAHQALQBhAHAAaQAuAGMAYwBkAHMAYwBhAG4ALgBpAG8AAAAAAAAwgAYJKoZIhvcNAQcGoIAwgAIBADCABgkqhkiG9w0BBwEwKAYKKoZIhvcNAQwBBjAaBBRO+lA7DP2cP70Niva0mIzwSp9LUAICBACggASCA+iafuo5AaTXsEDB143Unaxk7oDZf2qw/NQlSOIt3nWeGOWvp0OhhUV+iOtUDZfoIZXrE8vxTntWmJY16DzdQ/00I/R7iql7AHT/AexGW0o4QY6GURJz+9a4tH4tBF0MoXG4m3zpxsx+knKI822U15kaNaG13uVvQ0/Ezen1UVENtyArC+0G5lo0IEGhq7wt6hHm7QlZj64LmlEZ7vVzt/yYTnsATvDEBtmYChCpj4NEbMD52TUWozTjmx0Dqy12fD1Ak5nrSEN7nTNbjBiFUoPmwgHxjGMtRzGkI7qdWrVN4dnXxyKVbQBFhxT9SoeBvhHKY6NAsm8InaVLCMMO0gND13kjWxEgxR5z9n18T1ohh2ReYqT8j6CPkm2kvWLqxGJUXBElAHhYQ/c/1Zv9cnTWF1d+THjJcR4POGGW3TSg7vdartVrvdgo6nZENvPpwjrm84ITrF0WkPGS4tPJoqjsQU3LdyDRbw5nk1bqsX/AypAOYEgCzWBjBCVW0OJyL0iTkTAnp6MMpY93lBF8oZMH6Bp8tvX2K7i81kBHb14rJe7Uc5CY/IH1jm+TO2F2WLj498xLYdQOjGAM2WYqmlfw0Rziq7fSOImTHXHkaFXOP+9D9huq71NWAmElJ7k1qczy3Mp5tIh5ySIEggPo+NpphXVmj8Oztbcc/Y+YG39oiw+n1xnZ6C3vrP6blVlJNK3IXoYouk1p7hcb3f+9H5BD3ORJ0hBb6//rK6p+6i08WS/Bq4S/1D7A44DBpd1QZGsgIb9+wYxfdmSXYKF8CKK5tmDYaPRHxXOlPJenLb6a7MDJ6r9WTOhfz1h3dsNVh6zWp2WafbqGHyAXfMEHDInWx2Xf1wi75mu8QGs2W3fq1vyDThfVm4aWGB595so/RiAAN0MQDa879vjOlTnPt/Es9sROmqKcydtpn7omLcF7c763s8gANkYNGlerREa3ckFAdjKXEERpX6SRXg7D6iQDolbB6jJJMS0PmgK4bd0caRH4jCiwA+W3eLAS5d8uV/KkV05nzgke6amm5c/jr/AYd93lxTtiHZCpEl6ultW1ioJpSQMrbSKOnkFSBwM5+Zk7cNOOjqEKQlf6W8FDoEsCSDlo4ebYTJpMVv+gIB5O6h4MKvbC8oqNKmbOpexw6YlZLjaFZnmTWLKAV5bENOVHWNOwKBvTj0kvTi3ZE1qeSWfJQQ7DIeevdQ7+zbM0UEqMaknU+5z/VO1Z/yl7O/mHGYAHHDam3wdM6GAYRbxiHCINGzKtq9NBhb5UTCZ8Z4liqvBzdM+Fv0hmNxIw5otEyfRxu5/xCwZKJ8HAOLGbM6iNgJ6la0NcuT0jxgSCAijZ7AVVAoA0pB4Og7RxGNwc52EcslG4fhd6KTl6hYcqEAkp0y0pv95QHrV1/OWKQqwj7oCNbv5t+0HJ6pDvL33gshQchr8tCH3GeW12Lu1NspDCWDEqZJDcPrx2PfmRsaKoW9I7D5aeHxgzcbes7ODF3kvbXaexe07NnP8nSHCIXCFOr1PPxplZ0z4dzpQNDxywl7E2waI1iOrOVtqMMR0KJw4joX7jcUZE12FXucRLnHwcEaurBM/9jWXB4H2WHhCTu6n4kXK7RJwM3hl/CXvE2FyjMvSBPIixov1uXfauI/teH5hwXu+Hrqn8Q2Xa+Z2Ty2UA7rxB2F43VoVRu+4/hMh2wicg2TT3aOevvwp1rKGXEP3mO56FcNWyBP+j6L7HF/nQNBNoiMuA03dIQ0aAOHlR2wHZzt2Gr1R3gUPupT+sphN27C0J+NsTQ7VcOVHeerx6TKOTc3gpZrMkNQ8UK4JcbYpi8OzbnzdFhVHrz+ghX0huOoevVOuLmVStYJP4kite26c4RVXAWEq71WXaL6YDxjah1b30gZGx30cjHZLzNHGchlAXXIMJ/pg8EK3vy7NubskfNOj/WtPXsi0+47nCt6ycEmi8YrzKUNHUzVoIj+7hTSrijlWSqGDts1tdv5QNVQRPbCX0EcWXCJuUTMx4oc2QOvax/u9zXX0/b05JXwb2t7Siubv9CB8+8BbHAbyqBYXjGm3qWpJN8QhUPqoQ3boLh0SAqgAAAAAAAAAAAAAAAAAAAAAAADA9MCEwCQYFKw4DAhoFAAQUtu8Ng1Goh8bl7o0AA1qsadvv8OwEFJrbP7/7144ljo0zNWfd+jXHnIgRAgIEAAAA",
            "version": "7218401d10324248a36170a37f31137c",
            "versionless_id": "https://ccscan.vault.azure.net/secrets/test-sslcert-pfx"
          },
          "sensitive_attributes": []
        }
      ]
    },
    {
      "mode": "data",
      "type": "azurerm_key_vault_secret",
      "name": "ssl-cert-password",
      "provider": "provider[\"registry.terraform.io/hashicorp/azurerm\"]",
      "instances": [
        {
          "schema_version": 0,
          "attributes": {
            "content_type": "",
            "id": "https://ccscan.vault.azure.net/secrets/test-sslcert-pfx-password/be2a60daea444e1a94a0fe1e8b29f697",
            "key_vault_id": "/subscriptions/353e8b06-f9df-482d-9834-0f7a6d733e46/resourceGroups/ccscan-key-vault/providers/Microsoft.KeyVault/vaults/ccscan",
            "name": "test-sslcert-pfx-password",
            "tags": {
              "file-encoding": "utf-8"
            },
            "timeouts": null,
            "value": "bullet-walk-ogre",
            "version": "be2a60daea444e1a94a0fe1e8b29f697",
            "versionless_id": "https://ccscan.vault.azure.net/secrets/test-sslcert-pfx-password"
          },
          "sensitive_attributes": []
        }
      ]
    },
    {
      "mode": "data",
      "type": "azurerm_ssh_public_key",
      "name": "ssh_vm",
      "provider": "provider[\"registry.terraform.io/hashicorp/azurerm\"]",
      "instances": [
        {
          "schema_version": 0,
          "attributes": {
            "id": "/subscriptions/353e8b06-f9df-482d-9834-0f7a6d733e46/resourceGroups/ccscan-ssh-keys/providers/Microsoft.Compute/sshPublicKeys/ssh-vm-test",
            "name": "ssh-vm-test",
            "public_key": "ssh-rsa AAAAB3NzaC1yc2EAAAADAQABAAABgQDJBja4UD/c/PSyueLBTQ0pq2bwmq/4jKE7b0Dx0qlzbLJD1mr1IGNXZsNv84h7rr76KOEingq50QkCk4KPIx05/D5OthmJSNuMB20PAIB0ILUwCR79B8d/U5fA6vp7zAJj3SUFNSx6zyz/dVuRp28AKbwZLVHwIc9zjlet5Le0dgah9zlqNBLKIrg6LYECAIizpWxgKxJe68e0+P9n2TnPjmPlXIPizjYPpNM7CcmhDbZdLiExkJUJ+NVuw0A49dCzCiLhHrRcWl4kr3r0NBubBHqJNPTg9NX//rycwIkBlTKMOPwgoG9oC2iAXb6iGVpoNPEDHvsCfvdHEdZU+AwjHJ7l2MEF2iQ9ktFQ/DeQ2kT3BqGmTIcUn9jIWE/ab174vRnETrnAdYfZ72/gYRdIIo9UqQWZwIBysgPabkOLDNfhMsx0WvC9EQRQ/X75U88EoW/A6MZIW43F4zaPrJKreIa9FiGcTABQ18KvMWcNvUaYm22GxmEyQN9GSVH0tRU= generated-by-azure",
            "resource_group_name": "ccscan-ssh-keys",
            "tags": {
              "environment": "test"
            },
            "timeouts": null
          },
          "sensitive_attributes": []
        }
      ]
    },
    {
      "mode": "managed",
      "type": "azurerm_application_gateway",
      "name": "this",
      "provider": "provider[\"registry.terraform.io/hashicorp/azurerm\"]",
      "instances": [
        {
          "schema_version": 0,
          "attributes": {
            "authentication_certificate": [],
            "autoscale_configuration": [],
            "backend_address_pool": [
              {
                "fqdns": [],
                "id": "/subscriptions/353e8b06-f9df-482d-9834-0f7a6d733e46/resourceGroups/ccscan-env-test/providers/Microsoft.Network/applicationGateways/app-gateway/backendAddressPools/app-gateway-backends",
                "ip_addresses": [],
                "name": "app-gateway-backends"
              }
            ],
            "backend_http_settings": [
              {
                "affinity_cookie_name": "",
                "authentication_certificate": [],
                "connection_draining": [],
                "cookie_based_affinity": "Disabled",
                "host_name": "",
                "id": "/subscriptions/353e8b06-f9df-482d-9834-0f7a6d733e46/resourceGroups/ccscan-env-test/providers/Microsoft.Network/applicationGateways/app-gateway/backendHttpSettingsCollection/mainnet-http-settings",
                "name": "mainnet-http-settings",
                "path": "",
                "pick_host_name_from_backend_address": true,
                "port": 5000,
                "probe_id": "/subscriptions/353e8b06-f9df-482d-9834-0f7a6d733e46/resourceGroups/ccscan-env-test/providers/Microsoft.Network/applicationGateways/app-gateway/probes/health-probe",
                "probe_name": "health-probe",
                "protocol": "Http",
                "request_timeout": 20,
                "trusted_root_certificate_names": []
              },
              {
                "affinity_cookie_name": "",
                "authentication_certificate": [],
                "connection_draining": [],
                "cookie_based_affinity": "Disabled",
                "host_name": "",
                "id": "/subscriptions/353e8b06-f9df-482d-9834-0f7a6d733e46/resourceGroups/ccscan-env-test/providers/Microsoft.Network/applicationGateways/app-gateway/backendHttpSettingsCollection/testnet-http-settings",
                "name": "testnet-http-settings",
                "path": "",
                "pick_host_name_from_backend_address": true,
                "port": 5001,
                "probe_id": "/subscriptions/353e8b06-f9df-482d-9834-0f7a6d733e46/resourceGroups/ccscan-env-test/providers/Microsoft.Network/applicationGateways/app-gateway/probes/health-probe",
                "probe_name": "health-probe",
                "protocol": "Http",
                "request_timeout": 20,
                "trusted_root_certificate_names": []
              }
            ],
            "custom_error_configuration": [],
            "enable_http2": false,
            "fips_enabled": false,
            "firewall_policy_id": null,
            "force_firewall_policy_association": false,
            "frontend_ip_configuration": [
              {
                "id": "/subscriptions/353e8b06-f9df-482d-9834-0f7a6d733e46/resourceGroups/ccscan-env-test/providers/Microsoft.Network/applicationGateways/app-gateway/frontendIPConfigurations/app-gateway-feip",
                "name": "app-gateway-feip",
                "private_ip_address": "",
                "private_ip_address_allocation": "Dynamic",
                "private_link_configuration_id": "",
                "private_link_configuration_name": "",
                "public_ip_address_id": "/subscriptions/353e8b06-f9df-482d-9834-0f7a6d733e46/resourceGroups/ccscan-env-test/providers/Microsoft.Network/publicIPAddresses/app-gateway-pip",
                "subnet_id": ""
              }
            ],
            "frontend_port": [
              {
                "id": "/subscriptions/353e8b06-f9df-482d-9834-0f7a6d733e46/resourceGroups/ccscan-env-test/providers/Microsoft.Network/applicationGateways/app-gateway/frontendPorts/app-gateway-feport",
                "name": "app-gateway-feport",
                "port": 443
              }
            ],
            "gateway_ip_configuration": [
              {
                "id": "/subscriptions/353e8b06-f9df-482d-9834-0f7a6d733e46/resourceGroups/ccscan-env-test/providers/Microsoft.Network/applicationGateways/app-gateway/gatewayIPConfigurations/gateway-ip-configuration",
                "name": "gateway-ip-configuration",
                "subnet_id": "/subscriptions/353e8b06-f9df-482d-9834-0f7a6d733e46/resourceGroups/ccscan-env-test/providers/Microsoft.Network/virtualNetworks/vnet/subnets/snet-frontend"
              }
            ],
            "http_listener": [
              {
                "custom_error_configuration": [],
                "firewall_policy_id": "",
                "frontend_ip_configuration_id": "/subscriptions/353e8b06-f9df-482d-9834-0f7a6d733e46/resourceGroups/ccscan-env-test/providers/Microsoft.Network/applicationGateways/app-gateway/frontendIPConfigurations/app-gateway-feip",
                "frontend_ip_configuration_name": "app-gateway-feip",
                "frontend_port_id": "/subscriptions/353e8b06-f9df-482d-9834-0f7a6d733e46/resourceGroups/ccscan-env-test/providers/Microsoft.Network/applicationGateways/app-gateway/frontendPorts/app-gateway-feport",
                "frontend_port_name": "app-gateway-feport",
                "host_name": "mainnet.test-api.ccdscan.io",
                "host_names": [],
                "id": "/subscriptions/353e8b06-f9df-482d-9834-0f7a6d733e46/resourceGroups/ccscan-env-test/providers/Microsoft.Network/applicationGateways/app-gateway/httpListeners/mainnet-listener",
                "name": "mainnet-listener",
                "protocol": "Https",
                "require_sni": false,
                "ssl_certificate_id": "/subscriptions/353e8b06-f9df-482d-9834-0f7a6d733e46/resourceGroups/ccscan-env-test/providers/Microsoft.Network/applicationGateways/app-gateway/sslCertificates/ssl",
                "ssl_certificate_name": "ssl",
                "ssl_profile_id": "",
                "ssl_profile_name": ""
              },
              {
                "custom_error_configuration": [],
                "firewall_policy_id": "",
                "frontend_ip_configuration_id": "/subscriptions/353e8b06-f9df-482d-9834-0f7a6d733e46/resourceGroups/ccscan-env-test/providers/Microsoft.Network/applicationGateways/app-gateway/frontendIPConfigurations/app-gateway-feip",
                "frontend_ip_configuration_name": "app-gateway-feip",
                "frontend_port_id": "/subscriptions/353e8b06-f9df-482d-9834-0f7a6d733e46/resourceGroups/ccscan-env-test/providers/Microsoft.Network/applicationGateways/app-gateway/frontendPorts/app-gateway-feport",
                "frontend_port_name": "app-gateway-feport",
                "host_name": "testnet.test-api.ccdscan.io",
                "host_names": [],
                "id": "/subscriptions/353e8b06-f9df-482d-9834-0f7a6d733e46/resourceGroups/ccscan-env-test/providers/Microsoft.Network/applicationGateways/app-gateway/httpListeners/testnet-listener",
                "name": "testnet-listener",
                "protocol": "Https",
                "require_sni": false,
                "ssl_certificate_id": "/subscriptions/353e8b06-f9df-482d-9834-0f7a6d733e46/resourceGroups/ccscan-env-test/providers/Microsoft.Network/applicationGateways/app-gateway/sslCertificates/ssl",
                "ssl_certificate_name": "ssl",
                "ssl_profile_id": "",
                "ssl_profile_name": ""
              }
            ],
            "id": "/subscriptions/353e8b06-f9df-482d-9834-0f7a6d733e46/resourceGroups/ccscan-env-test/providers/Microsoft.Network/applicationGateways/app-gateway",
            "identity": [],
            "location": "northeurope",
            "name": "app-gateway",
            "private_endpoint_connection": [],
            "private_link_configuration": [],
            "probe": [
              {
                "host": "",
                "id": "/subscriptions/353e8b06-f9df-482d-9834-0f7a6d733e46/resourceGroups/ccscan-env-test/providers/Microsoft.Network/applicationGateways/app-gateway/probes/health-probe",
                "interval": 30,
                "match": [
                  {
                    "body": "",
                    "status_code": []
                  }
                ],
                "minimum_servers": 0,
                "name": "health-probe",
                "path": "/api/health",
                "pick_host_name_from_backend_http_settings": true,
                "port": 0,
                "protocol": "Http",
                "timeout": 30,
                "unhealthy_threshold": 3
              }
            ],
            "redirect_configuration": [],
            "request_routing_rule": [
              {
                "backend_address_pool_id": "/subscriptions/353e8b06-f9df-482d-9834-0f7a6d733e46/resourceGroups/ccscan-env-test/providers/Microsoft.Network/applicationGateways/app-gateway/backendAddressPools/app-gateway-backends",
                "backend_address_pool_name": "app-gateway-backends",
                "backend_http_settings_id": "/subscriptions/353e8b06-f9df-482d-9834-0f7a6d733e46/resourceGroups/ccscan-env-test/providers/Microsoft.Network/applicationGateways/app-gateway/backendHttpSettingsCollection/mainnet-http-settings",
                "backend_http_settings_name": "mainnet-http-settings",
                "http_listener_id": "/subscriptions/353e8b06-f9df-482d-9834-0f7a6d733e46/resourceGroups/ccscan-env-test/providers/Microsoft.Network/applicationGateways/app-gateway/httpListeners/mainnet-listener",
                "http_listener_name": "mainnet-listener",
                "id": "/subscriptions/353e8b06-f9df-482d-9834-0f7a6d733e46/resourceGroups/ccscan-env-test/providers/Microsoft.Network/applicationGateways/app-gateway/requestRoutingRules/mainnet-redirect",
                "name": "mainnet-redirect",
                "priority": 0,
                "redirect_configuration_id": "",
                "redirect_configuration_name": "",
                "rewrite_rule_set_id": "",
                "rewrite_rule_set_name": "",
                "rule_type": "Basic",
                "url_path_map_id": "",
                "url_path_map_name": ""
              },
              {
                "backend_address_pool_id": "/subscriptions/353e8b06-f9df-482d-9834-0f7a6d733e46/resourceGroups/ccscan-env-test/providers/Microsoft.Network/applicationGateways/app-gateway/backendAddressPools/app-gateway-backends",
                "backend_address_pool_name": "app-gateway-backends",
                "backend_http_settings_id": "/subscriptions/353e8b06-f9df-482d-9834-0f7a6d733e46/resourceGroups/ccscan-env-test/providers/Microsoft.Network/applicationGateways/app-gateway/backendHttpSettingsCollection/testnet-http-settings",
                "backend_http_settings_name": "testnet-http-settings",
                "http_listener_id": "/subscriptions/353e8b06-f9df-482d-9834-0f7a6d733e46/resourceGroups/ccscan-env-test/providers/Microsoft.Network/applicationGateways/app-gateway/httpListeners/testnet-listener",
                "http_listener_name": "testnet-listener",
                "id": "/subscriptions/353e8b06-f9df-482d-9834-0f7a6d733e46/resourceGroups/ccscan-env-test/providers/Microsoft.Network/applicationGateways/app-gateway/requestRoutingRules/testnet-redirect",
                "name": "testnet-redirect",
                "priority": 0,
                "redirect_configuration_id": "",
                "redirect_configuration_name": "",
                "rewrite_rule_set_id": "",
                "rewrite_rule_set_name": "",
                "rule_type": "Basic",
                "url_path_map_id": "",
                "url_path_map_name": ""
              }
            ],
            "resource_group_name": "ccscan-env-test",
            "rewrite_rule_set": [],
            "sku": [
              {
                "capacity": 1,
                "name": "Standard_Small",
                "tier": "Standard"
              }
            ],
            "ssl_certificate": [
              {
                "data": "MIACAQMwgAYJKoZIhvcNAQcBoIAkgASCA+gwgDCABgkqhkiG9w0BBwGggCSABIID6DCCBXEwggVtBgsqhkiG9w0BDAoBAqCCBPowggT2MCgGCiqGSIb3DQEMAQMwGgQU5O+JRX5wxpf2qaLlzZSiqEw4eAoCAgQABIIEyPiSxOBsbA0im8Ft5mqXurpfGm+2eJlcg79ktfOE7uerRGJhe6gjW4BB+9Ep/j7DofSKv+T1P/6Eh/6SaV4w/TOhqYuAuogQ7W6nNINWY7pVDRywdDX+U4aJWrlGsAy0ZMO4xrDkLJVlXpYJGsitN2MESsNS32XtB9QkMKS9lvCnUoWVobfaPp/y49VRL4CsntgfkeLr5rPqKcZHbET1yaVSB3IdKjofqXJreuIWfTNdApLRM6wCUFD6gcx/xcO/eGlWDQaarNbM39LOEtr1nhOl1Yy07+k1BSf5aKl9TcGSuHMqKQ3pQagYrscR/0Dzd3EO9NLd/jf7yRaht4sgm3EHg3pBQXgeXrWg79ohs3cO+WNlsMsUTAjkoCzplCQaFzrZ4xik2bWzKm+/axCl9uBYHTUs8gecIAP+sUyB8Law9VBRRetgx1hNfLe1kJhfBDi0Rm2qMZzCzocrYHbZw2oXXTMM2w+uZSMzTa37q2HtAOk97diDWq3cY1VdYmM95oPHDurlbndFYwYROdqAP6UEbK1biMtqw7E8qPwOgJTly2nzO5hWfqttS8MXUu+w7Vj7UmEqGxucilRXa+tBiQxWba/0EPBOThEwM/xR/VX8eum/68+RAPm4I57DT5Lh6m0l5WyFM4c4iz+MW3EjY4CsIak0UCr5fYOih5Jx4AYt7SJn98+X/Rzb/FXhLRR3fgAv/niU059Eu9ObvDRILHdwTlchAGI+IDckZ/EBrD240+hOjVycx5iPJ/7F1WWDg1theWrURbgDNst6NyklyMvepDrxH1Z8Uji423sObVVVzQKPhlwDo2l9mtemrNAZR9wnjQrOjg4P++vi03VRLefrysOrb1GV6Wl9GQjnBIpVuOPPA8Ff3UvbGHMwI51umr49oGQ3xRHHe7vqgPMSm3yhZz3zKyjYeimAMLjLUiFHK76zLKuRXHSFhcBHs55fl3xfERMJPyF+WfRPF/ceNZ565HvtgJrBCyVLWNqLR1NOPS+wfqTVaffwdAHsse3Jd1K1gs/t0sXcY/GdwbBblpC+PUOCvCCcH1uk5qP4MZdzL26gOc6NQDBRNQFEN8Jynrj2nZP5ywRtI0N6PiCXE2LbRwKzjVPaafEjVb+dkdxnfcyYZfg9YWylbuluIjHfN8/MG7WRoaAgMDmSxtSRN2tN5q+XAngB1tFwj0TIVe09ln9vt1R/BIID6FTUUtUxA9R8my47mthKgdsKUC6NxFQpBIIBjaUBWHtVzzf8dOcry7cUgHr+mZ0bLjlIBGLmuegY0HrYHft8x7WGUpiWolxLS94wzf22aORQklJkSu2P7DVySu3ffbp0VDBkOGXhMZw237u4goOqn6dOshRMzWEljsiwDW6iQri6z3jL4pRlBET36HWO/XwteDaf/qqhdxU+Cl606ES/79k5NZBBTnaL47YOSo5jIF3xbRDsLkV0ytfJQHKZX54Q33iCdO/GPbrJQGUdug4SFyGZflqRN9WcKiL/gW/DaeM2G8yYZw1XB8YkgzUR7NCuh6EA7geTns50c0s98FFyeqLsZxXXklfiTvNz8oLxp5cbc+/BY7IRktg25fZGcRxkb8QgH50W9ZoaSaDPkxnrQYW2zyVY6EaD9VGsLdjdYVX2moOws9ShMWAwIwYJKoZIhvcNAQkVMRYEFLzKrOHSDN0XruebZxLT7sj8tUuFMDkGCSqGSIb3DQEJFDEsHioAKgAuAHQAZQBzAHQALQBhAHAAaQAuAGMAYwBkAHMAYwBhAG4ALgBpAG8AAAAAAAAwgAYJKoZIhvcNAQcGoIAwgAIBADCABgkqhkiG9w0BBwEwKAYKKoZIhvcNAQwBBjAaBBRO+lA7DP2cP70Niva0mIzwSp9LUAICBACggASCA+iafuo5AaTXsEDB143Unaxk7oDZf2qw/NQlSOIt3nWeGOWvp0OhhUV+iOtUDZfoIZXrE8vxTntWmJY16DzdQ/00I/R7iql7AHT/AexGW0o4QY6GURJz+9a4tH4tBF0MoXG4m3zpxsx+knKI822U15kaNaG13uVvQ0/Ezen1UVENtyArC+0G5lo0IEGhq7wt6hHm7QlZj64LmlEZ7vVzt/yYTnsATvDEBtmYChCpj4NEbMD52TUWozTjmx0Dqy12fD1Ak5nrSEN7nTNbjBiFUoPmwgHxjGMtRzGkI7qdWrVN4dnXxyKVbQBFhxT9SoeBvhHKY6NAsm8InaVLCMMO0gND13kjWxEgxR5z9n18T1ohh2ReYqT8j6CPkm2kvWLqxGJUXBElAHhYQ/c/1Zv9cnTWF1d+THjJcR4POGGW3TSg7vdartVrvdgo6nZENvPpwjrm84ITrF0WkPGS4tPJoqjsQU3LdyDRbw5nk1bqsX/AypAOYEgCzWBjBCVW0OJyL0iTkTAnp6MMpY93lBF8oZMH6Bp8tvX2K7i81kBHb14rJe7Uc5CY/IH1jm+TO2F2WLj498xLYdQOjGAM2WYqmlfw0Rziq7fSOImTHXHkaFXOP+9D9huq71NWAmElJ7k1qczy3Mp5tIh5ySIEggPo+NpphXVmj8Oztbcc/Y+YG39oiw+n1xnZ6C3vrP6blVlJNK3IXoYouk1p7hcb3f+9H5BD3ORJ0hBb6//rK6p+6i08WS/Bq4S/1D7A44DBpd1QZGsgIb9+wYxfdmSXYKF8CKK5tmDYaPRHxXOlPJenLb6a7MDJ6r9WTOhfz1h3dsNVh6zWp2WafbqGHyAXfMEHDInWx2Xf1wi75mu8QGs2W3fq1vyDThfVm4aWGB595so/RiAAN0MQDa879vjOlTnPt/Es9sROmqKcydtpn7omLcF7c763s8gANkYNGlerREa3ckFAdjKXEERpX6SRXg7D6iQDolbB6jJJMS0PmgK4bd0caRH4jCiwA+W3eLAS5d8uV/KkV05nzgke6amm5c/jr/AYd93lxTtiHZCpEl6ultW1ioJpSQMrbSKOnkFSBwM5+Zk7cNOOjqEKQlf6W8FDoEsCSDlo4ebYTJpMVv+gIB5O6h4MKvbC8oqNKmbOpexw6YlZLjaFZnmTWLKAV5bENOVHWNOwKBvTj0kvTi3ZE1qeSWfJQQ7DIeevdQ7+zbM0UEqMaknU+5z/VO1Z/yl7O/mHGYAHHDam3wdM6GAYRbxiHCINGzKtq9NBhb5UTCZ8Z4liqvBzdM+Fv0hmNxIw5otEyfRxu5/xCwZKJ8HAOLGbM6iNgJ6la0NcuT0jxgSCAijZ7AVVAoA0pB4Og7RxGNwc52EcslG4fhd6KTl6hYcqEAkp0y0pv95QHrV1/OWKQqwj7oCNbv5t+0HJ6pDvL33gshQchr8tCH3GeW12Lu1NspDCWDEqZJDcPrx2PfmRsaKoW9I7D5aeHxgzcbes7ODF3kvbXaexe07NnP8nSHCIXCFOr1PPxplZ0z4dzpQNDxywl7E2waI1iOrOVtqMMR0KJw4joX7jcUZE12FXucRLnHwcEaurBM/9jWXB4H2WHhCTu6n4kXK7RJwM3hl/CXvE2FyjMvSBPIixov1uXfauI/teH5hwXu+Hrqn8Q2Xa+Z2Ty2UA7rxB2F43VoVRu+4/hMh2wicg2TT3aOevvwp1rKGXEP3mO56FcNWyBP+j6L7HF/nQNBNoiMuA03dIQ0aAOHlR2wHZzt2Gr1R3gUPupT+sphN27C0J+NsTQ7VcOVHeerx6TKOTc3gpZrMkNQ8UK4JcbYpi8OzbnzdFhVHrz+ghX0huOoevVOuLmVStYJP4kite26c4RVXAWEq71WXaL6YDxjah1b30gZGx30cjHZLzNHGchlAXXIMJ/pg8EK3vy7NubskfNOj/WtPXsi0+47nCt6ycEmi8YrzKUNHUzVoIj+7hTSrijlWSqGDts1tdv5QNVQRPbCX0EcWXCJuUTMx4oc2QOvax/u9zXX0/b05JXwb2t7Siubv9CB8+8BbHAbyqBYXjGm3qWpJN8QhUPqoQ3boLh0SAqgAAAAAAAAAAAAAAAAAAAAAAADA9MCEwCQYFKw4DAhoFAAQUtu8Ng1Goh8bl7o0AA1qsadvv8OwEFJrbP7/7144ljo0zNWfd+jXHnIgRAgIEAAAA",
                "id": "/subscriptions/353e8b06-f9df-482d-9834-0f7a6d733e46/resourceGroups/ccscan-env-test/providers/Microsoft.Network/applicationGateways/app-gateway/sslCertificates/ssl",
                "key_vault_secret_id": "",
                "name": "ssl",
                "password": "bullet-walk-ogre",
                "public_cert_data": "MIIFpAYJKoZIhvcNAQcCoIIFlTCCBZECAQExADALBgkqhkiG9w0BBwGgggV5MIIFdTCCBF2gAwIBAgITAPoAYOiyGvnHl7UekvyeFzYuDTANBgkqhkiG9w0BAQsFADBZMQswCQYDVQQGEwJVUzEgMB4GA1UEChMXKFNUQUdJTkcpIExldCdzIEVuY3J5cHQxKDAmBgNVBAMTHyhTVEFHSU5HKSBBcnRpZmljaWFsIEFwcmljb3QgUjMwHhcNMjIwMjA0MTQ1NzI2WhcNMjIwNTA1MTQ1NzI1WjAgMR4wHAYDVQQDDBUqLnRlc3QtYXBpLmNjZHNjYW4uaW8wggEiMA0GCSqGSIb3DQEBAQUAA4IBDwAwggEKAoIBAQCLHoOzhAc2bCDuaQqqQtOziILZXm1PuqhwDEU8XjLN82+pzmhSRvly/zjtS2iHszr3xBGn2WTWXmU96WOjcdWni4pBhMsSrKQTuDWX0a6p6bFOvwSacv36u8jy3D67o2kqEKH9EIM+zbUd1a9FGtH5qGQZHzOKuBDDc7OtuDcQp61e4LU3A9e+P5YoE+ioaE+uT0RyMBpmUSEeTSjY/8idyZAWFnF/puVlvlG6p3YguA8h4ZPE1J0PL7yh3avvwy+uLHT88bxAJLQjg/0Shr/+RvkvTbe+awjmEk4PP0GJ94EB4Gbm9nqlgxdcDwQN6p17CkTxWXhBX50DRLgeb5IvAgMBAAGjggJtMIICaTAOBgNVHQ8BAf8EBAMCBaAwHQYDVR0lBBYwFAYIKwYBBQUHAwEGCCsGAQUFBwMCMAwGA1UdEwEB/wQCMAAwHQYDVR0OBBYEFLzKrOHSDN0XruebZxLT7sj8tUuFMB8GA1UdIwQYMBaAFN5yekjfMcOmUN+fhSPfVzdLXS5lMF0GCCsGAQUFBwEBBFEwTzAlBggrBgEFBQcwAYYZaHR0cDovL3N0Zy1yMy5vLmxlbmNyLm9yZzAmBggrBgEFBQcwAoYaaHR0cDovL3N0Zy1yMy5pLmxlbmNyLm9yZy8wNQYDVR0RBC4wLIIVKi50ZXN0LWFwaS5jY2RzY2FuLmlvghN0ZXN0LWFwaS5jY2RzY2FuLmlvMEwGA1UdIARFMEMwCAYGZ4EMAQIBMDcGCysGAQQBgt8TAQEBMCgwJgYIKwYBBQUHAgEWGmh0dHA6Ly9jcHMubGV0c2VuY3J5cHQub3JnMIIBBAYKKwYBBAHWeQIEAgSB9QSB8gDwAHUA3Zk0/KXnJIDJVmh9gTSZCEmySfe1adjHvKs/XMHzbmQAAAF+xXRjcgAABAMARjBEAiB+1xbHNBxOVUmQUjcnthYnJlxPqjt7uNADVYn0pyjjKwIgA06kNQRSClYhBtYQcXrgeL3jojRhX/YMGIMq2eXP7Y4AdwCwzIPlpfl9a698CcwoSQSHKsfoixMsY1C3xv0m4WxsdwAAAX7FdGN2AAAEAwBIMEYCIQDLguNY+E7oOlOejqFPKeSGRjQo6MkzlF+j25F85TyypgIhALI8FN8QVWS6IuSUlVErEZ3Rk+XPNDMhUGToprB7ZKZlMA0GCSqGSIb3DQEBCwUAA4IBAQBK6QG4dEEqxZNZMwbKdvVH8Q1NgSWU2VmPD6ctLSY/yYOC4b4QVkUtBoPkmjktt2k28uu2hXjGxZ5ub5npwjGwBdtlKzQbeIsW3rsBJLD+2bM6143V0ncn5pCw/VKtGXEdwZLCWJK23jeZ1ofJCEuJcSJ7g0bnMv+pse77pOu127AEViwPun9h8jCDk/WCzGPL4AUZqgK/2p9bhA1lv0SIHCvaXNGJFhHXk200QsCRuilIaUri/tUMxJa5saAQ8loCYB7cIThhF1msft04+dvqZkwUjDTRXKnugbV40YuLxhytPUEe8x/XJGR8wQkpEdzgumwBe+CF4A0VD0vn4QgXMQA="
              }
            ],
            "ssl_policy": [
              {
                "cipher_suites": [],
                "disabled_protocols": [],
                "min_protocol_version": "",
                "policy_name": "AppGwSslPolicy20150501",
                "policy_type": "Predefined"
              }
            ],
            "ssl_profile": [],
            "tags": {},
            "timeouts": null,
            "trusted_client_certificate": [],
            "trusted_root_certificate": [],
            "url_path_map": [],
            "waf_configuration": [],
            "zones": []
          },
          "sensitive_attributes": [
            [
              {
                "type": "get_attr",
                "value": "ssl_certificate"
              },
              {
                "type": "index",
                "value": {
                  "value": 0,
                  "type": "number"
                }
              },
              {
                "type": "get_attr",
                "value": "data"
              }
            ],
            [
              {
                "type": "get_attr",
                "value": "ssl_certificate"
              },
              {
                "type": "index",
                "value": {
                  "value": 0,
                  "type": "number"
                }
              },
              {
                "type": "get_attr",
                "value": "password"
              }
            ]
          ],
          "private": "eyJlMmJmYjczMC1lY2FhLTExZTYtOGY4OC0zNDM2M2JjN2M0YzAiOnsiY3JlYXRlIjo1NDAwMDAwMDAwMDAwLCJkZWxldGUiOjU0MDAwMDAwMDAwMDAsInJlYWQiOjMwMDAwMDAwMDAwMCwidXBkYXRlIjo1NDAwMDAwMDAwMDAwfX0=",
          "dependencies": [
            "azurerm_public_ip.app-gw",
            "azurerm_resource_group.this",
            "azurerm_subnet.frontend",
            "azurerm_virtual_network.this",
            "data.azurerm_key_vault.ccscan",
            "data.azurerm_key_vault_secret.ssl-cert-data",
            "data.azurerm_key_vault_secret.ssl-cert-password"
          ]
        }
      ]
    },
    {
      "mode": "managed",
      "type": "azurerm_automation_account",
      "name": "this",
      "provider": "provider[\"registry.terraform.io/hashicorp/azurerm\"]",
      "instances": [
        {
          "schema_version": 0,
          "attributes": {
            "dsc_primary_access_key": "1xLs4v+G/9PUByAE9oGhGlTUjCmBVdPF/mKeux5jhBzPVSKD0S2ZC1475e1tnTyuDKfJBVkPZTNRORRTveraRw==",
            "dsc_secondary_access_key": "+jDNyg4C8vfnrmrjNovNjfjDI6IQsyNAjXNEzp+zhj98XEP/8oXefD4qOHQztR1gKbx5VuuVV/jVjob32TdzLA==",
            "dsc_server_endpoint": "https://35e6b159-835f-4758-8ebd-efd2c6561cd6.agentsvc.ne.azure-automation.net/accounts/35e6b159-835f-4758-8ebd-efd2c6561cd6",
            "id": "/subscriptions/353e8b06-f9df-482d-9834-0f7a6d733e46/resourceGroups/ccscan-env-test/providers/Microsoft.Automation/automationAccounts/automation-account",
            "location": "northeurope",
            "name": "automation-account",
            "resource_group_name": "ccscan-env-test",
            "sku_name": "Basic",
            "tags": {
              "environment": "test"
            },
            "timeouts": null
          },
          "sensitive_attributes": [],
          "private": "eyJlMmJmYjczMC1lY2FhLTExZTYtOGY4OC0zNDM2M2JjN2M0YzAiOnsiY3JlYXRlIjoxODAwMDAwMDAwMDAwLCJkZWxldGUiOjE4MDAwMDAwMDAwMDAsInJlYWQiOjMwMDAwMDAwMDAwMCwidXBkYXRlIjoxODAwMDAwMDAwMDAwfX0=",
          "dependencies": [
            "azurerm_resource_group.this"
          ]
        }
      ]
    },
    {
      "mode": "managed",
      "type": "azurerm_automation_job_schedule",
      "name": "this",
      "provider": "provider[\"registry.terraform.io/hashicorp/azurerm\"]",
      "instances": [
        {
          "schema_version": 0,
          "attributes": {
            "automation_account_name": "automation-account",
            "id": "/subscriptions/353e8b06-f9df-482d-9834-0f7a6d733e46/resourceGroups/ccscan-env-test/providers/Microsoft.Automation/automationAccounts/automation-account/jobSchedules/150cdd7a-d117-4ec7-ab04-9771896f1a6b",
            "job_schedule_id": "150cdd7a-d117-4ec7-ab04-9771896f1a6b",
            "parameters": {
              "applicationgatewayname": "app-gateway",
              "applicationgatewaysslname": "ssl",
              "contactemail": "martin@fintech.builders",
              "domainname": "test-api.ccdscan.io",
              "environmentname": "test",
              "resourcegroupname": "ccscan-env-test",
              "storageaccountkey": "RsktirH+OdLdXP7xrePeCEv5OfWIBzLIBbI3FGXY2K2W8V9Cgtv3Ox62pq0ClMqdiYL6k9gK7JYR02OzI+yIrw==",
              "storageaccountname": "storageccscantest",
              "storagecontainer": "sslrenewal"
            },
            "resource_group_name": "ccscan-env-test",
            "run_on": null,
            "runbook_name": "automation-renew-sslcert",
            "schedule_name": "sslrenewal-automation-schedule",
            "timeouts": null
          },
          "sensitive_attributes": [
            [
              {
                "type": "get_attr",
                "value": "parameters"
              },
              {
                "type": "index",
                "value": {
                  "value": "storageaccountkey",
                  "type": "string"
                }
              }
            ]
          ],
          "private": "eyJlMmJmYjczMC1lY2FhLTExZTYtOGY4OC0zNDM2M2JjN2M0YzAiOnsiY3JlYXRlIjoxODAwMDAwMDAwMDAwLCJkZWxldGUiOjE4MDAwMDAwMDAwMDAsInJlYWQiOjMwMDAwMDAwMDAwMCwidXBkYXRlIjoxODAwMDAwMDAwMDAwfX0=",
          "dependencies": [
            "azurerm_application_gateway.this",
            "azurerm_automation_account.this",
            "azurerm_automation_runbook.renew-sslcert",
            "azurerm_automation_schedule.sslrenewal",
            "azurerm_public_ip.app-gw",
            "azurerm_resource_group.this",
            "azurerm_storage_account.this",
            "azurerm_storage_container.sslrenewal",
            "azurerm_subnet.frontend",
            "azurerm_virtual_network.this",
            "data.azurerm_key_vault.ccscan",
            "data.azurerm_key_vault_secret.ssl-cert-data",
            "data.azurerm_key_vault_secret.ssl-cert-password"
          ]
        }
      ]
    },
    {
      "mode": "managed",
      "type": "azurerm_automation_module",
      "name": "posh-acme",
      "provider": "provider[\"registry.terraform.io/hashicorp/azurerm\"]",
      "instances": [
        {
          "schema_version": 0,
          "attributes": {
            "automation_account_name": "automation-account",
            "id": "/subscriptions/353e8b06-f9df-482d-9834-0f7a6d733e46/resourceGroups/ccscan-env-test/providers/Microsoft.Automation/automationAccounts/automation-account/modules/posh-acme",
            "module_link": [
              {
                "hash": [],
                "uri": "https://www.powershellgallery.com/api/v2/package/Posh-ACME/4.12.0"
              }
            ],
            "name": "posh-acme",
            "resource_group_name": "ccscan-env-test",
            "timeouts": null
          },
          "sensitive_attributes": [],
          "private": "eyJlMmJmYjczMC1lY2FhLTExZTYtOGY4OC0zNDM2M2JjN2M0YzAiOnsiY3JlYXRlIjoxODAwMDAwMDAwMDAwLCJkZWxldGUiOjE4MDAwMDAwMDAwMDAsInJlYWQiOjMwMDAwMDAwMDAwMCwidXBkYXRlIjoxODAwMDAwMDAwMDAwfX0=",
          "dependencies": [
            "azurerm_automation_account.this",
            "azurerm_resource_group.this"
          ]
        }
      ]
    },
    {
      "mode": "managed",
      "type": "azurerm_automation_runbook",
      "name": "renew-sslcert",
      "provider": "provider[\"registry.terraform.io/hashicorp/azurerm\"]",
      "instances": [
        {
          "schema_version": 0,
          "attributes": {
            "automation_account_name": "automation-account",
            "content": "param(\r\n    [Parameter(Mandatory=$true, HelpMessage=\"The e-mail address to send with the request for the certificate.\")][String] $contactEmail,\r\n\t[Parameter(Mandatory=$true, HelpMessage=\"The domain name to generate the SSL cert for. Enter the exact domain name, as the wild-card will be added automatically.\")][String] $domainName,\r\n    [Parameter(Mandatory=$true, HelpMessage=\"The name of the environment (dev, test, prod, etc...). Used as prefix for the names of the secrets stored in Azure Key Vault.\")][String] $environmentName,\r\n    [Parameter(Mandatory=$true, HelpMessage=\"The name of the resource group where all used/modified resources reside.\")][String] $resourceGroupName,\r\n    [Parameter(Mandatory=$true, HelpMessage=\"The name of the application gateway within the given resource group.\")][String] $applicationGatewayName,\r\n    [Parameter(Mandatory=$true, HelpMessage=\"The name of the SSL certificate to update with the given application gateway.\")][String] $applicationGatewaySslName,\r\n    [Parameter(Mandatory=$true, HelpMessage=\"The name of the storage account (where state of automation goes)\")][String] $storageAccountName,\r\n    [Parameter(Mandatory=$true, HelpMessage=\"The storage account access key to use when accessing the storage account.\")][String] $storageAccountKey,\r\n    [Parameter(Mandatory=$true, HelpMessage=\"The name of the container within the storage account where blobs are read/written.\")][String] $storageContainer)\r\n\r\n$ErrorActionPreference = \"Stop\"\r\n\r\nWrite-Output \"Connecting Azure Identity\"\r\nConnect-AzAccount -Identity | Out-Null\r\n\r\nWrite-Output \"Creating storage context\"\r\n$storageContext = New-AzStorageContext -StorageAccountName $storageAccountName -StorageAccountKey $storageAccountKey \r\n\r\n$acmeWorkdir = \".\\posh-acme\"\r\n$blobFileName = \"posh-acme.zip\"\r\n$keyVaultName = \"ccscan\"\r\n\r\ntry {\r\n    Write-Output \"About to retreive ACME context blob from storage\"\r\n    Get-AzStorageBlobContent -container $storageContainer -Blob $blobFileName -Destination . -Context $storageContext -Force | Out-Null\r\n\t$acmeContextExists = $true\r\n    \r\n    Expand-Archive \".\\${blobFileName}\" -DestinationPath .\r\n    Remove-Item -Force \".\\${blobFileName}\" | Out-Null\r\n\r\n    Write-Output \"Blob retreived\"\r\n}\r\ncatch [Microsoft.WindowsAzure.Commands.Storage.Common.ResourceNotFoundException]\r\n{\r\n    Write-Output \"ACME context blob did not exist in storage, creating new context...\"\r\n    $acmeContextExists = $false\r\n    New-Item -Path $acmeWorkdir -ItemType Directory -Force | Out-Null\r\n}\r\n\r\n$env:POSHACME_HOME = $acmeWorkdir\r\nImport-Module Posh-ACME \r\nSet-PAServer LE_PROD\r\n\r\nWrite-Output \"Getting PFX password from key vault\"\r\n$pfxPassSecure = Get-AzKeyVaultSecret -VaultName $keyVaultName -name \"${environmentName}-sslcert-pfx-password\" \r\n\r\nif ($acmeContextExists)\r\n{\r\n    Write-Output \"Submitting renewal request...\"\r\n    Set-PAOrder $domainName -PfxPassSecure $pfxPassSecure.SecretValue\r\n\t$acmeResponse = Submit-Renewal $domainName -Verbose\r\n    Write-Output \"Renewal completed!\"\r\n}\r\nelse\r\n{\r\n\tWrite-Output \"Configuring PA-account\"\r\n\t# Note regards -UseAltPluginEncryption: \r\n\t#   Needed since we will probably run on a new computer on every run\r\n\t#   (https://poshac.me/docs/v4/FAQ/#key-not-valid-for-use-in-specified-state)\r\n\tNew-PAAccount -UseAltPluginEncryption -Contact $contactEmail -AcceptTOS | Out-Null\r\n\r\n    Write-Output \"Creating new certificate...\"\r\n\t$goDaddyApiKey = Get-AzKeyVaultSecret -VaultName $keyVaultName -name \"godaddy-dns-api-key\" -AsPlainText\r\n\t$goDaddySecretSecure = Get-AzKeyVaultSecret -VaultName $keyVaultName -name \"godaddy-dns-api-key-secret\" \r\n\t$plugInArgs = @{\r\n\t\tGDKey = $goDaddyApiKey\r\n\t\tGDSecretSecure =$goDaddySecretSecure.SecretValue\r\n\t}\r\n\r\n    $acmeResponse = New-PACertificate $domainName, \"*.${domainName}\" -AcceptTOS -Contact $contactEmail -Plugin GoDaddy -PluginArgs $plugInArgs -PfxPassSecure $pfxPassSecure.SecretValue -Verbose \r\n    Write-Output \"Certificate created!\"\r\n}\r\n\r\nif ($acmeResponse -ne $NULL) {\r\n\tWrite-Output \"Updating Azure Key Vault...\"\r\n\t$pfxBase64 = [convert]::ToBase64String((Get-Content -path $acmeResponse.PfxFile -Encoding byte))\r\n\t$pfxBase64Secure = ConvertTo-SecureString -String $pfxBase64 -AsPlainText -Force\r\n\tSet-AzKeyVaultSecret -VaultName $keyVaultName -Name \"${environmentName}-sslcert-pfx\" -SecretValue $pfxBase64Secure -Expires $acmeResponse.NotAfter.ToUniversalTime() -NotBefore $acmeResponse.NotBefore.ToUniversalTime() -ContentType \"Base64 encoded PFX\" | Out-Null\r\n\r\n\tWrite-Output \"Updating application gateway...\"\r\n\t$appGW = Get-AzApplicationGateway -Name $applicationGatewayName -ResourceGroupName $resourceGroupName\r\n\t$cert = Set-AzApplicationGatewaySslCertificate -ApplicationGateway $AppGW -Name $applicationGatewaySslName -CertificateFile $acmeResponse.PfxFile -Password $pfxPassSecure.SecretValue\r\n\r\n\tWrite-Output \"Compressing ACME context and sending to blob storage...\"\r\n\t$zipPath = \".\\${blobFileName}\"\r\n\tCompress-Archive -Path $acmeWorkdir -DestinationPath $zipPath -CompressionLevel Fastest -Force\r\n\tSet-AzStorageBlobContent -File $zipPath -Container  $storageContainer -Blob $blobFileName -BlobType Block -Context $storageContext -Force | Out-Null\r\n\tRemove-Item -Force $zipPath\r\n}\r\nelse {\r\n\tWrite-Output \"There was no response from the Posh-ACME operation, so will not update anything!\"\r\n}\r\n\r\nWrite-Output \"Done\"\r\n",
            "description": "Renews the SSL certificate",
            "id": "/subscriptions/353e8b06-f9df-482d-9834-0f7a6d733e46/resourceGroups/ccscan-env-test/providers/Microsoft.Automation/automationAccounts/automation-account/runbooks/automation-renew-sslcert",
            "job_schedule": [
              {
                "job_schedule_id": "150cdd7a-d117-4ec7-ab04-9771896f1a6b",
                "parameters": {},
                "run_on": "",
                "schedule_name": "sslrenewal-automation-schedule"
              }
            ],
            "location": "northeurope",
            "log_progress": false,
            "log_verbose": false,
            "name": "automation-renew-sslcert",
            "publish_content_link": [],
            "resource_group_name": "ccscan-env-test",
            "runbook_type": "PowerShell",
            "tags": {
              "environment": "test"
            },
            "timeouts": null
          },
          "sensitive_attributes": [],
          "private": "eyJlMmJmYjczMC1lY2FhLTExZTYtOGY4OC0zNDM2M2JjN2M0YzAiOnsiY3JlYXRlIjoxODAwMDAwMDAwMDAwLCJkZWxldGUiOjE4MDAwMDAwMDAwMDAsInJlYWQiOjMwMDAwMDAwMDAwMCwidXBkYXRlIjoxODAwMDAwMDAwMDAwfX0=",
          "dependencies": [
            "azurerm_automation_account.this",
            "azurerm_resource_group.this"
          ]
        }
      ]
    },
    {
      "mode": "managed",
      "type": "azurerm_automation_schedule",
      "name": "sslrenewal",
      "provider": "provider[\"registry.terraform.io/hashicorp/azurerm\"]",
      "instances": [
        {
          "schema_version": 0,
          "attributes": {
            "automation_account_name": "automation-account",
            "description": "Schedule for running the SSL renewal runbook once every week.",
            "expiry_time": "9999-12-31T23:59:00Z",
            "frequency": "Hour",
            "id": "/subscriptions/353e8b06-f9df-482d-9834-0f7a6d733e46/resourceGroups/ccscan-env-test/providers/Microsoft.Automation/automationAccounts/automation-account/schedules/sslrenewal-automation-schedule",
            "interval": 1,
            "month_days": null,
            "monthly_occurrence": [],
            "name": "sslrenewal-automation-schedule",
            "resource_group_name": "ccscan-env-test",
            "start_time": "2022-02-04T16:22:00Z",
            "timeouts": null,
            "timezone": "Etc/UTC",
            "week_days": null
          },
          "sensitive_attributes": [],
          "private": "eyJlMmJmYjczMC1lY2FhLTExZTYtOGY4OC0zNDM2M2JjN2M0YzAiOnsiY3JlYXRlIjoxODAwMDAwMDAwMDAwLCJkZWxldGUiOjE4MDAwMDAwMDAwMDAsInJlYWQiOjMwMDAwMDAwMDAwMCwidXBkYXRlIjoxODAwMDAwMDAwMDAwfX0=",
          "dependencies": [
            "azurerm_automation_account.this",
            "azurerm_resource_group.this"
          ]
        }
      ]
    },
    {
      "mode": "managed",
      "type": "azurerm_linux_virtual_machine",
      "name": "vm",
      "provider": "provider[\"registry.terraform.io/hashicorp/azurerm\"]",
      "instances": [
        {
          "schema_version": 0,
          "attributes": {
            "additional_capabilities": [],
            "admin_password": null,
            "admin_ssh_key": [
              {
                "public_key": "ssh-rsa AAAAB3NzaC1yc2EAAAADAQABAAABgQDJBja4UD/c/PSyueLBTQ0pq2bwmq/4jKE7b0Dx0qlzbLJD1mr1IGNXZsNv84h7rr76KOEingq50QkCk4KPIx05/D5OthmJSNuMB20PAIB0ILUwCR79B8d/U5fA6vp7zAJj3SUFNSx6zyz/dVuRp28AKbwZLVHwIc9zjlet5Le0dgah9zlqNBLKIrg6LYECAIizpWxgKxJe68e0+P9n2TnPjmPlXIPizjYPpNM7CcmhDbZdLiExkJUJ+NVuw0A49dCzCiLhHrRcWl4kr3r0NBubBHqJNPTg9NX//rycwIkBlTKMOPwgoG9oC2iAXb6iGVpoNPEDHvsCfvdHEdZU+AwjHJ7l2MEF2iQ9ktFQ/DeQ2kT3BqGmTIcUn9jIWE/ab174vRnETrnAdYfZ72/gYRdIIo9UqQWZwIBysgPabkOLDNfhMsx0WvC9EQRQ/X75U88EoW/A6MZIW43F4zaPrJKreIa9FiGcTABQ18KvMWcNvUaYm22GxmEyQN9GSVH0tRU= generated-by-azure",
                "username": "concNodeVMuser"
              }
            ],
            "admin_username": "concNodeVMuser",
            "allow_extension_operations": true,
            "availability_set_id": "",
            "boot_diagnostics": [],
            "computer_name": "vm-concNodeVM",
            "custom_data": "IyEvYmluL2Jhc2gNCg0KZWNobyBTdGFydGluZyBlbnRyeXBvaW50IHNjcmlwdC4uLg0KDQojIyBob3VzZSBrZWVwaW5nIGFuZCBpbml0aWFsIGluc3RhbGxzIGFuZCBwYWNrYWdlcw0Kc3VkbyBhcHQtZ2V0IHVwZGF0ZQ0Kc3VkbyBta2RpciAvaG9tZS9zZXR1cA0KY2QgL2hvbWUvc2V0dXANCg0KIyMgTW91bnQgZGF0YSBkcml2ZQ0KIyMgVE9ETzogUGFydGl0aW9uIGRldmljZSBuYW1lIGlzIGhhcmQtY29kZWQsIG1heWJlIGl0IHNob3VsZCBiZSByZWFkIGR5bmFtaWNhbGx5Pw0KIyMgICAgICAgKGh0dHBzOi8vZG9jcy5taWNyb3NvZnQuY29tL2VuLXVzL2F6dXJlL3ZpcnR1YWwtbWFjaGluZXMvbGludXgvYXR0YWNoLWRpc2stcG9ydGFsKQ0Kc3VkbyBta2RpciAvZGF0YQ0Kc3VkbyBtb3VudCAvZGV2L3NkYzEgL2RhdGENCg0KIyMgU2V0IHVwIGRvY2tlcg0KY3VybCAtZnNTTCBodHRwczovL2dldC5kb2NrZXIuY29tIC1vIGdldC1kb2NrZXIuc2gNCnN1ZG8gc2ggZ2V0LWRvY2tlci5zaA0Kc3VkbyBncm91cGFkZCBkb2NrZXINCnN1ZG8gdXNlcm1vZCAtYUcgZG9ja2VyIGNvbmNOb2RlVk11c2VyDQpzdWRvIHN5c3RlbWN0bCBkYWVtb24tcmVsb2FkDQpzdWRvIHN5c3RlbWN0bCBlbmFibGUgZG9ja2VyLnNlcnZpY2UNCnN1ZG8gc3lzdGVtY3RsIHN0YXJ0IGRvY2tlci5zZXJ2aWNlDQpzdWRvIGNobW9kIDY2NiAvdmFyL3J1bi9kb2NrZXIuc29jaw0KDQojIyBzZXQgdXAgQXp1cmUgY2xvdWQgY3JlZGVudGlhbHMgKGNvbm5lY3Rpb24gdG8gY29udGFpbmVyIHJlZ2lzdHJ5KToNCnN1ZG8gYXB0IGluc3RhbGwgYXp1cmUtY2xpIC15DQplY2hvIExvZ2luIHRvIGF6dXJlIGNvbnRhaW5lciByZWdpc3RyeSBmb3Igcm9vdA0KYXogYWNyIGxvZ2luIC0tbmFtZSBjY3NjYW4gLS11c2VybmFtZSAiY2NzY2FuIiAtLXBhc3N3b3JkICJHK25lNG89T2ZMT25sNTRWa2JlRllPMFUrQUIyeFFSYyINCmVjaG8gTG9naW4gdG8gYXp1cmUgY29udGFpbmVyIHJlZ2lzdHJ5IGZvciBjb25jTm9kZVZNdXNlciANCnN1ZG8gLXUgY29uY05vZGVWTXVzZXIgYXogYWNyIGxvZ2luIC0tbmFtZSBjY3NjYW4gLS11c2VybmFtZSAiY2NzY2FuIiAtLXBhc3N3b3JkICJHK25lNG89T2ZMT25sNTRWa2JlRllPMFUrQUIyeFFSYyINCg0KDQojIHNldCB1cCBkaXNjcmV0ZSBkb2NrZXIgbmV0d29ya3MgZm9yIG1haW4gYW5kIHRlc3RuZXQNCmRvY2tlciBuZXR3b3JrIGNyZWF0ZSAtZCBicmlkZ2UgbWFpbm5ldERvY2tlcg0KZG9ja2VyIG5ldHdvcmsgY3JlYXRlIC1kIGJyaWRnZSB0ZXN0bmV0RG9ja2VyDQoNCg0KIyBTZXQgdXAgQ29uY29yZGl1bSBub2RlIGNvbnRhaW5lcnMNCmRvY2tlciBydW4gLXRkIFwNCiAtcCAxMDAwMDoxMDAwMCBcDQogLXAgODg4ODo4ODg4IFwNCiAtLW5ldHdvcms9bWFpbm5ldERvY2tlciAgXA0KIC0tbmFtZSBjY25vZGUtbWFpbm5ldCAgXA0KIC0taG9zdG5hbWUgY2Nub2RlIFwNCiAtZSBDT05DT1JESVVNX05PREVfQ09MTEVDVE9SX05PREVfTkFNRT1GVEItdGVzdCBcDQogLWUgQ09OQ09SRElVTV9OT0RFX1JQQ19TRVJWRVJfVE9LRU49VnNNVHBDaW5RaVJ5R1g4cCAgXA0KIC1lIENPTkNPUkRJVU1fTk9ERV9DT0xMRUNUT1JfR1JQQ19BVVRIRU5USUNBVElPTl9UT0tFTj1Wc01UcENpblFpUnlHWDhwICBcDQogLWUgQ09OQ09SRElVTV9OT0RFX0xJU1RFTl9QT1JUPTg4ODggXA0KIC12IC9kYXRhL2NvbmNvcmRpdW0ubWFpbm5ldDovdmFyL2xpYi9jb25jb3JkaXVtL2RhdGEgXA0KIGNjc2Nhbi5henVyZWNyLmlvL2Njbm9kZS1tYWlubmV0OjMuMC4xLTANCg0KZG9ja2VyIHJ1biAtdGQgIFwNCiAtcCAxMDExMToxMDAwMCBcDQogLXAgMTg4ODg6MTg4ODggXA0KIC0tbmV0d29yaz10ZXN0bmV0RG9ja2VyIFwNCiAtLW5hbWUgY2Nub2RlLXRlc3RuZXQgXA0KIC0taG9zdG5hbWUgY2Nub2RlIFwNCiAtZSBDT05DT1JESVVNX05PREVfQ09MTEVDVE9SX05PREVfTkFNRT1GVEItdGVzdCBcDQogLWUgQ09OQ09SRElVTV9OT0RFX1JQQ19TRVJWRVJfVE9LRU49VnNNVHBDaW5RaVJ5R1g4cCBcDQogLWUgQ09OQ09SRElVTV9OT0RFX0NPTExFQ1RPUl9HUlBDX0FVVEhFTlRJQ0FUSU9OX1RPS0VOPVZzTVRwQ2luUWlSeUdYOHAgXA0KIC1lIENPTkNPUkRJVU1fTk9ERV9MSVNURU5fUE9SVD0xODg4OCBcDQogLXYgL2RhdGEvY29uY29yZGl1bS50ZXN0bmV0Oi92YXIvbGliL2NvbmNvcmRpdW0vZGF0YSBcDQogY2NzY2FuLmF6dXJlY3IuaW8vY2Nub2RlLXRlc3RuZXQ6My4wLjEtMA0KDQoNCiMgU2V0IHVwIGJhY2tlbmQgY29udGFpbmVycw0KZG9ja2VyIHJ1biAtdGQgXA0KICAtcCA1MDAwOjUwMDAgXA0KICAtLW5ldHdvcms9bWFpbm5ldERvY2tlciBcDQogIC0tcmVzdGFydD1vbi1mYWlsdXJlOjMgXA0KICAtLW5hbWUgYmFja2VuZC1tYWlubmV0IFwNCiAgLWUgUG9zdGdyZXNEYXRhYmFzZTpDb25uZWN0aW9uU3RyaW5nPSJIb3N0PXBnLXNzLnBvc3RncmVzLmRhdGFiYXNlLmF6dXJlLmNvbTtQb3J0PTU0MzI7RGF0YWJhc2U9Y2NzY2FuLW1haW5uZXQ7VXNlciBJRD1wb3N0Z3Jlc0BwZy1zcztwYXNzd29yZD1Gb3NzaWwtZGlzdGFudC03MjM4O1NTTCBNb2RlPVJlcXVpcmU7VHJ1c3QgU2VydmVyIENlcnRpZmljYXRlPXRydWUiIFwNCiAgLWUgQ29uY29yZGl1bU5vZGVHcnBjOkF1dGhlbnRpY2F0aW9uVG9rZW49IlZzTVRwQ2luUWlSeUdYOHAiIFwNCiAgLXYgL2RhdGEvYmFja2VuZC1sb2dzLm1haW5uZXQ6L2FwcC9sb2dzIFwNCiAgY2NzY2FuLmF6dXJlY3IuaW8vYmFja2VuZC50ZXN0OmxhdGVzdCANCg0KZG9ja2VyIHJ1biAtdGQgXA0KICAtcCA1MDAxOjUwMDAgXA0KICAtLW5ldHdvcms9dGVzdG5ldERvY2tlciBcDQogIC0tcmVzdGFydD1vbi1mYWlsdXJlOjMgXA0KICAtLW5hbWUgYmFja2VuZC10ZXN0bmV0IFwNCiAgLWUgUG9zdGdyZXNEYXRhYmFzZTpDb25uZWN0aW9uU3RyaW5nPSJIb3N0PXBnLXNzLnBvc3RncmVzLmRhdGFiYXNlLmF6dXJlLmNvbTtQb3J0PTU0MzI7RGF0YWJhc2U9Y2NzY2FuLXRlc3RuZXQ7VXNlciBJRD1wb3N0Z3Jlc0BwZy1zcztwYXNzd29yZD1Gb3NzaWwtZGlzdGFudC03MjM4O1NTTCBNb2RlPVJlcXVpcmU7VHJ1c3QgU2VydmVyIENlcnRpZmljYXRlPXRydWUiIFwNCiAgLWUgQ29uY29yZGl1bU5vZGVHcnBjOkF1dGhlbnRpY2F0aW9uVG9rZW49IlZzTVRwQ2luUWlSeUdYOHAiIFwNCiAgLXYgL2RhdGEvYmFja2VuZC1sb2dzLnRlc3RuZXQ6L2FwcC9sb2dzIFwNCiAgY2NzY2FuLmF6dXJlY3IuaW8vYmFja2VuZC50ZXN0OmxhdGVzdCANCg0KDQojIFNldCB1cCB3YXRjaHRvd2VyIGNvbnRhaW5lciANCmRvY2tlciBydW4gLWQgXA0KICAtLW5hbWUgd2F0Y2h0b3dlciBcDQogIC12IC92YXIvcnVuL2RvY2tlci5zb2NrOi92YXIvcnVuL2RvY2tlci5zb2NrIFwNCiAgLXYgL2hvbWUvY29uY05vZGVWTXVzZXIvLmRvY2tlci9jb25maWcuanNvbjovY29uZmlnLmpzb24gXA0KICAtZSBXQVRDSFRPV0VSX0lOQ0xVREVfU1RPUFBFRD10cnVlIFwNCiAgLWUgV0FUQ0hUT1dFUl9SRVZJVkVfU1RPUFBFRD10cnVlIFwNCiAgLWUgV0FUQ0hUT1dFUl9QT0xMX0lOVEVSVkFMPTYwIFwNCiAgLWUgV0FUQ0hUT1dFUl9OT1RJRklDQVRJT05TPXNsYWNrIFwNCiAgLWUgV0FUQ0hUT1dFUl9OT1RJRklDQVRJT05fU0xBQ0tfSE9PS19VUkw9Imh0dHBzOi8vaG9va3Muc2xhY2suY29tL3NlcnZpY2VzL1QwMVI4NDk2WFU1L0IwMlFYSEUzRUYzL2QwUjRYMTZoZVlLMXAwMmpoNGY3bFZjbiIgXA0KICAtZSBXQVRDSFRPV0VSX05PVElGSUNBVElPTl9TTEFDS19JREVOVElGSUVSPXdhdGNodG93ZXItdGVzdCBcDQogIC1lIFdBVENIVE9XRVJfTk9USUZJQ0FUSU9OX1NMQUNLX0NIQU5ORUw9I2Njc2Nhbi1zZXJ2aWNlYm90cyBcDQogIGNvbnRhaW5ycnIvd2F0Y2h0b3dlciBcDQogIGJhY2tlbmQtdGVzdG5ldCBiYWNrZW5kLW1haW5uZXQNCg0KZWNobyBFbnRyeXBvaW50IHNjcmlwdCBmaW5pc2hlZC4uLg==",
            "dedicated_host_id": "",
            "disable_password_authentication": true,
            "encryption_at_host_enabled": false,
            "eviction_policy": "",
            "extensions_time_budget": "PT1H30M",
            "id": "/subscriptions/353e8b06-f9df-482d-9834-0f7a6d733e46/resourceGroups/ccscan-env-test/providers/Microsoft.Compute/virtualMachines/vm",
            "identity": [],
            "license_type": "",
            "location": "northeurope",
            "max_bid_price": -1,
            "name": "vm",
            "network_interface_ids": [
              "/subscriptions/353e8b06-f9df-482d-9834-0f7a6d733e46/resourceGroups/ccscan-env-test/providers/Microsoft.Network/networkInterfaces/vm-nic"
            ],
            "os_disk": [
              {
                "caching": "ReadWrite",
                "diff_disk_settings": [],
                "disk_encryption_set_id": "",
                "disk_size_gb": 30,
                "name": "vm_disk_os",
                "storage_account_type": "Premium_LRS",
                "write_accelerator_enabled": false
              }
            ],
            "patch_mode": "ImageDefault",
            "plan": [],
            "platform_fault_domain": -1,
            "priority": "Regular",
            "private_ip_address": "10.0.1.4",
            "private_ip_addresses": [
              "10.0.1.4"
            ],
            "provision_vm_agent": true,
            "proximity_placement_group_id": "",
            "public_ip_address": "40.87.131.130",
            "public_ip_addresses": [
              "40.87.131.130"
            ],
            "resource_group_name": "ccscan-env-test",
            "secret": [],
            "secure_boot_enabled": false,
            "size": "Standard_B4ms",
            "source_image_id": "",
            "source_image_reference": [
              {
                "offer": "0001-com-ubuntu-server-focal-daily",
                "publisher": "Canonical",
                "sku": "20_04-daily-lts-gen2",
                "version": "latest"
              }
            ],
            "tags": {
              "environment": "test"
            },
            "timeouts": null,
            "user_data": "",
            "virtual_machine_id": "9d089baf-7c32-4e40-a9f7-a1d892d29bb4",
            "virtual_machine_scale_set_id": "",
            "vtpm_enabled": false,
            "zone": ""
          },
          "sensitive_attributes": [
            [
              {
                "type": "get_attr",
                "value": "custom_data"
              }
            ]
          ],
          "private": "eyJlMmJmYjczMC1lY2FhLTExZTYtOGY4OC0zNDM2M2JjN2M0YzAiOnsiY3JlYXRlIjoyNzAwMDAwMDAwMDAwLCJkZWxldGUiOjI3MDAwMDAwMDAwMDAsInJlYWQiOjMwMDAwMDAwMDAwMCwidXBkYXRlIjoyNzAwMDAwMDAwMDAwfX0=",
          "dependencies": [
            "azurerm_network_interface.vm",
            "azurerm_public_ip.vm",
            "azurerm_resource_group.this",
            "azurerm_subnet.backend",
            "azurerm_virtual_network.this",
            "data.azurerm_container_registry.ccscan",
            "data.azurerm_key_vault.ccscan",
            "data.azurerm_key_vault_secret.ccnode-auth-token",
            "data.azurerm_key_vault_secret.postgres-password",
            "data.azurerm_ssh_public_key.ssh_vm"
          ]
        }
      ]
    },
    {
      "mode": "managed",
      "type": "azurerm_managed_disk",
      "name": "vm_data",
      "provider": "provider[\"registry.terraform.io/hashicorp/azurerm\"]",
      "instances": [
        {
          "schema_version": 0,
          "attributes": {
            "create_option": "Empty",
            "disk_access_id": "",
            "disk_encryption_set_id": "",
            "disk_iops_read_only": 0,
            "disk_iops_read_write": 500,
            "disk_mbps_read_only": 0,
            "disk_mbps_read_write": 60,
            "disk_size_gb": 128,
            "encryption_settings": [],
            "gallery_image_reference_id": "",
            "hyper_v_generation": "",
            "id": "/subscriptions/353e8b06-f9df-482d-9834-0f7a6d733e46/resourceGroups/ccscan-env-test/providers/Microsoft.Compute/disks/vm_disk_data_9d089baf-7c32-4e40-a9f7-a1d892d29bb4",
            "image_reference_id": "",
            "location": "northeurope",
            "logical_sector_size": null,
            "max_shares": 0,
            "name": "vm_disk_data_9d089baf-7c32-4e40-a9f7-a1d892d29bb4",
            "network_access_policy": null,
            "on_demand_bursting_enabled": false,
            "os_type": "",
            "public_network_access_enabled": true,
            "resource_group_name": "ccscan-env-test",
            "source_resource_id": "",
            "source_uri": "",
            "storage_account_id": "",
            "storage_account_type": "StandardSSD_LRS",
            "tags": {
              "environment": "test"
            },
            "tier": "",
            "timeouts": null,
            "trusted_launch_enabled": false,
            "zones": []
          },
          "sensitive_attributes": [],
          "private": "eyJlMmJmYjczMC1lY2FhLTExZTYtOGY4OC0zNDM2M2JjN2M0YzAiOnsiY3JlYXRlIjoxODAwMDAwMDAwMDAwLCJkZWxldGUiOjE4MDAwMDAwMDAwMDAsInJlYWQiOjMwMDAwMDAwMDAwMCwidXBkYXRlIjoxODAwMDAwMDAwMDAwfX0=",
          "dependencies": [
            "azurerm_linux_virtual_machine.vm",
            "azurerm_network_interface.vm",
            "azurerm_public_ip.vm",
            "azurerm_resource_group.this",
            "azurerm_subnet.backend",
            "azurerm_virtual_network.this",
            "data.azurerm_container_registry.ccscan",
            "data.azurerm_key_vault.ccscan",
            "data.azurerm_key_vault_secret.ccnode-auth-token",
            "data.azurerm_key_vault_secret.postgres-password",
            "data.azurerm_ssh_public_key.ssh_vm"
          ]
        }
      ]
    },
    {
      "mode": "managed",
      "type": "azurerm_network_interface",
      "name": "vm",
      "provider": "provider[\"registry.terraform.io/hashicorp/azurerm\"]",
      "instances": [
        {
          "schema_version": 0,
          "attributes": {
            "applied_dns_servers": [],
            "dns_servers": [],
            "enable_accelerated_networking": false,
            "enable_ip_forwarding": false,
            "id": "/subscriptions/353e8b06-f9df-482d-9834-0f7a6d733e46/resourceGroups/ccscan-env-test/providers/Microsoft.Network/networkInterfaces/vm-nic",
            "internal_dns_name_label": "",
            "internal_domain_name_suffix": "zu1vfzjj2lcebbhkce1pne1yha.fx.internal.cloudapp.net",
            "ip_configuration": [
              {
                "gateway_load_balancer_frontend_ip_configuration_id": "",
                "name": "ipc-vm",
                "primary": true,
                "private_ip_address": "10.0.1.4",
                "private_ip_address_allocation": "Dynamic",
                "private_ip_address_version": "IPv4",
                "public_ip_address_id": "/subscriptions/353e8b06-f9df-482d-9834-0f7a6d733e46/resourceGroups/ccscan-env-test/providers/Microsoft.Network/publicIPAddresses/vm-nic-pip",
                "subnet_id": "/subscriptions/353e8b06-f9df-482d-9834-0f7a6d733e46/resourceGroups/ccscan-env-test/providers/Microsoft.Network/virtualNetworks/vnet/subnets/snet-backend"
              }
            ],
            "location": "northeurope",
            "mac_address": "00-0D-3A-65-9B-94",
            "name": "vm-nic",
            "private_ip_address": "10.0.1.4",
            "private_ip_addresses": [
              "10.0.1.4"
            ],
            "resource_group_name": "ccscan-env-test",
            "tags": {
              "environment": "test"
            },
            "timeouts": null,
            "virtual_machine_id": "/subscriptions/353e8b06-f9df-482d-9834-0f7a6d733e46/resourceGroups/ccscan-env-test/providers/Microsoft.Compute/virtualMachines/vm"
          },
          "sensitive_attributes": [],
          "private": "eyJlMmJmYjczMC1lY2FhLTExZTYtOGY4OC0zNDM2M2JjN2M0YzAiOnsiY3JlYXRlIjoxODAwMDAwMDAwMDAwLCJkZWxldGUiOjE4MDAwMDAwMDAwMDAsInJlYWQiOjMwMDAwMDAwMDAwMCwidXBkYXRlIjoxODAwMDAwMDAwMDAwfX0=",
          "dependencies": [
            "azurerm_public_ip.vm",
            "azurerm_resource_group.this",
            "azurerm_subnet.backend",
            "azurerm_virtual_network.this"
          ]
        }
      ]
    },
    {
      "mode": "managed",
      "type": "azurerm_network_interface_application_gateway_backend_address_pool_association",
      "name": "vm",
      "provider": "provider[\"registry.terraform.io/hashicorp/azurerm\"]",
      "instances": [
        {
          "schema_version": 0,
          "attributes": {
            "backend_address_pool_id": "/subscriptions/353e8b06-f9df-482d-9834-0f7a6d733e46/resourceGroups/ccscan-env-test/providers/Microsoft.Network/applicationGateways/app-gateway/backendAddressPools/app-gateway-backends",
            "id": "/subscriptions/353e8b06-f9df-482d-9834-0f7a6d733e46/resourceGroups/ccscan-env-test/providers/Microsoft.Network/networkInterfaces/vm-nic/ipConfigurations/ipc-vm|/subscriptions/353e8b06-f9df-482d-9834-0f7a6d733e46/resourceGroups/ccscan-env-test/providers/Microsoft.Network/applicationGateways/app-gateway/backendAddressPools/app-gateway-backends",
            "ip_configuration_name": "ipc-vm",
            "network_interface_id": "/subscriptions/353e8b06-f9df-482d-9834-0f7a6d733e46/resourceGroups/ccscan-env-test/providers/Microsoft.Network/networkInterfaces/vm-nic",
            "timeouts": null
          },
          "sensitive_attributes": [],
          "private": "eyJlMmJmYjczMC1lY2FhLTExZTYtOGY4OC0zNDM2M2JjN2M0YzAiOnsiY3JlYXRlIjoxODAwMDAwMDAwMDAwLCJkZWxldGUiOjE4MDAwMDAwMDAwMDAsInJlYWQiOjMwMDAwMDAwMDAwMCwidXBkYXRlIjoxODAwMDAwMDAwMDAwfX0=",
          "dependencies": [
            "azurerm_application_gateway.this",
            "azurerm_network_interface.vm",
            "azurerm_public_ip.app-gw",
            "azurerm_public_ip.vm",
            "azurerm_resource_group.this",
            "azurerm_subnet.backend",
            "azurerm_subnet.frontend",
            "azurerm_virtual_network.this",
            "data.azurerm_key_vault.ccscan",
            "data.azurerm_key_vault_secret.ssl-cert-data",
            "data.azurerm_key_vault_secret.ssl-cert-password"
          ]
        }
      ]
    },
    {
      "mode": "managed",
      "type": "azurerm_network_interface_security_group_association",
      "name": "vm_nic",
      "provider": "provider[\"registry.terraform.io/hashicorp/azurerm\"]",
      "instances": [
        {
          "schema_version": 0,
          "attributes": {
            "id": "/subscriptions/353e8b06-f9df-482d-9834-0f7a6d733e46/resourceGroups/ccscan-env-test/providers/Microsoft.Network/networkInterfaces/vm-nic|/subscriptions/353e8b06-f9df-482d-9834-0f7a6d733e46/resourceGroups/ccscan-env-test/providers/Microsoft.Network/networkSecurityGroups/vm-nic-nsg",
            "network_interface_id": "/subscriptions/353e8b06-f9df-482d-9834-0f7a6d733e46/resourceGroups/ccscan-env-test/providers/Microsoft.Network/networkInterfaces/vm-nic",
            "network_security_group_id": "/subscriptions/353e8b06-f9df-482d-9834-0f7a6d733e46/resourceGroups/ccscan-env-test/providers/Microsoft.Network/networkSecurityGroups/vm-nic-nsg",
            "timeouts": null
          },
          "sensitive_attributes": [],
          "private": "eyJlMmJmYjczMC1lY2FhLTExZTYtOGY4OC0zNDM2M2JjN2M0YzAiOnsiY3JlYXRlIjoxODAwMDAwMDAwMDAwLCJkZWxldGUiOjE4MDAwMDAwMDAwMDAsInJlYWQiOjMwMDAwMDAwMDAwMCwidXBkYXRlIjoxODAwMDAwMDAwMDAwfX0=",
          "dependencies": [
            "azurerm_network_interface.vm",
            "azurerm_network_security_group.this",
            "azurerm_public_ip.vm",
            "azurerm_resource_group.this",
            "azurerm_subnet.backend",
            "azurerm_virtual_network.this"
          ]
        }
      ]
    },
    {
      "mode": "managed",
      "type": "azurerm_network_security_group",
      "name": "this",
      "provider": "provider[\"registry.terraform.io/hashicorp/azurerm\"]",
      "instances": [
        {
          "schema_version": 0,
          "attributes": {
            "id": "/subscriptions/353e8b06-f9df-482d-9834-0f7a6d733e46/resourceGroups/ccscan-env-test/providers/Microsoft.Network/networkSecurityGroups/vm-nic-nsg",
            "location": "northeurope",
            "name": "vm-nic-nsg",
            "resource_group_name": "ccscan-env-test",
            "security_rule": [
              {
                "access": "Allow",
                "description": "",
                "destination_address_prefix": "*",
                "destination_address_prefixes": [],
                "destination_application_security_group_ids": [],
                "destination_port_range": "10000",
                "destination_port_ranges": [],
                "direction": "Inbound",
                "name": "ccnode_mainnet_grpc",
                "priority": 1004,
                "protocol": "Tcp",
                "source_address_prefix": "*",
                "source_address_prefixes": [],
                "source_application_security_group_ids": [],
                "source_port_range": "*",
                "source_port_ranges": []
              },
              {
                "access": "Allow",
                "description": "",
                "destination_address_prefix": "*",
                "destination_address_prefixes": [],
                "destination_application_security_group_ids": [],
                "destination_port_range": "10111",
                "destination_port_ranges": [],
                "direction": "Inbound",
                "name": "ccnode_testnet_grpc",
                "priority": 1005,
                "protocol": "Tcp",
                "source_address_prefix": "*",
                "source_address_prefixes": [],
                "source_application_security_group_ids": [],
                "source_port_range": "*",
                "source_port_ranges": []
              },
              {
                "access": "Allow",
                "description": "",
                "destination_address_prefix": "*",
                "destination_address_prefixes": [],
                "destination_application_security_group_ids": [],
                "destination_port_range": "18888",
                "destination_port_ranges": [],
                "direction": "Inbound",
                "name": "ccnode_testnet_p2p",
                "priority": 1003,
                "protocol": "Tcp",
                "source_address_prefix": "*",
                "source_address_prefixes": [],
                "source_application_security_group_ids": [],
                "source_port_range": "*",
                "source_port_ranges": []
              },
              {
                "access": "Allow",
                "description": "",
                "destination_address_prefix": "*",
                "destination_address_prefixes": [],
                "destination_application_security_group_ids": [],
                "destination_port_range": "22",
                "destination_port_ranges": [],
                "direction": "Inbound",
                "name": "SSH",
                "priority": 1001,
                "protocol": "Tcp",
                "source_address_prefix": "*",
                "source_address_prefixes": [],
                "source_application_security_group_ids": [],
                "source_port_range": "*",
                "source_port_ranges": []
              },
              {
                "access": "Allow",
                "description": "",
                "destination_address_prefix": "*",
                "destination_address_prefixes": [],
                "destination_application_security_group_ids": [],
                "destination_port_range": "5000",
                "destination_port_ranges": [],
                "direction": "Inbound",
                "name": "http-mainnet",
                "priority": 1007,
                "protocol": "Tcp",
                "source_address_prefix": "*",
                "source_address_prefixes": [],
                "source_application_security_group_ids": [],
                "source_port_range": "*",
                "source_port_ranges": []
              },
              {
                "access": "Allow",
                "description": "",
                "destination_address_prefix": "*",
                "destination_address_prefixes": [],
                "destination_application_security_group_ids": [],
                "destination_port_range": "5001",
                "destination_port_ranges": [],
                "direction": "Inbound",
                "name": "http-testnet",
                "priority": 1008,
                "protocol": "Tcp",
                "source_address_prefix": "*",
                "source_address_prefixes": [],
                "source_application_security_group_ids": [],
                "source_port_range": "*",
                "source_port_ranges": []
              },
              {
                "access": "Allow",
                "description": "",
                "destination_address_prefix": "*",
                "destination_address_prefixes": [],
                "destination_application_security_group_ids": [],
                "destination_port_range": "8888",
                "destination_port_ranges": [],
                "direction": "Inbound",
                "name": "ccnode_mainnet_p2p",
                "priority": 1002,
                "protocol": "Tcp",
                "source_address_prefix": "*",
                "source_address_prefixes": [],
                "source_application_security_group_ids": [],
                "source_port_range": "*",
                "source_port_ranges": []
              }
            ],
            "tags": {
              "environment": "test"
            },
            "timeouts": null
          },
          "sensitive_attributes": [],
          "private": "eyJlMmJmYjczMC1lY2FhLTExZTYtOGY4OC0zNDM2M2JjN2M0YzAiOnsiY3JlYXRlIjoxODAwMDAwMDAwMDAwLCJkZWxldGUiOjE4MDAwMDAwMDAwMDAsInJlYWQiOjMwMDAwMDAwMDAwMCwidXBkYXRlIjoxODAwMDAwMDAwMDAwfX0=",
          "dependencies": [
            "azurerm_resource_group.this"
          ]
        }
      ]
    },
    {
      "mode": "managed",
      "type": "azurerm_postgresql_firewall_rule",
      "name": "vm",
      "provider": "provider[\"registry.terraform.io/hashicorp/azurerm\"]",
      "instances": [
        {
          "schema_version": 0,
          "attributes": {
            "end_ip_address": "40.87.131.130",
            "id": "/subscriptions/353e8b06-f9df-482d-9834-0f7a6d733e46/resourceGroups/ccscan-env-test/providers/Microsoft.DBforPostgreSQL/servers/pg-ss/firewallRules/vm",
            "name": "vm",
            "resource_group_name": "ccscan-env-test",
            "server_name": "pg-ss",
            "start_ip_address": "40.87.131.130",
            "timeouts": null
          },
          "sensitive_attributes": [],
          "private": "eyJlMmJmYjczMC1lY2FhLTExZTYtOGY4OC0zNDM2M2JjN2M0YzAiOnsiY3JlYXRlIjoxODAwMDAwMDAwMDAwLCJkZWxldGUiOjE4MDAwMDAwMDAwMDAsInJlYWQiOjMwMDAwMDAwMDAwMCwidXBkYXRlIjoxODAwMDAwMDAwMDAwfX0=",
          "dependencies": [
            "azurerm_postgresql_server.this",
            "azurerm_public_ip.vm",
            "azurerm_resource_group.this",
            "data.azurerm_key_vault.ccscan",
            "data.azurerm_key_vault_secret.postgres-password"
          ]
        }
      ]
    },
    {
      "mode": "managed",
      "type": "azurerm_postgresql_server",
      "name": "this",
      "provider": "provider[\"registry.terraform.io/hashicorp/azurerm\"]",
      "instances": [
        {
          "schema_version": 0,
          "attributes": {
            "administrator_login": "postgres",
            "administrator_login_password": "Fossil-distant-7238",
            "auto_grow_enabled": true,
            "backup_retention_days": 7,
            "create_mode": "Default",
            "creation_source_server_id": null,
            "fqdn": "pg-ss.postgres.database.azure.com",
            "geo_redundant_backup_enabled": false,
            "id": "/subscriptions/353e8b06-f9df-482d-9834-0f7a6d733e46/resourceGroups/ccscan-env-test/providers/Microsoft.DBforPostgreSQL/servers/pg-ss",
            "identity": [],
            "infrastructure_encryption_enabled": false,
            "location": "northeurope",
            "name": "pg-ss",
            "public_network_access_enabled": true,
            "resource_group_name": "ccscan-env-test",
            "restore_point_in_time": null,
            "sku_name": "B_Gen5_1",
            "ssl_enforcement": "Enabled",
            "ssl_enforcement_enabled": true,
            "ssl_minimal_tls_version_enforced": "TLS1_2",
            "storage_mb": 131072,
            "storage_profile": [
              {
                "auto_grow": "Enabled",
                "backup_retention_days": 7,
                "geo_redundant_backup": "Disabled",
                "storage_mb": 131072
              }
            ],
            "tags": {
              "environment": "test"
            },
            "threat_detection_policy": [],
            "timeouts": null,
            "version": "11"
          },
          "sensitive_attributes": [
            [
              {
                "type": "get_attr",
                "value": "administrator_login_password"
              }
            ]
          ],
          "private": "eyJlMmJmYjczMC1lY2FhLTExZTYtOGY4OC0zNDM2M2JjN2M0YzAiOnsiY3JlYXRlIjozNjAwMDAwMDAwMDAwLCJkZWxldGUiOjM2MDAwMDAwMDAwMDAsInJlYWQiOjMwMDAwMDAwMDAwMCwidXBkYXRlIjozNjAwMDAwMDAwMDAwfX0=",
          "dependencies": [
            "azurerm_resource_group.this",
            "data.azurerm_key_vault.ccscan",
            "data.azurerm_key_vault_secret.postgres-password"
          ]
        }
      ]
    },
    {
      "mode": "managed",
      "type": "azurerm_public_ip",
      "name": "app-gw",
      "provider": "provider[\"registry.terraform.io/hashicorp/azurerm\"]",
      "instances": [
        {
          "schema_version": 0,
          "attributes": {
            "allocation_method": "Dynamic",
            "availability_zone": "No-Zone",
            "domain_name_label": "test-ccdscan-api",
            "fqdn": "test-ccdscan-api.northeurope.cloudapp.azure.com",
            "id": "/subscriptions/353e8b06-f9df-482d-9834-0f7a6d733e46/resourceGroups/ccscan-env-test/providers/Microsoft.Network/publicIPAddresses/app-gateway-pip",
            "idle_timeout_in_minutes": 4,
            "ip_address": "52.164.203.23",
            "ip_tags": {},
            "ip_version": "IPv4",
            "location": "northeurope",
            "name": "app-gateway-pip",
            "public_ip_prefix_id": null,
            "resource_group_name": "ccscan-env-test",
            "reverse_fqdn": "",
            "sku": "Basic",
            "sku_tier": "Regional",
            "tags": {
              "environment": "test"
            },
            "timeouts": null,
            "zones": []
          },
          "sensitive_attributes": [],
          "private": "eyJlMmJmYjczMC1lY2FhLTExZTYtOGY4OC0zNDM2M2JjN2M0YzAiOnsiY3JlYXRlIjoxODAwMDAwMDAwMDAwLCJkZWxldGUiOjE4MDAwMDAwMDAwMDAsInJlYWQiOjMwMDAwMDAwMDAwMCwidXBkYXRlIjoxODAwMDAwMDAwMDAwfX0=",
          "dependencies": [
            "azurerm_resource_group.this"
          ]
        }
      ]
    },
    {
      "mode": "managed",
      "type": "azurerm_public_ip",
      "name": "vm",
      "provider": "provider[\"registry.terraform.io/hashicorp/azurerm\"]",
      "instances": [
        {
          "schema_version": 0,
          "attributes": {
            "allocation_method": "Static",
            "availability_zone": "No-Zone",
            "domain_name_label": "test-ccdscan-vm",
            "fqdn": "test-ccdscan-vm.northeurope.cloudapp.azure.com",
            "id": "/subscriptions/353e8b06-f9df-482d-9834-0f7a6d733e46/resourceGroups/ccscan-env-test/providers/Microsoft.Network/publicIPAddresses/vm-nic-pip",
            "idle_timeout_in_minutes": 4,
            "ip_address": "40.87.131.130",
            "ip_tags": {},
            "ip_version": "IPv4",
            "location": "northeurope",
            "name": "vm-nic-pip",
            "public_ip_prefix_id": null,
            "resource_group_name": "ccscan-env-test",
            "reverse_fqdn": "",
            "sku": "Basic",
            "sku_tier": "Regional",
            "tags": {
              "environment": "test"
            },
            "timeouts": null,
            "zones": []
          },
          "sensitive_attributes": [],
          "private": "eyJlMmJmYjczMC1lY2FhLTExZTYtOGY4OC0zNDM2M2JjN2M0YzAiOnsiY3JlYXRlIjoxODAwMDAwMDAwMDAwLCJkZWxldGUiOjE4MDAwMDAwMDAwMDAsInJlYWQiOjMwMDAwMDAwMDAwMCwidXBkYXRlIjoxODAwMDAwMDAwMDAwfX0=",
          "dependencies": [
            "azurerm_resource_group.this"
          ]
        }
      ]
    },
    {
      "mode": "managed",
      "type": "azurerm_resource_group",
      "name": "this",
      "provider": "provider[\"registry.terraform.io/hashicorp/azurerm\"]",
      "instances": [
        {
          "schema_version": 0,
          "attributes": {
            "id": "/subscriptions/353e8b06-f9df-482d-9834-0f7a6d733e46/resourceGroups/ccscan-env-test",
            "location": "northeurope",
            "name": "ccscan-env-test",
            "tags": {
              "environment": "test"
            },
            "timeouts": null
          },
          "sensitive_attributes": [],
          "private": "eyJlMmJmYjczMC1lY2FhLTExZTYtOGY4OC0zNDM2M2JjN2M0YzAiOnsiY3JlYXRlIjo1NDAwMDAwMDAwMDAwLCJkZWxldGUiOjU0MDAwMDAwMDAwMDAsInJlYWQiOjMwMDAwMDAwMDAwMCwidXBkYXRlIjo1NDAwMDAwMDAwMDAwfX0="
        }
      ]
    },
    {
      "mode": "managed",
      "type": "azurerm_role_assignment",
      "name": "automation-account-app-gateway",
      "provider": "provider[\"registry.terraform.io/hashicorp/azurerm\"]",
      "instances": [
        {
          "schema_version": 0,
          "attributes": {
            "condition": "",
            "condition_version": "",
            "delegated_managed_identity_resource_id": "",
            "description": "",
            "id": "/subscriptions/353e8b06-f9df-482d-9834-0f7a6d733e46/resourceGroups/ccscan-env-test/providers/Microsoft.Network/applicationGateways/app-gateway/providers/Microsoft.Authorization/roleAssignments/56d3ac18-8a5a-fa6a-27b2-f5041d6defff",
            "name": "56d3ac18-8a5a-fa6a-27b2-f5041d6defff",
            "principal_id": "a718ac29-8c4f-4712-961b-6e6dc96826b9",
            "principal_type": "ServicePrincipal",
            "role_definition_id": "/subscriptions/353e8b06-f9df-482d-9834-0f7a6d733e46/providers/Microsoft.Authorization/roleDefinitions/c7393b34-138c-406f-901b-d8cf2b17e6ae",
            "role_definition_name": "Managed Application Operator Role",
            "scope": "/subscriptions/353e8b06-f9df-482d-9834-0f7a6d733e46/resourceGroups/ccscan-env-test/providers/Microsoft.Network/applicationGateways/app-gateway",
            "skip_service_principal_aad_check": null,
            "timeouts": null
          },
          "sensitive_attributes": [],
          "private": "eyJlMmJmYjczMC1lY2FhLTExZTYtOGY4OC0zNDM2M2JjN2M0YzAiOnsiY3JlYXRlIjoxODAwMDAwMDAwMDAwLCJkZWxldGUiOjE4MDAwMDAwMDAwMDAsInJlYWQiOjMwMDAwMDAwMDAwMCwidXBkYXRlIjoxODAwMDAwMDAwMDAwfX0=",
          "dependencies": [
            "azurerm_application_gateway.this"
          ]
        }
      ]
    },
    {
      "mode": "managed",
      "type": "azurerm_role_assignment",
      "name": "automation-account-key-vault-godaddy-dns-api-key-secret",
      "provider": "provider[\"registry.terraform.io/hashicorp/azurerm\"]",
      "instances": [
        {
          "schema_version": 0,
          "attributes": {
            "condition": "",
            "condition_version": "",
            "delegated_managed_identity_resource_id": "",
            "description": "",
            "id": "/subscriptions/353e8b06-f9df-482d-9834-0f7a6d733e46/resourceGroups/ccscan-key-vault/providers/Microsoft.KeyVault/vaults/ccscan/secrets/godaddy-dns-api-key-secret/providers/Microsoft.Authorization/roleAssignments/b6a3aedd-a456-113c-ee9a-7b71760e08a9",
            "name": "b6a3aedd-a456-113c-ee9a-7b71760e08a9",
            "principal_id": "a718ac29-8c4f-4712-961b-6e6dc96826b9",
            "principal_type": "ServicePrincipal",
            "role_definition_id": "/subscriptions/353e8b06-f9df-482d-9834-0f7a6d733e46/providers/Microsoft.Authorization/roleDefinitions/4633458b-17de-408a-b874-0445c86b69e6",
            "role_definition_name": "Key Vault Secrets User",
            "scope": "/subscriptions/353e8b06-f9df-482d-9834-0f7a6d733e46/resourceGroups/ccscan-key-vault/providers/Microsoft.KeyVault/vaults/ccscan/secrets/godaddy-dns-api-key-secret",
            "skip_service_principal_aad_check": null,
            "timeouts": null
          },
          "sensitive_attributes": [],
          "private": "eyJlMmJmYjczMC1lY2FhLTExZTYtOGY4OC0zNDM2M2JjN2M0YzAiOnsiY3JlYXRlIjoxODAwMDAwMDAwMDAwLCJkZWxldGUiOjE4MDAwMDAwMDAwMDAsInJlYWQiOjMwMDAwMDAwMDAwMCwidXBkYXRlIjoxODAwMDAwMDAwMDAwfX0=",
          "dependencies": [
            "data.azurerm_key_vault_secret.godaddy-dns-api-key-secret"
          ]
        }
      ]
    },
    {
      "mode": "managed",
      "type": "azurerm_role_assignment",
      "name": "automation-account-key-vault-sslcert-pfx",
      "provider": "provider[\"registry.terraform.io/hashicorp/azurerm\"]",
      "instances": [
        {
          "schema_version": 0,
          "attributes": {
            "condition": "",
            "condition_version": "",
            "delegated_managed_identity_resource_id": "",
            "description": "",
            "id": "/subscriptions/353e8b06-f9df-482d-9834-0f7a6d733e46/resourceGroups/ccscan-key-vault/providers/Microsoft.KeyVault/vaults/ccscan/secrets/test-sslcert-pfx/providers/Microsoft.Authorization/roleAssignments/a8433248-3bba-5ed7-6c73-219213e2f658",
            "name": "a8433248-3bba-5ed7-6c73-219213e2f658",
            "principal_id": "a718ac29-8c4f-4712-961b-6e6dc96826b9",
            "principal_type": "ServicePrincipal",
            "role_definition_id": "/subscriptions/353e8b06-f9df-482d-9834-0f7a6d733e46/providers/Microsoft.Authorization/roleDefinitions/b86a8fe4-44ce-4948-aee5-eccb2c155cd7",
            "role_definition_name": "Key Vault Secrets Officer",
            "scope": "/subscriptions/353e8b06-f9df-482d-9834-0f7a6d733e46/resourceGroups/ccscan-key-vault/providers/Microsoft.KeyVault/vaults/ccscan/secrets/test-sslcert-pfx",
            "skip_service_principal_aad_check": null,
            "timeouts": null
          },
          "sensitive_attributes": [],
          "private": "eyJlMmJmYjczMC1lY2FhLTExZTYtOGY4OC0zNDM2M2JjN2M0YzAiOnsiY3JlYXRlIjoxODAwMDAwMDAwMDAwLCJkZWxldGUiOjE4MDAwMDAwMDAwMDAsInJlYWQiOjMwMDAwMDAwMDAwMCwidXBkYXRlIjoxODAwMDAwMDAwMDAwfX0=",
          "dependencies": [
            "data.azurerm_key_vault_secret.ssl-cert-data"
          ]
        }
      ]
    },
    {
      "mode": "managed",
      "type": "azurerm_role_assignment",
      "name": "automation-account-key-vault-sslcert-pfx-password",
      "provider": "provider[\"registry.terraform.io/hashicorp/azurerm\"]",
      "instances": [
        {
          "schema_version": 0,
          "attributes": {
            "condition": "",
            "condition_version": "",
            "delegated_managed_identity_resource_id": "",
            "description": "",
            "id": "/subscriptions/353e8b06-f9df-482d-9834-0f7a6d733e46/resourceGroups/ccscan-key-vault/providers/Microsoft.KeyVault/vaults/ccscan/secrets/test-sslcert-pfx-password/providers/Microsoft.Authorization/roleAssignments/793134d9-bc5f-f90f-267e-e4ad260cc1e5",
            "name": "793134d9-bc5f-f90f-267e-e4ad260cc1e5",
            "principal_id": "a718ac29-8c4f-4712-961b-6e6dc96826b9",
            "principal_type": "ServicePrincipal",
            "role_definition_id": "/subscriptions/353e8b06-f9df-482d-9834-0f7a6d733e46/providers/Microsoft.Authorization/roleDefinitions/4633458b-17de-408a-b874-0445c86b69e6",
            "role_definition_name": "Key Vault Secrets User",
            "scope": "/subscriptions/353e8b06-f9df-482d-9834-0f7a6d733e46/resourceGroups/ccscan-key-vault/providers/Microsoft.KeyVault/vaults/ccscan/secrets/test-sslcert-pfx-password",
            "skip_service_principal_aad_check": null,
            "timeouts": null
          },
          "sensitive_attributes": [],
          "private": "eyJlMmJmYjczMC1lY2FhLTExZTYtOGY4OC0zNDM2M2JjN2M0YzAiOnsiY3JlYXRlIjoxODAwMDAwMDAwMDAwLCJkZWxldGUiOjE4MDAwMDAwMDAwMDAsInJlYWQiOjMwMDAwMDAwMDAwMCwidXBkYXRlIjoxODAwMDAwMDAwMDAwfX0=",
          "dependencies": [
            "data.azurerm_key_vault_secret.ssl-cert-password"
          ]
        }
      ]
    },
    {
      "mode": "managed",
      "type": "azurerm_role_assignment",
      "name": "automation_account_key_vault_godaddy_dns_api_key",
      "provider": "provider[\"registry.terraform.io/hashicorp/azurerm\"]",
      "instances": [
        {
          "schema_version": 0,
          "attributes": {
            "condition": "",
            "condition_version": "",
            "delegated_managed_identity_resource_id": "",
            "description": "",
            "id": "/subscriptions/353e8b06-f9df-482d-9834-0f7a6d733e46/resourceGroups/ccscan-key-vault/providers/Microsoft.KeyVault/vaults/ccscan/secrets/godaddy-dns-api-key/providers/Microsoft.Authorization/roleAssignments/a7f8c163-f79a-27f1-a485-07777b4be9a8",
            "name": "a7f8c163-f79a-27f1-a485-07777b4be9a8",
            "principal_id": "a718ac29-8c4f-4712-961b-6e6dc96826b9",
            "principal_type": "ServicePrincipal",
            "role_definition_id": "/subscriptions/353e8b06-f9df-482d-9834-0f7a6d733e46/providers/Microsoft.Authorization/roleDefinitions/4633458b-17de-408a-b874-0445c86b69e6",
            "role_definition_name": "Key Vault Secrets User",
            "scope": "/subscriptions/353e8b06-f9df-482d-9834-0f7a6d733e46/resourceGroups/ccscan-key-vault/providers/Microsoft.KeyVault/vaults/ccscan/secrets/godaddy-dns-api-key",
            "skip_service_principal_aad_check": null,
            "timeouts": null
          },
          "sensitive_attributes": [],
          "private": "eyJlMmJmYjczMC1lY2FhLTExZTYtOGY4OC0zNDM2M2JjN2M0YzAiOnsiY3JlYXRlIjoxODAwMDAwMDAwMDAwLCJkZWxldGUiOjE4MDAwMDAwMDAwMDAsInJlYWQiOjMwMDAwMDAwMDAwMCwidXBkYXRlIjoxODAwMDAwMDAwMDAwfX0=",
          "dependencies": [
            "data.azurerm_key_vault_secret.godaddy-dns-api-key"
          ]
        }
      ]
    },
    {
      "mode": "managed",
      "type": "azurerm_storage_account",
      "name": "this",
      "provider": "provider[\"registry.terraform.io/hashicorp/azurerm\"]",
      "instances": [
        {
          "schema_version": 2,
          "attributes": {
            "access_tier": "Hot",
            "account_kind": "StorageV2",
            "account_replication_type": "LRS",
            "account_tier": "Standard",
            "allow_blob_public_access": false,
            "azure_files_authentication": [],
            "blob_properties": [
              {
                "change_feed_enabled": false,
                "container_delete_retention_policy": [],
                "cors_rule": [],
                "default_service_version": "",
                "delete_retention_policy": [],
                "last_access_time_enabled": false,
                "versioning_enabled": false
              }
            ],
            "custom_domain": [],
            "enable_https_traffic_only": true,
            "id": "/subscriptions/353e8b06-f9df-482d-9834-0f7a6d733e46/resourceGroups/ccscan-env-test/providers/Microsoft.Storage/storageAccounts/storageccscantest",
            "identity": [],
            "infrastructure_encryption_enabled": false,
            "is_hns_enabled": false,
            "large_file_share_enabled": null,
            "location": "northeurope",
            "min_tls_version": "TLS1_0",
            "name": "storageccscantest",
            "network_rules": [
              {
                "bypass": [
                  "AzureServices"
                ],
                "default_action": "Allow",
                "ip_rules": [],
                "private_link_access": [],
                "virtual_network_subnet_ids": []
              }
            ],
            "nfsv3_enabled": false,
            "primary_access_key": "RsktirH+OdLdXP7xrePeCEv5OfWIBzLIBbI3FGXY2K2W8V9Cgtv3Ox62pq0ClMqdiYL6k9gK7JYR02OzI+yIrw==",
            "primary_blob_connection_string": "DefaultEndpointsProtocol=https;BlobEndpoint=https://storageccscantest.blob.core.windows.net/;AccountName=storageccscantest;AccountKey=RsktirH+OdLdXP7xrePeCEv5OfWIBzLIBbI3FGXY2K2W8V9Cgtv3Ox62pq0ClMqdiYL6k9gK7JYR02OzI+yIrw==",
            "primary_blob_endpoint": "https://storageccscantest.blob.core.windows.net/",
            "primary_blob_host": "storageccscantest.blob.core.windows.net",
            "primary_connection_string": "DefaultEndpointsProtocol=https;AccountName=storageccscantest;AccountKey=RsktirH+OdLdXP7xrePeCEv5OfWIBzLIBbI3FGXY2K2W8V9Cgtv3Ox62pq0ClMqdiYL6k9gK7JYR02OzI+yIrw==;EndpointSuffix=core.windows.net",
            "primary_dfs_endpoint": "https://storageccscantest.dfs.core.windows.net/",
            "primary_dfs_host": "storageccscantest.dfs.core.windows.net",
            "primary_file_endpoint": "https://storageccscantest.file.core.windows.net/",
            "primary_file_host": "storageccscantest.file.core.windows.net",
            "primary_location": "northeurope",
            "primary_queue_endpoint": "https://storageccscantest.queue.core.windows.net/",
            "primary_queue_host": "storageccscantest.queue.core.windows.net",
            "primary_table_endpoint": "https://storageccscantest.table.core.windows.net/",
            "primary_table_host": "storageccscantest.table.core.windows.net",
            "primary_web_endpoint": "https://storageccscantest.z16.web.core.windows.net/",
            "primary_web_host": "storageccscantest.z16.web.core.windows.net",
            "queue_encryption_key_type": "Service",
            "queue_properties": [
              {
                "cors_rule": [],
                "hour_metrics": [
                  {
                    "enabled": true,
                    "include_apis": true,
                    "retention_policy_days": 7,
                    "version": "1.0"
                  }
                ],
                "logging": [
                  {
                    "delete": false,
                    "read": false,
                    "retention_policy_days": 0,
                    "version": "1.0",
                    "write": false
                  }
                ],
                "minute_metrics": [
                  {
                    "enabled": false,
                    "include_apis": false,
                    "retention_policy_days": 0,
                    "version": "1.0"
                  }
                ]
              }
            ],
            "resource_group_name": "ccscan-env-test",
            "routing": [],
            "secondary_access_key": "poIX+JHa2zWYUOEx9ejYGmIqKFCM561zXaMIn9a4+Vj57idz+8NjB/AdAucCiYRJAmEZUVqtgGG1GxQaXMDZ7A==",
            "secondary_blob_connection_string": "",
            "secondary_blob_endpoint": null,
            "secondary_blob_host": null,
            "secondary_connection_string": "DefaultEndpointsProtocol=https;AccountName=storageccscantest;AccountKey=poIX+JHa2zWYUOEx9ejYGmIqKFCM561zXaMIn9a4+Vj57idz+8NjB/AdAucCiYRJAmEZUVqtgGG1GxQaXMDZ7A==;EndpointSuffix=core.windows.net",
            "secondary_dfs_endpoint": null,
            "secondary_dfs_host": null,
            "secondary_file_endpoint": null,
            "secondary_file_host": null,
            "secondary_location": "",
            "secondary_queue_endpoint": null,
            "secondary_queue_host": null,
            "secondary_table_endpoint": null,
            "secondary_table_host": null,
            "secondary_web_endpoint": null,
            "secondary_web_host": null,
            "share_properties": [
              {
                "cors_rule": [],
                "retention_policy": [
                  {
                    "days": 7
                  }
                ],
                "smb": []
              }
            ],
            "shared_access_key_enabled": true,
            "static_website": [],
            "table_encryption_key_type": "Service",
            "tags": {
              "environment": "test"
            },
            "timeouts": null
          },
          "sensitive_attributes": [],
          "private": "eyJlMmJmYjczMC1lY2FhLTExZTYtOGY4OC0zNDM2M2JjN2M0YzAiOnsiY3JlYXRlIjozNjAwMDAwMDAwMDAwLCJkZWxldGUiOjM2MDAwMDAwMDAwMDAsInJlYWQiOjMwMDAwMDAwMDAwMCwidXBkYXRlIjozNjAwMDAwMDAwMDAwfSwic2NoZW1hX3ZlcnNpb24iOiIyIn0=",
          "dependencies": [
            "azurerm_resource_group.this"
          ]
        }
      ]
    },
    {
      "mode": "managed",
      "type": "azurerm_storage_container",
      "name": "sslrenewal",
      "provider": "provider[\"registry.terraform.io/hashicorp/azurerm\"]",
      "instances": [
        {
          "schema_version": 1,
          "attributes": {
            "container_access_type": "private",
            "has_immutability_policy": false,
            "has_legal_hold": false,
            "id": "https://storageccscantest.blob.core.windows.net/sslrenewal",
            "metadata": {},
            "name": "sslrenewal",
            "resource_manager_id": "/subscriptions/353e8b06-f9df-482d-9834-0f7a6d733e46/resourceGroups/ccscan-env-test/providers/Microsoft.Storage/storageAccounts/storageccscantest/blobServices/default/containers/sslrenewal",
            "storage_account_name": "storageccscantest",
            "timeouts": null
          },
          "sensitive_attributes": [],
          "private": "eyJlMmJmYjczMC1lY2FhLTExZTYtOGY4OC0zNDM2M2JjN2M0YzAiOnsiY3JlYXRlIjoxODAwMDAwMDAwMDAwLCJkZWxldGUiOjE4MDAwMDAwMDAwMDAsInJlYWQiOjMwMDAwMDAwMDAwMCwidXBkYXRlIjoxODAwMDAwMDAwMDAwfSwic2NoZW1hX3ZlcnNpb24iOiIxIn0=",
          "dependencies": [
            "azurerm_resource_group.this",
            "azurerm_storage_account.this"
          ]
        }
      ]
    },
    {
      "mode": "managed",
      "type": "azurerm_subnet",
      "name": "backend",
      "provider": "provider[\"registry.terraform.io/hashicorp/azurerm\"]",
      "instances": [
        {
          "schema_version": 0,
          "attributes": {
            "address_prefix": "10.0.1.0/24",
            "address_prefixes": [
              "10.0.1.0/24"
            ],
            "delegation": [],
            "enforce_private_link_endpoint_network_policies": false,
            "enforce_private_link_service_network_policies": false,
            "id": "/subscriptions/353e8b06-f9df-482d-9834-0f7a6d733e46/resourceGroups/ccscan-env-test/providers/Microsoft.Network/virtualNetworks/vnet/subnets/snet-backend",
            "name": "snet-backend",
            "resource_group_name": "ccscan-env-test",
            "service_endpoint_policy_ids": [],
            "service_endpoints": [],
            "timeouts": null,
            "virtual_network_name": "vnet"
          },
          "sensitive_attributes": [],
          "private": "eyJlMmJmYjczMC1lY2FhLTExZTYtOGY4OC0zNDM2M2JjN2M0YzAiOnsiY3JlYXRlIjoxODAwMDAwMDAwMDAwLCJkZWxldGUiOjE4MDAwMDAwMDAwMDAsInJlYWQiOjMwMDAwMDAwMDAwMCwidXBkYXRlIjoxODAwMDAwMDAwMDAwfX0=",
          "dependencies": [
            "azurerm_resource_group.this",
            "azurerm_virtual_network.this"
          ]
        }
      ]
    },
    {
      "mode": "managed",
      "type": "azurerm_subnet",
      "name": "frontend",
      "provider": "provider[\"registry.terraform.io/hashicorp/azurerm\"]",
      "instances": [
        {
          "schema_version": 0,
          "attributes": {
            "address_prefix": "10.0.0.0/24",
            "address_prefixes": [
              "10.0.0.0/24"
            ],
            "delegation": [],
            "enforce_private_link_endpoint_network_policies": false,
            "enforce_private_link_service_network_policies": false,
            "id": "/subscriptions/353e8b06-f9df-482d-9834-0f7a6d733e46/resourceGroups/ccscan-env-test/providers/Microsoft.Network/virtualNetworks/vnet/subnets/snet-frontend",
            "name": "snet-frontend",
            "resource_group_name": "ccscan-env-test",
            "service_endpoint_policy_ids": [],
            "service_endpoints": [],
            "timeouts": null,
            "virtual_network_name": "vnet"
          },
          "sensitive_attributes": [],
          "private": "eyJlMmJmYjczMC1lY2FhLTExZTYtOGY4OC0zNDM2M2JjN2M0YzAiOnsiY3JlYXRlIjoxODAwMDAwMDAwMDAwLCJkZWxldGUiOjE4MDAwMDAwMDAwMDAsInJlYWQiOjMwMDAwMDAwMDAwMCwidXBkYXRlIjoxODAwMDAwMDAwMDAwfX0=",
          "dependencies": [
            "azurerm_resource_group.this",
            "azurerm_virtual_network.this"
          ]
        }
      ]
    },
    {
      "mode": "managed",
      "type": "azurerm_virtual_machine_data_disk_attachment",
      "name": "vm_data",
      "provider": "provider[\"registry.terraform.io/hashicorp/azurerm\"]",
      "instances": [
        {
          "schema_version": 0,
          "attributes": {
            "caching": "ReadWrite",
            "create_option": "Attach",
            "id": "/subscriptions/353e8b06-f9df-482d-9834-0f7a6d733e46/resourceGroups/ccscan-env-test/providers/Microsoft.Compute/virtualMachines/vm/dataDisks/vm_disk_data_9d089baf-7c32-4e40-a9f7-a1d892d29bb4",
            "lun": 1,
            "managed_disk_id": "/subscriptions/353e8b06-f9df-482d-9834-0f7a6d733e46/resourceGroups/ccscan-env-test/providers/Microsoft.Compute/disks/vm_disk_data_9d089baf-7c32-4e40-a9f7-a1d892d29bb4",
            "timeouts": null,
            "virtual_machine_id": "/subscriptions/353e8b06-f9df-482d-9834-0f7a6d733e46/resourceGroups/ccscan-env-test/providers/Microsoft.Compute/virtualMachines/vm",
            "write_accelerator_enabled": false
          },
          "sensitive_attributes": [],
          "private": "eyJlMmJmYjczMC1lY2FhLTExZTYtOGY4OC0zNDM2M2JjN2M0YzAiOnsiY3JlYXRlIjoxODAwMDAwMDAwMDAwLCJkZWxldGUiOjE4MDAwMDAwMDAwMDAsInJlYWQiOjMwMDAwMDAwMDAwMCwidXBkYXRlIjoxODAwMDAwMDAwMDAwfX0=",
          "dependencies": [
            "azurerm_linux_virtual_machine.vm",
            "azurerm_managed_disk.vm_data",
            "azurerm_network_interface.vm",
            "azurerm_public_ip.vm",
            "azurerm_resource_group.this",
            "azurerm_subnet.backend",
            "azurerm_virtual_network.this",
            "data.azurerm_container_registry.ccscan",
            "data.azurerm_key_vault.ccscan",
            "data.azurerm_key_vault_secret.ccnode-auth-token",
            "data.azurerm_key_vault_secret.postgres-password",
            "data.azurerm_ssh_public_key.ssh_vm"
          ]
        }
      ]
    },
    {
      "mode": "managed",
      "type": "azurerm_virtual_network",
      "name": "this",
      "provider": "provider[\"registry.terraform.io/hashicorp/azurerm\"]",
      "instances": [
        {
          "schema_version": 0,
          "attributes": {
            "address_space": [
              "10.0.0.0/16"
            ],
            "bgp_community": "",
            "ddos_protection_plan": [],
            "dns_servers": [],
            "flow_timeout_in_minutes": 0,
            "guid": "e55237cd-e229-40c4-84ea-1136f6937838",
            "id": "/subscriptions/353e8b06-f9df-482d-9834-0f7a6d733e46/resourceGroups/ccscan-env-test/providers/Microsoft.Network/virtualNetworks/vnet",
            "location": "northeurope",
            "name": "vnet",
            "resource_group_name": "ccscan-env-test",
            "subnet": [
              {
                "address_prefix": "10.0.0.0/24",
                "id": "/subscriptions/353e8b06-f9df-482d-9834-0f7a6d733e46/resourceGroups/ccscan-env-test/providers/Microsoft.Network/virtualNetworks/vnet/subnets/snet-frontend",
                "name": "snet-frontend",
                "security_group": ""
              },
              {
                "address_prefix": "10.0.1.0/24",
                "id": "/subscriptions/353e8b06-f9df-482d-9834-0f7a6d733e46/resourceGroups/ccscan-env-test/providers/Microsoft.Network/virtualNetworks/vnet/subnets/snet-backend",
                "name": "snet-backend",
                "security_group": ""
              }
            ],
            "tags": {
              "environment": "test"
            },
            "timeouts": null,
            "vm_protection_enabled": false
          },
          "sensitive_attributes": [],
          "private": "eyJlMmJmYjczMC1lY2FhLTExZTYtOGY4OC0zNDM2M2JjN2M0YzAiOnsiY3JlYXRlIjoxODAwMDAwMDAwMDAwLCJkZWxldGUiOjE4MDAwMDAwMDAwMDAsInJlYWQiOjMwMDAwMDAwMDAwMCwidXBkYXRlIjoxODAwMDAwMDAwMDAwfX0=",
          "dependencies": [
            "azurerm_resource_group.this"
          ]
        }
      ]
    }
  ]
}
