{
  "version": 4,
  "terraform_version": "1.1.4",
  "serial": 360,
  "lineage": "cbd6c063-ceb9-2475-7ddd-fec965e21391",
  "outputs": {},
  "resources": [
    {
      "mode": "data",
      "type": "azurerm_container_registry",
      "name": "ccscan",
      "provider": "provider[\"registry.terraform.io/hashicorp/azurerm\"]",
      "instances": [
        {
          "schema_version": 0,
          "attributes": {
            "admin_enabled": true,
            "admin_password": "G+ne4o=OfLOnl54VkbeFYO0U+AB2xQRc",
            "admin_username": "ccscan",
            "id": "/subscriptions/353e8b06-f9df-482d-9834-0f7a6d733e46/resourceGroups/ccscan-docker-registry/providers/Microsoft.ContainerRegistry/registries/ccscan",
            "location": "northeurope",
            "login_server": "ccscan.azurecr.io",
            "name": "ccscan",
            "resource_group_name": "ccscan-docker-registry",
            "sku": "Basic",
            "storage_account_id": "",
            "tags": {},
            "timeouts": null
          },
          "sensitive_attributes": []
        }
      ]
    },
    {
      "mode": "data",
      "type": "azurerm_key_vault",
      "name": "ccscan",
      "provider": "provider[\"registry.terraform.io/hashicorp/azurerm\"]",
      "instances": [
        {
          "schema_version": 0,
          "attributes": {
            "access_policy": [
              {
                "application_id": "",
                "certificate_permissions": [
                  "Get",
                  "List",
                  "Update",
                  "Create",
                  "Import",
                  "Delete",
                  "Recover",
                  "Backup",
                  "Restore",
                  "ManageContacts",
                  "ManageIssuers",
                  "GetIssuers",
                  "ListIssuers",
                  "SetIssuers",
                  "DeleteIssuers"
                ],
                "key_permissions": [
                  "Get",
                  "List",
                  "Update",
                  "Create",
                  "Import",
                  "Delete",
                  "Recover",
                  "Backup",
                  "Restore"
                ],
                "object_id": "961b3ab5-550f-467d-bcee-05bc1f281e91",
                "secret_permissions": [
                  "Get",
                  "List",
                  "Set",
                  "Delete",
                  "Recover",
                  "Backup",
                  "Restore"
                ],
                "storage_permissions": [],
                "tenant_id": "d8887c7c-49ad-4af9-86e5-46450b21bcb7"
              }
            ],
            "enable_rbac_authorization": false,
            "enabled_for_deployment": false,
            "enabled_for_disk_encryption": false,
            "enabled_for_template_deployment": false,
            "id": "/subscriptions/353e8b06-f9df-482d-9834-0f7a6d733e46/resourceGroups/ccscan-key-vault/providers/Microsoft.KeyVault/vaults/ccscan",
            "location": "northeurope",
            "name": "ccscan",
            "network_acls": [],
            "purge_protection_enabled": false,
            "resource_group_name": "ccscan-key-vault",
            "sku_name": "Standard",
            "soft_delete_enabled": true,
            "tags": {},
            "tenant_id": "d8887c7c-49ad-4af9-86e5-46450b21bcb7",
            "timeouts": null,
            "vault_uri": "https://ccscan.vault.azure.net/"
          },
          "sensitive_attributes": []
        }
      ]
    },
    {
      "mode": "data",
      "type": "azurerm_key_vault_secret",
      "name": "ccnode-auth-token",
      "provider": "provider[\"registry.terraform.io/hashicorp/azurerm\"]",
      "instances": [
        {
          "schema_version": 0,
          "attributes": {
            "content_type": "",
            "id": "https://ccscan.vault.azure.net/secrets/test-ccnode-auth-token/f16c8177dee54af58513b40bf0718cf5",
            "key_vault_id": "/subscriptions/353e8b06-f9df-482d-9834-0f7a6d733e46/resourceGroups/ccscan-key-vault/providers/Microsoft.KeyVault/vaults/ccscan",
            "name": "test-ccnode-auth-token",
            "tags": {},
            "timeouts": null,
            "value": "VsMTpCinQiRyGX8p",
            "version": "f16c8177dee54af58513b40bf0718cf5",
            "versionless_id": "https://ccscan.vault.azure.net/secrets/test-ccnode-auth-token"
          },
          "sensitive_attributes": []
        }
      ]
    },
    {
      "mode": "data",
      "type": "azurerm_key_vault_secret",
      "name": "postgres-password",
      "provider": "provider[\"registry.terraform.io/hashicorp/azurerm\"]",
      "instances": [
        {
          "schema_version": 0,
          "attributes": {
            "content_type": "",
            "id": "https://ccscan.vault.azure.net/secrets/test-postgres-password/f738f31a08fc41a981a1cc1e27e2084c",
            "key_vault_id": "/subscriptions/353e8b06-f9df-482d-9834-0f7a6d733e46/resourceGroups/ccscan-key-vault/providers/Microsoft.KeyVault/vaults/ccscan",
            "name": "test-postgres-password",
            "tags": {},
            "timeouts": null,
            "value": "Fossil-distant-7238",
            "version": "f738f31a08fc41a981a1cc1e27e2084c",
            "versionless_id": "https://ccscan.vault.azure.net/secrets/test-postgres-password"
          },
          "sensitive_attributes": []
        }
      ]
    },
    {
      "mode": "data",
      "type": "azurerm_key_vault_secret",
      "name": "ssl-cert-data",
      "provider": "provider[\"registry.terraform.io/hashicorp/azurerm\"]",
      "instances": [
        {
          "schema_version": 0,
          "attributes": {
            "content_type": "Base64 encoded PFX",
            "id": "https://ccscan.vault.azure.net/secrets/test-sslcert-pfx/51b11e63b2b949e59b2e6e96d1152941",
            "key_vault_id": "/subscriptions/353e8b06-f9df-482d-9834-0f7a6d733e46/resourceGroups/ccscan-key-vault/providers/Microsoft.KeyVault/vaults/ccscan",
            "name": "test-sslcert-pfx",
            "tags": {
              "file-encoding": "base64"
            },
            "timeouts": null,
            "value": "MIACAQMwgAYJKoZIhvcNAQcBoIAkgASCA+gwgDCABgkqhkiG9w0BBwGggCSABIID6DCCBXEwggVt\nBgsqhkiG9w0BDAoBAqCCBPowggT2MCgGCiqGSIb3DQEMAQMwGgQUVzXyUdGERKuto9CKlCz3I2iG\nz9kCAgQABIIEyIbQygO3Ue7nAWUUkuAG1lBISh86iYNZXtk6ML9e6DsrPeAkJeteYvhsDoax9fgA\nAUiM31mTG49ehh5Ym2xYOHgXedSn3kaNYZvkehZL79x2DvAFaVB+Q+MNAd9hINlU++Uy/Kkn+a8K\nJQTq2qT71v/xayMU9O6zWZK2nrR1144XQgkRUTh/DuFY8ypgvSyddbZAl1k/i8hCdMw8WBRrz/LA\n+W4MaMw3zImCTsoWTylgqw0VHkXS1hLmlgkAiWIhXmIoNpqdZgvOTQxqsg+Q6fPBsmO1rlN7HpC+\nmjgIm3O18/b+2UHyIGZfaNTE8/WBom++hTd6U/cVu3Ysvm7/XXe4wW0oo5fe+yzmNamoP9GV0w+e\nZrGwJSNmQxnl1EhRYS+EIJ4rjnIhkAZK8uk8mACRgGzsqxWMHH1M46CM/5Wv7Qizhxc2pKwjQ/1P\nzYbkqaMLh4GHbwinuNJ0X1W/Xqdv6hBJou0KTRZHT5YxsnIM3wor/B6spYni2nCso8m/tcOhWn9C\n9wwD7FS00ePPvbtM5uG/TVNt2u9PH4Zr7v+0Nt97fDkDD/xf11beGvQVk+oDF4sEppvo8wlIznM3\nbF3Lalz8DHUHfUcfUKyF6hUxqnl8mMorZKiDAcEC8YE9zI3DAdRJaSW7zEZ7x5e59ez10xJcjpOZ\nXP2L0jyCF98Wehew/NkurYGZZhZeLAX4+pQoKM8gL4IKd+P817tSKc9VUL55JSKR0bAs67PvFH93\nYppzMmy4Br86sMeiQWyEXP8R3oqkPMfgiQNy0wBxmqksE0IEnQ1aCa0arTte3n6U9TzpiXbJmKGB\ntCMA4cfkoJ1uUJWsHRNqGM3fX/1LGGIy8DMJRcPL5UdVPVMMUIuXKqMnSKzPPv4FW8Ou4Xapy1WW\njrUle65qrlMbDJ4TSlcRvJMe+QirDNxzppkXOVw9rtJN9B6ukxSiNZ4UPa0NosEqX+JwPHg4krrh\nWbDx+7DWX8gkWj54XLBaRoIfYlHO0bNb+YIL91rGH6q9Wn7L1cMwJMJiJBPPQS0AXSlfPB1uYSNb\n0IhMC1HWEChoTGgqZYiowAYAZXD0u9IycgCdxvCfxKERLX934puFK1q9jaxvQAR0LTWl7COzSUEt\ny22vj1KJD1UKZ69Ud4Gs5RpI4vh1+sAdHUQzP7KwxI/5z11L+XtYOQTdV+m6reCmhrgWrmYwOYgx\nBIID6NZh/Worws+LGcmG3KdYQKtnMez4u1F3BIIBjeVgEGxzmFafDkXL5msWExDF9yF6a/Z4rYHb\nDbBpBe3F32H3djeNgsA0S7+i0Vi+R3GRhtZEWZIHcl8NmuPyv+fgI1/miDgucWj89Q2nyTICoNAg\n6bTzOgGSo8k+IcNIm5gbZBfww/zY5or4jKH5oz30LtDdVfQWXqQQVV0CC+eWaiN2Cynx5MX2M0RI\nbBKKIAy5uqGbKHrL9wNDH/7640Te5jnYUiCi7bBV1wQl2eDvm8fnP2rGsyX/ncR3k/WqsDqz4pRl\nS7w004loVt7YpvH0CeCHA2XIk+c6Y8VoQfzSNKikw3nr88aWiTHVKms9fSvvVHDqDrKMOhWmUQr2\nMnDOp6GljtydxsUlAnCgaDk/Vm6qnrRggLdm52xFWHZZn0aI2K3rk9YIzRWeMWAwIwYJKoZIhvcN\nAQkVMRYEFLQpH1ZBxX1CUM4bBq0TA2FgDm+/MDkGCSqGSIb3DQEJFDEsHioAKgAuAHQAZQBzAHQA\nLQBhAHAAaQAuAGMAYwBkAHMAYwBhAG4ALgBpAG8AAAAAAAAwgAYJKoZIhvcNAQcGoIAwgAIBADCA\nBgkqhkiG9w0BBwEwKAYKKoZIhvcNAQwBBjAaBBRBmGJ7eWtDfZ69K9oOXTvg9mS9ZgICBACggASC\nA+iNaCf4ScvWj1gQjs5dV8hmciLYEQQXfHMmAAXeQPeuovGDFldXVzoUu/GrjMh76iFFMUp22Rx+\neaLCKgnuARIxLYw/g9RDOh5iwU4BFTPtFpoDY6V6EgSXOf0iSSczptqcur5YEWnOJc96c9VS365l\nGxiq0YctczSrYnTEFHsu2CF8Ht+KnqMWyjoDRUXCUbZUMoYzghTVrjUMdO6IZ+5tnFjXm2UtNuf0\nopDSGaeELuy7Zkstz0RTVWarCWb+pKxpAiEg/ivzvIsjwcUOkJcWdeVjxSs7SLMLkqOr0b2Vjwqf\nZg45Z6lPEP9OYX8KcDDSZ9g3W9P5H2bX4RgYa+M+QZsShh+aQ9wbMkrjcszv49orcopi6TIGME0T\nJ2rn1AFAVd2QPrKN3ykKPK2clp+u9xGQJ+Yn7d5K8LVjcizlgxq4LH7yMV8Hu4jIU99J+3002+Co\njiPygSr1Tn4NTwFc+eyF8O9jwxTnmTcdZNf40TxnerDt321cZyU+0onB19afTCB+P3o6p3qwXnuE\nxlTw0CMaxZZeboRW+kX0svNYcceBTeCZzbSLtp6/bzs8flywmvk0xT5SKO3n6bTdT2kO1u5RI8z+\n/Z/+OYhcS1D0PGgePnNbzLzaNW9c7wkrC4105CQFKIBAOTsEggPohnlZLPhmNPXtLScoDcUM9xvm\nrXyUcgnzHudw922IY9DffU6utM0qk2UnddVa5CWaVW15Qym3QT8sHmCOeMiGAnGVNvGlF6oespGu\nMV/CGgc2Pu9m4vUcFnNPvSnclZjhOFjrKUx2CcLxQwiMhV8tdKKRf7rJafIZ/RlgbNP7ZEK/L2zh\nITSwewDhD8cXPNVIUkctYC2yWXrXP+pCMwVKpP+WKumUNArmET9ZgtarZGAU9Zg4AaeE4iv8YwzG\nhneEqp4q4h0v7BSrxckUkvYy1CQTMsY3ZYKzntuF7cNXyPOK72X/YKeZ9OrIsNpu39f6nOrXn704\nwXq3Stfqgm0nGrvWnMaYnchtcVoBuvAIFNkYI8dnco4dQPa4dtXfUdFLePFa9wtP2wLQ2pw6Ygrm\nkEGXZZzuqZn8doKI4uJ8x/b3etBuY6Dr+MrvcAAmmNXrqaMWpL8+JoeWt8N0516x8ybO/5FQ+KSA\nlrjfs8l8XaBk2rfsans+daaJQpkZYZ/QKod49A4fcdFQ6WDvfnUGjPbyco3ODnxb5UN+x83Q7xqR\nqKp4WxMDkL+cK9jBxCm7MGOi2bFV/ikI08Ot02lEWWpao4gt0i7cVr3apndNq9yKk+lecUFH2ZHD\n9wEb85434+cjjrs+ZKFDRSubBAjK+OVqqUvtpenAqNNUhI/54wSCAfid5xgP+gr4PfM4JHdQ0gcp\nRqW2bDWw4LvMu3Crn0IP9iOY/q0PWTAsSm14gIHqoJRP3yNSMkcGjk+FjPQCRl2WL/PY3BqVshKu\nxLat+k8YQpGAez7u/3rzH5Vt4nC1rUf+KUEOHgXfjHDbZOW3VF1oCk0i2jFUaxiRnQHxn3jmTTc1\npRKoO9d9cuVpmAagnH0xBAggvLpLTZ+ErgahqR7HsSEA7b8er5hTKBqfXeOeNQBe0reqfbiOWv+2\nDw+k8ixaAnXCrpH2Vr4xSmC3iNgFUJRx5dtxIkTJdwYCfWM2km9l6Yi4lJef13oxl430gnqoPnzK\nlq4l06hafl74/QlSaMfLw5EYafLa0OM/5iMOqP26q/wmo/Qklw53SD54uSINY4dCwGA8UUFKr2qd\nlhvcyKIss5+mViQOjEO2VsGXo7sFwII/YJw83wQEp0bpKHCBEVSxHduaeFaiAyS6/VRRjHYceIdD\nsYmVi+FMHzrAHh2CP2b9Yvm4gtw6BL0WBN7Je9M9EsjtRlC914erFlNun7YKDxP4llxMli3bAFo8\nUNxY/Jx72nR4WRazg4hKhQ8TJ2IkDtPXcm/76Gug1THm+JuJAakDoioJHYrVVYwmZ25NUtslZ+cX\nzV8UqO3VGTBoMTimcAQfJKAq0w7+KFqQjOnzxhHBYsJmigAAAAAAAAAAAAAAAAAAAAAAADA9MCEw\nCQYFKw4DAhoFAAQU5CEHmy1xXsV6k3Znt3p7pmxfxp4EFEpZr8xhnZHfmTN+YqYaKNB8eqLKAgIE\nAAAA\n",
            "version": "51b11e63b2b949e59b2e6e96d1152941",
            "versionless_id": "https://ccscan.vault.azure.net/secrets/test-sslcert-pfx"
          },
          "sensitive_attributes": []
        }
      ]
    },
    {
      "mode": "data",
      "type": "azurerm_key_vault_secret",
      "name": "ssl-cert-password",
      "provider": "provider[\"registry.terraform.io/hashicorp/azurerm\"]",
      "instances": [
        {
          "schema_version": 0,
          "attributes": {
            "content_type": "",
            "id": "https://ccscan.vault.azure.net/secrets/test-sslcert-pfx-password/be2a60daea444e1a94a0fe1e8b29f697",
            "key_vault_id": "/subscriptions/353e8b06-f9df-482d-9834-0f7a6d733e46/resourceGroups/ccscan-key-vault/providers/Microsoft.KeyVault/vaults/ccscan",
            "name": "test-sslcert-pfx-password",
            "tags": {
              "file-encoding": "utf-8"
            },
            "timeouts": null,
            "value": "bullet-walk-ogre",
            "version": "be2a60daea444e1a94a0fe1e8b29f697",
            "versionless_id": "https://ccscan.vault.azure.net/secrets/test-sslcert-pfx-password"
          },
          "sensitive_attributes": []
        }
      ]
    },
    {
      "mode": "data",
      "type": "azurerm_ssh_public_key",
      "name": "ssh_vm",
      "provider": "provider[\"registry.terraform.io/hashicorp/azurerm\"]",
      "instances": [
        {
          "schema_version": 0,
          "attributes": {
            "id": "/subscriptions/353e8b06-f9df-482d-9834-0f7a6d733e46/resourceGroups/ccscan-ssh-keys/providers/Microsoft.Compute/sshPublicKeys/ssh-vm-test",
            "name": "ssh-vm-test",
            "public_key": "ssh-rsa AAAAB3NzaC1yc2EAAAADAQABAAABgQDJBja4UD/c/PSyueLBTQ0pq2bwmq/4jKE7b0Dx0qlzbLJD1mr1IGNXZsNv84h7rr76KOEingq50QkCk4KPIx05/D5OthmJSNuMB20PAIB0ILUwCR79B8d/U5fA6vp7zAJj3SUFNSx6zyz/dVuRp28AKbwZLVHwIc9zjlet5Le0dgah9zlqNBLKIrg6LYECAIizpWxgKxJe68e0+P9n2TnPjmPlXIPizjYPpNM7CcmhDbZdLiExkJUJ+NVuw0A49dCzCiLhHrRcWl4kr3r0NBubBHqJNPTg9NX//rycwIkBlTKMOPwgoG9oC2iAXb6iGVpoNPEDHvsCfvdHEdZU+AwjHJ7l2MEF2iQ9ktFQ/DeQ2kT3BqGmTIcUn9jIWE/ab174vRnETrnAdYfZ72/gYRdIIo9UqQWZwIBysgPabkOLDNfhMsx0WvC9EQRQ/X75U88EoW/A6MZIW43F4zaPrJKreIa9FiGcTABQ18KvMWcNvUaYm22GxmEyQN9GSVH0tRU= generated-by-azure",
            "resource_group_name": "ccscan-ssh-keys",
            "tags": {
              "environment": "test"
            },
            "timeouts": null
          },
          "sensitive_attributes": []
        }
      ]
    },
    {
      "mode": "managed",
      "type": "azurerm_application_gateway",
      "name": "this",
      "provider": "provider[\"registry.terraform.io/hashicorp/azurerm\"]",
      "instances": [
        {
          "schema_version": 0,
          "attributes": {
            "authentication_certificate": [],
            "autoscale_configuration": [],
            "backend_address_pool": [
              {
                "fqdns": [],
                "id": "/subscriptions/353e8b06-f9df-482d-9834-0f7a6d733e46/resourceGroups/ccscan-env-test/providers/Microsoft.Network/applicationGateways/app-gateway/backendAddressPools/app-gateway-backends",
                "ip_addresses": [],
                "name": "app-gateway-backends"
              }
            ],
            "backend_http_settings": [
              {
                "affinity_cookie_name": "",
                "authentication_certificate": [],
                "connection_draining": [],
                "cookie_based_affinity": "Disabled",
                "host_name": "",
                "id": "/subscriptions/353e8b06-f9df-482d-9834-0f7a6d733e46/resourceGroups/ccscan-env-test/providers/Microsoft.Network/applicationGateways/app-gateway/backendHttpSettingsCollection/mainnet-http-settings",
                "name": "mainnet-http-settings",
                "path": "",
                "pick_host_name_from_backend_address": true,
                "port": 5000,
                "probe_id": "/subscriptions/353e8b06-f9df-482d-9834-0f7a6d733e46/resourceGroups/ccscan-env-test/providers/Microsoft.Network/applicationGateways/app-gateway/probes/health-probe",
                "probe_name": "health-probe",
                "protocol": "Http",
                "request_timeout": 20,
                "trusted_root_certificate_names": []
              },
              {
                "affinity_cookie_name": "",
                "authentication_certificate": [],
                "connection_draining": [],
                "cookie_based_affinity": "Disabled",
                "host_name": "",
                "id": "/subscriptions/353e8b06-f9df-482d-9834-0f7a6d733e46/resourceGroups/ccscan-env-test/providers/Microsoft.Network/applicationGateways/app-gateway/backendHttpSettingsCollection/testnet-http-settings",
                "name": "testnet-http-settings",
                "path": "",
                "pick_host_name_from_backend_address": true,
                "port": 5001,
                "probe_id": "/subscriptions/353e8b06-f9df-482d-9834-0f7a6d733e46/resourceGroups/ccscan-env-test/providers/Microsoft.Network/applicationGateways/app-gateway/probes/health-probe",
                "probe_name": "health-probe",
                "protocol": "Http",
                "request_timeout": 20,
                "trusted_root_certificate_names": []
              }
            ],
            "custom_error_configuration": [],
            "enable_http2": false,
            "fips_enabled": false,
            "firewall_policy_id": null,
            "force_firewall_policy_association": false,
            "frontend_ip_configuration": [
              {
                "id": "/subscriptions/353e8b06-f9df-482d-9834-0f7a6d733e46/resourceGroups/ccscan-env-test/providers/Microsoft.Network/applicationGateways/app-gateway/frontendIPConfigurations/app-gateway-feip",
                "name": "app-gateway-feip",
                "private_ip_address": "",
                "private_ip_address_allocation": "Dynamic",
                "private_link_configuration_id": "",
                "private_link_configuration_name": "",
                "public_ip_address_id": "/subscriptions/353e8b06-f9df-482d-9834-0f7a6d733e46/resourceGroups/ccscan-env-test/providers/Microsoft.Network/publicIPAddresses/app-gateway-pip",
                "subnet_id": ""
              }
            ],
            "frontend_port": [
              {
                "id": "/subscriptions/353e8b06-f9df-482d-9834-0f7a6d733e46/resourceGroups/ccscan-env-test/providers/Microsoft.Network/applicationGateways/app-gateway/frontendPorts/app-gateway-feport",
                "name": "app-gateway-feport",
                "port": 443
              }
            ],
            "gateway_ip_configuration": [
              {
                "id": "/subscriptions/353e8b06-f9df-482d-9834-0f7a6d733e46/resourceGroups/ccscan-env-test/providers/Microsoft.Network/applicationGateways/app-gateway/gatewayIPConfigurations/gateway-ip-configuration",
                "name": "gateway-ip-configuration",
                "subnet_id": "/subscriptions/353e8b06-f9df-482d-9834-0f7a6d733e46/resourceGroups/ccscan-env-test/providers/Microsoft.Network/virtualNetworks/vnet/subnets/snet-frontend"
              }
            ],
            "http_listener": [
              {
                "custom_error_configuration": [],
                "firewall_policy_id": "",
                "frontend_ip_configuration_id": "/subscriptions/353e8b06-f9df-482d-9834-0f7a6d733e46/resourceGroups/ccscan-env-test/providers/Microsoft.Network/applicationGateways/app-gateway/frontendIPConfigurations/app-gateway-feip",
                "frontend_ip_configuration_name": "app-gateway-feip",
                "frontend_port_id": "/subscriptions/353e8b06-f9df-482d-9834-0f7a6d733e46/resourceGroups/ccscan-env-test/providers/Microsoft.Network/applicationGateways/app-gateway/frontendPorts/app-gateway-feport",
                "frontend_port_name": "app-gateway-feport",
                "host_name": "mainnet.test-api.ccdscan.io",
                "host_names": [],
                "id": "/subscriptions/353e8b06-f9df-482d-9834-0f7a6d733e46/resourceGroups/ccscan-env-test/providers/Microsoft.Network/applicationGateways/app-gateway/httpListeners/mainnet-listener",
                "name": "mainnet-listener",
                "protocol": "Https",
                "require_sni": false,
                "ssl_certificate_id": "/subscriptions/353e8b06-f9df-482d-9834-0f7a6d733e46/resourceGroups/ccscan-env-test/providers/Microsoft.Network/applicationGateways/app-gateway/sslCertificates/ssl",
                "ssl_certificate_name": "ssl",
                "ssl_profile_id": "",
                "ssl_profile_name": ""
              },
              {
                "custom_error_configuration": [],
                "firewall_policy_id": "",
                "frontend_ip_configuration_id": "/subscriptions/353e8b06-f9df-482d-9834-0f7a6d733e46/resourceGroups/ccscan-env-test/providers/Microsoft.Network/applicationGateways/app-gateway/frontendIPConfigurations/app-gateway-feip",
                "frontend_ip_configuration_name": "app-gateway-feip",
                "frontend_port_id": "/subscriptions/353e8b06-f9df-482d-9834-0f7a6d733e46/resourceGroups/ccscan-env-test/providers/Microsoft.Network/applicationGateways/app-gateway/frontendPorts/app-gateway-feport",
                "frontend_port_name": "app-gateway-feport",
                "host_name": "testnet.test-api.ccdscan.io",
                "host_names": [],
                "id": "/subscriptions/353e8b06-f9df-482d-9834-0f7a6d733e46/resourceGroups/ccscan-env-test/providers/Microsoft.Network/applicationGateways/app-gateway/httpListeners/testnet-listener",
                "name": "testnet-listener",
                "protocol": "Https",
                "require_sni": false,
                "ssl_certificate_id": "/subscriptions/353e8b06-f9df-482d-9834-0f7a6d733e46/resourceGroups/ccscan-env-test/providers/Microsoft.Network/applicationGateways/app-gateway/sslCertificates/ssl",
                "ssl_certificate_name": "ssl",
                "ssl_profile_id": "",
                "ssl_profile_name": ""
              }
            ],
            "id": "/subscriptions/353e8b06-f9df-482d-9834-0f7a6d733e46/resourceGroups/ccscan-env-test/providers/Microsoft.Network/applicationGateways/app-gateway",
            "identity": [],
            "location": "northeurope",
            "name": "app-gateway",
            "private_endpoint_connection": [],
            "private_link_configuration": [],
            "probe": [
              {
                "host": "",
                "id": "/subscriptions/353e8b06-f9df-482d-9834-0f7a6d733e46/resourceGroups/ccscan-env-test/providers/Microsoft.Network/applicationGateways/app-gateway/probes/health-probe",
                "interval": 30,
                "match": [
                  {
                    "body": "",
                    "status_code": []
                  }
                ],
                "minimum_servers": 0,
                "name": "health-probe",
                "path": "/api/health",
                "pick_host_name_from_backend_http_settings": true,
                "port": 0,
                "protocol": "Http",
                "timeout": 30,
                "unhealthy_threshold": 3
              }
            ],
            "redirect_configuration": [],
            "request_routing_rule": [
              {
                "backend_address_pool_id": "/subscriptions/353e8b06-f9df-482d-9834-0f7a6d733e46/resourceGroups/ccscan-env-test/providers/Microsoft.Network/applicationGateways/app-gateway/backendAddressPools/app-gateway-backends",
                "backend_address_pool_name": "app-gateway-backends",
                "backend_http_settings_id": "/subscriptions/353e8b06-f9df-482d-9834-0f7a6d733e46/resourceGroups/ccscan-env-test/providers/Microsoft.Network/applicationGateways/app-gateway/backendHttpSettingsCollection/mainnet-http-settings",
                "backend_http_settings_name": "mainnet-http-settings",
                "http_listener_id": "/subscriptions/353e8b06-f9df-482d-9834-0f7a6d733e46/resourceGroups/ccscan-env-test/providers/Microsoft.Network/applicationGateways/app-gateway/httpListeners/mainnet-listener",
                "http_listener_name": "mainnet-listener",
                "id": "/subscriptions/353e8b06-f9df-482d-9834-0f7a6d733e46/resourceGroups/ccscan-env-test/providers/Microsoft.Network/applicationGateways/app-gateway/requestRoutingRules/mainnet-redirect",
                "name": "mainnet-redirect",
                "priority": 0,
                "redirect_configuration_id": "",
                "redirect_configuration_name": "",
                "rewrite_rule_set_id": "",
                "rewrite_rule_set_name": "",
                "rule_type": "Basic",
                "url_path_map_id": "",
                "url_path_map_name": ""
              },
              {
                "backend_address_pool_id": "/subscriptions/353e8b06-f9df-482d-9834-0f7a6d733e46/resourceGroups/ccscan-env-test/providers/Microsoft.Network/applicationGateways/app-gateway/backendAddressPools/app-gateway-backends",
                "backend_address_pool_name": "app-gateway-backends",
                "backend_http_settings_id": "/subscriptions/353e8b06-f9df-482d-9834-0f7a6d733e46/resourceGroups/ccscan-env-test/providers/Microsoft.Network/applicationGateways/app-gateway/backendHttpSettingsCollection/testnet-http-settings",
                "backend_http_settings_name": "testnet-http-settings",
                "http_listener_id": "/subscriptions/353e8b06-f9df-482d-9834-0f7a6d733e46/resourceGroups/ccscan-env-test/providers/Microsoft.Network/applicationGateways/app-gateway/httpListeners/testnet-listener",
                "http_listener_name": "testnet-listener",
                "id": "/subscriptions/353e8b06-f9df-482d-9834-0f7a6d733e46/resourceGroups/ccscan-env-test/providers/Microsoft.Network/applicationGateways/app-gateway/requestRoutingRules/testnet-redirect",
                "name": "testnet-redirect",
                "priority": 0,
                "redirect_configuration_id": "",
                "redirect_configuration_name": "",
                "rewrite_rule_set_id": "",
                "rewrite_rule_set_name": "",
                "rule_type": "Basic",
                "url_path_map_id": "",
                "url_path_map_name": ""
              }
            ],
            "resource_group_name": "ccscan-env-test",
            "rewrite_rule_set": [],
            "sku": [
              {
                "capacity": 1,
                "name": "Standard_Small",
                "tier": "Standard"
              }
            ],
            "ssl_certificate": [
              {
                "data": "MIACAQMwgAYJKoZIhvcNAQcBoIAkgASCA+gwgDCABgkqhkiG9w0BBwGggCSABIID6DCCBXEwggVt\nBgsqhkiG9w0BDAoBAqCCBPowggT2MCgGCiqGSIb3DQEMAQMwGgQUVzXyUdGERKuto9CKlCz3I2iG\nz9kCAgQABIIEyIbQygO3Ue7nAWUUkuAG1lBISh86iYNZXtk6ML9e6DsrPeAkJeteYvhsDoax9fgA\nAUiM31mTG49ehh5Ym2xYOHgXedSn3kaNYZvkehZL79x2DvAFaVB+Q+MNAd9hINlU++Uy/Kkn+a8K\nJQTq2qT71v/xayMU9O6zWZK2nrR1144XQgkRUTh/DuFY8ypgvSyddbZAl1k/i8hCdMw8WBRrz/LA\n+W4MaMw3zImCTsoWTylgqw0VHkXS1hLmlgkAiWIhXmIoNpqdZgvOTQxqsg+Q6fPBsmO1rlN7HpC+\nmjgIm3O18/b+2UHyIGZfaNTE8/WBom++hTd6U/cVu3Ysvm7/XXe4wW0oo5fe+yzmNamoP9GV0w+e\nZrGwJSNmQxnl1EhRYS+EIJ4rjnIhkAZK8uk8mACRgGzsqxWMHH1M46CM/5Wv7Qizhxc2pKwjQ/1P\nzYbkqaMLh4GHbwinuNJ0X1W/Xqdv6hBJou0KTRZHT5YxsnIM3wor/B6spYni2nCso8m/tcOhWn9C\n9wwD7FS00ePPvbtM5uG/TVNt2u9PH4Zr7v+0Nt97fDkDD/xf11beGvQVk+oDF4sEppvo8wlIznM3\nbF3Lalz8DHUHfUcfUKyF6hUxqnl8mMorZKiDAcEC8YE9zI3DAdRJaSW7zEZ7x5e59ez10xJcjpOZ\nXP2L0jyCF98Wehew/NkurYGZZhZeLAX4+pQoKM8gL4IKd+P817tSKc9VUL55JSKR0bAs67PvFH93\nYppzMmy4Br86sMeiQWyEXP8R3oqkPMfgiQNy0wBxmqksE0IEnQ1aCa0arTte3n6U9TzpiXbJmKGB\ntCMA4cfkoJ1uUJWsHRNqGM3fX/1LGGIy8DMJRcPL5UdVPVMMUIuXKqMnSKzPPv4FW8Ou4Xapy1WW\njrUle65qrlMbDJ4TSlcRvJMe+QirDNxzppkXOVw9rtJN9B6ukxSiNZ4UPa0NosEqX+JwPHg4krrh\nWbDx+7DWX8gkWj54XLBaRoIfYlHO0bNb+YIL91rGH6q9Wn7L1cMwJMJiJBPPQS0AXSlfPB1uYSNb\n0IhMC1HWEChoTGgqZYiowAYAZXD0u9IycgCdxvCfxKERLX934puFK1q9jaxvQAR0LTWl7COzSUEt\ny22vj1KJD1UKZ69Ud4Gs5RpI4vh1+sAdHUQzP7KwxI/5z11L+XtYOQTdV+m6reCmhrgWrmYwOYgx\nBIID6NZh/Worws+LGcmG3KdYQKtnMez4u1F3BIIBjeVgEGxzmFafDkXL5msWExDF9yF6a/Z4rYHb\nDbBpBe3F32H3djeNgsA0S7+i0Vi+R3GRhtZEWZIHcl8NmuPyv+fgI1/miDgucWj89Q2nyTICoNAg\n6bTzOgGSo8k+IcNIm5gbZBfww/zY5or4jKH5oz30LtDdVfQWXqQQVV0CC+eWaiN2Cynx5MX2M0RI\nbBKKIAy5uqGbKHrL9wNDH/7640Te5jnYUiCi7bBV1wQl2eDvm8fnP2rGsyX/ncR3k/WqsDqz4pRl\nS7w004loVt7YpvH0CeCHA2XIk+c6Y8VoQfzSNKikw3nr88aWiTHVKms9fSvvVHDqDrKMOhWmUQr2\nMnDOp6GljtydxsUlAnCgaDk/Vm6qnrRggLdm52xFWHZZn0aI2K3rk9YIzRWeMWAwIwYJKoZIhvcN\nAQkVMRYEFLQpH1ZBxX1CUM4bBq0TA2FgDm+/MDkGCSqGSIb3DQEJFDEsHioAKgAuAHQAZQBzAHQA\nLQBhAHAAaQAuAGMAYwBkAHMAYwBhAG4ALgBpAG8AAAAAAAAwgAYJKoZIhvcNAQcGoIAwgAIBADCA\nBgkqhkiG9w0BBwEwKAYKKoZIhvcNAQwBBjAaBBRBmGJ7eWtDfZ69K9oOXTvg9mS9ZgICBACggASC\nA+iNaCf4ScvWj1gQjs5dV8hmciLYEQQXfHMmAAXeQPeuovGDFldXVzoUu/GrjMh76iFFMUp22Rx+\neaLCKgnuARIxLYw/g9RDOh5iwU4BFTPtFpoDY6V6EgSXOf0iSSczptqcur5YEWnOJc96c9VS365l\nGxiq0YctczSrYnTEFHsu2CF8Ht+KnqMWyjoDRUXCUbZUMoYzghTVrjUMdO6IZ+5tnFjXm2UtNuf0\nopDSGaeELuy7Zkstz0RTVWarCWb+pKxpAiEg/ivzvIsjwcUOkJcWdeVjxSs7SLMLkqOr0b2Vjwqf\nZg45Z6lPEP9OYX8KcDDSZ9g3W9P5H2bX4RgYa+M+QZsShh+aQ9wbMkrjcszv49orcopi6TIGME0T\nJ2rn1AFAVd2QPrKN3ykKPK2clp+u9xGQJ+Yn7d5K8LVjcizlgxq4LH7yMV8Hu4jIU99J+3002+Co\njiPygSr1Tn4NTwFc+eyF8O9jwxTnmTcdZNf40TxnerDt321cZyU+0onB19afTCB+P3o6p3qwXnuE\nxlTw0CMaxZZeboRW+kX0svNYcceBTeCZzbSLtp6/bzs8flywmvk0xT5SKO3n6bTdT2kO1u5RI8z+\n/Z/+OYhcS1D0PGgePnNbzLzaNW9c7wkrC4105CQFKIBAOTsEggPohnlZLPhmNPXtLScoDcUM9xvm\nrXyUcgnzHudw922IY9DffU6utM0qk2UnddVa5CWaVW15Qym3QT8sHmCOeMiGAnGVNvGlF6oespGu\nMV/CGgc2Pu9m4vUcFnNPvSnclZjhOFjrKUx2CcLxQwiMhV8tdKKRf7rJafIZ/RlgbNP7ZEK/L2zh\nITSwewDhD8cXPNVIUkctYC2yWXrXP+pCMwVKpP+WKumUNArmET9ZgtarZGAU9Zg4AaeE4iv8YwzG\nhneEqp4q4h0v7BSrxckUkvYy1CQTMsY3ZYKzntuF7cNXyPOK72X/YKeZ9OrIsNpu39f6nOrXn704\nwXq3Stfqgm0nGrvWnMaYnchtcVoBuvAIFNkYI8dnco4dQPa4dtXfUdFLePFa9wtP2wLQ2pw6Ygrm\nkEGXZZzuqZn8doKI4uJ8x/b3etBuY6Dr+MrvcAAmmNXrqaMWpL8+JoeWt8N0516x8ybO/5FQ+KSA\nlrjfs8l8XaBk2rfsans+daaJQpkZYZ/QKod49A4fcdFQ6WDvfnUGjPbyco3ODnxb5UN+x83Q7xqR\nqKp4WxMDkL+cK9jBxCm7MGOi2bFV/ikI08Ot02lEWWpao4gt0i7cVr3apndNq9yKk+lecUFH2ZHD\n9wEb85434+cjjrs+ZKFDRSubBAjK+OVqqUvtpenAqNNUhI/54wSCAfid5xgP+gr4PfM4JHdQ0gcp\nRqW2bDWw4LvMu3Crn0IP9iOY/q0PWTAsSm14gIHqoJRP3yNSMkcGjk+FjPQCRl2WL/PY3BqVshKu\nxLat+k8YQpGAez7u/3rzH5Vt4nC1rUf+KUEOHgXfjHDbZOW3VF1oCk0i2jFUaxiRnQHxn3jmTTc1\npRKoO9d9cuVpmAagnH0xBAggvLpLTZ+ErgahqR7HsSEA7b8er5hTKBqfXeOeNQBe0reqfbiOWv+2\nDw+k8ixaAnXCrpH2Vr4xSmC3iNgFUJRx5dtxIkTJdwYCfWM2km9l6Yi4lJef13oxl430gnqoPnzK\nlq4l06hafl74/QlSaMfLw5EYafLa0OM/5iMOqP26q/wmo/Qklw53SD54uSINY4dCwGA8UUFKr2qd\nlhvcyKIss5+mViQOjEO2VsGXo7sFwII/YJw83wQEp0bpKHCBEVSxHduaeFaiAyS6/VRRjHYceIdD\nsYmVi+FMHzrAHh2CP2b9Yvm4gtw6BL0WBN7Je9M9EsjtRlC914erFlNun7YKDxP4llxMli3bAFo8\nUNxY/Jx72nR4WRazg4hKhQ8TJ2IkDtPXcm/76Gug1THm+JuJAakDoioJHYrVVYwmZ25NUtslZ+cX\nzV8UqO3VGTBoMTimcAQfJKAq0w7+KFqQjOnzxhHBYsJmigAAAAAAAAAAAAAAAAAAAAAAADA9MCEw\nCQYFKw4DAhoFAAQU5CEHmy1xXsV6k3Znt3p7pmxfxp4EFEpZr8xhnZHfmTN+YqYaKNB8eqLKAgIE\nAAAA\n",
                "id": "/subscriptions/353e8b06-f9df-482d-9834-0f7a6d733e46/resourceGroups/ccscan-env-test/providers/Microsoft.Network/applicationGateways/app-gateway/sslCertificates/ssl",
                "key_vault_secret_id": "",
                "name": "ssl",
                "password": "bullet-walk-ogre",
                "public_cert_data": "MIIFdAYJKoZIhvcNAQcCoIIFZTCCBWECAQExADALBgkqhkiG9w0BBwGgggVJMIIFRTCCBC2gAwIBAgISBIuds/2jKMKQYH/CMFfP/TjVMA0GCSqGSIb3DQEBCwUAMDIxCzAJBgNVBAYTAlVTMRYwFAYDVQQKEw1MZXQncyBFbmNyeXB0MQswCQYDVQQDEwJSMzAeFw0yMjAyMDIxMTMwMjJaFw0yMjA1MDMxMTMwMjFaMCAxHjAcBgNVBAMMFSoudGVzdC1hcGkuY2Nkc2Nhbi5pbzCCASIwDQYJKoZIhvcNAQEBBQADggEPADCCAQoCggEBAM2VPxSSNMs8tIPvZW2rjSvoz68D6oJpM1uiZ2DsbnhqVQYp5aV+PocpPe4nJV6mlD230hoWEOY+N00fr+myHiHSXhY+XK24JRhxO8pD+IVEg6BScCQXGLplhcoVHdC9Bx/i/zDZlH+V84PMfeoJx1fMLxyfLlBy/p9EbS4sD53vyc/Hm8YMFV67XAMmPT7pcnBBy51w3vjJW5TRd+rLJuwp2o5y+h959yp9H7FMOiEDUUCtqSLcJUK4jzx4ytLhtxkiAhdbBw9is4YHbHZCKmAgLb7nOU9AONhoT95RrOa/1qLtq4iPQcpxYmA10JCzQzQCdI5DKFVNRaLpLksZg5ECAwEAAaOCAmUwggJhMA4GA1UdDwEB/wQEAwIFoDAdBgNVHSUEFjAUBggrBgEFBQcDAQYIKwYBBQUHAwIwDAYDVR0TAQH/BAIwADAdBgNVHQ4EFgQUtCkfVkHFfUJQzhsGrRMDYWAOb78wHwYDVR0jBBgwFoAUFC6zF7dYVsuuUAlA5h+vnYsUwsYwVQYIKwYBBQUHAQEESTBHMCEGCCsGAQUFBzABhhVodHRwOi8vcjMuby5sZW5jci5vcmcwIgYIKwYBBQUHMAKGFmh0dHA6Ly9yMy5pLmxlbmNyLm9yZy8wNQYDVR0RBC4wLIIVKi50ZXN0LWFwaS5jY2RzY2FuLmlvghN0ZXN0LWFwaS5jY2RzY2FuLmlvMEwGA1UdIARFMEMwCAYGZ4EMAQIBMDcGCysGAQQBgt8TAQEBMCgwJgYIKwYBBQUHAgEWGmh0dHA6Ly9jcHMubGV0c2VuY3J5cHQub3JnMIIBBAYKKwYBBAHWeQIEAgSB9QSB8gDwAHYA36Veq2iCTx9sre64X04+WurNohKkal6OOxLAIERcKnMAAAF+umoaHAAABAMARzBFAiAddfPpgOcldEhq84ePexh5pSUH0tywJhDQmxgJtogsYgIhAMkzf2VEKgYJ3n+zpAKZ3j7Ahn0iy/GG3+aGoEwTEzRYAHYAKXm+8J45OSHwVnOfY6V35b5XfZxgCvj5TV0mXCVdx4QAAAF+umoaCwAABAMARzBFAiBerA/PmfPZ8WuQhKl4lxRWRNlard+m4RS2pg1VBLll2QIhAP2oURBpGDTsl8bzSOHlHVYKMPhSGAyuiuM2A3ZQTuXBMA0GCSqGSIb3DQEBCwUAA4IBAQCV4JuPIMB2w7uEp/4OG/WnQRbyP+IwHmo9txntRVjzCDuqN9kOol0AZKcLdDO5QN2gsDGc7pG4LQ4IfJPrxpjcyzm8a6bXvempIfFajLzQBzHF2k9zdWxC/i9i39IB5RZU07eS/vi7DO7nCOZpt3wRai0YNrNTvg6PhBPcyJTSqZDUrIcGcUUgg56r/FiALs3TaU6XBYwJeKOB2tlamxP6L1B56Hcropw6Po/0ieUPG+IpbrYG0OujdtRf28wf+i4WEIZh1MC8/u0xd3GyaF8l+V+IlEvljR9sLZj2o05cDPQHJPs91EmPn/PPb2GsUVAomp7DbME6nJWNECNgx7ghMQA="
              }
            ],
            "ssl_policy": [
              {
                "cipher_suites": [],
                "disabled_protocols": [],
                "min_protocol_version": "",
                "policy_name": "AppGwSslPolicy20150501",
                "policy_type": "Predefined"
              }
            ],
            "ssl_profile": [],
            "tags": {},
            "timeouts": null,
            "trusted_client_certificate": [],
            "trusted_root_certificate": [],
            "url_path_map": [],
            "waf_configuration": [],
            "zones": []
          },
          "sensitive_attributes": [
            [
              {
                "type": "get_attr",
                "value": "ssl_certificate"
              },
              {
                "type": "index",
                "value": {
                  "value": 0,
                  "type": "number"
                }
              },
              {
                "type": "get_attr",
                "value": "password"
              }
            ],
            [
              {
                "type": "get_attr",
                "value": "ssl_certificate"
              },
              {
                "type": "index",
                "value": {
                  "value": 0,
                  "type": "number"
                }
              },
              {
                "type": "get_attr",
                "value": "data"
              }
            ]
          ],
          "private": "eyJlMmJmYjczMC1lY2FhLTExZTYtOGY4OC0zNDM2M2JjN2M0YzAiOnsiY3JlYXRlIjo1NDAwMDAwMDAwMDAwLCJkZWxldGUiOjU0MDAwMDAwMDAwMDAsInJlYWQiOjMwMDAwMDAwMDAwMCwidXBkYXRlIjo1NDAwMDAwMDAwMDAwfX0=",
          "dependencies": [
            "azurerm_public_ip.app-gw",
            "azurerm_resource_group.this",
            "azurerm_subnet.frontend",
            "azurerm_virtual_network.this",
            "data.azurerm_key_vault.ccscan",
            "data.azurerm_key_vault_secret.ssl-cert-data",
            "data.azurerm_key_vault_secret.ssl-cert-password"
          ]
        }
      ]
    },
    {
      "mode": "managed",
      "type": "azurerm_linux_virtual_machine",
      "name": "vm",
      "provider": "provider[\"registry.terraform.io/hashicorp/azurerm\"]",
      "instances": [
        {
          "schema_version": 0,
          "attributes": {
            "additional_capabilities": [],
            "admin_password": null,
            "admin_ssh_key": [
              {
                "public_key": "ssh-rsa AAAAB3NzaC1yc2EAAAADAQABAAABgQDJBja4UD/c/PSyueLBTQ0pq2bwmq/4jKE7b0Dx0qlzbLJD1mr1IGNXZsNv84h7rr76KOEingq50QkCk4KPIx05/D5OthmJSNuMB20PAIB0ILUwCR79B8d/U5fA6vp7zAJj3SUFNSx6zyz/dVuRp28AKbwZLVHwIc9zjlet5Le0dgah9zlqNBLKIrg6LYECAIizpWxgKxJe68e0+P9n2TnPjmPlXIPizjYPpNM7CcmhDbZdLiExkJUJ+NVuw0A49dCzCiLhHrRcWl4kr3r0NBubBHqJNPTg9NX//rycwIkBlTKMOPwgoG9oC2iAXb6iGVpoNPEDHvsCfvdHEdZU+AwjHJ7l2MEF2iQ9ktFQ/DeQ2kT3BqGmTIcUn9jIWE/ab174vRnETrnAdYfZ72/gYRdIIo9UqQWZwIBysgPabkOLDNfhMsx0WvC9EQRQ/X75U88EoW/A6MZIW43F4zaPrJKreIa9FiGcTABQ18KvMWcNvUaYm22GxmEyQN9GSVH0tRU= generated-by-azure",
                "username": "concNodeVMuser"
              }
            ],
            "admin_username": "concNodeVMuser",
            "allow_extension_operations": true,
            "availability_set_id": "",
            "boot_diagnostics": [],
            "computer_name": "vm-concNodeVM",
            "custom_data": "IyEvYmluL2Jhc2gNCg0KZWNobyBTdGFydGluZyBlbnRyeXBvaW50IHNjcmlwdC4uLg0KDQojIyBob3VzZSBrZWVwaW5nIGFuZCBpbml0aWFsIGluc3RhbGxzIGFuZCBwYWNrYWdlcw0Kc3VkbyBhcHQtZ2V0IHVwZGF0ZQ0Kc3VkbyBta2RpciAvaG9tZS9zZXR1cA0KY2QgL2hvbWUvc2V0dXANCg0KIyMgTW91bnQgZGF0YSBkcml2ZQ0KIyMgVE9ETzogUGFydGl0aW9uIGRldmljZSBuYW1lIGlzIGhhcmQtY29kZWQsIG1heWJlIGl0IHNob3VsZCBiZSByZWFkIGR5bmFtaWNhbGx5Pw0KIyMgICAgICAgKGh0dHBzOi8vZG9jcy5taWNyb3NvZnQuY29tL2VuLXVzL2F6dXJlL3ZpcnR1YWwtbWFjaGluZXMvbGludXgvYXR0YWNoLWRpc2stcG9ydGFsKQ0Kc3VkbyBta2RpciAvZGF0YQ0Kc3VkbyBtb3VudCAvZGV2L3NkYzEgL2RhdGENCg0KIyMgU2V0IHVwIGRvY2tlcg0KY3VybCAtZnNTTCBodHRwczovL2dldC5kb2NrZXIuY29tIC1vIGdldC1kb2NrZXIuc2gNCnN1ZG8gc2ggZ2V0LWRvY2tlci5zaA0Kc3VkbyBncm91cGFkZCBkb2NrZXINCnN1ZG8gdXNlcm1vZCAtYUcgZG9ja2VyIGNvbmNOb2RlVk11c2VyDQpzdWRvIHN5c3RlbWN0bCBkYWVtb24tcmVsb2FkDQpzdWRvIHN5c3RlbWN0bCBlbmFibGUgZG9ja2VyLnNlcnZpY2UNCnN1ZG8gc3lzdGVtY3RsIHN0YXJ0IGRvY2tlci5zZXJ2aWNlDQpzdWRvIGNobW9kIDY2NiAvdmFyL3J1bi9kb2NrZXIuc29jaw0KDQojIyBzZXQgdXAgQXp1cmUgY2xvdWQgY3JlZGVudGlhbHMgKGNvbm5lY3Rpb24gdG8gY29udGFpbmVyIHJlZ2lzdHJ5KToNCnN1ZG8gYXB0IGluc3RhbGwgYXp1cmUtY2xpIC15DQplY2hvIExvZ2luIHRvIGF6dXJlIGNvbnRhaW5lciByZWdpc3RyeSBmb3Igcm9vdA0KYXogYWNyIGxvZ2luIC0tbmFtZSBjY3NjYW4gLS11c2VybmFtZSAiY2NzY2FuIiAtLXBhc3N3b3JkICJHK25lNG89T2ZMT25sNTRWa2JlRllPMFUrQUIyeFFSYyINCmVjaG8gTG9naW4gdG8gYXp1cmUgY29udGFpbmVyIHJlZ2lzdHJ5IGZvciBjb25jTm9kZVZNdXNlciANCnN1ZG8gLXUgY29uY05vZGVWTXVzZXIgYXogYWNyIGxvZ2luIC0tbmFtZSBjY3NjYW4gLS11c2VybmFtZSAiY2NzY2FuIiAtLXBhc3N3b3JkICJHK25lNG89T2ZMT25sNTRWa2JlRllPMFUrQUIyeFFSYyINCg0KDQojIHNldCB1cCBkaXNjcmV0ZSBkb2NrZXIgbmV0d29ya3MgZm9yIG1haW4gYW5kIHRlc3RuZXQNCmRvY2tlciBuZXR3b3JrIGNyZWF0ZSAtZCBicmlkZ2UgbWFpbm5ldERvY2tlcg0KZG9ja2VyIG5ldHdvcmsgY3JlYXRlIC1kIGJyaWRnZSB0ZXN0bmV0RG9ja2VyDQoNCg0KIyBTZXQgdXAgQ29uY29yZGl1bSBub2RlIGNvbnRhaW5lcnMNCmRvY2tlciBydW4gLXRkIFwNCiAtcCAxMDAwMDoxMDAwMCBcDQogLXAgODg4ODo4ODg4IFwNCiAtLW5ldHdvcms9bWFpbm5ldERvY2tlciAgXA0KIC0tbmFtZSBjY25vZGUtbWFpbm5ldCAgXA0KIC0taG9zdG5hbWUgY2Nub2RlIFwNCiAtZSBDT05DT1JESVVNX05PREVfQ09MTEVDVE9SX05PREVfTkFNRT1GVEItdGVzdCBcDQogLWUgQ09OQ09SRElVTV9OT0RFX1JQQ19TRVJWRVJfVE9LRU49VnNNVHBDaW5RaVJ5R1g4cCAgXA0KIC1lIENPTkNPUkRJVU1fTk9ERV9DT0xMRUNUT1JfR1JQQ19BVVRIRU5USUNBVElPTl9UT0tFTj1Wc01UcENpblFpUnlHWDhwICBcDQogLWUgQ09OQ09SRElVTV9OT0RFX0xJU1RFTl9QT1JUPTg4ODggXA0KIC12IC9kYXRhL2NvbmNvcmRpdW0ubWFpbm5ldDovdmFyL2xpYi9jb25jb3JkaXVtL2RhdGEgXA0KIGNjc2Nhbi5henVyZWNyLmlvL2Njbm9kZS1tYWlubmV0OjMuMC4xLTANCg0KZG9ja2VyIHJ1biAtdGQgIFwNCiAtcCAxMDExMToxMDAwMCBcDQogLXAgMTg4ODg6MTg4ODggXA0KIC0tbmV0d29yaz10ZXN0bmV0RG9ja2VyIFwNCiAtLW5hbWUgY2Nub2RlLXRlc3RuZXQgXA0KIC0taG9zdG5hbWUgY2Nub2RlIFwNCiAtZSBDT05DT1JESVVNX05PREVfQ09MTEVDVE9SX05PREVfTkFNRT1GVEItdGVzdCBcDQogLWUgQ09OQ09SRElVTV9OT0RFX1JQQ19TRVJWRVJfVE9LRU49VnNNVHBDaW5RaVJ5R1g4cCBcDQogLWUgQ09OQ09SRElVTV9OT0RFX0NPTExFQ1RPUl9HUlBDX0FVVEhFTlRJQ0FUSU9OX1RPS0VOPVZzTVRwQ2luUWlSeUdYOHAgXA0KIC1lIENPTkNPUkRJVU1fTk9ERV9MSVNURU5fUE9SVD0xODg4OCBcDQogLXYgL2RhdGEvY29uY29yZGl1bS50ZXN0bmV0Oi92YXIvbGliL2NvbmNvcmRpdW0vZGF0YSBcDQogY2NzY2FuLmF6dXJlY3IuaW8vY2Nub2RlLXRlc3RuZXQ6My4wLjEtMA0KDQoNCiMgU2V0IHVwIGJhY2tlbmQgY29udGFpbmVycw0KZG9ja2VyIHJ1biAtdGQgXA0KICAtcCA1MDAwOjUwMDAgXA0KICAtLW5ldHdvcms9bWFpbm5ldERvY2tlciBcDQogIC0tcmVzdGFydD1vbi1mYWlsdXJlOjMgXA0KICAtLW5hbWUgYmFja2VuZC1tYWlubmV0IFwNCiAgLWUgUG9zdGdyZXNEYXRhYmFzZTpDb25uZWN0aW9uU3RyaW5nPSJIb3N0PXBnLXNzLnBvc3RncmVzLmRhdGFiYXNlLmF6dXJlLmNvbTtQb3J0PTU0MzI7RGF0YWJhc2U9Y2NzY2FuLW1haW5uZXQ7VXNlciBJRD1wb3N0Z3Jlc0BwZy1zcztwYXNzd29yZD1Gb3NzaWwtZGlzdGFudC03MjM4O1NTTCBNb2RlPVJlcXVpcmU7VHJ1c3QgU2VydmVyIENlcnRpZmljYXRlPXRydWUiIFwNCiAgLWUgQ29uY29yZGl1bU5vZGVHcnBjOkF1dGhlbnRpY2F0aW9uVG9rZW49IlZzTVRwQ2luUWlSeUdYOHAiIFwNCiAgLXYgL2RhdGEvYmFja2VuZC1sb2dzLm1haW5uZXQ6L2FwcC9sb2dzIFwNCiAgY2NzY2FuLmF6dXJlY3IuaW8vYmFja2VuZC50ZXN0OmxhdGVzdCANCg0KZG9ja2VyIHJ1biAtdGQgXA0KICAtcCA1MDAxOjUwMDAgXA0KICAtLW5ldHdvcms9dGVzdG5ldERvY2tlciBcDQogIC0tcmVzdGFydD1vbi1mYWlsdXJlOjMgXA0KICAtLW5hbWUgYmFja2VuZC10ZXN0bmV0IFwNCiAgLWUgUG9zdGdyZXNEYXRhYmFzZTpDb25uZWN0aW9uU3RyaW5nPSJIb3N0PXBnLXNzLnBvc3RncmVzLmRhdGFiYXNlLmF6dXJlLmNvbTtQb3J0PTU0MzI7RGF0YWJhc2U9Y2NzY2FuLXRlc3RuZXQ7VXNlciBJRD1wb3N0Z3Jlc0BwZy1zcztwYXNzd29yZD1Gb3NzaWwtZGlzdGFudC03MjM4O1NTTCBNb2RlPVJlcXVpcmU7VHJ1c3QgU2VydmVyIENlcnRpZmljYXRlPXRydWUiIFwNCiAgLWUgQ29uY29yZGl1bU5vZGVHcnBjOkF1dGhlbnRpY2F0aW9uVG9rZW49IlZzTVRwQ2luUWlSeUdYOHAiIFwNCiAgLXYgL2RhdGEvYmFja2VuZC1sb2dzLnRlc3RuZXQ6L2FwcC9sb2dzIFwNCiAgY2NzY2FuLmF6dXJlY3IuaW8vYmFja2VuZC50ZXN0OmxhdGVzdCANCg0KDQojIFNldCB1cCB3YXRjaHRvd2VyIGNvbnRhaW5lciANCmRvY2tlciBydW4gLWQgXA0KICAtLW5hbWUgd2F0Y2h0b3dlciBcDQogIC12IC92YXIvcnVuL2RvY2tlci5zb2NrOi92YXIvcnVuL2RvY2tlci5zb2NrIFwNCiAgLXYgL2hvbWUvY29uY05vZGVWTXVzZXIvLmRvY2tlci9jb25maWcuanNvbjovY29uZmlnLmpzb24gXA0KICAtZSBXQVRDSFRPV0VSX0lOQ0xVREVfU1RPUFBFRD10cnVlIFwNCiAgLWUgV0FUQ0hUT1dFUl9SRVZJVkVfU1RPUFBFRD10cnVlIFwNCiAgLWUgV0FUQ0hUT1dFUl9QT0xMX0lOVEVSVkFMPTYwIFwNCiAgLWUgV0FUQ0hUT1dFUl9OT1RJRklDQVRJT05TPXNsYWNrIFwNCiAgLWUgV0FUQ0hUT1dFUl9OT1RJRklDQVRJT05fU0xBQ0tfSE9PS19VUkw9Imh0dHBzOi8vaG9va3Muc2xhY2suY29tL3NlcnZpY2VzL1QwMVI4NDk2WFU1L0IwMlFYSEUzRUYzL2QwUjRYMTZoZVlLMXAwMmpoNGY3bFZjbiIgXA0KICAtZSBXQVRDSFRPV0VSX05PVElGSUNBVElPTl9TTEFDS19JREVOVElGSUVSPXdhdGNodG93ZXItdGVzdCBcDQogIC1lIFdBVENIVE9XRVJfTk9USUZJQ0FUSU9OX1NMQUNLX0NIQU5ORUw9I2Njc2Nhbi1zZXJ2aWNlYm90cyBcDQogIGNvbnRhaW5ycnIvd2F0Y2h0b3dlciBcDQogIGJhY2tlbmQtdGVzdG5ldCBiYWNrZW5kLW1haW5uZXQNCg0KZWNobyBFbnRyeXBvaW50IHNjcmlwdCBmaW5pc2hlZC4uLg==",
            "dedicated_host_id": "",
            "disable_password_authentication": true,
            "encryption_at_host_enabled": false,
            "eviction_policy": "",
            "extensions_time_budget": "PT1H30M",
            "id": "/subscriptions/353e8b06-f9df-482d-9834-0f7a6d733e46/resourceGroups/ccscan-env-test/providers/Microsoft.Compute/virtualMachines/vm",
            "identity": [],
            "license_type": "",
            "location": "northeurope",
            "max_bid_price": -1,
            "name": "vm",
            "network_interface_ids": [
              "/subscriptions/353e8b06-f9df-482d-9834-0f7a6d733e46/resourceGroups/ccscan-env-test/providers/Microsoft.Network/networkInterfaces/vm-nic"
            ],
            "os_disk": [
              {
                "caching": "ReadWrite",
                "diff_disk_settings": [],
                "disk_encryption_set_id": "",
                "disk_size_gb": 30,
                "name": "vm_disk_os",
                "storage_account_type": "Premium_LRS",
                "write_accelerator_enabled": false
              }
            ],
            "patch_mode": "ImageDefault",
            "plan": [],
            "platform_fault_domain": -1,
            "priority": "Regular",
            "private_ip_address": "10.0.1.4",
            "private_ip_addresses": [
              "10.0.1.4"
            ],
            "provision_vm_agent": true,
            "proximity_placement_group_id": "",
            "public_ip_address": "65.52.230.246",
            "public_ip_addresses": [
              "65.52.230.246"
            ],
            "resource_group_name": "ccscan-env-test",
            "secret": [],
            "secure_boot_enabled": false,
            "size": "Standard_B4ms",
            "source_image_id": "",
            "source_image_reference": [
              {
                "offer": "0001-com-ubuntu-server-focal-daily",
                "publisher": "Canonical",
                "sku": "20_04-daily-lts-gen2",
                "version": "latest"
              }
            ],
            "tags": {
              "environment": "test"
            },
            "timeouts": null,
            "user_data": "",
            "virtual_machine_id": "1aac9ea4-04ed-4bbf-a055-d094d97c0aec",
            "virtual_machine_scale_set_id": "",
            "vtpm_enabled": false,
            "zone": ""
          },
          "sensitive_attributes": [
            [
              {
                "type": "get_attr",
                "value": "custom_data"
              }
            ]
          ],
          "private": "eyJlMmJmYjczMC1lY2FhLTExZTYtOGY4OC0zNDM2M2JjN2M0YzAiOnsiY3JlYXRlIjoyNzAwMDAwMDAwMDAwLCJkZWxldGUiOjI3MDAwMDAwMDAwMDAsInJlYWQiOjMwMDAwMDAwMDAwMCwidXBkYXRlIjoyNzAwMDAwMDAwMDAwfX0=",
          "dependencies": [
            "azurerm_network_interface.vm",
            "azurerm_resource_group.this",
            "data.azurerm_container_registry.ccscan",
            "data.azurerm_key_vault_secret.ccnode-auth-token",
            "data.azurerm_key_vault_secret.postgres-password",
            "data.azurerm_ssh_public_key.ssh_vm"
          ]
        }
      ]
    },
    {
      "mode": "managed",
      "type": "azurerm_managed_disk",
      "name": "vm_data",
      "provider": "provider[\"registry.terraform.io/hashicorp/azurerm\"]",
      "instances": [
        {
          "schema_version": 0,
          "attributes": {
            "create_option": "Empty",
            "disk_access_id": "",
            "disk_encryption_set_id": "",
            "disk_iops_read_only": 0,
            "disk_iops_read_write": 500,
            "disk_mbps_read_only": 0,
            "disk_mbps_read_write": 60,
            "disk_size_gb": 128,
            "encryption_settings": [],
            "gallery_image_reference_id": "",
            "hyper_v_generation": "",
            "id": "/subscriptions/353e8b06-f9df-482d-9834-0f7a6d733e46/resourceGroups/ccscan-env-test/providers/Microsoft.Compute/disks/vm_disk_data_1aac9ea4-04ed-4bbf-a055-d094d97c0aec",
            "image_reference_id": "",
            "location": "northeurope",
            "logical_sector_size": null,
            "max_shares": 0,
            "name": "vm_disk_data_1aac9ea4-04ed-4bbf-a055-d094d97c0aec",
            "network_access_policy": null,
            "on_demand_bursting_enabled": false,
            "os_type": "",
            "public_network_access_enabled": true,
            "resource_group_name": "ccscan-env-test",
            "source_resource_id": "",
            "source_uri": "",
            "storage_account_id": "",
            "storage_account_type": "StandardSSD_LRS",
            "tags": {
              "environment": "test"
            },
            "tier": "",
            "timeouts": null,
            "trusted_launch_enabled": false,
            "zones": null
          },
          "sensitive_attributes": [],
          "private": "eyJlMmJmYjczMC1lY2FhLTExZTYtOGY4OC0zNDM2M2JjN2M0YzAiOnsiY3JlYXRlIjoxODAwMDAwMDAwMDAwLCJkZWxldGUiOjE4MDAwMDAwMDAwMDAsInJlYWQiOjMwMDAwMDAwMDAwMCwidXBkYXRlIjoxODAwMDAwMDAwMDAwfX0=",
          "dependencies": [
            "azurerm_linux_virtual_machine.vm",
            "azurerm_network_interface.vm",
            "azurerm_resource_group.this",
            "data.azurerm_container_registry.ccscan",
            "data.azurerm_key_vault_secret.ccnode-auth-token",
            "data.azurerm_key_vault_secret.postgres-password",
            "data.azurerm_ssh_public_key.ssh_vm"
          ]
        }
      ]
    },
    {
      "mode": "managed",
      "type": "azurerm_network_interface",
      "name": "vm",
      "provider": "provider[\"registry.terraform.io/hashicorp/azurerm\"]",
      "instances": [
        {
          "schema_version": 0,
          "attributes": {
            "applied_dns_servers": [],
            "dns_servers": [],
            "enable_accelerated_networking": false,
            "enable_ip_forwarding": false,
            "id": "/subscriptions/353e8b06-f9df-482d-9834-0f7a6d733e46/resourceGroups/ccscan-env-test/providers/Microsoft.Network/networkInterfaces/vm-nic",
            "internal_dns_name_label": "",
            "internal_domain_name_suffix": "fuimort4xbwe3icn5icg0trjzg.fx.internal.cloudapp.net",
            "ip_configuration": [
              {
                "gateway_load_balancer_frontend_ip_configuration_id": "",
                "name": "ipc-vm",
                "primary": true,
                "private_ip_address": "10.0.1.4",
                "private_ip_address_allocation": "Dynamic",
                "private_ip_address_version": "IPv4",
                "public_ip_address_id": "/subscriptions/353e8b06-f9df-482d-9834-0f7a6d733e46/resourceGroups/ccscan-env-test/providers/Microsoft.Network/publicIPAddresses/vm-nic-pip",
                "subnet_id": "/subscriptions/353e8b06-f9df-482d-9834-0f7a6d733e46/resourceGroups/ccscan-env-test/providers/Microsoft.Network/virtualNetworks/vnet/subnets/snet-backend"
              }
            ],
            "location": "northeurope",
            "mac_address": "00-22-48-9B-91-C3",
            "name": "vm-nic",
            "private_ip_address": "10.0.1.4",
            "private_ip_addresses": [
              "10.0.1.4"
            ],
            "resource_group_name": "ccscan-env-test",
            "tags": {
              "environment": "test"
            },
            "timeouts": null,
            "virtual_machine_id": "/subscriptions/353e8b06-f9df-482d-9834-0f7a6d733e46/resourceGroups/ccscan-env-test/providers/Microsoft.Compute/virtualMachines/vm"
          },
          "sensitive_attributes": [],
          "private": "eyJlMmJmYjczMC1lY2FhLTExZTYtOGY4OC0zNDM2M2JjN2M0YzAiOnsiY3JlYXRlIjoxODAwMDAwMDAwMDAwLCJkZWxldGUiOjE4MDAwMDAwMDAwMDAsInJlYWQiOjMwMDAwMDAwMDAwMCwidXBkYXRlIjoxODAwMDAwMDAwMDAwfX0=",
          "dependencies": [
            "azurerm_public_ip.vm",
            "azurerm_resource_group.this",
            "azurerm_subnet.backend",
            "azurerm_virtual_network.this"
          ]
        }
      ]
    },
    {
      "mode": "managed",
      "type": "azurerm_network_interface_application_gateway_backend_address_pool_association",
      "name": "vm",
      "provider": "provider[\"registry.terraform.io/hashicorp/azurerm\"]",
      "instances": [
        {
          "schema_version": 0,
          "attributes": {
            "backend_address_pool_id": "/subscriptions/353e8b06-f9df-482d-9834-0f7a6d733e46/resourceGroups/ccscan-env-test/providers/Microsoft.Network/applicationGateways/app-gateway/backendAddressPools/app-gateway-backends",
            "id": "/subscriptions/353e8b06-f9df-482d-9834-0f7a6d733e46/resourceGroups/ccscan-env-test/providers/Microsoft.Network/networkInterfaces/vm-nic/ipConfigurations/ipc-vm|/subscriptions/353e8b06-f9df-482d-9834-0f7a6d733e46/resourceGroups/ccscan-env-test/providers/Microsoft.Network/applicationGateways/app-gateway/backendAddressPools/app-gateway-backends",
            "ip_configuration_name": "ipc-vm",
            "network_interface_id": "/subscriptions/353e8b06-f9df-482d-9834-0f7a6d733e46/resourceGroups/ccscan-env-test/providers/Microsoft.Network/networkInterfaces/vm-nic",
            "timeouts": null
          },
          "sensitive_attributes": [],
          "private": "eyJlMmJmYjczMC1lY2FhLTExZTYtOGY4OC0zNDM2M2JjN2M0YzAiOnsiY3JlYXRlIjoxODAwMDAwMDAwMDAwLCJkZWxldGUiOjE4MDAwMDAwMDAwMDAsInJlYWQiOjMwMDAwMDAwMDAwMCwidXBkYXRlIjoxODAwMDAwMDAwMDAwfX0=",
          "dependencies": [
            "azurerm_application_gateway.this",
            "azurerm_network_interface.vm",
            "azurerm_public_ip.app-gw",
            "azurerm_public_ip.vm",
            "azurerm_resource_group.this",
            "azurerm_subnet.backend",
            "azurerm_subnet.frontend",
            "azurerm_virtual_network.this",
            "data.azurerm_key_vault.ccscan",
            "data.azurerm_key_vault_secret.ssl-cert-data",
            "data.azurerm_key_vault_secret.ssl-cert-password"
          ]
        }
      ]
    },
    {
      "mode": "managed",
      "type": "azurerm_network_interface_security_group_association",
      "name": "vm_nic",
      "provider": "provider[\"registry.terraform.io/hashicorp/azurerm\"]",
      "instances": [
        {
          "schema_version": 0,
          "attributes": {
            "id": "/subscriptions/353e8b06-f9df-482d-9834-0f7a6d733e46/resourceGroups/ccscan-env-test/providers/Microsoft.Network/networkInterfaces/vm-nic|/subscriptions/353e8b06-f9df-482d-9834-0f7a6d733e46/resourceGroups/ccscan-env-test/providers/Microsoft.Network/networkSecurityGroups/vm-nic-nsg",
            "network_interface_id": "/subscriptions/353e8b06-f9df-482d-9834-0f7a6d733e46/resourceGroups/ccscan-env-test/providers/Microsoft.Network/networkInterfaces/vm-nic",
            "network_security_group_id": "/subscriptions/353e8b06-f9df-482d-9834-0f7a6d733e46/resourceGroups/ccscan-env-test/providers/Microsoft.Network/networkSecurityGroups/vm-nic-nsg",
            "timeouts": null
          },
          "sensitive_attributes": [],
          "private": "eyJlMmJmYjczMC1lY2FhLTExZTYtOGY4OC0zNDM2M2JjN2M0YzAiOnsiY3JlYXRlIjoxODAwMDAwMDAwMDAwLCJkZWxldGUiOjE4MDAwMDAwMDAwMDAsInJlYWQiOjMwMDAwMDAwMDAwMCwidXBkYXRlIjoxODAwMDAwMDAwMDAwfX0=",
          "dependencies": [
            "azurerm_network_interface.vm",
            "azurerm_network_security_group.this",
            "azurerm_public_ip.vm",
            "azurerm_resource_group.this",
            "azurerm_subnet.backend",
            "azurerm_virtual_network.this"
          ]
        }
      ]
    },
    {
      "mode": "managed",
      "type": "azurerm_network_security_group",
      "name": "this",
      "provider": "provider[\"registry.terraform.io/hashicorp/azurerm\"]",
      "instances": [
        {
          "schema_version": 0,
          "attributes": {
            "id": "/subscriptions/353e8b06-f9df-482d-9834-0f7a6d733e46/resourceGroups/ccscan-env-test/providers/Microsoft.Network/networkSecurityGroups/vm-nic-nsg",
            "location": "northeurope",
            "name": "vm-nic-nsg",
            "resource_group_name": "ccscan-env-test",
            "security_rule": [
              {
                "access": "Allow",
                "description": "",
                "destination_address_prefix": "*",
                "destination_address_prefixes": [],
                "destination_application_security_group_ids": [],
                "destination_port_range": "10000",
                "destination_port_ranges": [],
                "direction": "Inbound",
                "name": "Conc_GRPC",
                "priority": 1004,
                "protocol": "Tcp",
                "source_address_prefix": "*",
                "source_address_prefixes": [],
                "source_application_security_group_ids": [],
                "source_port_range": "*",
                "source_port_ranges": []
              },
              {
                "access": "Allow",
                "description": "",
                "destination_address_prefix": "*",
                "destination_address_prefixes": [],
                "destination_application_security_group_ids": [],
                "destination_port_range": "10111",
                "destination_port_ranges": [],
                "direction": "Inbound",
                "name": "Conc_GRPC_test",
                "priority": 1005,
                "protocol": "Tcp",
                "source_address_prefix": "*",
                "source_address_prefixes": [],
                "source_application_security_group_ids": [],
                "source_port_range": "*",
                "source_port_ranges": []
              },
              {
                "access": "Allow",
                "description": "",
                "destination_address_prefix": "*",
                "destination_address_prefixes": [],
                "destination_application_security_group_ids": [],
                "destination_port_range": "18888",
                "destination_port_ranges": [],
                "direction": "Inbound",
                "name": "Conc_P2PTestnet",
                "priority": 1003,
                "protocol": "Tcp",
                "source_address_prefix": "*",
                "source_address_prefixes": [],
                "source_application_security_group_ids": [],
                "source_port_range": "*",
                "source_port_ranges": []
              },
              {
                "access": "Allow",
                "description": "",
                "destination_address_prefix": "*",
                "destination_address_prefixes": [],
                "destination_application_security_group_ids": [],
                "destination_port_range": "22",
                "destination_port_ranges": [],
                "direction": "Inbound",
                "name": "SSH",
                "priority": 1001,
                "protocol": "Tcp",
                "source_address_prefix": "*",
                "source_address_prefixes": [],
                "source_application_security_group_ids": [],
                "source_port_range": "*",
                "source_port_ranges": []
              },
              {
                "access": "Allow",
                "description": "",
                "destination_address_prefix": "*",
                "destination_address_prefixes": [],
                "destination_application_security_group_ids": [],
                "destination_port_range": "5000",
                "destination_port_ranges": [],
                "direction": "Inbound",
                "name": "http-server",
                "priority": 1007,
                "protocol": "Tcp",
                "source_address_prefix": "*",
                "source_address_prefixes": [],
                "source_application_security_group_ids": [],
                "source_port_range": "*",
                "source_port_ranges": []
              },
              {
                "access": "Allow",
                "description": "",
                "destination_address_prefix": "*",
                "destination_address_prefixes": [],
                "destination_application_security_group_ids": [],
                "destination_port_range": "5001",
                "destination_port_ranges": [],
                "direction": "Inbound",
                "name": "http-server_testnet",
                "priority": 1008,
                "protocol": "Tcp",
                "source_address_prefix": "*",
                "source_address_prefixes": [],
                "source_application_security_group_ids": [],
                "source_port_range": "*",
                "source_port_ranges": []
              },
              {
                "access": "Allow",
                "description": "",
                "destination_address_prefix": "*",
                "destination_address_prefixes": [],
                "destination_application_security_group_ids": [],
                "destination_port_range": "5432",
                "destination_port_ranges": [],
                "direction": "Inbound",
                "name": "POSTGRES",
                "priority": 1006,
                "protocol": "Tcp",
                "source_address_prefix": "*",
                "source_address_prefixes": [],
                "source_application_security_group_ids": [],
                "source_port_range": "*",
                "source_port_ranges": []
              },
              {
                "access": "Allow",
                "description": "",
                "destination_address_prefix": "*",
                "destination_address_prefixes": [],
                "destination_application_security_group_ids": [],
                "destination_port_range": "8888",
                "destination_port_ranges": [],
                "direction": "Inbound",
                "name": "Conc_P2P",
                "priority": 1002,
                "protocol": "Tcp",
                "source_address_prefix": "*",
                "source_address_prefixes": [],
                "source_application_security_group_ids": [],
                "source_port_range": "*",
                "source_port_ranges": []
              }
            ],
            "tags": {
              "environment": "test"
            },
            "timeouts": null
          },
          "sensitive_attributes": [],
          "private": "eyJlMmJmYjczMC1lY2FhLTExZTYtOGY4OC0zNDM2M2JjN2M0YzAiOnsiY3JlYXRlIjoxODAwMDAwMDAwMDAwLCJkZWxldGUiOjE4MDAwMDAwMDAwMDAsInJlYWQiOjMwMDAwMDAwMDAwMCwidXBkYXRlIjoxODAwMDAwMDAwMDAwfX0=",
          "dependencies": [
            "azurerm_resource_group.this"
          ]
        }
      ]
    },
    {
      "mode": "managed",
      "type": "azurerm_postgresql_firewall_rule",
      "name": "vm",
      "provider": "provider[\"registry.terraform.io/hashicorp/azurerm\"]",
      "instances": [
        {
          "schema_version": 0,
          "attributes": {
            "end_ip_address": "65.52.230.246",
            "id": "/subscriptions/353e8b06-f9df-482d-9834-0f7a6d733e46/resourceGroups/ccscan-env-test/providers/Microsoft.DBforPostgreSQL/servers/pg-ss/firewallRules/vm",
            "name": "vm",
            "resource_group_name": "ccscan-env-test",
            "server_name": "pg-ss",
            "start_ip_address": "65.52.230.246",
            "timeouts": null
          },
          "sensitive_attributes": [],
          "private": "eyJlMmJmYjczMC1lY2FhLTExZTYtOGY4OC0zNDM2M2JjN2M0YzAiOnsiY3JlYXRlIjoxODAwMDAwMDAwMDAwLCJkZWxldGUiOjE4MDAwMDAwMDAwMDAsInJlYWQiOjMwMDAwMDAwMDAwMCwidXBkYXRlIjoxODAwMDAwMDAwMDAwfX0=",
          "dependencies": [
            "azurerm_postgresql_server.this",
            "azurerm_public_ip.vm",
            "azurerm_resource_group.this",
            "data.azurerm_key_vault.ccscan",
            "data.azurerm_key_vault_secret.postgres-password"
          ]
        }
      ]
    },
    {
      "mode": "managed",
      "type": "azurerm_postgresql_server",
      "name": "this",
      "provider": "provider[\"registry.terraform.io/hashicorp/azurerm\"]",
      "instances": [
        {
          "schema_version": 0,
          "attributes": {
            "administrator_login": "postgres",
            "administrator_login_password": "Fossil-distant-7238",
            "auto_grow_enabled": true,
            "backup_retention_days": 7,
            "create_mode": "Default",
            "creation_source_server_id": null,
            "fqdn": "pg-ss.postgres.database.azure.com",
            "geo_redundant_backup_enabled": false,
            "id": "/subscriptions/353e8b06-f9df-482d-9834-0f7a6d733e46/resourceGroups/ccscan-env-test/providers/Microsoft.DBforPostgreSQL/servers/pg-ss",
            "identity": [],
            "infrastructure_encryption_enabled": false,
            "location": "northeurope",
            "name": "pg-ss",
            "public_network_access_enabled": true,
            "resource_group_name": "ccscan-env-test",
            "restore_point_in_time": null,
            "sku_name": "B_Gen5_1",
            "ssl_enforcement": "Enabled",
            "ssl_enforcement_enabled": true,
            "ssl_minimal_tls_version_enforced": "TLS1_2",
            "storage_mb": 131072,
            "storage_profile": [
              {
                "auto_grow": "Enabled",
                "backup_retention_days": 7,
                "geo_redundant_backup": "Disabled",
                "storage_mb": 131072
              }
            ],
            "tags": {
              "environment": "test"
            },
            "threat_detection_policy": [],
            "timeouts": null,
            "version": "11"
          },
          "sensitive_attributes": [
            [
              {
                "type": "get_attr",
                "value": "administrator_login_password"
              }
            ]
          ],
          "private": "eyJlMmJmYjczMC1lY2FhLTExZTYtOGY4OC0zNDM2M2JjN2M0YzAiOnsiY3JlYXRlIjozNjAwMDAwMDAwMDAwLCJkZWxldGUiOjM2MDAwMDAwMDAwMDAsInJlYWQiOjMwMDAwMDAwMDAwMCwidXBkYXRlIjozNjAwMDAwMDAwMDAwfX0=",
          "dependencies": [
            "azurerm_resource_group.this",
            "data.azurerm_key_vault.ccscan",
            "data.azurerm_key_vault_secret.postgres-password"
          ]
        }
      ]
    },
    {
      "mode": "managed",
      "type": "azurerm_public_ip",
      "name": "app-gw",
      "provider": "provider[\"registry.terraform.io/hashicorp/azurerm\"]",
      "instances": [
        {
          "schema_version": 0,
          "attributes": {
            "allocation_method": "Dynamic",
            "availability_zone": "No-Zone",
            "domain_name_label": "test-ccdscan-api",
            "fqdn": "test-ccdscan-api.northeurope.cloudapp.azure.com",
            "id": "/subscriptions/353e8b06-f9df-482d-9834-0f7a6d733e46/resourceGroups/ccscan-env-test/providers/Microsoft.Network/publicIPAddresses/app-gateway-pip",
            "idle_timeout_in_minutes": 4,
            "ip_address": "20.123.17.190",
            "ip_tags": {},
            "ip_version": "IPv4",
            "location": "northeurope",
            "name": "app-gateway-pip",
            "public_ip_prefix_id": null,
            "resource_group_name": "ccscan-env-test",
            "reverse_fqdn": "",
            "sku": "Basic",
            "sku_tier": "Regional",
            "tags": {
              "environment": "test"
            },
            "timeouts": null,
            "zones": []
          },
          "sensitive_attributes": [],
          "private": "eyJlMmJmYjczMC1lY2FhLTExZTYtOGY4OC0zNDM2M2JjN2M0YzAiOnsiY3JlYXRlIjoxODAwMDAwMDAwMDAwLCJkZWxldGUiOjE4MDAwMDAwMDAwMDAsInJlYWQiOjMwMDAwMDAwMDAwMCwidXBkYXRlIjoxODAwMDAwMDAwMDAwfX0=",
          "dependencies": [
            "azurerm_resource_group.this"
          ]
        }
      ]
    },
    {
      "mode": "managed",
      "type": "azurerm_public_ip",
      "name": "vm",
      "provider": "provider[\"registry.terraform.io/hashicorp/azurerm\"]",
      "instances": [
        {
          "schema_version": 0,
          "attributes": {
            "allocation_method": "Static",
            "availability_zone": "No-Zone",
            "domain_name_label": "test-ccdscan-vm",
            "fqdn": "test-ccdscan-vm.northeurope.cloudapp.azure.com",
            "id": "/subscriptions/353e8b06-f9df-482d-9834-0f7a6d733e46/resourceGroups/ccscan-env-test/providers/Microsoft.Network/publicIPAddresses/vm-nic-pip",
            "idle_timeout_in_minutes": 4,
            "ip_address": "65.52.230.246",
            "ip_tags": {},
            "ip_version": "IPv4",
            "location": "northeurope",
            "name": "vm-nic-pip",
            "public_ip_prefix_id": null,
            "resource_group_name": "ccscan-env-test",
            "reverse_fqdn": "",
            "sku": "Basic",
            "sku_tier": "Regional",
            "tags": {
              "environment": "test"
            },
            "timeouts": null,
            "zones": []
          },
          "sensitive_attributes": [],
          "private": "eyJlMmJmYjczMC1lY2FhLTExZTYtOGY4OC0zNDM2M2JjN2M0YzAiOnsiY3JlYXRlIjoxODAwMDAwMDAwMDAwLCJkZWxldGUiOjE4MDAwMDAwMDAwMDAsInJlYWQiOjMwMDAwMDAwMDAwMCwidXBkYXRlIjoxODAwMDAwMDAwMDAwfX0=",
          "dependencies": [
            "azurerm_resource_group.this"
          ]
        }
      ]
    },
    {
      "mode": "managed",
      "type": "azurerm_resource_group",
      "name": "this",
      "provider": "provider[\"registry.terraform.io/hashicorp/azurerm\"]",
      "instances": [
        {
          "schema_version": 0,
          "attributes": {
            "id": "/subscriptions/353e8b06-f9df-482d-9834-0f7a6d733e46/resourceGroups/ccscan-env-test",
            "location": "northeurope",
            "name": "ccscan-env-test",
            "tags": {
              "environment": "test"
            },
            "timeouts": null
          },
          "sensitive_attributes": [],
          "private": "eyJlMmJmYjczMC1lY2FhLTExZTYtOGY4OC0zNDM2M2JjN2M0YzAiOnsiY3JlYXRlIjo1NDAwMDAwMDAwMDAwLCJkZWxldGUiOjU0MDAwMDAwMDAwMDAsInJlYWQiOjMwMDAwMDAwMDAwMCwidXBkYXRlIjo1NDAwMDAwMDAwMDAwfX0="
        }
      ]
    },
    {
      "mode": "managed",
      "type": "azurerm_subnet",
      "name": "backend",
      "provider": "provider[\"registry.terraform.io/hashicorp/azurerm\"]",
      "instances": [
        {
          "schema_version": 0,
          "attributes": {
            "address_prefix": "10.0.1.0/24",
            "address_prefixes": [
              "10.0.1.0/24"
            ],
            "delegation": [],
            "enforce_private_link_endpoint_network_policies": false,
            "enforce_private_link_service_network_policies": false,
            "id": "/subscriptions/353e8b06-f9df-482d-9834-0f7a6d733e46/resourceGroups/ccscan-env-test/providers/Microsoft.Network/virtualNetworks/vnet/subnets/snet-backend",
            "name": "snet-backend",
            "resource_group_name": "ccscan-env-test",
            "service_endpoint_policy_ids": [],
            "service_endpoints": [],
            "timeouts": null,
            "virtual_network_name": "vnet"
          },
          "sensitive_attributes": [],
          "private": "eyJlMmJmYjczMC1lY2FhLTExZTYtOGY4OC0zNDM2M2JjN2M0YzAiOnsiY3JlYXRlIjoxODAwMDAwMDAwMDAwLCJkZWxldGUiOjE4MDAwMDAwMDAwMDAsInJlYWQiOjMwMDAwMDAwMDAwMCwidXBkYXRlIjoxODAwMDAwMDAwMDAwfX0=",
          "dependencies": [
            "azurerm_resource_group.this",
            "azurerm_virtual_network.this"
          ]
        }
      ]
    },
    {
      "mode": "managed",
      "type": "azurerm_subnet",
      "name": "frontend",
      "provider": "provider[\"registry.terraform.io/hashicorp/azurerm\"]",
      "instances": [
        {
          "schema_version": 0,
          "attributes": {
            "address_prefix": "10.0.0.0/24",
            "address_prefixes": [
              "10.0.0.0/24"
            ],
            "delegation": [],
            "enforce_private_link_endpoint_network_policies": false,
            "enforce_private_link_service_network_policies": false,
            "id": "/subscriptions/353e8b06-f9df-482d-9834-0f7a6d733e46/resourceGroups/ccscan-env-test/providers/Microsoft.Network/virtualNetworks/vnet/subnets/snet-frontend",
            "name": "snet-frontend",
            "resource_group_name": "ccscan-env-test",
            "service_endpoint_policy_ids": [],
            "service_endpoints": [],
            "timeouts": null,
            "virtual_network_name": "vnet"
          },
          "sensitive_attributes": [],
          "private": "eyJlMmJmYjczMC1lY2FhLTExZTYtOGY4OC0zNDM2M2JjN2M0YzAiOnsiY3JlYXRlIjoxODAwMDAwMDAwMDAwLCJkZWxldGUiOjE4MDAwMDAwMDAwMDAsInJlYWQiOjMwMDAwMDAwMDAwMCwidXBkYXRlIjoxODAwMDAwMDAwMDAwfX0=",
          "dependencies": [
            "azurerm_resource_group.this",
            "azurerm_virtual_network.this"
          ]
        }
      ]
    },
    {
      "mode": "managed",
      "type": "azurerm_virtual_machine_data_disk_attachment",
      "name": "vm_data",
      "provider": "provider[\"registry.terraform.io/hashicorp/azurerm\"]",
      "instances": [
        {
          "schema_version": 0,
          "attributes": {
            "caching": "ReadWrite",
            "create_option": "Attach",
            "id": "/subscriptions/353e8b06-f9df-482d-9834-0f7a6d733e46/resourceGroups/ccscan-env-test/providers/Microsoft.Compute/virtualMachines/vm/dataDisks/vm_disk_data_1aac9ea4-04ed-4bbf-a055-d094d97c0aec",
            "lun": 1,
            "managed_disk_id": "/subscriptions/353e8b06-f9df-482d-9834-0f7a6d733e46/resourceGroups/ccscan-env-test/providers/Microsoft.Compute/disks/vm_disk_data_1aac9ea4-04ed-4bbf-a055-d094d97c0aec",
            "timeouts": null,
            "virtual_machine_id": "/subscriptions/353e8b06-f9df-482d-9834-0f7a6d733e46/resourceGroups/ccscan-env-test/providers/Microsoft.Compute/virtualMachines/vm",
            "write_accelerator_enabled": false
          },
          "sensitive_attributes": [],
          "private": "eyJlMmJmYjczMC1lY2FhLTExZTYtOGY4OC0zNDM2M2JjN2M0YzAiOnsiY3JlYXRlIjoxODAwMDAwMDAwMDAwLCJkZWxldGUiOjE4MDAwMDAwMDAwMDAsInJlYWQiOjMwMDAwMDAwMDAwMCwidXBkYXRlIjoxODAwMDAwMDAwMDAwfX0=",
          "dependencies": [
            "azurerm_linux_virtual_machine.vm",
            "azurerm_managed_disk.vm_data",
            "azurerm_network_interface.vm",
            "azurerm_resource_group.this",
            "data.azurerm_container_registry.ccscan",
            "data.azurerm_key_vault_secret.ccnode-auth-token",
            "data.azurerm_key_vault_secret.postgres-password",
            "data.azurerm_ssh_public_key.ssh_vm"
          ]
        }
      ]
    },
    {
      "mode": "managed",
      "type": "azurerm_virtual_network",
      "name": "this",
      "provider": "provider[\"registry.terraform.io/hashicorp/azurerm\"]",
      "instances": [
        {
          "schema_version": 0,
          "attributes": {
            "address_space": [
              "10.0.0.0/16"
            ],
            "bgp_community": "",
            "ddos_protection_plan": [],
            "dns_servers": [],
            "flow_timeout_in_minutes": 0,
            "guid": "46c7102d-b87e-4e6c-a04d-fa046d4e29ce",
            "id": "/subscriptions/353e8b06-f9df-482d-9834-0f7a6d733e46/resourceGroups/ccscan-env-test/providers/Microsoft.Network/virtualNetworks/vnet",
            "location": "northeurope",
            "name": "vnet",
            "resource_group_name": "ccscan-env-test",
            "subnet": [
              {
                "address_prefix": "10.0.0.0/24",
                "id": "/subscriptions/353e8b06-f9df-482d-9834-0f7a6d733e46/resourceGroups/ccscan-env-test/providers/Microsoft.Network/virtualNetworks/vnet/subnets/snet-frontend",
                "name": "snet-frontend",
                "security_group": ""
              },
              {
                "address_prefix": "10.0.1.0/24",
                "id": "/subscriptions/353e8b06-f9df-482d-9834-0f7a6d733e46/resourceGroups/ccscan-env-test/providers/Microsoft.Network/virtualNetworks/vnet/subnets/snet-backend",
                "name": "snet-backend",
                "security_group": ""
              }
            ],
            "tags": {
              "environment": "test"
            },
            "timeouts": null,
            "vm_protection_enabled": false
          },
          "sensitive_attributes": [],
          "private": "eyJlMmJmYjczMC1lY2FhLTExZTYtOGY4OC0zNDM2M2JjN2M0YzAiOnsiY3JlYXRlIjoxODAwMDAwMDAwMDAwLCJkZWxldGUiOjE4MDAwMDAwMDAwMDAsInJlYWQiOjMwMDAwMDAwMDAwMCwidXBkYXRlIjoxODAwMDAwMDAwMDAwfX0=",
          "dependencies": [
            "azurerm_resource_group.this"
          ]
        }
      ]
    }
  ]
}
