{
  "version": 4,
  "terraform_version": "1.1.7",
  "serial": 219,
  "lineage": "2ea64840-2ab9-7d88-b127-a324bbe3c3de",
  "outputs": {},
  "resources": [
    {
      "mode": "data",
      "type": "azurerm_container_registry",
      "name": "ccscan",
      "provider": "provider[\"registry.terraform.io/hashicorp/azurerm\"]",
      "instances": [
        {
          "schema_version": 0,
          "attributes": {
            "admin_enabled": true,
            "admin_password": "G+ne4o=OfLOnl54VkbeFYO0U+AB2xQRc",
            "admin_username": "ccscan",
            "id": "/subscriptions/353e8b06-f9df-482d-9834-0f7a6d733e46/resourceGroups/ccscan-docker-registry/providers/Microsoft.ContainerRegistry/registries/ccscan",
            "location": "northeurope",
            "login_server": "ccscan.azurecr.io",
            "name": "ccscan",
            "resource_group_name": "ccscan-docker-registry",
            "sku": "Basic",
            "tags": {},
            "timeouts": null
          },
          "sensitive_attributes": []
        }
      ]
    },
    {
      "mode": "data",
      "type": "azurerm_key_vault",
      "name": "ccscan",
      "provider": "provider[\"registry.terraform.io/hashicorp/azurerm\"]",
      "instances": [
        {
          "schema_version": 0,
          "attributes": {
            "access_policy": [
              {
                "application_id": "",
                "certificate_permissions": [
                  "Get",
                  "List",
                  "Update",
                  "Create",
                  "Import",
                  "Delete",
                  "Recover",
                  "Backup",
                  "Restore",
                  "ManageContacts",
                  "ManageIssuers",
                  "GetIssuers",
                  "ListIssuers",
                  "SetIssuers",
                  "DeleteIssuers"
                ],
                "key_permissions": [
                  "Get",
                  "List",
                  "Update",
                  "Create",
                  "Import",
                  "Delete",
                  "Recover",
                  "Backup",
                  "Restore"
                ],
                "object_id": "961b3ab5-550f-467d-bcee-05bc1f281e91",
                "secret_permissions": [
                  "Get",
                  "List",
                  "Set",
                  "Delete",
                  "Recover",
                  "Backup",
                  "Restore"
                ],
                "storage_permissions": [],
                "tenant_id": "d8887c7c-49ad-4af9-86e5-46450b21bcb7"
              }
            ],
            "enable_rbac_authorization": true,
            "enabled_for_deployment": false,
            "enabled_for_disk_encryption": false,
            "enabled_for_template_deployment": false,
            "id": "/subscriptions/353e8b06-f9df-482d-9834-0f7a6d733e46/resourceGroups/ccscan-key-vault/providers/Microsoft.KeyVault/vaults/ccscan",
            "location": "northeurope",
            "name": "ccscan",
            "network_acls": [],
            "purge_protection_enabled": false,
            "resource_group_name": "ccscan-key-vault",
            "sku_name": "Standard",
            "tags": {},
            "tenant_id": "d8887c7c-49ad-4af9-86e5-46450b21bcb7",
            "timeouts": null,
            "vault_uri": "https://ccscan.vault.azure.net/"
          },
          "sensitive_attributes": []
        }
      ]
    },
    {
      "mode": "data",
      "type": "azurerm_key_vault_secret",
      "name": "ccnode-auth-token",
      "provider": "provider[\"registry.terraform.io/hashicorp/azurerm\"]",
      "instances": [
        {
          "schema_version": 0,
          "attributes": {
            "content_type": "",
            "id": "https://ccscan.vault.azure.net/secrets/dev-ccnode-auth-token/bbda7ad0f440408192ae33090cd77c6c",
            "key_vault_id": "/subscriptions/353e8b06-f9df-482d-9834-0f7a6d733e46/resourceGroups/ccscan-key-vault/providers/Microsoft.KeyVault/vaults/ccscan",
            "name": "dev-ccnode-auth-token",
            "tags": {},
            "timeouts": null,
            "value": "test-ccnode-auth-token",
            "version": "bbda7ad0f440408192ae33090cd77c6c",
            "versionless_id": "https://ccscan.vault.azure.net/secrets/dev-ccnode-auth-token"
          },
          "sensitive_attributes": []
        }
      ]
    },
    {
      "mode": "data",
      "type": "azurerm_key_vault_secret",
      "name": "godaddy-dns-api-key",
      "provider": "provider[\"registry.terraform.io/hashicorp/azurerm\"]",
      "instances": [
        {
          "schema_version": 0,
          "attributes": {
            "content_type": "",
            "id": "https://ccscan.vault.azure.net/secrets/godaddy-dns-api-key/95813f8789774aaba62baff1e54e0ecb",
            "key_vault_id": "/subscriptions/353e8b06-f9df-482d-9834-0f7a6d733e46/resourceGroups/ccscan-key-vault/providers/Microsoft.KeyVault/vaults/ccscan",
            "name": "godaddy-dns-api-key",
            "tags": {},
            "timeouts": null,
            "value": "dLYskneC4EUy_XdMQRuqVSwSof4HkZ1XceR",
            "version": "95813f8789774aaba62baff1e54e0ecb",
            "versionless_id": "https://ccscan.vault.azure.net/secrets/godaddy-dns-api-key"
          },
          "sensitive_attributes": []
        }
      ]
    },
    {
      "mode": "data",
      "type": "azurerm_key_vault_secret",
      "name": "godaddy-dns-api-key-secret",
      "provider": "provider[\"registry.terraform.io/hashicorp/azurerm\"]",
      "instances": [
        {
          "schema_version": 0,
          "attributes": {
            "content_type": "",
            "id": "https://ccscan.vault.azure.net/secrets/godaddy-dns-api-key-secret/27deaa19d1b24790ab3af55c987c39eb",
            "key_vault_id": "/subscriptions/353e8b06-f9df-482d-9834-0f7a6d733e46/resourceGroups/ccscan-key-vault/providers/Microsoft.KeyVault/vaults/ccscan",
            "name": "godaddy-dns-api-key-secret",
            "tags": {},
            "timeouts": null,
            "value": "QLT1cWagkwpEKejdbMwZ37",
            "version": "27deaa19d1b24790ab3af55c987c39eb",
            "versionless_id": "https://ccscan.vault.azure.net/secrets/godaddy-dns-api-key-secret"
          },
          "sensitive_attributes": []
        }
      ]
    },
    {
      "mode": "data",
      "type": "azurerm_key_vault_secret",
      "name": "postgres-password",
      "provider": "provider[\"registry.terraform.io/hashicorp/azurerm\"]",
      "instances": [
        {
          "schema_version": 0,
          "attributes": {
            "content_type": "",
            "id": "https://ccscan.vault.azure.net/secrets/dev-postgres-password/4f7063bfbe1745fdbc12a4e5af83bd80",
            "key_vault_id": "/subscriptions/353e8b06-f9df-482d-9834-0f7a6d733e46/resourceGroups/ccscan-key-vault/providers/Microsoft.KeyVault/vaults/ccscan",
            "name": "dev-postgres-password",
            "tags": {},
            "timeouts": null,
            "value": "Angora-cello-9457",
            "version": "4f7063bfbe1745fdbc12a4e5af83bd80",
            "versionless_id": "https://ccscan.vault.azure.net/secrets/dev-postgres-password"
          },
          "sensitive_attributes": []
        }
      ]
    },
    {
      "mode": "data",
      "type": "azurerm_key_vault_secret",
      "name": "ssl-cert-data",
      "provider": "provider[\"registry.terraform.io/hashicorp/azurerm\"]",
      "instances": [
        {
          "schema_version": 0,
          "attributes": {
            "content_type": "Base64 encoded PFX",
            "id": "https://ccscan.vault.azure.net/secrets/dev-sslcert-pfx/03ee942adf374777b680ea437d2fd1be",
            "key_vault_id": "/subscriptions/353e8b06-f9df-482d-9834-0f7a6d733e46/resourceGroups/ccscan-key-vault/providers/Microsoft.KeyVault/vaults/ccscan",
            "name": "dev-sslcert-pfx",
            "tags": {},
            "timeouts": null,
            "value": "MIACAQMwgAYJKoZIhvcNAQcBoIAkgASCA+gwgDCABgkqhkiG9w0BBwGggCSABIID6DCCBWswggVnBgsqhkiG9w0BDAoBAqCCBPowggT2MCgGCiqGSIb3DQEMAQMwGgQUgO2P1fPDglYGUzpt8qRzEiNMFuECAgQABIIEyFuTEJJRs2eL1dwMs6V4YfW48gLAXqAxl5zqXeexDP64UTKxBaDZ0pZ5uSsGQwqeEaN7INncMjxk0qTxrJqUpnMcXGz6OdxLSN6EXJovHc3Rf4JVjEyyz3tptX+h1RfPbyI/gUXepnwwKRMjjL7PunRO7JCcOVHSZmbfS3YsBIZ140jnhnuPty5G4vhP2gZQuP7e1KGMBZfiEW/1O08s0EpQXTi063Y3GQacUFal8rzKCO/yThal0+QhxyR2EyjspQyhZjaezRPxs5e9mN5DkJulcQhAVz7vH1f4jfvS3txH0Op5sOPzfDfL8GGVz0O373apWnQ/InIPqsAQi5wJjW6MYTB3rYrEcdhr3HoSvaB/lX47ET1+C9Mbg3BWqaAQsvOEwy9HKwOcIhpsE9e1Pq7wl0G7P9pVWelnss+dDFpR1E677AW9t2WziuI6PpfF4lPT+OT10gUjHtc5d1NpAHT5sSJS8ul+Nx3xkg6xp12I2eKZRvqc0iUsMpL0QfDNDnPek/FOoWUKOG5Gb65YT+dHv7hLBDYTPoLDN9meKCj+zZr/e1EqaIhhgmKAnNeAWv3JftP+7I6X528svqGKvducw1EctIB8R620hgqJ0nqllwXj+SXEy00E5ggk9Ok6HhqbRjSzViELBgeuwCqgkckVpYl5NsNBVH4ZA78bPPECEPGBmQINNr2g0r2h0BFCakzPMA7DsQ6HILtxgvwGJr0y5FY0IFf8HI17Jky3vodHBS5B4lOOqsajWj+kmpcl+7pCkVrzItx365mNY6l3qY7e74hG4k/AQo1TZiDIXXgV+o1m0f2KX335mzM2EuFeeVSKBtwsN10qNU2qgIE1R9PVvQYnRK5fP0Gf4jtMZwe4FqvqpQUuLB4U2mU0rr2anIGpxitJvdyl/IkIbDHsH3vUVEZjibyIYkSGpq6L1SzMb/vCFWrtF9nThfWv/aD+lcPr1yuaJO4wCD4TPocGEIOoyoB1yz9avxCrmeWthOnY9rRcZsNPHsWTwSGBXB/coY7PDWrhUuj7tWjr6II4lW+7RLG5mulC7ZGUHBjpIflyttvl8kuKPVrlAghNlYOsZ8PjEU1NNyDntaBNgV/2u2D7ZhUygnKvlQmpjTvCxTUoIGvqGsHXKhgQZpW7lNq+WVNJvZFZ8QZ55WyMciMTXQ6uzcxTgVuilhMA6H2tM4Ty+0beUJaABIID6FN1jbecr8pLnZTu+SZFwNc7wjJqpBZSBIIBhzY5AW+MCOP1dDbWN40hsryxSmgKmyhcjyqtdG9uLmT9r55qZ0iIR+nUsf8EUqKGY+WgOYFmmlSNc3pGDlp8104xxSFyF7FRy5BX574BOL5uwuz7WNSJD3QwbZqaqjcDlqEpT/nkoCJcHfjuD2eRw3eM+CiiZdm0esyj+HVPZ7lrzqE5KlZEgUUC92ELDwuVIWW/3QUI+Do7Kb/IJCOwJVy5L8RWSP6/8ofiGjo7GJ/HjwWkm6S7i/klHs1YEaaHBOehDU9TDKg5voVIsoN6MH96ZMoBmJ0zmwrfobwH+i6OkRaNws2PYsuLtsjAI6lSxF59Fqngx/PPMSaaF9dY1ZSdc0CZOWKjplLKflb44ch1qS39T6jxnmHDZuNCmPIFG4bIUzq73VlBvQgPMVowIwYJKoZIhvcNAQkVMRYEFIrEGI6hYy4n0gUW9Y9sc3jlr2CVMDMGCSqGSIb3DQEJFDEmHiQAZABlAHYALQBhAHAAaQAuAGMAYwBkAHMAYwBhAG4ALgBpAG8AAAAAAAAwgAYJKoZIhvcNAQcGoIAwgAIBADCABgkqhkiG9w0BBwEwKAYKKoZIhvcNAQwBBjAaBBR56zSVr8jnWTdicCiQv0AGj07lIAICBACggASCA+jmqwUeS4UVGhZXGYvvI3oj1J5LY10/V9DU+92o5BeLxWhOHdr8uWGAeR746rzpDzmmjW+f8N/2TORaQsF3OLx9cHRuvPYYlEgMuY+70j56AxTDYnAVZ2q7B/eslTq3j42gfDyJP5Z3YjiRGlDga8NLDg2VaNaZmG/ZtRS11njuwfvQat6u0e+/aHXTD/Q+HLPwSNKfFneLleJdI9LaCq7MENSm2CN9bh+po08Sjp48D95H0WrDGmnVzlkJEmQXYw0lsWmdwHzL2NjxFxF0eAPDi3Qy0NA+xOOZIstud4t0lXkk88fLM1Xn48qOzxU+8mhxldGeFVPPvLHA16j37IV2WOlhtpZ8+7L5HvfueLvsVJy+aOB0QDMLX+tgpIZ2ppNej5212QPA9NXNNcMYoatNNnWKbw0ABtP9of7s+3VygDekszWvUUN0mRaJTPM0QNxgp+apTWvyyoQUqkC9o9QHTEPf8tC5xvR+QsvEuUr5eQv24XYkm63wIX2jCxeYhJdll0Zr1KlotvxDvGyRGLNSKYyEBx/fkqzbnxgyTfOObtH7lE3wu9iyoT/4f+y435Sx3XNId3P7f9D95IH6BM8qo3+Ppa/Nc93y3qplQ+jbFn4QFkf/merF6+gpbz/7CwYj1u/aH2nxhJ8etwGGJ/kEggPoQF54Dt/GCcCp3O8wIbcrtN76cDpPifuBhTfe3YjnDgn7kVqNAZqYEdNEIh6MdncqtHJO7ZhXwQXuPLh2nfIeGf6kXG1O7eyM/aVKPw6WEu7ZXyJwSanOeARvELQwcySGbrxoXYoFLTn/DvNoHYJGkjXXzB0mCxhF1H3qChbxqT/seNTrKLNXa5+paF9Cew0w/WHnzjAjGeiOTwx5VONRboxwE4qPJmIauYij2RG1S9km2bEmKhrJyyz10VeP9YJJWOq2pyhljg8yjd16NIfkIMFIsZDmaK/rpRCXvxIU9kDBdh+pqKC7HpOvmwiwKUU+OMFfLh99vqSaTsEBGWise6qrKWcbHys+JeexX3KUoENl4Jomvb+Z866CndmoEwl5Zz00bZZ34XfxXJ+ki+14dgpz68uQYADUcaKXey6fCkIv/ZeoDt5gci4peQP0WhmabX5EdDk0Ul9zwRYDxlE3zopE5OeEl2weazVlUUK461JPmD41z56vnXsFEAR8ILBYaxLU4Goe5YQSwW73L6DfKBVfNSG94H+EcDZIaXrL5D98kqVH9q4LR4I2fIT1v0eoAyxI9SGz0UkplDXaRv8qgkK/XAjfolU15+nYZKfjgLKIFFhZJy1fxhztdkx1x3epzH6xx1iEnWIVA3av9olGo9dEdxTwlS7AtgSCAfBgNr1TAXE80m4zsn2bw2Nv9SEzEtos8/4b8JS4JrvClT9H1+XEPDzaZWPJiamXPTbxkhTIWe9v/Ri0Vsp+hztFW/MYaKLI5LqaWUImK7+VrFRAxmO87AnwGMq1MIYSiKRp81U0zkDiUY1nQqQsuDf8VUeRznZPasiRhfyMBEoHSRg1bkOOjQ+2NbU43JLAYq683pyonn3R852e41pK6+c8g+TddMLbOeHunjD0NApehEhK8ZbqLctAilxmi9nGquQigqWHE5jtTj0ha6dsA7TQdAinD32LxUZu5yOSO5IfFKPrgIrG2SxiLmIexf/xltwIOlST11SBpYp/DoE0kMRlz/LIz5NUIaneJLqSNzoYCJ6PWRNUIN74JEcCpYI0REud+lQ2DwTAphrvaOzNeQD2SwigtM52Cc6dl8PWRWd7QzSX2hpLdA15XgW1JQd1Rhtcbk739aOxhT0iuhGaZZTAqydZPI0FZER7Ensfg3jtdK/b5xNy04DsX7ie6CGEryAUxJl2Rx04DpBAghQDNsuDySYqz3Jkg19SW2D9ZxGeCLRyHQeAvSPjU/w6mQcZQTWymdtJ+8Uwgl2AQ8XzDJO4/Bs0JdkliNptMO7qpFJ/nPESozsHC3GdR/iaiika9JsPyQtW00/IVuFzZAQRAVcS7ygAAAAAAAAAAAAAAAAAAAAAAAAwPTAhMAkGBSsOAwIaBQAEFExBibz/DzydWtr6oWL83Y+mTB6nBBSFh2o0k352tm/L+BGzmiYlb8zqFwICBAAAAA==",
            "version": "03ee942adf374777b680ea437d2fd1be",
            "versionless_id": "https://ccscan.vault.azure.net/secrets/dev-sslcert-pfx"
          },
          "sensitive_attributes": []
        }
      ]
    },
    {
      "mode": "data",
      "type": "azurerm_key_vault_secret",
      "name": "ssl-cert-password",
      "provider": "provider[\"registry.terraform.io/hashicorp/azurerm\"]",
      "instances": [
        {
          "schema_version": 0,
          "attributes": {
            "content_type": "",
            "id": "https://ccscan.vault.azure.net/secrets/dev-sslcert-pfx-password/1cc12025348a46249f5f4dd20172bf22",
            "key_vault_id": "/subscriptions/353e8b06-f9df-482d-9834-0f7a6d733e46/resourceGroups/ccscan-key-vault/providers/Microsoft.KeyVault/vaults/ccscan",
            "name": "dev-sslcert-pfx-password",
            "tags": {
              "file-encoding": "utf-8"
            },
            "timeouts": null,
            "value": "oak-monster-pie",
            "version": "1cc12025348a46249f5f4dd20172bf22",
            "versionless_id": "https://ccscan.vault.azure.net/secrets/dev-sslcert-pfx-password"
          },
          "sensitive_attributes": []
        }
      ]
    },
    {
      "mode": "data",
      "type": "azurerm_ssh_public_key",
      "name": "ssh_vm",
      "provider": "provider[\"registry.terraform.io/hashicorp/azurerm\"]",
      "instances": [
        {
          "schema_version": 0,
          "attributes": {
            "id": "/subscriptions/353e8b06-f9df-482d-9834-0f7a6d733e46/resourceGroups/ccscan-ssh-keys/providers/Microsoft.Compute/sshPublicKeys/ssh-vm-dev",
            "name": "ssh-vm-dev",
            "public_key": "ssh-rsa AAAAB3NzaC1yc2EAAAADAQABAAABgQDGPxfl+k+KmgER8lQQqMnR2C408EWal+uhSHa30DvU+EA+NsSr6DxjAXkaRxJoCm7oYBhdiwbsTW/aND1D3RTmtCQ6xqJJyN2GQj3ceDPlw5wI9b9lvQAV3OTDWBG8XIsFEBUSMOiLUzUZ4uAATew35YfhdcIdKV78CgV+i0Zu/b2tWjWhuBhuNmcmJ7xQ9rssL7T/6+19iB1D9+Ume1CIcGrOoHWag9wcPII15ESnK8I7g+yhFGYvfy7xnixYnJcBEqKJW2/d+yNcJQZvFUczX+euIN4Vb6qS4yKl/RVpgxnYK2YSU1MCPFWAmweap9oowCRKw09Sq971rRcfz8yRbfnSkupuJaPWheQH+NyXgYtRRIhQUSCfmuGfX5JfiZ81ENb1TXYYHAY3h/EXnRTG126jPJiqOLI1k8wpJgArF4pN+9lkmQ7VnuQ8VGEglvgHdW3+eS8glOogovOScHcYVrjtWBTqa6Z74j8tlG0j/Spx1GVwWJvPptHFEgwAEP0= generated-by-azure",
            "resource_group_name": "ccscan-ssh-keys",
            "tags": {},
            "timeouts": null
          },
          "sensitive_attributes": []
        }
      ]
    },
    {
      "mode": "managed",
      "type": "azurerm_application_gateway",
      "name": "this",
      "provider": "provider[\"registry.terraform.io/hashicorp/azurerm\"]",
      "instances": [
        {
          "schema_version": 0,
          "attributes": {
            "authentication_certificate": [],
            "autoscale_configuration": [],
            "backend_address_pool": [
              {
                "fqdns": [],
                "id": "/subscriptions/353e8b06-f9df-482d-9834-0f7a6d733e46/resourceGroups/ccscan-env-dev/providers/Microsoft.Network/applicationGateways/app-gateway/backendAddressPools/app-gateway-backends",
                "ip_addresses": [],
                "name": "app-gateway-backends"
              }
            ],
            "backend_http_settings": [
              {
                "affinity_cookie_name": "",
                "authentication_certificate": [],
                "connection_draining": [],
                "cookie_based_affinity": "Disabled",
                "host_name": "",
                "id": "/subscriptions/353e8b06-f9df-482d-9834-0f7a6d733e46/resourceGroups/ccscan-env-dev/providers/Microsoft.Network/applicationGateways/app-gateway/backendHttpSettingsCollection/mainnet-http-settings",
                "name": "mainnet-http-settings",
                "path": "",
                "pick_host_name_from_backend_address": true,
                "port": 5000,
                "probe_id": "/subscriptions/353e8b06-f9df-482d-9834-0f7a6d733e46/resourceGroups/ccscan-env-dev/providers/Microsoft.Network/applicationGateways/app-gateway/probes/health-probe",
                "probe_name": "health-probe",
                "protocol": "Http",
                "request_timeout": 20,
                "trusted_root_certificate_names": []
              },
              {
                "affinity_cookie_name": "",
                "authentication_certificate": [],
                "connection_draining": [],
                "cookie_based_affinity": "Disabled",
                "host_name": "",
                "id": "/subscriptions/353e8b06-f9df-482d-9834-0f7a6d733e46/resourceGroups/ccscan-env-dev/providers/Microsoft.Network/applicationGateways/app-gateway/backendHttpSettingsCollection/testnet-http-settings",
                "name": "testnet-http-settings",
                "path": "",
                "pick_host_name_from_backend_address": true,
                "port": 5001,
                "probe_id": "/subscriptions/353e8b06-f9df-482d-9834-0f7a6d733e46/resourceGroups/ccscan-env-dev/providers/Microsoft.Network/applicationGateways/app-gateway/probes/health-probe",
                "probe_name": "health-probe",
                "protocol": "Http",
                "request_timeout": 20,
                "trusted_root_certificate_names": []
              }
            ],
            "custom_error_configuration": [],
            "enable_http2": false,
            "fips_enabled": false,
            "firewall_policy_id": null,
            "force_firewall_policy_association": false,
            "frontend_ip_configuration": [
              {
                "id": "/subscriptions/353e8b06-f9df-482d-9834-0f7a6d733e46/resourceGroups/ccscan-env-dev/providers/Microsoft.Network/applicationGateways/app-gateway/frontendIPConfigurations/app-gateway-feip",
                "name": "app-gateway-feip",
                "private_ip_address": "",
                "private_ip_address_allocation": "Dynamic",
                "private_link_configuration_id": "",
                "private_link_configuration_name": "",
                "public_ip_address_id": "/subscriptions/353e8b06-f9df-482d-9834-0f7a6d733e46/resourceGroups/ccscan-env-dev/providers/Microsoft.Network/publicIPAddresses/app-gateway-pip",
                "subnet_id": ""
              }
            ],
            "frontend_port": [
              {
                "id": "/subscriptions/353e8b06-f9df-482d-9834-0f7a6d733e46/resourceGroups/ccscan-env-dev/providers/Microsoft.Network/applicationGateways/app-gateway/frontendPorts/app-gateway-feport",
                "name": "app-gateway-feport",
                "port": 443
              }
            ],
            "gateway_ip_configuration": [
              {
                "id": "/subscriptions/353e8b06-f9df-482d-9834-0f7a6d733e46/resourceGroups/ccscan-env-dev/providers/Microsoft.Network/applicationGateways/app-gateway/gatewayIPConfigurations/gateway-ip-configuration",
                "name": "gateway-ip-configuration",
                "subnet_id": "/subscriptions/353e8b06-f9df-482d-9834-0f7a6d733e46/resourceGroups/ccscan-env-dev/providers/Microsoft.Network/virtualNetworks/vnet/subnets/snet-frontend"
              }
            ],
            "http_listener": [
              {
                "custom_error_configuration": [],
                "firewall_policy_id": "",
                "frontend_ip_configuration_id": "/subscriptions/353e8b06-f9df-482d-9834-0f7a6d733e46/resourceGroups/ccscan-env-dev/providers/Microsoft.Network/applicationGateways/app-gateway/frontendIPConfigurations/app-gateway-feip",
                "frontend_ip_configuration_name": "app-gateway-feip",
                "frontend_port_id": "/subscriptions/353e8b06-f9df-482d-9834-0f7a6d733e46/resourceGroups/ccscan-env-dev/providers/Microsoft.Network/applicationGateways/app-gateway/frontendPorts/app-gateway-feport",
                "frontend_port_name": "app-gateway-feport",
                "host_name": "mainnet.dev-api.ccdscan.io",
                "host_names": [],
                "id": "/subscriptions/353e8b06-f9df-482d-9834-0f7a6d733e46/resourceGroups/ccscan-env-dev/providers/Microsoft.Network/applicationGateways/app-gateway/httpListeners/mainnet-listener",
                "name": "mainnet-listener",
                "protocol": "Https",
                "require_sni": false,
                "ssl_certificate_id": "/subscriptions/353e8b06-f9df-482d-9834-0f7a6d733e46/resourceGroups/ccscan-env-dev/providers/Microsoft.Network/applicationGateways/app-gateway/sslCertificates/ssl",
                "ssl_certificate_name": "ssl",
                "ssl_profile_id": "",
                "ssl_profile_name": ""
              },
              {
                "custom_error_configuration": [],
                "firewall_policy_id": "",
                "frontend_ip_configuration_id": "/subscriptions/353e8b06-f9df-482d-9834-0f7a6d733e46/resourceGroups/ccscan-env-dev/providers/Microsoft.Network/applicationGateways/app-gateway/frontendIPConfigurations/app-gateway-feip",
                "frontend_ip_configuration_name": "app-gateway-feip",
                "frontend_port_id": "/subscriptions/353e8b06-f9df-482d-9834-0f7a6d733e46/resourceGroups/ccscan-env-dev/providers/Microsoft.Network/applicationGateways/app-gateway/frontendPorts/app-gateway-feport",
                "frontend_port_name": "app-gateway-feport",
                "host_name": "staging-mainnet.dev-api.ccdscan.io",
                "host_names": [],
                "id": "/subscriptions/353e8b06-f9df-482d-9834-0f7a6d733e46/resourceGroups/ccscan-env-dev/providers/Microsoft.Network/applicationGateways/app-gateway/httpListeners/mainnet-staging-listener",
                "name": "mainnet-staging-listener",
                "protocol": "Https",
                "require_sni": false,
                "ssl_certificate_id": "/subscriptions/353e8b06-f9df-482d-9834-0f7a6d733e46/resourceGroups/ccscan-env-dev/providers/Microsoft.Network/applicationGateways/app-gateway/sslCertificates/ssl",
                "ssl_certificate_name": "ssl",
                "ssl_profile_id": "",
                "ssl_profile_name": ""
              },
              {
                "custom_error_configuration": [],
                "firewall_policy_id": "",
                "frontend_ip_configuration_id": "/subscriptions/353e8b06-f9df-482d-9834-0f7a6d733e46/resourceGroups/ccscan-env-dev/providers/Microsoft.Network/applicationGateways/app-gateway/frontendIPConfigurations/app-gateway-feip",
                "frontend_ip_configuration_name": "app-gateway-feip",
                "frontend_port_id": "/subscriptions/353e8b06-f9df-482d-9834-0f7a6d733e46/resourceGroups/ccscan-env-dev/providers/Microsoft.Network/applicationGateways/app-gateway/frontendPorts/app-gateway-feport",
                "frontend_port_name": "app-gateway-feport",
                "host_name": "staging-testnet.dev-api.ccdscan.io",
                "host_names": [],
                "id": "/subscriptions/353e8b06-f9df-482d-9834-0f7a6d733e46/resourceGroups/ccscan-env-dev/providers/Microsoft.Network/applicationGateways/app-gateway/httpListeners/testnet-staging-listener",
                "name": "testnet-staging-listener",
                "protocol": "Https",
                "require_sni": false,
                "ssl_certificate_id": "/subscriptions/353e8b06-f9df-482d-9834-0f7a6d733e46/resourceGroups/ccscan-env-dev/providers/Microsoft.Network/applicationGateways/app-gateway/sslCertificates/ssl",
                "ssl_certificate_name": "ssl",
                "ssl_profile_id": "",
                "ssl_profile_name": ""
              },
              {
                "custom_error_configuration": [],
                "firewall_policy_id": "",
                "frontend_ip_configuration_id": "/subscriptions/353e8b06-f9df-482d-9834-0f7a6d733e46/resourceGroups/ccscan-env-dev/providers/Microsoft.Network/applicationGateways/app-gateway/frontendIPConfigurations/app-gateway-feip",
                "frontend_ip_configuration_name": "app-gateway-feip",
                "frontend_port_id": "/subscriptions/353e8b06-f9df-482d-9834-0f7a6d733e46/resourceGroups/ccscan-env-dev/providers/Microsoft.Network/applicationGateways/app-gateway/frontendPorts/app-gateway-feport",
                "frontend_port_name": "app-gateway-feport",
                "host_name": "testnet.dev-api.ccdscan.io",
                "host_names": [],
                "id": "/subscriptions/353e8b06-f9df-482d-9834-0f7a6d733e46/resourceGroups/ccscan-env-dev/providers/Microsoft.Network/applicationGateways/app-gateway/httpListeners/testnet-listener",
                "name": "testnet-listener",
                "protocol": "Https",
                "require_sni": false,
                "ssl_certificate_id": "/subscriptions/353e8b06-f9df-482d-9834-0f7a6d733e46/resourceGroups/ccscan-env-dev/providers/Microsoft.Network/applicationGateways/app-gateway/sslCertificates/ssl",
                "ssl_certificate_name": "ssl",
                "ssl_profile_id": "",
                "ssl_profile_name": ""
              }
            ],
            "id": "/subscriptions/353e8b06-f9df-482d-9834-0f7a6d733e46/resourceGroups/ccscan-env-dev/providers/Microsoft.Network/applicationGateways/app-gateway",
            "identity": [],
            "location": "northeurope",
            "name": "app-gateway",
            "private_endpoint_connection": [],
            "private_link_configuration": [],
            "probe": [
              {
                "host": "",
                "id": "/subscriptions/353e8b06-f9df-482d-9834-0f7a6d733e46/resourceGroups/ccscan-env-dev/providers/Microsoft.Network/applicationGateways/app-gateway/probes/health-probe",
                "interval": 30,
                "match": [
                  {
                    "body": "",
                    "status_code": [
                      "200-399"
                    ]
                  }
                ],
                "minimum_servers": 0,
                "name": "health-probe",
                "path": "/rest/health",
                "pick_host_name_from_backend_http_settings": true,
                "port": 0,
                "protocol": "Http",
                "timeout": 30,
                "unhealthy_threshold": 3
              }
            ],
            "redirect_configuration": [],
            "request_routing_rule": [
              {
                "backend_address_pool_id": "/subscriptions/353e8b06-f9df-482d-9834-0f7a6d733e46/resourceGroups/ccscan-env-dev/providers/Microsoft.Network/applicationGateways/app-gateway/backendAddressPools/app-gateway-backends",
                "backend_address_pool_name": "app-gateway-backends",
                "backend_http_settings_id": "/subscriptions/353e8b06-f9df-482d-9834-0f7a6d733e46/resourceGroups/ccscan-env-dev/providers/Microsoft.Network/applicationGateways/app-gateway/backendHttpSettingsCollection/mainnet-http-settings",
                "backend_http_settings_name": "mainnet-http-settings",
                "http_listener_id": "/subscriptions/353e8b06-f9df-482d-9834-0f7a6d733e46/resourceGroups/ccscan-env-dev/providers/Microsoft.Network/applicationGateways/app-gateway/httpListeners/mainnet-listener",
                "http_listener_name": "mainnet-listener",
                "id": "/subscriptions/353e8b06-f9df-482d-9834-0f7a6d733e46/resourceGroups/ccscan-env-dev/providers/Microsoft.Network/applicationGateways/app-gateway/requestRoutingRules/mainnet-redirect",
                "name": "mainnet-redirect",
                "priority": 0,
                "redirect_configuration_id": "",
                "redirect_configuration_name": "",
                "rewrite_rule_set_id": "",
                "rewrite_rule_set_name": "",
                "rule_type": "Basic",
                "url_path_map_id": "",
                "url_path_map_name": ""
              },
              {
                "backend_address_pool_id": "/subscriptions/353e8b06-f9df-482d-9834-0f7a6d733e46/resourceGroups/ccscan-env-dev/providers/Microsoft.Network/applicationGateways/app-gateway/backendAddressPools/app-gateway-backends",
                "backend_address_pool_name": "app-gateway-backends",
                "backend_http_settings_id": "/subscriptions/353e8b06-f9df-482d-9834-0f7a6d733e46/resourceGroups/ccscan-env-dev/providers/Microsoft.Network/applicationGateways/app-gateway/backendHttpSettingsCollection/mainnet-http-settings",
                "backend_http_settings_name": "mainnet-http-settings",
                "http_listener_id": "/subscriptions/353e8b06-f9df-482d-9834-0f7a6d733e46/resourceGroups/ccscan-env-dev/providers/Microsoft.Network/applicationGateways/app-gateway/httpListeners/mainnet-staging-listener",
                "http_listener_name": "mainnet-staging-listener",
                "id": "/subscriptions/353e8b06-f9df-482d-9834-0f7a6d733e46/resourceGroups/ccscan-env-dev/providers/Microsoft.Network/applicationGateways/app-gateway/requestRoutingRules/mainnet-staging-redirect",
                "name": "mainnet-staging-redirect",
                "priority": 0,
                "redirect_configuration_id": "",
                "redirect_configuration_name": "",
                "rewrite_rule_set_id": "",
                "rewrite_rule_set_name": "",
                "rule_type": "Basic",
                "url_path_map_id": "",
                "url_path_map_name": ""
              },
              {
                "backend_address_pool_id": "/subscriptions/353e8b06-f9df-482d-9834-0f7a6d733e46/resourceGroups/ccscan-env-dev/providers/Microsoft.Network/applicationGateways/app-gateway/backendAddressPools/app-gateway-backends",
                "backend_address_pool_name": "app-gateway-backends",
                "backend_http_settings_id": "/subscriptions/353e8b06-f9df-482d-9834-0f7a6d733e46/resourceGroups/ccscan-env-dev/providers/Microsoft.Network/applicationGateways/app-gateway/backendHttpSettingsCollection/testnet-http-settings",
                "backend_http_settings_name": "testnet-http-settings",
                "http_listener_id": "/subscriptions/353e8b06-f9df-482d-9834-0f7a6d733e46/resourceGroups/ccscan-env-dev/providers/Microsoft.Network/applicationGateways/app-gateway/httpListeners/testnet-listener",
                "http_listener_name": "testnet-listener",
                "id": "/subscriptions/353e8b06-f9df-482d-9834-0f7a6d733e46/resourceGroups/ccscan-env-dev/providers/Microsoft.Network/applicationGateways/app-gateway/requestRoutingRules/testnet-redirect",
                "name": "testnet-redirect",
                "priority": 0,
                "redirect_configuration_id": "",
                "redirect_configuration_name": "",
                "rewrite_rule_set_id": "",
                "rewrite_rule_set_name": "",
                "rule_type": "Basic",
                "url_path_map_id": "",
                "url_path_map_name": ""
              },
              {
                "backend_address_pool_id": "/subscriptions/353e8b06-f9df-482d-9834-0f7a6d733e46/resourceGroups/ccscan-env-dev/providers/Microsoft.Network/applicationGateways/app-gateway/backendAddressPools/app-gateway-backends",
                "backend_address_pool_name": "app-gateway-backends",
                "backend_http_settings_id": "/subscriptions/353e8b06-f9df-482d-9834-0f7a6d733e46/resourceGroups/ccscan-env-dev/providers/Microsoft.Network/applicationGateways/app-gateway/backendHttpSettingsCollection/testnet-http-settings",
                "backend_http_settings_name": "testnet-http-settings",
                "http_listener_id": "/subscriptions/353e8b06-f9df-482d-9834-0f7a6d733e46/resourceGroups/ccscan-env-dev/providers/Microsoft.Network/applicationGateways/app-gateway/httpListeners/testnet-staging-listener",
                "http_listener_name": "testnet-staging-listener",
                "id": "/subscriptions/353e8b06-f9df-482d-9834-0f7a6d733e46/resourceGroups/ccscan-env-dev/providers/Microsoft.Network/applicationGateways/app-gateway/requestRoutingRules/testnet-staging-redirect",
                "name": "testnet-staging-redirect",
                "priority": 0,
                "redirect_configuration_id": "",
                "redirect_configuration_name": "",
                "rewrite_rule_set_id": "",
                "rewrite_rule_set_name": "",
                "rule_type": "Basic",
                "url_path_map_id": "",
                "url_path_map_name": ""
              }
            ],
            "resource_group_name": "ccscan-env-dev",
            "rewrite_rule_set": [],
            "sku": [
              {
                "capacity": 1,
                "name": "Standard_Small",
                "tier": "Standard"
              }
            ],
            "ssl_certificate": [
              {
                "data": "MIACAQMwgAYJKoZIhvcNAQcBoIAkgASCA+gwgDCABgkqhkiG9w0BBwGggCSABIID6DCCBWswggVnBgsqhkiG9w0BDAoBAqCCBPowggT2MCgGCiqGSIb3DQEMAQMwGgQUgO2P1fPDglYGUzpt8qRzEiNMFuECAgQABIIEyFuTEJJRs2eL1dwMs6V4YfW48gLAXqAxl5zqXeexDP64UTKxBaDZ0pZ5uSsGQwqeEaN7INncMjxk0qTxrJqUpnMcXGz6OdxLSN6EXJovHc3Rf4JVjEyyz3tptX+h1RfPbyI/gUXepnwwKRMjjL7PunRO7JCcOVHSZmbfS3YsBIZ140jnhnuPty5G4vhP2gZQuP7e1KGMBZfiEW/1O08s0EpQXTi063Y3GQacUFal8rzKCO/yThal0+QhxyR2EyjspQyhZjaezRPxs5e9mN5DkJulcQhAVz7vH1f4jfvS3txH0Op5sOPzfDfL8GGVz0O373apWnQ/InIPqsAQi5wJjW6MYTB3rYrEcdhr3HoSvaB/lX47ET1+C9Mbg3BWqaAQsvOEwy9HKwOcIhpsE9e1Pq7wl0G7P9pVWelnss+dDFpR1E677AW9t2WziuI6PpfF4lPT+OT10gUjHtc5d1NpAHT5sSJS8ul+Nx3xkg6xp12I2eKZRvqc0iUsMpL0QfDNDnPek/FOoWUKOG5Gb65YT+dHv7hLBDYTPoLDN9meKCj+zZr/e1EqaIhhgmKAnNeAWv3JftP+7I6X528svqGKvducw1EctIB8R620hgqJ0nqllwXj+SXEy00E5ggk9Ok6HhqbRjSzViELBgeuwCqgkckVpYl5NsNBVH4ZA78bPPECEPGBmQINNr2g0r2h0BFCakzPMA7DsQ6HILtxgvwGJr0y5FY0IFf8HI17Jky3vodHBS5B4lOOqsajWj+kmpcl+7pCkVrzItx365mNY6l3qY7e74hG4k/AQo1TZiDIXXgV+o1m0f2KX335mzM2EuFeeVSKBtwsN10qNU2qgIE1R9PVvQYnRK5fP0Gf4jtMZwe4FqvqpQUuLB4U2mU0rr2anIGpxitJvdyl/IkIbDHsH3vUVEZjibyIYkSGpq6L1SzMb/vCFWrtF9nThfWv/aD+lcPr1yuaJO4wCD4TPocGEIOoyoB1yz9avxCrmeWthOnY9rRcZsNPHsWTwSGBXB/coY7PDWrhUuj7tWjr6II4lW+7RLG5mulC7ZGUHBjpIflyttvl8kuKPVrlAghNlYOsZ8PjEU1NNyDntaBNgV/2u2D7ZhUygnKvlQmpjTvCxTUoIGvqGsHXKhgQZpW7lNq+WVNJvZFZ8QZ55WyMciMTXQ6uzcxTgVuilhMA6H2tM4Ty+0beUJaABIID6FN1jbecr8pLnZTu+SZFwNc7wjJqpBZSBIIBhzY5AW+MCOP1dDbWN40hsryxSmgKmyhcjyqtdG9uLmT9r55qZ0iIR+nUsf8EUqKGY+WgOYFmmlSNc3pGDlp8104xxSFyF7FRy5BX574BOL5uwuz7WNSJD3QwbZqaqjcDlqEpT/nkoCJcHfjuD2eRw3eM+CiiZdm0esyj+HVPZ7lrzqE5KlZEgUUC92ELDwuVIWW/3QUI+Do7Kb/IJCOwJVy5L8RWSP6/8ofiGjo7GJ/HjwWkm6S7i/klHs1YEaaHBOehDU9TDKg5voVIsoN6MH96ZMoBmJ0zmwrfobwH+i6OkRaNws2PYsuLtsjAI6lSxF59Fqngx/PPMSaaF9dY1ZSdc0CZOWKjplLKflb44ch1qS39T6jxnmHDZuNCmPIFG4bIUzq73VlBvQgPMVowIwYJKoZIhvcNAQkVMRYEFIrEGI6hYy4n0gUW9Y9sc3jlr2CVMDMGCSqGSIb3DQEJFDEmHiQAZABlAHYALQBhAHAAaQAuAGMAYwBkAHMAYwBhAG4ALgBpAG8AAAAAAAAwgAYJKoZIhvcNAQcGoIAwgAIBADCABgkqhkiG9w0BBwEwKAYKKoZIhvcNAQwBBjAaBBR56zSVr8jnWTdicCiQv0AGj07lIAICBACggASCA+jmqwUeS4UVGhZXGYvvI3oj1J5LY10/V9DU+92o5BeLxWhOHdr8uWGAeR746rzpDzmmjW+f8N/2TORaQsF3OLx9cHRuvPYYlEgMuY+70j56AxTDYnAVZ2q7B/eslTq3j42gfDyJP5Z3YjiRGlDga8NLDg2VaNaZmG/ZtRS11njuwfvQat6u0e+/aHXTD/Q+HLPwSNKfFneLleJdI9LaCq7MENSm2CN9bh+po08Sjp48D95H0WrDGmnVzlkJEmQXYw0lsWmdwHzL2NjxFxF0eAPDi3Qy0NA+xOOZIstud4t0lXkk88fLM1Xn48qOzxU+8mhxldGeFVPPvLHA16j37IV2WOlhtpZ8+7L5HvfueLvsVJy+aOB0QDMLX+tgpIZ2ppNej5212QPA9NXNNcMYoatNNnWKbw0ABtP9of7s+3VygDekszWvUUN0mRaJTPM0QNxgp+apTWvyyoQUqkC9o9QHTEPf8tC5xvR+QsvEuUr5eQv24XYkm63wIX2jCxeYhJdll0Zr1KlotvxDvGyRGLNSKYyEBx/fkqzbnxgyTfOObtH7lE3wu9iyoT/4f+y435Sx3XNId3P7f9D95IH6BM8qo3+Ppa/Nc93y3qplQ+jbFn4QFkf/merF6+gpbz/7CwYj1u/aH2nxhJ8etwGGJ/kEggPoQF54Dt/GCcCp3O8wIbcrtN76cDpPifuBhTfe3YjnDgn7kVqNAZqYEdNEIh6MdncqtHJO7ZhXwQXuPLh2nfIeGf6kXG1O7eyM/aVKPw6WEu7ZXyJwSanOeARvELQwcySGbrxoXYoFLTn/DvNoHYJGkjXXzB0mCxhF1H3qChbxqT/seNTrKLNXa5+paF9Cew0w/WHnzjAjGeiOTwx5VONRboxwE4qPJmIauYij2RG1S9km2bEmKhrJyyz10VeP9YJJWOq2pyhljg8yjd16NIfkIMFIsZDmaK/rpRCXvxIU9kDBdh+pqKC7HpOvmwiwKUU+OMFfLh99vqSaTsEBGWise6qrKWcbHys+JeexX3KUoENl4Jomvb+Z866CndmoEwl5Zz00bZZ34XfxXJ+ki+14dgpz68uQYADUcaKXey6fCkIv/ZeoDt5gci4peQP0WhmabX5EdDk0Ul9zwRYDxlE3zopE5OeEl2weazVlUUK461JPmD41z56vnXsFEAR8ILBYaxLU4Goe5YQSwW73L6DfKBVfNSG94H+EcDZIaXrL5D98kqVH9q4LR4I2fIT1v0eoAyxI9SGz0UkplDXaRv8qgkK/XAjfolU15+nYZKfjgLKIFFhZJy1fxhztdkx1x3epzH6xx1iEnWIVA3av9olGo9dEdxTwlS7AtgSCAfBgNr1TAXE80m4zsn2bw2Nv9SEzEtos8/4b8JS4JrvClT9H1+XEPDzaZWPJiamXPTbxkhTIWe9v/Ri0Vsp+hztFW/MYaKLI5LqaWUImK7+VrFRAxmO87AnwGMq1MIYSiKRp81U0zkDiUY1nQqQsuDf8VUeRznZPasiRhfyMBEoHSRg1bkOOjQ+2NbU43JLAYq683pyonn3R852e41pK6+c8g+TddMLbOeHunjD0NApehEhK8ZbqLctAilxmi9nGquQigqWHE5jtTj0ha6dsA7TQdAinD32LxUZu5yOSO5IfFKPrgIrG2SxiLmIexf/xltwIOlST11SBpYp/DoE0kMRlz/LIz5NUIaneJLqSNzoYCJ6PWRNUIN74JEcCpYI0REud+lQ2DwTAphrvaOzNeQD2SwigtM52Cc6dl8PWRWd7QzSX2hpLdA15XgW1JQd1Rhtcbk739aOxhT0iuhGaZZTAqydZPI0FZER7Ensfg3jtdK/b5xNy04DsX7ie6CGEryAUxJl2Rx04DpBAghQDNsuDySYqz3Jkg19SW2D9ZxGeCLRyHQeAvSPjU/w6mQcZQTWymdtJ+8Uwgl2AQ8XzDJO4/Bs0JdkliNptMO7qpFJ/nPESozsHC3GdR/iaiika9JsPyQtW00/IVuFzZAQRAVcS7ygAAAAAAAAAAAAAAAAAAAAAAAAwPTAhMAkGBSsOAwIaBQAEFExBibz/DzydWtr6oWL83Y+mTB6nBBSFh2o0k352tm/L+BGzmiYlb8zqFwICBAAAAA==",
                "id": "/subscriptions/353e8b06-f9df-482d-9834-0f7a6d733e46/resourceGroups/ccscan-env-dev/providers/Microsoft.Network/applicationGateways/app-gateway/sslCertificates/ssl",
                "key_vault_secret_id": "",
                "name": "ssl",
                "password": "oak-monster-pie",
                "public_cert_data": "MIIFbwYJKoZIhvcNAQcCoIIFYDCCBVwCAQExADALBgkqhkiG9w0BBwGgggVEMIIFQDCCBCigAwIBAgISA4Emg9iu/UVpu10wBSmDwSxoMA0GCSqGSIb3DQEBCwUAMDIxCzAJBgNVBAYTAlVTMRYwFAYDVQQKEw1MZXQncyBFbmNyeXB0MQswCQYDVQQDEwJSMzAeFw0yMjA2MTMwODAxMzdaFw0yMjA5MTEwODAxMzZaMB0xGzAZBgNVBAMTEmRldi1hcGkuY2Nkc2Nhbi5pbzCCASIwDQYJKoZIhvcNAQEBBQADggEPADCCAQoCggEBAIFrmJkKOMz1a7C4Ea+R7jh0VflUE72IiGhbM82EOLKC2WylPatTv//gu70vnTXW1bjDTQ9A7P8PaHZwc9hvIgQTzgUg7EIQ0MrpqjkAGncY0wpQMxnW5ZXbNfQUQdz3Ebyd/jlicPnh9BpFO3X99qWKnBpZW4L0hPxzW3w0QQ0ajDi2vstPkg5Obe5swarVwNkcTO/yTQ+EkiQ4107Q/Taba2veVuxqqcZQpT2/SOG5OoGNShHJk0Pch+1nEKa9doV1xu2ciyogytXFyq+ufHik7wp/uQhqx+BWUpw5KyiivufT6lgYhJElqgehDwOniWOJWuWCRhH0+IPaBuBlQx0CAwEAAaOCAmMwggJfMA4GA1UdDwEB/wQEAwIFoDAdBgNVHSUEFjAUBggrBgEFBQcDAQYIKwYBBQUHAwIwDAYDVR0TAQH/BAIwADAdBgNVHQ4EFgQUisQYjqFjLifSBRb1j2xzeOWvYJUwHwYDVR0jBBgwFoAUFC6zF7dYVsuuUAlA5h+vnYsUwsYwVQYIKwYBBQUHAQEESTBHMCEGCCsGAQUFBzABhhVodHRwOi8vcjMuby5sZW5jci5vcmcwIgYIKwYBBQUHMAKGFmh0dHA6Ly9yMy5pLmxlbmNyLm9yZy8wMwYDVR0RBCwwKoIUKi5kZXYtYXBpLmNjZHNjYW4uaW+CEmRldi1hcGkuY2Nkc2Nhbi5pbzBMBgNVHSAERTBDMAgGBmeBDAECATA3BgsrBgEEAYLfEwEBATAoMCYGCCsGAQUFBwIBFhpodHRwOi8vY3BzLmxldHNlbmNyeXB0Lm9yZzCCAQQGCisGAQQB1nkCBAIEgfUEgfIA8AB1AN+lXqtogk8fbK3uuF9OPlrqzaISpGpejjsSwCBEXCpzAAABgVxMD8oAAAQDAEYwRAIgPnP+QqWZJsqQPtLW/deNnF1v5Gyn/ONtxQTDfZtQCDkCIG72QCWWiTe013e65wywCwA+Zk2c38I0+ASehQz3oLajAHcARqVV63X6kSAwtaKJafTzfREsQXS+/Um4havy/HD+bUcAAAGBXEwP7gAABAMASDBGAiEAqAesTKGksQRpCvjzpJcMrmvnw/JBTbP/+Hhd12lAvFYCIQCbfPi0tJh+8wP3sj9IlVno1U/OMPmJJH+73lpJIWcKLTANBgkqhkiG9w0BAQsFAAOCAQEAqxgwPV2Vs9gbZgYY9d4TZQnYgT+eBYBkYZ5dcDcd4iUxi3oPbK48JCjTK6HyhU+v7RmzKdR6txhKU3KnoB9DbUsmMj5XmV0yLrqnQHSlDkw7OgwjfErmNE7VCRjzHDx/npbD60kd/G/FZHB8gQI9cr4PMB8e8iaZsAEtnQbglwVgHRbl156xKF7hc5XyltnDdlNQkaMJ67wkmXLuoEXCCOQCUOu7x7CDq9QeikAsNfdLcWnduC8foxmEcTBXAQ1Yb8MtkgOQC8rEg6JGyxikpTAn3bAJLRvEoI1Jn4oS3NHjdXOKsFLPSAPgjE/iXVVIpLqsh0sG3KF1EOO8veEX0jEA"
              }
            ],
            "ssl_policy": [
              {
                "cipher_suites": [],
                "disabled_protocols": [],
                "min_protocol_version": "",
                "policy_name": "AppGwSslPolicy20150501",
                "policy_type": "Predefined"
              }
            ],
            "ssl_profile": [],
            "tags": {},
            "timeouts": null,
            "trusted_client_certificate": [],
            "trusted_root_certificate": [],
            "url_path_map": [],
            "waf_configuration": [],
            "zones": []
          },
          "sensitive_attributes": [
            [
              {
                "type": "get_attr",
                "value": "ssl_certificate"
              }
            ]
          ],
          "private": "eyJlMmJmYjczMC1lY2FhLTExZTYtOGY4OC0zNDM2M2JjN2M0YzAiOnsiY3JlYXRlIjo1NDAwMDAwMDAwMDAwLCJkZWxldGUiOjU0MDAwMDAwMDAwMDAsInJlYWQiOjMwMDAwMDAwMDAwMCwidXBkYXRlIjo1NDAwMDAwMDAwMDAwfX0=",
          "dependencies": [
            "azurerm_public_ip.app-gw",
            "azurerm_resource_group.this",
            "azurerm_subnet.frontend",
            "azurerm_virtual_network.this",
            "data.azurerm_key_vault.ccscan",
            "data.azurerm_key_vault_secret.ssl-cert-data",
            "data.azurerm_key_vault_secret.ssl-cert-password"
          ]
        }
      ]
    },
    {
      "mode": "managed",
      "type": "azurerm_automation_account",
      "name": "this",
      "provider": "provider[\"registry.terraform.io/hashicorp/azurerm\"]",
      "instances": [
        {
          "schema_version": 0,
          "attributes": {
            "dsc_primary_access_key": "MAB64A8LIhy970F9GRMYVnCXAsL+ytEuXYEXxBdy8iVPMUub9pMzaEd9pw3lEKWmc1f5bDdOipzi9VqAD/AEdA==",
            "dsc_secondary_access_key": "lGDB6Z90xezx0/s/YLBBWCDQVZz6rpPHdBHetkVjVTxVQ6PqIvsU1dSiJ5nun/IN0eEXDmif9yARRnQ8M0DvBA==",
            "dsc_server_endpoint": "https://09fbdb43-c9e7-495a-b203-6cbc1682f323.agentsvc.ne.azure-automation.net/accounts/09fbdb43-c9e7-495a-b203-6cbc1682f323",
            "id": "/subscriptions/353e8b06-f9df-482d-9834-0f7a6d733e46/resourceGroups/ccscan-env-dev/providers/Microsoft.Automation/automationAccounts/automation-account-dev",
            "identity": [
              {
                "identity_ids": [],
                "principal_id": "381db1da-dc5f-4709-b6f8-3dc7e6301c0d",
                "tenant_id": "d8887c7c-49ad-4af9-86e5-46450b21bcb7",
                "type": "SystemAssigned"
              }
            ],
            "location": "northeurope",
            "name": "automation-account-dev",
            "public_network_access_enabled": true,
            "resource_group_name": "ccscan-env-dev",
            "sku_name": "Basic",
            "tags": {
              "environment": "dev"
            },
            "timeouts": null
          },
          "sensitive_attributes": [],
          "private": "eyJlMmJmYjczMC1lY2FhLTExZTYtOGY4OC0zNDM2M2JjN2M0YzAiOnsiY3JlYXRlIjoxODAwMDAwMDAwMDAwLCJkZWxldGUiOjE4MDAwMDAwMDAwMDAsInJlYWQiOjMwMDAwMDAwMDAwMCwidXBkYXRlIjoxODAwMDAwMDAwMDAwfX0=",
          "dependencies": [
            "azurerm_resource_group.this"
          ]
        }
      ]
    },
    {
      "mode": "managed",
      "type": "azurerm_automation_job_schedule",
      "name": "this",
      "provider": "provider[\"registry.terraform.io/hashicorp/azurerm\"]",
      "instances": [
        {
          "schema_version": 0,
          "attributes": {
            "automation_account_name": "automation-account-dev",
            "id": "/subscriptions/353e8b06-f9df-482d-9834-0f7a6d733e46/resourceGroups/ccscan-env-dev/providers/Microsoft.Automation/automationAccounts/automation-account-dev/jobSchedules/13d39602-71be-41c9-a0b9-a1f12b0d0c50",
            "job_schedule_id": "13d39602-71be-41c9-a0b9-a1f12b0d0c50",
            "parameters": {
              "applicationgatewayname": "app-gateway",
              "applicationgatewaysslname": "ssl",
              "contactemail": "martin@fintech.builders",
              "domainname": "dev-api.ccdscan.io",
              "environmentname": "dev",
              "resourcegroupname": "ccscan-env-dev",
              "storageaccountkey": "BGVndcoZYttFcDgnvYBQ8X1fSMCAeT/OxlY2XG+C8gQH7/6cviglvoVid9TlDqRB/20f1ZRy1fPs+AStSxtgAw==",
              "storageaccountname": "storageccscandev",
              "storagecontainer": "sslrenewal"
            },
            "resource_group_name": "ccscan-env-dev",
            "run_on": null,
            "runbook_name": "automation-renew-sslcert",
            "schedule_name": "sslrenewal-automation-schedule",
            "timeouts": null
          },
          "sensitive_attributes": [
            [
              {
                "type": "get_attr",
                "value": "parameters"
              },
              {
                "type": "index",
                "value": {
                  "value": "applicationgatewaysslname",
                  "type": "string"
                }
              }
            ],
            [
              {
                "type": "get_attr",
                "value": "parameters"
              },
              {
                "type": "index",
                "value": {
                  "value": "storageaccountkey",
                  "type": "string"
                }
              }
            ]
          ],
          "private": "eyJlMmJmYjczMC1lY2FhLTExZTYtOGY4OC0zNDM2M2JjN2M0YzAiOnsiY3JlYXRlIjoxODAwMDAwMDAwMDAwLCJkZWxldGUiOjE4MDAwMDAwMDAwMDAsInJlYWQiOjMwMDAwMDAwMDAwMCwidXBkYXRlIjoxODAwMDAwMDAwMDAwfX0=",
          "dependencies": [
            "azurerm_application_gateway.this",
            "azurerm_automation_account.this",
            "azurerm_automation_runbook.renew-sslcert",
            "azurerm_automation_schedule.sslrenewal",
            "azurerm_public_ip.app-gw",
            "azurerm_resource_group.this",
            "azurerm_storage_account.this",
            "azurerm_storage_container.sslrenewal",
            "azurerm_subnet.frontend",
            "azurerm_virtual_network.this",
            "data.azurerm_key_vault.ccscan",
            "data.azurerm_key_vault_secret.ssl-cert-data",
            "data.azurerm_key_vault_secret.ssl-cert-password"
          ]
        }
      ]
    },
    {
      "mode": "managed",
      "type": "azurerm_automation_module",
      "name": "posh-acme",
      "provider": "provider[\"registry.terraform.io/hashicorp/azurerm\"]",
      "instances": [
        {
          "schema_version": 0,
          "attributes": {
            "automation_account_name": "automation-account-dev",
            "id": "/subscriptions/353e8b06-f9df-482d-9834-0f7a6d733e46/resourceGroups/ccscan-env-dev/providers/Microsoft.Automation/automationAccounts/automation-account-dev/modules/posh-acme",
            "module_link": [
              {
                "hash": [],
                "uri": "https://www.powershellgallery.com/api/v2/package/Posh-ACME/4.12.0"
              }
            ],
            "name": "posh-acme",
            "resource_group_name": "ccscan-env-dev",
            "timeouts": null
          },
          "sensitive_attributes": [],
          "private": "eyJlMmJmYjczMC1lY2FhLTExZTYtOGY4OC0zNDM2M2JjN2M0YzAiOnsiY3JlYXRlIjoxODAwMDAwMDAwMDAwLCJkZWxldGUiOjE4MDAwMDAwMDAwMDAsInJlYWQiOjMwMDAwMDAwMDAwMCwidXBkYXRlIjoxODAwMDAwMDAwMDAwfX0=",
          "dependencies": [
            "azurerm_automation_account.this",
            "azurerm_resource_group.this"
          ]
        }
      ]
    },
    {
      "mode": "managed",
      "type": "azurerm_automation_runbook",
      "name": "renew-sslcert",
      "provider": "provider[\"registry.terraform.io/hashicorp/azurerm\"]",
      "instances": [
        {
          "schema_version": 0,
          "attributes": {
            "automation_account_name": "automation-account-dev",
            "content": "param(\r\n    [Parameter(Mandatory=$true, HelpMessage=\"The e-mail address to send with the request for the certificate.\")][String] $contactEmail,\r\n\t[Parameter(Mandatory=$true, HelpMessage=\"The domain name to generate the SSL cert for. Enter the exact domain name, as the wild-card will be added automatically.\")][String] $domainName,\r\n    [Parameter(Mandatory=$true, HelpMessage=\"The name of the environment (dev, test, prod, etc...). Used as prefix for the names of the secrets stored in Azure Key Vault.\")][String] $environmentName,\r\n    [Parameter(Mandatory=$true, HelpMessage=\"The name of the resource group where all used/modified resources reside.\")][String] $resourceGroupName,\r\n    [Parameter(Mandatory=$true, HelpMessage=\"The name of the application gateway within the given resource group.\")][String] $applicationGatewayName,\r\n    [Parameter(Mandatory=$true, HelpMessage=\"The name of the SSL certificate to update with the given application gateway.\")][String] $applicationGatewaySslName,\r\n    [Parameter(Mandatory=$true, HelpMessage=\"The name of the storage account (where state of automation goes)\")][String] $storageAccountName,\r\n    [Parameter(Mandatory=$true, HelpMessage=\"The storage account access key to use when accessing the storage account.\")][String] $storageAccountKey,\r\n    [Parameter(Mandatory=$true, HelpMessage=\"The name of the container within the storage account where blobs are read/written.\")][String] $storageContainer)\r\n\r\n$ErrorActionPreference = \"Stop\"\r\n\r\nWrite-Output \"Connecting Azure Identity\"\r\nConnect-AzAccount -Identity | Out-Null\r\n\r\nWrite-Output \"Creating storage context\"\r\n$storageContext = New-AzStorageContext -StorageAccountName $storageAccountName -StorageAccountKey $storageAccountKey \r\n\r\n$acmeWorkdir = \".\\posh-acme\"\r\n$blobFileName = \"posh-acme.zip\"\r\n$keyVaultName = \"ccscan\"\r\n\r\ntry {\r\n    Write-Output \"About to retreive ACME context blob from storage\"\r\n    Get-AzStorageBlobContent -container $storageContainer -Blob $blobFileName -Destination . -Context $storageContext -Force | Out-Null\r\n\t$acmeContextExists = $true\r\n    \r\n    Expand-Archive \".\\${blobFileName}\" -DestinationPath .\r\n    Remove-Item -Force \".\\${blobFileName}\" | Out-Null\r\n\r\n    Write-Output \"Blob retreived\"\r\n}\r\ncatch [Microsoft.WindowsAzure.Commands.Storage.Common.ResourceNotFoundException]\r\n{\r\n    Write-Output \"ACME context blob did not exist in storage, creating new context...\"\r\n    $acmeContextExists = $false\r\n    New-Item -Path $acmeWorkdir -ItemType Directory -Force | Out-Null\r\n}\r\n\r\n$env:POSHACME_HOME = $acmeWorkdir\r\nImport-Module Posh-ACME \r\nSet-PAServer LE_PROD\r\n\r\nWrite-Output \"Getting PFX password from key vault\"\r\n$pfxPassSecure = Get-AzKeyVaultSecret -VaultName $keyVaultName -name \"${environmentName}-sslcert-pfx-password\" \r\n\r\nif ($acmeContextExists)\r\n{\r\n    Write-Output \"Submitting renewal request...\"\r\n    Set-PAOrder $domainName -PfxPassSecure $pfxPassSecure.SecretValue\r\n\t$acmeResponse = Submit-Renewal $domainName -Verbose\r\n    Write-Output \"Renewal completed!\"\r\n}\r\nelse\r\n{\r\n\tWrite-Output \"Configuring PA-account\"\r\n\t# Note regards -UseAltPluginEncryption: \r\n\t#   Needed since we will probably run on a new computer on every run\r\n\t#   (https://poshac.me/docs/v4/FAQ/#key-not-valid-for-use-in-specified-state)\r\n\tNew-PAAccount -UseAltPluginEncryption -Contact $contactEmail -AcceptTOS | Out-Null\r\n\r\n    Write-Output \"Creating new certificate...\"\r\n\t$goDaddyApiKey = Get-AzKeyVaultSecret -VaultName $keyVaultName -name \"godaddy-dns-api-key\" -AsPlainText\r\n\t$goDaddySecretSecure = Get-AzKeyVaultSecret -VaultName $keyVaultName -name \"godaddy-dns-api-key-secret\" \r\n\t$plugInArgs = @{\r\n\t\tGDKey = $goDaddyApiKey\r\n\t\tGDSecretSecure =$goDaddySecretSecure.SecretValue\r\n\t}\r\n\r\n    $acmeResponse = New-PACertificate $domainName, \"*.${domainName}\" -AcceptTOS -Contact $contactEmail -Plugin GoDaddy -PluginArgs $plugInArgs -PfxPassSecure $pfxPassSecure.SecretValue -Verbose \r\n    Write-Output \"Certificate created!\"\r\n}\r\n\r\nif ($acmeResponse -ne $NULL) {\r\n\tWrite-Output \"Updating Azure Key Vault...\"\r\n\t$pfxBase64 = [convert]::ToBase64String((Get-Content -path $acmeResponse.PfxFile -Encoding byte))\r\n\t$pfxBase64Secure = ConvertTo-SecureString -String $pfxBase64 -AsPlainText -Force\r\n\tSet-AzKeyVaultSecret -VaultName $keyVaultName -Name \"${environmentName}-sslcert-pfx\" -SecretValue $pfxBase64Secure -Expires $acmeResponse.NotAfter.ToUniversalTime() -NotBefore $acmeResponse.NotBefore.ToUniversalTime() -ContentType \"Base64 encoded PFX\" | Out-Null\r\n\r\n\tWrite-Output \"Updating application gateway...\"\r\n\t$appGW = Get-AzApplicationGateway -Name $applicationGatewayName -ResourceGroupName $resourceGroupName\r\n\tSet-AzApplicationGatewaySslCertificate -ApplicationGateway $AppGW -Name $applicationGatewaySslName -CertificateFile $acmeResponse.PfxFile -Password $pfxPassSecure.SecretValue | Out-Null\r\n\tSet-AzApplicationGateway -ApplicationGateway $appgw | Out-Null\r\n\r\n\tWrite-Output \"Compressing ACME context and sending to blob storage...\"\r\n\t$zipPath = \".\\${blobFileName}\"\r\n\tCompress-Archive -Path $acmeWorkdir -DestinationPath $zipPath -CompressionLevel Fastest -Force\r\n\tSet-AzStorageBlobContent -File $zipPath -Container  $storageContainer -Blob $blobFileName -BlobType Block -Context $storageContext -Force | Out-Null\r\n\tRemove-Item -Force $zipPath\r\n}\r\nelse {\r\n\tWrite-Output \"There was no response from the Posh-ACME operation, so will not update anything!\"\r\n}\r\n\r\nWrite-Output \"Done\"\r\n",
            "description": "Renews the SSL certificate",
            "id": "/subscriptions/353e8b06-f9df-482d-9834-0f7a6d733e46/resourceGroups/ccscan-env-dev/providers/Microsoft.Automation/automationAccounts/automation-account-dev/runbooks/automation-renew-sslcert",
            "job_schedule": [
              {
                "job_schedule_id": "13d39602-71be-41c9-a0b9-a1f12b0d0c50",
                "parameters": {},
                "run_on": "",
                "schedule_name": "sslrenewal-automation-schedule"
              }
            ],
            "location": "northeurope",
            "log_progress": false,
            "log_verbose": false,
            "name": "automation-renew-sslcert",
            "publish_content_link": [],
            "resource_group_name": "ccscan-env-dev",
            "runbook_type": "PowerShell",
            "tags": {
              "environment": "dev"
            },
            "timeouts": null
          },
          "sensitive_attributes": [],
          "private": "eyJlMmJmYjczMC1lY2FhLTExZTYtOGY4OC0zNDM2M2JjN2M0YzAiOnsiY3JlYXRlIjoxODAwMDAwMDAwMDAwLCJkZWxldGUiOjE4MDAwMDAwMDAwMDAsInJlYWQiOjMwMDAwMDAwMDAwMCwidXBkYXRlIjoxODAwMDAwMDAwMDAwfX0=",
          "dependencies": [
            "azurerm_automation_account.this",
            "azurerm_resource_group.this"
          ]
        }
      ]
    },
    {
      "mode": "managed",
      "type": "azurerm_automation_schedule",
      "name": "sslrenewal",
      "provider": "provider[\"registry.terraform.io/hashicorp/azurerm\"]",
      "instances": [
        {
          "schema_version": 0,
          "attributes": {
            "automation_account_name": "automation-account-dev",
            "description": "Schedule for running the SSL renewal runbook once every week.",
            "expiry_time": "9999-12-31T23:59:00Z",
            "frequency": "Week",
            "id": "/subscriptions/353e8b06-f9df-482d-9834-0f7a6d733e46/resourceGroups/ccscan-env-dev/providers/Microsoft.Automation/automationAccounts/automation-account-dev/schedules/sslrenewal-automation-schedule",
            "interval": 1,
            "month_days": [],
            "monthly_occurrence": [],
            "name": "sslrenewal-automation-schedule",
            "resource_group_name": "ccscan-env-dev",
            "start_time": "2022-06-15T12:09:00Z",
            "timeouts": null,
            "timezone": "Etc/UTC",
            "week_days": [
              "Monday"
            ]
          },
          "sensitive_attributes": [],
          "private": "eyJlMmJmYjczMC1lY2FhLTExZTYtOGY4OC0zNDM2M2JjN2M0YzAiOnsiY3JlYXRlIjoxODAwMDAwMDAwMDAwLCJkZWxldGUiOjE4MDAwMDAwMDAwMDAsInJlYWQiOjMwMDAwMDAwMDAwMCwidXBkYXRlIjoxODAwMDAwMDAwMDAwfX0=",
          "dependencies": [
            "azurerm_automation_account.this",
            "azurerm_resource_group.this"
          ]
        }
      ]
    },
    {
      "mode": "managed",
      "type": "azurerm_linux_virtual_machine",
      "name": "vm",
      "provider": "provider[\"registry.terraform.io/hashicorp/azurerm\"]",
      "instances": [
        {
          "schema_version": 0,
          "attributes": {
            "additional_capabilities": [],
            "admin_password": null,
            "admin_ssh_key": [
              {
                "public_key": "ssh-rsa AAAAB3NzaC1yc2EAAAADAQABAAABgQDGPxfl+k+KmgER8lQQqMnR2C408EWal+uhSHa30DvU+EA+NsSr6DxjAXkaRxJoCm7oYBhdiwbsTW/aND1D3RTmtCQ6xqJJyN2GQj3ceDPlw5wI9b9lvQAV3OTDWBG8XIsFEBUSMOiLUzUZ4uAATew35YfhdcIdKV78CgV+i0Zu/b2tWjWhuBhuNmcmJ7xQ9rssL7T/6+19iB1D9+Ume1CIcGrOoHWag9wcPII15ESnK8I7g+yhFGYvfy7xnixYnJcBEqKJW2/d+yNcJQZvFUczX+euIN4Vb6qS4yKl/RVpgxnYK2YSU1MCPFWAmweap9oowCRKw09Sq971rRcfz8yRbfnSkupuJaPWheQH+NyXgYtRRIhQUSCfmuGfX5JfiZ81ENb1TXYYHAY3h/EXnRTG126jPJiqOLI1k8wpJgArF4pN+9lkmQ7VnuQ8VGEglvgHdW3+eS8glOogovOScHcYVrjtWBTqa6Z74j8tlG0j/Spx1GVwWJvPptHFEgwAEP0= generated-by-azure",
                "username": "concNodeVMuser"
              }
            ],
            "admin_username": "concNodeVMuser",
            "allow_extension_operations": true,
            "availability_set_id": "",
            "boot_diagnostics": [],
            "computer_name": "vm-dev",
            "custom_data": "IyEvYmluL2Jhc2gNCg0KZWNobyBTdGFydGluZyBlbnRyeXBvaW50IHNjcmlwdC4uLg0KDQpzZXQgLWUNCnRyYXAgJ2xhc3RfY29tbWFuZD0kY3VycmVudF9jb21tYW5kOyBjdXJyZW50X2NvbW1hbmQ9JEJBU0hfQ09NTUFORCcgREVCVUcNCnRyYXAgJ2VjaG8gIlwiJHtsYXN0X2NvbW1hbmR9XCIgY29tbWFuZCBmaWxlZCB3aXRoIGV4aXQgY29kZSAkPy4iJyBFWElUDQoNCiMjIGhvdXNlIGtlZXBpbmcgYW5kIGluaXRpYWwgaW5zdGFsbHMgYW5kIHBhY2thZ2VzDQpzdWRvIGFwdC1nZXQgdXBkYXRlDQpzdWRvIG1rZGlyIC9ob21lL3NldHVwDQpjZCAvaG9tZS9zZXR1cA0KDQojIyBtb3VudCBkYXRhIGRyaXZlDQp1bnRpbCBbIC1lIC9kZXYvZGlzay9henVyZS9zY3NpMS9sdW4xIF07IGRvIGVjaG8gd2FpdGluZyBvbiBkYXRhIGRpc2sgdG8gYmUgYXR0YWNoZWQuLi47IHNsZWVwIDE7IGRvbmUNCg0KZGF0YV9kcml2ZV9kZXZpY2VfbmFtZT0kKGxzIC1sIC9kZXYvZGlzay9henVyZS9zY3NpMS9sdW4xIHwgZ3JlcCAnXGJbYS16XSokJyAtbykNCmRhdGFfZHJpdmVfcGFydGl0aW9uX25hbWU9IiR7ZGF0YV9kcml2ZV9kZXZpY2VfbmFtZX0xIg0KDQppZiBscyAtbCAiL2RldiIgfCBncmVwICRkYXRhX2RyaXZlX3BhcnRpdGlvbl9uYW1lOyB0aGVuDQoJZWNobyAiRGF0YSBkaXNrIHNlZW1zIHRvIGJlIHBhcnRpdGlvbmVkLiBXaWxsIHNraXAgcGFydGl0aW9uaW5nIGFuZCBmb3JtYXR0aW5nIGRpc2suLi4iDQplbHNlDQoJZWNobyAiRGF0YSBkaXNrIGRvZXMgbm90IHNlZW0gdG8gYmUgcGFydGl0aW9uZWQuIFdpbGwgcGFydGl0aW9uIGFuZCBmb3JtYXQuLi4iDQoNCiAgcGFydGVkIC9kZXYvJGRhdGFfZHJpdmVfZGV2aWNlX25hbWUgLS1zY3JpcHQgbWtsYWJlbCBncHQgbWtwYXJ0IHByaW1hcnkgZXh0NCAwJSAxMDAlDQogIG1rZnMgLXQgZXh0NCAvZGV2LyRkYXRhX2RyaXZlX3BhcnRpdGlvbl9uYW1lDQogIHBhcnRwcm9iZSAvZGV2LyRkYXRhX2RyaXZlX3BhcnRpdGlvbl9uYW1lDQogIA0KICBlY2hvICJEYXRhIGRpc2sgcGFydGl0aW9uZWQgYW5kIGZvcm1hdHRlZCINCmZpDQoNCmVjaG8gDQplY2hvICIjPT09PT09PT09IEZESVNLID09PT09PShzdGFydCkjIg0KZmRpc2sgLWwNCmVjaG8gIiM9PT09PT09PT0gRkRJU0sgPT09PT09PT0oZW5kKSMiDQplY2hvIA0KDQpta2RpciAvZGF0YQ0KbW91bnQgL2Rldi8kZGF0YV9kcml2ZV9wYXJ0aXRpb25fbmFtZSAvZGF0YQ0KDQoNCiMjIFNldCB1cCBkb2NrZXINCmN1cmwgLWZzU0wgaHR0cHM6Ly9nZXQuZG9ja2VyLmNvbSAtbyBnZXQtZG9ja2VyLnNoDQpzdWRvIHNoIGdldC1kb2NrZXIuc2gNCnN1ZG8gdXNlcm1vZCAtYUcgZG9ja2VyIGNvbmNOb2RlVk11c2VyDQpzdWRvIHN5c3RlbWN0bCBkYWVtb24tcmVsb2FkDQpzdWRvIHN5c3RlbWN0bCBlbmFibGUgZG9ja2VyLnNlcnZpY2UNCnN1ZG8gc3lzdGVtY3RsIHN0YXJ0IGRvY2tlci5zZXJ2aWNlDQpzdWRvIGNobW9kIDY2NiAvdmFyL3J1bi9kb2NrZXIuc29jaw0KDQoNCiMjIHNldCB1cCBBenVyZSBjbG91ZCBjcmVkZW50aWFscyAoY29ubmVjdGlvbiB0byBjb250YWluZXIgcmVnaXN0cnkpOg0Kc3VkbyBhcHQgaW5zdGFsbCBhenVyZS1jbGkgLXkNCmVjaG8gTG9naW4gdG8gYXp1cmUgY29udGFpbmVyIHJlZ2lzdHJ5IGZvciByb290DQpheiBhY3IgbG9naW4gLS1uYW1lIGNjc2NhbiAtLXVzZXJuYW1lICJjY3NjYW4iIC0tcGFzc3dvcmQgIkcrbmU0bz1PZkxPbmw1NFZrYmVGWU8wVStBQjJ4UVJjIg0KZWNobyBMb2dpbiB0byBhenVyZSBjb250YWluZXIgcmVnaXN0cnkgZm9yIGNvbmNOb2RlVk11c2VyIA0Kc3VkbyAtdSBjb25jTm9kZVZNdXNlciBheiBhY3IgbG9naW4gLS1uYW1lIGNjc2NhbiAtLXVzZXJuYW1lICJjY3NjYW4iIC0tcGFzc3dvcmQgIkcrbmU0bz1PZkxPbmw1NFZrYmVGWU8wVStBQjJ4UVJjIg0KDQoNCiMgc2V0IHVwIGRpc2NyZXRlIGRvY2tlciBuZXR3b3JrcyBmb3IgbWFpbiBhbmQgdGVzdG5ldA0KZG9ja2VyIG5ldHdvcmsgY3JlYXRlIC1kIGJyaWRnZSBtYWlubmV0RG9ja2VyDQpkb2NrZXIgbmV0d29yayBjcmVhdGUgLWQgYnJpZGdlIHRlc3RuZXREb2NrZXINCg0KDQojIFNldCB1cCBDb25jb3JkaXVtIG5vZGUgY29udGFpbmVycw0Kd2dldCBodHRwczovL2NhdGNodXAubWFpbm5ldC5jb25jb3JkaXVtLnNvZnR3YXJlL2Jsb2Nrc190b19pbXBvcnQubWRiIC0tZGlyZWN0b3J5LXByZWZpeCAvZGF0YS9jb25jb3JkaXVtLm1haW5uZXQvDQojIFRlbXBvcmFyaWx5IGRpc2FibGVkIGFmdGVyIHRlc3RuZXQtcmVzZXQgaW4gSnVuZSAyMDIyDQojIHdnZXQgaHR0cHM6Ly9jYXRjaHVwLnRlc3RuZXQuY29uY29yZGl1bS5jb20vYmxvY2tzX3RvX2ltcG9ydC5tZGIgLS1kaXJlY3RvcnktcHJlZml4IC9kYXRhL2NvbmNvcmRpdW0udGVzdG5ldC8NCg0KZG9ja2VyIHJ1biAtdGQgXA0KIC1wIDEwMDAwOjEwMDAwIFwNCiAtcCA4ODg4Ojg4ODggXA0KIC0tbmV0d29yaz1tYWlubmV0RG9ja2VyICBcDQogLS1uYW1lIGNjbm9kZS1tYWlubmV0ICBcDQogLS1ob3N0bmFtZSBjY25vZGUgXA0KIC0tbG9nLWRyaXZlciBsb2NhbCBcDQogLWUgQ09OQ09SRElVTV9OT0RFX0NPTExFQ1RPUl9OT0RFX05BTUU9RlRCLWRldiBcDQogLWUgQ09OQ09SRElVTV9OT0RFX1JQQ19TRVJWRVJfVE9LRU49dGVzdC1jY25vZGUtYXV0aC10b2tlbiAgXA0KIC1lIENPTkNPUkRJVU1fTk9ERV9DT0xMRUNUT1JfR1JQQ19BVVRIRU5USUNBVElPTl9UT0tFTj10ZXN0LWNjbm9kZS1hdXRoLXRva2VuICBcDQogLWUgQ09OQ09SRElVTV9OT0RFX0xJU1RFTl9QT1JUPTg4ODggXA0KIC1lIENPTkNPUkRJVU1fTk9ERV9SVU5USU1FX0hBU0tFTExfUlRTX0ZMQUdTPS1ONCBcDQogLWUgQ09OQ09SRElVTV9OT0RFX0NPTlNFTlNVU19JTVBPUlRfQkxPQ0tTX0ZST009L3Zhci9saWIvY29uY29yZGl1bS9kYXRhL2Jsb2Nrc190b19pbXBvcnQubWRiIFwNCiAtdiAvZGF0YS9jb25jb3JkaXVtLm1haW5uZXQ6L3Zhci9saWIvY29uY29yZGl1bS9kYXRhIFwNCiBjY3NjYW4uYXp1cmVjci5pby9jY25vZGUtbWFpbm5ldDo0LjEuMS0wDQoNCmRvY2tlciBydW4gLXRkICBcDQogLXAgMTAxMTE6MTAwMDAgXA0KIC1wIDE4ODg4OjE4ODg4IFwNCiAtLW5ldHdvcms9dGVzdG5ldERvY2tlciBcDQogLS1uYW1lIGNjbm9kZS10ZXN0bmV0IFwNCiAtLWhvc3RuYW1lIGNjbm9kZSBcDQogLS1sb2ctZHJpdmVyIGxvY2FsIFwNCiAtZSBDT05DT1JESVVNX05PREVfQ09MTEVDVE9SX05PREVfTkFNRT1GVEItZGV2IFwNCiAtZSBDT05DT1JESVVNX05PREVfUlBDX1NFUlZFUl9UT0tFTj10ZXN0LWNjbm9kZS1hdXRoLXRva2VuIFwNCiAtZSBDT05DT1JESVVNX05PREVfQ09MTEVDVE9SX0dSUENfQVVUSEVOVElDQVRJT05fVE9LRU49dGVzdC1jY25vZGUtYXV0aC10b2tlbiBcDQogLWUgQ09OQ09SRElVTV9OT0RFX0xJU1RFTl9QT1JUPTE4ODg4IFwNCiAtZSBDT05DT1JESVVNX05PREVfUlVOVElNRV9IQVNLRUxMX1JUU19GTEFHUz0tTjQgXA0KIC12IC9kYXRhL2NvbmNvcmRpdW0udGVzdG5ldDovdmFyL2xpYi9jb25jb3JkaXVtL2RhdGEgXA0KIGNjc2Nhbi5henVyZWNyLmlvL2Njbm9kZS10ZXN0bmV0OjQuMS4xLTANCg0KDQojIFNldCB1cCBwb3N0Z3Jlc3FsIGNvbnRhaW5lcnMNCmRvY2tlciBydW4gLXRkIFwNCiAtLW5ldHdvcms9bWFpbm5ldERvY2tlciBcDQogLS1uYW1lIHBvc3RncmVzLW1haW5uZXQgXA0KIC0taG9zdG5hbWUgcG9zdGdyZXMgXA0KIC0tbG9nLWRyaXZlciBsb2NhbCBcDQogLWUgUE9TVEdSRVNfUEFTU1dPUkQ9QW5nb3JhLWNlbGxvLTk0NTcgXA0KIC1lIFBPU1RHUkVTX1VTRVI9cG9zdGdyZXMgXA0KIC1lIFBPU1RHUkVTX0RCPWNjc2NhbiBcDQogLXYgL2RhdGEvcG9zdGdyZXMubWFpbm5ldDovdmFyL2xpYi9wb3N0Z3Jlc3FsL2RhdGEgXA0KIHRpbWVzY2FsZS90aW1lc2NhbGVkYjpsYXRlc3QtcGcxNA0KDQpkb2NrZXIgcnVuIC10ZCBcDQogLS1uZXR3b3JrPXRlc3RuZXREb2NrZXIgXA0KIC0tbmFtZSBwb3N0Z3Jlcy10ZXN0bmV0IFwNCiAtLWhvc3RuYW1lIHBvc3RncmVzIFwNCiAtLWxvZy1kcml2ZXIgbG9jYWwgXA0KIC1lIFBPU1RHUkVTX1BBU1NXT1JEPUFuZ29yYS1jZWxsby05NDU3IFwNCiAtZSBQT1NUR1JFU19VU0VSPXBvc3RncmVzIFwNCiAtZSBQT1NUR1JFU19EQj1jY3NjYW4gXA0KIC12IC9kYXRhL3Bvc3RncmVzLnRlc3RuZXQ6L3Zhci9saWIvcG9zdGdyZXNxbC9kYXRhIFwNCiB0aW1lc2NhbGUvdGltZXNjYWxlZGI6bGF0ZXN0LXBnMTQNCg0KIyBTZXQgdXAgYmFja2VuZCBjb250YWluZXJzDQpkb2NrZXIgcnVuIC10ZCBcDQogIC1wIDUwMDA6NTAwMCBcDQogIC0tbmV0d29yaz1tYWlubmV0RG9ja2VyIFwNCiAgLS1yZXN0YXJ0PW9uLWZhaWx1cmU6MyBcDQogIC0tbmFtZSBiYWNrZW5kLW1haW5uZXQgXA0KICAtLWxvZy1kcml2ZXIgbm9uZSBcDQogIC1lIEZlYXR1cmVGbGFnczpDb25jb3JkaXVtTm9kZUltcG9ydFZhbGlkYXRpb25FbmFibGVkPXRydWUgXA0KICAtZSBQb3N0Z3Jlc0RhdGFiYXNlOkNvbm5lY3Rpb25TdHJpbmc9Ikhvc3Q9cG9zdGdyZXM7UG9ydD01NDMyO0RhdGFiYXNlPWNjc2NhbjtVc2VyIElEPXBvc3RncmVzO1Bhc3N3b3JkPUFuZ29yYS1jZWxsby05NDU3O0luY2x1ZGUgRXJyb3IgRGV0YWlsPXRydWU7IiBcDQogIC1lIFBvc3RncmVzRGF0YWJhc2U6Q29ubmVjdGlvblN0cmluZ05vZGVDYWNoZT0iSG9zdD1wb3N0Z3JlcztQb3J0PTU0MzI7RGF0YWJhc2U9Y2NzY2FuX25vZGVfY2FjaGU7VXNlciBJRD1wb3N0Z3JlcztQYXNzd29yZD1BbmdvcmEtY2VsbG8tOTQ1NztJbmNsdWRlIEVycm9yIERldGFpbD10cnVlOyIgXA0KICAtZSBDb25jb3JkaXVtTm9kZUdycGM6QXV0aGVudGljYXRpb25Ub2tlbj0idGVzdC1jY25vZGUtYXV0aC10b2tlbiIgXA0KICAtZSBOb2RlQ29sbGVjdG9yU2VydmljZTpBZGRyZXNzPSJodHRwczovL2Rhc2hib2FyZC5tYWlubmV0LmNvbmNvcmRpdW0uc29mdHdhcmUvbm9kZXNTdW1tYXJ5IiBcDQogIC12IC9kYXRhL2JhY2tlbmQtbG9ncy5tYWlubmV0Oi9hcHAvbG9ncyBcDQogIGNjc2Nhbi5henVyZWNyLmlvL2JhY2tlbmQuZGV2OmxhdGVzdCANCg0KZG9ja2VyIHJ1biAtdGQgXA0KICAtcCA1MDAxOjUwMDAgXA0KICAtLW5ldHdvcms9dGVzdG5ldERvY2tlciBcDQogIC0tcmVzdGFydD1vbi1mYWlsdXJlOjMgXA0KICAtLW5hbWUgYmFja2VuZC10ZXN0bmV0IFwNCiAgLS1sb2ctZHJpdmVyIG5vbmUgXA0KICAtZSBGZWF0dXJlRmxhZ3M6Q29uY29yZGl1bU5vZGVJbXBvcnRWYWxpZGF0aW9uRW5hYmxlZD10cnVlIFwNCiAgLWUgUG9zdGdyZXNEYXRhYmFzZTpDb25uZWN0aW9uU3RyaW5nPSJIb3N0PXBvc3RncmVzO1BvcnQ9NTQzMjtEYXRhYmFzZT1jY3NjYW47VXNlciBJRD1wb3N0Z3JlcztQYXNzd29yZD1BbmdvcmEtY2VsbG8tOTQ1NztJbmNsdWRlIEVycm9yIERldGFpbD10cnVlOyIgXA0KICAtZSBQb3N0Z3Jlc0RhdGFiYXNlOkNvbm5lY3Rpb25TdHJpbmdOb2RlQ2FjaGU9Ikhvc3Q9cG9zdGdyZXM7UG9ydD01NDMyO0RhdGFiYXNlPWNjc2Nhbl9ub2RlX2NhY2hlO1VzZXIgSUQ9cG9zdGdyZXM7UGFzc3dvcmQ9QW5nb3JhLWNlbGxvLTk0NTc7SW5jbHVkZSBFcnJvciBEZXRhaWw9dHJ1ZTsiIFwNCiAgLWUgQ29uY29yZGl1bU5vZGVHcnBjOkF1dGhlbnRpY2F0aW9uVG9rZW49InRlc3QtY2Nub2RlLWF1dGgtdG9rZW4iIFwNCiAgLWUgTm9kZUNvbGxlY3RvclNlcnZpY2U6QWRkcmVzcz0iaHR0cHM6Ly9kYXNoYm9hcmQudGVzdG5ldC5jb25jb3JkaXVtLmNvbS9ub2Rlc1N1bW1hcnkiIFwNCiAgLXYgL2RhdGEvYmFja2VuZC1sb2dzLnRlc3RuZXQ6L2FwcC9sb2dzIFwNCiAgY2NzY2FuLmF6dXJlY3IuaW8vYmFja2VuZC5kZXY6bGF0ZXN0IA0KDQoNCiMgU2V0IHVwIHdhdGNodG93ZXIgY29udGFpbmVyIA0KZG9ja2VyIHJ1biAtZCBcDQogIC0tbmFtZSB3YXRjaHRvd2VyIFwNCiAgLS1sb2ctZHJpdmVyIGxvY2FsIFwNCiAgLXYgL3Zhci9ydW4vZG9ja2VyLnNvY2s6L3Zhci9ydW4vZG9ja2VyLnNvY2sgXA0KICAtdiAvaG9tZS9jb25jTm9kZVZNdXNlci8uZG9ja2VyL2NvbmZpZy5qc29uOi9jb25maWcuanNvbiBcDQogIC1lIFdBVENIVE9XRVJfSU5DTFVERV9TVE9QUEVEPXRydWUgXA0KICAtZSBXQVRDSFRPV0VSX1JFVklWRV9TVE9QUEVEPXRydWUgXA0KICAtZSBXQVRDSFRPV0VSX1BPTExfSU5URVJWQUw9NjAgXA0KICAtZSBXQVRDSFRPV0VSX05PVElGSUNBVElPTlM9c2xhY2sgXA0KICAtZSBXQVRDSFRPV0VSX05PVElGSUNBVElPTl9TTEFDS19IT09LX1VSTD0iaHR0cHM6Ly9ob29rcy5zbGFjay5jb20vc2VydmljZXMvVDAxUjg0OTZYVTUvQjAyUVhIRTNFRjMvZDBSNFgxNmhlWUsxcDAyamg0ZjdsVmNuIiBcDQogIC1lIFdBVENIVE9XRVJfTk9USUZJQ0FUSU9OX1NMQUNLX0lERU5USUZJRVI9d2F0Y2h0b3dlci1kZXYgXA0KICAtZSBXQVRDSFRPV0VSX05PVElGSUNBVElPTl9TTEFDS19DSEFOTkVMPSNjY3NjYW4tc2VydmljZWJvdHMgXA0KICBjb250YWlucnJyL3dhdGNodG93ZXIgXA0KICBiYWNrZW5kLXRlc3RuZXQgYmFja2VuZC1tYWlubmV0DQoNCmVjaG8gRW50cnlwb2ludCBzY3JpcHQgZmluaXNoZWQuLi4=",
            "dedicated_host_group_id": "",
            "dedicated_host_id": "",
            "disable_password_authentication": true,
            "edge_zone": "",
            "encryption_at_host_enabled": false,
            "eviction_policy": "",
            "extensions_time_budget": "PT1H30M",
            "id": "/subscriptions/353e8b06-f9df-482d-9834-0f7a6d733e46/resourceGroups/ccscan-env-dev/providers/Microsoft.Compute/virtualMachines/vm",
            "identity": [],
            "license_type": "",
            "location": "northeurope",
            "max_bid_price": -1,
            "name": "vm",
            "network_interface_ids": [
              "/subscriptions/353e8b06-f9df-482d-9834-0f7a6d733e46/resourceGroups/ccscan-env-dev/providers/Microsoft.Network/networkInterfaces/vm-nic"
            ],
            "os_disk": [
              {
                "caching": "ReadWrite",
                "diff_disk_settings": [],
                "disk_encryption_set_id": "",
                "disk_size_gb": 30,
                "name": "vm_disk_os",
                "storage_account_type": "Premium_LRS",
                "write_accelerator_enabled": false
              }
            ],
            "patch_mode": "ImageDefault",
            "plan": [],
            "platform_fault_domain": -1,
            "priority": "Regular",
            "private_ip_address": "10.0.1.4",
            "private_ip_addresses": [
              "10.0.1.4"
            ],
            "provision_vm_agent": true,
            "proximity_placement_group_id": "",
            "public_ip_address": "168.63.72.246",
            "public_ip_addresses": [
              "168.63.72.246"
            ],
            "resource_group_name": "ccscan-env-dev",
            "secret": [],
            "secure_boot_enabled": false,
            "size": "Standard_D8s_v4",
            "source_image_id": "",
            "source_image_reference": [
              {
                "offer": "0001-com-ubuntu-server-focal",
                "publisher": "canonical",
                "sku": "20_04-lts-gen2",
                "version": "latest"
              }
            ],
            "tags": {
              "environment": "dev"
            },
            "termination_notification": [],
            "timeouts": null,
            "user_data": "",
            "virtual_machine_id": "3e6ef045-7f39-4499-85e0-ac451bc5fcb7",
            "virtual_machine_scale_set_id": "",
            "vtpm_enabled": false,
            "zone": ""
          },
          "sensitive_attributes": [
            [
              {
                "type": "get_attr",
                "value": "custom_data"
              }
            ]
          ],
          "private": "eyJlMmJmYjczMC1lY2FhLTExZTYtOGY4OC0zNDM2M2JjN2M0YzAiOnsiY3JlYXRlIjoyNzAwMDAwMDAwMDAwLCJkZWxldGUiOjI3MDAwMDAwMDAwMDAsInJlYWQiOjMwMDAwMDAwMDAwMCwidXBkYXRlIjoyNzAwMDAwMDAwMDAwfX0=",
          "dependencies": [
            "azurerm_network_interface.vm",
            "azurerm_public_ip.vm",
            "azurerm_resource_group.this",
            "azurerm_subnet.backend",
            "azurerm_virtual_network.this",
            "data.azurerm_container_registry.ccscan",
            "data.azurerm_key_vault.ccscan",
            "data.azurerm_key_vault_secret.ccnode-auth-token",
            "data.azurerm_key_vault_secret.postgres-password",
            "data.azurerm_ssh_public_key.ssh_vm"
          ]
        }
      ]
    },
    {
      "mode": "managed",
      "type": "azurerm_managed_disk",
      "name": "vm_data",
      "provider": "provider[\"registry.terraform.io/hashicorp/azurerm\"]",
      "instances": [
        {
          "schema_version": 0,
          "attributes": {
            "create_option": "Empty",
            "disk_access_id": "",
            "disk_encryption_set_id": "",
            "disk_iops_read_only": 0,
            "disk_iops_read_write": 1100,
            "disk_mbps_read_only": 0,
            "disk_mbps_read_write": 125,
            "disk_size_gb": 256,
            "edge_zone": "",
            "encryption_settings": [],
            "gallery_image_reference_id": "",
            "hyper_v_generation": "",
            "id": "/subscriptions/353e8b06-f9df-482d-9834-0f7a6d733e46/resourceGroups/ccscan-env-dev/providers/Microsoft.Compute/disks/vm_disk_data",
            "image_reference_id": "",
            "location": "northeurope",
            "logical_sector_size": null,
            "max_shares": 0,
            "name": "vm_disk_data",
            "network_access_policy": null,
            "on_demand_bursting_enabled": false,
            "os_type": "",
            "public_network_access_enabled": true,
            "resource_group_name": "ccscan-env-dev",
            "source_resource_id": "",
            "source_uri": "",
            "storage_account_id": "",
            "storage_account_type": "Premium_LRS",
            "tags": {
              "environment": "dev"
            },
            "tier": "P15",
            "timeouts": null,
            "trusted_launch_enabled": false,
            "zone": ""
          },
          "sensitive_attributes": [],
          "private": "eyJlMmJmYjczMC1lY2FhLTExZTYtOGY4OC0zNDM2M2JjN2M0YzAiOnsiY3JlYXRlIjoxODAwMDAwMDAwMDAwLCJkZWxldGUiOjE4MDAwMDAwMDAwMDAsInJlYWQiOjMwMDAwMDAwMDAwMCwidXBkYXRlIjoxODAwMDAwMDAwMDAwfX0=",
          "dependencies": [
            "azurerm_resource_group.this"
          ]
        }
      ]
    },
    {
      "mode": "managed",
      "type": "azurerm_network_interface",
      "name": "vm",
      "provider": "provider[\"registry.terraform.io/hashicorp/azurerm\"]",
      "instances": [
        {
          "schema_version": 0,
          "attributes": {
            "applied_dns_servers": [],
            "dns_servers": [],
            "edge_zone": "",
            "enable_accelerated_networking": false,
            "enable_ip_forwarding": false,
            "id": "/subscriptions/353e8b06-f9df-482d-9834-0f7a6d733e46/resourceGroups/ccscan-env-dev/providers/Microsoft.Network/networkInterfaces/vm-nic",
            "internal_dns_name_label": "",
            "internal_domain_name_suffix": "edxcxo1uczcupikh324242nkeb.fx.internal.cloudapp.net",
            "ip_configuration": [
              {
                "gateway_load_balancer_frontend_ip_configuration_id": "",
                "name": "ipc-vm",
                "primary": true,
                "private_ip_address": "10.0.1.4",
                "private_ip_address_allocation": "Dynamic",
                "private_ip_address_version": "IPv4",
                "public_ip_address_id": "/subscriptions/353e8b06-f9df-482d-9834-0f7a6d733e46/resourceGroups/ccscan-env-dev/providers/Microsoft.Network/publicIPAddresses/vm-nic-pip",
                "subnet_id": "/subscriptions/353e8b06-f9df-482d-9834-0f7a6d733e46/resourceGroups/ccscan-env-dev/providers/Microsoft.Network/virtualNetworks/vnet/subnets/snet-backend"
              }
            ],
            "location": "northeurope",
            "mac_address": "00-22-48-99-6B-38",
            "name": "vm-nic",
            "private_ip_address": "10.0.1.4",
            "private_ip_addresses": [
              "10.0.1.4"
            ],
            "resource_group_name": "ccscan-env-dev",
            "tags": {
              "environment": "dev"
            },
            "timeouts": null,
            "virtual_machine_id": "/subscriptions/353e8b06-f9df-482d-9834-0f7a6d733e46/resourceGroups/ccscan-env-dev/providers/Microsoft.Compute/virtualMachines/vm"
          },
          "sensitive_attributes": [],
          "private": "eyJlMmJmYjczMC1lY2FhLTExZTYtOGY4OC0zNDM2M2JjN2M0YzAiOnsiY3JlYXRlIjoxODAwMDAwMDAwMDAwLCJkZWxldGUiOjE4MDAwMDAwMDAwMDAsInJlYWQiOjMwMDAwMDAwMDAwMCwidXBkYXRlIjoxODAwMDAwMDAwMDAwfX0=",
          "dependencies": [
            "azurerm_public_ip.vm",
            "azurerm_resource_group.this",
            "azurerm_subnet.backend",
            "azurerm_virtual_network.this"
          ]
        }
      ]
    },
    {
      "mode": "managed",
      "type": "azurerm_network_interface_application_gateway_backend_address_pool_association",
      "name": "vm",
      "provider": "provider[\"registry.terraform.io/hashicorp/azurerm\"]",
      "instances": [
        {
          "schema_version": 0,
          "attributes": {
            "backend_address_pool_id": "/subscriptions/353e8b06-f9df-482d-9834-0f7a6d733e46/resourceGroups/ccscan-env-dev/providers/Microsoft.Network/applicationGateways/app-gateway/backendAddressPools/app-gateway-backends",
            "id": "/subscriptions/353e8b06-f9df-482d-9834-0f7a6d733e46/resourceGroups/ccscan-env-dev/providers/Microsoft.Network/networkInterfaces/vm-nic/ipConfigurations/ipc-vm|/subscriptions/353e8b06-f9df-482d-9834-0f7a6d733e46/resourceGroups/ccscan-env-dev/providers/Microsoft.Network/applicationGateways/app-gateway/backendAddressPools/app-gateway-backends",
            "ip_configuration_name": "ipc-vm",
            "network_interface_id": "/subscriptions/353e8b06-f9df-482d-9834-0f7a6d733e46/resourceGroups/ccscan-env-dev/providers/Microsoft.Network/networkInterfaces/vm-nic",
            "timeouts": null
          },
          "sensitive_attributes": [],
          "private": "eyJlMmJmYjczMC1lY2FhLTExZTYtOGY4OC0zNDM2M2JjN2M0YzAiOnsiY3JlYXRlIjoxODAwMDAwMDAwMDAwLCJkZWxldGUiOjE4MDAwMDAwMDAwMDAsInJlYWQiOjMwMDAwMDAwMDAwMCwidXBkYXRlIjoxODAwMDAwMDAwMDAwfX0=",
          "dependencies": [
            "azurerm_application_gateway.this",
            "azurerm_network_interface.vm",
            "azurerm_public_ip.app-gw",
            "azurerm_public_ip.vm",
            "azurerm_resource_group.this",
            "azurerm_subnet.backend",
            "azurerm_subnet.frontend",
            "azurerm_virtual_network.this",
            "data.azurerm_key_vault.ccscan",
            "data.azurerm_key_vault_secret.ssl-cert-data",
            "data.azurerm_key_vault_secret.ssl-cert-password"
          ]
        }
      ]
    },
    {
      "mode": "managed",
      "type": "azurerm_network_interface_security_group_association",
      "name": "vm_nic",
      "provider": "provider[\"registry.terraform.io/hashicorp/azurerm\"]",
      "instances": [
        {
          "schema_version": 0,
          "attributes": {
            "id": "/subscriptions/353e8b06-f9df-482d-9834-0f7a6d733e46/resourceGroups/ccscan-env-dev/providers/Microsoft.Network/networkInterfaces/vm-nic|/subscriptions/353e8b06-f9df-482d-9834-0f7a6d733e46/resourceGroups/ccscan-env-dev/providers/Microsoft.Network/networkSecurityGroups/vm-nic-nsg",
            "network_interface_id": "/subscriptions/353e8b06-f9df-482d-9834-0f7a6d733e46/resourceGroups/ccscan-env-dev/providers/Microsoft.Network/networkInterfaces/vm-nic",
            "network_security_group_id": "/subscriptions/353e8b06-f9df-482d-9834-0f7a6d733e46/resourceGroups/ccscan-env-dev/providers/Microsoft.Network/networkSecurityGroups/vm-nic-nsg",
            "timeouts": null
          },
          "sensitive_attributes": [],
          "private": "eyJlMmJmYjczMC1lY2FhLTExZTYtOGY4OC0zNDM2M2JjN2M0YzAiOnsiY3JlYXRlIjoxODAwMDAwMDAwMDAwLCJkZWxldGUiOjE4MDAwMDAwMDAwMDAsInJlYWQiOjMwMDAwMDAwMDAwMCwidXBkYXRlIjoxODAwMDAwMDAwMDAwfX0=",
          "dependencies": [
            "azurerm_network_interface.vm",
            "azurerm_network_security_group.this",
            "azurerm_public_ip.vm",
            "azurerm_resource_group.this",
            "azurerm_subnet.backend",
            "azurerm_virtual_network.this"
          ]
        }
      ]
    },
    {
      "mode": "managed",
      "type": "azurerm_network_security_group",
      "name": "this",
      "provider": "provider[\"registry.terraform.io/hashicorp/azurerm\"]",
      "instances": [
        {
          "schema_version": 0,
          "attributes": {
            "id": "/subscriptions/353e8b06-f9df-482d-9834-0f7a6d733e46/resourceGroups/ccscan-env-dev/providers/Microsoft.Network/networkSecurityGroups/vm-nic-nsg",
            "location": "northeurope",
            "name": "vm-nic-nsg",
            "resource_group_name": "ccscan-env-dev",
            "security_rule": [
              {
                "access": "Allow",
                "description": "",
                "destination_address_prefix": "*",
                "destination_address_prefixes": [],
                "destination_application_security_group_ids": [],
                "destination_port_range": "10000",
                "destination_port_ranges": [],
                "direction": "Inbound",
                "name": "ccnode_mainnet_grpc",
                "priority": 1004,
                "protocol": "Tcp",
                "source_address_prefix": "*",
                "source_address_prefixes": [],
                "source_application_security_group_ids": [],
                "source_port_range": "*",
                "source_port_ranges": []
              },
              {
                "access": "Allow",
                "description": "",
                "destination_address_prefix": "*",
                "destination_address_prefixes": [],
                "destination_application_security_group_ids": [],
                "destination_port_range": "10111",
                "destination_port_ranges": [],
                "direction": "Inbound",
                "name": "ccnode_testnet_grpc",
                "priority": 1005,
                "protocol": "Tcp",
                "source_address_prefix": "*",
                "source_address_prefixes": [],
                "source_application_security_group_ids": [],
                "source_port_range": "*",
                "source_port_ranges": []
              },
              {
                "access": "Allow",
                "description": "",
                "destination_address_prefix": "*",
                "destination_address_prefixes": [],
                "destination_application_security_group_ids": [],
                "destination_port_range": "18888",
                "destination_port_ranges": [],
                "direction": "Inbound",
                "name": "ccnode_testnet_p2p",
                "priority": 1003,
                "protocol": "Tcp",
                "source_address_prefix": "*",
                "source_address_prefixes": [],
                "source_application_security_group_ids": [],
                "source_port_range": "*",
                "source_port_ranges": []
              },
              {
                "access": "Allow",
                "description": "",
                "destination_address_prefix": "*",
                "destination_address_prefixes": [],
                "destination_application_security_group_ids": [],
                "destination_port_range": "22",
                "destination_port_ranges": [],
                "direction": "Inbound",
                "name": "SSH",
                "priority": 1001,
                "protocol": "Tcp",
                "source_address_prefix": "*",
                "source_address_prefixes": [],
                "source_application_security_group_ids": [],
                "source_port_range": "*",
                "source_port_ranges": []
              },
              {
                "access": "Allow",
                "description": "",
                "destination_address_prefix": "*",
                "destination_address_prefixes": [],
                "destination_application_security_group_ids": [],
                "destination_port_range": "5000",
                "destination_port_ranges": [],
                "direction": "Inbound",
                "name": "http-mainnet",
                "priority": 1007,
                "protocol": "Tcp",
                "source_address_prefix": "*",
                "source_address_prefixes": [],
                "source_application_security_group_ids": [],
                "source_port_range": "*",
                "source_port_ranges": []
              },
              {
                "access": "Allow",
                "description": "",
                "destination_address_prefix": "*",
                "destination_address_prefixes": [],
                "destination_application_security_group_ids": [],
                "destination_port_range": "5001",
                "destination_port_ranges": [],
                "direction": "Inbound",
                "name": "http-testnet",
                "priority": 1008,
                "protocol": "Tcp",
                "source_address_prefix": "*",
                "source_address_prefixes": [],
                "source_application_security_group_ids": [],
                "source_port_range": "*",
                "source_port_ranges": []
              },
              {
                "access": "Allow",
                "description": "",
                "destination_address_prefix": "*",
                "destination_address_prefixes": [],
                "destination_application_security_group_ids": [],
                "destination_port_range": "8888",
                "destination_port_ranges": [],
                "direction": "Inbound",
                "name": "ccnode_mainnet_p2p",
                "priority": 1002,
                "protocol": "Tcp",
                "source_address_prefix": "*",
                "source_address_prefixes": [],
                "source_application_security_group_ids": [],
                "source_port_range": "*",
                "source_port_ranges": []
              }
            ],
            "tags": {
              "environment": "dev"
            },
            "timeouts": null
          },
          "sensitive_attributes": [],
          "private": "eyJlMmJmYjczMC1lY2FhLTExZTYtOGY4OC0zNDM2M2JjN2M0YzAiOnsiY3JlYXRlIjoxODAwMDAwMDAwMDAwLCJkZWxldGUiOjE4MDAwMDAwMDAwMDAsInJlYWQiOjMwMDAwMDAwMDAwMCwidXBkYXRlIjoxODAwMDAwMDAwMDAwfX0=",
          "dependencies": [
            "azurerm_resource_group.this"
          ]
        }
      ]
    },
    {
      "mode": "managed",
      "type": "azurerm_public_ip",
      "name": "app-gw",
      "provider": "provider[\"registry.terraform.io/hashicorp/azurerm\"]",
      "instances": [
        {
          "schema_version": 0,
          "attributes": {
            "allocation_method": "Dynamic",
            "domain_name_label": "dev-ccdscan-api",
            "edge_zone": "",
            "fqdn": "dev-ccdscan-api.northeurope.cloudapp.azure.com",
            "id": "/subscriptions/353e8b06-f9df-482d-9834-0f7a6d733e46/resourceGroups/ccscan-env-dev/providers/Microsoft.Network/publicIPAddresses/app-gateway-pip",
            "idle_timeout_in_minutes": 4,
            "ip_address": "168.61.98.192",
            "ip_tags": {},
            "ip_version": "IPv4",
            "location": "northeurope",
            "name": "app-gateway-pip",
            "public_ip_prefix_id": null,
            "resource_group_name": "ccscan-env-dev",
            "reverse_fqdn": "",
            "sku": "Basic",
            "sku_tier": "Regional",
            "tags": {
              "environment": "dev"
            },
            "timeouts": null,
            "zones": []
          },
          "sensitive_attributes": [],
          "private": "eyJlMmJmYjczMC1lY2FhLTExZTYtOGY4OC0zNDM2M2JjN2M0YzAiOnsiY3JlYXRlIjoxODAwMDAwMDAwMDAwLCJkZWxldGUiOjE4MDAwMDAwMDAwMDAsInJlYWQiOjMwMDAwMDAwMDAwMCwidXBkYXRlIjoxODAwMDAwMDAwMDAwfX0=",
          "dependencies": [
            "azurerm_resource_group.this"
          ]
        }
      ]
    },
    {
      "mode": "managed",
      "type": "azurerm_public_ip",
      "name": "vm",
      "provider": "provider[\"registry.terraform.io/hashicorp/azurerm\"]",
      "instances": [
        {
          "schema_version": 0,
          "attributes": {
            "allocation_method": "Static",
            "domain_name_label": "dev-ccdscan-vm",
            "edge_zone": "",
            "fqdn": "dev-ccdscan-vm.northeurope.cloudapp.azure.com",
            "id": "/subscriptions/353e8b06-f9df-482d-9834-0f7a6d733e46/resourceGroups/ccscan-env-dev/providers/Microsoft.Network/publicIPAddresses/vm-nic-pip",
            "idle_timeout_in_minutes": 4,
            "ip_address": "168.63.72.246",
            "ip_tags": {},
            "ip_version": "IPv4",
            "location": "northeurope",
            "name": "vm-nic-pip",
            "public_ip_prefix_id": null,
            "resource_group_name": "ccscan-env-dev",
            "reverse_fqdn": "",
            "sku": "Basic",
            "sku_tier": "Regional",
            "tags": {
              "environment": "dev"
            },
            "timeouts": null,
            "zones": []
          },
          "sensitive_attributes": [],
          "private": "eyJlMmJmYjczMC1lY2FhLTExZTYtOGY4OC0zNDM2M2JjN2M0YzAiOnsiY3JlYXRlIjoxODAwMDAwMDAwMDAwLCJkZWxldGUiOjE4MDAwMDAwMDAwMDAsInJlYWQiOjMwMDAwMDAwMDAwMCwidXBkYXRlIjoxODAwMDAwMDAwMDAwfX0=",
          "dependencies": [
            "azurerm_resource_group.this"
          ]
        }
      ]
    },
    {
      "mode": "managed",
      "type": "azurerm_resource_group",
      "name": "this",
      "provider": "provider[\"registry.terraform.io/hashicorp/azurerm\"]",
      "instances": [
        {
          "schema_version": 0,
          "attributes": {
            "id": "/subscriptions/353e8b06-f9df-482d-9834-0f7a6d733e46/resourceGroups/ccscan-env-dev",
            "location": "northeurope",
            "name": "ccscan-env-dev",
            "tags": {
              "environment": "dev"
            },
            "timeouts": null
          },
          "sensitive_attributes": [],
          "private": "eyJlMmJmYjczMC1lY2FhLTExZTYtOGY4OC0zNDM2M2JjN2M0YzAiOnsiY3JlYXRlIjo1NDAwMDAwMDAwMDAwLCJkZWxldGUiOjU0MDAwMDAwMDAwMDAsInJlYWQiOjMwMDAwMDAwMDAwMCwidXBkYXRlIjo1NDAwMDAwMDAwMDAwfX0="
        }
      ]
    },
    {
      "mode": "managed",
      "type": "azurerm_role_assignment",
      "name": "automation-account-app-gateway",
      "provider": "provider[\"registry.terraform.io/hashicorp/azurerm\"]",
      "instances": [
        {
          "schema_version": 0,
          "attributes": {
            "condition": "",
            "condition_version": "",
            "delegated_managed_identity_resource_id": "",
            "description": "",
            "id": "/subscriptions/353e8b06-f9df-482d-9834-0f7a6d733e46/resourceGroups/ccscan-env-dev/providers/Microsoft.Network/applicationGateways/app-gateway/providers/Microsoft.Authorization/roleAssignments/94e3c0aa-26eb-844e-c4fa-41728d686b80",
            "name": "94e3c0aa-26eb-844e-c4fa-41728d686b80",
            "principal_id": "381db1da-dc5f-4709-b6f8-3dc7e6301c0d",
            "principal_type": "ServicePrincipal",
            "role_definition_id": "/subscriptions/353e8b06-f9df-482d-9834-0f7a6d733e46/providers/Microsoft.Authorization/roleDefinitions/b24988ac-6180-42a0-ab88-20f7382dd24c",
            "role_definition_name": "Contributor",
            "scope": "/subscriptions/353e8b06-f9df-482d-9834-0f7a6d733e46/resourceGroups/ccscan-env-dev/providers/Microsoft.Network/applicationGateways/app-gateway",
            "skip_service_principal_aad_check": null,
            "timeouts": null
          },
          "sensitive_attributes": [],
          "private": "eyJlMmJmYjczMC1lY2FhLTExZTYtOGY4OC0zNDM2M2JjN2M0YzAiOnsiY3JlYXRlIjoxODAwMDAwMDAwMDAwLCJkZWxldGUiOjE4MDAwMDAwMDAwMDAsInJlYWQiOjMwMDAwMDAwMDAwMCwidXBkYXRlIjoxODAwMDAwMDAwMDAwfX0=",
          "dependencies": [
            "azurerm_application_gateway.this",
            "azurerm_automation_account.this",
            "azurerm_public_ip.app-gw",
            "azurerm_resource_group.this",
            "azurerm_subnet.frontend",
            "azurerm_virtual_network.this",
            "data.azurerm_key_vault.ccscan",
            "data.azurerm_key_vault_secret.ssl-cert-data",
            "data.azurerm_key_vault_secret.ssl-cert-password"
          ]
        }
      ]
    },
    {
      "mode": "managed",
      "type": "azurerm_role_assignment",
      "name": "automation-account-key-vault-godaddy-dns-api-key-secret",
      "provider": "provider[\"registry.terraform.io/hashicorp/azurerm\"]",
      "instances": [
        {
          "schema_version": 0,
          "attributes": {
            "condition": "",
            "condition_version": "",
            "delegated_managed_identity_resource_id": "",
            "description": "",
            "id": "/subscriptions/353e8b06-f9df-482d-9834-0f7a6d733e46/resourceGroups/ccscan-key-vault/providers/Microsoft.KeyVault/vaults/ccscan/secrets/godaddy-dns-api-key-secret/providers/Microsoft.Authorization/roleAssignments/4348fd9f-8c39-c724-3c09-87e819873070",
            "name": "4348fd9f-8c39-c724-3c09-87e819873070",
            "principal_id": "381db1da-dc5f-4709-b6f8-3dc7e6301c0d",
            "principal_type": "ServicePrincipal",
            "role_definition_id": "/subscriptions/353e8b06-f9df-482d-9834-0f7a6d733e46/providers/Microsoft.Authorization/roleDefinitions/4633458b-17de-408a-b874-0445c86b69e6",
            "role_definition_name": "Key Vault Secrets User",
            "scope": "/subscriptions/353e8b06-f9df-482d-9834-0f7a6d733e46/resourceGroups/ccscan-key-vault/providers/Microsoft.KeyVault/vaults/ccscan/secrets/godaddy-dns-api-key-secret",
            "skip_service_principal_aad_check": null,
            "timeouts": null
          },
          "sensitive_attributes": [],
          "private": "eyJlMmJmYjczMC1lY2FhLTExZTYtOGY4OC0zNDM2M2JjN2M0YzAiOnsiY3JlYXRlIjoxODAwMDAwMDAwMDAwLCJkZWxldGUiOjE4MDAwMDAwMDAwMDAsInJlYWQiOjMwMDAwMDAwMDAwMCwidXBkYXRlIjoxODAwMDAwMDAwMDAwfX0=",
          "dependencies": [
            "azurerm_automation_account.this",
            "azurerm_resource_group.this",
            "data.azurerm_key_vault.ccscan",
            "data.azurerm_key_vault_secret.godaddy-dns-api-key-secret"
          ]
        }
      ]
    },
    {
      "mode": "managed",
      "type": "azurerm_role_assignment",
      "name": "automation-account-key-vault-sslcert-pfx",
      "provider": "provider[\"registry.terraform.io/hashicorp/azurerm\"]",
      "instances": [
        {
          "schema_version": 0,
          "attributes": {
            "condition": "",
            "condition_version": "",
            "delegated_managed_identity_resource_id": "",
            "description": "",
            "id": "/subscriptions/353e8b06-f9df-482d-9834-0f7a6d733e46/resourceGroups/ccscan-key-vault/providers/Microsoft.KeyVault/vaults/ccscan/secrets/dev-sslcert-pfx/providers/Microsoft.Authorization/roleAssignments/eda50a8e-fcb8-3a24-4b57-1db2af71473a",
            "name": "eda50a8e-fcb8-3a24-4b57-1db2af71473a",
            "principal_id": "381db1da-dc5f-4709-b6f8-3dc7e6301c0d",
            "principal_type": "ServicePrincipal",
            "role_definition_id": "/subscriptions/353e8b06-f9df-482d-9834-0f7a6d733e46/providers/Microsoft.Authorization/roleDefinitions/b86a8fe4-44ce-4948-aee5-eccb2c155cd7",
            "role_definition_name": "Key Vault Secrets Officer",
            "scope": "/subscriptions/353e8b06-f9df-482d-9834-0f7a6d733e46/resourceGroups/ccscan-key-vault/providers/Microsoft.KeyVault/vaults/ccscan/secrets/dev-sslcert-pfx",
            "skip_service_principal_aad_check": null,
            "timeouts": null
          },
          "sensitive_attributes": [],
          "private": "eyJlMmJmYjczMC1lY2FhLTExZTYtOGY4OC0zNDM2M2JjN2M0YzAiOnsiY3JlYXRlIjoxODAwMDAwMDAwMDAwLCJkZWxldGUiOjE4MDAwMDAwMDAwMDAsInJlYWQiOjMwMDAwMDAwMDAwMCwidXBkYXRlIjoxODAwMDAwMDAwMDAwfX0=",
          "dependencies": [
            "azurerm_automation_account.this",
            "azurerm_resource_group.this",
            "data.azurerm_key_vault.ccscan",
            "data.azurerm_key_vault_secret.ssl-cert-data"
          ]
        }
      ]
    },
    {
      "mode": "managed",
      "type": "azurerm_role_assignment",
      "name": "automation-account-key-vault-sslcert-pfx-password",
      "provider": "provider[\"registry.terraform.io/hashicorp/azurerm\"]",
      "instances": [
        {
          "schema_version": 0,
          "attributes": {
            "condition": "",
            "condition_version": "",
            "delegated_managed_identity_resource_id": "",
            "description": "",
            "id": "/subscriptions/353e8b06-f9df-482d-9834-0f7a6d733e46/resourceGroups/ccscan-key-vault/providers/Microsoft.KeyVault/vaults/ccscan/secrets/dev-sslcert-pfx-password/providers/Microsoft.Authorization/roleAssignments/8b6f030f-bc62-77f6-31d3-2104968bdfd2",
            "name": "8b6f030f-bc62-77f6-31d3-2104968bdfd2",
            "principal_id": "381db1da-dc5f-4709-b6f8-3dc7e6301c0d",
            "principal_type": "ServicePrincipal",
            "role_definition_id": "/subscriptions/353e8b06-f9df-482d-9834-0f7a6d733e46/providers/Microsoft.Authorization/roleDefinitions/4633458b-17de-408a-b874-0445c86b69e6",
            "role_definition_name": "Key Vault Secrets User",
            "scope": "/subscriptions/353e8b06-f9df-482d-9834-0f7a6d733e46/resourceGroups/ccscan-key-vault/providers/Microsoft.KeyVault/vaults/ccscan/secrets/dev-sslcert-pfx-password",
            "skip_service_principal_aad_check": null,
            "timeouts": null
          },
          "sensitive_attributes": [],
          "private": "eyJlMmJmYjczMC1lY2FhLTExZTYtOGY4OC0zNDM2M2JjN2M0YzAiOnsiY3JlYXRlIjoxODAwMDAwMDAwMDAwLCJkZWxldGUiOjE4MDAwMDAwMDAwMDAsInJlYWQiOjMwMDAwMDAwMDAwMCwidXBkYXRlIjoxODAwMDAwMDAwMDAwfX0=",
          "dependencies": [
            "azurerm_automation_account.this",
            "azurerm_resource_group.this",
            "data.azurerm_key_vault.ccscan",
            "data.azurerm_key_vault_secret.ssl-cert-password"
          ]
        }
      ]
    },
    {
      "mode": "managed",
      "type": "azurerm_role_assignment",
      "name": "automation_account_key_vault_godaddy_dns_api_key",
      "provider": "provider[\"registry.terraform.io/hashicorp/azurerm\"]",
      "instances": [
        {
          "schema_version": 0,
          "attributes": {
            "condition": "",
            "condition_version": "",
            "delegated_managed_identity_resource_id": "",
            "description": "",
            "id": "/subscriptions/353e8b06-f9df-482d-9834-0f7a6d733e46/resourceGroups/ccscan-key-vault/providers/Microsoft.KeyVault/vaults/ccscan/secrets/godaddy-dns-api-key/providers/Microsoft.Authorization/roleAssignments/4e41b3e0-4f96-f72e-cfe2-de79be279fcc",
            "name": "4e41b3e0-4f96-f72e-cfe2-de79be279fcc",
            "principal_id": "381db1da-dc5f-4709-b6f8-3dc7e6301c0d",
            "principal_type": "ServicePrincipal",
            "role_definition_id": "/subscriptions/353e8b06-f9df-482d-9834-0f7a6d733e46/providers/Microsoft.Authorization/roleDefinitions/4633458b-17de-408a-b874-0445c86b69e6",
            "role_definition_name": "Key Vault Secrets User",
            "scope": "/subscriptions/353e8b06-f9df-482d-9834-0f7a6d733e46/resourceGroups/ccscan-key-vault/providers/Microsoft.KeyVault/vaults/ccscan/secrets/godaddy-dns-api-key",
            "skip_service_principal_aad_check": null,
            "timeouts": null
          },
          "sensitive_attributes": [],
          "private": "eyJlMmJmYjczMC1lY2FhLTExZTYtOGY4OC0zNDM2M2JjN2M0YzAiOnsiY3JlYXRlIjoxODAwMDAwMDAwMDAwLCJkZWxldGUiOjE4MDAwMDAwMDAwMDAsInJlYWQiOjMwMDAwMDAwMDAwMCwidXBkYXRlIjoxODAwMDAwMDAwMDAwfX0=",
          "dependencies": [
            "azurerm_automation_account.this",
            "azurerm_resource_group.this",
            "data.azurerm_key_vault.ccscan",
            "data.azurerm_key_vault_secret.godaddy-dns-api-key"
          ]
        }
      ]
    },
    {
      "mode": "managed",
      "type": "azurerm_storage_account",
      "name": "this",
      "provider": "provider[\"registry.terraform.io/hashicorp/azurerm\"]",
      "instances": [
        {
          "schema_version": 3,
          "attributes": {
            "access_tier": "Hot",
            "account_kind": "StorageV2",
            "account_replication_type": "LRS",
            "account_tier": "Standard",
            "allow_nested_items_to_be_public": false,
            "azure_files_authentication": [],
            "blob_properties": [
              {
                "change_feed_enabled": false,
                "container_delete_retention_policy": [],
                "cors_rule": [],
                "default_service_version": "",
                "delete_retention_policy": [],
                "last_access_time_enabled": false,
                "versioning_enabled": false
              }
            ],
            "cross_tenant_replication_enabled": true,
            "custom_domain": [],
            "customer_managed_key": [],
            "edge_zone": "",
            "enable_https_traffic_only": true,
            "id": "/subscriptions/353e8b06-f9df-482d-9834-0f7a6d733e46/resourceGroups/ccscan-env-dev/providers/Microsoft.Storage/storageAccounts/storageccscandev",
            "identity": [],
            "infrastructure_encryption_enabled": false,
            "is_hns_enabled": false,
            "large_file_share_enabled": null,
            "location": "northeurope",
            "min_tls_version": "TLS1_2",
            "name": "storageccscandev",
            "network_rules": [
              {
                "bypass": [
                  "AzureServices"
                ],
                "default_action": "Allow",
                "ip_rules": [],
                "private_link_access": [],
                "virtual_network_subnet_ids": []
              }
            ],
            "nfsv3_enabled": false,
            "primary_access_key": "BGVndcoZYttFcDgnvYBQ8X1fSMCAeT/OxlY2XG+C8gQH7/6cviglvoVid9TlDqRB/20f1ZRy1fPs+AStSxtgAw==",
            "primary_blob_connection_string": "DefaultEndpointsProtocol=https;BlobEndpoint=https://storageccscandev.blob.core.windows.net/;AccountName=storageccscandev;AccountKey=BGVndcoZYttFcDgnvYBQ8X1fSMCAeT/OxlY2XG+C8gQH7/6cviglvoVid9TlDqRB/20f1ZRy1fPs+AStSxtgAw==",
            "primary_blob_endpoint": "https://storageccscandev.blob.core.windows.net/",
            "primary_blob_host": "storageccscandev.blob.core.windows.net",
            "primary_connection_string": "DefaultEndpointsProtocol=https;AccountName=storageccscandev;AccountKey=BGVndcoZYttFcDgnvYBQ8X1fSMCAeT/OxlY2XG+C8gQH7/6cviglvoVid9TlDqRB/20f1ZRy1fPs+AStSxtgAw==;EndpointSuffix=core.windows.net",
            "primary_dfs_endpoint": "https://storageccscandev.dfs.core.windows.net/",
            "primary_dfs_host": "storageccscandev.dfs.core.windows.net",
            "primary_file_endpoint": "https://storageccscandev.file.core.windows.net/",
            "primary_file_host": "storageccscandev.file.core.windows.net",
            "primary_location": "northeurope",
            "primary_queue_endpoint": "https://storageccscandev.queue.core.windows.net/",
            "primary_queue_host": "storageccscandev.queue.core.windows.net",
            "primary_table_endpoint": "https://storageccscandev.table.core.windows.net/",
            "primary_table_host": "storageccscandev.table.core.windows.net",
            "primary_web_endpoint": "https://storageccscandev.z16.web.core.windows.net/",
            "primary_web_host": "storageccscandev.z16.web.core.windows.net",
            "queue_encryption_key_type": "Service",
            "queue_properties": [
              {
                "cors_rule": [],
                "hour_metrics": [
                  {
                    "enabled": true,
                    "include_apis": true,
                    "retention_policy_days": 7,
                    "version": "1.0"
                  }
                ],
                "logging": [
                  {
                    "delete": false,
                    "read": false,
                    "retention_policy_days": 0,
                    "version": "1.0",
                    "write": false
                  }
                ],
                "minute_metrics": [
                  {
                    "enabled": false,
                    "include_apis": false,
                    "retention_policy_days": 0,
                    "version": "1.0"
                  }
                ]
              }
            ],
            "resource_group_name": "ccscan-env-dev",
            "routing": [],
            "secondary_access_key": "SORLlo+eUQhRHjxXHaHFd//GxhujOnpxPGUgFTn6rD3/yNh+vX89PDQwiOXRp+5OkkVxg60gilCc+AStTGurHg==",
            "secondary_blob_connection_string": "",
            "secondary_blob_endpoint": null,
            "secondary_blob_host": null,
            "secondary_connection_string": "DefaultEndpointsProtocol=https;AccountName=storageccscandev;AccountKey=SORLlo+eUQhRHjxXHaHFd//GxhujOnpxPGUgFTn6rD3/yNh+vX89PDQwiOXRp+5OkkVxg60gilCc+AStTGurHg==;EndpointSuffix=core.windows.net",
            "secondary_dfs_endpoint": null,
            "secondary_dfs_host": null,
            "secondary_file_endpoint": null,
            "secondary_file_host": null,
            "secondary_location": "",
            "secondary_queue_endpoint": null,
            "secondary_queue_host": null,
            "secondary_table_endpoint": null,
            "secondary_table_host": null,
            "secondary_web_endpoint": null,
            "secondary_web_host": null,
            "share_properties": [
              {
                "cors_rule": [],
                "retention_policy": [
                  {
                    "days": 7
                  }
                ],
                "smb": []
              }
            ],
            "shared_access_key_enabled": true,
            "static_website": [],
            "table_encryption_key_type": "Service",
            "tags": {
              "environment": "dev"
            },
            "timeouts": null
          },
          "sensitive_attributes": [],
          "private": "eyJlMmJmYjczMC1lY2FhLTExZTYtOGY4OC0zNDM2M2JjN2M0YzAiOnsiY3JlYXRlIjozNjAwMDAwMDAwMDAwLCJkZWxldGUiOjM2MDAwMDAwMDAwMDAsInJlYWQiOjMwMDAwMDAwMDAwMCwidXBkYXRlIjozNjAwMDAwMDAwMDAwfSwic2NoZW1hX3ZlcnNpb24iOiIzIn0=",
          "dependencies": [
            "azurerm_resource_group.this"
          ]
        }
      ]
    },
    {
      "mode": "managed",
      "type": "azurerm_storage_container",
      "name": "sslrenewal",
      "provider": "provider[\"registry.terraform.io/hashicorp/azurerm\"]",
      "instances": [
        {
          "schema_version": 1,
          "attributes": {
            "container_access_type": "private",
            "has_immutability_policy": false,
            "has_legal_hold": false,
            "id": "https://storageccscandev.blob.core.windows.net/sslrenewal",
            "metadata": {},
            "name": "sslrenewal",
            "resource_manager_id": "/subscriptions/353e8b06-f9df-482d-9834-0f7a6d733e46/resourceGroups/ccscan-env-dev/providers/Microsoft.Storage/storageAccounts/storageccscandev/blobServices/default/containers/sslrenewal",
            "storage_account_name": "storageccscandev",
            "timeouts": null
          },
          "sensitive_attributes": [],
          "private": "eyJlMmJmYjczMC1lY2FhLTExZTYtOGY4OC0zNDM2M2JjN2M0YzAiOnsiY3JlYXRlIjoxODAwMDAwMDAwMDAwLCJkZWxldGUiOjE4MDAwMDAwMDAwMDAsInJlYWQiOjMwMDAwMDAwMDAwMCwidXBkYXRlIjoxODAwMDAwMDAwMDAwfSwic2NoZW1hX3ZlcnNpb24iOiIxIn0=",
          "dependencies": [
            "azurerm_resource_group.this",
            "azurerm_storage_account.this"
          ]
        }
      ]
    },
    {
      "mode": "managed",
      "type": "azurerm_subnet",
      "name": "backend",
      "provider": "provider[\"registry.terraform.io/hashicorp/azurerm\"]",
      "instances": [
        {
          "schema_version": 0,
          "attributes": {
            "address_prefixes": [
              "10.0.1.0/24"
            ],
            "delegation": [],
            "enforce_private_link_endpoint_network_policies": false,
            "enforce_private_link_service_network_policies": false,
            "id": "/subscriptions/353e8b06-f9df-482d-9834-0f7a6d733e46/resourceGroups/ccscan-env-dev/providers/Microsoft.Network/virtualNetworks/vnet/subnets/snet-backend",
            "name": "snet-backend",
            "resource_group_name": "ccscan-env-dev",
            "service_endpoint_policy_ids": [],
            "service_endpoints": [],
            "timeouts": null,
            "virtual_network_name": "vnet"
          },
          "sensitive_attributes": [],
          "private": "eyJlMmJmYjczMC1lY2FhLTExZTYtOGY4OC0zNDM2M2JjN2M0YzAiOnsiY3JlYXRlIjoxODAwMDAwMDAwMDAwLCJkZWxldGUiOjE4MDAwMDAwMDAwMDAsInJlYWQiOjMwMDAwMDAwMDAwMCwidXBkYXRlIjoxODAwMDAwMDAwMDAwfX0=",
          "dependencies": [
            "azurerm_resource_group.this",
            "azurerm_virtual_network.this"
          ]
        }
      ]
    },
    {
      "mode": "managed",
      "type": "azurerm_subnet",
      "name": "frontend",
      "provider": "provider[\"registry.terraform.io/hashicorp/azurerm\"]",
      "instances": [
        {
          "schema_version": 0,
          "attributes": {
            "address_prefixes": [
              "10.0.0.0/24"
            ],
            "delegation": [],
            "enforce_private_link_endpoint_network_policies": false,
            "enforce_private_link_service_network_policies": false,
            "id": "/subscriptions/353e8b06-f9df-482d-9834-0f7a6d733e46/resourceGroups/ccscan-env-dev/providers/Microsoft.Network/virtualNetworks/vnet/subnets/snet-frontend",
            "name": "snet-frontend",
            "resource_group_name": "ccscan-env-dev",
            "service_endpoint_policy_ids": [],
            "service_endpoints": [],
            "timeouts": null,
            "virtual_network_name": "vnet"
          },
          "sensitive_attributes": [],
          "private": "eyJlMmJmYjczMC1lY2FhLTExZTYtOGY4OC0zNDM2M2JjN2M0YzAiOnsiY3JlYXRlIjoxODAwMDAwMDAwMDAwLCJkZWxldGUiOjE4MDAwMDAwMDAwMDAsInJlYWQiOjMwMDAwMDAwMDAwMCwidXBkYXRlIjoxODAwMDAwMDAwMDAwfX0=",
          "dependencies": [
            "azurerm_resource_group.this",
            "azurerm_virtual_network.this"
          ]
        }
      ]
    },
    {
      "mode": "managed",
      "type": "azurerm_virtual_machine_data_disk_attachment",
      "name": "vm_data",
      "provider": "provider[\"registry.terraform.io/hashicorp/azurerm\"]",
      "instances": [
        {
          "schema_version": 0,
          "attributes": {
            "caching": "ReadWrite",
            "create_option": "Attach",
            "id": "/subscriptions/353e8b06-f9df-482d-9834-0f7a6d733e46/resourceGroups/ccscan-env-dev/providers/Microsoft.Compute/virtualMachines/vm/dataDisks/vm_disk_data",
            "lun": 1,
            "managed_disk_id": "/subscriptions/353e8b06-f9df-482d-9834-0f7a6d733e46/resourceGroups/ccscan-env-dev/providers/Microsoft.Compute/disks/vm_disk_data",
            "timeouts": null,
            "virtual_machine_id": "/subscriptions/353e8b06-f9df-482d-9834-0f7a6d733e46/resourceGroups/ccscan-env-dev/providers/Microsoft.Compute/virtualMachines/vm",
            "write_accelerator_enabled": false
          },
          "sensitive_attributes": [],
          "private": "eyJlMmJmYjczMC1lY2FhLTExZTYtOGY4OC0zNDM2M2JjN2M0YzAiOnsiY3JlYXRlIjoxODAwMDAwMDAwMDAwLCJkZWxldGUiOjE4MDAwMDAwMDAwMDAsInJlYWQiOjMwMDAwMDAwMDAwMCwidXBkYXRlIjoxODAwMDAwMDAwMDAwfX0=",
          "dependencies": [
            "azurerm_linux_virtual_machine.vm",
            "azurerm_managed_disk.vm_data",
            "azurerm_network_interface.vm",
            "azurerm_public_ip.vm",
            "azurerm_resource_group.this",
            "azurerm_subnet.backend",
            "azurerm_virtual_network.this",
            "data.azurerm_container_registry.ccscan",
            "data.azurerm_key_vault.ccscan",
            "data.azurerm_key_vault_secret.ccnode-auth-token",
            "data.azurerm_key_vault_secret.postgres-password",
            "data.azurerm_ssh_public_key.ssh_vm"
          ]
        }
      ]
    },
    {
      "mode": "managed",
      "type": "azurerm_virtual_network",
      "name": "this",
      "provider": "provider[\"registry.terraform.io/hashicorp/azurerm\"]",
      "instances": [
        {
          "schema_version": 0,
          "attributes": {
            "address_space": [
              "10.0.0.0/16"
            ],
            "bgp_community": "",
            "ddos_protection_plan": [],
            "dns_servers": [],
            "edge_zone": "",
            "flow_timeout_in_minutes": 0,
            "guid": "bb2bee20-1674-4745-a147-ef3dcf71aa21",
            "id": "/subscriptions/353e8b06-f9df-482d-9834-0f7a6d733e46/resourceGroups/ccscan-env-dev/providers/Microsoft.Network/virtualNetworks/vnet",
            "location": "northeurope",
            "name": "vnet",
            "resource_group_name": "ccscan-env-dev",
            "subnet": [
              {
                "address_prefix": "10.0.0.0/24",
                "id": "/subscriptions/353e8b06-f9df-482d-9834-0f7a6d733e46/resourceGroups/ccscan-env-dev/providers/Microsoft.Network/virtualNetworks/vnet/subnets/snet-frontend",
                "name": "snet-frontend",
                "security_group": ""
              },
              {
                "address_prefix": "10.0.1.0/24",
                "id": "/subscriptions/353e8b06-f9df-482d-9834-0f7a6d733e46/resourceGroups/ccscan-env-dev/providers/Microsoft.Network/virtualNetworks/vnet/subnets/snet-backend",
                "name": "snet-backend",
                "security_group": ""
              }
            ],
            "tags": {
              "environment": "dev"
            },
            "timeouts": null
          },
          "sensitive_attributes": [],
          "private": "eyJlMmJmYjczMC1lY2FhLTExZTYtOGY4OC0zNDM2M2JjN2M0YzAiOnsiY3JlYXRlIjoxODAwMDAwMDAwMDAwLCJkZWxldGUiOjE4MDAwMDAwMDAwMDAsInJlYWQiOjMwMDAwMDAwMDAwMCwidXBkYXRlIjoxODAwMDAwMDAwMDAwfX0=",
          "dependencies": [
            "azurerm_resource_group.this"
          ]
        }
      ]
    }
  ]
}
