{
  "version": 4,
  "terraform_version": "1.1.7",
  "serial": 56,
  "lineage": "a9f06075-e72c-0ffd-7fcc-6fe4313c87b4",
  "outputs": {},
  "resources": [
    {
      "mode": "data",
      "type": "azurerm_container_registry",
      "name": "ccscan",
      "provider": "provider[\"registry.terraform.io/hashicorp/azurerm\"]",
      "instances": [
        {
          "schema_version": 0,
          "attributes": {
            "admin_enabled": true,
            "admin_password": "G+ne4o=OfLOnl54VkbeFYO0U+AB2xQRc",
            "admin_username": "ccscan",
            "id": "/subscriptions/353e8b06-f9df-482d-9834-0f7a6d733e46/resourceGroups/ccscan-docker-registry/providers/Microsoft.ContainerRegistry/registries/ccscan",
            "location": "northeurope",
            "login_server": "ccscan.azurecr.io",
            "name": "ccscan",
            "resource_group_name": "ccscan-docker-registry",
            "sku": "Basic",
            "tags": {},
            "timeouts": null
          },
          "sensitive_attributes": []
        }
      ]
    },
    {
      "mode": "data",
      "type": "azurerm_key_vault",
      "name": "ccscan",
      "provider": "provider[\"registry.terraform.io/hashicorp/azurerm\"]",
      "instances": [
        {
          "schema_version": 0,
          "attributes": {
            "access_policy": [
              {
                "application_id": "",
                "certificate_permissions": [
                  "Get",
                  "List",
                  "Update",
                  "Create",
                  "Import",
                  "Delete",
                  "Recover",
                  "Backup",
                  "Restore",
                  "ManageContacts",
                  "ManageIssuers",
                  "GetIssuers",
                  "ListIssuers",
                  "SetIssuers",
                  "DeleteIssuers"
                ],
                "key_permissions": [
                  "Get",
                  "List",
                  "Update",
                  "Create",
                  "Import",
                  "Delete",
                  "Recover",
                  "Backup",
                  "Restore"
                ],
                "object_id": "961b3ab5-550f-467d-bcee-05bc1f281e91",
                "secret_permissions": [
                  "Get",
                  "List",
                  "Set",
                  "Delete",
                  "Recover",
                  "Backup",
                  "Restore"
                ],
                "storage_permissions": [],
                "tenant_id": "d8887c7c-49ad-4af9-86e5-46450b21bcb7"
              }
            ],
            "enable_rbac_authorization": true,
            "enabled_for_deployment": false,
            "enabled_for_disk_encryption": false,
            "enabled_for_template_deployment": false,
            "id": "/subscriptions/353e8b06-f9df-482d-9834-0f7a6d733e46/resourceGroups/ccscan-key-vault/providers/Microsoft.KeyVault/vaults/ccscan",
            "location": "northeurope",
            "name": "ccscan",
            "network_acls": [],
            "purge_protection_enabled": false,
            "resource_group_name": "ccscan-key-vault",
            "sku_name": "Standard",
            "tags": {},
            "tenant_id": "d8887c7c-49ad-4af9-86e5-46450b21bcb7",
            "timeouts": null,
            "vault_uri": "https://ccscan.vault.azure.net/"
          },
          "sensitive_attributes": []
        }
      ]
    },
    {
      "mode": "data",
      "type": "azurerm_key_vault_secret",
      "name": "ccnode-auth-token",
      "provider": "provider[\"registry.terraform.io/hashicorp/azurerm\"]",
      "instances": [
        {
          "schema_version": 0,
          "attributes": {
            "content_type": "",
            "id": "https://ccscan.vault.azure.net/secrets/prod1-ccnode-auth-token/e9e889c7e282444cac0ef6e7db3161fa",
            "key_vault_id": "/subscriptions/353e8b06-f9df-482d-9834-0f7a6d733e46/resourceGroups/ccscan-key-vault/providers/Microsoft.KeyVault/vaults/ccscan",
            "name": "prod1-ccnode-auth-token",
            "tags": {},
            "timeouts": null,
            "value": "cuiRmdZ6KnUkF74p",
            "version": "e9e889c7e282444cac0ef6e7db3161fa",
            "versionless_id": "https://ccscan.vault.azure.net/secrets/prod1-ccnode-auth-token"
          },
          "sensitive_attributes": []
        }
      ]
    },
    {
      "mode": "data",
      "type": "azurerm_key_vault_secret",
      "name": "godaddy-dns-api-key",
      "provider": "provider[\"registry.terraform.io/hashicorp/azurerm\"]",
      "instances": [
        {
          "schema_version": 0,
          "attributes": {
            "content_type": "",
            "id": "https://ccscan.vault.azure.net/secrets/godaddy-dns-api-key/95813f8789774aaba62baff1e54e0ecb",
            "key_vault_id": "/subscriptions/353e8b06-f9df-482d-9834-0f7a6d733e46/resourceGroups/ccscan-key-vault/providers/Microsoft.KeyVault/vaults/ccscan",
            "name": "godaddy-dns-api-key",
            "tags": {},
            "timeouts": null,
            "value": "dLYskneC4EUy_XdMQRuqVSwSof4HkZ1XceR",
            "version": "95813f8789774aaba62baff1e54e0ecb",
            "versionless_id": "https://ccscan.vault.azure.net/secrets/godaddy-dns-api-key"
          },
          "sensitive_attributes": []
        }
      ]
    },
    {
      "mode": "data",
      "type": "azurerm_key_vault_secret",
      "name": "godaddy-dns-api-key-secret",
      "provider": "provider[\"registry.terraform.io/hashicorp/azurerm\"]",
      "instances": [
        {
          "schema_version": 0,
          "attributes": {
            "content_type": "",
            "id": "https://ccscan.vault.azure.net/secrets/godaddy-dns-api-key-secret/27deaa19d1b24790ab3af55c987c39eb",
            "key_vault_id": "/subscriptions/353e8b06-f9df-482d-9834-0f7a6d733e46/resourceGroups/ccscan-key-vault/providers/Microsoft.KeyVault/vaults/ccscan",
            "name": "godaddy-dns-api-key-secret",
            "tags": {},
            "timeouts": null,
            "value": "QLT1cWagkwpEKejdbMwZ37",
            "version": "27deaa19d1b24790ab3af55c987c39eb",
            "versionless_id": "https://ccscan.vault.azure.net/secrets/godaddy-dns-api-key-secret"
          },
          "sensitive_attributes": []
        }
      ]
    },
    {
      "mode": "data",
      "type": "azurerm_key_vault_secret",
      "name": "postgres-password",
      "provider": "provider[\"registry.terraform.io/hashicorp/azurerm\"]",
      "instances": [
        {
          "schema_version": 0,
          "attributes": {
            "content_type": "",
            "id": "https://ccscan.vault.azure.net/secrets/prod1-postgres-password/73a8ac29df8249169cc61c3196c582f4",
            "key_vault_id": "/subscriptions/353e8b06-f9df-482d-9834-0f7a6d733e46/resourceGroups/ccscan-key-vault/providers/Microsoft.KeyVault/vaults/ccscan",
            "name": "prod1-postgres-password",
            "tags": {},
            "timeouts": null,
            "value": "Drill-headroom-4289",
            "version": "73a8ac29df8249169cc61c3196c582f4",
            "versionless_id": "https://ccscan.vault.azure.net/secrets/prod1-postgres-password"
          },
          "sensitive_attributes": []
        }
      ]
    },
    {
      "mode": "data",
      "type": "azurerm_key_vault_secret",
      "name": "ssl-cert-data",
      "provider": "provider[\"registry.terraform.io/hashicorp/azurerm\"]",
      "instances": [
        {
          "schema_version": 0,
          "attributes": {
            "content_type": "Base64 encoded PFX",
            "id": "https://ccscan.vault.azure.net/secrets/prod1-sslcert-pfx/ce17e8cad90c4ca4a9c29180b43d11ee",
            "key_vault_id": "/subscriptions/353e8b06-f9df-482d-9834-0f7a6d733e46/resourceGroups/ccscan-key-vault/providers/Microsoft.KeyVault/vaults/ccscan",
            "name": "prod1-sslcert-pfx",
            "tags": {},
            "timeouts": null,
            "value": "MIACAQMwgAYJKoZIhvcNAQcBoIAkgASCA+gwgDCABgkqhkiG9w0BBwGggCSABIID6DCCBWMwggVfBgsqhkiG9w0BDAoBAqCCBPowggT2MCgGCiqGSIb3DQEMAQMwGgQU5e8dtfkDAKNbwrMOjMmFFQILWGQCAgQABIIEyNYrrxUO2Mm2GA6RySTjv5sSfambdv/N3KTMIbrGopF/Sj2PoupRfjc1261dNgrPYc2wJ4kI51yiA6vYg5S5hdX5FBLFqUfEj1AYf3sy5Wwu8TjF2+7Vizysu8wvObNpD/ZlQT69yr+Flf5hD/rHz4Dh0EWeVs1vWRRtoxw3dCfOc0v7LVZnwhFD1EYKdu5/+sALmRwcDY6ifQf5tySIHPW1S7Fh42RXmIXiMM4wH4eq99ctcvjIeTngbPaSQqL0WFszFUtp3+SjNkRAGDkGKNBdcGYGj6wlfFyv20CZXP5o+t1MHLiif4aM1fF9t+dJg8UCEXSiCdUet151JmJ2Cd0267cp3OtC5c15ySIMaHUlVbcJndjH9B9+BY3oYjJEBbvDb0FaLufSLNq0ndNm6Wz7dHCv0+cH8fEG5TBvOsX+HCmpxqD/yQM5KQgp+ZZ7kpIGOWzz8NxIkurraAEpGJI8NSn3IE3Hm0EOzXGwZPS3LJTbU4YFTuKsDJ4CucBQk66fBtwSVY9V9aKaUt/LO9XPhyvGaojzd20pJ3LJ7kReaq/fR+gABnABMCEF0+umWcj48aroHfLDUyuH5+dwaUm79rWHu4JWbEsBG6STKwypcJze83A4SCgbsmTujfB0Fa0/K5ZX9Zp6PWuJRcZrRZnPW7a6f9+4eZAVZwHuW4jODTYnedaFFRY0bSPzLGSQUICLXxcG1HseaUZj8AT8fbEXN/NokztFJyJzT/+rrT3+Xd+HgUeoHTOEjnaZ6yEp9cYKOgqVA+/Gahtk3ZbTvNd3RMlyzqzdSnGzoZ2caoXU90Z62mxGM7zJ8AwOLtOc5KDy+D6J+3O+I3YuOqo/ZA9FLM894wIoA9IyGdku96YhU6DJqTQBiEJ0M3VlSlM5SLAHFdFkRHue1WdfJSCX7DBTH2cqpjf/0vXAyTCtfnRcFxXexAUTVPPLbrxM34JnI5mVsT/p2CDjSSPQrWmSjzkpy7ma31//pX5djG3hkPbsP5MOdLiKeYiYULuAKxRg7shtY+vIJrb2Kb3ccd7CrTMS6Q8Y666PXhEpixqwD8G07VVNH5voUe5SGQAZO3B2HzPLRturMepQSaJa28Am1xhkI7q8AFENwP9sacOmhFEX350tlIH1pYEtcDtdRXcVhnA9UTnewzgXtL7jhy/nwFmt0ttjK9Ahg5NRCz9Qze9S/jcD9g21BIID6D9VDsVl/J2qt/C4eY/3VryjijyXPU37BIIBf5hS+5UGCUpfeFU4viBAwn7sdmghFNoqPVeX469aCNTl7xH2OTCJsKGJBYsphepQzn9Tn0K64zLPcoKtmYxNvYABugcVcLVwIg4BhctnE8L0nn9kfXKKHexRQXu3qMfq4Rrnz01DZ8GATeHscHqGbc1QkRi/tSU9vSfAIUO6Ebr20adBfBV4iQC2pm26qcHDv11k1r9R7r1/pFa6bmf7k19Gy0+WCPqNq39zjyYz7ttSYLoQM5PBWYzS92KH7D0w+Lt7w9bu0tHdLmPkp1yo/TwbFOB3nEgp3apyKEbeFbgTfRQYgo2j24FPJ8sHowRVeP6W45/TtRUDINne4TJ7f5HTyQGlt1NqZkYvdjC0vZ8NuGjG66C06GifAykPdJtbbXNwO1rCC0AFwIYJMVIwIwYJKoZIhvcNAQkVMRYEFADTOfeIO+ROTi5YPVuB2pbSGtoNMCsGCSqGSIb3DQEJFDEeHhwAYQBwAGkALgBjAGMAZABzAGMAYQBuAC4AaQBvAAAAAAAAMIAGCSqGSIb3DQEHBqCAMIACAQAwgAYJKoZIhvcNAQcBMCgGCiqGSIb3DQEMAQYwGgQUikuEMP5Iq49rAiWOT02RAPRO018CAgQAoIAEggPop/Yp+roKxifBdluhHWLkl5sO3gfgj7HExG0LKxEIcnVgJwRVwcUPipxVkjn+6wg6506r5382vl6bOjOJjYr9Au4oZUsZQ8g+z5d3ibH/C/w1J2SodnE7SZiHkoGn2eps2aBjO2+riGnhmkJ1unlUiY6tA/YLZxWn6pQguZ7J5gHFCZW/pa1O703bSRqWRstnEqjnWj1BFUJGp5j+Y7zp0eIi5BJSva8i0PrnD/XANoSvQm3jTjqEHz/cVEQ8bDMzAhAIh8xJ405t8E9KzRu0rwEqaQRASgd7mfULd0KHjmM/AAN4hLHJXhvqGU4AuoiOKDHtXjtVHESEiXUv3UcazdRAOz/YZeN5h9CW2YxG29tL4rFyb8mZgGz+S7pYsqHqWMJzG6aTiJ+STcIIW2haY2np/h0mwcZMYFWdX6FfCHHM1+ssKisk2EeP3Q0nO1YK0m3SHffQpqI9CPGEWtheMl0WjuE/cXjg6XJOQ3Nmmm/5rt1RAcQUltSdiYHLdui1no62rQExsfSIY9z5ZNe1fDkSX+QusCGqchfMQjWn5faU06mGoAF88R5TIXosTLoYuIxZSnEvFLQSS2AAF0TRX142Fj9WC7CBnWF2U4VywTkPgAOonfABRZDuorQZqkzvPtJDBIAeakEjZdo1i0/TmhNaGD8be48EggPZFkzJaQIRl8o15Aj77nn7bbvHN2bDqwe5mO/ERgEIRjJ5CMHrUDdJG989bsx6HXEkKxgXfRevOqYNKamxEEgx+NFHeqaNJiEaAZGt4TXOMvKhZApibQhva86T9sxrh4I+l0OoFQ6xJu8G8RMpzTpVcPQDB9QHfN/LsCv7jcbIw2L+X3LAudH2ZfuXZ7O+4n6iAOMc/3+jkyBZnjujktGj/i+exp+it03Ou1991Q5140EUrRyB+t29AalWwwns9OwkfAuEyaVcxgdPBuxjmpiFxptQTECR9cjy0AI4hshsd317d0vv+ufjHCSYuY/unmWEfwRzTCKVyf9923tblj0TqNts2p77dl3ZKsnbzc7pFSN8xRS5As3ZtaYFN81yx4ZW39TIf8KPtmEjnIdO3Q8HvdZ5lfZmDAQ+v/sG5/HNGcLtDbpCcZHqd5jvZ3k+tTw+WupSouD11V1xHGmlNp0aYg1fjxVWHKDr53oZEXWQLNkCHAmkicNLU0/zveg8kKYpaEpkrju6sRGHNHCHFrRSMFBxpzv2WIRxl+6GbDrRsT6EIaBNN1piuXFaTazZYwanSceHXy+Yq7ZI87U9pAzEsyYxdPCMkDftFyGQ2sLhOv18alj5pa1zAhvqIBlyRs8XfcsfxmmE+ryvePXzJESmycoEggHY+grAkBtFFsvoXrnu4dBR1512Fi/yKw+zq5RDMtPGjWFbSU5UXg6EVfCLVt00SbkGU5U8UmposGpUcjCXcNGvgLl2p4eV6Cs8EzreYXZKRvqrkEPqYPZtY4Xy5g0nloINlO68PpF2AJEh5VGbASoZLNBhz+j0AtMTAa2EdrX6XzZzrhRBgQp3HVSVQno1iNgcfeMtqgXPPqJVF88yN1QYVhJWgkF6tLMqTZGD4u8ybrGKBGE2+Xs1mIKEIOuEXVUenBUVach7WgdMzrIT0eeahHWxBQ2oPXMo6zkmGcU0u+jiWF02xlpBfHx2zI1OqcpJAI47ZHbh1eMAYthV6bsloUzKRNwDtWMhaoBAK+jUF9MlSL6Kt4S5dhhlcGZhDTDHia/CP/UJ+DsD9AtMAxf+FOYfeNyS75HImRr1F/g6V6BTmii8uAivmO/Puo2BUE6KXR3Ihm326SYcz65g+yzconJQZDBtA93a+39FoYMzPvDeMbphkqlcWRsi3M34aIwz6g94g3nnlUZwkmM6Z9OhzB7DX35hIQNDi6ChldhANCL/9Kni14YwdG/tUyTxA1iO+H0mVJWu6Y0llVbLJlstdBaiK+n9DgTkgR+ql8iSuXJBAsFqCOK4ZAAAAAAAAAAAAAAAAAAAAAAAADA9MCEwCQYFKw4DAhoFAAQU0emxSzRFKFuGavVeyVnuBNnM2ZEEFFMuDeGzl2GqY18Yge8C9v2mzd2sAgIEAAAA",
            "version": "ce17e8cad90c4ca4a9c29180b43d11ee",
            "versionless_id": "https://ccscan.vault.azure.net/secrets/prod1-sslcert-pfx"
          },
          "sensitive_attributes": []
        }
      ]
    },
    {
      "mode": "data",
      "type": "azurerm_key_vault_secret",
      "name": "ssl-cert-password",
      "provider": "provider[\"registry.terraform.io/hashicorp/azurerm\"]",
      "instances": [
        {
          "schema_version": 0,
          "attributes": {
            "content_type": "",
            "id": "https://ccscan.vault.azure.net/secrets/prod1-sslcert-pfx-password/6c3bb8c4f2b748f4911a6002ea99fad7",
            "key_vault_id": "/subscriptions/353e8b06-f9df-482d-9834-0f7a6d733e46/resourceGroups/ccscan-key-vault/providers/Microsoft.KeyVault/vaults/ccscan",
            "name": "prod1-sslcert-pfx-password",
            "tags": {},
            "timeouts": null,
            "value": "mumbai-water-glass",
            "version": "6c3bb8c4f2b748f4911a6002ea99fad7",
            "versionless_id": "https://ccscan.vault.azure.net/secrets/prod1-sslcert-pfx-password"
          },
          "sensitive_attributes": []
        }
      ]
    },
    {
      "mode": "data",
      "type": "azurerm_ssh_public_key",
      "name": "ssh_vm",
      "provider": "provider[\"registry.terraform.io/hashicorp/azurerm\"]",
      "instances": [
        {
          "schema_version": 0,
          "attributes": {
            "id": "/subscriptions/353e8b06-f9df-482d-9834-0f7a6d733e46/resourceGroups/ccscan-ssh-keys/providers/Microsoft.Compute/sshPublicKeys/ssh-vm-prod1",
            "name": "ssh-vm-prod1",
            "public_key": "ssh-rsa AAAAB3NzaC1yc2EAAAADAQABAAABgQCpZI3GS9/FB23GFxtn7xoSQQN9mBSbsFzDhEAjqmdGy5K+V0whh0XUZAOpXmad4tK+qqS/peLaBwUXcJv5E5/CHjHDobo4mtfA2Q2bsZtgd2VQ8howAaqhngDfmpFggwwtTU7o7tu6TUIMfLIKsdtV8HynCYzcyy7f7ywU6fpkbr2dCFtJv+zc8J6Zu/3PfPgfx42/hv8Cr9ggkFnd1CRaKBfuKP58nF8TFoqviLViUrXW50ChW49eQjglf+2dRfozUtaWe1E86iTGUpIEYkx4Xw7IcImx5wtuy6lpxT22XZi3c+DhSRyy+6kI6pv2s7bLwAYlh+5aHbLTcVyfURdoyUGVuCYdl2Sretsip4SBbBPRewblNby56YBy7obzYPDScMqWEmtHUupRMaXqQqJV/EpsdYgpwcwt47RVIteYlK/zBt/+COkD2QNZvvSUEeg+zBAX9Zqm25TDpFCQnaSPlCMSs3WIH8vYfEoToW2G1Pv3JZNHe0K7yCk23Ty4PZE= generated-by-azure",
            "resource_group_name": "ccscan-ssh-keys",
            "tags": {},
            "timeouts": null
          },
          "sensitive_attributes": []
        }
      ]
    },
    {
      "mode": "managed",
      "type": "azurerm_application_gateway",
      "name": "this",
      "provider": "provider[\"registry.terraform.io/hashicorp/azurerm\"]",
      "instances": [
        {
          "schema_version": 0,
          "attributes": {
            "authentication_certificate": [],
            "autoscale_configuration": [],
            "backend_address_pool": [
              {
                "fqdns": [],
                "id": "/subscriptions/353e8b06-f9df-482d-9834-0f7a6d733e46/resourceGroups/ccscan-env-prod1/providers/Microsoft.Network/applicationGateways/app-gateway/backendAddressPools/app-gateway-backends",
                "ip_addresses": [],
                "name": "app-gateway-backends"
              }
            ],
            "backend_http_settings": [
              {
                "affinity_cookie_name": "",
                "authentication_certificate": [],
                "connection_draining": [],
                "cookie_based_affinity": "Disabled",
                "host_name": "",
                "id": "/subscriptions/353e8b06-f9df-482d-9834-0f7a6d733e46/resourceGroups/ccscan-env-prod1/providers/Microsoft.Network/applicationGateways/app-gateway/backendHttpSettingsCollection/mainnet-http-settings",
                "name": "mainnet-http-settings",
                "path": "",
                "pick_host_name_from_backend_address": true,
                "port": 5000,
                "probe_id": "/subscriptions/353e8b06-f9df-482d-9834-0f7a6d733e46/resourceGroups/ccscan-env-prod1/providers/Microsoft.Network/applicationGateways/app-gateway/probes/health-probe",
                "probe_name": "health-probe",
                "protocol": "Http",
                "request_timeout": 20,
                "trusted_root_certificate_names": []
              },
              {
                "affinity_cookie_name": "",
                "authentication_certificate": [],
                "connection_draining": [],
                "cookie_based_affinity": "Disabled",
                "host_name": "",
                "id": "/subscriptions/353e8b06-f9df-482d-9834-0f7a6d733e46/resourceGroups/ccscan-env-prod1/providers/Microsoft.Network/applicationGateways/app-gateway/backendHttpSettingsCollection/testnet-http-settings",
                "name": "testnet-http-settings",
                "path": "",
                "pick_host_name_from_backend_address": true,
                "port": 5001,
                "probe_id": "/subscriptions/353e8b06-f9df-482d-9834-0f7a6d733e46/resourceGroups/ccscan-env-prod1/providers/Microsoft.Network/applicationGateways/app-gateway/probes/health-probe",
                "probe_name": "health-probe",
                "protocol": "Http",
                "request_timeout": 20,
                "trusted_root_certificate_names": []
              }
            ],
            "custom_error_configuration": [],
            "enable_http2": false,
            "fips_enabled": false,
            "firewall_policy_id": null,
            "force_firewall_policy_association": false,
            "frontend_ip_configuration": [
              {
                "id": "/subscriptions/353e8b06-f9df-482d-9834-0f7a6d733e46/resourceGroups/ccscan-env-prod1/providers/Microsoft.Network/applicationGateways/app-gateway/frontendIPConfigurations/app-gateway-feip",
                "name": "app-gateway-feip",
                "private_ip_address": "",
                "private_ip_address_allocation": "Dynamic",
                "private_link_configuration_id": "",
                "private_link_configuration_name": "",
                "public_ip_address_id": "/subscriptions/353e8b06-f9df-482d-9834-0f7a6d733e46/resourceGroups/ccscan-env-prod1/providers/Microsoft.Network/publicIPAddresses/app-gateway-pip",
                "subnet_id": ""
              }
            ],
            "frontend_port": [
              {
                "id": "/subscriptions/353e8b06-f9df-482d-9834-0f7a6d733e46/resourceGroups/ccscan-env-prod1/providers/Microsoft.Network/applicationGateways/app-gateway/frontendPorts/app-gateway-feport",
                "name": "app-gateway-feport",
                "port": 443
              }
            ],
            "gateway_ip_configuration": [
              {
                "id": "/subscriptions/353e8b06-f9df-482d-9834-0f7a6d733e46/resourceGroups/ccscan-env-prod1/providers/Microsoft.Network/applicationGateways/app-gateway/gatewayIPConfigurations/gateway-ip-configuration",
                "name": "gateway-ip-configuration",
                "subnet_id": "/subscriptions/353e8b06-f9df-482d-9834-0f7a6d733e46/resourceGroups/ccscan-env-prod1/providers/Microsoft.Network/virtualNetworks/vnet/subnets/snet-frontend"
              }
            ],
            "http_listener": [
              {
                "custom_error_configuration": [],
                "firewall_policy_id": "",
                "frontend_ip_configuration_id": "/subscriptions/353e8b06-f9df-482d-9834-0f7a6d733e46/resourceGroups/ccscan-env-prod1/providers/Microsoft.Network/applicationGateways/app-gateway/frontendIPConfigurations/app-gateway-feip",
                "frontend_ip_configuration_name": "app-gateway-feip",
                "frontend_port_id": "/subscriptions/353e8b06-f9df-482d-9834-0f7a6d733e46/resourceGroups/ccscan-env-prod1/providers/Microsoft.Network/applicationGateways/app-gateway/frontendPorts/app-gateway-feport",
                "frontend_port_name": "app-gateway-feport",
                "host_name": "mainnet.api.ccdscan.io",
                "host_names": [],
                "id": "/subscriptions/353e8b06-f9df-482d-9834-0f7a6d733e46/resourceGroups/ccscan-env-prod1/providers/Microsoft.Network/applicationGateways/app-gateway/httpListeners/mainnet-listener",
                "name": "mainnet-listener",
                "protocol": "Https",
                "require_sni": false,
                "ssl_certificate_id": "/subscriptions/353e8b06-f9df-482d-9834-0f7a6d733e46/resourceGroups/ccscan-env-prod1/providers/Microsoft.Network/applicationGateways/app-gateway/sslCertificates/ssl",
                "ssl_certificate_name": "ssl",
                "ssl_profile_id": "",
                "ssl_profile_name": ""
              },
              {
                "custom_error_configuration": [],
                "firewall_policy_id": "",
                "frontend_ip_configuration_id": "/subscriptions/353e8b06-f9df-482d-9834-0f7a6d733e46/resourceGroups/ccscan-env-prod1/providers/Microsoft.Network/applicationGateways/app-gateway/frontendIPConfigurations/app-gateway-feip",
                "frontend_ip_configuration_name": "app-gateway-feip",
                "frontend_port_id": "/subscriptions/353e8b06-f9df-482d-9834-0f7a6d733e46/resourceGroups/ccscan-env-prod1/providers/Microsoft.Network/applicationGateways/app-gateway/frontendPorts/app-gateway-feport",
                "frontend_port_name": "app-gateway-feport",
                "host_name": "staging-mainnet.api.ccdscan.io",
                "host_names": [],
                "id": "/subscriptions/353e8b06-f9df-482d-9834-0f7a6d733e46/resourceGroups/ccscan-env-prod1/providers/Microsoft.Network/applicationGateways/app-gateway/httpListeners/mainnet-staging-listener",
                "name": "mainnet-staging-listener",
                "protocol": "Https",
                "require_sni": false,
                "ssl_certificate_id": "/subscriptions/353e8b06-f9df-482d-9834-0f7a6d733e46/resourceGroups/ccscan-env-prod1/providers/Microsoft.Network/applicationGateways/app-gateway/sslCertificates/ssl",
                "ssl_certificate_name": "ssl",
                "ssl_profile_id": "",
                "ssl_profile_name": ""
              },
              {
                "custom_error_configuration": [],
                "firewall_policy_id": "",
                "frontend_ip_configuration_id": "/subscriptions/353e8b06-f9df-482d-9834-0f7a6d733e46/resourceGroups/ccscan-env-prod1/providers/Microsoft.Network/applicationGateways/app-gateway/frontendIPConfigurations/app-gateway-feip",
                "frontend_ip_configuration_name": "app-gateway-feip",
                "frontend_port_id": "/subscriptions/353e8b06-f9df-482d-9834-0f7a6d733e46/resourceGroups/ccscan-env-prod1/providers/Microsoft.Network/applicationGateways/app-gateway/frontendPorts/app-gateway-feport",
                "frontend_port_name": "app-gateway-feport",
                "host_name": "staging-testnet.api.ccdscan.io",
                "host_names": [],
                "id": "/subscriptions/353e8b06-f9df-482d-9834-0f7a6d733e46/resourceGroups/ccscan-env-prod1/providers/Microsoft.Network/applicationGateways/app-gateway/httpListeners/testnet-staging-listener",
                "name": "testnet-staging-listener",
                "protocol": "Https",
                "require_sni": false,
                "ssl_certificate_id": "/subscriptions/353e8b06-f9df-482d-9834-0f7a6d733e46/resourceGroups/ccscan-env-prod1/providers/Microsoft.Network/applicationGateways/app-gateway/sslCertificates/ssl",
                "ssl_certificate_name": "ssl",
                "ssl_profile_id": "",
                "ssl_profile_name": ""
              },
              {
                "custom_error_configuration": [],
                "firewall_policy_id": "",
                "frontend_ip_configuration_id": "/subscriptions/353e8b06-f9df-482d-9834-0f7a6d733e46/resourceGroups/ccscan-env-prod1/providers/Microsoft.Network/applicationGateways/app-gateway/frontendIPConfigurations/app-gateway-feip",
                "frontend_ip_configuration_name": "app-gateway-feip",
                "frontend_port_id": "/subscriptions/353e8b06-f9df-482d-9834-0f7a6d733e46/resourceGroups/ccscan-env-prod1/providers/Microsoft.Network/applicationGateways/app-gateway/frontendPorts/app-gateway-feport",
                "frontend_port_name": "app-gateway-feport",
                "host_name": "testnet.api.ccdscan.io",
                "host_names": [],
                "id": "/subscriptions/353e8b06-f9df-482d-9834-0f7a6d733e46/resourceGroups/ccscan-env-prod1/providers/Microsoft.Network/applicationGateways/app-gateway/httpListeners/testnet-listener",
                "name": "testnet-listener",
                "protocol": "Https",
                "require_sni": false,
                "ssl_certificate_id": "/subscriptions/353e8b06-f9df-482d-9834-0f7a6d733e46/resourceGroups/ccscan-env-prod1/providers/Microsoft.Network/applicationGateways/app-gateway/sslCertificates/ssl",
                "ssl_certificate_name": "ssl",
                "ssl_profile_id": "",
                "ssl_profile_name": ""
              }
            ],
            "id": "/subscriptions/353e8b06-f9df-482d-9834-0f7a6d733e46/resourceGroups/ccscan-env-prod1/providers/Microsoft.Network/applicationGateways/app-gateway",
            "identity": [],
            "location": "northeurope",
            "name": "app-gateway",
            "private_endpoint_connection": [],
            "private_link_configuration": [],
            "probe": [
              {
                "host": "",
                "id": "/subscriptions/353e8b06-f9df-482d-9834-0f7a6d733e46/resourceGroups/ccscan-env-prod1/providers/Microsoft.Network/applicationGateways/app-gateway/probes/health-probe",
                "interval": 30,
                "match": [
                  {
                    "body": "",
                    "status_code": [
                      "200-399"
                    ]
                  }
                ],
                "minimum_servers": 0,
                "name": "health-probe",
                "path": "/api/health",
                "pick_host_name_from_backend_http_settings": true,
                "port": 0,
                "protocol": "Http",
                "timeout": 30,
                "unhealthy_threshold": 3
              }
            ],
            "redirect_configuration": [],
            "request_routing_rule": [
              {
                "backend_address_pool_id": "/subscriptions/353e8b06-f9df-482d-9834-0f7a6d733e46/resourceGroups/ccscan-env-prod1/providers/Microsoft.Network/applicationGateways/app-gateway/backendAddressPools/app-gateway-backends",
                "backend_address_pool_name": "app-gateway-backends",
                "backend_http_settings_id": "/subscriptions/353e8b06-f9df-482d-9834-0f7a6d733e46/resourceGroups/ccscan-env-prod1/providers/Microsoft.Network/applicationGateways/app-gateway/backendHttpSettingsCollection/mainnet-http-settings",
                "backend_http_settings_name": "mainnet-http-settings",
                "http_listener_id": "/subscriptions/353e8b06-f9df-482d-9834-0f7a6d733e46/resourceGroups/ccscan-env-prod1/providers/Microsoft.Network/applicationGateways/app-gateway/httpListeners/mainnet-listener",
                "http_listener_name": "mainnet-listener",
                "id": "/subscriptions/353e8b06-f9df-482d-9834-0f7a6d733e46/resourceGroups/ccscan-env-prod1/providers/Microsoft.Network/applicationGateways/app-gateway/requestRoutingRules/mainnet-redirect",
                "name": "mainnet-redirect",
                "priority": 0,
                "redirect_configuration_id": "",
                "redirect_configuration_name": "",
                "rewrite_rule_set_id": "",
                "rewrite_rule_set_name": "",
                "rule_type": "Basic",
                "url_path_map_id": "",
                "url_path_map_name": ""
              },
              {
                "backend_address_pool_id": "/subscriptions/353e8b06-f9df-482d-9834-0f7a6d733e46/resourceGroups/ccscan-env-prod1/providers/Microsoft.Network/applicationGateways/app-gateway/backendAddressPools/app-gateway-backends",
                "backend_address_pool_name": "app-gateway-backends",
                "backend_http_settings_id": "/subscriptions/353e8b06-f9df-482d-9834-0f7a6d733e46/resourceGroups/ccscan-env-prod1/providers/Microsoft.Network/applicationGateways/app-gateway/backendHttpSettingsCollection/mainnet-http-settings",
                "backend_http_settings_name": "mainnet-http-settings",
                "http_listener_id": "/subscriptions/353e8b06-f9df-482d-9834-0f7a6d733e46/resourceGroups/ccscan-env-prod1/providers/Microsoft.Network/applicationGateways/app-gateway/httpListeners/mainnet-staging-listener",
                "http_listener_name": "mainnet-staging-listener",
                "id": "/subscriptions/353e8b06-f9df-482d-9834-0f7a6d733e46/resourceGroups/ccscan-env-prod1/providers/Microsoft.Network/applicationGateways/app-gateway/requestRoutingRules/mainnet-staging-redirect",
                "name": "mainnet-staging-redirect",
                "priority": 0,
                "redirect_configuration_id": "",
                "redirect_configuration_name": "",
                "rewrite_rule_set_id": "",
                "rewrite_rule_set_name": "",
                "rule_type": "Basic",
                "url_path_map_id": "",
                "url_path_map_name": ""
              },
              {
                "backend_address_pool_id": "/subscriptions/353e8b06-f9df-482d-9834-0f7a6d733e46/resourceGroups/ccscan-env-prod1/providers/Microsoft.Network/applicationGateways/app-gateway/backendAddressPools/app-gateway-backends",
                "backend_address_pool_name": "app-gateway-backends",
                "backend_http_settings_id": "/subscriptions/353e8b06-f9df-482d-9834-0f7a6d733e46/resourceGroups/ccscan-env-prod1/providers/Microsoft.Network/applicationGateways/app-gateway/backendHttpSettingsCollection/testnet-http-settings",
                "backend_http_settings_name": "testnet-http-settings",
                "http_listener_id": "/subscriptions/353e8b06-f9df-482d-9834-0f7a6d733e46/resourceGroups/ccscan-env-prod1/providers/Microsoft.Network/applicationGateways/app-gateway/httpListeners/testnet-listener",
                "http_listener_name": "testnet-listener",
                "id": "/subscriptions/353e8b06-f9df-482d-9834-0f7a6d733e46/resourceGroups/ccscan-env-prod1/providers/Microsoft.Network/applicationGateways/app-gateway/requestRoutingRules/testnet-redirect",
                "name": "testnet-redirect",
                "priority": 0,
                "redirect_configuration_id": "",
                "redirect_configuration_name": "",
                "rewrite_rule_set_id": "",
                "rewrite_rule_set_name": "",
                "rule_type": "Basic",
                "url_path_map_id": "",
                "url_path_map_name": ""
              },
              {
                "backend_address_pool_id": "/subscriptions/353e8b06-f9df-482d-9834-0f7a6d733e46/resourceGroups/ccscan-env-prod1/providers/Microsoft.Network/applicationGateways/app-gateway/backendAddressPools/app-gateway-backends",
                "backend_address_pool_name": "app-gateway-backends",
                "backend_http_settings_id": "/subscriptions/353e8b06-f9df-482d-9834-0f7a6d733e46/resourceGroups/ccscan-env-prod1/providers/Microsoft.Network/applicationGateways/app-gateway/backendHttpSettingsCollection/testnet-http-settings",
                "backend_http_settings_name": "testnet-http-settings",
                "http_listener_id": "/subscriptions/353e8b06-f9df-482d-9834-0f7a6d733e46/resourceGroups/ccscan-env-prod1/providers/Microsoft.Network/applicationGateways/app-gateway/httpListeners/testnet-staging-listener",
                "http_listener_name": "testnet-staging-listener",
                "id": "/subscriptions/353e8b06-f9df-482d-9834-0f7a6d733e46/resourceGroups/ccscan-env-prod1/providers/Microsoft.Network/applicationGateways/app-gateway/requestRoutingRules/testnet-staging-redirect",
                "name": "testnet-staging-redirect",
                "priority": 0,
                "redirect_configuration_id": "",
                "redirect_configuration_name": "",
                "rewrite_rule_set_id": "",
                "rewrite_rule_set_name": "",
                "rule_type": "Basic",
                "url_path_map_id": "",
                "url_path_map_name": ""
              }
            ],
            "resource_group_name": "ccscan-env-prod1",
            "rewrite_rule_set": [],
            "sku": [
              {
                "capacity": 1,
                "name": "Standard_Medium",
                "tier": "Standard"
              }
            ],
            "ssl_certificate": [
              {
                "data": "MIACAQMwgAYJKoZIhvcNAQcBoIAkgASCA+gwgDCABgkqhkiG9w0BBwGggCSABIID6DCCBWMwggVfBgsqhkiG9w0BDAoBAqCCBPowggT2MCgGCiqGSIb3DQEMAQMwGgQU5e8dtfkDAKNbwrMOjMmFFQILWGQCAgQABIIEyNYrrxUO2Mm2GA6RySTjv5sSfambdv/N3KTMIbrGopF/Sj2PoupRfjc1261dNgrPYc2wJ4kI51yiA6vYg5S5hdX5FBLFqUfEj1AYf3sy5Wwu8TjF2+7Vizysu8wvObNpD/ZlQT69yr+Flf5hD/rHz4Dh0EWeVs1vWRRtoxw3dCfOc0v7LVZnwhFD1EYKdu5/+sALmRwcDY6ifQf5tySIHPW1S7Fh42RXmIXiMM4wH4eq99ctcvjIeTngbPaSQqL0WFszFUtp3+SjNkRAGDkGKNBdcGYGj6wlfFyv20CZXP5o+t1MHLiif4aM1fF9t+dJg8UCEXSiCdUet151JmJ2Cd0267cp3OtC5c15ySIMaHUlVbcJndjH9B9+BY3oYjJEBbvDb0FaLufSLNq0ndNm6Wz7dHCv0+cH8fEG5TBvOsX+HCmpxqD/yQM5KQgp+ZZ7kpIGOWzz8NxIkurraAEpGJI8NSn3IE3Hm0EOzXGwZPS3LJTbU4YFTuKsDJ4CucBQk66fBtwSVY9V9aKaUt/LO9XPhyvGaojzd20pJ3LJ7kReaq/fR+gABnABMCEF0+umWcj48aroHfLDUyuH5+dwaUm79rWHu4JWbEsBG6STKwypcJze83A4SCgbsmTujfB0Fa0/K5ZX9Zp6PWuJRcZrRZnPW7a6f9+4eZAVZwHuW4jODTYnedaFFRY0bSPzLGSQUICLXxcG1HseaUZj8AT8fbEXN/NokztFJyJzT/+rrT3+Xd+HgUeoHTOEjnaZ6yEp9cYKOgqVA+/Gahtk3ZbTvNd3RMlyzqzdSnGzoZ2caoXU90Z62mxGM7zJ8AwOLtOc5KDy+D6J+3O+I3YuOqo/ZA9FLM894wIoA9IyGdku96YhU6DJqTQBiEJ0M3VlSlM5SLAHFdFkRHue1WdfJSCX7DBTH2cqpjf/0vXAyTCtfnRcFxXexAUTVPPLbrxM34JnI5mVsT/p2CDjSSPQrWmSjzkpy7ma31//pX5djG3hkPbsP5MOdLiKeYiYULuAKxRg7shtY+vIJrb2Kb3ccd7CrTMS6Q8Y666PXhEpixqwD8G07VVNH5voUe5SGQAZO3B2HzPLRturMepQSaJa28Am1xhkI7q8AFENwP9sacOmhFEX350tlIH1pYEtcDtdRXcVhnA9UTnewzgXtL7jhy/nwFmt0ttjK9Ahg5NRCz9Qze9S/jcD9g21BIID6D9VDsVl/J2qt/C4eY/3VryjijyXPU37BIIBf5hS+5UGCUpfeFU4viBAwn7sdmghFNoqPVeX469aCNTl7xH2OTCJsKGJBYsphepQzn9Tn0K64zLPcoKtmYxNvYABugcVcLVwIg4BhctnE8L0nn9kfXKKHexRQXu3qMfq4Rrnz01DZ8GATeHscHqGbc1QkRi/tSU9vSfAIUO6Ebr20adBfBV4iQC2pm26qcHDv11k1r9R7r1/pFa6bmf7k19Gy0+WCPqNq39zjyYz7ttSYLoQM5PBWYzS92KH7D0w+Lt7w9bu0tHdLmPkp1yo/TwbFOB3nEgp3apyKEbeFbgTfRQYgo2j24FPJ8sHowRVeP6W45/TtRUDINne4TJ7f5HTyQGlt1NqZkYvdjC0vZ8NuGjG66C06GifAykPdJtbbXNwO1rCC0AFwIYJMVIwIwYJKoZIhvcNAQkVMRYEFADTOfeIO+ROTi5YPVuB2pbSGtoNMCsGCSqGSIb3DQEJFDEeHhwAYQBwAGkALgBjAGMAZABzAGMAYQBuAC4AaQBvAAAAAAAAMIAGCSqGSIb3DQEHBqCAMIACAQAwgAYJKoZIhvcNAQcBMCgGCiqGSIb3DQEMAQYwGgQUikuEMP5Iq49rAiWOT02RAPRO018CAgQAoIAEggPop/Yp+roKxifBdluhHWLkl5sO3gfgj7HExG0LKxEIcnVgJwRVwcUPipxVkjn+6wg6506r5382vl6bOjOJjYr9Au4oZUsZQ8g+z5d3ibH/C/w1J2SodnE7SZiHkoGn2eps2aBjO2+riGnhmkJ1unlUiY6tA/YLZxWn6pQguZ7J5gHFCZW/pa1O703bSRqWRstnEqjnWj1BFUJGp5j+Y7zp0eIi5BJSva8i0PrnD/XANoSvQm3jTjqEHz/cVEQ8bDMzAhAIh8xJ405t8E9KzRu0rwEqaQRASgd7mfULd0KHjmM/AAN4hLHJXhvqGU4AuoiOKDHtXjtVHESEiXUv3UcazdRAOz/YZeN5h9CW2YxG29tL4rFyb8mZgGz+S7pYsqHqWMJzG6aTiJ+STcIIW2haY2np/h0mwcZMYFWdX6FfCHHM1+ssKisk2EeP3Q0nO1YK0m3SHffQpqI9CPGEWtheMl0WjuE/cXjg6XJOQ3Nmmm/5rt1RAcQUltSdiYHLdui1no62rQExsfSIY9z5ZNe1fDkSX+QusCGqchfMQjWn5faU06mGoAF88R5TIXosTLoYuIxZSnEvFLQSS2AAF0TRX142Fj9WC7CBnWF2U4VywTkPgAOonfABRZDuorQZqkzvPtJDBIAeakEjZdo1i0/TmhNaGD8be48EggPZFkzJaQIRl8o15Aj77nn7bbvHN2bDqwe5mO/ERgEIRjJ5CMHrUDdJG989bsx6HXEkKxgXfRevOqYNKamxEEgx+NFHeqaNJiEaAZGt4TXOMvKhZApibQhva86T9sxrh4I+l0OoFQ6xJu8G8RMpzTpVcPQDB9QHfN/LsCv7jcbIw2L+X3LAudH2ZfuXZ7O+4n6iAOMc/3+jkyBZnjujktGj/i+exp+it03Ou1991Q5140EUrRyB+t29AalWwwns9OwkfAuEyaVcxgdPBuxjmpiFxptQTECR9cjy0AI4hshsd317d0vv+ufjHCSYuY/unmWEfwRzTCKVyf9923tblj0TqNts2p77dl3ZKsnbzc7pFSN8xRS5As3ZtaYFN81yx4ZW39TIf8KPtmEjnIdO3Q8HvdZ5lfZmDAQ+v/sG5/HNGcLtDbpCcZHqd5jvZ3k+tTw+WupSouD11V1xHGmlNp0aYg1fjxVWHKDr53oZEXWQLNkCHAmkicNLU0/zveg8kKYpaEpkrju6sRGHNHCHFrRSMFBxpzv2WIRxl+6GbDrRsT6EIaBNN1piuXFaTazZYwanSceHXy+Yq7ZI87U9pAzEsyYxdPCMkDftFyGQ2sLhOv18alj5pa1zAhvqIBlyRs8XfcsfxmmE+ryvePXzJESmycoEggHY+grAkBtFFsvoXrnu4dBR1512Fi/yKw+zq5RDMtPGjWFbSU5UXg6EVfCLVt00SbkGU5U8UmposGpUcjCXcNGvgLl2p4eV6Cs8EzreYXZKRvqrkEPqYPZtY4Xy5g0nloINlO68PpF2AJEh5VGbASoZLNBhz+j0AtMTAa2EdrX6XzZzrhRBgQp3HVSVQno1iNgcfeMtqgXPPqJVF88yN1QYVhJWgkF6tLMqTZGD4u8ybrGKBGE2+Xs1mIKEIOuEXVUenBUVach7WgdMzrIT0eeahHWxBQ2oPXMo6zkmGcU0u+jiWF02xlpBfHx2zI1OqcpJAI47ZHbh1eMAYthV6bsloUzKRNwDtWMhaoBAK+jUF9MlSL6Kt4S5dhhlcGZhDTDHia/CP/UJ+DsD9AtMAxf+FOYfeNyS75HImRr1F/g6V6BTmii8uAivmO/Puo2BUE6KXR3Ihm326SYcz65g+yzconJQZDBtA93a+39FoYMzPvDeMbphkqlcWRsi3M34aIwz6g94g3nnlUZwkmM6Z9OhzB7DX35hIQNDi6ChldhANCL/9Kni14YwdG/tUyTxA1iO+H0mVJWu6Y0llVbLJlstdBaiK+n9DgTkgR+ql8iSuXJBAsFqCOK4ZAAAAAAAAAAAAAAAAAAAAAAAADA9MCEwCQYFKw4DAhoFAAQU0emxSzRFKFuGavVeyVnuBNnM2ZEEFFMuDeGzl2GqY18Yge8C9v2mzd2sAgIEAAAA",
                "id": "/subscriptions/353e8b06-f9df-482d-9834-0f7a6d733e46/resourceGroups/ccscan-env-prod1/providers/Microsoft.Network/applicationGateways/app-gateway/sslCertificates/ssl",
                "key_vault_secret_id": "",
                "name": "ssl",
                "password": "mumbai-water-glass",
                "public_cert_data": "MIIFYgYJKoZIhvcNAQcCoIIFUzCCBU8CAQExADALBgkqhkiG9w0BBwGgggU3MIIFMzCCBBugAwIBAgISA0yL4k7xu17ylWLzw1Kzfgh/MA0GCSqGSIb3DQEBCwUAMDIxCzAJBgNVBAYTAlVTMRYwFAYDVQQKEw1MZXQncyBFbmNyeXB0MQswCQYDVQQDEwJSMzAeFw0yMjAzMjgwNzA0NDBaFw0yMjA2MjYwNzA0MzlaMBkxFzAVBgNVBAMTDmFwaS5jY2RzY2FuLmlvMIIBIjANBgkqhkiG9w0BAQEFAAOCAQ8AMIIBCgKCAQEAqKhgLurNASThO9Sg/zoOINGh2BzzR61SS6j7VdnA1QkbWDt5KsqxcWFVz2kcszzaiC/iWwD7IY18XroA2yHPMarv8LPAMUKMB7rg5a7V8lM78I1lIJ3gYqEq5ISaetgnybIt4uL/nRwknc3lzJce9DvW+Zb+vAXprYHDjvt+InMuFleeVzgbLwmbpqH3wsFh2hHlYAyaHPlvPzx36sMRrGENg3lci0v++0fExstNoCyciC4rPk4u/hpugYyjWonMJd3vuAL33zMw+Qoq+SApgcn712PrHrmr/iNIPLZwnk3WXDzLHwUVNaIXdqIykaNgJX+wHCuz8cGlwtFCF+w2hQIDAQABo4ICWjCCAlYwDgYDVR0PAQH/BAQDAgWgMB0GA1UdJQQWMBQGCCsGAQUFBwMBBggrBgEFBQcDAjAMBgNVHRMBAf8EAjAAMB0GA1UdDgQWBBQA0zn3iDvkTk4uWD1bgdqW0hraDTAfBgNVHSMEGDAWgBQULrMXt1hWy65QCUDmH6+dixTCxjBVBggrBgEFBQcBAQRJMEcwIQYIKwYBBQUHMAGGFWh0dHA6Ly9yMy5vLmxlbmNyLm9yZzAiBggrBgEFBQcwAoYWaHR0cDovL3IzLmkubGVuY3Iub3JnLzArBgNVHREEJDAighAqLmFwaS5jY2RzY2FuLmlvgg5hcGkuY2Nkc2Nhbi5pbzBMBgNVHSAERTBDMAgGBmeBDAECATA3BgsrBgEEAYLfEwEBATAoMCYGCCsGAQUFBwIBFhpodHRwOi8vY3BzLmxldHNlbmNyeXB0Lm9yZzCCAQMGCisGAQQB1nkCBAIEgfQEgfEA7wB2ACl5vvCeOTkh8FZzn2Old+W+V32cYAr4+U1dJlwlXceEAAABf8+OP94AAAQDAEcwRQIgJn2Ow1keUGTBZLtPLYiwigsrJZwXt1fIiQNIwGqKEtECIQDiH4yY6r6ndBc/TDjSD2kApMt+9QPHQk/BvdfcjuZy3AB1AG9Tdqwx8DEZ2JkApFEV/3cVHBHZAsEAKQaNsgiaN9kTAAABf8+OQOcAAAQDAEYwRAIgCD2L4Mkbhft1TJQVt11nHoBhDEu6Es/cJPYdQsvJMGECIHCWwlqSKHL4pSWcBbzoxbx5nc+Bl55KEWrsXf3t581nMA0GCSqGSIb3DQEBCwUAA4IBAQBDa0ZieqUSCyJDGSfOx1keVCj0o1XQjiE6sh78EYY3YXgGNXNfbaIwC8SZ6zN9aJ2ocTIEGnaTtsw2nkKNEtqiVsQ9rf5QgUcYrW1DXN969SkDh7ejwDnE9moiEM89oRhusMcIl9clW+gY5ttxIFim0D00iBdiDjpEPbDEbA3s4Ug3AlfCoaWcqm+Gu84jdk5Fvt8md1gOgoMZwMug/vyOidyqjbcS4r+0G0veGOrKZxkSNwckw3iUzwviN0YsZBUNpZwzs9GUDNyspZI1H9ruPKQCJp3jDLJkRayYEQYNQ6Tdp0y8fhUk98HfSscqFOtGG0nbgzrYQgDsvBy2mi6/MQA="
              }
            ],
            "ssl_policy": [
              {
                "cipher_suites": [],
                "disabled_protocols": [],
                "min_protocol_version": "",
                "policy_name": "AppGwSslPolicy20150501",
                "policy_type": "Predefined"
              }
            ],
            "ssl_profile": [],
            "tags": null,
            "timeouts": null,
            "trusted_client_certificate": [],
            "trusted_root_certificate": [],
            "url_path_map": [],
            "waf_configuration": [],
            "zones": null
          },
          "sensitive_attributes": [
            [
              {
                "type": "get_attr",
                "value": "ssl_certificate"
              }
            ]
          ],
          "private": "eyJlMmJmYjczMC1lY2FhLTExZTYtOGY4OC0zNDM2M2JjN2M0YzAiOnsiY3JlYXRlIjo1NDAwMDAwMDAwMDAwLCJkZWxldGUiOjU0MDAwMDAwMDAwMDAsInJlYWQiOjMwMDAwMDAwMDAwMCwidXBkYXRlIjo1NDAwMDAwMDAwMDAwfX0=",
          "dependencies": [
            "azurerm_public_ip.app-gw",
            "azurerm_resource_group.this",
            "azurerm_subnet.frontend",
            "azurerm_virtual_network.this",
            "data.azurerm_key_vault_secret.ssl-cert-data",
            "data.azurerm_key_vault_secret.ssl-cert-password"
          ]
        }
      ]
    },
    {
      "mode": "managed",
      "type": "azurerm_automation_account",
      "name": "this",
      "provider": "provider[\"registry.terraform.io/hashicorp/azurerm\"]",
      "instances": [
        {
          "schema_version": 0,
          "attributes": {
            "dsc_primary_access_key": "xTvXfRj2fxBtP72GKnn791DbO36vYMaUW4h7tQmuYWV9Hr3gdmTa3mwEBKDSz1g3Q6K3+XV46RWMUz80eFxIOA==",
            "dsc_secondary_access_key": "XogCoEgdt2PflKhaV9v/+/FCncRfagp+drTDmU2clDJSfaMLxj7en1rvYvzL5oa0tJYnxAePV16kf7hIuiLBAA==",
            "dsc_server_endpoint": "https://aa1e16b2-5ee5-4e7d-b461-31ecb928bd77.agentsvc.ne.azure-automation.net/accounts/aa1e16b2-5ee5-4e7d-b461-31ecb928bd77",
            "id": "/subscriptions/353e8b06-f9df-482d-9834-0f7a6d733e46/resourceGroups/ccscan-env-prod1/providers/Microsoft.Automation/automationAccounts/automation-account-prod1",
            "identity": [
              {
                "identity_ids": null,
                "principal_id": "78184bfe-fc3e-434d-817a-9952a148a93f",
                "tenant_id": "d8887c7c-49ad-4af9-86e5-46450b21bcb7",
                "type": "SystemAssigned"
              }
            ],
            "location": "northeurope",
            "name": "automation-account-prod1",
            "public_network_access_enabled": true,
            "resource_group_name": "ccscan-env-prod1",
            "sku_name": "Basic",
            "tags": {
              "environment": "prod1"
            },
            "timeouts": null
          },
          "sensitive_attributes": [],
          "private": "eyJlMmJmYjczMC1lY2FhLTExZTYtOGY4OC0zNDM2M2JjN2M0YzAiOnsiY3JlYXRlIjoxODAwMDAwMDAwMDAwLCJkZWxldGUiOjE4MDAwMDAwMDAwMDAsInJlYWQiOjMwMDAwMDAwMDAwMCwidXBkYXRlIjoxODAwMDAwMDAwMDAwfX0=",
          "dependencies": [
            "azurerm_resource_group.this"
          ]
        }
      ]
    },
    {
      "mode": "managed",
      "type": "azurerm_automation_job_schedule",
      "name": "this",
      "provider": "provider[\"registry.terraform.io/hashicorp/azurerm\"]",
      "instances": [
        {
          "schema_version": 0,
          "attributes": {
            "automation_account_name": "automation-account-prod1",
            "id": "/subscriptions/353e8b06-f9df-482d-9834-0f7a6d733e46/resourceGroups/ccscan-env-prod1/providers/Microsoft.Automation/automationAccounts/automation-account-prod1/jobSchedules/e9db10b5-9ee4-4e1f-9996-6dcc2d3a9263",
            "job_schedule_id": "e9db10b5-9ee4-4e1f-9996-6dcc2d3a9263",
            "parameters": {
              "applicationgatewayname": "app-gateway",
              "applicationgatewaysslname": "ssl",
              "contactemail": "martin@fintech.builders",
              "domainname": "api.ccdscan.io",
              "environmentname": "prod1",
              "resourcegroupname": "ccscan-env-prod1",
              "storageaccountkey": "lNWCS143uQtrnL9kcpPjUgBdBYjyTpSu44nWCnrrYjuTtaDoeetaaTn8CcTzx8unIMleXrDoty+ve/f1D0jVsw==",
              "storageaccountname": "storageccscanprod1",
              "storagecontainer": "sslrenewal"
            },
            "resource_group_name": "ccscan-env-prod1",
            "run_on": null,
            "runbook_name": "automation-renew-sslcert",
            "schedule_name": "sslrenewal-automation-schedule",
            "timeouts": null
          },
          "sensitive_attributes": [
            [
              {
                "type": "get_attr",
                "value": "parameters"
              },
              {
                "type": "index",
                "value": {
                  "value": "applicationgatewaysslname",
                  "type": "string"
                }
              }
            ],
            [
              {
                "type": "get_attr",
                "value": "parameters"
              },
              {
                "type": "index",
                "value": {
                  "value": "storageaccountkey",
                  "type": "string"
                }
              }
            ]
          ],
          "private": "eyJlMmJmYjczMC1lY2FhLTExZTYtOGY4OC0zNDM2M2JjN2M0YzAiOnsiY3JlYXRlIjoxODAwMDAwMDAwMDAwLCJkZWxldGUiOjE4MDAwMDAwMDAwMDAsInJlYWQiOjMwMDAwMDAwMDAwMCwidXBkYXRlIjoxODAwMDAwMDAwMDAwfX0=",
          "dependencies": [
            "azurerm_application_gateway.this",
            "azurerm_automation_account.this",
            "azurerm_automation_runbook.renew-sslcert",
            "azurerm_automation_schedule.sslrenewal",
            "azurerm_public_ip.app-gw",
            "azurerm_resource_group.this",
            "azurerm_storage_account.this",
            "azurerm_storage_container.sslrenewal",
            "azurerm_subnet.frontend",
            "azurerm_virtual_network.this",
            "data.azurerm_key_vault_secret.ssl-cert-data",
            "data.azurerm_key_vault_secret.ssl-cert-password"
          ]
        }
      ]
    },
    {
      "mode": "managed",
      "type": "azurerm_automation_module",
      "name": "posh-acme",
      "provider": "provider[\"registry.terraform.io/hashicorp/azurerm\"]",
      "instances": [
        {
          "schema_version": 0,
          "attributes": {
            "automation_account_name": "automation-account-prod1",
            "id": "/subscriptions/353e8b06-f9df-482d-9834-0f7a6d733e46/resourceGroups/ccscan-env-prod1/providers/Microsoft.Automation/automationAccounts/automation-account-prod1/modules/posh-acme",
            "module_link": [
              {
                "hash": [],
                "uri": "https://www.powershellgallery.com/api/v2/package/Posh-ACME/4.12.0"
              }
            ],
            "name": "posh-acme",
            "resource_group_name": "ccscan-env-prod1",
            "timeouts": null
          },
          "sensitive_attributes": [],
          "private": "eyJlMmJmYjczMC1lY2FhLTExZTYtOGY4OC0zNDM2M2JjN2M0YzAiOnsiY3JlYXRlIjoxODAwMDAwMDAwMDAwLCJkZWxldGUiOjE4MDAwMDAwMDAwMDAsInJlYWQiOjMwMDAwMDAwMDAwMCwidXBkYXRlIjoxODAwMDAwMDAwMDAwfX0=",
          "dependencies": [
            "azurerm_automation_account.this",
            "azurerm_resource_group.this"
          ]
        }
      ]
    },
    {
      "mode": "managed",
      "type": "azurerm_automation_runbook",
      "name": "renew-sslcert",
      "provider": "provider[\"registry.terraform.io/hashicorp/azurerm\"]",
      "instances": [
        {
          "schema_version": 0,
          "attributes": {
            "automation_account_name": "automation-account-prod1",
            "content": "param(\r\n    [Parameter(Mandatory=$true, HelpMessage=\"The e-mail address to send with the request for the certificate.\")][String] $contactEmail,\r\n\t[Parameter(Mandatory=$true, HelpMessage=\"The domain name to generate the SSL cert for. Enter the exact domain name, as the wild-card will be added automatically.\")][String] $domainName,\r\n    [Parameter(Mandatory=$true, HelpMessage=\"The name of the environment (dev, test, prod, etc...). Used as prefix for the names of the secrets stored in Azure Key Vault.\")][String] $environmentName,\r\n    [Parameter(Mandatory=$true, HelpMessage=\"The name of the resource group where all used/modified resources reside.\")][String] $resourceGroupName,\r\n    [Parameter(Mandatory=$true, HelpMessage=\"The name of the application gateway within the given resource group.\")][String] $applicationGatewayName,\r\n    [Parameter(Mandatory=$true, HelpMessage=\"The name of the SSL certificate to update with the given application gateway.\")][String] $applicationGatewaySslName,\r\n    [Parameter(Mandatory=$true, HelpMessage=\"The name of the storage account (where state of automation goes)\")][String] $storageAccountName,\r\n    [Parameter(Mandatory=$true, HelpMessage=\"The storage account access key to use when accessing the storage account.\")][String] $storageAccountKey,\r\n    [Parameter(Mandatory=$true, HelpMessage=\"The name of the container within the storage account where blobs are read/written.\")][String] $storageContainer)\r\n\r\n$ErrorActionPreference = \"Stop\"\r\n\r\nWrite-Output \"Connecting Azure Identity\"\r\nConnect-AzAccount -Identity | Out-Null\r\n\r\nWrite-Output \"Creating storage context\"\r\n$storageContext = New-AzStorageContext -StorageAccountName $storageAccountName -StorageAccountKey $storageAccountKey \r\n\r\n$acmeWorkdir = \".\\posh-acme\"\r\n$blobFileName = \"posh-acme.zip\"\r\n$keyVaultName = \"ccscan\"\r\n\r\ntry {\r\n    Write-Output \"About to retreive ACME context blob from storage\"\r\n    Get-AzStorageBlobContent -container $storageContainer -Blob $blobFileName -Destination . -Context $storageContext -Force | Out-Null\r\n\t$acmeContextExists = $true\r\n    \r\n    Expand-Archive \".\\${blobFileName}\" -DestinationPath .\r\n    Remove-Item -Force \".\\${blobFileName}\" | Out-Null\r\n\r\n    Write-Output \"Blob retreived\"\r\n}\r\ncatch [Microsoft.WindowsAzure.Commands.Storage.Common.ResourceNotFoundException]\r\n{\r\n    Write-Output \"ACME context blob did not exist in storage, creating new context...\"\r\n    $acmeContextExists = $false\r\n    New-Item -Path $acmeWorkdir -ItemType Directory -Force | Out-Null\r\n}\r\n\r\n$env:POSHACME_HOME = $acmeWorkdir\r\nImport-Module Posh-ACME \r\nSet-PAServer LE_PROD\r\n\r\nWrite-Output \"Getting PFX password from key vault\"\r\n$pfxPassSecure = Get-AzKeyVaultSecret -VaultName $keyVaultName -name \"${environmentName}-sslcert-pfx-password\" \r\n\r\nif ($acmeContextExists)\r\n{\r\n    Write-Output \"Submitting renewal request...\"\r\n    Set-PAOrder $domainName -PfxPassSecure $pfxPassSecure.SecretValue\r\n\t$acmeResponse = Submit-Renewal $domainName -Verbose\r\n    Write-Output \"Renewal completed!\"\r\n}\r\nelse\r\n{\r\n\tWrite-Output \"Configuring PA-account\"\r\n\t# Note regards -UseAltPluginEncryption: \r\n\t#   Needed since we will probably run on a new computer on every run\r\n\t#   (https://poshac.me/docs/v4/FAQ/#key-not-valid-for-use-in-specified-state)\r\n\tNew-PAAccount -UseAltPluginEncryption -Contact $contactEmail -AcceptTOS | Out-Null\r\n\r\n    Write-Output \"Creating new certificate...\"\r\n\t$goDaddyApiKey = Get-AzKeyVaultSecret -VaultName $keyVaultName -name \"godaddy-dns-api-key\" -AsPlainText\r\n\t$goDaddySecretSecure = Get-AzKeyVaultSecret -VaultName $keyVaultName -name \"godaddy-dns-api-key-secret\" \r\n\t$plugInArgs = @{\r\n\t\tGDKey = $goDaddyApiKey\r\n\t\tGDSecretSecure =$goDaddySecretSecure.SecretValue\r\n\t}\r\n\r\n    $acmeResponse = New-PACertificate $domainName, \"*.${domainName}\" -AcceptTOS -Contact $contactEmail -Plugin GoDaddy -PluginArgs $plugInArgs -PfxPassSecure $pfxPassSecure.SecretValue -Verbose \r\n    Write-Output \"Certificate created!\"\r\n}\r\n\r\nif ($acmeResponse -ne $NULL) {\r\n\tWrite-Output \"Updating Azure Key Vault...\"\r\n\t$pfxBase64 = [convert]::ToBase64String((Get-Content -path $acmeResponse.PfxFile -Encoding byte))\r\n\t$pfxBase64Secure = ConvertTo-SecureString -String $pfxBase64 -AsPlainText -Force\r\n\tSet-AzKeyVaultSecret -VaultName $keyVaultName -Name \"${environmentName}-sslcert-pfx\" -SecretValue $pfxBase64Secure -Expires $acmeResponse.NotAfter.ToUniversalTime() -NotBefore $acmeResponse.NotBefore.ToUniversalTime() -ContentType \"Base64 encoded PFX\" | Out-Null\r\n\r\n\tWrite-Output \"Updating application gateway...\"\r\n\t$appGW = Get-AzApplicationGateway -Name $applicationGatewayName -ResourceGroupName $resourceGroupName\r\n\tSet-AzApplicationGatewaySslCertificate -ApplicationGateway $AppGW -Name $applicationGatewaySslName -CertificateFile $acmeResponse.PfxFile -Password $pfxPassSecure.SecretValue | Out-Null\r\n\tSet-AzApplicationGateway -ApplicationGateway $appgw | Out-Null\r\n\r\n\tWrite-Output \"Compressing ACME context and sending to blob storage...\"\r\n\t$zipPath = \".\\${blobFileName}\"\r\n\tCompress-Archive -Path $acmeWorkdir -DestinationPath $zipPath -CompressionLevel Fastest -Force\r\n\tSet-AzStorageBlobContent -File $zipPath -Container  $storageContainer -Blob $blobFileName -BlobType Block -Context $storageContext -Force | Out-Null\r\n\tRemove-Item -Force $zipPath\r\n}\r\nelse {\r\n\tWrite-Output \"There was no response from the Posh-ACME operation, so will not update anything!\"\r\n}\r\n\r\nWrite-Output \"Done\"\r\n",
            "description": "Renews the SSL certificate",
            "id": "/subscriptions/353e8b06-f9df-482d-9834-0f7a6d733e46/resourceGroups/ccscan-env-prod1/providers/Microsoft.Automation/automationAccounts/automation-account-prod1/runbooks/automation-renew-sslcert",
            "job_schedule": [],
            "location": "northeurope",
            "log_progress": false,
            "log_verbose": false,
            "name": "automation-renew-sslcert",
            "publish_content_link": [],
            "resource_group_name": "ccscan-env-prod1",
            "runbook_type": "PowerShell",
            "tags": {
              "environment": "prod1"
            },
            "timeouts": null
          },
          "sensitive_attributes": [],
          "private": "eyJlMmJmYjczMC1lY2FhLTExZTYtOGY4OC0zNDM2M2JjN2M0YzAiOnsiY3JlYXRlIjoxODAwMDAwMDAwMDAwLCJkZWxldGUiOjE4MDAwMDAwMDAwMDAsInJlYWQiOjMwMDAwMDAwMDAwMCwidXBkYXRlIjoxODAwMDAwMDAwMDAwfX0=",
          "dependencies": [
            "azurerm_automation_account.this",
            "azurerm_resource_group.this"
          ]
        }
      ]
    },
    {
      "mode": "managed",
      "type": "azurerm_automation_schedule",
      "name": "sslrenewal",
      "provider": "provider[\"registry.terraform.io/hashicorp/azurerm\"]",
      "instances": [
        {
          "schema_version": 0,
          "attributes": {
            "automation_account_name": "automation-account-prod1",
            "description": "Schedule for running the SSL renewal runbook once every week.",
            "expiry_time": "9999-12-31T23:59:00Z",
            "frequency": "Week",
            "id": "/subscriptions/353e8b06-f9df-482d-9834-0f7a6d733e46/resourceGroups/ccscan-env-prod1/providers/Microsoft.Automation/automationAccounts/automation-account-prod1/schedules/sslrenewal-automation-schedule",
            "interval": 1,
            "month_days": null,
            "monthly_occurrence": [],
            "name": "sslrenewal-automation-schedule",
            "resource_group_name": "ccscan-env-prod1",
            "start_time": "2022-04-06T19:18:00Z",
            "timeouts": null,
            "timezone": "Etc/UTC",
            "week_days": [
              "Monday"
            ]
          },
          "sensitive_attributes": [],
          "private": "eyJlMmJmYjczMC1lY2FhLTExZTYtOGY4OC0zNDM2M2JjN2M0YzAiOnsiY3JlYXRlIjoxODAwMDAwMDAwMDAwLCJkZWxldGUiOjE4MDAwMDAwMDAwMDAsInJlYWQiOjMwMDAwMDAwMDAwMCwidXBkYXRlIjoxODAwMDAwMDAwMDAwfX0=",
          "dependencies": [
            "azurerm_automation_account.this",
            "azurerm_resource_group.this"
          ]
        }
      ]
    },
    {
      "mode": "managed",
      "type": "azurerm_linux_virtual_machine",
      "name": "vm",
      "provider": "provider[\"registry.terraform.io/hashicorp/azurerm\"]",
      "instances": [
        {
          "schema_version": 0,
          "attributes": {
            "additional_capabilities": [],
            "admin_password": null,
            "admin_ssh_key": [
              {
                "public_key": "ssh-rsa AAAAB3NzaC1yc2EAAAADAQABAAABgQCpZI3GS9/FB23GFxtn7xoSQQN9mBSbsFzDhEAjqmdGy5K+V0whh0XUZAOpXmad4tK+qqS/peLaBwUXcJv5E5/CHjHDobo4mtfA2Q2bsZtgd2VQ8howAaqhngDfmpFggwwtTU7o7tu6TUIMfLIKsdtV8HynCYzcyy7f7ywU6fpkbr2dCFtJv+zc8J6Zu/3PfPgfx42/hv8Cr9ggkFnd1CRaKBfuKP58nF8TFoqviLViUrXW50ChW49eQjglf+2dRfozUtaWe1E86iTGUpIEYkx4Xw7IcImx5wtuy6lpxT22XZi3c+DhSRyy+6kI6pv2s7bLwAYlh+5aHbLTcVyfURdoyUGVuCYdl2Sretsip4SBbBPRewblNby56YBy7obzYPDScMqWEmtHUupRMaXqQqJV/EpsdYgpwcwt47RVIteYlK/zBt/+COkD2QNZvvSUEeg+zBAX9Zqm25TDpFCQnaSPlCMSs3WIH8vYfEoToW2G1Pv3JZNHe0K7yCk23Ty4PZE= generated-by-azure",
                "username": "concNodeVMuser"
              }
            ],
            "admin_username": "concNodeVMuser",
            "allow_extension_operations": true,
            "availability_set_id": "",
            "boot_diagnostics": [],
            "computer_name": "vm-prod1",
            "custom_data": "IyEvYmluL2Jhc2gNCg0KZWNobyBTdGFydGluZyBlbnRyeXBvaW50IHNjcmlwdC4uLg0KDQpzZXQgLWUNCnRyYXAgJ2xhc3RfY29tbWFuZD0kY3VycmVudF9jb21tYW5kOyBjdXJyZW50X2NvbW1hbmQ9JEJBU0hfQ09NTUFORCcgREVCVUcNCnRyYXAgJ2VjaG8gIlwiJHtsYXN0X2NvbW1hbmR9XCIgY29tbWFuZCBmaWxlZCB3aXRoIGV4aXQgY29kZSAkPy4iJyBFWElUDQoNCiMjIGhvdXNlIGtlZXBpbmcgYW5kIGluaXRpYWwgaW5zdGFsbHMgYW5kIHBhY2thZ2VzDQpzdWRvIGFwdC1nZXQgdXBkYXRlDQpzdWRvIG1rZGlyIC9ob21lL3NldHVwDQpjZCAvaG9tZS9zZXR1cA0KDQojIyBtb3VudCBkYXRhIGRyaXZlDQp1bnRpbCBbIC1lIC9kZXYvZGlzay9henVyZS9zY3NpMS9sdW4xIF07IGRvIGVjaG8gd2FpdGluZyBvbiBkYXRhIGRpc2sgdG8gYmUgYXR0YWNoZWQuLi47IHNsZWVwIDE7IGRvbmUNCg0KZGF0YV9kcml2ZV9kZXZpY2VfbmFtZT0kKGxzIC1sIC9kZXYvZGlzay9henVyZS9zY3NpMS9sdW4xIHwgZ3JlcCAnXGJbYS16XSokJyAtbykNCmRhdGFfZHJpdmVfcGFydGl0aW9uX25hbWU9IiR7ZGF0YV9kcml2ZV9kZXZpY2VfbmFtZX0xIg0KDQppZiBscyAtbCAiL2RldiIgfCBncmVwICRkYXRhX2RyaXZlX3BhcnRpdGlvbl9uYW1lOyB0aGVuDQoJZWNobyAiRGF0YSBkaXNrIHNlZW1zIHRvIGJlIHBhcnRpdGlvbmVkLiBXaWxsIHNraXAgcGFydGl0aW9uaW5nIGFuZCBmb3JtYXR0aW5nIGRpc2suLi4iDQplbHNlDQoJZWNobyAiRGF0YSBkaXNrIGRvZXMgbm90IHNlZW0gdG8gYmUgcGFydGl0aW9uZWQuIFdpbGwgcGFydGl0aW9uIGFuZCBmb3JtYXQuLi4iDQoNCiAgcGFydGVkIC9kZXYvJGRhdGFfZHJpdmVfZGV2aWNlX25hbWUgLS1zY3JpcHQgbWtsYWJlbCBncHQgbWtwYXJ0IHByaW1hcnkgZXh0NCAwJSAxMDAlDQogIG1rZnMgLXQgZXh0NCAvZGV2LyRkYXRhX2RyaXZlX3BhcnRpdGlvbl9uYW1lDQogIHBhcnRwcm9iZSAvZGV2LyRkYXRhX2RyaXZlX3BhcnRpdGlvbl9uYW1lDQogIA0KICBlY2hvICJEYXRhIGRpc2sgcGFydGl0aW9uZWQgYW5kIGZvcm1hdHRlZCINCmZpDQoNCmVjaG8gDQplY2hvICIjPT09PT09PT09IEZESVNLID09PT09PShzdGFydCkjIg0KZmRpc2sgLWwNCmVjaG8gIiM9PT09PT09PT0gRkRJU0sgPT09PT09PT0oZW5kKSMiDQplY2hvIA0KDQpta2RpciAvZGF0YQ0KbW91bnQgL2Rldi8kZGF0YV9kcml2ZV9wYXJ0aXRpb25fbmFtZSAvZGF0YQ0KDQoNCiMjIFNldCB1cCBkb2NrZXINCmN1cmwgLWZzU0wgaHR0cHM6Ly9nZXQuZG9ja2VyLmNvbSAtbyBnZXQtZG9ja2VyLnNoDQpzdWRvIHNoIGdldC1kb2NrZXIuc2gNCnN1ZG8gdXNlcm1vZCAtYUcgZG9ja2VyIGNvbmNOb2RlVk11c2VyDQpzdWRvIHN5c3RlbWN0bCBkYWVtb24tcmVsb2FkDQpzdWRvIHN5c3RlbWN0bCBlbmFibGUgZG9ja2VyLnNlcnZpY2UNCnN1ZG8gc3lzdGVtY3RsIHN0YXJ0IGRvY2tlci5zZXJ2aWNlDQpzdWRvIGNobW9kIDY2NiAvdmFyL3J1bi9kb2NrZXIuc29jaw0KDQoNCiMjIHNldCB1cCBBenVyZSBjbG91ZCBjcmVkZW50aWFscyAoY29ubmVjdGlvbiB0byBjb250YWluZXIgcmVnaXN0cnkpOg0Kc3VkbyBhcHQgaW5zdGFsbCBhenVyZS1jbGkgLXkNCmVjaG8gTG9naW4gdG8gYXp1cmUgY29udGFpbmVyIHJlZ2lzdHJ5IGZvciByb290DQpheiBhY3IgbG9naW4gLS1uYW1lIGNjc2NhbiAtLXVzZXJuYW1lICJjY3NjYW4iIC0tcGFzc3dvcmQgIkcrbmU0bz1PZkxPbmw1NFZrYmVGWU8wVStBQjJ4UVJjIg0KZWNobyBMb2dpbiB0byBhenVyZSBjb250YWluZXIgcmVnaXN0cnkgZm9yIGNvbmNOb2RlVk11c2VyIA0Kc3VkbyAtdSBjb25jTm9kZVZNdXNlciBheiBhY3IgbG9naW4gLS1uYW1lIGNjc2NhbiAtLXVzZXJuYW1lICJjY3NjYW4iIC0tcGFzc3dvcmQgIkcrbmU0bz1PZkxPbmw1NFZrYmVGWU8wVStBQjJ4UVJjIg0KDQoNCiMgc2V0IHVwIGRpc2NyZXRlIGRvY2tlciBuZXR3b3JrcyBmb3IgbWFpbiBhbmQgdGVzdG5ldA0KZG9ja2VyIG5ldHdvcmsgY3JlYXRlIC1kIGJyaWRnZSBtYWlubmV0RG9ja2VyDQpkb2NrZXIgbmV0d29yayBjcmVhdGUgLWQgYnJpZGdlIHRlc3RuZXREb2NrZXINCg0KDQojIFNldCB1cCBDb25jb3JkaXVtIG5vZGUgY29udGFpbmVycw0Kd2dldCBodHRwczovL2NhdGNodXAubWFpbm5ldC5jb25jb3JkaXVtLnNvZnR3YXJlL2Jsb2Nrc190b19pbXBvcnQubWRiIC0tZGlyZWN0b3J5LXByZWZpeCAvZGF0YS9jb25jb3JkaXVtLm1haW5uZXQvDQp3Z2V0IGh0dHBzOi8vY2F0Y2h1cC50ZXN0bmV0LmNvbmNvcmRpdW0uY29tL2Jsb2Nrc190b19pbXBvcnQubWRiIC0tZGlyZWN0b3J5LXByZWZpeCAvZGF0YS9jb25jb3JkaXVtLnRlc3RuZXQvDQoNCmRvY2tlciBydW4gLXRkIFwNCiAtcCAxMDAwMDoxMDAwMCBcDQogLXAgODg4ODo4ODg4IFwNCiAtLW5ldHdvcms9bWFpbm5ldERvY2tlciAgXA0KIC0tbmFtZSBjY25vZGUtbWFpbm5ldCAgXA0KIC0taG9zdG5hbWUgY2Nub2RlIFwNCiAtLWxvZy1kcml2ZXIgbG9jYWwgXA0KIC1lIENPTkNPUkRJVU1fTk9ERV9DT0xMRUNUT1JfTk9ERV9OQU1FPUZUQi1wcm9kMSBcDQogLWUgQ09OQ09SRElVTV9OT0RFX1JQQ19TRVJWRVJfVE9LRU49Y3VpUm1kWjZLblVrRjc0cCAgXA0KIC1lIENPTkNPUkRJVU1fTk9ERV9DT0xMRUNUT1JfR1JQQ19BVVRIRU5USUNBVElPTl9UT0tFTj1jdWlSbWRaNktuVWtGNzRwICBcDQogLWUgQ09OQ09SRElVTV9OT0RFX0xJU1RFTl9QT1JUPTg4ODggXA0KIC1lIENPTkNPUkRJVU1fTk9ERV9SVU5USU1FX0hBU0tFTExfUlRTX0ZMQUdTPS1ONCBcDQogLWUgQ09OQ09SRElVTV9OT0RFX0NPTlNFTlNVU19JTVBPUlRfQkxPQ0tTX0ZST009L3Zhci9saWIvY29uY29yZGl1bS9kYXRhL2Jsb2Nrc190b19pbXBvcnQubWRiIFwNCiAtdiAvZGF0YS9jb25jb3JkaXVtLm1haW5uZXQ6L3Zhci9saWIvY29uY29yZGl1bS9kYXRhIFwNCiBjY3NjYW4uYXp1cmVjci5pby9jY25vZGUtbWFpbm5ldDozLjAuMS0wDQoNCmRvY2tlciBydW4gLXRkICBcDQogLXAgMTAxMTE6MTAwMDAgXA0KIC1wIDE4ODg4OjE4ODg4IFwNCiAtLW5ldHdvcms9dGVzdG5ldERvY2tlciBcDQogLS1uYW1lIGNjbm9kZS10ZXN0bmV0IFwNCiAtLWhvc3RuYW1lIGNjbm9kZSBcDQogLS1sb2ctZHJpdmVyIGxvY2FsIFwNCiAtZSBDT05DT1JESVVNX05PREVfQ09MTEVDVE9SX05PREVfTkFNRT1GVEItcHJvZDEgXA0KIC1lIENPTkNPUkRJVU1fTk9ERV9SUENfU0VSVkVSX1RPS0VOPWN1aVJtZFo2S25Va0Y3NHAgXA0KIC1lIENPTkNPUkRJVU1fTk9ERV9DT0xMRUNUT1JfR1JQQ19BVVRIRU5USUNBVElPTl9UT0tFTj1jdWlSbWRaNktuVWtGNzRwIFwNCiAtZSBDT05DT1JESVVNX05PREVfTElTVEVOX1BPUlQ9MTg4ODggXA0KIC1lIENPTkNPUkRJVU1fTk9ERV9SVU5USU1FX0hBU0tFTExfUlRTX0ZMQUdTPS1ONCBcDQogLWUgQ09OQ09SRElVTV9OT0RFX0NPTlNFTlNVU19JTVBPUlRfQkxPQ0tTX0ZST009L3Zhci9saWIvY29uY29yZGl1bS9kYXRhL2Jsb2Nrc190b19pbXBvcnQubWRiIFwNCiAtdiAvZGF0YS9jb25jb3JkaXVtLnRlc3RuZXQ6L3Zhci9saWIvY29uY29yZGl1bS9kYXRhIFwNCiBjY3NjYW4uYXp1cmVjci5pby9jY25vZGUtdGVzdG5ldDozLjAuMS0wDQoNCg0KIyBTZXQgdXAgcG9zdGdyZXNxbCBjb250YWluZXJzDQpkb2NrZXIgcnVuIC10ZCBcDQogLS1uZXR3b3JrPW1haW5uZXREb2NrZXIgXA0KIC0tbmFtZSBwb3N0Z3Jlcy1tYWlubmV0IFwNCiAtLWhvc3RuYW1lIHBvc3RncmVzIFwNCiAtLWxvZy1kcml2ZXIgbG9jYWwgXA0KIC1lIFBPU1RHUkVTX1BBU1NXT1JEPURyaWxsLWhlYWRyb29tLTQyODkgXA0KIC1lIFBPU1RHUkVTX1VTRVI9cG9zdGdyZXMgXA0KIC1lIFBPU1RHUkVTX0RCPWNjc2NhbiBcDQogLXYgL2RhdGEvcG9zdGdyZXMubWFpbm5ldDovdmFyL2xpYi9wb3N0Z3Jlc3FsL2RhdGEgXA0KIHRpbWVzY2FsZS90aW1lc2NhbGVkYjpsYXRlc3QtcGcxNA0KDQpkb2NrZXIgcnVuIC10ZCBcDQogLS1uZXR3b3JrPXRlc3RuZXREb2NrZXIgXA0KIC0tbmFtZSBwb3N0Z3Jlcy10ZXN0bmV0IFwNCiAtLWhvc3RuYW1lIHBvc3RncmVzIFwNCiAtLWxvZy1kcml2ZXIgbG9jYWwgXA0KIC1lIFBPU1RHUkVTX1BBU1NXT1JEPURyaWxsLWhlYWRyb29tLTQyODkgXA0KIC1lIFBPU1RHUkVTX1VTRVI9cG9zdGdyZXMgXA0KIC1lIFBPU1RHUkVTX0RCPWNjc2NhbiBcDQogLXYgL2RhdGEvcG9zdGdyZXMudGVzdG5ldDovdmFyL2xpYi9wb3N0Z3Jlc3FsL2RhdGEgXA0KIHRpbWVzY2FsZS90aW1lc2NhbGVkYjpsYXRlc3QtcGcxNA0KDQojIFNldCB1cCBiYWNrZW5kIGNvbnRhaW5lcnMNCmRvY2tlciBydW4gLXRkIFwNCiAgLXAgNTAwMDo1MDAwIFwNCiAgLS1uZXR3b3JrPW1haW5uZXREb2NrZXIgXA0KICAtLXJlc3RhcnQ9b24tZmFpbHVyZTozIFwNCiAgLS1uYW1lIGJhY2tlbmQtbWFpbm5ldCBcDQogIC0tbG9nLWRyaXZlciBub25lIFwNCiAgLWUgSW1wb3J0VmFsaWRhdGlvbjpFbmFibGVkPWZhbHNlIFwNCiAgLWUgUG9zdGdyZXNEYXRhYmFzZTpDb25uZWN0aW9uU3RyaW5nPSJIb3N0PXBvc3RncmVzO1BvcnQ9NTQzMjtEYXRhYmFzZT1jY3NjYW47VXNlciBJRD1wb3N0Z3JlcztQYXNzd29yZD1EcmlsbC1oZWFkcm9vbS00Mjg5O0luY2x1ZGUgRXJyb3IgRGV0YWlsPXRydWU7IiBcDQogIC1lIENvbmNvcmRpdW1Ob2RlR3JwYzpBdXRoZW50aWNhdGlvblRva2VuPSJjdWlSbWRaNktuVWtGNzRwIiBcDQogIC12IC9kYXRhL2JhY2tlbmQtbG9ncy5tYWlubmV0Oi9hcHAvbG9ncyBcDQogIGNjc2Nhbi5henVyZWNyLmlvL2JhY2tlbmQucHJvZDpsYXRlc3QgDQoNCmRvY2tlciBydW4gLXRkIFwNCiAgLXAgNTAwMTo1MDAwIFwNCiAgLS1uZXR3b3JrPXRlc3RuZXREb2NrZXIgXA0KICAtLXJlc3RhcnQ9b24tZmFpbHVyZTozIFwNCiAgLS1uYW1lIGJhY2tlbmQtdGVzdG5ldCBcDQogIC0tbG9nLWRyaXZlciBub25lIFwNCiAgLWUgSW1wb3J0VmFsaWRhdGlvbjpFbmFibGVkPWZhbHNlIFwNCiAgLWUgUG9zdGdyZXNEYXRhYmFzZTpDb25uZWN0aW9uU3RyaW5nPSJIb3N0PXBvc3RncmVzO1BvcnQ9NTQzMjtEYXRhYmFzZT1jY3NjYW47VXNlciBJRD1wb3N0Z3JlcztQYXNzd29yZD1EcmlsbC1oZWFkcm9vbS00Mjg5O0luY2x1ZGUgRXJyb3IgRGV0YWlsPXRydWU7IiBcDQogIC1lIENvbmNvcmRpdW1Ob2RlR3JwYzpBdXRoZW50aWNhdGlvblRva2VuPSJjdWlSbWRaNktuVWtGNzRwIiBcDQogIC12IC9kYXRhL2JhY2tlbmQtbG9ncy50ZXN0bmV0Oi9hcHAvbG9ncyBcDQogIGNjc2Nhbi5henVyZWNyLmlvL2JhY2tlbmQucHJvZDpsYXRlc3QgDQoNCg0KIyBTZXQgdXAgd2F0Y2h0b3dlciBjb250YWluZXIgDQpkb2NrZXIgcnVuIC1kIFwNCiAgLS1uYW1lIHdhdGNodG93ZXIgXA0KICAtLWxvZy1kcml2ZXIgbG9jYWwgXA0KICAtdiAvdmFyL3J1bi9kb2NrZXIuc29jazovdmFyL3J1bi9kb2NrZXIuc29jayBcDQogIC12IC9ob21lL2NvbmNOb2RlVk11c2VyLy5kb2NrZXIvY29uZmlnLmpzb246L2NvbmZpZy5qc29uIFwNCiAgLWUgV0FUQ0hUT1dFUl9JTkNMVURFX1NUT1BQRUQ9dHJ1ZSBcDQogIC1lIFdBVENIVE9XRVJfUkVWSVZFX1NUT1BQRUQ9dHJ1ZSBcDQogIC1lIFdBVENIVE9XRVJfUE9MTF9JTlRFUlZBTD02MCBcDQogIC1lIFdBVENIVE9XRVJfTk9USUZJQ0FUSU9OUz1zbGFjayBcDQogIC1lIFdBVENIVE9XRVJfTk9USUZJQ0FUSU9OX1NMQUNLX0hPT0tfVVJMPSJodHRwczovL2hvb2tzLnNsYWNrLmNvbS9zZXJ2aWNlcy9UMDFSODQ5NlhVNS9CMDJRWEhFM0VGMy9kMFI0WDE2aGVZSzFwMDJqaDRmN2xWY24iIFwNCiAgLWUgV0FUQ0hUT1dFUl9OT1RJRklDQVRJT05fU0xBQ0tfSURFTlRJRklFUj13YXRjaHRvd2VyLXByb2QxIFwNCiAgLWUgV0FUQ0hUT1dFUl9OT1RJRklDQVRJT05fU0xBQ0tfQ0hBTk5FTD0jY2NzY2FuLXNlcnZpY2Vib3RzIFwNCiAgY29udGFpbnJyci93YXRjaHRvd2VyIFwNCiAgYmFja2VuZC10ZXN0bmV0IGJhY2tlbmQtbWFpbm5ldA0KDQplY2hvIEVudHJ5cG9pbnQgc2NyaXB0IGZpbmlzaGVkLi4u",
            "dedicated_host_group_id": "",
            "dedicated_host_id": "",
            "disable_password_authentication": true,
            "edge_zone": "",
            "encryption_at_host_enabled": false,
            "eviction_policy": "",
            "extensions_time_budget": "PT1H30M",
            "id": "/subscriptions/353e8b06-f9df-482d-9834-0f7a6d733e46/resourceGroups/ccscan-env-prod1/providers/Microsoft.Compute/virtualMachines/vm",
            "identity": [],
            "license_type": "",
            "location": "northeurope",
            "max_bid_price": -1,
            "name": "vm",
            "network_interface_ids": [
              "/subscriptions/353e8b06-f9df-482d-9834-0f7a6d733e46/resourceGroups/ccscan-env-prod1/providers/Microsoft.Network/networkInterfaces/vm-nic"
            ],
            "os_disk": [
              {
                "caching": "ReadWrite",
                "diff_disk_settings": [],
                "disk_encryption_set_id": "",
                "disk_size_gb": 30,
                "name": "vm_disk_os",
                "storage_account_type": "Premium_LRS",
                "write_accelerator_enabled": false
              }
            ],
            "patch_mode": "ImageDefault",
            "plan": [],
            "platform_fault_domain": -1,
            "priority": "Regular",
            "private_ip_address": "10.0.1.4",
            "private_ip_addresses": [
              "10.0.1.4"
            ],
            "provision_vm_agent": true,
            "proximity_placement_group_id": "",
            "public_ip_address": "20.223.160.142",
            "public_ip_addresses": [
              "20.223.160.142"
            ],
            "resource_group_name": "ccscan-env-prod1",
            "secret": [],
            "secure_boot_enabled": false,
            "size": "Standard_D8s_v4",
            "source_image_id": "",
            "source_image_reference": [
              {
                "offer": "0001-com-ubuntu-server-focal",
                "publisher": "canonical",
                "sku": "20_04-lts-gen2",
                "version": "latest"
              }
            ],
            "tags": {
              "environment": "prod1"
            },
            "termination_notification": null,
            "timeouts": null,
            "user_data": "",
            "virtual_machine_id": "71824630-2943-4586-826d-2506ad6b103d",
            "virtual_machine_scale_set_id": "",
            "vtpm_enabled": false,
            "zone": ""
          },
          "sensitive_attributes": [
            [
              {
                "type": "get_attr",
                "value": "custom_data"
              }
            ]
          ],
          "private": "eyJlMmJmYjczMC1lY2FhLTExZTYtOGY4OC0zNDM2M2JjN2M0YzAiOnsiY3JlYXRlIjoyNzAwMDAwMDAwMDAwLCJkZWxldGUiOjI3MDAwMDAwMDAwMDAsInJlYWQiOjMwMDAwMDAwMDAwMCwidXBkYXRlIjoyNzAwMDAwMDAwMDAwfX0=",
          "dependencies": [
            "azurerm_network_interface.vm",
            "azurerm_public_ip.vm",
            "azurerm_resource_group.this",
            "azurerm_subnet.backend",
            "azurerm_virtual_network.this",
            "data.azurerm_container_registry.ccscan",
            "data.azurerm_key_vault_secret.ccnode-auth-token",
            "data.azurerm_key_vault_secret.postgres-password",
            "data.azurerm_ssh_public_key.ssh_vm"
          ]
        }
      ]
    },
    {
      "mode": "managed",
      "type": "azurerm_managed_disk",
      "name": "vm_data",
      "provider": "provider[\"registry.terraform.io/hashicorp/azurerm\"]",
      "instances": [
        {
          "schema_version": 0,
          "attributes": {
            "create_option": "Empty",
            "disk_access_id": "",
            "disk_encryption_set_id": "",
            "disk_iops_read_only": 0,
            "disk_iops_read_write": 1100,
            "disk_mbps_read_only": 0,
            "disk_mbps_read_write": 125,
            "disk_size_gb": 256,
            "edge_zone": "",
            "encryption_settings": [],
            "gallery_image_reference_id": "",
            "hyper_v_generation": "",
            "id": "/subscriptions/353e8b06-f9df-482d-9834-0f7a6d733e46/resourceGroups/ccscan-env-prod1/providers/Microsoft.Compute/disks/vm_disk_data",
            "image_reference_id": "",
            "location": "northeurope",
            "logical_sector_size": null,
            "max_shares": 0,
            "name": "vm_disk_data",
            "network_access_policy": null,
            "on_demand_bursting_enabled": false,
            "os_type": "",
            "public_network_access_enabled": true,
            "resource_group_name": "ccscan-env-prod1",
            "source_resource_id": "",
            "source_uri": "",
            "storage_account_id": "",
            "storage_account_type": "Premium_LRS",
            "tags": {
              "environment": "prod1"
            },
            "tier": "P15",
            "timeouts": null,
            "trusted_launch_enabled": false,
            "zone": ""
          },
          "sensitive_attributes": [],
          "private": "eyJlMmJmYjczMC1lY2FhLTExZTYtOGY4OC0zNDM2M2JjN2M0YzAiOnsiY3JlYXRlIjoxODAwMDAwMDAwMDAwLCJkZWxldGUiOjE4MDAwMDAwMDAwMDAsInJlYWQiOjMwMDAwMDAwMDAwMCwidXBkYXRlIjoxODAwMDAwMDAwMDAwfX0=",
          "dependencies": [
            "azurerm_resource_group.this"
          ]
        }
      ]
    },
    {
      "mode": "managed",
      "type": "azurerm_network_interface",
      "name": "vm",
      "provider": "provider[\"registry.terraform.io/hashicorp/azurerm\"]",
      "instances": [
        {
          "schema_version": 0,
          "attributes": {
            "applied_dns_servers": [],
            "dns_servers": [],
            "edge_zone": "",
            "enable_accelerated_networking": false,
            "enable_ip_forwarding": false,
            "id": "/subscriptions/353e8b06-f9df-482d-9834-0f7a6d733e46/resourceGroups/ccscan-env-prod1/providers/Microsoft.Network/networkInterfaces/vm-nic",
            "internal_dns_name_label": "",
            "internal_domain_name_suffix": "2osy5bqbz4zutftlamylth05ob.fx.internal.cloudapp.net",
            "ip_configuration": [
              {
                "gateway_load_balancer_frontend_ip_configuration_id": "",
                "name": "ipc-vm",
                "primary": true,
                "private_ip_address": "10.0.1.4",
                "private_ip_address_allocation": "Dynamic",
                "private_ip_address_version": "IPv4",
                "public_ip_address_id": "/subscriptions/353e8b06-f9df-482d-9834-0f7a6d733e46/resourceGroups/ccscan-env-prod1/providers/Microsoft.Network/publicIPAddresses/vm-nic-pip",
                "subnet_id": "/subscriptions/353e8b06-f9df-482d-9834-0f7a6d733e46/resourceGroups/ccscan-env-prod1/providers/Microsoft.Network/virtualNetworks/vnet/subnets/snet-backend"
              }
            ],
            "location": "northeurope",
            "mac_address": "",
            "name": "vm-nic",
            "private_ip_address": "10.0.1.4",
            "private_ip_addresses": [
              "10.0.1.4"
            ],
            "resource_group_name": "ccscan-env-prod1",
            "tags": {
              "environment": "prod1"
            },
            "timeouts": null,
            "virtual_machine_id": ""
          },
          "sensitive_attributes": [],
          "private": "eyJlMmJmYjczMC1lY2FhLTExZTYtOGY4OC0zNDM2M2JjN2M0YzAiOnsiY3JlYXRlIjoxODAwMDAwMDAwMDAwLCJkZWxldGUiOjE4MDAwMDAwMDAwMDAsInJlYWQiOjMwMDAwMDAwMDAwMCwidXBkYXRlIjoxODAwMDAwMDAwMDAwfX0=",
          "dependencies": [
            "azurerm_public_ip.vm",
            "azurerm_resource_group.this",
            "azurerm_subnet.backend",
            "azurerm_virtual_network.this"
          ]
        }
      ]
    },
    {
      "mode": "managed",
      "type": "azurerm_network_interface_application_gateway_backend_address_pool_association",
      "name": "vm",
      "provider": "provider[\"registry.terraform.io/hashicorp/azurerm\"]",
      "instances": [
        {
          "schema_version": 0,
          "attributes": {
            "backend_address_pool_id": "/subscriptions/353e8b06-f9df-482d-9834-0f7a6d733e46/resourceGroups/ccscan-env-prod1/providers/Microsoft.Network/applicationGateways/app-gateway/backendAddressPools/app-gateway-backends",
            "id": "/subscriptions/353e8b06-f9df-482d-9834-0f7a6d733e46/resourceGroups/ccscan-env-prod1/providers/Microsoft.Network/networkInterfaces/vm-nic/ipConfigurations/ipc-vm|/subscriptions/353e8b06-f9df-482d-9834-0f7a6d733e46/resourceGroups/ccscan-env-prod1/providers/Microsoft.Network/applicationGateways/app-gateway/backendAddressPools/app-gateway-backends",
            "ip_configuration_name": "ipc-vm",
            "network_interface_id": "/subscriptions/353e8b06-f9df-482d-9834-0f7a6d733e46/resourceGroups/ccscan-env-prod1/providers/Microsoft.Network/networkInterfaces/vm-nic",
            "timeouts": null
          },
          "sensitive_attributes": [],
          "private": "eyJlMmJmYjczMC1lY2FhLTExZTYtOGY4OC0zNDM2M2JjN2M0YzAiOnsiY3JlYXRlIjoxODAwMDAwMDAwMDAwLCJkZWxldGUiOjE4MDAwMDAwMDAwMDAsInJlYWQiOjMwMDAwMDAwMDAwMCwidXBkYXRlIjoxODAwMDAwMDAwMDAwfX0=",
          "dependencies": [
            "azurerm_application_gateway.this",
            "azurerm_network_interface.vm",
            "azurerm_public_ip.app-gw",
            "azurerm_public_ip.vm",
            "azurerm_resource_group.this",
            "azurerm_subnet.backend",
            "azurerm_subnet.frontend",
            "azurerm_virtual_network.this",
            "data.azurerm_key_vault_secret.ssl-cert-data",
            "data.azurerm_key_vault_secret.ssl-cert-password"
          ]
        }
      ]
    },
    {
      "mode": "managed",
      "type": "azurerm_network_interface_security_group_association",
      "name": "vm_nic",
      "provider": "provider[\"registry.terraform.io/hashicorp/azurerm\"]",
      "instances": [
        {
          "schema_version": 0,
          "attributes": {
            "id": "/subscriptions/353e8b06-f9df-482d-9834-0f7a6d733e46/resourceGroups/ccscan-env-prod1/providers/Microsoft.Network/networkInterfaces/vm-nic|/subscriptions/353e8b06-f9df-482d-9834-0f7a6d733e46/resourceGroups/ccscan-env-prod1/providers/Microsoft.Network/networkSecurityGroups/vm-nic-nsg",
            "network_interface_id": "/subscriptions/353e8b06-f9df-482d-9834-0f7a6d733e46/resourceGroups/ccscan-env-prod1/providers/Microsoft.Network/networkInterfaces/vm-nic",
            "network_security_group_id": "/subscriptions/353e8b06-f9df-482d-9834-0f7a6d733e46/resourceGroups/ccscan-env-prod1/providers/Microsoft.Network/networkSecurityGroups/vm-nic-nsg",
            "timeouts": null
          },
          "sensitive_attributes": [],
          "private": "eyJlMmJmYjczMC1lY2FhLTExZTYtOGY4OC0zNDM2M2JjN2M0YzAiOnsiY3JlYXRlIjoxODAwMDAwMDAwMDAwLCJkZWxldGUiOjE4MDAwMDAwMDAwMDAsInJlYWQiOjMwMDAwMDAwMDAwMCwidXBkYXRlIjoxODAwMDAwMDAwMDAwfX0=",
          "dependencies": [
            "azurerm_network_interface.vm",
            "azurerm_network_security_group.this",
            "azurerm_public_ip.vm",
            "azurerm_resource_group.this",
            "azurerm_subnet.backend",
            "azurerm_virtual_network.this"
          ]
        }
      ]
    },
    {
      "mode": "managed",
      "type": "azurerm_network_security_group",
      "name": "this",
      "provider": "provider[\"registry.terraform.io/hashicorp/azurerm\"]",
      "instances": [
        {
          "schema_version": 0,
          "attributes": {
            "id": "/subscriptions/353e8b06-f9df-482d-9834-0f7a6d733e46/resourceGroups/ccscan-env-prod1/providers/Microsoft.Network/networkSecurityGroups/vm-nic-nsg",
            "location": "northeurope",
            "name": "vm-nic-nsg",
            "resource_group_name": "ccscan-env-prod1",
            "security_rule": [
              {
                "access": "Allow",
                "description": "",
                "destination_address_prefix": "*",
                "destination_address_prefixes": [],
                "destination_application_security_group_ids": [],
                "destination_port_range": "10000",
                "destination_port_ranges": [],
                "direction": "Inbound",
                "name": "ccnode_mainnet_grpc",
                "priority": 1004,
                "protocol": "Tcp",
                "source_address_prefix": "*",
                "source_address_prefixes": [],
                "source_application_security_group_ids": [],
                "source_port_range": "*",
                "source_port_ranges": []
              },
              {
                "access": "Allow",
                "description": "",
                "destination_address_prefix": "*",
                "destination_address_prefixes": [],
                "destination_application_security_group_ids": [],
                "destination_port_range": "10111",
                "destination_port_ranges": [],
                "direction": "Inbound",
                "name": "ccnode_testnet_grpc",
                "priority": 1005,
                "protocol": "Tcp",
                "source_address_prefix": "*",
                "source_address_prefixes": [],
                "source_application_security_group_ids": [],
                "source_port_range": "*",
                "source_port_ranges": []
              },
              {
                "access": "Allow",
                "description": "",
                "destination_address_prefix": "*",
                "destination_address_prefixes": [],
                "destination_application_security_group_ids": [],
                "destination_port_range": "18888",
                "destination_port_ranges": [],
                "direction": "Inbound",
                "name": "ccnode_testnet_p2p",
                "priority": 1003,
                "protocol": "Tcp",
                "source_address_prefix": "*",
                "source_address_prefixes": [],
                "source_application_security_group_ids": [],
                "source_port_range": "*",
                "source_port_ranges": []
              },
              {
                "access": "Allow",
                "description": "",
                "destination_address_prefix": "*",
                "destination_address_prefixes": [],
                "destination_application_security_group_ids": [],
                "destination_port_range": "22",
                "destination_port_ranges": [],
                "direction": "Inbound",
                "name": "SSH",
                "priority": 1001,
                "protocol": "Tcp",
                "source_address_prefix": "*",
                "source_address_prefixes": [],
                "source_application_security_group_ids": [],
                "source_port_range": "*",
                "source_port_ranges": []
              },
              {
                "access": "Allow",
                "description": "",
                "destination_address_prefix": "*",
                "destination_address_prefixes": [],
                "destination_application_security_group_ids": [],
                "destination_port_range": "5000",
                "destination_port_ranges": [],
                "direction": "Inbound",
                "name": "http-mainnet",
                "priority": 1007,
                "protocol": "Tcp",
                "source_address_prefix": "*",
                "source_address_prefixes": [],
                "source_application_security_group_ids": [],
                "source_port_range": "*",
                "source_port_ranges": []
              },
              {
                "access": "Allow",
                "description": "",
                "destination_address_prefix": "*",
                "destination_address_prefixes": [],
                "destination_application_security_group_ids": [],
                "destination_port_range": "5001",
                "destination_port_ranges": [],
                "direction": "Inbound",
                "name": "http-testnet",
                "priority": 1008,
                "protocol": "Tcp",
                "source_address_prefix": "*",
                "source_address_prefixes": [],
                "source_application_security_group_ids": [],
                "source_port_range": "*",
                "source_port_ranges": []
              },
              {
                "access": "Allow",
                "description": "",
                "destination_address_prefix": "*",
                "destination_address_prefixes": [],
                "destination_application_security_group_ids": [],
                "destination_port_range": "8888",
                "destination_port_ranges": [],
                "direction": "Inbound",
                "name": "ccnode_mainnet_p2p",
                "priority": 1002,
                "protocol": "Tcp",
                "source_address_prefix": "*",
                "source_address_prefixes": [],
                "source_application_security_group_ids": [],
                "source_port_range": "*",
                "source_port_ranges": []
              }
            ],
            "tags": {
              "environment": "prod1"
            },
            "timeouts": null
          },
          "sensitive_attributes": [],
          "private": "eyJlMmJmYjczMC1lY2FhLTExZTYtOGY4OC0zNDM2M2JjN2M0YzAiOnsiY3JlYXRlIjoxODAwMDAwMDAwMDAwLCJkZWxldGUiOjE4MDAwMDAwMDAwMDAsInJlYWQiOjMwMDAwMDAwMDAwMCwidXBkYXRlIjoxODAwMDAwMDAwMDAwfX0=",
          "dependencies": [
            "azurerm_resource_group.this"
          ]
        }
      ]
    },
    {
      "mode": "managed",
      "type": "azurerm_public_ip",
      "name": "app-gw",
      "provider": "provider[\"registry.terraform.io/hashicorp/azurerm\"]",
      "instances": [
        {
          "schema_version": 0,
          "attributes": {
            "allocation_method": "Dynamic",
            "domain_name_label": "prod1-ccdscan-api",
            "edge_zone": "",
            "fqdn": "prod1-ccdscan-api.northeurope.cloudapp.azure.com",
            "id": "/subscriptions/353e8b06-f9df-482d-9834-0f7a6d733e46/resourceGroups/ccscan-env-prod1/providers/Microsoft.Network/publicIPAddresses/app-gateway-pip",
            "idle_timeout_in_minutes": 4,
            "ip_address": "",
            "ip_tags": null,
            "ip_version": "IPv4",
            "location": "northeurope",
            "name": "app-gateway-pip",
            "public_ip_prefix_id": null,
            "resource_group_name": "ccscan-env-prod1",
            "reverse_fqdn": "",
            "sku": "Basic",
            "sku_tier": "Regional",
            "tags": {
              "environment": "prod1"
            },
            "timeouts": null,
            "zones": null
          },
          "sensitive_attributes": [],
          "private": "eyJlMmJmYjczMC1lY2FhLTExZTYtOGY4OC0zNDM2M2JjN2M0YzAiOnsiY3JlYXRlIjoxODAwMDAwMDAwMDAwLCJkZWxldGUiOjE4MDAwMDAwMDAwMDAsInJlYWQiOjMwMDAwMDAwMDAwMCwidXBkYXRlIjoxODAwMDAwMDAwMDAwfX0=",
          "dependencies": [
            "azurerm_resource_group.this"
          ]
        }
      ]
    },
    {
      "mode": "managed",
      "type": "azurerm_public_ip",
      "name": "vm",
      "provider": "provider[\"registry.terraform.io/hashicorp/azurerm\"]",
      "instances": [
        {
          "schema_version": 0,
          "attributes": {
            "allocation_method": "Static",
            "domain_name_label": "prod1-ccdscan-vm",
            "edge_zone": "",
            "fqdn": "prod1-ccdscan-vm.northeurope.cloudapp.azure.com",
            "id": "/subscriptions/353e8b06-f9df-482d-9834-0f7a6d733e46/resourceGroups/ccscan-env-prod1/providers/Microsoft.Network/publicIPAddresses/vm-nic-pip",
            "idle_timeout_in_minutes": 4,
            "ip_address": "20.223.160.142",
            "ip_tags": null,
            "ip_version": "IPv4",
            "location": "northeurope",
            "name": "vm-nic-pip",
            "public_ip_prefix_id": null,
            "resource_group_name": "ccscan-env-prod1",
            "reverse_fqdn": "",
            "sku": "Basic",
            "sku_tier": "Regional",
            "tags": {
              "environment": "prod1"
            },
            "timeouts": null,
            "zones": null
          },
          "sensitive_attributes": [],
          "private": "eyJlMmJmYjczMC1lY2FhLTExZTYtOGY4OC0zNDM2M2JjN2M0YzAiOnsiY3JlYXRlIjoxODAwMDAwMDAwMDAwLCJkZWxldGUiOjE4MDAwMDAwMDAwMDAsInJlYWQiOjMwMDAwMDAwMDAwMCwidXBkYXRlIjoxODAwMDAwMDAwMDAwfX0=",
          "dependencies": [
            "azurerm_resource_group.this"
          ]
        }
      ]
    },
    {
      "mode": "managed",
      "type": "azurerm_resource_group",
      "name": "this",
      "provider": "provider[\"registry.terraform.io/hashicorp/azurerm\"]",
      "instances": [
        {
          "schema_version": 0,
          "attributes": {
            "id": "/subscriptions/353e8b06-f9df-482d-9834-0f7a6d733e46/resourceGroups/ccscan-env-prod1",
            "location": "northeurope",
            "name": "ccscan-env-prod1",
            "tags": {
              "environment": "prod1"
            },
            "timeouts": null
          },
          "sensitive_attributes": [],
          "private": "eyJlMmJmYjczMC1lY2FhLTExZTYtOGY4OC0zNDM2M2JjN2M0YzAiOnsiY3JlYXRlIjo1NDAwMDAwMDAwMDAwLCJkZWxldGUiOjU0MDAwMDAwMDAwMDAsInJlYWQiOjMwMDAwMDAwMDAwMCwidXBkYXRlIjo1NDAwMDAwMDAwMDAwfX0="
        }
      ]
    },
    {
      "mode": "managed",
      "type": "azurerm_role_assignment",
      "name": "automation-account-app-gateway",
      "provider": "provider[\"registry.terraform.io/hashicorp/azurerm\"]",
      "instances": [
        {
          "schema_version": 0,
          "attributes": {
            "condition": "",
            "condition_version": "",
            "delegated_managed_identity_resource_id": "",
            "description": "",
            "id": "/subscriptions/353e8b06-f9df-482d-9834-0f7a6d733e46/resourceGroups/ccscan-env-prod1/providers/Microsoft.Network/applicationGateways/app-gateway/providers/Microsoft.Authorization/roleAssignments/252f6a68-c717-dc22-31c6-b56c7c42edac",
            "name": "252f6a68-c717-dc22-31c6-b56c7c42edac",
            "principal_id": "78184bfe-fc3e-434d-817a-9952a148a93f",
            "principal_type": "ServicePrincipal",
            "role_definition_id": "/subscriptions/353e8b06-f9df-482d-9834-0f7a6d733e46/providers/Microsoft.Authorization/roleDefinitions/b24988ac-6180-42a0-ab88-20f7382dd24c",
            "role_definition_name": "Contributor",
            "scope": "/subscriptions/353e8b06-f9df-482d-9834-0f7a6d733e46/resourceGroups/ccscan-env-prod1/providers/Microsoft.Network/applicationGateways/app-gateway",
            "skip_service_principal_aad_check": null,
            "timeouts": null
          },
          "sensitive_attributes": [],
          "private": "eyJlMmJmYjczMC1lY2FhLTExZTYtOGY4OC0zNDM2M2JjN2M0YzAiOnsiY3JlYXRlIjoxODAwMDAwMDAwMDAwLCJkZWxldGUiOjE4MDAwMDAwMDAwMDAsInJlYWQiOjMwMDAwMDAwMDAwMCwidXBkYXRlIjoxODAwMDAwMDAwMDAwfX0=",
          "dependencies": [
            "azurerm_application_gateway.this",
            "azurerm_automation_account.this",
            "azurerm_public_ip.app-gw",
            "azurerm_resource_group.this",
            "azurerm_subnet.frontend",
            "azurerm_virtual_network.this",
            "data.azurerm_key_vault_secret.ssl-cert-data",
            "data.azurerm_key_vault_secret.ssl-cert-password"
          ]
        }
      ]
    },
    {
      "mode": "managed",
      "type": "azurerm_role_assignment",
      "name": "automation-account-key-vault-godaddy-dns-api-key-secret",
      "provider": "provider[\"registry.terraform.io/hashicorp/azurerm\"]",
      "instances": [
        {
          "schema_version": 0,
          "attributes": {
            "condition": "",
            "condition_version": "",
            "delegated_managed_identity_resource_id": "",
            "description": "",
            "id": "/subscriptions/353e8b06-f9df-482d-9834-0f7a6d733e46/resourceGroups/ccscan-key-vault/providers/Microsoft.KeyVault/vaults/ccscan/secrets/godaddy-dns-api-key-secret/providers/Microsoft.Authorization/roleAssignments/b9a8767e-f458-1860-36e9-47d88d5ba687",
            "name": "b9a8767e-f458-1860-36e9-47d88d5ba687",
            "principal_id": "78184bfe-fc3e-434d-817a-9952a148a93f",
            "principal_type": "ServicePrincipal",
            "role_definition_id": "/subscriptions/353e8b06-f9df-482d-9834-0f7a6d733e46/providers/Microsoft.Authorization/roleDefinitions/4633458b-17de-408a-b874-0445c86b69e6",
            "role_definition_name": "Key Vault Secrets User",
            "scope": "/subscriptions/353e8b06-f9df-482d-9834-0f7a6d733e46/resourceGroups/ccscan-key-vault/providers/Microsoft.KeyVault/vaults/ccscan/secrets/godaddy-dns-api-key-secret",
            "skip_service_principal_aad_check": null,
            "timeouts": null
          },
          "sensitive_attributes": [],
          "private": "eyJlMmJmYjczMC1lY2FhLTExZTYtOGY4OC0zNDM2M2JjN2M0YzAiOnsiY3JlYXRlIjoxODAwMDAwMDAwMDAwLCJkZWxldGUiOjE4MDAwMDAwMDAwMDAsInJlYWQiOjMwMDAwMDAwMDAwMCwidXBkYXRlIjoxODAwMDAwMDAwMDAwfX0=",
          "dependencies": [
            "azurerm_automation_account.this",
            "azurerm_resource_group.this",
            "data.azurerm_key_vault_secret.godaddy-dns-api-key-secret"
          ]
        }
      ]
    },
    {
      "mode": "managed",
      "type": "azurerm_role_assignment",
      "name": "automation-account-key-vault-sslcert-pfx",
      "provider": "provider[\"registry.terraform.io/hashicorp/azurerm\"]",
      "instances": [
        {
          "schema_version": 0,
          "attributes": {
            "condition": "",
            "condition_version": "",
            "delegated_managed_identity_resource_id": "",
            "description": "",
            "id": "/subscriptions/353e8b06-f9df-482d-9834-0f7a6d733e46/resourceGroups/ccscan-key-vault/providers/Microsoft.KeyVault/vaults/ccscan/secrets/prod1-sslcert-pfx/providers/Microsoft.Authorization/roleAssignments/158db36c-2cf1-7cf4-d533-12b3fecc1bb7",
            "name": "158db36c-2cf1-7cf4-d533-12b3fecc1bb7",
            "principal_id": "78184bfe-fc3e-434d-817a-9952a148a93f",
            "principal_type": "ServicePrincipal",
            "role_definition_id": "/subscriptions/353e8b06-f9df-482d-9834-0f7a6d733e46/providers/Microsoft.Authorization/roleDefinitions/b86a8fe4-44ce-4948-aee5-eccb2c155cd7",
            "role_definition_name": "Key Vault Secrets Officer",
            "scope": "/subscriptions/353e8b06-f9df-482d-9834-0f7a6d733e46/resourceGroups/ccscan-key-vault/providers/Microsoft.KeyVault/vaults/ccscan/secrets/prod1-sslcert-pfx",
            "skip_service_principal_aad_check": null,
            "timeouts": null
          },
          "sensitive_attributes": [],
          "private": "eyJlMmJmYjczMC1lY2FhLTExZTYtOGY4OC0zNDM2M2JjN2M0YzAiOnsiY3JlYXRlIjoxODAwMDAwMDAwMDAwLCJkZWxldGUiOjE4MDAwMDAwMDAwMDAsInJlYWQiOjMwMDAwMDAwMDAwMCwidXBkYXRlIjoxODAwMDAwMDAwMDAwfX0=",
          "dependencies": [
            "azurerm_automation_account.this",
            "azurerm_resource_group.this",
            "data.azurerm_key_vault_secret.ssl-cert-data"
          ]
        }
      ]
    },
    {
      "mode": "managed",
      "type": "azurerm_role_assignment",
      "name": "automation-account-key-vault-sslcert-pfx-password",
      "provider": "provider[\"registry.terraform.io/hashicorp/azurerm\"]",
      "instances": [
        {
          "schema_version": 0,
          "attributes": {
            "condition": "",
            "condition_version": "",
            "delegated_managed_identity_resource_id": "",
            "description": "",
            "id": "/subscriptions/353e8b06-f9df-482d-9834-0f7a6d733e46/resourceGroups/ccscan-key-vault/providers/Microsoft.KeyVault/vaults/ccscan/secrets/prod1-sslcert-pfx-password/providers/Microsoft.Authorization/roleAssignments/9d690037-a000-51ae-f36d-bddb53eeb732",
            "name": "9d690037-a000-51ae-f36d-bddb53eeb732",
            "principal_id": "78184bfe-fc3e-434d-817a-9952a148a93f",
            "principal_type": "ServicePrincipal",
            "role_definition_id": "/subscriptions/353e8b06-f9df-482d-9834-0f7a6d733e46/providers/Microsoft.Authorization/roleDefinitions/4633458b-17de-408a-b874-0445c86b69e6",
            "role_definition_name": "Key Vault Secrets User",
            "scope": "/subscriptions/353e8b06-f9df-482d-9834-0f7a6d733e46/resourceGroups/ccscan-key-vault/providers/Microsoft.KeyVault/vaults/ccscan/secrets/prod1-sslcert-pfx-password",
            "skip_service_principal_aad_check": null,
            "timeouts": null
          },
          "sensitive_attributes": [],
          "private": "eyJlMmJmYjczMC1lY2FhLTExZTYtOGY4OC0zNDM2M2JjN2M0YzAiOnsiY3JlYXRlIjoxODAwMDAwMDAwMDAwLCJkZWxldGUiOjE4MDAwMDAwMDAwMDAsInJlYWQiOjMwMDAwMDAwMDAwMCwidXBkYXRlIjoxODAwMDAwMDAwMDAwfX0=",
          "dependencies": [
            "azurerm_automation_account.this",
            "azurerm_resource_group.this",
            "data.azurerm_key_vault_secret.ssl-cert-password"
          ]
        }
      ]
    },
    {
      "mode": "managed",
      "type": "azurerm_role_assignment",
      "name": "automation_account_key_vault_godaddy_dns_api_key",
      "provider": "provider[\"registry.terraform.io/hashicorp/azurerm\"]",
      "instances": [
        {
          "schema_version": 0,
          "attributes": {
            "condition": "",
            "condition_version": "",
            "delegated_managed_identity_resource_id": "",
            "description": "",
            "id": "/subscriptions/353e8b06-f9df-482d-9834-0f7a6d733e46/resourceGroups/ccscan-key-vault/providers/Microsoft.KeyVault/vaults/ccscan/secrets/godaddy-dns-api-key/providers/Microsoft.Authorization/roleAssignments/404bc313-6ba0-61f9-6465-7589607cce13",
            "name": "404bc313-6ba0-61f9-6465-7589607cce13",
            "principal_id": "78184bfe-fc3e-434d-817a-9952a148a93f",
            "principal_type": "ServicePrincipal",
            "role_definition_id": "/subscriptions/353e8b06-f9df-482d-9834-0f7a6d733e46/providers/Microsoft.Authorization/roleDefinitions/4633458b-17de-408a-b874-0445c86b69e6",
            "role_definition_name": "Key Vault Secrets User",
            "scope": "/subscriptions/353e8b06-f9df-482d-9834-0f7a6d733e46/resourceGroups/ccscan-key-vault/providers/Microsoft.KeyVault/vaults/ccscan/secrets/godaddy-dns-api-key",
            "skip_service_principal_aad_check": null,
            "timeouts": null
          },
          "sensitive_attributes": [],
          "private": "eyJlMmJmYjczMC1lY2FhLTExZTYtOGY4OC0zNDM2M2JjN2M0YzAiOnsiY3JlYXRlIjoxODAwMDAwMDAwMDAwLCJkZWxldGUiOjE4MDAwMDAwMDAwMDAsInJlYWQiOjMwMDAwMDAwMDAwMCwidXBkYXRlIjoxODAwMDAwMDAwMDAwfX0=",
          "dependencies": [
            "azurerm_automation_account.this",
            "azurerm_resource_group.this",
            "data.azurerm_key_vault_secret.godaddy-dns-api-key"
          ]
        }
      ]
    },
    {
      "mode": "managed",
      "type": "azurerm_storage_account",
      "name": "this",
      "provider": "provider[\"registry.terraform.io/hashicorp/azurerm\"]",
      "instances": [
        {
          "schema_version": 3,
          "attributes": {
            "access_tier": "Hot",
            "account_kind": "StorageV2",
            "account_replication_type": "LRS",
            "account_tier": "Standard",
            "allow_nested_items_to_be_public": false,
            "azure_files_authentication": [],
            "blob_properties": [
              {
                "change_feed_enabled": false,
                "container_delete_retention_policy": [],
                "cors_rule": [],
                "default_service_version": "",
                "delete_retention_policy": [],
                "last_access_time_enabled": false,
                "versioning_enabled": false
              }
            ],
            "custom_domain": [],
            "customer_managed_key": [],
            "edge_zone": "",
            "enable_https_traffic_only": true,
            "id": "/subscriptions/353e8b06-f9df-482d-9834-0f7a6d733e46/resourceGroups/ccscan-env-prod1/providers/Microsoft.Storage/storageAccounts/storageccscanprod1",
            "identity": [],
            "infrastructure_encryption_enabled": false,
            "is_hns_enabled": false,
            "large_file_share_enabled": null,
            "location": "northeurope",
            "min_tls_version": "TLS1_2",
            "name": "storageccscanprod1",
            "network_rules": [
              {
                "bypass": [
                  "AzureServices"
                ],
                "default_action": "Allow",
                "ip_rules": [],
                "private_link_access": [],
                "virtual_network_subnet_ids": []
              }
            ],
            "nfsv3_enabled": false,
            "primary_access_key": "lNWCS143uQtrnL9kcpPjUgBdBYjyTpSu44nWCnrrYjuTtaDoeetaaTn8CcTzx8unIMleXrDoty+ve/f1D0jVsw==",
            "primary_blob_connection_string": "DefaultEndpointsProtocol=https;BlobEndpoint=https://storageccscanprod1.blob.core.windows.net/;AccountName=storageccscanprod1;AccountKey=lNWCS143uQtrnL9kcpPjUgBdBYjyTpSu44nWCnrrYjuTtaDoeetaaTn8CcTzx8unIMleXrDoty+ve/f1D0jVsw==",
            "primary_blob_endpoint": "https://storageccscanprod1.blob.core.windows.net/",
            "primary_blob_host": "storageccscanprod1.blob.core.windows.net",
            "primary_connection_string": "DefaultEndpointsProtocol=https;AccountName=storageccscanprod1;AccountKey=lNWCS143uQtrnL9kcpPjUgBdBYjyTpSu44nWCnrrYjuTtaDoeetaaTn8CcTzx8unIMleXrDoty+ve/f1D0jVsw==;EndpointSuffix=core.windows.net",
            "primary_dfs_endpoint": "https://storageccscanprod1.dfs.core.windows.net/",
            "primary_dfs_host": "storageccscanprod1.dfs.core.windows.net",
            "primary_file_endpoint": "https://storageccscanprod1.file.core.windows.net/",
            "primary_file_host": "storageccscanprod1.file.core.windows.net",
            "primary_location": "northeurope",
            "primary_queue_endpoint": "https://storageccscanprod1.queue.core.windows.net/",
            "primary_queue_host": "storageccscanprod1.queue.core.windows.net",
            "primary_table_endpoint": "https://storageccscanprod1.table.core.windows.net/",
            "primary_table_host": "storageccscanprod1.table.core.windows.net",
            "primary_web_endpoint": "https://storageccscanprod1.z16.web.core.windows.net/",
            "primary_web_host": "storageccscanprod1.z16.web.core.windows.net",
            "queue_encryption_key_type": "Service",
            "queue_properties": [
              {
                "cors_rule": [],
                "hour_metrics": [
                  {
                    "enabled": true,
                    "include_apis": true,
                    "retention_policy_days": 7,
                    "version": "1.0"
                  }
                ],
                "logging": [
                  {
                    "delete": false,
                    "read": false,
                    "retention_policy_days": 0,
                    "version": "1.0",
                    "write": false
                  }
                ],
                "minute_metrics": [
                  {
                    "enabled": false,
                    "include_apis": false,
                    "retention_policy_days": 0,
                    "version": "1.0"
                  }
                ]
              }
            ],
            "resource_group_name": "ccscan-env-prod1",
            "routing": [],
            "secondary_access_key": "/rjnkS+0HxctqGhiEw/ZKxgyKDY73/A2s062avt8Uv1yT2Y9hWDYGWz1TkMWxiZj5O2DqpJY1a5ogchznLsLcQ==",
            "secondary_blob_connection_string": "",
            "secondary_blob_endpoint": null,
            "secondary_blob_host": null,
            "secondary_connection_string": "DefaultEndpointsProtocol=https;AccountName=storageccscanprod1;AccountKey=/rjnkS+0HxctqGhiEw/ZKxgyKDY73/A2s062avt8Uv1yT2Y9hWDYGWz1TkMWxiZj5O2DqpJY1a5ogchznLsLcQ==;EndpointSuffix=core.windows.net",
            "secondary_dfs_endpoint": null,
            "secondary_dfs_host": null,
            "secondary_file_endpoint": null,
            "secondary_file_host": null,
            "secondary_location": "",
            "secondary_queue_endpoint": null,
            "secondary_queue_host": null,
            "secondary_table_endpoint": null,
            "secondary_table_host": null,
            "secondary_web_endpoint": null,
            "secondary_web_host": null,
            "share_properties": [
              {
                "cors_rule": [],
                "retention_policy": [
                  {
                    "days": 7
                  }
                ],
                "smb": []
              }
            ],
            "shared_access_key_enabled": true,
            "static_website": [],
            "table_encryption_key_type": "Service",
            "tags": {
              "environment": "prod1"
            },
            "timeouts": null
          },
          "sensitive_attributes": [],
          "private": "eyJlMmJmYjczMC1lY2FhLTExZTYtOGY4OC0zNDM2M2JjN2M0YzAiOnsiY3JlYXRlIjozNjAwMDAwMDAwMDAwLCJkZWxldGUiOjM2MDAwMDAwMDAwMDAsInJlYWQiOjMwMDAwMDAwMDAwMCwidXBkYXRlIjozNjAwMDAwMDAwMDAwfSwic2NoZW1hX3ZlcnNpb24iOiIzIn0=",
          "dependencies": [
            "azurerm_resource_group.this"
          ]
        }
      ]
    },
    {
      "mode": "managed",
      "type": "azurerm_storage_container",
      "name": "sslrenewal",
      "provider": "provider[\"registry.terraform.io/hashicorp/azurerm\"]",
      "instances": [
        {
          "schema_version": 1,
          "attributes": {
            "container_access_type": "private",
            "has_immutability_policy": false,
            "has_legal_hold": false,
            "id": "https://storageccscanprod1.blob.core.windows.net/sslrenewal",
            "metadata": {},
            "name": "sslrenewal",
            "resource_manager_id": "/subscriptions/353e8b06-f9df-482d-9834-0f7a6d733e46/resourceGroups/ccscan-env-prod1/providers/Microsoft.Storage/storageAccounts/storageccscanprod1/blobServices/default/containers/sslrenewal",
            "storage_account_name": "storageccscanprod1",
            "timeouts": null
          },
          "sensitive_attributes": [],
          "private": "eyJlMmJmYjczMC1lY2FhLTExZTYtOGY4OC0zNDM2M2JjN2M0YzAiOnsiY3JlYXRlIjoxODAwMDAwMDAwMDAwLCJkZWxldGUiOjE4MDAwMDAwMDAwMDAsInJlYWQiOjMwMDAwMDAwMDAwMCwidXBkYXRlIjoxODAwMDAwMDAwMDAwfSwic2NoZW1hX3ZlcnNpb24iOiIxIn0=",
          "dependencies": [
            "azurerm_resource_group.this",
            "azurerm_storage_account.this"
          ]
        }
      ]
    },
    {
      "mode": "managed",
      "type": "azurerm_subnet",
      "name": "backend",
      "provider": "provider[\"registry.terraform.io/hashicorp/azurerm\"]",
      "instances": [
        {
          "schema_version": 0,
          "attributes": {
            "address_prefixes": [
              "10.0.1.0/24"
            ],
            "delegation": [],
            "enforce_private_link_endpoint_network_policies": false,
            "enforce_private_link_service_network_policies": false,
            "id": "/subscriptions/353e8b06-f9df-482d-9834-0f7a6d733e46/resourceGroups/ccscan-env-prod1/providers/Microsoft.Network/virtualNetworks/vnet/subnets/snet-backend",
            "name": "snet-backend",
            "resource_group_name": "ccscan-env-prod1",
            "service_endpoint_policy_ids": null,
            "service_endpoints": null,
            "timeouts": null,
            "virtual_network_name": "vnet"
          },
          "sensitive_attributes": [],
          "private": "eyJlMmJmYjczMC1lY2FhLTExZTYtOGY4OC0zNDM2M2JjN2M0YzAiOnsiY3JlYXRlIjoxODAwMDAwMDAwMDAwLCJkZWxldGUiOjE4MDAwMDAwMDAwMDAsInJlYWQiOjMwMDAwMDAwMDAwMCwidXBkYXRlIjoxODAwMDAwMDAwMDAwfX0=",
          "dependencies": [
            "azurerm_resource_group.this",
            "azurerm_virtual_network.this"
          ]
        }
      ]
    },
    {
      "mode": "managed",
      "type": "azurerm_subnet",
      "name": "frontend",
      "provider": "provider[\"registry.terraform.io/hashicorp/azurerm\"]",
      "instances": [
        {
          "schema_version": 0,
          "attributes": {
            "address_prefixes": [
              "10.0.0.0/24"
            ],
            "delegation": [],
            "enforce_private_link_endpoint_network_policies": false,
            "enforce_private_link_service_network_policies": false,
            "id": "/subscriptions/353e8b06-f9df-482d-9834-0f7a6d733e46/resourceGroups/ccscan-env-prod1/providers/Microsoft.Network/virtualNetworks/vnet/subnets/snet-frontend",
            "name": "snet-frontend",
            "resource_group_name": "ccscan-env-prod1",
            "service_endpoint_policy_ids": null,
            "service_endpoints": null,
            "timeouts": null,
            "virtual_network_name": "vnet"
          },
          "sensitive_attributes": [],
          "private": "eyJlMmJmYjczMC1lY2FhLTExZTYtOGY4OC0zNDM2M2JjN2M0YzAiOnsiY3JlYXRlIjoxODAwMDAwMDAwMDAwLCJkZWxldGUiOjE4MDAwMDAwMDAwMDAsInJlYWQiOjMwMDAwMDAwMDAwMCwidXBkYXRlIjoxODAwMDAwMDAwMDAwfX0=",
          "dependencies": [
            "azurerm_resource_group.this",
            "azurerm_virtual_network.this"
          ]
        }
      ]
    },
    {
      "mode": "managed",
      "type": "azurerm_virtual_machine_data_disk_attachment",
      "name": "vm_data",
      "provider": "provider[\"registry.terraform.io/hashicorp/azurerm\"]",
      "instances": [
        {
          "schema_version": 0,
          "attributes": {
            "caching": "ReadWrite",
            "create_option": "Attach",
            "id": "/subscriptions/353e8b06-f9df-482d-9834-0f7a6d733e46/resourceGroups/ccscan-env-prod1/providers/Microsoft.Compute/virtualMachines/vm/dataDisks/vm_disk_data",
            "lun": 1,
            "managed_disk_id": "/subscriptions/353e8b06-f9df-482d-9834-0f7a6d733e46/resourceGroups/ccscan-env-prod1/providers/Microsoft.Compute/disks/vm_disk_data",
            "timeouts": null,
            "virtual_machine_id": "/subscriptions/353e8b06-f9df-482d-9834-0f7a6d733e46/resourceGroups/ccscan-env-prod1/providers/Microsoft.Compute/virtualMachines/vm",
            "write_accelerator_enabled": false
          },
          "sensitive_attributes": [],
          "private": "eyJlMmJmYjczMC1lY2FhLTExZTYtOGY4OC0zNDM2M2JjN2M0YzAiOnsiY3JlYXRlIjoxODAwMDAwMDAwMDAwLCJkZWxldGUiOjE4MDAwMDAwMDAwMDAsInJlYWQiOjMwMDAwMDAwMDAwMCwidXBkYXRlIjoxODAwMDAwMDAwMDAwfX0=",
          "dependencies": [
            "azurerm_linux_virtual_machine.vm",
            "azurerm_managed_disk.vm_data",
            "azurerm_network_interface.vm",
            "azurerm_public_ip.vm",
            "azurerm_resource_group.this",
            "azurerm_subnet.backend",
            "azurerm_virtual_network.this",
            "data.azurerm_container_registry.ccscan",
            "data.azurerm_key_vault_secret.ccnode-auth-token",
            "data.azurerm_key_vault_secret.postgres-password",
            "data.azurerm_ssh_public_key.ssh_vm"
          ]
        }
      ]
    },
    {
      "mode": "managed",
      "type": "azurerm_virtual_network",
      "name": "this",
      "provider": "provider[\"registry.terraform.io/hashicorp/azurerm\"]",
      "instances": [
        {
          "schema_version": 0,
          "attributes": {
            "address_space": [
              "10.0.0.0/16"
            ],
            "bgp_community": "",
            "ddos_protection_plan": [],
            "dns_servers": [],
            "edge_zone": "",
            "flow_timeout_in_minutes": 0,
            "guid": "868fa5e3-cf01-49b3-966b-0330b99f5f71",
            "id": "/subscriptions/353e8b06-f9df-482d-9834-0f7a6d733e46/resourceGroups/ccscan-env-prod1/providers/Microsoft.Network/virtualNetworks/vnet",
            "location": "northeurope",
            "name": "vnet",
            "resource_group_name": "ccscan-env-prod1",
            "subnet": [],
            "tags": {
              "environment": "prod1"
            },
            "timeouts": null
          },
          "sensitive_attributes": [],
          "private": "eyJlMmJmYjczMC1lY2FhLTExZTYtOGY4OC0zNDM2M2JjN2M0YzAiOnsiY3JlYXRlIjoxODAwMDAwMDAwMDAwLCJkZWxldGUiOjE4MDAwMDAwMDAwMDAsInJlYWQiOjMwMDAwMDAwMDAwMCwidXBkYXRlIjoxODAwMDAwMDAwMDAwfX0=",
          "dependencies": [
            "azurerm_resource_group.this"
          ]
        }
      ]
    }
  ]
}
