{
  "version": 4,
  "terraform_version": "1.1.7",
  "serial": 221,
  "lineage": "1bc5a69f-8854-f4fd-5257-c63dab4bb70a",
  "outputs": {},
  "resources": [
    {
      "mode": "data",
      "type": "azurerm_container_registry",
      "name": "ccscan",
      "provider": "provider[\"registry.terraform.io/hashicorp/azurerm\"]",
      "instances": [
        {
          "schema_version": 0,
          "attributes": {
            "admin_enabled": true,
            "admin_password": "G+ne4o=OfLOnl54VkbeFYO0U+AB2xQRc",
            "admin_username": "ccscan",
            "id": "/subscriptions/353e8b06-f9df-482d-9834-0f7a6d733e46/resourceGroups/ccscan-docker-registry/providers/Microsoft.ContainerRegistry/registries/ccscan",
            "location": "northeurope",
            "login_server": "ccscan.azurecr.io",
            "name": "ccscan",
            "resource_group_name": "ccscan-docker-registry",
            "sku": "Basic",
            "tags": {},
            "timeouts": null
          },
          "sensitive_attributes": []
        }
      ]
    },
    {
      "mode": "data",
      "type": "azurerm_key_vault",
      "name": "ccscan",
      "provider": "provider[\"registry.terraform.io/hashicorp/azurerm\"]",
      "instances": [
        {
          "schema_version": 0,
          "attributes": {
            "access_policy": [
              {
                "application_id": "",
                "certificate_permissions": [
                  "Get",
                  "List",
                  "Update",
                  "Create",
                  "Import",
                  "Delete",
                  "Recover",
                  "Backup",
                  "Restore",
                  "ManageContacts",
                  "ManageIssuers",
                  "GetIssuers",
                  "ListIssuers",
                  "SetIssuers",
                  "DeleteIssuers"
                ],
                "key_permissions": [
                  "Get",
                  "List",
                  "Update",
                  "Create",
                  "Import",
                  "Delete",
                  "Recover",
                  "Backup",
                  "Restore"
                ],
                "object_id": "961b3ab5-550f-467d-bcee-05bc1f281e91",
                "secret_permissions": [
                  "Get",
                  "List",
                  "Set",
                  "Delete",
                  "Recover",
                  "Backup",
                  "Restore"
                ],
                "storage_permissions": [],
                "tenant_id": "d8887c7c-49ad-4af9-86e5-46450b21bcb7"
              }
            ],
            "enable_rbac_authorization": true,
            "enabled_for_deployment": false,
            "enabled_for_disk_encryption": false,
            "enabled_for_template_deployment": false,
            "id": "/subscriptions/353e8b06-f9df-482d-9834-0f7a6d733e46/resourceGroups/ccscan-key-vault/providers/Microsoft.KeyVault/vaults/ccscan",
            "location": "northeurope",
            "name": "ccscan",
            "network_acls": [],
            "purge_protection_enabled": false,
            "resource_group_name": "ccscan-key-vault",
            "sku_name": "Standard",
            "tags": {},
            "tenant_id": "d8887c7c-49ad-4af9-86e5-46450b21bcb7",
            "timeouts": null,
            "vault_uri": "https://ccscan.vault.azure.net/"
          },
          "sensitive_attributes": []
        }
      ]
    },
    {
      "mode": "data",
      "type": "azurerm_key_vault_secret",
      "name": "ccnode-auth-token",
      "provider": "provider[\"registry.terraform.io/hashicorp/azurerm\"]",
      "instances": [
        {
          "schema_version": 0,
          "attributes": {
            "content_type": "",
            "id": "https://ccscan.vault.azure.net/secrets/prod2-ccnode-auth-token/362ba3cb03a44608ac334d0ac75b7cdf",
            "key_vault_id": "/subscriptions/353e8b06-f9df-482d-9834-0f7a6d733e46/resourceGroups/ccscan-key-vault/providers/Microsoft.KeyVault/vaults/ccscan",
            "name": "prod2-ccnode-auth-token",
            "tags": {},
            "timeouts": null,
            "value": "cuiRmdZ6KnUkF74p",
            "version": "362ba3cb03a44608ac334d0ac75b7cdf",
            "versionless_id": "https://ccscan.vault.azure.net/secrets/prod2-ccnode-auth-token"
          },
          "sensitive_attributes": []
        }
      ]
    },
    {
      "mode": "data",
      "type": "azurerm_key_vault_secret",
      "name": "godaddy-dns-api-key",
      "provider": "provider[\"registry.terraform.io/hashicorp/azurerm\"]",
      "instances": [
        {
          "schema_version": 0,
          "attributes": {
            "content_type": "",
            "id": "https://ccscan.vault.azure.net/secrets/godaddy-dns-api-key/95813f8789774aaba62baff1e54e0ecb",
            "key_vault_id": "/subscriptions/353e8b06-f9df-482d-9834-0f7a6d733e46/resourceGroups/ccscan-key-vault/providers/Microsoft.KeyVault/vaults/ccscan",
            "name": "godaddy-dns-api-key",
            "tags": {},
            "timeouts": null,
            "value": "dLYskneC4EUy_XdMQRuqVSwSof4HkZ1XceR",
            "version": "95813f8789774aaba62baff1e54e0ecb",
            "versionless_id": "https://ccscan.vault.azure.net/secrets/godaddy-dns-api-key"
          },
          "sensitive_attributes": []
        }
      ]
    },
    {
      "mode": "data",
      "type": "azurerm_key_vault_secret",
      "name": "godaddy-dns-api-key-secret",
      "provider": "provider[\"registry.terraform.io/hashicorp/azurerm\"]",
      "instances": [
        {
          "schema_version": 0,
          "attributes": {
            "content_type": "",
            "id": "https://ccscan.vault.azure.net/secrets/godaddy-dns-api-key-secret/27deaa19d1b24790ab3af55c987c39eb",
            "key_vault_id": "/subscriptions/353e8b06-f9df-482d-9834-0f7a6d733e46/resourceGroups/ccscan-key-vault/providers/Microsoft.KeyVault/vaults/ccscan",
            "name": "godaddy-dns-api-key-secret",
            "tags": {},
            "timeouts": null,
            "value": "QLT1cWagkwpEKejdbMwZ37",
            "version": "27deaa19d1b24790ab3af55c987c39eb",
            "versionless_id": "https://ccscan.vault.azure.net/secrets/godaddy-dns-api-key-secret"
          },
          "sensitive_attributes": []
        }
      ]
    },
    {
      "mode": "data",
      "type": "azurerm_key_vault_secret",
      "name": "postgres-password",
      "provider": "provider[\"registry.terraform.io/hashicorp/azurerm\"]",
      "instances": [
        {
          "schema_version": 0,
          "attributes": {
            "content_type": "",
            "id": "https://ccscan.vault.azure.net/secrets/prod2-postgres-password/3838ad3fcbb449e6953ff59daa49f3da",
            "key_vault_id": "/subscriptions/353e8b06-f9df-482d-9834-0f7a6d733e46/resourceGroups/ccscan-key-vault/providers/Microsoft.KeyVault/vaults/ccscan",
            "name": "prod2-postgres-password",
            "tags": {},
            "timeouts": null,
            "value": "Drill-headroom-4289",
            "version": "3838ad3fcbb449e6953ff59daa49f3da",
            "versionless_id": "https://ccscan.vault.azure.net/secrets/prod2-postgres-password"
          },
          "sensitive_attributes": []
        }
      ]
    },
    {
      "mode": "data",
      "type": "azurerm_key_vault_secret",
      "name": "ssl-cert-data",
      "provider": "provider[\"registry.terraform.io/hashicorp/azurerm\"]",
      "instances": [
        {
          "schema_version": 0,
          "attributes": {
            "content_type": "Base64 encoded PFX",
            "id": "https://ccscan.vault.azure.net/secrets/prod2-sslcert-pfx/f1efaa68fbc447b4811e3b83f2950228",
            "key_vault_id": "/subscriptions/353e8b06-f9df-482d-9834-0f7a6d733e46/resourceGroups/ccscan-key-vault/providers/Microsoft.KeyVault/vaults/ccscan",
            "name": "prod2-sslcert-pfx",
            "tags": {},
            "timeouts": null,
            "value": "MIACAQMwgAYJKoZIhvcNAQcBoIAkgASCA+gwgDCABgkqhkiG9w0BBwGggCSABIID6DCCBWMwggVfBgsqhkiG9w0BDAoBAqCCBPowggT2MCgGCiqGSIb3DQEMAQMwGgQUub7usyAj24LsmFvErjQIN8b6sjMCAgQABIIEyMDSECad0pF5A63j7wBGdlLzwwQNtlS4wqRbnx52dUkAuTSCp8xVUjdyecLDpTK31cbyz8Tvcxc5GiAS2jc4dwYp3tFMracRehE0PbW0Z5PuvfbBYfmmXNPggsQ38M/Fp6BC3ELVuSi23C7pkN771RuSlHwj9eHBzAnjmB6v7ACnZs3JKotT2U7u/rn7CFTmIoYOtobaPvfD4HJ/zAgXTcXwZzNcY9r+9dT3kHJt66xAfySWyF8ppJJeu4lhvXO/P5ft30lDzaYBrr6c6/2ovahLrLl6dIy+tHODt1XoK2V7W+Koqz6SxsnLZ2mq7h5XeyoPe6r/+FwMVcrbZr+YEmPgDjl4RL4i3FrSTXNsIcaHldADmejHdYHo1KZQdnve4ZsJGKOxp74zHlcGVHVUqNon/SWh9HI6hX5CV7g/Zl3fXP9GXq6+eYsnqxBcD+qP14Jqt3wYWoSIFPLmyoISxiwFBbHjAtlRG1XotR1DcNv8DVeVWi/qG1hX5BLwnKmQ/G6ohqitM2xHxwpXmExDCTusRhSRtLuw5W/0QqZOLQpJGjw59dI5w22HTCZ5iKnOOuXejMfO4uwqVbFL0sDZHiGnlgxTStIqcE3l/+cz7OozDOeQex7Bb6O78yW8q7jajri+Z1Bp8s+akjVGXOHOUHE6Daj4bH3KvLt2kI4a4VwGs5Jd5u5isEmzOFUYu5IW4Hy5m7VbXRM2cDB+rcbOSenC2uum21TMAyxxvwrGW9tQGOxyOADFp/O9YRMa10RJcFS1a5skwPGujWm0SlCfIM+smINmNGsLirTLX6z88fmXZCBPbRpr9gEoSCijUdsPfP2eVKGpuUJBbng+AFWgIJEjEAJkv+Ylx0zqW0p/fjeCkavSftIorfcDxLoS3k6VLdV8kiO1VN/GhdxqY37Akfg9Uq4heZN8K+vFfbVq+z5xJoqEnChlhmI6Jy55kC1ep7s07H/1rCbzk3w/OZCvnDBGiasr5+qGPRf/Fgrddqh3RBd9QKKQPi9bERFSdSRuQL2cRL8p+ZL/iA5t62CvXU2lpIpRU7qXqStxLDHQey2zbRsYY0Dv8uXLFyskv2nzkPf0BsBWvfKvCM6+pHABvd2rL6aksgisRSPBUd0cBQdkh3XTXSrr95cH17aMTWzy0VXig0teL0+fNa4nX1V9SzDTS/laDTeWZoTzVTbPhqTlxWvU2hk7BIID6Nu3Z/LH7adXpzs/Axxcbk6MiOfNHAEoBIIBf+BUJrTlhFqyU2t9vwedY9EBYI2g02L+OTPW1TmKRfeT0BBA4qQt2XkhVB/HqAYC37LSZqDs+BszDd/qDcqJ+mD/XiCjuiwfvE2tcQ8SVV9h6lhwUh34WLqzI+git4uyNlxNnI2KUP1BKYEBrHplewC9RlBSuJXFIUSmn6gKZG0JAbRvfp3pDxqfJBLCrkfRz8BnlRyAzloKFTSSOUWtrlckWWy/RDXRVSyrtkH7lZ3XZRPJwugz2e/alVl1wetJaDO+h2qJI/M69emNw3kVya2M42dT9mp+9gyuKp4Eg0sv1fi70ueL6wKIqtNkA5rgvRjFw9xsJ/M5c9NMVy1ODvLs3S34E7Q40hqPwVKdgQHBFTXUb/Lt0RGCwzXGRbKhFGd8haWCGzqvRtdRMVIwIwYJKoZIhvcNAQkVMRYEFDHjMgaSWuorc6+GWrZrjpUdjOEOMCsGCSqGSIb3DQEJFDEeHhwAYQBwAGkALgBjAGMAZABzAGMAYQBuAC4AaQBvAAAAAAAAMIAGCSqGSIb3DQEHBqCAMIACAQAwgAYJKoZIhvcNAQcBMCgGCiqGSIb3DQEMAQYwGgQUFqy2mnIz9/SMCgVHmZuOmIAfn4ECAgQAoIAEggPo3XbCb2JnoOoSQ8QrwFwsyASjMhCQE6lxN4iYf4d+Fsc/j+NXmZn7qk3AWzDNBvVWxUtZ4vDJ3ZjQkZIAqY3u0Q3N6FnS+IvtScOK6NRB3FDepk//1LjtU5UFFcVrRCbQI9HrxKR5ioW9NBjoZJK0S/OT/ryIq4UF7LGTUK2MHlWQv+qBtpUayaatbufFs3yIbtwa2GUzvsDLgRdCfX5tXGGnPzyXLM5wHN0Wz+5YvZ7Sjk4wQrcqBMhNkphSqjQ2atLocG2OANDIgsKa0rSoP0hK9U6fRViEyGJWyWTrDfVqlJzWn2Gg8sOm4muZujwN/I9+lgg8ap3x1XQD9B0ZfZdT0HzQW9/O5NDFHcdb3JLVtY4zuLbgWDCNvUMUc128BCsgqG3HrijZiE0sp/eB6bBIghAGPTP/gpyl7r9z8ajZX0Qqel+C/4b6fD0PO94YwiefaJ/ppbgqZjWgXGivrOxURmcrTl/p0tpXEgjkms+ESomObjjwTLXUFcaVmrjy3NgT2mWc+mOblHEA4mFwnKd/u6d/bLIhjjuU5gBwmkODSFIrmbPUnn5fnm0qowqIeLVnG5HFCzPDyKjd6lUy01oYmoTt1sqlrSlnVF/GfBs2aRA5Q4/4bQnM8AVOIEP910gBde4b73RTXaCXCZglAq9e1S8bU8kEggPZ5Uke0cYAm9iOwz4iUVv9aXRa7QK74I7VdKWvNZ5IX7nPtxFXgkEmgqN6C2rCXZWHSIKX/NkswbZho5YpNRa8cB5q4O/AtTKbC3n/QRhqA2NtKoRD3CEakD3ttYzQDXw7W1TSmL1xtOF6bx9Ql1jWnzHGSo1RxENXzhf4LCKa5Ffpn+i9kAJaiyPeRWMWKJ4eRTimgbz3tggvqG//Z2huRIEEQLguNwlqvvkKr1NZeyhHOcp3doa3iNZrpnFnJdS/4LzrAjgZ42FzRBwVlROTa2IQ7ELpiNpNReIRAqTMtZJIB+6h03pDdnR5O7D9dhi07a6gkcnyqPiXkRiSW3Uw70d3GIgM8ryWhPpRJ6PeqUvQLhKVn/4XLtVJpBIEQ7OShgiUZKGlWjJuXNqZfS0ERZ4qE6yVj2V/zTjGGw0MMTEhUEVjMTbJQQkJJPzlMs5EhO3Kt405qRHaHjw2CGYY1H5sCgJg+7QXS18Gx0qZQw4Ft1dYVgNj54nHtAazQhi+i7XwBhtiFrYCi7NZsIR1lGI4HptAaioM311nEhgMCakXUcdIZPLFhGe84sQcLZuuLB3fUzmcVduIIZd+DJccq18ZSegTEfU7TRJXaGF7OJ6LeR1r0m4SdNCIA5f42spdrKE89GnjfZyHWX6X0Rd1f7MEggHYa2IxKKLZ02k2oyau4j1o5XzRHzAvu1tlcikxhmuVumq17og3QVU/Rc19s51ODYyUMFjUGtFgSp5meZu7DfCu/eLZ2qs3Ay6I4vXJ7m2BlgX3GOUnkwvfwqhHlMuZ2+/XmnuyrX3Fb167POfGQ5YdQXh82ekvsHLmzdypFMfeHfw0uKsJGldsMZJaoiVA5HMl9jBwIP9ZfRBcVXzcMzVJbHBYJEoY5GWRFvzIhuDygb9qRcHcQg1R5jaWQ0RuMehAvgECbsXQWvYl4blP4HZCpL2EQw82TuP+LM1Cl1XATUFLmcFZ9FJWYyBIIP4ZHAeOQMWRvHif7f2kjylTEgAWw9jg/FCP6oU2B2XTJtfKWrhD/pvzkU/FZ4+UuxOXy9u/6hOAC5WJD5kQ7xml/OLAUEigpSnV6j5ZZngdoml7HqKylmqR6ck3IO9KPgbzZGikTOB/UFcbCtBDPSmA/Bxv0jqGBINmi39/skBuV+Y5xa1bQ6BiGo1/oPJ5p/DZjBuDp/1oYIOO65WfuB43IYhH1U5861tN0Oxi0GPKKeD98xdkyWTs5YjIq0mZah6Oh+eLyYb19KjPFy/gcgNuUtwAG5eFxwGv1x/7//x65SOjOQnjaUNwKk8IBQAAAAAAAAAAAAAAAAAAAAAAADA9MCEwCQYFKw4DAhoFAAQUcmejZS3WM2+SMvE305mY4AlNoscEFJXNoBHjDzXBcJjcKCoYwJaOX9vsAgIEAAAA",
            "version": "f1efaa68fbc447b4811e3b83f2950228",
            "versionless_id": "https://ccscan.vault.azure.net/secrets/prod2-sslcert-pfx"
          },
          "sensitive_attributes": []
        }
      ]
    },
    {
      "mode": "data",
      "type": "azurerm_key_vault_secret",
      "name": "ssl-cert-password",
      "provider": "provider[\"registry.terraform.io/hashicorp/azurerm\"]",
      "instances": [
        {
          "schema_version": 0,
          "attributes": {
            "content_type": "",
            "id": "https://ccscan.vault.azure.net/secrets/prod2-sslcert-pfx-password/9e28d098da7e4ad3be61a4f20cb65079",
            "key_vault_id": "/subscriptions/353e8b06-f9df-482d-9834-0f7a6d733e46/resourceGroups/ccscan-key-vault/providers/Microsoft.KeyVault/vaults/ccscan",
            "name": "prod2-sslcert-pfx-password",
            "tags": {},
            "timeouts": null,
            "value": "mumbai-water-glass",
            "version": "9e28d098da7e4ad3be61a4f20cb65079",
            "versionless_id": "https://ccscan.vault.azure.net/secrets/prod2-sslcert-pfx-password"
          },
          "sensitive_attributes": []
        }
      ]
    },
    {
      "mode": "data",
      "type": "azurerm_ssh_public_key",
      "name": "ssh_vm",
      "provider": "provider[\"registry.terraform.io/hashicorp/azurerm\"]",
      "instances": [
        {
          "schema_version": 0,
          "attributes": {
            "id": "/subscriptions/353e8b06-f9df-482d-9834-0f7a6d733e46/resourceGroups/ccscan-ssh-keys/providers/Microsoft.Compute/sshPublicKeys/ssh-vm-prod2",
            "name": "ssh-vm-prod2",
            "public_key": "ssh-rsa AAAAB3NzaC1yc2EAAAADAQABAAABgQCmb2SbaYU8BBrqDKEaLuimPm6jkGv+nasw/KEMmQG1TK0JVlDxbYmnz+xf4My1TDQPJqIFluqpoZKDO0ecRYEvqabpuzAa0aD/HN2P1soTRSgHrM3mCfD7WkxrwhLSxsuGWTjYLATR6irZ8zJ+nneoB2BjRdN1AThV4UFlKze5kOq5dewLxtDGvp2E5aAw3RTQmWdewaZgHZf8ZijqyOclZvXWDx6itJHgQd+4r86S48tvcWiteg3D3MAPADSkhNp+avpKrrlphlg+rbk9U2D1qYtLBGQ/qQGuiaogjR/O6C/Kwzik9vhjYCfYzpyvB+Y5Bp5vPb3u+qANEF9ssWTbOxTa9bkIpyZISzIbu0HaQMELU1TFXofnPswgMiedbLVPAaXViWoyZRJ21P99drwA6yxVpgU57XMm/i8qu3055QQcuVsRvlGvqLigLq8eBmIRpwxioQUEF/ck8Cr24Gfwg3CEkK9qdl5tQ1uMIY0JsOQ76jv0mb306r+ka0NctTE= generated-by-azure",
            "resource_group_name": "ccscan-ssh-keys",
            "tags": {},
            "timeouts": null
          },
          "sensitive_attributes": []
        }
      ]
    },
    {
      "mode": "managed",
      "type": "azurerm_application_gateway",
      "name": "this",
      "provider": "provider[\"registry.terraform.io/hashicorp/azurerm\"]",
      "instances": [
        {
          "schema_version": 0,
          "attributes": {
            "authentication_certificate": [],
            "autoscale_configuration": [],
            "backend_address_pool": [
              {
                "fqdns": [],
                "id": "/subscriptions/353e8b06-f9df-482d-9834-0f7a6d733e46/resourceGroups/ccscan-env-prod2/providers/Microsoft.Network/applicationGateways/app-gateway/backendAddressPools/app-gateway-backends",
                "ip_addresses": [],
                "name": "app-gateway-backends"
              }
            ],
            "backend_http_settings": [
              {
                "affinity_cookie_name": "",
                "authentication_certificate": [],
                "connection_draining": [],
                "cookie_based_affinity": "Disabled",
                "host_name": "",
                "id": "/subscriptions/353e8b06-f9df-482d-9834-0f7a6d733e46/resourceGroups/ccscan-env-prod2/providers/Microsoft.Network/applicationGateways/app-gateway/backendHttpSettingsCollection/mainnet-http-settings",
                "name": "mainnet-http-settings",
                "path": "",
                "pick_host_name_from_backend_address": true,
                "port": 5000,
                "probe_id": "/subscriptions/353e8b06-f9df-482d-9834-0f7a6d733e46/resourceGroups/ccscan-env-prod2/providers/Microsoft.Network/applicationGateways/app-gateway/probes/health-probe",
                "probe_name": "health-probe",
                "protocol": "Http",
                "request_timeout": 20,
                "trusted_root_certificate_names": []
              },
              {
                "affinity_cookie_name": "",
                "authentication_certificate": [],
                "connection_draining": [],
                "cookie_based_affinity": "Disabled",
                "host_name": "",
                "id": "/subscriptions/353e8b06-f9df-482d-9834-0f7a6d733e46/resourceGroups/ccscan-env-prod2/providers/Microsoft.Network/applicationGateways/app-gateway/backendHttpSettingsCollection/testnet-http-settings",
                "name": "testnet-http-settings",
                "path": "",
                "pick_host_name_from_backend_address": true,
                "port": 5001,
                "probe_id": "/subscriptions/353e8b06-f9df-482d-9834-0f7a6d733e46/resourceGroups/ccscan-env-prod2/providers/Microsoft.Network/applicationGateways/app-gateway/probes/health-probe",
                "probe_name": "health-probe",
                "protocol": "Http",
                "request_timeout": 20,
                "trusted_root_certificate_names": []
              }
            ],
            "custom_error_configuration": [],
            "enable_http2": false,
            "fips_enabled": false,
            "firewall_policy_id": null,
            "force_firewall_policy_association": false,
            "frontend_ip_configuration": [
              {
                "id": "/subscriptions/353e8b06-f9df-482d-9834-0f7a6d733e46/resourceGroups/ccscan-env-prod2/providers/Microsoft.Network/applicationGateways/app-gateway/frontendIPConfigurations/app-gateway-feip",
                "name": "app-gateway-feip",
                "private_ip_address": "",
                "private_ip_address_allocation": "Dynamic",
                "private_link_configuration_id": "",
                "private_link_configuration_name": "",
                "public_ip_address_id": "/subscriptions/353e8b06-f9df-482d-9834-0f7a6d733e46/resourceGroups/ccscan-env-prod2/providers/Microsoft.Network/publicIPAddresses/app-gateway-pip",
                "subnet_id": ""
              }
            ],
            "frontend_port": [
              {
                "id": "/subscriptions/353e8b06-f9df-482d-9834-0f7a6d733e46/resourceGroups/ccscan-env-prod2/providers/Microsoft.Network/applicationGateways/app-gateway/frontendPorts/app-gateway-feport",
                "name": "app-gateway-feport",
                "port": 443
              }
            ],
            "gateway_ip_configuration": [
              {
                "id": "/subscriptions/353e8b06-f9df-482d-9834-0f7a6d733e46/resourceGroups/ccscan-env-prod2/providers/Microsoft.Network/applicationGateways/app-gateway/gatewayIPConfigurations/gateway-ip-configuration",
                "name": "gateway-ip-configuration",
                "subnet_id": "/subscriptions/353e8b06-f9df-482d-9834-0f7a6d733e46/resourceGroups/ccscan-env-prod2/providers/Microsoft.Network/virtualNetworks/vnet/subnets/snet-frontend"
              }
            ],
            "http_listener": [
              {
                "custom_error_configuration": [],
                "firewall_policy_id": "",
                "frontend_ip_configuration_id": "/subscriptions/353e8b06-f9df-482d-9834-0f7a6d733e46/resourceGroups/ccscan-env-prod2/providers/Microsoft.Network/applicationGateways/app-gateway/frontendIPConfigurations/app-gateway-feip",
                "frontend_ip_configuration_name": "app-gateway-feip",
                "frontend_port_id": "/subscriptions/353e8b06-f9df-482d-9834-0f7a6d733e46/resourceGroups/ccscan-env-prod2/providers/Microsoft.Network/applicationGateways/app-gateway/frontendPorts/app-gateway-feport",
                "frontend_port_name": "app-gateway-feport",
                "host_name": "mainnet.api.ccdscan.io",
                "host_names": [],
                "id": "/subscriptions/353e8b06-f9df-482d-9834-0f7a6d733e46/resourceGroups/ccscan-env-prod2/providers/Microsoft.Network/applicationGateways/app-gateway/httpListeners/mainnet-listener",
                "name": "mainnet-listener",
                "protocol": "Https",
                "require_sni": false,
                "ssl_certificate_id": "/subscriptions/353e8b06-f9df-482d-9834-0f7a6d733e46/resourceGroups/ccscan-env-prod2/providers/Microsoft.Network/applicationGateways/app-gateway/sslCertificates/ssl",
                "ssl_certificate_name": "ssl",
                "ssl_profile_id": "",
                "ssl_profile_name": ""
              },
              {
                "custom_error_configuration": [],
                "firewall_policy_id": "",
                "frontend_ip_configuration_id": "/subscriptions/353e8b06-f9df-482d-9834-0f7a6d733e46/resourceGroups/ccscan-env-prod2/providers/Microsoft.Network/applicationGateways/app-gateway/frontendIPConfigurations/app-gateway-feip",
                "frontend_ip_configuration_name": "app-gateway-feip",
                "frontend_port_id": "/subscriptions/353e8b06-f9df-482d-9834-0f7a6d733e46/resourceGroups/ccscan-env-prod2/providers/Microsoft.Network/applicationGateways/app-gateway/frontendPorts/app-gateway-feport",
                "frontend_port_name": "app-gateway-feport",
                "host_name": "staging-mainnet.api.ccdscan.io",
                "host_names": [],
                "id": "/subscriptions/353e8b06-f9df-482d-9834-0f7a6d733e46/resourceGroups/ccscan-env-prod2/providers/Microsoft.Network/applicationGateways/app-gateway/httpListeners/mainnet-staging-listener",
                "name": "mainnet-staging-listener",
                "protocol": "Https",
                "require_sni": false,
                "ssl_certificate_id": "/subscriptions/353e8b06-f9df-482d-9834-0f7a6d733e46/resourceGroups/ccscan-env-prod2/providers/Microsoft.Network/applicationGateways/app-gateway/sslCertificates/ssl",
                "ssl_certificate_name": "ssl",
                "ssl_profile_id": "",
                "ssl_profile_name": ""
              },
              {
                "custom_error_configuration": [],
                "firewall_policy_id": "",
                "frontend_ip_configuration_id": "/subscriptions/353e8b06-f9df-482d-9834-0f7a6d733e46/resourceGroups/ccscan-env-prod2/providers/Microsoft.Network/applicationGateways/app-gateway/frontendIPConfigurations/app-gateway-feip",
                "frontend_ip_configuration_name": "app-gateway-feip",
                "frontend_port_id": "/subscriptions/353e8b06-f9df-482d-9834-0f7a6d733e46/resourceGroups/ccscan-env-prod2/providers/Microsoft.Network/applicationGateways/app-gateway/frontendPorts/app-gateway-feport",
                "frontend_port_name": "app-gateway-feport",
                "host_name": "staging-testnet.api.ccdscan.io",
                "host_names": [],
                "id": "/subscriptions/353e8b06-f9df-482d-9834-0f7a6d733e46/resourceGroups/ccscan-env-prod2/providers/Microsoft.Network/applicationGateways/app-gateway/httpListeners/testnet-staging-listener",
                "name": "testnet-staging-listener",
                "protocol": "Https",
                "require_sni": false,
                "ssl_certificate_id": "/subscriptions/353e8b06-f9df-482d-9834-0f7a6d733e46/resourceGroups/ccscan-env-prod2/providers/Microsoft.Network/applicationGateways/app-gateway/sslCertificates/ssl",
                "ssl_certificate_name": "ssl",
                "ssl_profile_id": "",
                "ssl_profile_name": ""
              },
              {
                "custom_error_configuration": [],
                "firewall_policy_id": "",
                "frontend_ip_configuration_id": "/subscriptions/353e8b06-f9df-482d-9834-0f7a6d733e46/resourceGroups/ccscan-env-prod2/providers/Microsoft.Network/applicationGateways/app-gateway/frontendIPConfigurations/app-gateway-feip",
                "frontend_ip_configuration_name": "app-gateway-feip",
                "frontend_port_id": "/subscriptions/353e8b06-f9df-482d-9834-0f7a6d733e46/resourceGroups/ccscan-env-prod2/providers/Microsoft.Network/applicationGateways/app-gateway/frontendPorts/app-gateway-feport",
                "frontend_port_name": "app-gateway-feport",
                "host_name": "testnet.api.ccdscan.io",
                "host_names": [],
                "id": "/subscriptions/353e8b06-f9df-482d-9834-0f7a6d733e46/resourceGroups/ccscan-env-prod2/providers/Microsoft.Network/applicationGateways/app-gateway/httpListeners/testnet-listener",
                "name": "testnet-listener",
                "protocol": "Https",
                "require_sni": false,
                "ssl_certificate_id": "/subscriptions/353e8b06-f9df-482d-9834-0f7a6d733e46/resourceGroups/ccscan-env-prod2/providers/Microsoft.Network/applicationGateways/app-gateway/sslCertificates/ssl",
                "ssl_certificate_name": "ssl",
                "ssl_profile_id": "",
                "ssl_profile_name": ""
              }
            ],
            "id": "/subscriptions/353e8b06-f9df-482d-9834-0f7a6d733e46/resourceGroups/ccscan-env-prod2/providers/Microsoft.Network/applicationGateways/app-gateway",
            "identity": [],
            "location": "northeurope",
            "name": "app-gateway",
            "private_endpoint_connection": [],
            "private_link_configuration": [],
            "probe": [
              {
                "host": "",
                "id": "/subscriptions/353e8b06-f9df-482d-9834-0f7a6d733e46/resourceGroups/ccscan-env-prod2/providers/Microsoft.Network/applicationGateways/app-gateway/probes/health-probe",
                "interval": 30,
                "match": [
                  {
                    "body": "",
                    "status_code": [
                      "200-399"
                    ]
                  }
                ],
                "minimum_servers": 0,
                "name": "health-probe",
                "path": "/rest/health",
                "pick_host_name_from_backend_http_settings": true,
                "port": 0,
                "protocol": "Http",
                "timeout": 30,
                "unhealthy_threshold": 3
              }
            ],
            "redirect_configuration": [],
            "request_routing_rule": [
              {
                "backend_address_pool_id": "/subscriptions/353e8b06-f9df-482d-9834-0f7a6d733e46/resourceGroups/ccscan-env-prod2/providers/Microsoft.Network/applicationGateways/app-gateway/backendAddressPools/app-gateway-backends",
                "backend_address_pool_name": "app-gateway-backends",
                "backend_http_settings_id": "/subscriptions/353e8b06-f9df-482d-9834-0f7a6d733e46/resourceGroups/ccscan-env-prod2/providers/Microsoft.Network/applicationGateways/app-gateway/backendHttpSettingsCollection/mainnet-http-settings",
                "backend_http_settings_name": "mainnet-http-settings",
                "http_listener_id": "/subscriptions/353e8b06-f9df-482d-9834-0f7a6d733e46/resourceGroups/ccscan-env-prod2/providers/Microsoft.Network/applicationGateways/app-gateway/httpListeners/mainnet-listener",
                "http_listener_name": "mainnet-listener",
                "id": "/subscriptions/353e8b06-f9df-482d-9834-0f7a6d733e46/resourceGroups/ccscan-env-prod2/providers/Microsoft.Network/applicationGateways/app-gateway/requestRoutingRules/mainnet-redirect",
                "name": "mainnet-redirect",
                "priority": 0,
                "redirect_configuration_id": "",
                "redirect_configuration_name": "",
                "rewrite_rule_set_id": "",
                "rewrite_rule_set_name": "",
                "rule_type": "Basic",
                "url_path_map_id": "",
                "url_path_map_name": ""
              },
              {
                "backend_address_pool_id": "/subscriptions/353e8b06-f9df-482d-9834-0f7a6d733e46/resourceGroups/ccscan-env-prod2/providers/Microsoft.Network/applicationGateways/app-gateway/backendAddressPools/app-gateway-backends",
                "backend_address_pool_name": "app-gateway-backends",
                "backend_http_settings_id": "/subscriptions/353e8b06-f9df-482d-9834-0f7a6d733e46/resourceGroups/ccscan-env-prod2/providers/Microsoft.Network/applicationGateways/app-gateway/backendHttpSettingsCollection/mainnet-http-settings",
                "backend_http_settings_name": "mainnet-http-settings",
                "http_listener_id": "/subscriptions/353e8b06-f9df-482d-9834-0f7a6d733e46/resourceGroups/ccscan-env-prod2/providers/Microsoft.Network/applicationGateways/app-gateway/httpListeners/mainnet-staging-listener",
                "http_listener_name": "mainnet-staging-listener",
                "id": "/subscriptions/353e8b06-f9df-482d-9834-0f7a6d733e46/resourceGroups/ccscan-env-prod2/providers/Microsoft.Network/applicationGateways/app-gateway/requestRoutingRules/mainnet-staging-redirect",
                "name": "mainnet-staging-redirect",
                "priority": 0,
                "redirect_configuration_id": "",
                "redirect_configuration_name": "",
                "rewrite_rule_set_id": "",
                "rewrite_rule_set_name": "",
                "rule_type": "Basic",
                "url_path_map_id": "",
                "url_path_map_name": ""
              },
              {
                "backend_address_pool_id": "/subscriptions/353e8b06-f9df-482d-9834-0f7a6d733e46/resourceGroups/ccscan-env-prod2/providers/Microsoft.Network/applicationGateways/app-gateway/backendAddressPools/app-gateway-backends",
                "backend_address_pool_name": "app-gateway-backends",
                "backend_http_settings_id": "/subscriptions/353e8b06-f9df-482d-9834-0f7a6d733e46/resourceGroups/ccscan-env-prod2/providers/Microsoft.Network/applicationGateways/app-gateway/backendHttpSettingsCollection/testnet-http-settings",
                "backend_http_settings_name": "testnet-http-settings",
                "http_listener_id": "/subscriptions/353e8b06-f9df-482d-9834-0f7a6d733e46/resourceGroups/ccscan-env-prod2/providers/Microsoft.Network/applicationGateways/app-gateway/httpListeners/testnet-listener",
                "http_listener_name": "testnet-listener",
                "id": "/subscriptions/353e8b06-f9df-482d-9834-0f7a6d733e46/resourceGroups/ccscan-env-prod2/providers/Microsoft.Network/applicationGateways/app-gateway/requestRoutingRules/testnet-redirect",
                "name": "testnet-redirect",
                "priority": 0,
                "redirect_configuration_id": "",
                "redirect_configuration_name": "",
                "rewrite_rule_set_id": "",
                "rewrite_rule_set_name": "",
                "rule_type": "Basic",
                "url_path_map_id": "",
                "url_path_map_name": ""
              },
              {
                "backend_address_pool_id": "/subscriptions/353e8b06-f9df-482d-9834-0f7a6d733e46/resourceGroups/ccscan-env-prod2/providers/Microsoft.Network/applicationGateways/app-gateway/backendAddressPools/app-gateway-backends",
                "backend_address_pool_name": "app-gateway-backends",
                "backend_http_settings_id": "/subscriptions/353e8b06-f9df-482d-9834-0f7a6d733e46/resourceGroups/ccscan-env-prod2/providers/Microsoft.Network/applicationGateways/app-gateway/backendHttpSettingsCollection/testnet-http-settings",
                "backend_http_settings_name": "testnet-http-settings",
                "http_listener_id": "/subscriptions/353e8b06-f9df-482d-9834-0f7a6d733e46/resourceGroups/ccscan-env-prod2/providers/Microsoft.Network/applicationGateways/app-gateway/httpListeners/testnet-staging-listener",
                "http_listener_name": "testnet-staging-listener",
                "id": "/subscriptions/353e8b06-f9df-482d-9834-0f7a6d733e46/resourceGroups/ccscan-env-prod2/providers/Microsoft.Network/applicationGateways/app-gateway/requestRoutingRules/testnet-staging-redirect",
                "name": "testnet-staging-redirect",
                "priority": 0,
                "redirect_configuration_id": "",
                "redirect_configuration_name": "",
                "rewrite_rule_set_id": "",
                "rewrite_rule_set_name": "",
                "rule_type": "Basic",
                "url_path_map_id": "",
                "url_path_map_name": ""
              }
            ],
            "resource_group_name": "ccscan-env-prod2",
            "rewrite_rule_set": [],
            "sku": [
              {
                "capacity": 1,
                "name": "Standard_Medium",
                "tier": "Standard"
              }
            ],
            "ssl_certificate": [
              {
                "data": "MIACAQMwgAYJKoZIhvcNAQcBoIAkgASCA+gwgDCABgkqhkiG9w0BBwGggCSABIID6DCCBWMwggVfBgsqhkiG9w0BDAoBAqCCBPowggT2MCgGCiqGSIb3DQEMAQMwGgQUub7usyAj24LsmFvErjQIN8b6sjMCAgQABIIEyMDSECad0pF5A63j7wBGdlLzwwQNtlS4wqRbnx52dUkAuTSCp8xVUjdyecLDpTK31cbyz8Tvcxc5GiAS2jc4dwYp3tFMracRehE0PbW0Z5PuvfbBYfmmXNPggsQ38M/Fp6BC3ELVuSi23C7pkN771RuSlHwj9eHBzAnjmB6v7ACnZs3JKotT2U7u/rn7CFTmIoYOtobaPvfD4HJ/zAgXTcXwZzNcY9r+9dT3kHJt66xAfySWyF8ppJJeu4lhvXO/P5ft30lDzaYBrr6c6/2ovahLrLl6dIy+tHODt1XoK2V7W+Koqz6SxsnLZ2mq7h5XeyoPe6r/+FwMVcrbZr+YEmPgDjl4RL4i3FrSTXNsIcaHldADmejHdYHo1KZQdnve4ZsJGKOxp74zHlcGVHVUqNon/SWh9HI6hX5CV7g/Zl3fXP9GXq6+eYsnqxBcD+qP14Jqt3wYWoSIFPLmyoISxiwFBbHjAtlRG1XotR1DcNv8DVeVWi/qG1hX5BLwnKmQ/G6ohqitM2xHxwpXmExDCTusRhSRtLuw5W/0QqZOLQpJGjw59dI5w22HTCZ5iKnOOuXejMfO4uwqVbFL0sDZHiGnlgxTStIqcE3l/+cz7OozDOeQex7Bb6O78yW8q7jajri+Z1Bp8s+akjVGXOHOUHE6Daj4bH3KvLt2kI4a4VwGs5Jd5u5isEmzOFUYu5IW4Hy5m7VbXRM2cDB+rcbOSenC2uum21TMAyxxvwrGW9tQGOxyOADFp/O9YRMa10RJcFS1a5skwPGujWm0SlCfIM+smINmNGsLirTLX6z88fmXZCBPbRpr9gEoSCijUdsPfP2eVKGpuUJBbng+AFWgIJEjEAJkv+Ylx0zqW0p/fjeCkavSftIorfcDxLoS3k6VLdV8kiO1VN/GhdxqY37Akfg9Uq4heZN8K+vFfbVq+z5xJoqEnChlhmI6Jy55kC1ep7s07H/1rCbzk3w/OZCvnDBGiasr5+qGPRf/Fgrddqh3RBd9QKKQPi9bERFSdSRuQL2cRL8p+ZL/iA5t62CvXU2lpIpRU7qXqStxLDHQey2zbRsYY0Dv8uXLFyskv2nzkPf0BsBWvfKvCM6+pHABvd2rL6aksgisRSPBUd0cBQdkh3XTXSrr95cH17aMTWzy0VXig0teL0+fNa4nX1V9SzDTS/laDTeWZoTzVTbPhqTlxWvU2hk7BIID6Nu3Z/LH7adXpzs/Axxcbk6MiOfNHAEoBIIBf+BUJrTlhFqyU2t9vwedY9EBYI2g02L+OTPW1TmKRfeT0BBA4qQt2XkhVB/HqAYC37LSZqDs+BszDd/qDcqJ+mD/XiCjuiwfvE2tcQ8SVV9h6lhwUh34WLqzI+git4uyNlxNnI2KUP1BKYEBrHplewC9RlBSuJXFIUSmn6gKZG0JAbRvfp3pDxqfJBLCrkfRz8BnlRyAzloKFTSSOUWtrlckWWy/RDXRVSyrtkH7lZ3XZRPJwugz2e/alVl1wetJaDO+h2qJI/M69emNw3kVya2M42dT9mp+9gyuKp4Eg0sv1fi70ueL6wKIqtNkA5rgvRjFw9xsJ/M5c9NMVy1ODvLs3S34E7Q40hqPwVKdgQHBFTXUb/Lt0RGCwzXGRbKhFGd8haWCGzqvRtdRMVIwIwYJKoZIhvcNAQkVMRYEFDHjMgaSWuorc6+GWrZrjpUdjOEOMCsGCSqGSIb3DQEJFDEeHhwAYQBwAGkALgBjAGMAZABzAGMAYQBuAC4AaQBvAAAAAAAAMIAGCSqGSIb3DQEHBqCAMIACAQAwgAYJKoZIhvcNAQcBMCgGCiqGSIb3DQEMAQYwGgQUFqy2mnIz9/SMCgVHmZuOmIAfn4ECAgQAoIAEggPo3XbCb2JnoOoSQ8QrwFwsyASjMhCQE6lxN4iYf4d+Fsc/j+NXmZn7qk3AWzDNBvVWxUtZ4vDJ3ZjQkZIAqY3u0Q3N6FnS+IvtScOK6NRB3FDepk//1LjtU5UFFcVrRCbQI9HrxKR5ioW9NBjoZJK0S/OT/ryIq4UF7LGTUK2MHlWQv+qBtpUayaatbufFs3yIbtwa2GUzvsDLgRdCfX5tXGGnPzyXLM5wHN0Wz+5YvZ7Sjk4wQrcqBMhNkphSqjQ2atLocG2OANDIgsKa0rSoP0hK9U6fRViEyGJWyWTrDfVqlJzWn2Gg8sOm4muZujwN/I9+lgg8ap3x1XQD9B0ZfZdT0HzQW9/O5NDFHcdb3JLVtY4zuLbgWDCNvUMUc128BCsgqG3HrijZiE0sp/eB6bBIghAGPTP/gpyl7r9z8ajZX0Qqel+C/4b6fD0PO94YwiefaJ/ppbgqZjWgXGivrOxURmcrTl/p0tpXEgjkms+ESomObjjwTLXUFcaVmrjy3NgT2mWc+mOblHEA4mFwnKd/u6d/bLIhjjuU5gBwmkODSFIrmbPUnn5fnm0qowqIeLVnG5HFCzPDyKjd6lUy01oYmoTt1sqlrSlnVF/GfBs2aRA5Q4/4bQnM8AVOIEP910gBde4b73RTXaCXCZglAq9e1S8bU8kEggPZ5Uke0cYAm9iOwz4iUVv9aXRa7QK74I7VdKWvNZ5IX7nPtxFXgkEmgqN6C2rCXZWHSIKX/NkswbZho5YpNRa8cB5q4O/AtTKbC3n/QRhqA2NtKoRD3CEakD3ttYzQDXw7W1TSmL1xtOF6bx9Ql1jWnzHGSo1RxENXzhf4LCKa5Ffpn+i9kAJaiyPeRWMWKJ4eRTimgbz3tggvqG//Z2huRIEEQLguNwlqvvkKr1NZeyhHOcp3doa3iNZrpnFnJdS/4LzrAjgZ42FzRBwVlROTa2IQ7ELpiNpNReIRAqTMtZJIB+6h03pDdnR5O7D9dhi07a6gkcnyqPiXkRiSW3Uw70d3GIgM8ryWhPpRJ6PeqUvQLhKVn/4XLtVJpBIEQ7OShgiUZKGlWjJuXNqZfS0ERZ4qE6yVj2V/zTjGGw0MMTEhUEVjMTbJQQkJJPzlMs5EhO3Kt405qRHaHjw2CGYY1H5sCgJg+7QXS18Gx0qZQw4Ft1dYVgNj54nHtAazQhi+i7XwBhtiFrYCi7NZsIR1lGI4HptAaioM311nEhgMCakXUcdIZPLFhGe84sQcLZuuLB3fUzmcVduIIZd+DJccq18ZSegTEfU7TRJXaGF7OJ6LeR1r0m4SdNCIA5f42spdrKE89GnjfZyHWX6X0Rd1f7MEggHYa2IxKKLZ02k2oyau4j1o5XzRHzAvu1tlcikxhmuVumq17og3QVU/Rc19s51ODYyUMFjUGtFgSp5meZu7DfCu/eLZ2qs3Ay6I4vXJ7m2BlgX3GOUnkwvfwqhHlMuZ2+/XmnuyrX3Fb167POfGQ5YdQXh82ekvsHLmzdypFMfeHfw0uKsJGldsMZJaoiVA5HMl9jBwIP9ZfRBcVXzcMzVJbHBYJEoY5GWRFvzIhuDygb9qRcHcQg1R5jaWQ0RuMehAvgECbsXQWvYl4blP4HZCpL2EQw82TuP+LM1Cl1XATUFLmcFZ9FJWYyBIIP4ZHAeOQMWRvHif7f2kjylTEgAWw9jg/FCP6oU2B2XTJtfKWrhD/pvzkU/FZ4+UuxOXy9u/6hOAC5WJD5kQ7xml/OLAUEigpSnV6j5ZZngdoml7HqKylmqR6ck3IO9KPgbzZGikTOB/UFcbCtBDPSmA/Bxv0jqGBINmi39/skBuV+Y5xa1bQ6BiGo1/oPJ5p/DZjBuDp/1oYIOO65WfuB43IYhH1U5861tN0Oxi0GPKKeD98xdkyWTs5YjIq0mZah6Oh+eLyYb19KjPFy/gcgNuUtwAG5eFxwGv1x/7//x65SOjOQnjaUNwKk8IBQAAAAAAAAAAAAAAAAAAAAAAADA9MCEwCQYFKw4DAhoFAAQUcmejZS3WM2+SMvE305mY4AlNoscEFJXNoBHjDzXBcJjcKCoYwJaOX9vsAgIEAAAA",
                "id": "/subscriptions/353e8b06-f9df-482d-9834-0f7a6d733e46/resourceGroups/ccscan-env-prod2/providers/Microsoft.Network/applicationGateways/app-gateway/sslCertificates/ssl",
                "key_vault_secret_id": "",
                "name": "ssl",
                "password": "mumbai-water-glass",
                "public_cert_data": "MIIFZAYJKoZIhvcNAQcCoIIFVTCCBVECAQExADALBgkqhkiG9w0BBwGgggU5MIIFNTCCBB2gAwIBAgISBEIRq+u8hvtp3nMAoBAryNxNMA0GCSqGSIb3DQEBCwUAMDIxCzAJBgNVBAYTAlVTMRYwFAYDVQQKEw1MZXQncyBFbmNyeXB0MQswCQYDVQQDEwJSMzAeFw0yMjA1MDIwNjA0NDBaFw0yMjA3MzEwNjA0MzlaMBkxFzAVBgNVBAMTDmFwaS5jY2RzY2FuLmlvMIIBIjANBgkqhkiG9w0BAQEFAAOCAQ8AMIIBCgKCAQEAkeu+MBRNABb6v8qJ89T0XF/ViJl4JYt00YRnBvs4RGznH++tzEZJOlBNeDDT6bEYJ05lCEvhju5zW0yc1sjVIJrLqVZvX+1U3ZtgzoLSA52wvoYm1sm/6JUKGcWxBb0RAB6Qrf/ZP17esTEvaDtrWxZEln52jAsh3mMOtAPUuLEoa/KKLqJ71l/0uhHSt/z7t3FVH0yOUUGz3DXikSziH9dsBtsteqCX1wc6K2CS18X93gtvo28KImyB+3nQyLSnwLk0Q889HZyhbBLBsA9hY2NgEos6XqJ0B5Q4uFzyIPEMDfQEWlmXaLMewJqkb1LionDggi+Fne5SXYDCka7VdwIDAQABo4ICXDCCAlgwDgYDVR0PAQH/BAQDAgWgMB0GA1UdJQQWMBQGCCsGAQUFBwMBBggrBgEFBQcDAjAMBgNVHRMBAf8EAjAAMB0GA1UdDgQWBBQx4zIGklrqK3Ovhlq2a46VHYzhDjAfBgNVHSMEGDAWgBQULrMXt1hWy65QCUDmH6+dixTCxjBVBggrBgEFBQcBAQRJMEcwIQYIKwYBBQUHMAGGFWh0dHA6Ly9yMy5vLmxlbmNyLm9yZzAiBggrBgEFBQcwAoYWaHR0cDovL3IzLmkubGVuY3Iub3JnLzArBgNVHREEJDAighAqLmFwaS5jY2RzY2FuLmlvgg5hcGkuY2Nkc2Nhbi5pbzBMBgNVHSAERTBDMAgGBmeBDAECATA3BgsrBgEEAYLfEwEBATAoMCYGCCsGAQUFBwIBFhpodHRwOi8vY3BzLmxldHNlbmNyeXB0Lm9yZzCCAQUGCisGAQQB1nkCBAIEgfYEgfMA8QB3AN+lXqtogk8fbK3uuF9OPlrqzaISpGpejjsSwCBEXCpzAAABgIOV5gcAAAQDAEgwRgIhAIFT1ew5ToGDMXtGBLSFehy5TMmyfDnsT1mkpJLUDXyBAiEAxBhyyl+AGgPPD1Z/uMjvGFnf9pos+ghFadh6M2VZ+WUAdgBGpVXrdfqRIDC1oolp9PN9ESxBdL79SbiFq/L8cP5tRwAAAYCDleZkAAAEAwBHMEUCIFxJteyljVerIOJk5ifmp+rO4e/aeAk+Y+LxYPYJoLopAiEAuEPlHTK0q4mXwzGpu95/wj+Yznjgbxtt/VvLj2AYmNMwDQYJKoZIhvcNAQELBQADggEBAEzHLWTv30B4eCzSSzd7WzJXYRO6VLD1GXh7asIPJheX/oko6ILeO8wNaVnPZwO3sK4Dz9cw+MlL+Ci3PJc5r40UFVaAQxynnLUif1Rx6u3ls/hSDJzlYZhOrYi3IIuc0RlU6MaSxVTK3do7zzs1C92KnsPSGfSsPkBsi9YfyLqMzvuvKm0RBcISOEgGBEtuyMgPNheTofyvMkllxhLU48q8OtRrklROLPD7HqcQ5Z2xW2c+FVi36JKBFIDXqcnm9c5ZGdUy57aEUR5l1dlNSL7cVmUeJo6/ttWQ4xJfWQnrXmv/c1WiXNamm0ZQINCbKgCOVHgtKITxlcAgp6i+ijAxAA=="
              }
            ],
            "ssl_policy": [
              {
                "cipher_suites": [],
                "disabled_protocols": [],
                "min_protocol_version": "",
                "policy_name": "AppGwSslPolicy20150501",
                "policy_type": "Predefined"
              }
            ],
            "ssl_profile": [],
            "tags": null,
            "timeouts": null,
            "trusted_client_certificate": [],
            "trusted_root_certificate": [],
            "url_path_map": [],
            "waf_configuration": [],
            "zones": null
          },
          "sensitive_attributes": [
            [
              {
                "type": "get_attr",
                "value": "ssl_certificate"
              }
            ]
          ],
          "private": "eyJlMmJmYjczMC1lY2FhLTExZTYtOGY4OC0zNDM2M2JjN2M0YzAiOnsiY3JlYXRlIjo1NDAwMDAwMDAwMDAwLCJkZWxldGUiOjU0MDAwMDAwMDAwMDAsInJlYWQiOjMwMDAwMDAwMDAwMCwidXBkYXRlIjo1NDAwMDAwMDAwMDAwfX0=",
          "dependencies": [
            "azurerm_public_ip.app-gw",
            "azurerm_resource_group.this",
            "azurerm_subnet.frontend",
            "azurerm_virtual_network.this",
            "data.azurerm_key_vault_secret.ssl-cert-data",
            "data.azurerm_key_vault_secret.ssl-cert-password"
          ]
        }
      ]
    },
    {
      "mode": "managed",
      "type": "azurerm_automation_account",
      "name": "this",
      "provider": "provider[\"registry.terraform.io/hashicorp/azurerm\"]",
      "instances": [
        {
          "schema_version": 0,
          "attributes": {
            "dsc_primary_access_key": "dBg8xR1B+yXfsDk2BXcD/FgHAxr7PqCmFhCMzQjA/w9C7B3pycrmOkA1MjoXPOWlLoMtZ6ZN1hfFqtToevvHWg==",
            "dsc_secondary_access_key": "GIyghaeHJG0PaGvRIHLMhFEjFgOuTNO6zeeP3e5J8F47uJFWI+7aGsASN0DyWryRfc2rAPS66I6h58YoloCLXw==",
            "dsc_server_endpoint": "https://19e925e5-ed84-401c-80ee-1da3ad22558b.agentsvc.ne.azure-automation.net/accounts/19e925e5-ed84-401c-80ee-1da3ad22558b",
            "id": "/subscriptions/353e8b06-f9df-482d-9834-0f7a6d733e46/resourceGroups/ccscan-env-prod2/providers/Microsoft.Automation/automationAccounts/automation-account-prod2",
            "identity": [
              {
                "identity_ids": null,
                "principal_id": "4bc915fa-ea05-421a-82a1-6e965de74467",
                "tenant_id": "d8887c7c-49ad-4af9-86e5-46450b21bcb7",
                "type": "SystemAssigned"
              }
            ],
            "location": "northeurope",
            "name": "automation-account-prod2",
            "public_network_access_enabled": true,
            "resource_group_name": "ccscan-env-prod2",
            "sku_name": "Basic",
            "tags": {
              "environment": "prod2"
            },
            "timeouts": null
          },
          "sensitive_attributes": [],
          "private": "eyJlMmJmYjczMC1lY2FhLTExZTYtOGY4OC0zNDM2M2JjN2M0YzAiOnsiY3JlYXRlIjoxODAwMDAwMDAwMDAwLCJkZWxldGUiOjE4MDAwMDAwMDAwMDAsInJlYWQiOjMwMDAwMDAwMDAwMCwidXBkYXRlIjoxODAwMDAwMDAwMDAwfX0=",
          "dependencies": [
            "azurerm_resource_group.this"
          ]
        }
      ]
    },
    {
      "mode": "managed",
      "type": "azurerm_automation_job_schedule",
      "name": "this",
      "provider": "provider[\"registry.terraform.io/hashicorp/azurerm\"]",
      "instances": [
        {
          "schema_version": 0,
          "attributes": {
            "automation_account_name": "automation-account-prod2",
            "id": "/subscriptions/353e8b06-f9df-482d-9834-0f7a6d733e46/resourceGroups/ccscan-env-prod2/providers/Microsoft.Automation/automationAccounts/automation-account-prod2/jobSchedules/249924a7-1596-415b-9b82-24736eb8323e",
            "job_schedule_id": "249924a7-1596-415b-9b82-24736eb8323e",
            "parameters": {
              "applicationgatewayname": "app-gateway",
              "applicationgatewaysslname": "ssl",
              "contactemail": "martin@fintech.builders",
              "domainname": "api.ccdscan.io",
              "environmentname": "prod2",
              "resourcegroupname": "ccscan-env-prod2",
              "storageaccountkey": "Dj7erY8DK3o5wg15fhBMp3vru2BfytfP3LuZ0RBNBHFOIwSE6rz1jRjjFWw2u0bxe7ZzXZd0x3TFPetkZ3nxWw==",
              "storageaccountname": "storageccscanprod2",
              "storagecontainer": "sslrenewal"
            },
            "resource_group_name": "ccscan-env-prod2",
            "run_on": null,
            "runbook_name": "automation-renew-sslcert",
            "schedule_name": "sslrenewal-automation-schedule",
            "timeouts": null
          },
          "sensitive_attributes": [
            [
              {
                "type": "get_attr",
                "value": "parameters"
              },
              {
                "type": "index",
                "value": {
                  "value": "applicationgatewaysslname",
                  "type": "string"
                }
              }
            ],
            [
              {
                "type": "get_attr",
                "value": "parameters"
              },
              {
                "type": "index",
                "value": {
                  "value": "storageaccountkey",
                  "type": "string"
                }
              }
            ]
          ],
          "private": "eyJlMmJmYjczMC1lY2FhLTExZTYtOGY4OC0zNDM2M2JjN2M0YzAiOnsiY3JlYXRlIjoxODAwMDAwMDAwMDAwLCJkZWxldGUiOjE4MDAwMDAwMDAwMDAsInJlYWQiOjMwMDAwMDAwMDAwMCwidXBkYXRlIjoxODAwMDAwMDAwMDAwfX0=",
          "dependencies": [
            "azurerm_application_gateway.this",
            "azurerm_automation_account.this",
            "azurerm_automation_runbook.renew-sslcert",
            "azurerm_automation_schedule.sslrenewal",
            "azurerm_public_ip.app-gw",
            "azurerm_resource_group.this",
            "azurerm_storage_account.this",
            "azurerm_storage_container.sslrenewal",
            "azurerm_subnet.frontend",
            "azurerm_virtual_network.this",
            "data.azurerm_key_vault_secret.ssl-cert-data",
            "data.azurerm_key_vault_secret.ssl-cert-password"
          ]
        }
      ]
    },
    {
      "mode": "managed",
      "type": "azurerm_automation_module",
      "name": "posh-acme",
      "provider": "provider[\"registry.terraform.io/hashicorp/azurerm\"]",
      "instances": [
        {
          "schema_version": 0,
          "attributes": {
            "automation_account_name": "automation-account-prod2",
            "id": "/subscriptions/353e8b06-f9df-482d-9834-0f7a6d733e46/resourceGroups/ccscan-env-prod2/providers/Microsoft.Automation/automationAccounts/automation-account-prod2/modules/posh-acme",
            "module_link": [
              {
                "hash": [],
                "uri": "https://www.powershellgallery.com/api/v2/package/Posh-ACME/4.12.0"
              }
            ],
            "name": "posh-acme",
            "resource_group_name": "ccscan-env-prod2",
            "timeouts": null
          },
          "sensitive_attributes": [],
          "private": "eyJlMmJmYjczMC1lY2FhLTExZTYtOGY4OC0zNDM2M2JjN2M0YzAiOnsiY3JlYXRlIjoxODAwMDAwMDAwMDAwLCJkZWxldGUiOjE4MDAwMDAwMDAwMDAsInJlYWQiOjMwMDAwMDAwMDAwMCwidXBkYXRlIjoxODAwMDAwMDAwMDAwfX0=",
          "dependencies": [
            "azurerm_automation_account.this",
            "azurerm_resource_group.this"
          ]
        }
      ]
    },
    {
      "mode": "managed",
      "type": "azurerm_automation_runbook",
      "name": "renew-sslcert",
      "provider": "provider[\"registry.terraform.io/hashicorp/azurerm\"]",
      "instances": [
        {
          "schema_version": 0,
          "attributes": {
            "automation_account_name": "automation-account-prod2",
            "content": "param(\r\n    [Parameter(Mandatory=$true, HelpMessage=\"The e-mail address to send with the request for the certificate.\")][String] $contactEmail,\r\n\t[Parameter(Mandatory=$true, HelpMessage=\"The domain name to generate the SSL cert for. Enter the exact domain name, as the wild-card will be added automatically.\")][String] $domainName,\r\n    [Parameter(Mandatory=$true, HelpMessage=\"The name of the environment (dev, test, prod, etc...). Used as prefix for the names of the secrets stored in Azure Key Vault.\")][String] $environmentName,\r\n    [Parameter(Mandatory=$true, HelpMessage=\"The name of the resource group where all used/modified resources reside.\")][String] $resourceGroupName,\r\n    [Parameter(Mandatory=$true, HelpMessage=\"The name of the application gateway within the given resource group.\")][String] $applicationGatewayName,\r\n    [Parameter(Mandatory=$true, HelpMessage=\"The name of the SSL certificate to update with the given application gateway.\")][String] $applicationGatewaySslName,\r\n    [Parameter(Mandatory=$true, HelpMessage=\"The name of the storage account (where state of automation goes)\")][String] $storageAccountName,\r\n    [Parameter(Mandatory=$true, HelpMessage=\"The storage account access key to use when accessing the storage account.\")][String] $storageAccountKey,\r\n    [Parameter(Mandatory=$true, HelpMessage=\"The name of the container within the storage account where blobs are read/written.\")][String] $storageContainer)\r\n\r\n$ErrorActionPreference = \"Stop\"\r\n\r\nWrite-Output \"Connecting Azure Identity\"\r\nConnect-AzAccount -Identity | Out-Null\r\n\r\nWrite-Output \"Creating storage context\"\r\n$storageContext = New-AzStorageContext -StorageAccountName $storageAccountName -StorageAccountKey $storageAccountKey \r\n\r\n$acmeWorkdir = \".\\posh-acme\"\r\n$blobFileName = \"posh-acme.zip\"\r\n$keyVaultName = \"ccscan\"\r\n\r\ntry {\r\n    Write-Output \"About to retreive ACME context blob from storage\"\r\n    Get-AzStorageBlobContent -container $storageContainer -Blob $blobFileName -Destination . -Context $storageContext -Force | Out-Null\r\n\t$acmeContextExists = $true\r\n    \r\n    Expand-Archive \".\\${blobFileName}\" -DestinationPath .\r\n    Remove-Item -Force \".\\${blobFileName}\" | Out-Null\r\n\r\n    Write-Output \"Blob retreived\"\r\n}\r\ncatch [Microsoft.WindowsAzure.Commands.Storage.Common.ResourceNotFoundException]\r\n{\r\n    Write-Output \"ACME context blob did not exist in storage, creating new context...\"\r\n    $acmeContextExists = $false\r\n    New-Item -Path $acmeWorkdir -ItemType Directory -Force | Out-Null\r\n}\r\n\r\n$env:POSHACME_HOME = $acmeWorkdir\r\nImport-Module Posh-ACME \r\nSet-PAServer LE_PROD\r\n\r\nWrite-Output \"Getting PFX password from key vault\"\r\n$pfxPassSecure = Get-AzKeyVaultSecret -VaultName $keyVaultName -name \"${environmentName}-sslcert-pfx-password\" \r\n\r\nif ($acmeContextExists)\r\n{\r\n    Write-Output \"Submitting renewal request...\"\r\n    Set-PAOrder $domainName -PfxPassSecure $pfxPassSecure.SecretValue\r\n\t$acmeResponse = Submit-Renewal $domainName -Verbose\r\n    Write-Output \"Renewal completed!\"\r\n}\r\nelse\r\n{\r\n\tWrite-Output \"Configuring PA-account\"\r\n\t# Note regards -UseAltPluginEncryption: \r\n\t#   Needed since we will probably run on a new computer on every run\r\n\t#   (https://poshac.me/docs/v4/FAQ/#key-not-valid-for-use-in-specified-state)\r\n\tNew-PAAccount -UseAltPluginEncryption -Contact $contactEmail -AcceptTOS | Out-Null\r\n\r\n    Write-Output \"Creating new certificate...\"\r\n\t$goDaddyApiKey = Get-AzKeyVaultSecret -VaultName $keyVaultName -name \"godaddy-dns-api-key\" -AsPlainText\r\n\t$goDaddySecretSecure = Get-AzKeyVaultSecret -VaultName $keyVaultName -name \"godaddy-dns-api-key-secret\" \r\n\t$plugInArgs = @{\r\n\t\tGDKey = $goDaddyApiKey\r\n\t\tGDSecretSecure =$goDaddySecretSecure.SecretValue\r\n\t}\r\n\r\n    $acmeResponse = New-PACertificate $domainName, \"*.${domainName}\" -AcceptTOS -Contact $contactEmail -Plugin GoDaddy -PluginArgs $plugInArgs -PfxPassSecure $pfxPassSecure.SecretValue -Verbose \r\n    Write-Output \"Certificate created!\"\r\n}\r\n\r\nif ($acmeResponse -ne $NULL) {\r\n\tWrite-Output \"Updating Azure Key Vault...\"\r\n\t$pfxBase64 = [convert]::ToBase64String((Get-Content -path $acmeResponse.PfxFile -Encoding byte))\r\n\t$pfxBase64Secure = ConvertTo-SecureString -String $pfxBase64 -AsPlainText -Force\r\n\tSet-AzKeyVaultSecret -VaultName $keyVaultName -Name \"${environmentName}-sslcert-pfx\" -SecretValue $pfxBase64Secure -Expires $acmeResponse.NotAfter.ToUniversalTime() -NotBefore $acmeResponse.NotBefore.ToUniversalTime() -ContentType \"Base64 encoded PFX\" | Out-Null\r\n\r\n\tWrite-Output \"Updating application gateway...\"\r\n\t$appGW = Get-AzApplicationGateway -Name $applicationGatewayName -ResourceGroupName $resourceGroupName\r\n\tSet-AzApplicationGatewaySslCertificate -ApplicationGateway $AppGW -Name $applicationGatewaySslName -CertificateFile $acmeResponse.PfxFile -Password $pfxPassSecure.SecretValue | Out-Null\r\n\tSet-AzApplicationGateway -ApplicationGateway $appgw | Out-Null\r\n\r\n\tWrite-Output \"Compressing ACME context and sending to blob storage...\"\r\n\t$zipPath = \".\\${blobFileName}\"\r\n\tCompress-Archive -Path $acmeWorkdir -DestinationPath $zipPath -CompressionLevel Fastest -Force\r\n\tSet-AzStorageBlobContent -File $zipPath -Container  $storageContainer -Blob $blobFileName -BlobType Block -Context $storageContext -Force | Out-Null\r\n\tRemove-Item -Force $zipPath\r\n}\r\nelse {\r\n\tWrite-Output \"There was no response from the Posh-ACME operation, so will not update anything!\"\r\n}\r\n\r\nWrite-Output \"Done\"\r\n",
            "description": "Renews the SSL certificate",
            "id": "/subscriptions/353e8b06-f9df-482d-9834-0f7a6d733e46/resourceGroups/ccscan-env-prod2/providers/Microsoft.Automation/automationAccounts/automation-account-prod2/runbooks/automation-renew-sslcert",
            "job_schedule": [],
            "location": "northeurope",
            "log_progress": false,
            "log_verbose": false,
            "name": "automation-renew-sslcert",
            "publish_content_link": [],
            "resource_group_name": "ccscan-env-prod2",
            "runbook_type": "PowerShell",
            "tags": {
              "environment": "prod2"
            },
            "timeouts": null
          },
          "sensitive_attributes": [],
          "private": "eyJlMmJmYjczMC1lY2FhLTExZTYtOGY4OC0zNDM2M2JjN2M0YzAiOnsiY3JlYXRlIjoxODAwMDAwMDAwMDAwLCJkZWxldGUiOjE4MDAwMDAwMDAwMDAsInJlYWQiOjMwMDAwMDAwMDAwMCwidXBkYXRlIjoxODAwMDAwMDAwMDAwfX0=",
          "dependencies": [
            "azurerm_automation_account.this",
            "azurerm_resource_group.this"
          ]
        }
      ]
    },
    {
      "mode": "managed",
      "type": "azurerm_automation_schedule",
      "name": "sslrenewal",
      "provider": "provider[\"registry.terraform.io/hashicorp/azurerm\"]",
      "instances": [
        {
          "schema_version": 0,
          "attributes": {
            "automation_account_name": "automation-account-prod2",
            "description": "Schedule for running the SSL renewal runbook once every week.",
            "expiry_time": "9999-12-31T23:59:00Z",
            "frequency": "Week",
            "id": "/subscriptions/353e8b06-f9df-482d-9834-0f7a6d733e46/resourceGroups/ccscan-env-prod2/providers/Microsoft.Automation/automationAccounts/automation-account-prod2/schedules/sslrenewal-automation-schedule",
            "interval": 1,
            "month_days": null,
            "monthly_occurrence": [],
            "name": "sslrenewal-automation-schedule",
            "resource_group_name": "ccscan-env-prod2",
            "start_time": "2022-05-24T08:11:00Z",
            "timeouts": null,
            "timezone": "Etc/UTC",
            "week_days": [
              "Monday"
            ]
          },
          "sensitive_attributes": [],
          "private": "eyJlMmJmYjczMC1lY2FhLTExZTYtOGY4OC0zNDM2M2JjN2M0YzAiOnsiY3JlYXRlIjoxODAwMDAwMDAwMDAwLCJkZWxldGUiOjE4MDAwMDAwMDAwMDAsInJlYWQiOjMwMDAwMDAwMDAwMCwidXBkYXRlIjoxODAwMDAwMDAwMDAwfX0=",
          "dependencies": [
            "azurerm_automation_account.this",
            "azurerm_resource_group.this"
          ]
        }
      ]
    },
    {
      "mode": "managed",
      "type": "azurerm_linux_virtual_machine",
      "name": "vm",
      "provider": "provider[\"registry.terraform.io/hashicorp/azurerm\"]",
      "instances": [
        {
          "schema_version": 0,
          "attributes": {
            "additional_capabilities": [],
            "admin_password": null,
            "admin_ssh_key": [
              {
                "public_key": "ssh-rsa AAAAB3NzaC1yc2EAAAADAQABAAABgQCmb2SbaYU8BBrqDKEaLuimPm6jkGv+nasw/KEMmQG1TK0JVlDxbYmnz+xf4My1TDQPJqIFluqpoZKDO0ecRYEvqabpuzAa0aD/HN2P1soTRSgHrM3mCfD7WkxrwhLSxsuGWTjYLATR6irZ8zJ+nneoB2BjRdN1AThV4UFlKze5kOq5dewLxtDGvp2E5aAw3RTQmWdewaZgHZf8ZijqyOclZvXWDx6itJHgQd+4r86S48tvcWiteg3D3MAPADSkhNp+avpKrrlphlg+rbk9U2D1qYtLBGQ/qQGuiaogjR/O6C/Kwzik9vhjYCfYzpyvB+Y5Bp5vPb3u+qANEF9ssWTbOxTa9bkIpyZISzIbu0HaQMELU1TFXofnPswgMiedbLVPAaXViWoyZRJ21P99drwA6yxVpgU57XMm/i8qu3055QQcuVsRvlGvqLigLq8eBmIRpwxioQUEF/ck8Cr24Gfwg3CEkK9qdl5tQ1uMIY0JsOQ76jv0mb306r+ka0NctTE= generated-by-azure",
                "username": "concNodeVMuser"
              }
            ],
            "admin_username": "concNodeVMuser",
            "allow_extension_operations": true,
            "availability_set_id": "",
            "boot_diagnostics": [],
            "computer_name": "vm-prod2",
            "custom_data": "IyEvYmluL2Jhc2gNCg0KZWNobyBTdGFydGluZyBlbnRyeXBvaW50IHNjcmlwdC4uLg0KDQpzZXQgLWUNCnRyYXAgJ2xhc3RfY29tbWFuZD0kY3VycmVudF9jb21tYW5kOyBjdXJyZW50X2NvbW1hbmQ9JEJBU0hfQ09NTUFORCcgREVCVUcNCnRyYXAgJ2VjaG8gIlwiJHtsYXN0X2NvbW1hbmR9XCIgY29tbWFuZCBmaWxlZCB3aXRoIGV4aXQgY29kZSAkPy4iJyBFWElUDQoNCiMjIGhvdXNlIGtlZXBpbmcgYW5kIGluaXRpYWwgaW5zdGFsbHMgYW5kIHBhY2thZ2VzDQpzdWRvIGFwdC1nZXQgdXBkYXRlDQpzdWRvIG1rZGlyIC9ob21lL3NldHVwDQpjZCAvaG9tZS9zZXR1cA0KDQojIyBtb3VudCBkYXRhIGRyaXZlDQp1bnRpbCBbIC1lIC9kZXYvZGlzay9henVyZS9zY3NpMS9sdW4xIF07IGRvIGVjaG8gd2FpdGluZyBvbiBkYXRhIGRpc2sgdG8gYmUgYXR0YWNoZWQuLi47IHNsZWVwIDE7IGRvbmUNCg0KZGF0YV9kcml2ZV9kZXZpY2VfbmFtZT0kKGxzIC1sIC9kZXYvZGlzay9henVyZS9zY3NpMS9sdW4xIHwgZ3JlcCAnXGJbYS16XSokJyAtbykNCmRhdGFfZHJpdmVfcGFydGl0aW9uX25hbWU9IiR7ZGF0YV9kcml2ZV9kZXZpY2VfbmFtZX0xIg0KDQppZiBscyAtbCAiL2RldiIgfCBncmVwICRkYXRhX2RyaXZlX3BhcnRpdGlvbl9uYW1lOyB0aGVuDQoJZWNobyAiRGF0YSBkaXNrIHNlZW1zIHRvIGJlIHBhcnRpdGlvbmVkLiBXaWxsIHNraXAgcGFydGl0aW9uaW5nIGFuZCBmb3JtYXR0aW5nIGRpc2suLi4iDQplbHNlDQoJZWNobyAiRGF0YSBkaXNrIGRvZXMgbm90IHNlZW0gdG8gYmUgcGFydGl0aW9uZWQuIFdpbGwgcGFydGl0aW9uIGFuZCBmb3JtYXQuLi4iDQoNCiAgcGFydGVkIC9kZXYvJGRhdGFfZHJpdmVfZGV2aWNlX25hbWUgLS1zY3JpcHQgbWtsYWJlbCBncHQgbWtwYXJ0IHByaW1hcnkgZXh0NCAwJSAxMDAlDQogIG1rZnMgLXQgZXh0NCAvZGV2LyRkYXRhX2RyaXZlX3BhcnRpdGlvbl9uYW1lDQogIHBhcnRwcm9iZSAvZGV2LyRkYXRhX2RyaXZlX3BhcnRpdGlvbl9uYW1lDQogIA0KICBlY2hvICJEYXRhIGRpc2sgcGFydGl0aW9uZWQgYW5kIGZvcm1hdHRlZCINCmZpDQoNCmVjaG8gDQplY2hvICIjPT09PT09PT09IEZESVNLID09PT09PShzdGFydCkjIg0KZmRpc2sgLWwNCmVjaG8gIiM9PT09PT09PT0gRkRJU0sgPT09PT09PT0oZW5kKSMiDQplY2hvIA0KDQpta2RpciAvZGF0YQ0KbW91bnQgL2Rldi8kZGF0YV9kcml2ZV9wYXJ0aXRpb25fbmFtZSAvZGF0YQ0KDQoNCiMjIFNldCB1cCBkb2NrZXINCmN1cmwgLWZzU0wgaHR0cHM6Ly9nZXQuZG9ja2VyLmNvbSAtbyBnZXQtZG9ja2VyLnNoDQpzdWRvIHNoIGdldC1kb2NrZXIuc2gNCnN1ZG8gdXNlcm1vZCAtYUcgZG9ja2VyIGNvbmNOb2RlVk11c2VyDQpzdWRvIHN5c3RlbWN0bCBkYWVtb24tcmVsb2FkDQpzdWRvIHN5c3RlbWN0bCBlbmFibGUgZG9ja2VyLnNlcnZpY2UNCnN1ZG8gc3lzdGVtY3RsIHN0YXJ0IGRvY2tlci5zZXJ2aWNlDQpzdWRvIGNobW9kIDY2NiAvdmFyL3J1bi9kb2NrZXIuc29jaw0KDQoNCiMjIHNldCB1cCBBenVyZSBjbG91ZCBjcmVkZW50aWFscyAoY29ubmVjdGlvbiB0byBjb250YWluZXIgcmVnaXN0cnkpOg0Kc3VkbyBhcHQgaW5zdGFsbCBhenVyZS1jbGkgLXkNCmVjaG8gTG9naW4gdG8gYXp1cmUgY29udGFpbmVyIHJlZ2lzdHJ5IGZvciByb290DQpheiBhY3IgbG9naW4gLS1uYW1lIGNjc2NhbiAtLXVzZXJuYW1lICJjY3NjYW4iIC0tcGFzc3dvcmQgIkcrbmU0bz1PZkxPbmw1NFZrYmVGWU8wVStBQjJ4UVJjIg0KZWNobyBMb2dpbiB0byBhenVyZSBjb250YWluZXIgcmVnaXN0cnkgZm9yIGNvbmNOb2RlVk11c2VyIA0Kc3VkbyAtdSBjb25jTm9kZVZNdXNlciBheiBhY3IgbG9naW4gLS1uYW1lIGNjc2NhbiAtLXVzZXJuYW1lICJjY3NjYW4iIC0tcGFzc3dvcmQgIkcrbmU0bz1PZkxPbmw1NFZrYmVGWU8wVStBQjJ4UVJjIg0KDQoNCiMgc2V0IHVwIGRpc2NyZXRlIGRvY2tlciBuZXR3b3JrcyBmb3IgbWFpbiBhbmQgdGVzdG5ldA0KZG9ja2VyIG5ldHdvcmsgY3JlYXRlIC1kIGJyaWRnZSBtYWlubmV0RG9ja2VyDQpkb2NrZXIgbmV0d29yayBjcmVhdGUgLWQgYnJpZGdlIHRlc3RuZXREb2NrZXINCg0KDQojIFNldCB1cCBDb25jb3JkaXVtIG5vZGUgY29udGFpbmVycw0Kd2dldCBodHRwczovL2NhdGNodXAubWFpbm5ldC5jb25jb3JkaXVtLnNvZnR3YXJlL2Jsb2Nrc190b19pbXBvcnQubWRiIC0tZGlyZWN0b3J5LXByZWZpeCAvZGF0YS9jb25jb3JkaXVtLm1haW5uZXQvDQp3Z2V0IGh0dHBzOi8vY2F0Y2h1cC50ZXN0bmV0LmNvbmNvcmRpdW0uY29tL2Jsb2Nrc190b19pbXBvcnQubWRiIC0tZGlyZWN0b3J5LXByZWZpeCAvZGF0YS9jb25jb3JkaXVtLnRlc3RuZXQvDQoNCmRvY2tlciBydW4gLXRkIFwNCiAtcCAxMDAwMDoxMDAwMCBcDQogLXAgODg4ODo4ODg4IFwNCiAtLW5ldHdvcms9bWFpbm5ldERvY2tlciAgXA0KIC0tbmFtZSBjY25vZGUtbWFpbm5ldCAgXA0KIC0taG9zdG5hbWUgY2Nub2RlIFwNCiAtLWxvZy1kcml2ZXIgbG9jYWwgXA0KIC1lIENPTkNPUkRJVU1fTk9ERV9DT0xMRUNUT1JfTk9ERV9OQU1FPUZUQi1wcm9kMiBcDQogLWUgQ09OQ09SRElVTV9OT0RFX1JQQ19TRVJWRVJfVE9LRU49Y3VpUm1kWjZLblVrRjc0cCAgXA0KIC1lIENPTkNPUkRJVU1fTk9ERV9DT0xMRUNUT1JfR1JQQ19BVVRIRU5USUNBVElPTl9UT0tFTj1jdWlSbWRaNktuVWtGNzRwICBcDQogLWUgQ09OQ09SRElVTV9OT0RFX0xJU1RFTl9QT1JUPTg4ODggXA0KIC1lIENPTkNPUkRJVU1fTk9ERV9SVU5USU1FX0hBU0tFTExfUlRTX0ZMQUdTPS1ONCBcDQogLWUgQ09OQ09SRElVTV9OT0RFX0NPTlNFTlNVU19JTVBPUlRfQkxPQ0tTX0ZST009L3Zhci9saWIvY29uY29yZGl1bS9kYXRhL2Jsb2Nrc190b19pbXBvcnQubWRiIFwNCiAtdiAvZGF0YS9jb25jb3JkaXVtLm1haW5uZXQ6L3Zhci9saWIvY29uY29yZGl1bS9kYXRhIFwNCiBjY3NjYW4uYXp1cmVjci5pby9jY25vZGUtbWFpbm5ldDozLjAuMi0wDQoNCmRvY2tlciBydW4gLXRkICBcDQogLXAgMTAxMTE6MTAwMDAgXA0KIC1wIDE4ODg4OjE4ODg4IFwNCiAtLW5ldHdvcms9dGVzdG5ldERvY2tlciBcDQogLS1uYW1lIGNjbm9kZS10ZXN0bmV0IFwNCiAtLWhvc3RuYW1lIGNjbm9kZSBcDQogLS1sb2ctZHJpdmVyIGxvY2FsIFwNCiAtZSBDT05DT1JESVVNX05PREVfQ09MTEVDVE9SX05PREVfTkFNRT1GVEItcHJvZDIgXA0KIC1lIENPTkNPUkRJVU1fTk9ERV9SUENfU0VSVkVSX1RPS0VOPWN1aVJtZFo2S25Va0Y3NHAgXA0KIC1lIENPTkNPUkRJVU1fTk9ERV9DT0xMRUNUT1JfR1JQQ19BVVRIRU5USUNBVElPTl9UT0tFTj1jdWlSbWRaNktuVWtGNzRwIFwNCiAtZSBDT05DT1JESVVNX05PREVfTElTVEVOX1BPUlQ9MTg4ODggXA0KIC1lIENPTkNPUkRJVU1fTk9ERV9SVU5USU1FX0hBU0tFTExfUlRTX0ZMQUdTPS1ONCBcDQogLWUgQ09OQ09SRElVTV9OT0RFX0NPTlNFTlNVU19JTVBPUlRfQkxPQ0tTX0ZST009L3Zhci9saWIvY29uY29yZGl1bS9kYXRhL2Jsb2Nrc190b19pbXBvcnQubWRiIFwNCiAtdiAvZGF0YS9jb25jb3JkaXVtLnRlc3RuZXQ6L3Zhci9saWIvY29uY29yZGl1bS9kYXRhIFwNCiBjY3NjYW4uYXp1cmVjci5pby9jY25vZGUtdGVzdG5ldDo0LjAuMTEtMA0KDQoNCiMgU2V0IHVwIHBvc3RncmVzcWwgY29udGFpbmVycw0KZG9ja2VyIHJ1biAtdGQgXA0KIC0tbmV0d29yaz1tYWlubmV0RG9ja2VyIFwNCiAtLW5hbWUgcG9zdGdyZXMtbWFpbm5ldCBcDQogLS1ob3N0bmFtZSBwb3N0Z3JlcyBcDQogLS1sb2ctZHJpdmVyIGxvY2FsIFwNCiAtZSBQT1NUR1JFU19QQVNTV09SRD1EcmlsbC1oZWFkcm9vbS00Mjg5IFwNCiAtZSBQT1NUR1JFU19VU0VSPXBvc3RncmVzIFwNCiAtZSBQT1NUR1JFU19EQj1jY3NjYW4gXA0KIC12IC9kYXRhL3Bvc3RncmVzLm1haW5uZXQ6L3Zhci9saWIvcG9zdGdyZXNxbC9kYXRhIFwNCiB0aW1lc2NhbGUvdGltZXNjYWxlZGI6bGF0ZXN0LXBnMTQNCg0KZG9ja2VyIHJ1biAtdGQgXA0KIC0tbmV0d29yaz10ZXN0bmV0RG9ja2VyIFwNCiAtLW5hbWUgcG9zdGdyZXMtdGVzdG5ldCBcDQogLS1ob3N0bmFtZSBwb3N0Z3JlcyBcDQogLS1sb2ctZHJpdmVyIGxvY2FsIFwNCiAtZSBQT1NUR1JFU19QQVNTV09SRD1EcmlsbC1oZWFkcm9vbS00Mjg5IFwNCiAtZSBQT1NUR1JFU19VU0VSPXBvc3RncmVzIFwNCiAtZSBQT1NUR1JFU19EQj1jY3NjYW4gXA0KIC12IC9kYXRhL3Bvc3RncmVzLnRlc3RuZXQ6L3Zhci9saWIvcG9zdGdyZXNxbC9kYXRhIFwNCiB0aW1lc2NhbGUvdGltZXNjYWxlZGI6bGF0ZXN0LXBnMTQNCg0KIyBTZXQgdXAgYmFja2VuZCBjb250YWluZXJzDQpkb2NrZXIgcnVuIC10ZCBcDQogIC1wIDUwMDA6NTAwMCBcDQogIC0tbmV0d29yaz1tYWlubmV0RG9ja2VyIFwNCiAgLS1yZXN0YXJ0PW9uLWZhaWx1cmU6MyBcDQogIC0tbmFtZSBiYWNrZW5kLW1haW5uZXQgXA0KICAtLWxvZy1kcml2ZXIgbm9uZSBcDQogIC1lIEltcG9ydFZhbGlkYXRpb246RW5hYmxlZD1mYWxzZSBcDQogIC1lIFBvc3RncmVzRGF0YWJhc2U6Q29ubmVjdGlvblN0cmluZz0iSG9zdD1wb3N0Z3JlcztQb3J0PTU0MzI7RGF0YWJhc2U9Y2NzY2FuO1VzZXIgSUQ9cG9zdGdyZXM7UGFzc3dvcmQ9RHJpbGwtaGVhZHJvb20tNDI4OTtJbmNsdWRlIEVycm9yIERldGFpbD10cnVlOyIgXA0KICAtZSBQb3N0Z3Jlc0RhdGFiYXNlOkNvbm5lY3Rpb25TdHJpbmdOb2RlQ2FjaGU9Ikhvc3Q9cG9zdGdyZXM7UG9ydD01NDMyO0RhdGFiYXNlPWNjc2Nhbl9ub2RlX2NhY2hlO1VzZXIgSUQ9cG9zdGdyZXM7UGFzc3dvcmQ9RHJpbGwtaGVhZHJvb20tNDI4OTtJbmNsdWRlIEVycm9yIERldGFpbD10cnVlOyIgXA0KICAtZSBDb25jb3JkaXVtTm9kZUdycGM6QXV0aGVudGljYXRpb25Ub2tlbj0iY3VpUm1kWjZLblVrRjc0cCIgXA0KICAtdiAvZGF0YS9iYWNrZW5kLWxvZ3MubWFpbm5ldDovYXBwL2xvZ3MgXA0KICBjY3NjYW4uYXp1cmVjci5pby9iYWNrZW5kLnByb2Q6bGF0ZXN0IA0KDQpkb2NrZXIgcnVuIC10ZCBcDQogIC1wIDUwMDE6NTAwMCBcDQogIC0tbmV0d29yaz10ZXN0bmV0RG9ja2VyIFwNCiAgLS1yZXN0YXJ0PW9uLWZhaWx1cmU6MyBcDQogIC0tbmFtZSBiYWNrZW5kLXRlc3RuZXQgXA0KICAtLWxvZy1kcml2ZXIgbm9uZSBcDQogIC1lIEltcG9ydFZhbGlkYXRpb246RW5hYmxlZD1mYWxzZSBcDQogIC1lIFBvc3RncmVzRGF0YWJhc2U6Q29ubmVjdGlvblN0cmluZz0iSG9zdD1wb3N0Z3JlcztQb3J0PTU0MzI7RGF0YWJhc2U9Y2NzY2FuO1VzZXIgSUQ9cG9zdGdyZXM7UGFzc3dvcmQ9RHJpbGwtaGVhZHJvb20tNDI4OTtJbmNsdWRlIEVycm9yIERldGFpbD10cnVlOyIgXA0KICAtZSBQb3N0Z3Jlc0RhdGFiYXNlOkNvbm5lY3Rpb25TdHJpbmdOb2RlQ2FjaGU9Ikhvc3Q9cG9zdGdyZXM7UG9ydD01NDMyO0RhdGFiYXNlPWNjc2Nhbl9ub2RlX2NhY2hlO1VzZXIgSUQ9cG9zdGdyZXM7UGFzc3dvcmQ9RHJpbGwtaGVhZHJvb20tNDI4OTtJbmNsdWRlIEVycm9yIERldGFpbD10cnVlOyIgXA0KICAtZSBDb25jb3JkaXVtTm9kZUdycGM6QXV0aGVudGljYXRpb25Ub2tlbj0iY3VpUm1kWjZLblVrRjc0cCIgXA0KICAtdiAvZGF0YS9iYWNrZW5kLWxvZ3MudGVzdG5ldDovYXBwL2xvZ3MgXA0KICBjY3NjYW4uYXp1cmVjci5pby9iYWNrZW5kLnByb2Q6bGF0ZXN0IA0KDQoNCiMgU2V0IHVwIHdhdGNodG93ZXIgY29udGFpbmVyIA0KZG9ja2VyIHJ1biAtZCBcDQogIC0tbmFtZSB3YXRjaHRvd2VyIFwNCiAgLS1sb2ctZHJpdmVyIGxvY2FsIFwNCiAgLXYgL3Zhci9ydW4vZG9ja2VyLnNvY2s6L3Zhci9ydW4vZG9ja2VyLnNvY2sgXA0KICAtdiAvaG9tZS9jb25jTm9kZVZNdXNlci8uZG9ja2VyL2NvbmZpZy5qc29uOi9jb25maWcuanNvbiBcDQogIC1lIFdBVENIVE9XRVJfSU5DTFVERV9TVE9QUEVEPXRydWUgXA0KICAtZSBXQVRDSFRPV0VSX1JFVklWRV9TVE9QUEVEPXRydWUgXA0KICAtZSBXQVRDSFRPV0VSX1BPTExfSU5URVJWQUw9NjAgXA0KICAtZSBXQVRDSFRPV0VSX05PVElGSUNBVElPTlM9c2xhY2sgXA0KICAtZSBXQVRDSFRPV0VSX05PVElGSUNBVElPTl9TTEFDS19IT09LX1VSTD0iaHR0cHM6Ly9ob29rcy5zbGFjay5jb20vc2VydmljZXMvVDAxUjg0OTZYVTUvQjAyUVhIRTNFRjMvZDBSNFgxNmhlWUsxcDAyamg0ZjdsVmNuIiBcDQogIC1lIFdBVENIVE9XRVJfTk9USUZJQ0FUSU9OX1NMQUNLX0lERU5USUZJRVI9d2F0Y2h0b3dlci1wcm9kMiBcDQogIC1lIFdBVENIVE9XRVJfTk9USUZJQ0FUSU9OX1NMQUNLX0NIQU5ORUw9I2Njc2Nhbi1zZXJ2aWNlYm90cyBcDQogIGNvbnRhaW5ycnIvd2F0Y2h0b3dlciBcDQogIGJhY2tlbmQtdGVzdG5ldCBiYWNrZW5kLW1haW5uZXQNCg0KZWNobyBFbnRyeXBvaW50IHNjcmlwdCBmaW5pc2hlZC4uLg==",
            "dedicated_host_group_id": "",
            "dedicated_host_id": "",
            "disable_password_authentication": true,
            "edge_zone": "",
            "encryption_at_host_enabled": false,
            "eviction_policy": "",
            "extensions_time_budget": "PT1H30M",
            "id": "/subscriptions/353e8b06-f9df-482d-9834-0f7a6d733e46/resourceGroups/ccscan-env-prod2/providers/Microsoft.Compute/virtualMachines/vm",
            "identity": [],
            "license_type": "",
            "location": "northeurope",
            "max_bid_price": -1,
            "name": "vm",
            "network_interface_ids": [
              "/subscriptions/353e8b06-f9df-482d-9834-0f7a6d733e46/resourceGroups/ccscan-env-prod2/providers/Microsoft.Network/networkInterfaces/vm-nic"
            ],
            "os_disk": [
              {
                "caching": "ReadWrite",
                "diff_disk_settings": [],
                "disk_encryption_set_id": "",
                "disk_size_gb": 30,
                "name": "vm_disk_os",
                "storage_account_type": "Premium_LRS",
                "write_accelerator_enabled": false
              }
            ],
            "patch_mode": "ImageDefault",
            "plan": [],
            "platform_fault_domain": -1,
            "priority": "Regular",
            "private_ip_address": "10.0.1.4",
            "private_ip_addresses": [
              "10.0.1.4"
            ],
            "provision_vm_agent": true,
            "proximity_placement_group_id": "",
            "public_ip_address": "20.234.6.109",
            "public_ip_addresses": [
              "20.234.6.109"
            ],
            "resource_group_name": "ccscan-env-prod2",
            "secret": [],
            "secure_boot_enabled": false,
            "size": "Standard_D8s_v4",
            "source_image_id": "",
            "source_image_reference": [
              {
                "offer": "0001-com-ubuntu-server-focal",
                "publisher": "canonical",
                "sku": "20_04-lts-gen2",
                "version": "latest"
              }
            ],
            "tags": {
              "environment": "prod2"
            },
            "termination_notification": null,
            "timeouts": null,
            "user_data": "",
            "virtual_machine_id": "a7eb5527-5f61-49ed-a882-e2bb6dd7d72d",
            "virtual_machine_scale_set_id": "",
            "vtpm_enabled": false,
            "zone": ""
          },
          "sensitive_attributes": [
            [
              {
                "type": "get_attr",
                "value": "custom_data"
              }
            ]
          ],
          "private": "eyJlMmJmYjczMC1lY2FhLTExZTYtOGY4OC0zNDM2M2JjN2M0YzAiOnsiY3JlYXRlIjoyNzAwMDAwMDAwMDAwLCJkZWxldGUiOjI3MDAwMDAwMDAwMDAsInJlYWQiOjMwMDAwMDAwMDAwMCwidXBkYXRlIjoyNzAwMDAwMDAwMDAwfX0=",
          "dependencies": [
            "azurerm_network_interface.vm",
            "azurerm_public_ip.vm",
            "azurerm_resource_group.this",
            "azurerm_subnet.backend",
            "azurerm_virtual_network.this",
            "data.azurerm_container_registry.ccscan",
            "data.azurerm_key_vault_secret.ccnode-auth-token",
            "data.azurerm_key_vault_secret.postgres-password",
            "data.azurerm_ssh_public_key.ssh_vm"
          ]
        }
      ]
    },
    {
      "mode": "managed",
      "type": "azurerm_managed_disk",
      "name": "vm_data",
      "provider": "provider[\"registry.terraform.io/hashicorp/azurerm\"]",
      "instances": [
        {
          "schema_version": 0,
          "attributes": {
            "create_option": "Empty",
            "disk_access_id": "",
            "disk_encryption_set_id": "",
            "disk_iops_read_only": 0,
            "disk_iops_read_write": 1100,
            "disk_mbps_read_only": 0,
            "disk_mbps_read_write": 125,
            "disk_size_gb": 256,
            "edge_zone": "",
            "encryption_settings": [],
            "gallery_image_reference_id": "",
            "hyper_v_generation": "",
            "id": "/subscriptions/353e8b06-f9df-482d-9834-0f7a6d733e46/resourceGroups/ccscan-env-prod2/providers/Microsoft.Compute/disks/vm_disk_data",
            "image_reference_id": "",
            "location": "northeurope",
            "logical_sector_size": null,
            "max_shares": 0,
            "name": "vm_disk_data",
            "network_access_policy": null,
            "on_demand_bursting_enabled": false,
            "os_type": "",
            "public_network_access_enabled": true,
            "resource_group_name": "ccscan-env-prod2",
            "source_resource_id": "",
            "source_uri": "",
            "storage_account_id": "",
            "storage_account_type": "Premium_LRS",
            "tags": {
              "environment": "prod2"
            },
            "tier": "P15",
            "timeouts": null,
            "trusted_launch_enabled": false,
            "zone": ""
          },
          "sensitive_attributes": [],
          "private": "eyJlMmJmYjczMC1lY2FhLTExZTYtOGY4OC0zNDM2M2JjN2M0YzAiOnsiY3JlYXRlIjoxODAwMDAwMDAwMDAwLCJkZWxldGUiOjE4MDAwMDAwMDAwMDAsInJlYWQiOjMwMDAwMDAwMDAwMCwidXBkYXRlIjoxODAwMDAwMDAwMDAwfX0=",
          "dependencies": [
            "azurerm_resource_group.this"
          ]
        }
      ]
    },
    {
      "mode": "managed",
      "type": "azurerm_network_interface",
      "name": "vm",
      "provider": "provider[\"registry.terraform.io/hashicorp/azurerm\"]",
      "instances": [
        {
          "schema_version": 0,
          "attributes": {
            "applied_dns_servers": [],
            "dns_servers": [],
            "edge_zone": "",
            "enable_accelerated_networking": false,
            "enable_ip_forwarding": false,
            "id": "/subscriptions/353e8b06-f9df-482d-9834-0f7a6d733e46/resourceGroups/ccscan-env-prod2/providers/Microsoft.Network/networkInterfaces/vm-nic",
            "internal_dns_name_label": "",
            "internal_domain_name_suffix": "3b3hqnkqjoze3n1h21tt5ijj0f.fx.internal.cloudapp.net",
            "ip_configuration": [
              {
                "gateway_load_balancer_frontend_ip_configuration_id": "",
                "name": "ipc-vm",
                "primary": true,
                "private_ip_address": "10.0.1.4",
                "private_ip_address_allocation": "Dynamic",
                "private_ip_address_version": "IPv4",
                "public_ip_address_id": "/subscriptions/353e8b06-f9df-482d-9834-0f7a6d733e46/resourceGroups/ccscan-env-prod2/providers/Microsoft.Network/publicIPAddresses/vm-nic-pip",
                "subnet_id": "/subscriptions/353e8b06-f9df-482d-9834-0f7a6d733e46/resourceGroups/ccscan-env-prod2/providers/Microsoft.Network/virtualNetworks/vnet/subnets/snet-backend"
              }
            ],
            "location": "northeurope",
            "mac_address": "",
            "name": "vm-nic",
            "private_ip_address": "10.0.1.4",
            "private_ip_addresses": [
              "10.0.1.4"
            ],
            "resource_group_name": "ccscan-env-prod2",
            "tags": {
              "environment": "prod2"
            },
            "timeouts": null,
            "virtual_machine_id": ""
          },
          "sensitive_attributes": [],
          "private": "eyJlMmJmYjczMC1lY2FhLTExZTYtOGY4OC0zNDM2M2JjN2M0YzAiOnsiY3JlYXRlIjoxODAwMDAwMDAwMDAwLCJkZWxldGUiOjE4MDAwMDAwMDAwMDAsInJlYWQiOjMwMDAwMDAwMDAwMCwidXBkYXRlIjoxODAwMDAwMDAwMDAwfX0=",
          "dependencies": [
            "azurerm_public_ip.vm",
            "azurerm_resource_group.this",
            "azurerm_subnet.backend",
            "azurerm_virtual_network.this"
          ]
        }
      ]
    },
    {
      "mode": "managed",
      "type": "azurerm_network_interface_application_gateway_backend_address_pool_association",
      "name": "vm",
      "provider": "provider[\"registry.terraform.io/hashicorp/azurerm\"]",
      "instances": [
        {
          "schema_version": 0,
          "attributes": {
            "backend_address_pool_id": "/subscriptions/353e8b06-f9df-482d-9834-0f7a6d733e46/resourceGroups/ccscan-env-prod2/providers/Microsoft.Network/applicationGateways/app-gateway/backendAddressPools/app-gateway-backends",
            "id": "/subscriptions/353e8b06-f9df-482d-9834-0f7a6d733e46/resourceGroups/ccscan-env-prod2/providers/Microsoft.Network/networkInterfaces/vm-nic/ipConfigurations/ipc-vm|/subscriptions/353e8b06-f9df-482d-9834-0f7a6d733e46/resourceGroups/ccscan-env-prod2/providers/Microsoft.Network/applicationGateways/app-gateway/backendAddressPools/app-gateway-backends",
            "ip_configuration_name": "ipc-vm",
            "network_interface_id": "/subscriptions/353e8b06-f9df-482d-9834-0f7a6d733e46/resourceGroups/ccscan-env-prod2/providers/Microsoft.Network/networkInterfaces/vm-nic",
            "timeouts": null
          },
          "sensitive_attributes": [],
          "private": "eyJlMmJmYjczMC1lY2FhLTExZTYtOGY4OC0zNDM2M2JjN2M0YzAiOnsiY3JlYXRlIjoxODAwMDAwMDAwMDAwLCJkZWxldGUiOjE4MDAwMDAwMDAwMDAsInJlYWQiOjMwMDAwMDAwMDAwMCwidXBkYXRlIjoxODAwMDAwMDAwMDAwfX0=",
          "dependencies": [
            "azurerm_application_gateway.this",
            "azurerm_network_interface.vm",
            "azurerm_public_ip.app-gw",
            "azurerm_public_ip.vm",
            "azurerm_resource_group.this",
            "azurerm_subnet.backend",
            "azurerm_subnet.frontend",
            "azurerm_virtual_network.this",
            "data.azurerm_key_vault_secret.ssl-cert-data",
            "data.azurerm_key_vault_secret.ssl-cert-password"
          ]
        }
      ]
    },
    {
      "mode": "managed",
      "type": "azurerm_network_interface_security_group_association",
      "name": "vm_nic",
      "provider": "provider[\"registry.terraform.io/hashicorp/azurerm\"]",
      "instances": [
        {
          "schema_version": 0,
          "attributes": {
            "id": "/subscriptions/353e8b06-f9df-482d-9834-0f7a6d733e46/resourceGroups/ccscan-env-prod2/providers/Microsoft.Network/networkInterfaces/vm-nic|/subscriptions/353e8b06-f9df-482d-9834-0f7a6d733e46/resourceGroups/ccscan-env-prod2/providers/Microsoft.Network/networkSecurityGroups/vm-nic-nsg",
            "network_interface_id": "/subscriptions/353e8b06-f9df-482d-9834-0f7a6d733e46/resourceGroups/ccscan-env-prod2/providers/Microsoft.Network/networkInterfaces/vm-nic",
            "network_security_group_id": "/subscriptions/353e8b06-f9df-482d-9834-0f7a6d733e46/resourceGroups/ccscan-env-prod2/providers/Microsoft.Network/networkSecurityGroups/vm-nic-nsg",
            "timeouts": null
          },
          "sensitive_attributes": [],
          "private": "eyJlMmJmYjczMC1lY2FhLTExZTYtOGY4OC0zNDM2M2JjN2M0YzAiOnsiY3JlYXRlIjoxODAwMDAwMDAwMDAwLCJkZWxldGUiOjE4MDAwMDAwMDAwMDAsInJlYWQiOjMwMDAwMDAwMDAwMCwidXBkYXRlIjoxODAwMDAwMDAwMDAwfX0=",
          "dependencies": [
            "azurerm_network_interface.vm",
            "azurerm_network_security_group.this",
            "azurerm_public_ip.vm",
            "azurerm_resource_group.this",
            "azurerm_subnet.backend",
            "azurerm_virtual_network.this"
          ]
        }
      ]
    },
    {
      "mode": "managed",
      "type": "azurerm_network_security_group",
      "name": "this",
      "provider": "provider[\"registry.terraform.io/hashicorp/azurerm\"]",
      "instances": [
        {
          "schema_version": 0,
          "attributes": {
            "id": "/subscriptions/353e8b06-f9df-482d-9834-0f7a6d733e46/resourceGroups/ccscan-env-prod2/providers/Microsoft.Network/networkSecurityGroups/vm-nic-nsg",
            "location": "northeurope",
            "name": "vm-nic-nsg",
            "resource_group_name": "ccscan-env-prod2",
            "security_rule": [
              {
                "access": "Allow",
                "description": "",
                "destination_address_prefix": "*",
                "destination_address_prefixes": [],
                "destination_application_security_group_ids": [],
                "destination_port_range": "10000",
                "destination_port_ranges": [],
                "direction": "Inbound",
                "name": "ccnode_mainnet_grpc",
                "priority": 1004,
                "protocol": "Tcp",
                "source_address_prefix": "*",
                "source_address_prefixes": [],
                "source_application_security_group_ids": [],
                "source_port_range": "*",
                "source_port_ranges": []
              },
              {
                "access": "Allow",
                "description": "",
                "destination_address_prefix": "*",
                "destination_address_prefixes": [],
                "destination_application_security_group_ids": [],
                "destination_port_range": "10111",
                "destination_port_ranges": [],
                "direction": "Inbound",
                "name": "ccnode_testnet_grpc",
                "priority": 1005,
                "protocol": "Tcp",
                "source_address_prefix": "*",
                "source_address_prefixes": [],
                "source_application_security_group_ids": [],
                "source_port_range": "*",
                "source_port_ranges": []
              },
              {
                "access": "Allow",
                "description": "",
                "destination_address_prefix": "*",
                "destination_address_prefixes": [],
                "destination_application_security_group_ids": [],
                "destination_port_range": "18888",
                "destination_port_ranges": [],
                "direction": "Inbound",
                "name": "ccnode_testnet_p2p",
                "priority": 1003,
                "protocol": "Tcp",
                "source_address_prefix": "*",
                "source_address_prefixes": [],
                "source_application_security_group_ids": [],
                "source_port_range": "*",
                "source_port_ranges": []
              },
              {
                "access": "Allow",
                "description": "",
                "destination_address_prefix": "*",
                "destination_address_prefixes": [],
                "destination_application_security_group_ids": [],
                "destination_port_range": "22",
                "destination_port_ranges": [],
                "direction": "Inbound",
                "name": "SSH",
                "priority": 1001,
                "protocol": "Tcp",
                "source_address_prefix": "*",
                "source_address_prefixes": [],
                "source_application_security_group_ids": [],
                "source_port_range": "*",
                "source_port_ranges": []
              },
              {
                "access": "Allow",
                "description": "",
                "destination_address_prefix": "*",
                "destination_address_prefixes": [],
                "destination_application_security_group_ids": [],
                "destination_port_range": "5000",
                "destination_port_ranges": [],
                "direction": "Inbound",
                "name": "http-mainnet",
                "priority": 1007,
                "protocol": "Tcp",
                "source_address_prefix": "*",
                "source_address_prefixes": [],
                "source_application_security_group_ids": [],
                "source_port_range": "*",
                "source_port_ranges": []
              },
              {
                "access": "Allow",
                "description": "",
                "destination_address_prefix": "*",
                "destination_address_prefixes": [],
                "destination_application_security_group_ids": [],
                "destination_port_range": "5001",
                "destination_port_ranges": [],
                "direction": "Inbound",
                "name": "http-testnet",
                "priority": 1008,
                "protocol": "Tcp",
                "source_address_prefix": "*",
                "source_address_prefixes": [],
                "source_application_security_group_ids": [],
                "source_port_range": "*",
                "source_port_ranges": []
              },
              {
                "access": "Allow",
                "description": "",
                "destination_address_prefix": "*",
                "destination_address_prefixes": [],
                "destination_application_security_group_ids": [],
                "destination_port_range": "8888",
                "destination_port_ranges": [],
                "direction": "Inbound",
                "name": "ccnode_mainnet_p2p",
                "priority": 1002,
                "protocol": "Tcp",
                "source_address_prefix": "*",
                "source_address_prefixes": [],
                "source_application_security_group_ids": [],
                "source_port_range": "*",
                "source_port_ranges": []
              }
            ],
            "tags": {
              "environment": "prod2"
            },
            "timeouts": null
          },
          "sensitive_attributes": [],
          "private": "eyJlMmJmYjczMC1lY2FhLTExZTYtOGY4OC0zNDM2M2JjN2M0YzAiOnsiY3JlYXRlIjoxODAwMDAwMDAwMDAwLCJkZWxldGUiOjE4MDAwMDAwMDAwMDAsInJlYWQiOjMwMDAwMDAwMDAwMCwidXBkYXRlIjoxODAwMDAwMDAwMDAwfX0=",
          "dependencies": [
            "azurerm_resource_group.this"
          ]
        }
      ]
    },
    {
      "mode": "managed",
      "type": "azurerm_public_ip",
      "name": "app-gw",
      "provider": "provider[\"registry.terraform.io/hashicorp/azurerm\"]",
      "instances": [
        {
          "schema_version": 0,
          "attributes": {
            "allocation_method": "Dynamic",
            "domain_name_label": "prod2-ccdscan-api",
            "edge_zone": "",
            "fqdn": "prod2-ccdscan-api.northeurope.cloudapp.azure.com",
            "id": "/subscriptions/353e8b06-f9df-482d-9834-0f7a6d733e46/resourceGroups/ccscan-env-prod2/providers/Microsoft.Network/publicIPAddresses/app-gateway-pip",
            "idle_timeout_in_minutes": 4,
            "ip_address": "",
            "ip_tags": null,
            "ip_version": "IPv4",
            "location": "northeurope",
            "name": "app-gateway-pip",
            "public_ip_prefix_id": null,
            "resource_group_name": "ccscan-env-prod2",
            "reverse_fqdn": "",
            "sku": "Basic",
            "sku_tier": "Regional",
            "tags": {
              "environment": "prod2"
            },
            "timeouts": null,
            "zones": null
          },
          "sensitive_attributes": [],
          "private": "eyJlMmJmYjczMC1lY2FhLTExZTYtOGY4OC0zNDM2M2JjN2M0YzAiOnsiY3JlYXRlIjoxODAwMDAwMDAwMDAwLCJkZWxldGUiOjE4MDAwMDAwMDAwMDAsInJlYWQiOjMwMDAwMDAwMDAwMCwidXBkYXRlIjoxODAwMDAwMDAwMDAwfX0=",
          "dependencies": [
            "azurerm_resource_group.this"
          ]
        }
      ]
    },
    {
      "mode": "managed",
      "type": "azurerm_public_ip",
      "name": "vm",
      "provider": "provider[\"registry.terraform.io/hashicorp/azurerm\"]",
      "instances": [
        {
          "schema_version": 0,
          "attributes": {
            "allocation_method": "Static",
            "domain_name_label": "prod2-ccdscan-vm",
            "edge_zone": "",
            "fqdn": "prod2-ccdscan-vm.northeurope.cloudapp.azure.com",
            "id": "/subscriptions/353e8b06-f9df-482d-9834-0f7a6d733e46/resourceGroups/ccscan-env-prod2/providers/Microsoft.Network/publicIPAddresses/vm-nic-pip",
            "idle_timeout_in_minutes": 4,
            "ip_address": "20.234.6.109",
            "ip_tags": null,
            "ip_version": "IPv4",
            "location": "northeurope",
            "name": "vm-nic-pip",
            "public_ip_prefix_id": null,
            "resource_group_name": "ccscan-env-prod2",
            "reverse_fqdn": "",
            "sku": "Basic",
            "sku_tier": "Regional",
            "tags": {
              "environment": "prod2"
            },
            "timeouts": null,
            "zones": null
          },
          "sensitive_attributes": [],
          "private": "eyJlMmJmYjczMC1lY2FhLTExZTYtOGY4OC0zNDM2M2JjN2M0YzAiOnsiY3JlYXRlIjoxODAwMDAwMDAwMDAwLCJkZWxldGUiOjE4MDAwMDAwMDAwMDAsInJlYWQiOjMwMDAwMDAwMDAwMCwidXBkYXRlIjoxODAwMDAwMDAwMDAwfX0=",
          "dependencies": [
            "azurerm_resource_group.this"
          ]
        }
      ]
    },
    {
      "mode": "managed",
      "type": "azurerm_resource_group",
      "name": "this",
      "provider": "provider[\"registry.terraform.io/hashicorp/azurerm\"]",
      "instances": [
        {
          "schema_version": 0,
          "attributes": {
            "id": "/subscriptions/353e8b06-f9df-482d-9834-0f7a6d733e46/resourceGroups/ccscan-env-prod2",
            "location": "northeurope",
            "name": "ccscan-env-prod2",
            "tags": {
              "environment": "prod2"
            },
            "timeouts": null
          },
          "sensitive_attributes": [],
          "private": "eyJlMmJmYjczMC1lY2FhLTExZTYtOGY4OC0zNDM2M2JjN2M0YzAiOnsiY3JlYXRlIjo1NDAwMDAwMDAwMDAwLCJkZWxldGUiOjU0MDAwMDAwMDAwMDAsInJlYWQiOjMwMDAwMDAwMDAwMCwidXBkYXRlIjo1NDAwMDAwMDAwMDAwfX0="
        }
      ]
    },
    {
      "mode": "managed",
      "type": "azurerm_role_assignment",
      "name": "automation-account-app-gateway",
      "provider": "provider[\"registry.terraform.io/hashicorp/azurerm\"]",
      "instances": [
        {
          "schema_version": 0,
          "attributes": {
            "condition": "",
            "condition_version": "",
            "delegated_managed_identity_resource_id": "",
            "description": "",
            "id": "/subscriptions/353e8b06-f9df-482d-9834-0f7a6d733e46/resourceGroups/ccscan-env-prod2/providers/Microsoft.Network/applicationGateways/app-gateway/providers/Microsoft.Authorization/roleAssignments/0005cd65-02a8-fa1d-a2b2-348fed9d306e",
            "name": "0005cd65-02a8-fa1d-a2b2-348fed9d306e",
            "principal_id": "4bc915fa-ea05-421a-82a1-6e965de74467",
            "principal_type": "ServicePrincipal",
            "role_definition_id": "/subscriptions/353e8b06-f9df-482d-9834-0f7a6d733e46/providers/Microsoft.Authorization/roleDefinitions/b24988ac-6180-42a0-ab88-20f7382dd24c",
            "role_definition_name": "Contributor",
            "scope": "/subscriptions/353e8b06-f9df-482d-9834-0f7a6d733e46/resourceGroups/ccscan-env-prod2/providers/Microsoft.Network/applicationGateways/app-gateway",
            "skip_service_principal_aad_check": null,
            "timeouts": null
          },
          "sensitive_attributes": [],
          "private": "eyJlMmJmYjczMC1lY2FhLTExZTYtOGY4OC0zNDM2M2JjN2M0YzAiOnsiY3JlYXRlIjoxODAwMDAwMDAwMDAwLCJkZWxldGUiOjE4MDAwMDAwMDAwMDAsInJlYWQiOjMwMDAwMDAwMDAwMCwidXBkYXRlIjoxODAwMDAwMDAwMDAwfX0=",
          "dependencies": [
            "azurerm_application_gateway.this",
            "azurerm_automation_account.this",
            "azurerm_public_ip.app-gw",
            "azurerm_resource_group.this",
            "azurerm_subnet.frontend",
            "azurerm_virtual_network.this",
            "data.azurerm_key_vault_secret.ssl-cert-data",
            "data.azurerm_key_vault_secret.ssl-cert-password"
          ]
        }
      ]
    },
    {
      "mode": "managed",
      "type": "azurerm_role_assignment",
      "name": "automation-account-key-vault-godaddy-dns-api-key-secret",
      "provider": "provider[\"registry.terraform.io/hashicorp/azurerm\"]",
      "instances": [
        {
          "schema_version": 0,
          "attributes": {
            "condition": "",
            "condition_version": "",
            "delegated_managed_identity_resource_id": "",
            "description": "",
            "id": "/subscriptions/353e8b06-f9df-482d-9834-0f7a6d733e46/resourceGroups/ccscan-key-vault/providers/Microsoft.KeyVault/vaults/ccscan/secrets/godaddy-dns-api-key-secret/providers/Microsoft.Authorization/roleAssignments/9b2bd7db-43d3-e73d-a56c-fac3a76578bb",
            "name": "9b2bd7db-43d3-e73d-a56c-fac3a76578bb",
            "principal_id": "4bc915fa-ea05-421a-82a1-6e965de74467",
            "principal_type": "ServicePrincipal",
            "role_definition_id": "/subscriptions/353e8b06-f9df-482d-9834-0f7a6d733e46/providers/Microsoft.Authorization/roleDefinitions/4633458b-17de-408a-b874-0445c86b69e6",
            "role_definition_name": "Key Vault Secrets User",
            "scope": "/subscriptions/353e8b06-f9df-482d-9834-0f7a6d733e46/resourceGroups/ccscan-key-vault/providers/Microsoft.KeyVault/vaults/ccscan/secrets/godaddy-dns-api-key-secret",
            "skip_service_principal_aad_check": null,
            "timeouts": null
          },
          "sensitive_attributes": [],
          "private": "eyJlMmJmYjczMC1lY2FhLTExZTYtOGY4OC0zNDM2M2JjN2M0YzAiOnsiY3JlYXRlIjoxODAwMDAwMDAwMDAwLCJkZWxldGUiOjE4MDAwMDAwMDAwMDAsInJlYWQiOjMwMDAwMDAwMDAwMCwidXBkYXRlIjoxODAwMDAwMDAwMDAwfX0=",
          "dependencies": [
            "azurerm_automation_account.this",
            "azurerm_resource_group.this",
            "data.azurerm_key_vault_secret.godaddy-dns-api-key-secret"
          ]
        }
      ]
    },
    {
      "mode": "managed",
      "type": "azurerm_role_assignment",
      "name": "automation-account-key-vault-sslcert-pfx",
      "provider": "provider[\"registry.terraform.io/hashicorp/azurerm\"]",
      "instances": [
        {
          "schema_version": 0,
          "attributes": {
            "condition": "",
            "condition_version": "",
            "delegated_managed_identity_resource_id": "",
            "description": "",
            "id": "/subscriptions/353e8b06-f9df-482d-9834-0f7a6d733e46/resourceGroups/ccscan-key-vault/providers/Microsoft.KeyVault/vaults/ccscan/secrets/prod2-sslcert-pfx/providers/Microsoft.Authorization/roleAssignments/22baf044-4675-06dc-569d-76024cc2be7b",
            "name": "22baf044-4675-06dc-569d-76024cc2be7b",
            "principal_id": "4bc915fa-ea05-421a-82a1-6e965de74467",
            "principal_type": "ServicePrincipal",
            "role_definition_id": "/subscriptions/353e8b06-f9df-482d-9834-0f7a6d733e46/providers/Microsoft.Authorization/roleDefinitions/b86a8fe4-44ce-4948-aee5-eccb2c155cd7",
            "role_definition_name": "Key Vault Secrets Officer",
            "scope": "/subscriptions/353e8b06-f9df-482d-9834-0f7a6d733e46/resourceGroups/ccscan-key-vault/providers/Microsoft.KeyVault/vaults/ccscan/secrets/prod2-sslcert-pfx",
            "skip_service_principal_aad_check": null,
            "timeouts": null
          },
          "sensitive_attributes": [],
          "private": "eyJlMmJmYjczMC1lY2FhLTExZTYtOGY4OC0zNDM2M2JjN2M0YzAiOnsiY3JlYXRlIjoxODAwMDAwMDAwMDAwLCJkZWxldGUiOjE4MDAwMDAwMDAwMDAsInJlYWQiOjMwMDAwMDAwMDAwMCwidXBkYXRlIjoxODAwMDAwMDAwMDAwfX0=",
          "dependencies": [
            "azurerm_automation_account.this",
            "azurerm_resource_group.this",
            "data.azurerm_key_vault_secret.ssl-cert-data"
          ]
        }
      ]
    },
    {
      "mode": "managed",
      "type": "azurerm_role_assignment",
      "name": "automation-account-key-vault-sslcert-pfx-password",
      "provider": "provider[\"registry.terraform.io/hashicorp/azurerm\"]",
      "instances": [
        {
          "schema_version": 0,
          "attributes": {
            "condition": "",
            "condition_version": "",
            "delegated_managed_identity_resource_id": "",
            "description": "",
            "id": "/subscriptions/353e8b06-f9df-482d-9834-0f7a6d733e46/resourceGroups/ccscan-key-vault/providers/Microsoft.KeyVault/vaults/ccscan/secrets/prod2-sslcert-pfx-password/providers/Microsoft.Authorization/roleAssignments/5d70a604-5189-73e0-d1fe-88e8e2d5fb75",
            "name": "5d70a604-5189-73e0-d1fe-88e8e2d5fb75",
            "principal_id": "4bc915fa-ea05-421a-82a1-6e965de74467",
            "principal_type": "ServicePrincipal",
            "role_definition_id": "/subscriptions/353e8b06-f9df-482d-9834-0f7a6d733e46/providers/Microsoft.Authorization/roleDefinitions/4633458b-17de-408a-b874-0445c86b69e6",
            "role_definition_name": "Key Vault Secrets User",
            "scope": "/subscriptions/353e8b06-f9df-482d-9834-0f7a6d733e46/resourceGroups/ccscan-key-vault/providers/Microsoft.KeyVault/vaults/ccscan/secrets/prod2-sslcert-pfx-password",
            "skip_service_principal_aad_check": null,
            "timeouts": null
          },
          "sensitive_attributes": [],
          "private": "eyJlMmJmYjczMC1lY2FhLTExZTYtOGY4OC0zNDM2M2JjN2M0YzAiOnsiY3JlYXRlIjoxODAwMDAwMDAwMDAwLCJkZWxldGUiOjE4MDAwMDAwMDAwMDAsInJlYWQiOjMwMDAwMDAwMDAwMCwidXBkYXRlIjoxODAwMDAwMDAwMDAwfX0=",
          "dependencies": [
            "azurerm_automation_account.this",
            "azurerm_resource_group.this",
            "data.azurerm_key_vault_secret.ssl-cert-password"
          ]
        }
      ]
    },
    {
      "mode": "managed",
      "type": "azurerm_role_assignment",
      "name": "automation_account_key_vault_godaddy_dns_api_key",
      "provider": "provider[\"registry.terraform.io/hashicorp/azurerm\"]",
      "instances": [
        {
          "schema_version": 0,
          "attributes": {
            "condition": "",
            "condition_version": "",
            "delegated_managed_identity_resource_id": "",
            "description": "",
            "id": "/subscriptions/353e8b06-f9df-482d-9834-0f7a6d733e46/resourceGroups/ccscan-key-vault/providers/Microsoft.KeyVault/vaults/ccscan/secrets/godaddy-dns-api-key/providers/Microsoft.Authorization/roleAssignments/44161649-8a84-8ee3-e25c-0ab3de3d1591",
            "name": "44161649-8a84-8ee3-e25c-0ab3de3d1591",
            "principal_id": "4bc915fa-ea05-421a-82a1-6e965de74467",
            "principal_type": "ServicePrincipal",
            "role_definition_id": "/subscriptions/353e8b06-f9df-482d-9834-0f7a6d733e46/providers/Microsoft.Authorization/roleDefinitions/4633458b-17de-408a-b874-0445c86b69e6",
            "role_definition_name": "Key Vault Secrets User",
            "scope": "/subscriptions/353e8b06-f9df-482d-9834-0f7a6d733e46/resourceGroups/ccscan-key-vault/providers/Microsoft.KeyVault/vaults/ccscan/secrets/godaddy-dns-api-key",
            "skip_service_principal_aad_check": null,
            "timeouts": null
          },
          "sensitive_attributes": [],
          "private": "eyJlMmJmYjczMC1lY2FhLTExZTYtOGY4OC0zNDM2M2JjN2M0YzAiOnsiY3JlYXRlIjoxODAwMDAwMDAwMDAwLCJkZWxldGUiOjE4MDAwMDAwMDAwMDAsInJlYWQiOjMwMDAwMDAwMDAwMCwidXBkYXRlIjoxODAwMDAwMDAwMDAwfX0=",
          "dependencies": [
            "azurerm_automation_account.this",
            "azurerm_resource_group.this",
            "data.azurerm_key_vault_secret.godaddy-dns-api-key"
          ]
        }
      ]
    },
    {
      "mode": "managed",
      "type": "azurerm_storage_account",
      "name": "this",
      "provider": "provider[\"registry.terraform.io/hashicorp/azurerm\"]",
      "instances": [
        {
          "schema_version": 3,
          "attributes": {
            "access_tier": "Hot",
            "account_kind": "StorageV2",
            "account_replication_type": "LRS",
            "account_tier": "Standard",
            "allow_nested_items_to_be_public": false,
            "azure_files_authentication": [],
            "blob_properties": [
              {
                "change_feed_enabled": false,
                "container_delete_retention_policy": [],
                "cors_rule": [],
                "default_service_version": "",
                "delete_retention_policy": [],
                "last_access_time_enabled": false,
                "versioning_enabled": false
              }
            ],
            "cross_tenant_replication_enabled": true,
            "custom_domain": [],
            "customer_managed_key": [],
            "edge_zone": "",
            "enable_https_traffic_only": true,
            "id": "/subscriptions/353e8b06-f9df-482d-9834-0f7a6d733e46/resourceGroups/ccscan-env-prod2/providers/Microsoft.Storage/storageAccounts/storageccscanprod2",
            "identity": [],
            "infrastructure_encryption_enabled": false,
            "is_hns_enabled": false,
            "large_file_share_enabled": null,
            "location": "northeurope",
            "min_tls_version": "TLS1_2",
            "name": "storageccscanprod2",
            "network_rules": [
              {
                "bypass": [
                  "AzureServices"
                ],
                "default_action": "Allow",
                "ip_rules": [],
                "private_link_access": [],
                "virtual_network_subnet_ids": []
              }
            ],
            "nfsv3_enabled": false,
            "primary_access_key": "Dj7erY8DK3o5wg15fhBMp3vru2BfytfP3LuZ0RBNBHFOIwSE6rz1jRjjFWw2u0bxe7ZzXZd0x3TFPetkZ3nxWw==",
            "primary_blob_connection_string": "DefaultEndpointsProtocol=https;BlobEndpoint=https://storageccscanprod2.blob.core.windows.net/;AccountName=storageccscanprod2;AccountKey=Dj7erY8DK3o5wg15fhBMp3vru2BfytfP3LuZ0RBNBHFOIwSE6rz1jRjjFWw2u0bxe7ZzXZd0x3TFPetkZ3nxWw==",
            "primary_blob_endpoint": "https://storageccscanprod2.blob.core.windows.net/",
            "primary_blob_host": "storageccscanprod2.blob.core.windows.net",
            "primary_connection_string": "DefaultEndpointsProtocol=https;AccountName=storageccscanprod2;AccountKey=Dj7erY8DK3o5wg15fhBMp3vru2BfytfP3LuZ0RBNBHFOIwSE6rz1jRjjFWw2u0bxe7ZzXZd0x3TFPetkZ3nxWw==;EndpointSuffix=core.windows.net",
            "primary_dfs_endpoint": "https://storageccscanprod2.dfs.core.windows.net/",
            "primary_dfs_host": "storageccscanprod2.dfs.core.windows.net",
            "primary_file_endpoint": "https://storageccscanprod2.file.core.windows.net/",
            "primary_file_host": "storageccscanprod2.file.core.windows.net",
            "primary_location": "northeurope",
            "primary_queue_endpoint": "https://storageccscanprod2.queue.core.windows.net/",
            "primary_queue_host": "storageccscanprod2.queue.core.windows.net",
            "primary_table_endpoint": "https://storageccscanprod2.table.core.windows.net/",
            "primary_table_host": "storageccscanprod2.table.core.windows.net",
            "primary_web_endpoint": "https://storageccscanprod2.z16.web.core.windows.net/",
            "primary_web_host": "storageccscanprod2.z16.web.core.windows.net",
            "queue_encryption_key_type": "Service",
            "queue_properties": [
              {
                "cors_rule": [],
                "hour_metrics": [
                  {
                    "enabled": true,
                    "include_apis": true,
                    "retention_policy_days": 7,
                    "version": "1.0"
                  }
                ],
                "logging": [
                  {
                    "delete": false,
                    "read": false,
                    "retention_policy_days": 0,
                    "version": "1.0",
                    "write": false
                  }
                ],
                "minute_metrics": [
                  {
                    "enabled": false,
                    "include_apis": false,
                    "retention_policy_days": 0,
                    "version": "1.0"
                  }
                ]
              }
            ],
            "resource_group_name": "ccscan-env-prod2",
            "routing": [],
            "secondary_access_key": "osYnMCEYqIu+DKA7vVVYghmp0RwZvWLqtgYBlT7CyFOsvx0Rb41XHSvNHAhmWA0Jj2ZRISOuXwswRieLfQs18w==",
            "secondary_blob_connection_string": "",
            "secondary_blob_endpoint": null,
            "secondary_blob_host": null,
            "secondary_connection_string": "DefaultEndpointsProtocol=https;AccountName=storageccscanprod2;AccountKey=osYnMCEYqIu+DKA7vVVYghmp0RwZvWLqtgYBlT7CyFOsvx0Rb41XHSvNHAhmWA0Jj2ZRISOuXwswRieLfQs18w==;EndpointSuffix=core.windows.net",
            "secondary_dfs_endpoint": null,
            "secondary_dfs_host": null,
            "secondary_file_endpoint": null,
            "secondary_file_host": null,
            "secondary_location": "",
            "secondary_queue_endpoint": null,
            "secondary_queue_host": null,
            "secondary_table_endpoint": null,
            "secondary_table_host": null,
            "secondary_web_endpoint": null,
            "secondary_web_host": null,
            "share_properties": [
              {
                "cors_rule": [],
                "retention_policy": [
                  {
                    "days": 7
                  }
                ],
                "smb": []
              }
            ],
            "shared_access_key_enabled": true,
            "static_website": [],
            "table_encryption_key_type": "Service",
            "tags": {
              "environment": "prod2"
            },
            "timeouts": null
          },
          "sensitive_attributes": [],
          "private": "eyJlMmJmYjczMC1lY2FhLTExZTYtOGY4OC0zNDM2M2JjN2M0YzAiOnsiY3JlYXRlIjozNjAwMDAwMDAwMDAwLCJkZWxldGUiOjM2MDAwMDAwMDAwMDAsInJlYWQiOjMwMDAwMDAwMDAwMCwidXBkYXRlIjozNjAwMDAwMDAwMDAwfSwic2NoZW1hX3ZlcnNpb24iOiIzIn0=",
          "dependencies": [
            "azurerm_resource_group.this"
          ]
        }
      ]
    },
    {
      "mode": "managed",
      "type": "azurerm_storage_container",
      "name": "sslrenewal",
      "provider": "provider[\"registry.terraform.io/hashicorp/azurerm\"]",
      "instances": [
        {
          "schema_version": 1,
          "attributes": {
            "container_access_type": "private",
            "has_immutability_policy": false,
            "has_legal_hold": false,
            "id": "https://storageccscanprod2.blob.core.windows.net/sslrenewal",
            "metadata": {},
            "name": "sslrenewal",
            "resource_manager_id": "/subscriptions/353e8b06-f9df-482d-9834-0f7a6d733e46/resourceGroups/ccscan-env-prod2/providers/Microsoft.Storage/storageAccounts/storageccscanprod2/blobServices/default/containers/sslrenewal",
            "storage_account_name": "storageccscanprod2",
            "timeouts": null
          },
          "sensitive_attributes": [],
          "private": "eyJlMmJmYjczMC1lY2FhLTExZTYtOGY4OC0zNDM2M2JjN2M0YzAiOnsiY3JlYXRlIjoxODAwMDAwMDAwMDAwLCJkZWxldGUiOjE4MDAwMDAwMDAwMDAsInJlYWQiOjMwMDAwMDAwMDAwMCwidXBkYXRlIjoxODAwMDAwMDAwMDAwfSwic2NoZW1hX3ZlcnNpb24iOiIxIn0=",
          "dependencies": [
            "azurerm_resource_group.this",
            "azurerm_storage_account.this"
          ]
        }
      ]
    },
    {
      "mode": "managed",
      "type": "azurerm_subnet",
      "name": "backend",
      "provider": "provider[\"registry.terraform.io/hashicorp/azurerm\"]",
      "instances": [
        {
          "schema_version": 0,
          "attributes": {
            "address_prefixes": [
              "10.0.1.0/24"
            ],
            "delegation": [],
            "enforce_private_link_endpoint_network_policies": false,
            "enforce_private_link_service_network_policies": false,
            "id": "/subscriptions/353e8b06-f9df-482d-9834-0f7a6d733e46/resourceGroups/ccscan-env-prod2/providers/Microsoft.Network/virtualNetworks/vnet/subnets/snet-backend",
            "name": "snet-backend",
            "resource_group_name": "ccscan-env-prod2",
            "service_endpoint_policy_ids": null,
            "service_endpoints": null,
            "timeouts": null,
            "virtual_network_name": "vnet"
          },
          "sensitive_attributes": [],
          "private": "eyJlMmJmYjczMC1lY2FhLTExZTYtOGY4OC0zNDM2M2JjN2M0YzAiOnsiY3JlYXRlIjoxODAwMDAwMDAwMDAwLCJkZWxldGUiOjE4MDAwMDAwMDAwMDAsInJlYWQiOjMwMDAwMDAwMDAwMCwidXBkYXRlIjoxODAwMDAwMDAwMDAwfX0=",
          "dependencies": [
            "azurerm_resource_group.this",
            "azurerm_virtual_network.this"
          ]
        }
      ]
    },
    {
      "mode": "managed",
      "type": "azurerm_subnet",
      "name": "frontend",
      "provider": "provider[\"registry.terraform.io/hashicorp/azurerm\"]",
      "instances": [
        {
          "schema_version": 0,
          "attributes": {
            "address_prefixes": [
              "10.0.0.0/24"
            ],
            "delegation": [],
            "enforce_private_link_endpoint_network_policies": false,
            "enforce_private_link_service_network_policies": false,
            "id": "/subscriptions/353e8b06-f9df-482d-9834-0f7a6d733e46/resourceGroups/ccscan-env-prod2/providers/Microsoft.Network/virtualNetworks/vnet/subnets/snet-frontend",
            "name": "snet-frontend",
            "resource_group_name": "ccscan-env-prod2",
            "service_endpoint_policy_ids": null,
            "service_endpoints": null,
            "timeouts": null,
            "virtual_network_name": "vnet"
          },
          "sensitive_attributes": [],
          "private": "eyJlMmJmYjczMC1lY2FhLTExZTYtOGY4OC0zNDM2M2JjN2M0YzAiOnsiY3JlYXRlIjoxODAwMDAwMDAwMDAwLCJkZWxldGUiOjE4MDAwMDAwMDAwMDAsInJlYWQiOjMwMDAwMDAwMDAwMCwidXBkYXRlIjoxODAwMDAwMDAwMDAwfX0=",
          "dependencies": [
            "azurerm_resource_group.this",
            "azurerm_virtual_network.this"
          ]
        }
      ]
    },
    {
      "mode": "managed",
      "type": "azurerm_virtual_machine_data_disk_attachment",
      "name": "vm_data",
      "provider": "provider[\"registry.terraform.io/hashicorp/azurerm\"]",
      "instances": [
        {
          "schema_version": 0,
          "attributes": {
            "caching": "ReadWrite",
            "create_option": "Attach",
            "id": "/subscriptions/353e8b06-f9df-482d-9834-0f7a6d733e46/resourceGroups/ccscan-env-prod2/providers/Microsoft.Compute/virtualMachines/vm/dataDisks/vm_disk_data",
            "lun": 1,
            "managed_disk_id": "/subscriptions/353e8b06-f9df-482d-9834-0f7a6d733e46/resourceGroups/ccscan-env-prod2/providers/Microsoft.Compute/disks/vm_disk_data",
            "timeouts": null,
            "virtual_machine_id": "/subscriptions/353e8b06-f9df-482d-9834-0f7a6d733e46/resourceGroups/ccscan-env-prod2/providers/Microsoft.Compute/virtualMachines/vm",
            "write_accelerator_enabled": false
          },
          "sensitive_attributes": [],
          "private": "eyJlMmJmYjczMC1lY2FhLTExZTYtOGY4OC0zNDM2M2JjN2M0YzAiOnsiY3JlYXRlIjoxODAwMDAwMDAwMDAwLCJkZWxldGUiOjE4MDAwMDAwMDAwMDAsInJlYWQiOjMwMDAwMDAwMDAwMCwidXBkYXRlIjoxODAwMDAwMDAwMDAwfX0=",
          "dependencies": [
            "azurerm_linux_virtual_machine.vm",
            "azurerm_managed_disk.vm_data",
            "azurerm_network_interface.vm",
            "azurerm_public_ip.vm",
            "azurerm_resource_group.this",
            "azurerm_subnet.backend",
            "azurerm_virtual_network.this",
            "data.azurerm_container_registry.ccscan",
            "data.azurerm_key_vault_secret.ccnode-auth-token",
            "data.azurerm_key_vault_secret.postgres-password",
            "data.azurerm_ssh_public_key.ssh_vm"
          ]
        }
      ]
    },
    {
      "mode": "managed",
      "type": "azurerm_virtual_network",
      "name": "this",
      "provider": "provider[\"registry.terraform.io/hashicorp/azurerm\"]",
      "instances": [
        {
          "schema_version": 0,
          "attributes": {
            "address_space": [
              "10.0.0.0/16"
            ],
            "bgp_community": "",
            "ddos_protection_plan": [],
            "dns_servers": [],
            "edge_zone": "",
            "flow_timeout_in_minutes": 0,
            "guid": "35787ae8-4b50-4eb2-b767-e6e73fa129d5",
            "id": "/subscriptions/353e8b06-f9df-482d-9834-0f7a6d733e46/resourceGroups/ccscan-env-prod2/providers/Microsoft.Network/virtualNetworks/vnet",
            "location": "northeurope",
            "name": "vnet",
            "resource_group_name": "ccscan-env-prod2",
            "subnet": [],
            "tags": {
              "environment": "prod2"
            },
            "timeouts": null
          },
          "sensitive_attributes": [],
          "private": "eyJlMmJmYjczMC1lY2FhLTExZTYtOGY4OC0zNDM2M2JjN2M0YzAiOnsiY3JlYXRlIjoxODAwMDAwMDAwMDAwLCJkZWxldGUiOjE4MDAwMDAwMDAwMDAsInJlYWQiOjMwMDAwMDAwMDAwMCwidXBkYXRlIjoxODAwMDAwMDAwMDAwfX0=",
          "dependencies": [
            "azurerm_resource_group.this"
          ]
        }
      ]
    }
  ]
}
